{"format_version":"1.0","provider_schemas":{"registry.terraform.io/snowflakedb/snowflake":{"provider":{"version":0,"block":{"attributes":{"account_name":{"type":"string","description":"Specifies your Snowflake account name assigned by Snowflake. For information about account identifiers, see the [Snowflake documentation](https://docs.snowflake.com/en/user-guide/admin-account-identifier#account-name). Required unless using `profile`. Can also be sourced from the `SNOWFLAKE_ACCOUNT_NAME` environment variable.","description_kind":"plain","optional":true},"authenticator":{"type":"string","description":"Specifies the [authentication type](https://pkg.go.dev/github.com/snowflakedb/gosnowflake#AuthType) to use when connecting to Snowflake. Valid options are: `SNOWFLAKE` | `OAUTH` | `EXTERNALBROWSER` | `OKTA` | `SNOWFLAKE_JWT` | `TOKENACCESSOR` | `USERNAMEPASSWORDMFA` | `PROGRAMMATIC_ACCESS_TOKEN`. Can also be sourced from the `SNOWFLAKE_AUTHENTICATOR` environment variable.","description_kind":"plain","optional":true},"client_ip":{"type":"string","description":"IP address for network checks. Can also be sourced from the `SNOWFLAKE_CLIENT_IP` environment variable.","description_kind":"plain","optional":true},"client_request_mfa_token":{"type":"string","description":"When true the MFA token is cached in the credential manager. True by default in Windows/OSX. False for Linux. Can also be sourced from the `SNOWFLAKE_CLIENT_REQUEST_MFA_TOKEN` environment variable.","description_kind":"plain","optional":true},"client_store_temporary_credential":{"type":"string","description":"When true the ID token is cached in the credential manager. True by default in Windows/OSX. False for Linux. Can also be sourced from the `SNOWFLAKE_CLIENT_STORE_TEMPORARY_CREDENTIAL` environment variable.","description_kind":"plain","optional":true},"client_timeout":{"type":"number","description":"The timeout in seconds for the client to complete the authentication. Can also be sourced from the `SNOWFLAKE_CLIENT_TIMEOUT` environment variable.","description_kind":"plain","optional":true},"disable_console_login":{"type":"string","description":"Indicates whether console login should be disabled in the driver. Can also be sourced from the `SNOWFLAKE_DISABLE_CONSOLE_LOGIN` environment variable.","description_kind":"plain","optional":true},"disable_query_context_cache":{"type":"bool","description":"Disables HTAP query context cache in the driver. Can also be sourced from the `SNOWFLAKE_DISABLE_QUERY_CONTEXT_CACHE` environment variable.","description_kind":"plain","optional":true},"disable_telemetry":{"type":"bool","description":"Disables telemetry in the driver. Can also be sourced from the `DISABLE_TELEMETRY` environment variable.","description_kind":"plain","optional":true},"driver_tracing":{"type":"string","description":"Specifies the logging level to be used by the driver. Valid options are: `trace` | `debug` | `info` | `print` | `warning` | `error` | `fatal` | `panic`. Can also be sourced from the `SNOWFLAKE_DRIVER_TRACING` environment variable.","description_kind":"plain","optional":true},"external_browser_timeout":{"type":"number","description":"The timeout in seconds for the external browser to complete the authentication. Can also be sourced from the `SNOWFLAKE_EXTERNAL_BROWSER_TIMEOUT` environment variable.","description_kind":"plain","optional":true},"host":{"type":"string","description":"Specifies a custom host value used by the driver for privatelink connections. Can also be sourced from the `SNOWFLAKE_HOST` environment variable.","description_kind":"plain","optional":true},"include_retry_reason":{"type":"string","description":"Should retried request contain retry reason. Can also be sourced from the `SNOWFLAKE_INCLUDE_RETRY_REASON` environment variable.","description_kind":"plain","optional":true},"insecure_mode":{"type":"bool","description":"If true, bypass the Online Certificate Status Protocol (OCSP) certificate revocation check. IMPORTANT: Change the default value for testing or emergency situations only. Can also be sourced from the `SNOWFLAKE_INSECURE_MODE` environment variable.","description_kind":"plain","optional":true},"jwt_client_timeout":{"type":"number","description":"The timeout in seconds for the JWT client to complete the authentication. Can also be sourced from the `SNOWFLAKE_JWT_CLIENT_TIMEOUT` environment variable.","description_kind":"plain","optional":true},"jwt_expire_timeout":{"type":"number","description":"JWT expire after timeout in seconds. Can also be sourced from the `SNOWFLAKE_JWT_EXPIRE_TIMEOUT` environment variable.","description_kind":"plain","optional":true},"keep_session_alive":{"type":"bool","description":"Enables the session to persist even after the connection is closed. Can also be sourced from the `SNOWFLAKE_KEEP_SESSION_ALIVE` environment variable.","description_kind":"plain","optional":true},"login_timeout":{"type":"number","description":"Login retry timeout in seconds EXCLUDING network roundtrip and read out http response. Can also be sourced from the `SNOWFLAKE_LOGIN_TIMEOUT` environment variable.","description_kind":"plain","optional":true},"max_retry_count":{"type":"number","description":"Specifies how many times non-periodic HTTP request can be retried by the driver. Can also be sourced from the `SNOWFLAKE_MAX_RETRY_COUNT` environment variable.","description_kind":"plain","optional":true},"ocsp_fail_open":{"type":"string","description":"True represents OCSP fail open mode. False represents OCSP fail closed mode. Fail open true by default. Can also be sourced from the `SNOWFLAKE_OCSP_FAIL_OPEN` environment variable.","description_kind":"plain","optional":true},"okta_url":{"type":"string","description":"The URL of the Okta server. e.g. https://example.okta.com. Okta URL host needs to to have a suffix `okta.com`. Read more in Snowflake [docs](https://docs.snowflake.com/en/user-guide/oauth-okta). Can also be sourced from the `SNOWFLAKE_OKTA_URL` environment variable.","description_kind":"plain","optional":true},"organization_name":{"type":"string","description":"Specifies your Snowflake organization name assigned by Snowflake. For information about account identifiers, see the [Snowflake documentation](https://docs.snowflake.com/en/user-guide/admin-account-identifier#organization-name). Required unless using `profile`. Can also be sourced from the `SNOWFLAKE_ORGANIZATION_NAME` environment variable.","description_kind":"plain","optional":true},"params":{"type":["map","string"],"description":"Sets other connection (i.e. session) parameters. [Parameters](https://docs.snowflake.com/en/sql-reference/parameters). This field can not be set with environmental variables.","description_kind":"plain","optional":true},"passcode":{"type":"string","description":"Specifies the passcode provided by Duo when using multi-factor authentication (MFA) for login. Can also be sourced from the `SNOWFLAKE_PASSCODE` environment variable.","description_kind":"plain","optional":true,"sensitive":true},"passcode_in_password":{"type":"bool","description":"False by default. Set to true if the MFA passcode is embedded to the configured password. Can also be sourced from the `SNOWFLAKE_PASSCODE_IN_PASSWORD` environment variable.","description_kind":"plain","optional":true},"password":{"type":"string","description":"Password for user + password or [token](https://docs.snowflake.com/en/user-guide/programmatic-access-tokens#generating-a-programmatic-access-token) for [PAT auth](https://docs.snowflake.com/en/user-guide/programmatic-access-tokens). Cannot be used with `private_key` and `private_key_passphrase`. Can also be sourced from the `SNOWFLAKE_PASSWORD` environment variable.","description_kind":"plain","optional":true,"sensitive":true},"port":{"type":"number","description":"Specifies a custom port value used by the driver for privatelink connections. Can also be sourced from the `SNOWFLAKE_PORT` environment variable.","description_kind":"plain","optional":true},"preview_features_enabled":{"type":["set","string"],"description":"A list of preview features that are handled by the provider. See [preview features list](https://github.com/Snowflake-Labs/terraform-provider-snowflake/blob/main/v1-preparations/LIST_OF_PREVIEW_FEATURES_FOR_V1.md). Preview features may have breaking changes in future releases, even without raising the major version. This field can not be set with environmental variables. Valid options are: `snowflake_account_authentication_policy_attachment_resource` | `snowflake_account_password_policy_attachment_resource` | `snowflake_alert_resource` | `snowflake_alerts_datasource` | `snowflake_api_integration_resource` | `snowflake_authentication_policy_resource` | `snowflake_compute_pool_resource` | `snowflake_compute_pools_datasource` | `snowflake_cortex_search_service_resource` | `snowflake_cortex_search_services_datasource` | `snowflake_current_account_resource` | `snowflake_current_account_datasource` | `snowflake_current_organization_account_resource` | `snowflake_database_datasource` | `snowflake_database_role_datasource` | `snowflake_dynamic_table_resource` | `snowflake_dynamic_tables_datasource` | `snowflake_external_function_resource` | `snowflake_external_functions_datasource` | `snowflake_external_table_resource` | `snowflake_external_tables_datasource` | `snowflake_external_volume_resource` | `snowflake_failover_group_resource` | `snowflake_failover_groups_datasource` | `snowflake_file_format_resource` | `snowflake_file_formats_datasource` | `snowflake_function_java_resource` | `snowflake_function_javascript_resource` | `snowflake_function_python_resource` | `snowflake_function_scala_resource` | `snowflake_function_sql_resource` | `snowflake_functions_datasource` | `snowflake_git_repository_resource` | `snowflake_git_repositories_datasource` | `snowflake_image_repository_resource` | `snowflake_image_repositories_datasource` | `snowflake_job_service_resource` | `snowflake_listing_resource` | `snowflake_managed_account_resource` | `snowflake_materialized_view_resource` | `snowflake_materialized_views_datasource` | `snowflake_network_policy_attachment_resource` | `snowflake_network_rule_resource` | `snowflake_email_notification_integration_resource` | `snowflake_notification_integration_resource` | `snowflake_object_parameter_resource` | `snowflake_password_policy_resource` | `snowflake_pipe_resource` | `snowflake_pipes_datasource` | `snowflake_current_role_datasource` | `snowflake_service_resource` | `snowflake_services_datasource` | `snowflake_sequence_resource` | `snowflake_sequences_datasource` | `snowflake_share_resource` | `snowflake_shares_datasource` | `snowflake_parameters_datasource` | `snowflake_procedure_java_resource` | `snowflake_procedure_javascript_resource` | `snowflake_procedure_python_resource` | `snowflake_procedure_scala_resource` | `snowflake_procedure_sql_resource` | `snowflake_procedures_datasource` | `snowflake_stage_resource` | `snowflake_stages_datasource` | `snowflake_storage_integration_resource` | `snowflake_storage_integrations_datasource` | `snowflake_system_generate_scim_access_token_datasource` | `snowflake_system_get_aws_sns_iam_policy_datasource` | `snowflake_system_get_privatelink_config_datasource` | `snowflake_system_get_snowflake_platform_info_datasource` | `snowflake_table_column_masking_policy_application_resource` | `snowflake_table_constraint_resource` | `snowflake_table_resource` | `snowflake_tables_datasource` | `snowflake_user_authentication_policy_attachment_resource` | `snowflake_user_public_keys_resource` | `snowflake_user_password_policy_attachment_resource` | `snowflake_user_programmatic_access_token_resource` | `snowflake_user_programmatic_access_tokens_datasource`.","description_kind":"plain","optional":true},"private_key":{"type":"string","description":"Private Key for username+private-key auth. Cannot be used with `password`. Can also be sourced from the `SNOWFLAKE_PRIVATE_KEY` environment variable.","description_kind":"plain","optional":true,"sensitive":true},"private_key_passphrase":{"type":"string","description":"Supports the encryption ciphers aes-128-cbc, aes-128-gcm, aes-192-cbc, aes-192-gcm, aes-256-cbc, aes-256-gcm, and des-ede3-cbc. Can also be sourced from the `SNOWFLAKE_PRIVATE_KEY_PASSPHRASE` environment variable.","description_kind":"plain","optional":true,"sensitive":true},"profile":{"type":"string","description":"Sets the profile to read from ~/.snowflake/config file. Can also be sourced from the `SNOWFLAKE_PROFILE` environment variable.","description_kind":"plain","optional":true},"protocol":{"type":"string","description":"A protocol used in the connection. Valid options are: `http` | `https`. Can also be sourced from the `SNOWFLAKE_PROTOCOL` environment variable.","description_kind":"plain","optional":true},"request_timeout":{"type":"number","description":"request retry timeout in seconds EXCLUDING network roundtrip and read out http response. Can also be sourced from the `SNOWFLAKE_REQUEST_TIMEOUT` environment variable.","description_kind":"plain","optional":true},"role":{"type":"string","description":"Specifies the role to use by default for accessing Snowflake objects in the client session. Can also be sourced from the `SNOWFLAKE_ROLE` environment variable.","description_kind":"plain","optional":true},"skip_toml_file_permission_verification":{"type":"bool","description":"False by default. Skips TOML configuration file permission verification. This flag has no effect on Windows systems, as the permissions are not checked on this platform. Instead of skipping the permissions verification, we recommend setting the proper privileges - see [the section below](#toml-file-limitations). Can also be sourced from the `SNOWFLAKE_SKIP_TOML_FILE_PERMISSION_VERIFICATION` environment variable.","description_kind":"plain","optional":true},"tmp_directory_path":{"type":"string","description":"Sets temporary directory used by the driver for operations like encrypting, compressing etc. Can also be sourced from the `SNOWFLAKE_TMP_DIRECTORY_PATH` environment variable.","description_kind":"plain","optional":true},"token":{"type":"string","description":"Token to use for OAuth and other forms of token based auth. When this field is set here, or in the TOML file, the provider sets the `authenticator` to `OAUTH`. Optionally, set the `authenticator` field to the authenticator you want to use. Can also be sourced from the `SNOWFLAKE_TOKEN` environment variable.","description_kind":"plain","optional":true,"sensitive":true},"use_legacy_toml_file":{"type":"bool","description":"False by default. When this is set to true, the provider expects the legacy TOML format. Otherwise, it expects the new format. See more in [the section below](#examples) Can also be sourced from the `SNOWFLAKE_USE_LEGACY_TOML_FILE` environment variable.","description_kind":"plain","optional":true},"user":{"type":"string","description":"Username. Required unless using `profile`. Can also be sourced from the `SNOWFLAKE_USER` environment variable.","description_kind":"plain","optional":true},"validate_default_parameters":{"type":"string","description":"True by default. If false, disables the validation checks for Database, Schema, Warehouse and Role at the time a connection is established. Can also be sourced from the `SNOWFLAKE_VALIDATE_DEFAULT_PARAMETERS` environment variable.","description_kind":"plain","optional":true},"warehouse":{"type":"string","description":"Specifies the virtual warehouse to use by default for queries, loading, etc. in the client session. Can also be sourced from the `SNOWFLAKE_WAREHOUSE` environment variable.","description_kind":"plain","optional":true}},"block_types":{"token_accessor":{"nesting_mode":"list","block":{"attributes":{"client_id":{"type":"string","description":"The client ID for the OAuth provider when using a refresh token to renew access token. Can also be sourced from the `SNOWFLAKE_TOKEN_ACCESSOR_CLIENT_ID` environment variable.","description_kind":"plain","required":true,"sensitive":true},"client_secret":{"type":"string","description":"The client secret for the OAuth provider when using a refresh token to renew access token. Can also be sourced from the `SNOWFLAKE_TOKEN_ACCESSOR_CLIENT_SECRET` environment variable.","description_kind":"plain","required":true,"sensitive":true},"redirect_uri":{"type":"string","description":"The redirect URI for the OAuth provider when using a refresh token to renew access token. Can also be sourced from the `SNOWFLAKE_TOKEN_ACCESSOR_REDIRECT_URI` environment variable.","description_kind":"plain","required":true,"sensitive":true},"refresh_token":{"type":"string","description":"The refresh token for the OAuth provider when using a refresh token to renew access token. Can also be sourced from the `SNOWFLAKE_TOKEN_ACCESSOR_REFRESH_TOKEN` environment variable.","description_kind":"plain","required":true,"sensitive":true},"token_endpoint":{"type":"string","description":"The token endpoint for the OAuth provider e.g. https://{yourDomain}/oauth/token when using a refresh token to renew access token. Can also be sourced from the `SNOWFLAKE_TOKEN_ACCESSOR_TOKEN_ENDPOINT` environment variable.","description_kind":"plain","required":true,"sensitive":true}},"description_kind":"plain"},"max_items":1}},"description_kind":"plain"}},"resource_schemas":{"snowflake_account":{"version":1,"block":{"attributes":{"admin_name":{"type":"string","description":"Login name of the initial administrative user of the account. A new user is created in the new account with this name and password and granted the ACCOUNTADMIN role in the account. A login name can be any string consisting of letters, numbers, and underscores. Login names are always case-insensitive. External changes for this field won't be detected. In case you want to apply external changes, you can re-create the resource manually using \"terraform taint\".","description_kind":"plain","required":true,"sensitive":true},"admin_password":{"type":"string","description":"Password for the initial administrative user of the account. Either admin_password or admin_rsa_public_key has to be specified. This field cannot be used whenever admin_user_type is set to SERVICE. External changes for this field won't be detected. In case you want to apply external changes, you can re-create the resource manually using \"terraform taint\".","description_kind":"plain","optional":true,"sensitive":true},"admin_rsa_public_key":{"type":"string","description":"Assigns a public key to the initial administrative user of the account. Either admin_password or admin_rsa_public_key has to be specified. External changes for this field won't be detected. In case you want to apply external changes, you can re-create the resource manually using \"terraform taint\".","description_kind":"plain","optional":true},"admin_user_type":{"type":"string","description":"Used for setting the type of the first user that is assigned the ACCOUNTADMIN role during account creation. Valid options are: `PERSON` | `SERVICE` | `LEGACY_SERVICE` External changes for this field won't be detected. In case you want to apply external changes, you can re-create the resource manually using \"terraform taint\".","description_kind":"plain","optional":true},"comment":{"type":"string","description":"Specifies a comment for the account.","description_kind":"plain","optional":true},"consumption_billing_entity":{"type":"string","description":"Determines which billing entity is responsible for the account's consumption-based billing.","description_kind":"plain","optional":true},"edition":{"type":"string","description":"Snowflake Edition of the account. See more about Snowflake Editions in the [official documentation](https://docs.snowflake.com/en/user-guide/intro-editions). Valid options are: `STANDARD` | `ENTERPRISE` | `BUSINESS_CRITICAL`","description_kind":"plain","required":true},"email":{"type":"string","description":"Email address of the initial administrative user of the account. This email address is used to send any notifications about the account. External changes for this field won't be detected. In case you want to apply external changes, you can re-create the resource manually using \"terraform taint\".","description_kind":"plain","required":true,"sensitive":true},"first_name":{"type":"string","description":"First name of the initial administrative user of the account. This field cannot be used whenever admin_user_type is set to SERVICE. External changes for this field won't be detected. In case you want to apply external changes, you can re-create the resource manually using \"terraform taint\".","description_kind":"plain","optional":true,"sensitive":true},"fully_qualified_name":{"type":"string","description":"Fully qualified name of the resource. For more information, see [object name resolution](https://docs.snowflake.com/en/sql-reference/name-resolution).","description_kind":"plain","computed":true},"grace_period_in_days":{"type":"number","description":"Specifies the number of days during which the account can be restored (“undropped”). The minimum is 3 days and the maximum is 90 days.","description_kind":"plain","required":true},"id":{"type":"string","description_kind":"plain","optional":true,"computed":true},"is_org_admin":{"type":"string","description":"(Default: fallback to Snowflake default - uses special value that cannot be set in the configuration manually (`default`)) Sets an account property that determines whether the ORGADMIN role is enabled in the account. Only an organization administrator (i.e. user with the ORGADMIN role) can set the property.","description_kind":"plain","optional":true},"last_name":{"type":"string","description":"Last name of the initial administrative user of the account. This field cannot be used whenever admin_user_type is set to SERVICE. External changes for this field won't be detected. In case you want to apply external changes, you can re-create the resource manually using \"terraform taint\".","description_kind":"plain","optional":true,"sensitive":true},"must_change_password":{"type":"string","description":"(Default: fallback to Snowflake default - uses special value that cannot be set in the configuration manually (`default`)) Specifies whether the new user created to administer the account is forced to change their password upon first login into the account. This field cannot be used whenever admin_user_type is set to SERVICE. External changes for this field won't be detected. In case you want to apply external changes, you can re-create the resource manually using \"terraform taint\".","description_kind":"plain","optional":true},"name":{"type":"string","description":"Specifies the identifier (i.e. name) for the account. It must be unique within an organization, regardless of which Snowflake Region the account is in and must start with an alphabetic character and cannot contain spaces or special characters except for underscores (_). Note that if the account name includes underscores, features that do not accept account names with underscores (e.g. Okta SSO or SCIM) can reference a version of the account name that substitutes hyphens (-) for the underscores.","description_kind":"plain","required":true},"region":{"type":"string","description":"[Snowflake Region ID](https://docs.snowflake.com/en/user-guide/admin-account-identifier.html#label-snowflake-region-ids) of the region where the account is created. If no value is provided, Snowflake creates the account in the same Snowflake Region as the current account (i.e. the account in which the CREATE ACCOUNT statement is executed.)","description_kind":"plain","optional":true},"region_group":{"type":"string","description":"ID of the region group where the account is created. To retrieve the region group ID for existing accounts in your organization, execute the [SHOW REGIONS](https://docs.snowflake.com/en/sql-reference/sql/show-regions) command. For information about when you might need to specify region group, see [Region groups](https://docs.snowflake.com/en/user-guide/admin-account-identifier.html#label-region-groups).","description_kind":"plain","optional":true},"show_output":{"type":["list",["object",{"account_locator":"string","account_locator_url":"string","account_name":"string","account_old_url_last_used":"string","account_old_url_saved_on":"string","account_url":"string","comment":"string","consumption_billing_entity_name":"string","created_on":"string","dropped_on":"string","edition":"string","is_events_account":"bool","is_org_admin":"bool","is_organization_account":"bool","managed_accounts":"number","marketplace_consumer_billing_entity_name":"string","marketplace_provider_billing_entity_name":"string","moved_on":"string","moved_to_organization":"string","old_account_url":"string","organization_name":"string","organization_old_url":"string","organization_old_url_last_used":"string","organization_old_url_saved_on":"string","organization_url_expiration_on":"string","region_group":"string","restored_on":"string","scheduled_deletion_time":"string","snowflake_region":"string"}]],"description":"Outputs the result of `SHOW ACCOUNTS` for the given account.","description_kind":"plain","computed":true}},"block_types":{"timeouts":{"nesting_mode":"single","block":{"attributes":{"create":{"type":"string","description_kind":"plain","optional":true},"delete":{"type":"string","description_kind":"plain","optional":true},"read":{"type":"string","description_kind":"plain","optional":true},"update":{"type":"string","description_kind":"plain","optional":true}},"description_kind":"plain"}}},"description":"The account resource allows you to create and manage Snowflake accounts. For more information, check [account documentation](https://docs.snowflake.com/en/user-guide/organizations-manage-accounts).","description_kind":"plain"}},"snowflake_account_authentication_policy_attachment":{"version":0,"block":{"attributes":{"authentication_policy":{"type":"string","description":"Qualified name (`\"db\".\"schema\".\"policy_name\"`) of the authentication policy to apply to the current account.","description_kind":"plain","required":true},"id":{"type":"string","description_kind":"plain","optional":true,"computed":true}},"block_types":{"timeouts":{"nesting_mode":"single","block":{"attributes":{"create":{"type":"string","description_kind":"plain","optional":true},"delete":{"type":"string","description_kind":"plain","optional":true},"read":{"type":"string","description_kind":"plain","optional":true},"update":{"type":"string","description_kind":"plain","optional":true}},"description_kind":"plain"}}},"description":"Specifies the authentication policy to use for the current account. To set the authentication policy of a different account, use a provider alias.","description_kind":"plain"}},"snowflake_account_parameter":{"version":0,"block":{"attributes":{"id":{"type":"string","description_kind":"plain","optional":true,"computed":true},"key":{"type":"string","description":"Name of account parameter. Valid values are (case-insensitive): `ALLOW_CLIENT_MFA_CACHING` | `ALLOW_ID_TOKEN` | `CLIENT_ENCRYPTION_KEY_SIZE` | `CORTEX_ENABLED_CROSS_REGION` | `DISABLE_USER_PRIVILEGE_GRANTS` | `ENABLE_IDENTIFIER_FIRST_LOGIN` | `ENABLE_INTERNAL_STAGES_PRIVATELINK` | `ENABLE_TRI_SECRET_AND_REKEY_OPT_OUT_FOR_IMAGE_REPOSITORY` | `ENABLE_TRI_SECRET_AND_REKEY_OPT_OUT_FOR_SPCS_BLOCK_STORAGE` | `ENABLE_UNHANDLED_EXCEPTIONS_REPORTING` | `ENFORCE_NETWORK_RULES_FOR_INTERNAL_STAGES` | `EVENT_TABLE` | `EXTERNAL_OAUTH_ADD_PRIVILEGED_ROLES_TO_BLOCKED_LIST` | `INITIAL_REPLICATION_SIZE_LIMIT_IN_TB` | `MIN_DATA_RETENTION_TIME_IN_DAYS` | `NETWORK_POLICY` | `OAUTH_ADD_PRIVILEGED_ROLES_TO_BLOCKED_LIST` | `PERIODIC_DATA_REKEYING` | `PREVENT_LOAD_FROM_INLINE_URL` | `PREVENT_UNLOAD_TO_INLINE_URL` | `REQUIRE_STORAGE_INTEGRATION_FOR_STAGE_CREATION` | `REQUIRE_STORAGE_INTEGRATION_FOR_STAGE_OPERATION` | `SSO_LOGIN_PAGE` | `ABORT_DETACHED_QUERY` | `ACTIVE_PYTHON_PROFILER` | `AUTOCOMMIT` | `BINARY_INPUT_FORMAT` | `BINARY_OUTPUT_FORMAT` | `CLIENT_ENABLE_LOG_INFO_STATEMENT_PARAMETERS` | `CLIENT_MEMORY_LIMIT` | `CLIENT_METADATA_REQUEST_USE_CONNECTION_CTX` | `CLIENT_METADATA_USE_SESSION_DATABASE` | `CLIENT_PREFETCH_THREADS` | `CLIENT_RESULT_CHUNK_SIZE` | `CLIENT_SESSION_KEEP_ALIVE` | `CLIENT_SESSION_KEEP_ALIVE_HEARTBEAT_FREQUENCY` | `CLIENT_TIMESTAMP_TYPE_MAPPING` | `ENABLE_UNLOAD_PHYSICAL_TYPE_OPTIMIZATION` | `CLIENT_RESULT_COLUMN_CASE_INSENSITIVE` | `CSV_TIMESTAMP_FORMAT` | `DATE_INPUT_FORMAT` | `DATE_OUTPUT_FORMAT` | `ERROR_ON_NONDETERMINISTIC_MERGE` | `ERROR_ON_NONDETERMINISTIC_UPDATE` | `GEOGRAPHY_OUTPUT_FORMAT` | `GEOMETRY_OUTPUT_FORMAT` | `HYBRID_TABLE_LOCK_TIMEOUT` | `JDBC_TREAT_DECIMAL_AS_INT` | `JDBC_TREAT_TIMESTAMP_NTZ_AS_UTC` | `JDBC_USE_SESSION_TIMEZONE` | `JSON_INDENT` | `JS_TREAT_INTEGER_AS_BIGINT` | `LOCK_TIMEOUT` | `MULTI_STATEMENT_COUNT` | `NOORDER_SEQUENCE_AS_DEFAULT` | `ODBC_TREAT_DECIMAL_AS_INT` | `PYTHON_PROFILER_MODULES` | `PYTHON_PROFILER_TARGET_STAGE` | `QUERY_TAG` | `QUOTED_IDENTIFIERS_IGNORE_CASE` | `ROWS_PER_RESULTSET` | `S3_STAGE_VPCE_DNS_NAME` | `SEARCH_PATH` | `SIMULATED_DATA_SHARING_CONSUMER` | `STATEMENT_TIMEOUT_IN_SECONDS` | `STRICT_JSON_OUTPUT` | `TIME_INPUT_FORMAT` | `TIME_OUTPUT_FORMAT` | `TIMESTAMP_DAY_IS_ALWAYS_24H` | `TIMESTAMP_INPUT_FORMAT` | `TIMESTAMP_LTZ_OUTPUT_FORMAT` | `TIMESTAMP_NTZ_OUTPUT_FORMAT` | `TIMESTAMP_OUTPUT_FORMAT` | `TIMESTAMP_TYPE_MAPPING` | `TIMESTAMP_TZ_OUTPUT_FORMAT` | `TIMEZONE` | `TRANSACTION_ABORT_ON_ERROR` | `TRANSACTION_DEFAULT_ISOLATION_LEVEL` | `TWO_DIGIT_CENTURY_START` | `UNSUPPORTED_DDL_ACTION` | `USE_CACHED_RESULT` | `WEEK_OF_YEAR_POLICY` | `WEEK_START` | `CATALOG` | `DATA_RETENTION_TIME_IN_DAYS` | `DEFAULT_DDL_COLLATION` | `EXTERNAL_VOLUME` | `LOG_LEVEL` | `MAX_CONCURRENCY_LEVEL` | `MAX_DATA_EXTENSION_TIME_IN_DAYS` | `PIPE_EXECUTION_PAUSED` | `PREVENT_UNLOAD_TO_INTERNAL_STAGES` | `REPLACE_INVALID_CHARACTERS` | `STATEMENT_QUEUED_TIMEOUT_IN_SECONDS` | `STORAGE_SERIALIZATION_POLICY` | `SHARE_RESTRICTIONS` | `SUSPEND_TASK_AFTER_NUM_FAILURES` | `TRACE_LEVEL` | `USER_TASK_MANAGED_INITIAL_WAREHOUSE_SIZE` | `USER_TASK_TIMEOUT_MS` | `TASK_AUTO_RETRY_ATTEMPTS` | `USER_TASK_MINIMUM_TRIGGER_INTERVAL_IN_SECONDS` | `METRIC_LEVEL` | `ENABLE_CONSOLE_OUTPUT` | `ENABLE_UNREDACTED_QUERY_SYNTAX_ERROR` | `ENABLE_PERSONAL_DATABASE`. Deprecated parameters are not supported in the provider.","description_kind":"plain","required":true},"value":{"type":"string","description":"Value of account parameter, as a string. Constraints are the same as those for the parameters in Snowflake documentation. The parameter values are validated in Snowflake.","description_kind":"plain","required":true}},"block_types":{"timeouts":{"nesting_mode":"single","block":{"attributes":{"create":{"type":"string","description_kind":"plain","optional":true},"delete":{"type":"string","description_kind":"plain","optional":true},"read":{"type":"string","description_kind":"plain","optional":true},"update":{"type":"string","description_kind":"plain","optional":true}},"description_kind":"plain"}}},"description":"Resource used to manage current account parameters. For more information, check [parameters documentation](https://docs.snowflake.com/en/sql-reference/parameters).","description_kind":"plain"}},"snowflake_account_password_policy_attachment":{"version":0,"block":{"attributes":{"id":{"type":"string","description_kind":"plain","optional":true,"computed":true},"password_policy":{"type":"string","description":"Qualified name (`\"db\".\"schema\".\"policy_name\"`) of the password policy to apply to the current account.","description_kind":"plain","required":true}},"block_types":{"timeouts":{"nesting_mode":"single","block":{"attributes":{"create":{"type":"string","description_kind":"plain","optional":true},"delete":{"type":"string","description_kind":"plain","optional":true},"read":{"type":"string","description_kind":"plain","optional":true},"update":{"type":"string","description_kind":"plain","optional":true}},"description_kind":"plain"}}},"description":"Specifies the password policy to use for the current account. To set the password policy of a different account, use a provider alias.","description_kind":"plain"}},"snowflake_account_role":{"version":0,"block":{"attributes":{"comment":{"type":"string","description_kind":"plain","optional":true},"fully_qualified_name":{"type":"string","description":"Fully qualified name of the resource. For more information, see [object name resolution](https://docs.snowflake.com/en/sql-reference/name-resolution).","description_kind":"plain","computed":true},"id":{"type":"string","description_kind":"plain","optional":true,"computed":true},"name":{"type":"string","description":"Identifier for the role; must be unique for your account. Due to technical limitations (read more [here](../guides/identifiers_rework_design_decisions#known-limitations-and-identifier-recommendations)), avoid using the following characters: `|`, `.`, `\"`.","description_kind":"plain","required":true},"show_output":{"type":["list",["object",{"assigned_to_users":"number","comment":"string","created_on":"string","granted_roles":"number","granted_to_roles":"number","is_current":"bool","is_default":"bool","is_inherited":"bool","name":"string","owner":"string"}]],"description":"Outputs the result of `SHOW ROLES` for the given role.","description_kind":"plain","computed":true}},"block_types":{"timeouts":{"nesting_mode":"single","block":{"attributes":{"create":{"type":"string","description_kind":"plain","optional":true},"delete":{"type":"string","description_kind":"plain","optional":true},"read":{"type":"string","description_kind":"plain","optional":true},"update":{"type":"string","description_kind":"plain","optional":true}},"description_kind":"plain"}}},"description":"The resource is used for role management, where roles can be assigned privileges and, in turn, granted to users and other roles. When granted to roles they can create hierarchies of privilege structures. For more details, refer to the [official documentation](https://docs.snowflake.com/en/user-guide/security-access-control-overview).","description_kind":"plain"}},"snowflake_alert":{"version":0,"block":{"attributes":{"action":{"type":"string","description":"The SQL statement that should be executed if the condition returns one or more rows.","description_kind":"plain","required":true},"comment":{"type":"string","description":"Specifies a comment for the alert.","description_kind":"plain","optional":true},"condition":{"type":"string","description":"The SQL statement that represents the condition for the alert. (SELECT, SHOW, CALL)","description_kind":"plain","required":true},"database":{"type":"string","description":"The database in which to create the alert.","description_kind":"plain","required":true},"enabled":{"type":"bool","description":"(Default: `false`) Specifies if an alert should be 'started' (enabled) after creation or should remain 'suspended' (default).","description_kind":"plain","optional":true},"fully_qualified_name":{"type":"string","description":"Fully qualified name of the resource. For more information, see [object name resolution](https://docs.snowflake.com/en/sql-reference/name-resolution).","description_kind":"plain","computed":true},"id":{"type":"string","description_kind":"plain","optional":true,"computed":true},"name":{"type":"string","description":"Specifies the identifier for the alert; must be unique for the database and schema in which the alert is created.","description_kind":"plain","required":true},"schema":{"type":"string","description":"The schema in which to create the alert.","description_kind":"plain","required":true},"warehouse":{"type":"string","description":"The warehouse the alert will use.","description_kind":"plain","required":true}},"block_types":{"alert_schedule":{"nesting_mode":"list","block":{"attributes":{"interval":{"type":"number","description":"Specifies the interval in minutes for the alert schedule. The interval must be greater than 0 and less than 1440 (24 hours).","description_kind":"plain","optional":true}},"block_types":{"cron":{"nesting_mode":"list","block":{"attributes":{"expression":{"type":"string","description":"Specifies the cron expression for the alert. The cron expression must be in the following format: \"minute hour day-of-month month day-of-week\". The following values are supported: minute: 0-59 hour: 0-23 day-of-month: 1-31 month: 1-12 day-of-week: 0-6 (0 is Sunday)","description_kind":"plain","required":true},"time_zone":{"type":"string","description":"Specifies the time zone for alert refresh.","description_kind":"plain","required":true}},"description":"Specifies the cron expression for the alert. The cron expression must be in the following format: \"minute hour day-of-month month day-of-week\". The following values are supported: minute: 0-59 hour: 0-23 day-of-month: 1-31 month: 1-12 day-of-week: 0-6 (0 is Sunday)","description_kind":"plain"},"max_items":1}},"description":"The schedule for periodically running an alert.","description_kind":"plain"},"max_items":1},"timeouts":{"nesting_mode":"single","block":{"attributes":{"create":{"type":"string","description_kind":"plain","optional":true},"delete":{"type":"string","description_kind":"plain","optional":true},"read":{"type":"string","description_kind":"plain","optional":true},"update":{"type":"string","description_kind":"plain","optional":true}},"description_kind":"plain"}}},"description_kind":"plain"}},"snowflake_api_authentication_integration_with_authorization_code_grant":{"version":0,"block":{"attributes":{"comment":{"type":"string","description":"Specifies a comment for the integration.","description_kind":"plain","optional":true},"describe_output":{"type":["list",["object",{"auth_type":["list",["object",{"default":"string","name":"string","type":"string","value":"string"}]],"comment":["list",["object",{"default":"string","name":"string","type":"string","value":"string"}]],"enabled":["list",["object",{"default":"string","name":"string","type":"string","value":"string"}]],"oauth_access_token_validity":["list",["object",{"default":"string","name":"string","type":"string","value":"string"}]],"oauth_allowed_scopes":["list",["object",{"default":"string","name":"string","type":"string","value":"string"}]],"oauth_authorization_endpoint":["list",["object",{"default":"string","name":"string","type":"string","value":"string"}]],"oauth_client_auth_method":["list",["object",{"default":"string","name":"string","type":"string","value":"string"}]],"oauth_grant":["list",["object",{"default":"string","name":"string","type":"string","value":"string"}]],"oauth_refresh_token_validity":["list",["object",{"default":"string","name":"string","type":"string","value":"string"}]],"oauth_token_endpoint":["list",["object",{"default":"string","name":"string","type":"string","value":"string"}]],"parent_integration":["list",["object",{"default":"string","name":"string","type":"string","value":"string"}]]}]],"description":"Outputs the result of `DESCRIBE SECURITY INTEGRATIONS` for the given security integration.","description_kind":"plain","computed":true},"enabled":{"type":"bool","description":"Specifies whether this security integration is enabled or disabled.","description_kind":"plain","required":true},"fully_qualified_name":{"type":"string","description":"Fully qualified name of the resource. For more information, see [object name resolution](https://docs.snowflake.com/en/sql-reference/name-resolution).","description_kind":"plain","computed":true},"id":{"type":"string","description_kind":"plain","optional":true,"computed":true},"name":{"type":"string","description":"Specifies the identifier (i.e. name) for the integration. This value must be unique in your account. Due to technical limitations (read more [here](../guides/identifiers_rework_design_decisions#known-limitations-and-identifier-recommendations)), avoid using the following characters: `|`, `.`, `\"`.","description_kind":"plain","required":true},"oauth_access_token_validity":{"type":"number","description":"(Default: fallback to Snowflake default - uses special value that cannot be set in the configuration manually (`-1`)) Specifies the default lifetime of the OAuth access token (in seconds) issued by an OAuth server.","description_kind":"plain","optional":true},"oauth_allowed_scopes":{"type":["set","string"],"description":"Specifies a list of scopes to use when making a request from the OAuth by a role with USAGE on the integration during the OAuth client credentials flow.","description_kind":"plain","optional":true},"oauth_authorization_endpoint":{"type":"string","description":"Specifies the URL for authenticating to the external service. If removed from the config, the resource is recreated.","description_kind":"plain","optional":true},"oauth_client_auth_method":{"type":"string","description":"Specifies that POST is used as the authentication method to the external service. If removed from the config, the resource is recreated. Valid values are (case-insensitive): `CLIENT_SECRET_POST`.","description_kind":"plain","optional":true},"oauth_client_id":{"type":"string","description":"Specifies the client ID for the OAuth application in the external service.","description_kind":"plain","required":true,"sensitive":true},"oauth_client_secret":{"type":"string","description":"Specifies the client secret for the OAuth application in the ServiceNow instance from the previous step. The connector uses this to request an access token from the ServiceNow instance. External changes for this field won't be detected. In case you want to apply external changes, you can re-create the resource manually using \"terraform taint\".","description_kind":"plain","required":true,"sensitive":true},"oauth_refresh_token_validity":{"type":"number","description":"Specifies the value to determine the validity of the refresh token obtained from the OAuth server.","description_kind":"plain","optional":true},"oauth_token_endpoint":{"type":"string","description":"Specifies the token endpoint used by the client to obtain an access token by presenting its authorization grant or refresh token. The token endpoint is used with every authorization grant except for the implicit grant type (since an access token is issued directly). If removed from the config, the resource is recreated.","description_kind":"plain","optional":true},"show_output":{"type":["list",["object",{"category":"string","comment":"string","created_on":"string","enabled":"bool","integration_type":"string","name":"string"}]],"description":"Outputs the result of `SHOW SECURITY INTEGRATIONS` for the given security integration.","description_kind":"plain","computed":true}},"block_types":{"timeouts":{"nesting_mode":"single","block":{"attributes":{"create":{"type":"string","description_kind":"plain","optional":true},"delete":{"type":"string","description_kind":"plain","optional":true},"read":{"type":"string","description_kind":"plain","optional":true},"update":{"type":"string","description_kind":"plain","optional":true}},"description_kind":"plain"}}},"description":"Resource used to manage api authentication security integration objects with authorization code grant. For more information, check [security integrations documentation](https://docs.snowflake.com/en/sql-reference/sql/create-security-integration-api-auth).","description_kind":"plain"}},"snowflake_api_authentication_integration_with_client_credentials":{"version":0,"block":{"attributes":{"comment":{"type":"string","description":"Specifies a comment for the integration.","description_kind":"plain","optional":true},"describe_output":{"type":["list",["object",{"auth_type":["list",["object",{"default":"string","name":"string","type":"string","value":"string"}]],"comment":["list",["object",{"default":"string","name":"string","type":"string","value":"string"}]],"enabled":["list",["object",{"default":"string","name":"string","type":"string","value":"string"}]],"oauth_access_token_validity":["list",["object",{"default":"string","name":"string","type":"string","value":"string"}]],"oauth_allowed_scopes":["list",["object",{"default":"string","name":"string","type":"string","value":"string"}]],"oauth_authorization_endpoint":["list",["object",{"default":"string","name":"string","type":"string","value":"string"}]],"oauth_client_auth_method":["list",["object",{"default":"string","name":"string","type":"string","value":"string"}]],"oauth_grant":["list",["object",{"default":"string","name":"string","type":"string","value":"string"}]],"oauth_refresh_token_validity":["list",["object",{"default":"string","name":"string","type":"string","value":"string"}]],"oauth_token_endpoint":["list",["object",{"default":"string","name":"string","type":"string","value":"string"}]],"parent_integration":["list",["object",{"default":"string","name":"string","type":"string","value":"string"}]]}]],"description":"Outputs the result of `DESCRIBE SECURITY INTEGRATIONS` for the given security integration.","description_kind":"plain","computed":true},"enabled":{"type":"bool","description":"Specifies whether this security integration is enabled or disabled.","description_kind":"plain","required":true},"fully_qualified_name":{"type":"string","description":"Fully qualified name of the resource. For more information, see [object name resolution](https://docs.snowflake.com/en/sql-reference/name-resolution).","description_kind":"plain","computed":true},"id":{"type":"string","description_kind":"plain","optional":true,"computed":true},"name":{"type":"string","description":"Specifies the identifier (i.e. name) for the integration. This value must be unique in your account. Due to technical limitations (read more [here](../guides/identifiers_rework_design_decisions#known-limitations-and-identifier-recommendations)), avoid using the following characters: `|`, `.`, `\"`.","description_kind":"plain","required":true},"oauth_access_token_validity":{"type":"number","description":"(Default: fallback to Snowflake default - uses special value that cannot be set in the configuration manually (`-1`)) Specifies the default lifetime of the OAuth access token (in seconds) issued by an OAuth server.","description_kind":"plain","optional":true},"oauth_allowed_scopes":{"type":["set","string"],"description":"Specifies a list of scopes to use when making a request from the OAuth by a role with USAGE on the integration during the OAuth client credentials flow.","description_kind":"plain","optional":true},"oauth_client_auth_method":{"type":"string","description":"Specifies that POST is used as the authentication method to the external service. If removed from the config, the resource is recreated. Valid values are (case-insensitive): `CLIENT_SECRET_POST`.","description_kind":"plain","optional":true},"oauth_client_id":{"type":"string","description":"Specifies the client ID for the OAuth application in the external service.","description_kind":"plain","required":true,"sensitive":true},"oauth_client_secret":{"type":"string","description":"Specifies the client secret for the OAuth application in the ServiceNow instance from the previous step. The connector uses this to request an access token from the ServiceNow instance. External changes for this field won't be detected. In case you want to apply external changes, you can re-create the resource manually using \"terraform taint\".","description_kind":"plain","required":true,"sensitive":true},"oauth_refresh_token_validity":{"type":"number","description":"Specifies the value to determine the validity of the refresh token obtained from the OAuth server.","description_kind":"plain","optional":true},"oauth_token_endpoint":{"type":"string","description":"Specifies the token endpoint used by the client to obtain an access token by presenting its authorization grant or refresh token. The token endpoint is used with every authorization grant except for the implicit grant type (since an access token is issued directly). If removed from the config, the resource is recreated.","description_kind":"plain","optional":true},"show_output":{"type":["list",["object",{"category":"string","comment":"string","created_on":"string","enabled":"bool","integration_type":"string","name":"string"}]],"description":"Outputs the result of `SHOW SECURITY INTEGRATIONS` for the given security integration.","description_kind":"plain","computed":true}},"block_types":{"timeouts":{"nesting_mode":"single","block":{"attributes":{"create":{"type":"string","description_kind":"plain","optional":true},"delete":{"type":"string","description_kind":"plain","optional":true},"read":{"type":"string","description_kind":"plain","optional":true},"update":{"type":"string","description_kind":"plain","optional":true}},"description_kind":"plain"}}},"description":"Resource used to manage api authentication security integration objects with client credentials. For more information, check [security integrations documentation](https://docs.snowflake.com/en/sql-reference/sql/create-security-integration-api-auth).","description_kind":"plain"}},"snowflake_api_authentication_integration_with_jwt_bearer":{"version":0,"block":{"attributes":{"comment":{"type":"string","description":"Specifies a comment for the integration.","description_kind":"plain","optional":true},"describe_output":{"type":["list",["object",{"auth_type":["list",["object",{"default":"string","name":"string","type":"string","value":"string"}]],"comment":["list",["object",{"default":"string","name":"string","type":"string","value":"string"}]],"enabled":["list",["object",{"default":"string","name":"string","type":"string","value":"string"}]],"oauth_access_token_validity":["list",["object",{"default":"string","name":"string","type":"string","value":"string"}]],"oauth_allowed_scopes":["list",["object",{"default":"string","name":"string","type":"string","value":"string"}]],"oauth_authorization_endpoint":["list",["object",{"default":"string","name":"string","type":"string","value":"string"}]],"oauth_client_auth_method":["list",["object",{"default":"string","name":"string","type":"string","value":"string"}]],"oauth_grant":["list",["object",{"default":"string","name":"string","type":"string","value":"string"}]],"oauth_refresh_token_validity":["list",["object",{"default":"string","name":"string","type":"string","value":"string"}]],"oauth_token_endpoint":["list",["object",{"default":"string","name":"string","type":"string","value":"string"}]],"parent_integration":["list",["object",{"default":"string","name":"string","type":"string","value":"string"}]]}]],"description":"Outputs the result of `DESCRIBE SECURITY INTEGRATIONS` for the given security integration.","description_kind":"plain","computed":true},"enabled":{"type":"bool","description":"Specifies whether this security integration is enabled or disabled.","description_kind":"plain","required":true},"fully_qualified_name":{"type":"string","description":"Fully qualified name of the resource. For more information, see [object name resolution](https://docs.snowflake.com/en/sql-reference/name-resolution).","description_kind":"plain","computed":true},"id":{"type":"string","description_kind":"plain","optional":true,"computed":true},"name":{"type":"string","description":"Specifies the identifier (i.e. name) for the integration. This value must be unique in your account. Due to technical limitations (read more [here](../guides/identifiers_rework_design_decisions#known-limitations-and-identifier-recommendations)), avoid using the following characters: `|`, `.`, `\"`.","description_kind":"plain","required":true},"oauth_access_token_validity":{"type":"number","description":"(Default: fallback to Snowflake default - uses special value that cannot be set in the configuration manually (`-1`)) Specifies the default lifetime of the OAuth access token (in seconds) issued by an OAuth server.","description_kind":"plain","optional":true},"oauth_assertion_issuer":{"type":"string","description_kind":"plain","required":true},"oauth_authorization_endpoint":{"type":"string","description":"Specifies the URL for authenticating to the external service.","description_kind":"plain","optional":true},"oauth_client_auth_method":{"type":"string","description":"Specifies that POST is used as the authentication method to the external service. If removed from the config, the resource is recreated. Valid values are (case-insensitive): `CLIENT_SECRET_POST`.","description_kind":"plain","optional":true},"oauth_client_id":{"type":"string","description":"Specifies the client ID for the OAuth application in the external service.","description_kind":"plain","required":true,"sensitive":true},"oauth_client_secret":{"type":"string","description":"Specifies the client secret for the OAuth application in the ServiceNow instance from the previous step. The connector uses this to request an access token from the ServiceNow instance. External changes for this field won't be detected. In case you want to apply external changes, you can re-create the resource manually using \"terraform taint\".","description_kind":"plain","required":true,"sensitive":true},"oauth_refresh_token_validity":{"type":"number","description":"Specifies the value to determine the validity of the refresh token obtained from the OAuth server.","description_kind":"plain","optional":true},"oauth_token_endpoint":{"type":"string","description":"Specifies the token endpoint used by the client to obtain an access token by presenting its authorization grant or refresh token. The token endpoint is used with every authorization grant except for the implicit grant type (since an access token is issued directly). If removed from the config, the resource is recreated.","description_kind":"plain","optional":true},"show_output":{"type":["list",["object",{"category":"string","comment":"string","created_on":"string","enabled":"bool","integration_type":"string","name":"string"}]],"description":"Outputs the result of `SHOW SECURITY INTEGRATIONS` for the given security integration.","description_kind":"plain","computed":true}},"block_types":{"timeouts":{"nesting_mode":"single","block":{"attributes":{"create":{"type":"string","description_kind":"plain","optional":true},"delete":{"type":"string","description_kind":"plain","optional":true},"read":{"type":"string","description_kind":"plain","optional":true},"update":{"type":"string","description_kind":"plain","optional":true}},"description_kind":"plain"}}},"description":"Resource used to manage api authentication security integration objects with jwt bearer. For more information, check [security integrations documentation](https://docs.snowflake.com/en/sql-reference/sql/create-security-integration-api-auth).","description_kind":"plain"}},"snowflake_api_integration":{"version":0,"block":{"attributes":{"api_allowed_prefixes":{"type":["list","string"],"description":"Explicitly limits external functions that use the integration to reference one or more HTTPS proxy service endpoints and resources within those proxies.","description_kind":"plain","required":true},"api_aws_external_id":{"type":"string","description":"The external ID that Snowflake will use when assuming the AWS role.","description_kind":"plain","computed":true},"api_aws_iam_user_arn":{"type":"string","description":"The Snowflake user that will attempt to assume the AWS role.","description_kind":"plain","computed":true},"api_aws_role_arn":{"type":"string","description":"(Default: ``) ARN of a cloud platform role.","description_kind":"plain","optional":true},"api_blocked_prefixes":{"type":["list","string"],"description":"Lists the endpoints and resources in the HTTPS proxy service that are not allowed to be called from Snowflake.","description_kind":"plain","optional":true},"api_gcp_service_account":{"type":"string","description":"The service account used for communication with the Google API Gateway.","description_kind":"plain","optional":true,"computed":true},"api_key":{"type":"string","description":"The API key (also called a “subscription key”).","description_kind":"plain","optional":true,"sensitive":true},"api_provider":{"type":"string","description":"Specifies the HTTPS proxy service type.","description_kind":"plain","required":true},"azure_ad_application_id":{"type":"string","description":"(Default: ``) The 'Application (client) id' of the Azure AD app for your remote service.","description_kind":"plain","optional":true},"azure_consent_url":{"type":"string","description_kind":"plain","computed":true},"azure_multi_tenant_app_name":{"type":"string","description_kind":"plain","computed":true},"azure_tenant_id":{"type":"string","description":"(Default: ``) Specifies the ID for your Office 365 tenant that all Azure API Management instances belong to.","description_kind":"plain","optional":true},"comment":{"type":"string","description_kind":"plain","optional":true},"created_on":{"type":"string","description":"Date and time when the API integration was created.","description_kind":"plain","computed":true},"enabled":{"type":"bool","description":"(Default: `true`) Specifies whether this API integration is enabled or disabled. If the API integration is disabled, any external function that relies on it will not work.","description_kind":"plain","optional":true},"fully_qualified_name":{"type":"string","description":"Fully qualified name of the resource. For more information, see [object name resolution](https://docs.snowflake.com/en/sql-reference/name-resolution).","description_kind":"plain","computed":true},"google_audience":{"type":"string","description":"(Default: ``) The audience claim when generating the JWT (JSON Web Token) to authenticate to the Google API Gateway.","description_kind":"plain","optional":true},"id":{"type":"string","description_kind":"plain","optional":true,"computed":true},"name":{"type":"string","description":"Specifies the name of the API integration. This name follows the rules for Object Identifiers. The name should be unique among api integrations in your account.","description_kind":"plain","required":true}},"block_types":{"timeouts":{"nesting_mode":"single","block":{"attributes":{"create":{"type":"string","description_kind":"plain","optional":true},"delete":{"type":"string","description_kind":"plain","optional":true},"read":{"type":"string","description_kind":"plain","optional":true},"update":{"type":"string","description_kind":"plain","optional":true}},"description_kind":"plain"}}},"description_kind":"plain"}},"snowflake_authentication_policy":{"version":0,"block":{"attributes":{"authentication_methods":{"type":["set","string"],"description":"A list of authentication methods that are allowed during login. This parameter accepts one or more of the following values: `ALL` | `SAML` | `PASSWORD` | `OAUTH` | `KEYPAIR`","description_kind":"plain","optional":true},"client_types":{"type":["set","string"],"description":"A list of clients that can authenticate with Snowflake. If a client tries to connect, and the client is not one of the valid CLIENT_TYPES, then the login attempt fails. Allowed values are `ALL` | `SNOWFLAKE_UI` | `DRIVERS` | `SNOWSQL`. The CLIENT_TYPES property of an authentication policy is a best effort method to block user logins based on specific clients. It should not be used as the sole control to establish a security boundary.","description_kind":"plain","optional":true},"comment":{"type":"string","description":"Specifies a comment for the authentication policy.","description_kind":"plain","optional":true},"database":{"type":"string","description":"The database in which to create the authentication policy. Due to technical limitations (read more [here](../guides/identifiers_rework_design_decisions#known-limitations-and-identifier-recommendations)), avoid using the following characters: `|`, `.`, `\"`.","description_kind":"plain","required":true},"describe_output":{"type":["list",["object",{"authentication_methods":"string","client_types":"string","comment":"string","mfa_authentication_methods":"string","mfa_enrollment":"string","name":"string","owner":"string","security_integrations":"string"}]],"description":"Outputs the result of `DESCRIBE AUTHENTICATION POLICY` for the given policy.","description_kind":"plain","computed":true},"fully_qualified_name":{"type":"string","description":"Fully qualified name of the resource. For more information, see [object name resolution](https://docs.snowflake.com/en/sql-reference/name-resolution).","description_kind":"plain","computed":true},"id":{"type":"string","description_kind":"plain","optional":true,"computed":true},"mfa_authentication_methods":{"type":["set","string"],"description":"A list of authentication methods that enforce multi-factor authentication (MFA) during login. Authentication methods not listed in this parameter do not prompt for multi-factor authentication. Allowed values are `ALL` | `SAML` | `PASSWORD`.","description_kind":"plain","optional":true},"mfa_enrollment":{"type":"string","description":"(Default: `OPTIONAL`) Determines whether a user must enroll in multi-factor authentication. Allowed values are REQUIRED and OPTIONAL. When REQUIRED is specified, Enforces users to enroll in MFA. If this value is used, then the CLIENT_TYPES parameter must include SNOWFLAKE_UI, because Snowsight is the only place users can enroll in multi-factor authentication (MFA).","description_kind":"plain","optional":true},"name":{"type":"string","description":"Specifies the identifier for the authentication policy. Due to technical limitations (read more [here](../guides/identifiers_rework_design_decisions#known-limitations-and-identifier-recommendations)), avoid using the following characters: `|`, `.`, `\"`.","description_kind":"plain","required":true},"schema":{"type":"string","description":"The schema in which to create the authentication policy. Due to technical limitations (read more [here](../guides/identifiers_rework_design_decisions#known-limitations-and-identifier-recommendations)), avoid using the following characters: `|`, `.`, `\"`.","description_kind":"plain","required":true},"security_integrations":{"type":["set","string"],"description":"A list of security integrations the authentication policy is associated with. This parameter has no effect when SAML or OAUTH are not in the AUTHENTICATION_METHODS list. All values in the SECURITY_INTEGRATIONS list must be compatible with the values in the AUTHENTICATION_METHODS list. For example, if SECURITY_INTEGRATIONS contains a SAML security integration, and AUTHENTICATION_METHODS contains OAUTH, then you cannot create the authentication policy. To allow all security integrations use ALL as parameter.","description_kind":"plain","optional":true},"show_output":{"type":["list",["object",{"comment":"string","created_on":"string","database_name":"string","name":"string","options":"string","owner":"string","owner_role_type":"string","schema_name":"string"}]],"description":"Outputs the result of `SHOW AUTHENTICATION POLICIES` for the given policy.","description_kind":"plain","computed":true}},"block_types":{"timeouts":{"nesting_mode":"single","block":{"attributes":{"create":{"type":"string","description_kind":"plain","optional":true},"delete":{"type":"string","description_kind":"plain","optional":true},"read":{"type":"string","description_kind":"plain","optional":true},"update":{"type":"string","description_kind":"plain","optional":true}},"description_kind":"plain"}}},"description":"Resource used to manage authentication policy objects. For more information, check [authentication policy documentation](https://docs.snowflake.com/en/sql-reference/sql/create-authentication-policy).","description_kind":"plain"}},"snowflake_compute_pool":{"version":0,"block":{"attributes":{"auto_resume":{"type":"string","description":"(Default: fallback to Snowflake default - uses special value that cannot be set in the configuration manually (`default`)) Specifies whether to automatically resume a compute pool when a service or job is submitted to it. Available options are: \"true\" or \"false\". When the value is not set in the configuration the provider will put \"default\" there which means to use the Snowflake default for this value.","description_kind":"plain","optional":true},"auto_suspend_secs":{"type":"number","description":"(Default: fallback to Snowflake default - uses special value that cannot be set in the configuration manually (`-1`)) Number of seconds of inactivity after which you want Snowflake to automatically suspend the compute pool.","description_kind":"plain","optional":true},"comment":{"type":"string","description":"Specifies a comment for the compute pool.","description_kind":"plain","optional":true},"describe_output":{"type":["list",["object",{"active_nodes":"number","application":"string","auto_resume":"bool","auto_suspend_secs":"number","comment":"string","created_on":"string","error_code":"string","idle_nodes":"number","instance_family":"string","is_exclusive":"bool","max_nodes":"number","min_nodes":"number","name":"string","num_jobs":"number","num_services":"number","owner":"string","resumed_on":"string","state":"string","status_message":"string","target_nodes":"number","updated_on":"string"}]],"description":"Outputs the result of `DESCRIBE COMPUTE POOL` for the given compute pool.","description_kind":"plain","computed":true},"for_application":{"type":"string","description":"Specifies the Snowflake Native App name.","description_kind":"plain","optional":true},"fully_qualified_name":{"type":"string","description":"Fully qualified name of the resource. For more information, see [object name resolution](https://docs.snowflake.com/en/sql-reference/name-resolution).","description_kind":"plain","computed":true},"id":{"type":"string","description_kind":"plain","optional":true,"computed":true},"initially_suspended":{"type":"string","description":"(Default: fallback to Snowflake default - uses special value that cannot be set in the configuration manually (`default`)) Specifies whether the compute pool is created initially in the suspended state. This field is used only when creating a compute pool. Changes on this field are ignored after creation.","description_kind":"plain","optional":true},"instance_family":{"type":"string","description":"Identifies the type of machine you want to provision for the nodes in the compute pool. Valid values are (case-insensitive): `CPU_X64_XS` | `CPU_X64_S` | `CPU_X64_M` | `CPU_X64_L` | `HIGHMEM_X64_S` | `HIGHMEM_X64_M` | `HIGHMEM_X64_L` | `HIGHMEM_X64_SL` | `GPU_NV_S` | `GPU_NV_M` | `GPU_NV_L` | `GPU_NV_XS` | `GPU_NV_SM` | `GPU_NV_2M` | `GPU_NV_3M` | `GPU_NV_SL`.","description_kind":"plain","required":true},"max_nodes":{"type":"number","description":"Specifies the maximum number of nodes for the compute pool.","description_kind":"plain","required":true},"min_nodes":{"type":"number","description":"Specifies the minimum number of nodes for the compute pool.","description_kind":"plain","required":true},"name":{"type":"string","description":"Specifies the identifier for the compute pool; must be unique for the account. Due to technical limitations (read more [here](../guides/identifiers_rework_design_decisions#known-limitations-and-identifier-recommendations)), avoid using the following characters: `|`, `.`, `\"`.","description_kind":"plain","required":true},"show_output":{"type":["list",["object",{"active_nodes":"number","application":"string","auto_resume":"bool","auto_suspend_secs":"number","comment":"string","created_on":"string","idle_nodes":"number","instance_family":"string","is_exclusive":"bool","max_nodes":"number","min_nodes":"number","name":"string","num_jobs":"number","num_services":"number","owner":"string","resumed_on":"string","state":"string","target_nodes":"number","updated_on":"string"}]],"description":"Outputs the result of `SHOW COMPUTE POOLS` for the given compute pool.","description_kind":"plain","computed":true}},"block_types":{"timeouts":{"nesting_mode":"single","block":{"attributes":{"create":{"type":"string","description_kind":"plain","optional":true},"delete":{"type":"string","description_kind":"plain","optional":true},"read":{"type":"string","description_kind":"plain","optional":true},"update":{"type":"string","description_kind":"plain","optional":true}},"description_kind":"plain"}}},"description":"Resource used to manage compute pools. For more information, check [compute pools documentation](https://docs.snowflake.com/en/sql-reference/sql/create-compute-pool). A compute pool is a collection of one or more virtual machine (VM) nodes on which Snowflake runs your Snowpark Container Services services (including job services). See [Working with compute pools](https://docs.snowflake.com/en/developer-guide/snowpark-container-services/working-with-compute-pool) developer guide for more details.","description_kind":"plain"}},"snowflake_cortex_search_service":{"version":0,"block":{"attributes":{"attributes":{"type":["set","string"],"description":"Specifies the list of columns in the base table to enable filtering on when issuing queries to the service.","description_kind":"plain","optional":true},"comment":{"type":"string","description":"Specifies a comment for the Cortex search service.","description_kind":"plain","optional":true},"created_on":{"type":"string","description":"Creation date for the given Cortex search service.","description_kind":"plain","computed":true},"database":{"type":"string","description":"The database in which to create the Cortex search service.","description_kind":"plain","required":true},"describe_output":{"type":["list",["object",{"attribute_columns":["list","string"],"columns":["list","string"],"comment":"string","created_on":"string","data_timestamp":"string","database_name":"string","definition":"string","embedding_model":"string","indexing_error":"string","indexing_state":"string","name":"string","schema_name":"string","search_column":"string","service_query_url":"string","source_data_num_rows":"number","target_lag":"string","warehouse":"string"}]],"description":"Outputs the result of `DESCRIBE CORTEX SEARCH SERVICE` for the given cortex search service.","description_kind":"plain","computed":true},"embedding_model":{"type":"string","description":"Specifies the embedding model to use for the Cortex search service.","description_kind":"plain","optional":true},"fully_qualified_name":{"type":"string","description":"Fully qualified name of the resource. For more information, see [object name resolution](https://docs.snowflake.com/en/sql-reference/name-resolution).","description_kind":"plain","computed":true},"id":{"type":"string","description_kind":"plain","optional":true,"computed":true},"name":{"type":"string","description":"Specifies the name of the Cortex search service. The name must be unique for the schema in which the service is created.","description_kind":"plain","required":true},"on":{"type":"string","description":"Specifies the column to use as the search column for the Cortex search service; must be a text value.","description_kind":"plain","required":true},"query":{"type":"string","description":"Specifies the query to use to populate the Cortex search service.","description_kind":"plain","required":true},"schema":{"type":"string","description":"The schema in which to create the Cortex search service.","description_kind":"plain","required":true},"target_lag":{"type":"string","description":"Specifies the maximum target lag time for the Cortex search service.","description_kind":"plain","required":true},"warehouse":{"type":"string","description":"The warehouse in which to create the Cortex search service.","description_kind":"plain","required":true}},"block_types":{"timeouts":{"nesting_mode":"single","block":{"attributes":{"create":{"type":"string","description_kind":"plain","optional":true},"delete":{"type":"string","description_kind":"plain","optional":true},"read":{"type":"string","description_kind":"plain","optional":true},"update":{"type":"string","description_kind":"plain","optional":true}},"description_kind":"plain"}}},"description_kind":"plain"}},"snowflake_current_account":{"version":0,"block":{"attributes":{"abort_detached_query":{"type":"bool","description":"Specifies the action that Snowflake performs for in-progress queries if connectivity is lost due to abrupt termination of a session (e.g. network outage, browser termination, service interruption). For more information, check [ABORT_DETACHED_QUERY docs](https://docs.snowflake.com/en/sql-reference/parameters#abort-detached-query).","description_kind":"plain","optional":true,"computed":true},"active_python_profiler":{"type":"string","description":"Sets the profiler to use for the session when [profiling Python handler code](https://docs.snowflake.com/en/developer-guide/stored-procedure/python/procedure-python-profiler). Valid values are (case-insensitive): `LINE` | `MEMORY`. For more information, check [ACTIVE_PYTHON_PROFILER docs](https://docs.snowflake.com/en/sql-reference/parameters#active-python-profiler).","description_kind":"plain","optional":true,"computed":true},"allow_client_mfa_caching":{"type":"bool","description":"Specifies whether an MFA token can be saved in the client-side operating system keystore to promote continuous, secure connectivity without users needing to respond to an MFA prompt at the start of each connection attempt to Snowflake. For details and the list of supported Snowflake-provided clients, see [Using MFA token caching to minimize the number of prompts during authentication — optional.](https://docs.snowflake.com/en/user-guide/security-mfa.html#label-mfa-token-caching) For more information, check [ALLOW_CLIENT_MFA_CACHING docs](https://docs.snowflake.com/en/sql-reference/parameters#allow-client-mfa-caching).","description_kind":"plain","optional":true,"computed":true},"allow_id_token":{"type":"bool","description":"Specifies whether a connection token can be saved in the client-side operating system keystore to promote continuous, secure connectivity without users needing to enter login credentials at the start of each connection attempt to Snowflake. For details and the list of supported Snowflake-provided clients, see [Using connection caching to minimize the number of prompts for authentication — optional.](https://docs.snowflake.com/en/user-guide/admin-security-fed-auth-use.html#label-browser-based-sso-connection-caching) For more information, check [ALLOW_ID_TOKEN docs](https://docs.snowflake.com/en/sql-reference/parameters#allow-id-token).","description_kind":"plain","optional":true,"computed":true},"authentication_policy":{"type":"string","description":"Specifies [authentication policy](https://docs.snowflake.com/en/user-guide/authentication-policies) for the current account. For more information about this resource, see [docs](./authentication_policy).","description_kind":"plain","optional":true},"autocommit":{"type":"bool","description":"Specifies whether autocommit is enabled for the session. Autocommit determines whether a DML statement, when executed without an active transaction, is automatically committed after the statement successfully completes. For more information, see [Transactions](https://docs.snowflake.com/en/sql-reference/transactions). For more information, check [AUTOCOMMIT docs](https://docs.snowflake.com/en/sql-reference/parameters#autocommit).","description_kind":"plain","optional":true,"computed":true},"base_location_prefix":{"type":"string","description":"Specifies a prefix for Snowflake to use in the write path for Snowflake-managed Apache Iceberg™ tables. For more information, see [data and metadata directories for Iceberg tables](https://docs.snowflake.com/en/user-guide/tables-iceberg-storage.html#label-tables-iceberg-configure-external-volume-base-location). For more information, check [BASE_LOCATION_PREFIX docs](https://docs.snowflake.com/en/sql-reference/parameters#base-location-prefix).","description_kind":"plain","optional":true,"computed":true},"binary_input_format":{"type":"string","description":"The format of VARCHAR values passed as input to VARCHAR-to-BINARY conversion functions. For more information, see [Binary input and output](https://docs.snowflake.com/en/sql-reference/binary-input-output). Valid values are (case-insensitive): `HEX` | `BASE64` | `UTF8`. For more information, check [BINARY_INPUT_FORMAT docs](https://docs.snowflake.com/en/sql-reference/parameters#binary-input-format).","description_kind":"plain","optional":true,"computed":true},"binary_output_format":{"type":"string","description":"The format for VARCHAR values returned as output by BINARY-to-VARCHAR conversion functions. For more information, see [Binary input and output](https://docs.snowflake.com/en/sql-reference/binary-input-output). Valid values are (case-insensitive): `HEX` | `BASE64`. For more information, check [BINARY_OUTPUT_FORMAT docs](https://docs.snowflake.com/en/sql-reference/parameters#binary-output-format).","description_kind":"plain","optional":true,"computed":true},"catalog":{"type":"string","description":"Specifies the catalog for Apache Iceberg™ tables. For more information, see the [Iceberg table documentation](https://docs.snowflake.com/en/user-guide/tables-iceberg.html#label-tables-iceberg-catalog-def). Due to technical limitations (read more [here](../guides/identifiers_rework_design_decisions#known-limitations-and-identifier-recommendations)), avoid using the following characters: `|`, `.`, `\"`. For more information, check [CATALOG docs](https://docs.snowflake.com/en/sql-reference/parameters#catalog).","description_kind":"plain","optional":true,"computed":true},"catalog_sync":{"type":"string","description":"Specifies the name of your catalog integration for [Snowflake Open Catalog](https://other-docs.snowflake.com/en/opencatalog/overview). Snowflake syncs tables that use the specified catalog integration with your Snowflake Open Catalog account. For more information, see [Sync a Snowflake-managed table with Snowflake Open Catalog](https://docs.snowflake.com/en/user-guide/tables-iceberg-open-catalog-sync). Due to technical limitations (read more [here](../guides/identifiers_rework_design_decisions#known-limitations-and-identifier-recommendations)), avoid using the following characters: `|`, `.`, `\"`. For more information, check [CATALOG_SYNC docs](https://docs.snowflake.com/en/sql-reference/parameters#catalog-sync).","description_kind":"plain","optional":true,"computed":true},"client_enable_log_info_statement_parameters":{"type":"bool","description":"Enables users to log the data values bound to [PreparedStatements](https://docs.snowflake.com/en/developer-guide/jdbc/jdbc-api.html#label-jdbc-api-preparedstatement) ([more details](https://docs.snowflake.com/en/sql-reference/parameters#client-enable-log-info-statement-parameters)). For more information, check [CLIENT_ENABLE_LOG_INFO_STATEMENT_PARAMETERS docs](https://docs.snowflake.com/en/sql-reference/parameters#client-enable-log-info-statement-parameters).","description_kind":"plain","optional":true,"computed":true},"client_encryption_key_size":{"type":"number","description":"Specifies the AES encryption key size, in bits, used by Snowflake to encrypt/decrypt files stored on internal stages (for loading/unloading data) when you use the SNOWFLAKE_FULL encryption type. For more information, check [CLIENT_ENCRYPTION_KEY_SIZE docs](https://docs.snowflake.com/en/sql-reference/parameters#client-encryption-key-size).","description_kind":"plain","optional":true,"computed":true},"client_memory_limit":{"type":"number","description":"Parameter that specifies the maximum amount of memory the JDBC driver or ODBC driver should use for the result set from queries (in MB). For more information, check [CLIENT_MEMORY_LIMIT docs](https://docs.snowflake.com/en/sql-reference/parameters#client-memory-limit).","description_kind":"plain","optional":true,"computed":true},"client_metadata_request_use_connection_ctx":{"type":"bool","description":"For specific ODBC functions and JDBC methods, this parameter can change the default search scope from all databases/schemas to the current database/schema. The narrower search typically returns fewer rows and executes more quickly. For more information, check [CLIENT_METADATA_REQUEST_USE_CONNECTION_CTX docs](https://docs.snowflake.com/en/sql-reference/parameters#client-metadata-request-use-connection-ctx).","description_kind":"plain","optional":true,"computed":true},"client_metadata_use_session_database":{"type":"bool","description":"For specific ODBC functions and JDBC methods, this parameter can change the default search scope from all databases to the current database. The narrower search typically returns fewer rows and executes more quickly ([more details on the usage](https://docs.snowflake.com/en/sql-reference/parameters#client-metadata-use-session-database)). For more information, check [CLIENT_METADATA_USE_SESSION_DATABASE docs](https://docs.snowflake.com/en/sql-reference/parameters#client-metadata-use-session-database).","description_kind":"plain","optional":true,"computed":true},"client_prefetch_threads":{"type":"number","description":"Parameter that specifies the number of threads used by the client to pre-fetch large result sets. The driver will attempt to honor the parameter value, but defines the minimum and maximum values (depending on your system’s resources) to improve performance. For more information, check [CLIENT_PREFETCH_THREADS docs](https://docs.snowflake.com/en/sql-reference/parameters#client-prefetch-threads).","description_kind":"plain","optional":true,"computed":true},"client_result_chunk_size":{"type":"number","description":"Parameter that specifies the maximum size of each set (or chunk) of query results to download (in MB). The JDBC driver downloads query results in chunks. For more information, check [CLIENT_RESULT_CHUNK_SIZE docs](https://docs.snowflake.com/en/sql-reference/parameters#client-result-chunk-size).","description_kind":"plain","optional":true,"computed":true},"client_result_column_case_insensitive":{"type":"bool","description":"Parameter that indicates whether to match column name case-insensitively in ResultSet.get* methods in JDBC. For more information, check [CLIENT_RESULT_COLUMN_CASE_INSENSITIVE docs](https://docs.snowflake.com/en/sql-reference/parameters#client-result-column-case-insensitive).","description_kind":"plain","optional":true,"computed":true},"client_session_keep_alive":{"type":"bool","description":"Parameter that indicates whether to force a user to log in again after a period of inactivity in the session. For more information, check [CLIENT_SESSION_KEEP_ALIVE docs](https://docs.snowflake.com/en/sql-reference/parameters#client-session-keep-alive).","description_kind":"plain","optional":true,"computed":true},"client_session_keep_alive_heartbeat_frequency":{"type":"number","description":"Number of seconds in-between client attempts to update the token for the session. For more information, check [CLIENT_SESSION_KEEP_ALIVE_HEARTBEAT_FREQUENCY docs](https://docs.snowflake.com/en/sql-reference/parameters#client-session-keep-alive-heartbeat-frequency).","description_kind":"plain","optional":true,"computed":true},"client_timestamp_type_mapping":{"type":"string","description":"Specifies the [TIMESTAMP_* variation](https://docs.snowflake.com/en/sql-reference/data-types-datetime.html#label-datatypes-timestamp-variations) to use when binding timestamp variables for JDBC or ODBC applications that use the bind API to load data. Valid values are (case-insensitive): `TIMESTAMP_LTZ` | `TIMESTAMP_NTZ`. For more information, check [CLIENT_TIMESTAMP_TYPE_MAPPING docs](https://docs.snowflake.com/en/sql-reference/parameters#client-timestamp-type-mapping).","description_kind":"plain","optional":true,"computed":true},"cortex_enabled_cross_region":{"type":"string","description":"Specifies the regions where an inference request may be processed in case the request cannot be processed in the region where request is originally placed. Specifying DISABLED disables cross-region inferencing. For examples and details, see [Cross-region inference](https://docs.snowflake.com/en/user-guide/snowflake-cortex/cross-region-inference). For more information, check [CORTEX_ENABLED_CROSS_REGION docs](https://docs.snowflake.com/en/sql-reference/parameters#cortex-enabled-cross-region).","description_kind":"plain","optional":true,"computed":true},"cortex_models_allowlist":{"type":"string","description":"Specifies the models that users in the account can access. Use this parameter to allowlist models for all users in the account. If you need to provide specific users with access beyond what you’ve specified in the allowlist, use role-based access control instead. For more information, see [Model allowlist](https://docs.snowflake.com/en/user-guide/snowflake-cortex/aisql.html#label-cortex-llm-allowlist). For more information, check [CORTEX_MODELS_ALLOWLIST docs](https://docs.snowflake.com/en/sql-reference/parameters#cortex-models-allowlist).","description_kind":"plain","optional":true,"computed":true},"csv_timestamp_format":{"type":"string","description":"Specifies the format for TIMESTAMP values in CSV files downloaded from Snowsight. If this parameter is not set, [TIMESTAMP_LTZ_OUTPUT_FORMAT](https://docs.snowflake.com/en/sql-reference/parameters#label-timestamp-ltz-output-format) will be used for TIMESTAMP_LTZ values, [TIMESTAMP_TZ_OUTPUT_FORMAT](https://docs.snowflake.com/en/sql-reference/parameters#label-timestamp-tz-output-format) will be used for TIMESTAMP_TZ and [TIMESTAMP_NTZ_OUTPUT_FORMAT](https://docs.snowflake.com/en/sql-reference/parameters#label-timestamp-ntz-output-format) for TIMESTAMP_NTZ values. For more information, see [Date and time input and output formats](https://docs.snowflake.com/en/sql-reference/date-time-input-output) or [Download your query results](https://docs.snowflake.com/en/user-guide/ui-snowsight-query.html#label-snowsight-download-query-results). For more information, check [CSV_TIMESTAMP_FORMAT docs](https://docs.snowflake.com/en/sql-reference/parameters#csv-timestamp-format).","description_kind":"plain","optional":true,"computed":true},"data_retention_time_in_days":{"type":"number","description":"Number of days for which Snowflake retains historical data for performing Time Travel actions (SELECT, CLONE, UNDROP) on the object. A value of 0 effectively disables Time Travel for the specified database, schema, or table. For more information, see [Understanding \u0026 using Time Travel](https://docs.snowflake.com/en/user-guide/data-time-travel). For more information, check [DATA_RETENTION_TIME_IN_DAYS docs](https://docs.snowflake.com/en/sql-reference/parameters#data-retention-time-in-days).","description_kind":"plain","optional":true,"computed":true},"date_input_format":{"type":"string","description":"Specifies the input format for the DATE data type. For more information, see [Date and time input and output formats](https://docs.snowflake.com/en/sql-reference/date-time-input-output). For more information, check [DATE_INPUT_FORMAT docs](https://docs.snowflake.com/en/sql-reference/parameters#date-input-format).","description_kind":"plain","optional":true,"computed":true},"date_output_format":{"type":"string","description":"Specifies the display format for the DATE data type. For more information, see [Date and time input and output formats](https://docs.snowflake.com/en/sql-reference/date-time-input-output). For more information, check [DATE_OUTPUT_FORMAT docs](https://docs.snowflake.com/en/sql-reference/parameters#date-output-format).","description_kind":"plain","optional":true,"computed":true},"default_ddl_collation":{"type":"string","description":"Sets the default collation used for the following DDL operations: [CREATE TABLE](https://docs.snowflake.com/en/sql-reference/sql/create-table), [ALTER TABLE](https://docs.snowflake.com/en/sql-reference/sql/alter-table) … ADD COLUMN. Setting this parameter forces all subsequently-created columns in the affected objects (table, schema, database, or account) to have the specified collation as the default, unless the collation for the column is explicitly defined in the DDL. For more information, check [DEFAULT_DDL_COLLATION docs](https://docs.snowflake.com/en/sql-reference/parameters#default-ddl-collation).","description_kind":"plain","optional":true,"computed":true},"default_notebook_compute_pool_cpu":{"type":"string","description":"Sets the preferred CPU compute pool used for [Notebooks on CPU Container Runtime](https://docs.snowflake.com/en/developer-guide/snowflake-ml/notebooks-on-spcs). Due to technical limitations (read more [here](../guides/identifiers_rework_design_decisions#known-limitations-and-identifier-recommendations)), avoid using the following characters: `|`, `.`, `\"`. For more information, check [DEFAULT_NOTEBOOK_COMPUTE_POOL_CPU docs](https://docs.snowflake.com/en/sql-reference/parameters#default-notebook-compute-pool-cpu).","description_kind":"plain","optional":true,"computed":true},"default_notebook_compute_pool_gpu":{"type":"string","description":"Sets the preferred GPU compute pool used for [Notebooks on GPU Container Runtime](https://docs.snowflake.com/en/developer-guide/snowflake-ml/notebooks-on-spcs). Due to technical limitations (read more [here](../guides/identifiers_rework_design_decisions#known-limitations-and-identifier-recommendations)), avoid using the following characters: `|`, `.`, `\"`. For more information, check [DEFAULT_NOTEBOOK_COMPUTE_POOL_GPU docs](https://docs.snowflake.com/en/sql-reference/parameters#default-notebook-compute-pool-gpu).","description_kind":"plain","optional":true,"computed":true},"default_null_ordering":{"type":"string","description":"Specifies the default ordering of NULL values in a result set ([more details](https://docs.snowflake.com/en/sql-reference/parameters#default-null-ordering)). Valid values are (case-insensitive): `FIRST` | `LAST`. For more information, check [DEFAULT_NULL_ORDERING docs](https://docs.snowflake.com/en/sql-reference/parameters#default-null-ordering).","description_kind":"plain","optional":true,"computed":true},"default_streamlit_notebook_warehouse":{"type":"string","description":"Specifies the name of the default warehouse to use when creating a notebook. Due to technical limitations (read more [here](../guides/identifiers_rework_design_decisions#known-limitations-and-identifier-recommendations)), avoid using the following characters: `|`, `.`, `\"`. For more information, check [DEFAULT_STREAMLIT_NOTEBOOK_WAREHOUSE docs](https://docs.snowflake.com/en/sql-reference/parameters#default-streamlit-notebook-warehouse).","description_kind":"plain","optional":true,"computed":true},"disable_ui_download_button":{"type":"bool","description":"Controls whether users in an account see a button to download data in Snowsight or the Classic Console, such as a table returned from running a query in a worksheet. If the button to download is hidden in Snowsight or the Classic Console, users can still download or export data using [third-party software](https://docs.snowflake.com/en/user-guide/ecosystem). For more information, check [DISABLE_UI_DOWNLOAD_BUTTON docs](https://docs.snowflake.com/en/sql-reference/parameters#disable-ui-download-button).","description_kind":"plain","optional":true,"computed":true},"disable_user_privilege_grants":{"type":"bool","description":"Controls whether users in an account can grant privileges directly to other users. Disabling user privilege grants (that is, setting DISABLE_USER_PRIVILEGE_GRANTS to TRUE) does not affect existing grants to users. Existing grants to users continue to confer privileges to those users. For more information, see [GRANT \u003cprivileges\u003e … TO USER](https://docs.snowflake.com/en/sql-reference/sql/grant-privilege-user). For more information, check [DISABLE_USER_PRIVILEGE_GRANTS docs](https://docs.snowflake.com/en/sql-reference/parameters#disable-user-privilege-grants).","description_kind":"plain","optional":true,"computed":true},"enable_automatic_sensitive_data_classification_log":{"type":"bool","description":"Controls whether events from [automatic sensitive data classification](https://docs.snowflake.com/en/user-guide/classify-auto) are logged in the user event table. For more information, check [ENABLE_AUTOMATIC_SENSITIVE_DATA_CLASSIFICATION_LOG docs](https://docs.snowflake.com/en/sql-reference/parameters#enable-automatic-sensitive-data-classification-log).","description_kind":"plain","optional":true,"computed":true},"enable_egress_cost_optimizer":{"type":"bool","description":"Enables or disables the Listing Cross-cloud auto-fulfillment Egress cost optimizer. For more information, check [ENABLE_EGRESS_COST_OPTIMIZER docs](https://docs.snowflake.com/en/sql-reference/parameters#enable-egress-cost-optimizer).","description_kind":"plain","optional":true,"computed":true},"enable_identifier_first_login":{"type":"bool","description":"Determines the login flow for users. When enabled, Snowflake prompts users for their username or email address before presenting authentication methods. For details, see [Identifier-first login](https://docs.snowflake.com/en/user-guide/identifier-first-login). For more information, check [ENABLE_IDENTIFIER_FIRST_LOGIN docs](https://docs.snowflake.com/en/sql-reference/parameters#enable-identifier-first-login).","description_kind":"plain","optional":true,"computed":true},"enable_internal_stages_privatelink":{"type":"bool","description":"Specifies whether the [SYSTEM$GET_PRIVATELINK_CONFIG](https://docs.snowflake.com/en/sql-reference/functions/system_get_privatelink_config) function returns the private-internal-stages key in the query result. The corresponding value in the query result is used during the configuration process for private connectivity to internal stages. For more information, check [ENABLE_INTERNAL_STAGES_PRIVATELINK docs](https://docs.snowflake.com/en/sql-reference/parameters#enable-internal-stages-privatelink).","description_kind":"plain","optional":true,"computed":true},"enable_tri_secret_and_rekey_opt_out_for_image_repository":{"type":"bool","description":"Specifies choice for the [image repository](https://docs.snowflake.com/en/developer-guide/snowpark-container-services/working-with-registry-repository.html#label-registry-and-repository-image-repository) to opt out of Tri-Secret Secure and [Periodic rekeying](https://docs.snowflake.com/en/user-guide/security-encryption-manage.html#label-periodic-rekeying). For more information, check [ENABLE_TRI_SECRET_AND_REKEY_OPT_OUT_FOR_IMAGE_REPOSITORY docs](https://docs.snowflake.com/en/sql-reference/parameters#enable-tri-secret-and-rekey-opt-out-for-image-repository).","description_kind":"plain","optional":true,"computed":true},"enable_tri_secret_and_rekey_opt_out_for_spcs_block_storage":{"type":"bool","description":"Specifies the choice for the [Snowpark Container Services block storage volume](https://docs.snowflake.com/en/developer-guide/snowpark-container-services/block-storage-volume) to opt out of Tri-Secret Secure and [Periodic rekeying](https://docs.snowflake.com/en/user-guide/security-encryption-manage.html#label-periodic-rekeying). For more information, check [ENABLE_TRI_SECRET_AND_REKEY_OPT_OUT_FOR_SPCS_BLOCK_STORAGE docs](https://docs.snowflake.com/en/sql-reference/parameters#enable-tri-secret-and-rekey-opt-out-for-spcs-block-storage).","description_kind":"plain","optional":true,"computed":true},"enable_unhandled_exceptions_reporting":{"type":"bool","description":"Specifies whether Snowflake may capture – in an event table – log messages or trace event data for unhandled exceptions in procedure or UDF handler code. For more information, see [Capturing messages from unhandled exceptions](https://docs.snowflake.com/en/developer-guide/logging-tracing/unhandled-exception-messages). For more information, check [ENABLE_UNHANDLED_EXCEPTIONS_REPORTING docs](https://docs.snowflake.com/en/sql-reference/parameters#enable-unhandled-exceptions-reporting).","description_kind":"plain","optional":true,"computed":true},"enable_unload_physical_type_optimization":{"type":"bool","description":"Specifies whether to set the schema for unloaded Parquet files based on the logical column data types (i.e. the types in the unload SQL query or source table) or on the unloaded column values (i.e. the smallest data types and precision that support the values in the output columns of the unload SQL statement or source table). For more information, check [ENABLE_UNLOAD_PHYSICAL_TYPE_OPTIMIZATION docs](https://docs.snowflake.com/en/sql-reference/parameters#enable-unload-physical-type-optimization).","description_kind":"plain","optional":true,"computed":true},"enable_unredacted_query_syntax_error":{"type":"bool","description":"Controls whether query text is redacted if a SQL query fails due to a syntax or parsing error. If FALSE, the content of a failed query is redacted in the views, pages, and functions that provide a query history. Only users with a role that is granted or inherits the AUDIT privilege can set the ENABLE_UNREDACTED_QUERY_SYNTAX_ERROR parameter. When using the ALTER USER command to set the parameter to TRUE for a particular user, modify the user that you want to see the query text, not the user who executed the query (if those are different users). For more information, check [ENABLE_UNREDACTED_QUERY_SYNTAX_ERROR docs](https://docs.snowflake.com/en/sql-reference/parameters#enable-unredacted-query-syntax-error).","description_kind":"plain","optional":true,"computed":true},"enable_unredacted_secure_object_error":{"type":"bool","description":"Controls whether error messages related to secure objects are redacted in metadata. For more information, see [Secure objects: Redaction of information in error messages](https://docs.snowflake.com/en/release-notes/bcr-bundles/un-bundled/bcr-1858). Only users with a role that is granted or inherits the AUDIT privilege can set the ENABLE_UNREDACTED_SECURE_OBJECT_ERROR parameter. When using the ALTER USER command to set the parameter to TRUE for a particular user, modify the user that you want to see the redacted error messages in metadata, not the user who caused the error. For more information, check [ENABLE_UNREDACTED_SECURE_OBJECT_ERROR docs](https://docs.snowflake.com/en/sql-reference/parameters#enable-unredacted-secure-object-error).","description_kind":"plain","optional":true,"computed":true},"enforce_network_rules_for_internal_stages":{"type":"bool","description":"Specifies whether a network policy that uses network rules can restrict access to AWS internal stages. This parameter has no effect on network policies that do not use network rules. This account-level parameter affects both account-level and user-level network policies. For details about using network policies and network rules to restrict access to AWS internal stages, including the use of this parameter, see [Protecting internal stages on AWS](https://docs.snowflake.com/en/user-guide/network-policies.html#label-network-policies-rules-stages). For more information, check [ENFORCE_NETWORK_RULES_FOR_INTERNAL_STAGES docs](https://docs.snowflake.com/en/sql-reference/parameters#enforce-network-rules-for-internal-stages).","description_kind":"plain","optional":true,"computed":true},"error_on_nondeterministic_merge":{"type":"bool","description":"Specifies whether to return an error when the [MERGE](https://docs.snowflake.com/en/sql-reference/sql/merge) command is used to update or delete a target row that joins multiple source rows and the system cannot determine the action to perform on the target row. For more information, check [ERROR_ON_NONDETERMINISTIC_MERGE docs](https://docs.snowflake.com/en/sql-reference/parameters#error-on-nondeterministic-merge).","description_kind":"plain","optional":true,"computed":true},"error_on_nondeterministic_update":{"type":"bool","description":"Specifies whether to return an error when the [UPDATE](https://docs.snowflake.com/en/sql-reference/sql/update) command is used to update a target row that joins multiple source rows and the system cannot determine the action to perform on the target row. For more information, check [ERROR_ON_NONDETERMINISTIC_UPDATE docs](https://docs.snowflake.com/en/sql-reference/parameters#error-on-nondeterministic-update).","description_kind":"plain","optional":true,"computed":true},"event_table":{"type":"string","description":"Specifies the name of the event table for logging messages from stored procedures and UDFs contained by the object with which the event table is associated. Associating an event table with a database is available in [Enterprise Edition or higher](https://docs.snowflake.com/en/user-guide/intro-editions). Due to technical limitations (read more [here](../guides/identifiers_rework_design_decisions#known-limitations-and-identifier-recommendations)), avoid using the following characters: `|`, `.`, `\"`. For more information, check [EVENT_TABLE docs](https://docs.snowflake.com/en/sql-reference/parameters#event-table).","description_kind":"plain","optional":true,"computed":true},"external_oauth_add_privileged_roles_to_blocked_list":{"type":"bool","description":"Determines whether the ACCOUNTADMIN, ORGADMIN, GLOBALORGADMIN, and SECURITYADMIN roles can be used as the primary role when creating a Snowflake session based on the access token from the External OAuth authorization server. For more information, check [EXTERNAL_OAUTH_ADD_PRIVILEGED_ROLES_TO_BLOCKED_LIST docs](https://docs.snowflake.com/en/sql-reference/parameters#external-oauth-add-privileged-roles-to-blocked-list).","description_kind":"plain","optional":true,"computed":true},"external_volume":{"type":"string","description":"Specifies the external volume for Apache Iceberg™ tables. For more information, see the [Iceberg table documentation](https://docs.snowflake.com/en/user-guide/tables-iceberg.html#label-tables-iceberg-external-volume-def). Due to technical limitations (read more [here](../guides/identifiers_rework_design_decisions#known-limitations-and-identifier-recommendations)), avoid using the following characters: `|`, `.`, `\"`. For more information, check [EXTERNAL_VOLUME docs](https://docs.snowflake.com/en/sql-reference/parameters#external-volume).","description_kind":"plain","optional":true,"computed":true},"feature_policy":{"type":"string","description":"Specifies [feature policy](https://docs.snowflake.com/en/developer-guide/native-apps/ui-consumer-feature-policies) for the current account.","description_kind":"plain","optional":true},"geography_output_format":{"type":"string","description":"Display format for [GEOGRAPHY values](https://docs.snowflake.com/en/sql-reference/data-types-geospatial.html#label-data-types-geography). Valid values are (case-insensitive): `GeoJSON` | `WKT` | `WKB` | `EWKT` | `EWKB`. For more information, check [GEOGRAPHY_OUTPUT_FORMAT docs](https://docs.snowflake.com/en/sql-reference/parameters#geography-output-format).","description_kind":"plain","optional":true,"computed":true},"geometry_output_format":{"type":"string","description":"Display format for [GEOMETRY values](https://docs.snowflake.com/en/sql-reference/data-types-geospatial.html#label-data-types-geometry). Valid values are (case-insensitive): `GeoJSON` | `WKT` | `WKB` | `EWKT` | `EWKB`. For more information, check [GEOMETRY_OUTPUT_FORMAT docs](https://docs.snowflake.com/en/sql-reference/parameters#geometry-output-format).","description_kind":"plain","optional":true,"computed":true},"hybrid_table_lock_timeout":{"type":"number","description":"Number of seconds to wait while trying to acquire row-level locks on a hybrid table, before timing out and aborting the statement. For more information, check [HYBRID_TABLE_LOCK_TIMEOUT docs](https://docs.snowflake.com/en/sql-reference/parameters#hybrid-table-lock-timeout).","description_kind":"plain","optional":true,"computed":true},"id":{"type":"string","description_kind":"plain","optional":true,"computed":true},"initial_replication_size_limit_in_tb":{"type":"string","description":"Sets the maximum estimated size limit for the initial replication of a primary database to a secondary database (in TB). Set this parameter on any account that stores a secondary database. This size limit helps prevent accounts from accidentally incurring large database replication charges. To remove the size limit, set the value to 0.0. It is required to pass numbers with scale of at least 1 (e.g. 20.5, 32.25, 33.333, etc.). For more information, check [INITIAL_REPLICATION_SIZE_LIMIT_IN_TB docs](https://docs.snowflake.com/en/sql-reference/parameters#initial-replication-size-limit-in-tb).","description_kind":"plain","optional":true,"computed":true},"jdbc_treat_decimal_as_int":{"type":"bool","description":"Specifies how JDBC processes columns that have a scale of zero (0). For more information, check [JDBC_TREAT_DECIMAL_AS_INT docs](https://docs.snowflake.com/en/sql-reference/parameters#jdbc-treat-decimal-as-int).","description_kind":"plain","optional":true,"computed":true},"jdbc_treat_timestamp_ntz_as_utc":{"type":"bool","description":"Specifies how JDBC processes TIMESTAMP_NTZ values ([more details](https://docs.snowflake.com/en/sql-reference/parameters#jdbc-treat-timestamp-ntz-as-utc)). For more information, check [JDBC_TREAT_TIMESTAMP_NTZ_AS_UTC docs](https://docs.snowflake.com/en/sql-reference/parameters#jdbc-treat-timestamp-ntz-as-utc).","description_kind":"plain","optional":true,"computed":true},"jdbc_use_session_timezone":{"type":"bool","description":"Specifies whether the JDBC Driver uses the time zone of the JVM or the time zone of the session (specified by the [TIMEZONE](https://docs.snowflake.com/en/sql-reference/parameters#label-timezone) parameter) for the getDate(), getTime(), and getTimestamp() methods of the ResultSet class. For more information, check [JDBC_USE_SESSION_TIMEZONE docs](https://docs.snowflake.com/en/sql-reference/parameters#jdbc-use-session-timezone).","description_kind":"plain","optional":true,"computed":true},"js_treat_integer_as_bigint":{"type":"bool","description":"Specifies how the Snowflake Node.js Driver processes numeric columns that have a scale of zero (0), for example INTEGER or NUMBER(p, 0). For more information, check [JS_TREAT_INTEGER_AS_BIGINT docs](https://docs.snowflake.com/en/sql-reference/parameters#js-treat-integer-as-bigint).","description_kind":"plain","optional":true,"computed":true},"json_indent":{"type":"number","description":"Specifies the number of blank spaces to indent each new element in JSON output in the session. Also specifies whether to insert newline characters after each element. For more information, check [JSON_INDENT docs](https://docs.snowflake.com/en/sql-reference/parameters#json-indent).","description_kind":"plain","optional":true,"computed":true},"listing_auto_fulfillment_replication_refresh_schedule":{"type":"string","description":"Sets the time interval used to refresh the application package based data products to other regions. For more information, check [LISTING_AUTO_FULFILLMENT_REPLICATION_REFRESH_SCHEDULE docs](https://docs.snowflake.com/en/sql-reference/parameters#listing-auto-fulfillment-replication-refresh-schedule).","description_kind":"plain","optional":true,"computed":true},"lock_timeout":{"type":"number","description":"Number of seconds to wait while trying to lock a resource, before timing out and aborting the statement. For more information, check [LOCK_TIMEOUT docs](https://docs.snowflake.com/en/sql-reference/parameters#lock-timeout).","description_kind":"plain","optional":true,"computed":true},"log_level":{"type":"string","description":"Specifies the severity level of messages that should be ingested and made available in the active event table. Messages at the specified level (and at more severe levels) are ingested. For more information about log levels, see [Setting levels for logging, metrics, and tracing](https://docs.snowflake.com/en/developer-guide/logging-tracing/telemetry-levels). Valid values are (case-insensitive): `TRACE` | `DEBUG` | `INFO` | `WARN` | `ERROR` | `FATAL` | `OFF`. For more information, check [LOG_LEVEL docs](https://docs.snowflake.com/en/sql-reference/parameters#log-level).","description_kind":"plain","optional":true,"computed":true},"max_concurrency_level":{"type":"number","description":"Specifies the concurrency level for SQL statements (that is, queries and DML) executed by a warehouse ([more details](https://docs.snowflake.com/en/sql-reference/parameters#max-concurrency-level)). For more information, check [MAX_CONCURRENCY_LEVEL docs](https://docs.snowflake.com/en/sql-reference/parameters#max-concurrency-level).","description_kind":"plain","optional":true,"computed":true},"max_data_extension_time_in_days":{"type":"number","description":"Maximum number of days Snowflake can extend the data retention period for tables to prevent streams on the tables from becoming stale. By default, if the [DATA_RETENTION_TIME_IN_DAYS](https://docs.snowflake.com/en/sql-reference/parameters#data-retention-time-in-days) setting for a source table is less than 14 days, and a stream has not been consumed, Snowflake temporarily extends this period to the stream’s offset, up to a maximum of 14 days, regardless of the [Snowflake Edition](https://docs.snowflake.com/en/user-guide/intro-editions) for your account. The MAX_DATA_EXTENSION_TIME_IN_DAYS parameter enables you to limit this automatic extension period to control storage costs for data retention or for compliance reasons. For more information, check [MAX_DATA_EXTENSION_TIME_IN_DAYS docs](https://docs.snowflake.com/en/sql-reference/parameters#max-data-extension-time-in-days).","description_kind":"plain","optional":true,"computed":true},"metric_level":{"type":"string","description":"Controls how metrics data is ingested into the event table. For more information about metric levels, see [Setting levels for logging, metrics, and tracing](https://docs.snowflake.com/en/developer-guide/logging-tracing/telemetry-levels). Valid values are (case-insensitive): `ALL` | `NONE`. For more information, check [METRIC_LEVEL docs](https://docs.snowflake.com/en/sql-reference/parameters#metric-level).","description_kind":"plain","optional":true,"computed":true},"min_data_retention_time_in_days":{"type":"number","description":"Minimum number of days for which Snowflake retains historical data for performing Time Travel actions (SELECT, CLONE, UNDROP) on an object. If a minimum number of days for data retention is set on an account, the data retention period for an object is determined by MAX([DATA_RETENTION_TIME_IN_DAYS](https://docs.snowflake.com/en/sql-reference/parameters#label-data-retention-time-in-days), MIN_DATA_RETENTION_TIME_IN_DAYS). For more information, check [MIN_DATA_RETENTION_TIME_IN_DAYS docs](https://docs.snowflake.com/en/sql-reference/parameters#min-data-retention-time-in-days).","description_kind":"plain","optional":true,"computed":true},"multi_statement_count":{"type":"number","description":"Number of statements to execute when using the multi-statement capability. For more information, check [MULTI_STATEMENT_COUNT docs](https://docs.snowflake.com/en/sql-reference/parameters#multi-statement-count).","description_kind":"plain","optional":true,"computed":true},"network_policy":{"type":"string","description":"Specifies the network policy to enforce for your account. Network policies enable restricting access to your account based on users’ IP address. For more details, see [Controlling network traffic with network policies](https://docs.snowflake.com/en/user-guide/network-policies). Due to technical limitations (read more [here](../guides/identifiers_rework_design_decisions#known-limitations-and-identifier-recommendations)), avoid using the following characters: `|`, `.`, `\"`. For more information, check [NETWORK_POLICY docs](https://docs.snowflake.com/en/sql-reference/parameters#network-policy).","description_kind":"plain","optional":true,"computed":true},"noorder_sequence_as_default":{"type":"bool","description":"Specifies whether the ORDER or NOORDER property is set by default when you create a new sequence or add a new table column. The ORDER and NOORDER properties determine whether or not the values are generated for the sequence or auto-incremented column in [increasing or decreasing order](https://docs.snowflake.com/en/user-guide/querying-sequences.html#label-querying-sequences-increasing-values). For more information, check [NOORDER_SEQUENCE_AS_DEFAULT docs](https://docs.snowflake.com/en/sql-reference/parameters#noorder-sequence-as-default).","description_kind":"plain","optional":true,"computed":true},"oauth_add_privileged_roles_to_blocked_list":{"type":"bool","description":"Determines whether the ACCOUNTADMIN, ORGADMIN, GLOBALORGADMIN, and SECURITYADMIN roles can be used as the primary role when creating a Snowflake session based on the access token from Snowflake’s authorization server. For more information, check [OAUTH_ADD_PRIVILEGED_ROLES_TO_BLOCKED_LIST docs](https://docs.snowflake.com/en/sql-reference/parameters#oauth-add-privileged-roles-to-blocked-list).","description_kind":"plain","optional":true,"computed":true},"odbc_treat_decimal_as_int":{"type":"bool","description":"Specifies how ODBC processes columns that have a scale of zero (0). For more information, check [ODBC_TREAT_DECIMAL_AS_INT docs](https://docs.snowflake.com/en/sql-reference/parameters#odbc-treat-decimal-as-int).","description_kind":"plain","optional":true,"computed":true},"packages_policy":{"type":"string","description":"Specifies [packages policy](https://docs.snowflake.com/en/developer-guide/udf/python/packages-policy) for the current account.","description_kind":"plain","optional":true},"password_policy":{"type":"string","description":"Specifies [password policy](https://docs.snowflake.com/en/user-guide/password-authentication#label-using-password-policies) for the current account. For more information about this resource, see [docs](./password_policy).","description_kind":"plain","optional":true},"periodic_data_rekeying":{"type":"bool","description":"It enables/disables re-encryption of table data with new keys on a yearly basis to provide additional levels of data protection ([more details](https://docs.snowflake.com/en/sql-reference/parameters#periodic-data-rekeying)). For more information, check [PERIODIC_DATA_REKEYING docs](https://docs.snowflake.com/en/sql-reference/parameters#periodic-data-rekeying).","description_kind":"plain","optional":true,"computed":true},"pipe_execution_paused":{"type":"bool","description":"Specifies whether to pause a running pipe, primarily in preparation for transferring ownership of the pipe to a different role ([more details](https://docs.snowflake.com/en/sql-reference/parameters#pipe-execution-paused)). For more information, check [PIPE_EXECUTION_PAUSED docs](https://docs.snowflake.com/en/sql-reference/parameters#pipe-execution-paused).","description_kind":"plain","optional":true,"computed":true},"prevent_unload_to_inline_url":{"type":"bool","description":"Specifies whether to prevent ad hoc data unload operations to external cloud storage locations (that is, [COPY INTO location](https://docs.snowflake.com/en/sql-reference/sql/copy-into-location) statements that specify the cloud storage URL and access settings directly in the statement). For an example, see [Unloading data from a table directly to files in an external location](https://docs.snowflake.com/en/sql-reference/sql/copy-into-location.html#label-copy-into-location-ad-hoc). For more information, check [PREVENT_UNLOAD_TO_INLINE_URL docs](https://docs.snowflake.com/en/sql-reference/parameters#prevent-unload-to-inline-url).","description_kind":"plain","optional":true,"computed":true},"prevent_unload_to_internal_stages":{"type":"bool","description":"Specifies whether to prevent data unload operations to internal (Snowflake) stages using [COPY INTO location](https://docs.snowflake.com/en/sql-reference/sql/copy-into-location) statements. For more information, check [PREVENT_UNLOAD_TO_INTERNAL_STAGES docs](https://docs.snowflake.com/en/sql-reference/parameters#prevent-unload-to-internal-stages).","description_kind":"plain","optional":true,"computed":true},"python_profiler_modules":{"type":"string","description":"Specifies the list of Python modules to include in a report when [profiling Python handler code](https://docs.snowflake.com/en/developer-guide/stored-procedure/python/procedure-python-profiler). For more information, check [PYTHON_PROFILER_MODULES docs](https://docs.snowflake.com/en/sql-reference/parameters#python-profiler-modules).","description_kind":"plain","optional":true,"computed":true},"python_profiler_target_stage":{"type":"string","description":"Specifies the fully-qualified name of the stage in which to save a report when [profiling Python handler code](https://docs.snowflake.com/en/developer-guide/stored-procedure/python/procedure-python-profiler). For more information, check [PYTHON_PROFILER_TARGET_STAGE docs](https://docs.snowflake.com/en/sql-reference/parameters#python-profiler-target-stage).","description_kind":"plain","optional":true,"computed":true},"query_tag":{"type":"string","description":"Optional string that can be used to tag queries and other SQL statements executed within a session. The tags are displayed in the output of the [QUERY_HISTORY, QUERY_HISTORY_BY_*](https://docs.snowflake.com/en/sql-reference/functions/query_history) functions. For more information, check [QUERY_TAG docs](https://docs.snowflake.com/en/sql-reference/parameters#query-tag).","description_kind":"plain","optional":true,"computed":true},"quoted_identifiers_ignore_case":{"type":"bool","description":"Specifies whether letters in double-quoted object identifiers are stored and resolved as uppercase letters. By default, Snowflake preserves the case of alphabetic characters when storing and resolving double-quoted identifiers (see [Identifier resolution](https://docs.snowflake.com/en/sql-reference/identifiers-syntax.html#label-identifier-casing)). You can use this parameter in situations in which [third-party applications always use double quotes around identifiers](https://docs.snowflake.com/en/sql-reference/identifiers-syntax.html#label-identifier-casing-parameter). For more information, check [QUOTED_IDENTIFIERS_IGNORE_CASE docs](https://docs.snowflake.com/en/sql-reference/parameters#quoted-identifiers-ignore-case).","description_kind":"plain","optional":true,"computed":true},"replace_invalid_characters":{"type":"bool","description":"Specifies whether to replace invalid UTF-8 characters with the Unicode replacement character (�) in query results for [Apache Iceberg™ tables](https://docs.snowflake.com/en/sql-reference/sql/create-iceberg-table) that use an external catalog. For more information, check [REPLACE_INVALID_CHARACTERS docs](https://docs.snowflake.com/en/sql-reference/parameters#replace-invalid-characters).","description_kind":"plain","optional":true,"computed":true},"require_storage_integration_for_stage_creation":{"type":"bool","description":"Specifies whether to require a storage integration object as cloud credentials when creating a named external stage (using [CREATE STAGE](https://docs.snowflake.com/en/sql-reference/sql/create-stage)) to access a private cloud storage location. For more information, check [REQUIRE_STORAGE_INTEGRATION_FOR_STAGE_CREATION docs](https://docs.snowflake.com/en/sql-reference/parameters#require-storage-integration-for-stage-creation).","description_kind":"plain","optional":true,"computed":true},"require_storage_integration_for_stage_operation":{"type":"bool","description":"Specifies whether to require using a named external stage that references a storage integration object as cloud credentials when loading data from or unloading data to a private cloud storage location. For more information, check [REQUIRE_STORAGE_INTEGRATION_FOR_STAGE_OPERATION docs](https://docs.snowflake.com/en/sql-reference/parameters#require-storage-integration-for-stage-operation).","description_kind":"plain","optional":true,"computed":true},"resource_monitor":{"type":"string","description":"Parameter that specifies the name of the resource monitor used to control all virtual warehouses created in the account. External changes for this field won't be detected. In case you want to apply external changes, you can re-create the resource manually using \"terraform taint\".","description_kind":"plain","optional":true},"rows_per_resultset":{"type":"number","description":"Specifies the maximum number of rows returned in a result set. A value of 0 specifies no maximum. For more information, check [ROWS_PER_RESULTSET docs](https://docs.snowflake.com/en/sql-reference/parameters#rows-per-resultset).","description_kind":"plain","optional":true,"computed":true},"s3_stage_vpce_dns_name":{"type":"string","description":"Specifies the DNS name of an Amazon S3 interface endpoint. Requests sent to the internal stage of an account via [AWS PrivateLink for Amazon S3](https://docs.aws.amazon.com/AmazonS3/latest/userguide/privatelink-interface-endpoints.html) use this endpoint to connect. For more information, see [Accessing Internal stages with dedicated interface endpoints](https://docs.snowflake.com/en/user-guide/private-internal-stages-aws.html#label-aws-privatelink-internal-stage-network-isolation). For more information, check [S3_STAGE_VPCE_DNS_NAME docs](https://docs.snowflake.com/en/sql-reference/parameters#s3-stage-vpce-dns-name).","description_kind":"plain","optional":true,"computed":true},"saml_identity_provider":{"type":"string","description":"Enables federated authentication. This deprecated parameter enables federated authentication ([more details](https://docs.snowflake.com/en/sql-reference/parameters#saml-identity-provider)). For more information, check [SAML_IDENTITY_PROVIDER docs](https://docs.snowflake.com/en/sql-reference/parameters#saml-identity-provider).","description_kind":"plain","optional":true,"computed":true},"search_path":{"type":"string","description":"Specifies the path to search to resolve unqualified object names in queries. For more information, see [Name resolution in queries](https://docs.snowflake.com/en/sql-reference/name-resolution.html#label-object-name-resolution-search-path). Comma-separated list of identifiers. An identifier can be a fully or partially qualified schema name. For more information, check [SEARCH_PATH docs](https://docs.snowflake.com/en/sql-reference/parameters#search-path).","description_kind":"plain","optional":true,"computed":true},"serverless_task_max_statement_size":{"type":"string","description":"Specifies the maximum allowed warehouse size for [Serverless tasks](https://docs.snowflake.com/en/user-guide/tasks-intro.html#label-tasks-compute-resources-serverless). Valid values are (case-insensitive): `XSMALL` | `X-SMALL` | `SMALL` | `MEDIUM` | `LARGE` | `XLARGE` | `X-LARGE` | `XXLARGE` | `X2LARGE` | `2X-LARGE` | `XXXLARGE` | `X3LARGE` | `3X-LARGE` | `X4LARGE` | `4X-LARGE` | `X5LARGE` | `5X-LARGE` | `X6LARGE` | `6X-LARGE`. For more information, check [SERVERLESS_TASK_MAX_STATEMENT_SIZE docs](https://docs.snowflake.com/en/sql-reference/parameters#serverless-task-max-statement-size).","description_kind":"plain","optional":true,"computed":true},"serverless_task_min_statement_size":{"type":"string","description":"Specifies the minimum allowed warehouse size for [Serverless tasks](https://docs.snowflake.com/en/user-guide/tasks-intro.html#label-tasks-compute-resources-serverless). Valid values are (case-insensitive): `XSMALL` | `X-SMALL` | `SMALL` | `MEDIUM` | `LARGE` | `XLARGE` | `X-LARGE` | `XXLARGE` | `X2LARGE` | `2X-LARGE` | `XXXLARGE` | `X3LARGE` | `3X-LARGE` | `X4LARGE` | `4X-LARGE` | `X5LARGE` | `5X-LARGE` | `X6LARGE` | `6X-LARGE`. For more information, check [SERVERLESS_TASK_MIN_STATEMENT_SIZE docs](https://docs.snowflake.com/en/sql-reference/parameters#serverless-task-min-statement-size).","description_kind":"plain","optional":true,"computed":true},"session_policy":{"type":"string","description":"Specifies [session policy](https://docs.snowflake.com/en/user-guide/session-policies-using) for the current account.","description_kind":"plain","optional":true},"simulated_data_sharing_consumer":{"type":"string","description":"Specifies the name of a consumer account to simulate for testing/validating shared data, particularly shared secure views. When this parameter is set in a session, shared views return rows as if executed in the specified consumer account rather than the provider account. For more information, check [SIMULATED_DATA_SHARING_CONSUMER docs](https://docs.snowflake.com/en/sql-reference/parameters#simulated-data-sharing-consumer).","description_kind":"plain","optional":true,"computed":true},"sso_login_page":{"type":"bool","description":"This deprecated parameter disables preview mode for testing SSO (after enabling federated authentication) before rolling it out to users. For more information, check [SSO_LOGIN_PAGE docs](https://docs.snowflake.com/en/sql-reference/parameters#sso-login-page).","description_kind":"plain","optional":true,"computed":true},"statement_queued_timeout_in_seconds":{"type":"number","description":"Amount of time, in seconds, a SQL statement (query, DDL, DML, etc.) remains queued for a warehouse before it is canceled by the system. This parameter can be used in conjunction with the [MAX_CONCURRENCY_LEVEL](https://docs.snowflake.com/en/sql-reference/parameters#label-max-concurrency-level) parameter to ensure a warehouse is never backlogged. For more information, check [STATEMENT_QUEUED_TIMEOUT_IN_SECONDS docs](https://docs.snowflake.com/en/sql-reference/parameters#statement-queued-timeout-in-seconds).","description_kind":"plain","optional":true,"computed":true},"statement_timeout_in_seconds":{"type":"number","description":"Amount of time, in seconds, after which a running SQL statement (query, DDL, DML, etc.) is canceled by the system. For more information, check [STATEMENT_TIMEOUT_IN_SECONDS docs](https://docs.snowflake.com/en/sql-reference/parameters#statement-timeout-in-seconds).","description_kind":"plain","optional":true,"computed":true},"storage_serialization_policy":{"type":"string","description":"Specifies the storage serialization policy for Snowflake-managed [Apache Iceberg™ tables](https://docs.snowflake.com/en/user-guide/tables-iceberg). Valid values are (case-insensitive): `COMPATIBLE` | `OPTIMIZED`. For more information, check [STORAGE_SERIALIZATION_POLICY docs](https://docs.snowflake.com/en/sql-reference/parameters#storage-serialization-policy).","description_kind":"plain","optional":true,"computed":true},"strict_json_output":{"type":"bool","description":"This parameter specifies whether JSON output in a session is compatible with the general standard (as described by [http://json.org](http://json.org)). By design, Snowflake allows JSON input that contains non-standard values; however, these non-standard values might result in Snowflake outputting JSON that is incompatible with other platforms and languages. This parameter, when enabled, ensures that Snowflake outputs valid/compatible JSON. For more information, check [STRICT_JSON_OUTPUT docs](https://docs.snowflake.com/en/sql-reference/parameters#strict-json-output).","description_kind":"plain","optional":true,"computed":true},"suspend_task_after_num_failures":{"type":"number","description":"Specifies the number of consecutive failed task runs after which the current task is suspended automatically. The default is 0 (no automatic suspension). For more information, check [SUSPEND_TASK_AFTER_NUM_FAILURES docs](https://docs.snowflake.com/en/sql-reference/parameters#suspend-task-after-num-failures).","description_kind":"plain","optional":true,"computed":true},"task_auto_retry_attempts":{"type":"number","description":"Specifies the number of automatic task graph retry attempts. If any task graphs complete in a FAILED state, Snowflake can automatically retry the task graphs from the last task in the graph that failed. For more information, check [TASK_AUTO_RETRY_ATTEMPTS docs](https://docs.snowflake.com/en/sql-reference/parameters#task-auto-retry-attempts).","description_kind":"plain","optional":true,"computed":true},"time_input_format":{"type":"string","description":"Specifies the input format for the TIME data type. For more information, see [Date and time input and output formats](https://docs.snowflake.com/en/sql-reference/date-time-input-output). Any valid, supported time format or AUTO (AUTO specifies that Snowflake attempts to automatically detect the format of times stored in the system during the session). For more information, check [TIME_INPUT_FORMAT docs](https://docs.snowflake.com/en/sql-reference/parameters#time-input-format).","description_kind":"plain","optional":true,"computed":true},"time_output_format":{"type":"string","description":"Specifies the display format for the TIME data type. For more information, see [Date and time input and output formats](https://docs.snowflake.com/en/sql-reference/date-time-input-output). For more information, check [TIME_OUTPUT_FORMAT docs](https://docs.snowflake.com/en/sql-reference/parameters#time-output-format).","description_kind":"plain","optional":true,"computed":true},"timestamp_day_is_always_24h":{"type":"bool","description":"Specifies whether the [DATEADD](https://docs.snowflake.com/en/sql-reference/functions/dateadd) function (and its aliases) always consider a day to be exactly 24 hours for expressions that span multiple days. For more information, check [TIMESTAMP_DAY_IS_ALWAYS_24H docs](https://docs.snowflake.com/en/sql-reference/parameters#timestamp-day-is-always-24h).","description_kind":"plain","optional":true,"computed":true},"timestamp_input_format":{"type":"string","description":"Specifies the input format for the TIMESTAMP data type alias. For more information, see [Date and time input and output formats](https://docs.snowflake.com/en/sql-reference/date-time-input-output). Any valid, supported timestamp format or AUTO (AUTO specifies that Snowflake attempts to automatically detect the format of timestamps stored in the system during the session). For more information, check [TIMESTAMP_INPUT_FORMAT docs](https://docs.snowflake.com/en/sql-reference/parameters#timestamp-input-format).","description_kind":"plain","optional":true,"computed":true},"timestamp_ltz_output_format":{"type":"string","description":"Specifies the display format for the TIMESTAMP_LTZ data type. If no format is specified, defaults to [TIMESTAMP_OUTPUT_FORMAT](https://docs.snowflake.com/en/sql-reference/parameters#label-timestamp-output-format). For more information, see [Date and time input and output formats](https://docs.snowflake.com/en/sql-reference/date-time-input-output). For more information, check [TIMESTAMP_LTZ_OUTPUT_FORMAT docs](https://docs.snowflake.com/en/sql-reference/parameters#timestamp-ltz-output-format).","description_kind":"plain","optional":true,"computed":true},"timestamp_ntz_output_format":{"type":"string","description":"Specifies the display format for the TIMESTAMP_NTZ data type. For more information, check [TIMESTAMP_NTZ_OUTPUT_FORMAT docs](https://docs.snowflake.com/en/sql-reference/parameters#timestamp-ntz-output-format).","description_kind":"plain","optional":true,"computed":true},"timestamp_output_format":{"type":"string","description":"Specifies the display format for the TIMESTAMP data type alias. For more information, see [Date and time input and output formats](https://docs.snowflake.com/en/sql-reference/date-time-input-output). For more information, check [TIMESTAMP_OUTPUT_FORMAT docs](https://docs.snowflake.com/en/sql-reference/parameters#timestamp-output-format).","description_kind":"plain","optional":true,"computed":true},"timestamp_type_mapping":{"type":"string","description":"Specifies the TIMESTAMP_* variation that the TIMESTAMP data type alias maps to. Valid values are (case-insensitive): `TIMESTAMP_LTZ` | `TIMESTAMP_NTZ` | `TIMESTAMP_TZ`. For more information, check [TIMESTAMP_TYPE_MAPPING docs](https://docs.snowflake.com/en/sql-reference/parameters#timestamp-type-mapping).","description_kind":"plain","optional":true,"computed":true},"timestamp_tz_output_format":{"type":"string","description":"Specifies the display format for the TIMESTAMP_TZ data type. If no format is specified, defaults to [TIMESTAMP_OUTPUT_FORMAT](https://docs.snowflake.com/en/sql-reference/parameters#label-timestamp-output-format). For more information, see [Date and time input and output formats](https://docs.snowflake.com/en/sql-reference/date-time-input-output). For more information, check [TIMESTAMP_TZ_OUTPUT_FORMAT docs](https://docs.snowflake.com/en/sql-reference/parameters#timestamp-tz-output-format).","description_kind":"plain","optional":true,"computed":true},"timezone":{"type":"string","description":"Specifies the time zone for the session. You can specify a [time zone name](https://data.iana.org/time-zones/tzdb-2021a/zone1970.tab) or a [link name](https://data.iana.org/time-zones/tzdb-2021a/backward) from release 2021a of the [IANA Time Zone Database](https://www.iana.org/time-zones) (e.g. America/Los_Angeles, Europe/London, UTC, Etc/GMT, etc.). For more information, check [TIMEZONE docs](https://docs.snowflake.com/en/sql-reference/parameters#timezone).","description_kind":"plain","optional":true,"computed":true},"trace_level":{"type":"string","description":"Controls how trace events are ingested into the event table. For more information about trace levels, see [Setting trace level](https://docs.snowflake.com/en/developer-guide/logging-tracing/tracing-trace-level). Valid values are (case-insensitive): `ALWAYS` | `ON_EVENT` | `PROPAGATE` | `OFF`. For more information, check [TRACE_LEVEL docs](https://docs.snowflake.com/en/sql-reference/parameters#trace-level).","description_kind":"plain","optional":true,"computed":true},"transaction_abort_on_error":{"type":"bool","description":"Specifies the action to perform when a statement issued within a non-autocommit transaction returns with an error. For more information, check [TRANSACTION_ABORT_ON_ERROR docs](https://docs.snowflake.com/en/sql-reference/parameters#transaction-abort-on-error).","description_kind":"plain","optional":true,"computed":true},"transaction_default_isolation_level":{"type":"string","description":"Specifies the isolation level for transactions in the user session. Valid values are (case-insensitive): `READ COMMITTED`. For more information, check [TRANSACTION_DEFAULT_ISOLATION_LEVEL docs](https://docs.snowflake.com/en/sql-reference/parameters#transaction-default-isolation-level).","description_kind":"plain","optional":true,"computed":true},"two_digit_century_start":{"type":"number","description":"Specifies the “century start” year for 2-digit years (i.e. the earliest year such dates can represent). This parameter prevents ambiguous dates when importing or converting data with the `YY` date format component (i.e. years represented as 2 digits). For more information, check [TWO_DIGIT_CENTURY_START docs](https://docs.snowflake.com/en/sql-reference/parameters#two-digit-century-start).","description_kind":"plain","optional":true,"computed":true},"unsupported_ddl_action":{"type":"string","description":"Determines if an unsupported (i.e. non-default) value specified for a constraint property returns an error. For more information, check [UNSUPPORTED_DDL_ACTION docs](https://docs.snowflake.com/en/sql-reference/parameters#unsupported-ddl-action).","description_kind":"plain","optional":true,"computed":true},"use_cached_result":{"type":"bool","description":"Specifies whether to reuse persisted query results, if available, when a matching query is submitted. For more information, check [USE_CACHED_RESULT docs](https://docs.snowflake.com/en/sql-reference/parameters#use-cached-result).","description_kind":"plain","optional":true,"computed":true},"user_task_managed_initial_warehouse_size":{"type":"string","description":"Specifies the size of the compute resources to provision for the first run of the task, before a task history is available for Snowflake to determine an ideal size. Once a task has successfully completed a few runs, Snowflake ignores this parameter setting. Valid values are (case-insensitive): `XSMALL` | `X-SMALL` | `SMALL` | `MEDIUM` | `LARGE` | `XLARGE` | `X-LARGE` | `XXLARGE` | `X2LARGE` | `2X-LARGE` | `XXXLARGE` | `X3LARGE` | `3X-LARGE` | `X4LARGE` | `4X-LARGE` | `X5LARGE` | `5X-LARGE` | `X6LARGE` | `6X-LARGE`. For more information, check [USER_TASK_MANAGED_INITIAL_WAREHOUSE_SIZE docs](https://docs.snowflake.com/en/sql-reference/parameters#user-task-managed-initial-warehouse-size).","description_kind":"plain","optional":true,"computed":true},"user_task_minimum_trigger_interval_in_seconds":{"type":"number","description":"Minimum amount of time between Triggered Task executions in seconds For more information, check [USER_TASK_MINIMUM_TRIGGER_INTERVAL_IN_SECONDS docs](https://docs.snowflake.com/en/sql-reference/parameters#user-task-minimum-trigger-interval-in-seconds).","description_kind":"plain","optional":true,"computed":true},"user_task_timeout_ms":{"type":"number","description":"Specifies the time limit on a single run of the task before it times out (in milliseconds). For more information, check [USER_TASK_TIMEOUT_MS docs](https://docs.snowflake.com/en/sql-reference/parameters#user-task-timeout-ms).","description_kind":"plain","optional":true,"computed":true},"week_of_year_policy":{"type":"number","description":"Specifies how the weeks in a given year are computed. `0`: The semantics used are equivalent to the ISO semantics, in which a week belongs to a given year if at least 4 days of that week are in that year. `1`: January 1 is included in the first week of the year and December 31 is included in the last week of the year. For more information, check [WEEK_OF_YEAR_POLICY docs](https://docs.snowflake.com/en/sql-reference/parameters#week-of-year-policy).","description_kind":"plain","optional":true,"computed":true},"week_start":{"type":"number","description":"Specifies the first day of the week (used by week-related date functions). `0`: Legacy Snowflake behavior is used (i.e. ISO-like semantics). `1` (Monday) to `7` (Sunday): All the week-related functions use weeks that start on the specified day of the week. For more information, check [WEEK_START docs](https://docs.snowflake.com/en/sql-reference/parameters#week-start).","description_kind":"plain","optional":true,"computed":true}},"block_types":{"timeouts":{"nesting_mode":"single","block":{"attributes":{"create":{"type":"string","description_kind":"plain","optional":true},"delete":{"type":"string","description_kind":"plain","optional":true},"read":{"type":"string","description_kind":"plain","optional":true},"update":{"type":"string","description_kind":"plain","optional":true}},"description_kind":"plain"}}},"description":"Resource used to manage the account you are currently connected to. This resource is used to set account parameters and other account-level settings. See [ALTER ACCOUNT](https://docs.snowflake.com/en/sql-reference/sql/alter-account) documentation for more information on resource capabilities.","description_kind":"plain"}},"snowflake_current_organization_account":{"version":0,"block":{"attributes":{"abort_detached_query":{"type":"bool","description":"Specifies the action that Snowflake performs for in-progress queries if connectivity is lost due to abrupt termination of a session (e.g. network outage, browser termination, service interruption). For more information, check [ABORT_DETACHED_QUERY docs](https://docs.snowflake.com/en/sql-reference/parameters#abort-detached-query).","description_kind":"plain","optional":true,"computed":true},"active_python_profiler":{"type":"string","description":"Sets the profiler to use for the session when [profiling Python handler code](https://docs.snowflake.com/en/developer-guide/stored-procedure/python/procedure-python-profiler). Valid values are (case-insensitive): `LINE` | `MEMORY`. For more information, check [ACTIVE_PYTHON_PROFILER docs](https://docs.snowflake.com/en/sql-reference/parameters#active-python-profiler).","description_kind":"plain","optional":true,"computed":true},"allow_client_mfa_caching":{"type":"bool","description":"Specifies whether an MFA token can be saved in the client-side operating system keystore to promote continuous, secure connectivity without users needing to respond to an MFA prompt at the start of each connection attempt to Snowflake. For details and the list of supported Snowflake-provided clients, see [Using MFA token caching to minimize the number of prompts during authentication — optional.](https://docs.snowflake.com/en/user-guide/security-mfa.html#label-mfa-token-caching) For more information, check [ALLOW_CLIENT_MFA_CACHING docs](https://docs.snowflake.com/en/sql-reference/parameters#allow-client-mfa-caching).","description_kind":"plain","optional":true,"computed":true},"allow_id_token":{"type":"bool","description":"Specifies whether a connection token can be saved in the client-side operating system keystore to promote continuous, secure connectivity without users needing to enter login credentials at the start of each connection attempt to Snowflake. For details and the list of supported Snowflake-provided clients, see [Using connection caching to minimize the number of prompts for authentication — optional.](https://docs.snowflake.com/en/user-guide/admin-security-fed-auth-use.html#label-browser-based-sso-connection-caching) For more information, check [ALLOW_ID_TOKEN docs](https://docs.snowflake.com/en/sql-reference/parameters#allow-id-token).","description_kind":"plain","optional":true,"computed":true},"autocommit":{"type":"bool","description":"Specifies whether autocommit is enabled for the session. Autocommit determines whether a DML statement, when executed without an active transaction, is automatically committed after the statement successfully completes. For more information, see [Transactions](https://docs.snowflake.com/en/sql-reference/transactions). For more information, check [AUTOCOMMIT docs](https://docs.snowflake.com/en/sql-reference/parameters#autocommit).","description_kind":"plain","optional":true,"computed":true},"base_location_prefix":{"type":"string","description":"Specifies a prefix for Snowflake to use in the write path for Snowflake-managed Apache Iceberg™ tables. For more information, see [data and metadata directories for Iceberg tables](https://docs.snowflake.com/en/user-guide/tables-iceberg-storage.html#label-tables-iceberg-configure-external-volume-base-location). For more information, check [BASE_LOCATION_PREFIX docs](https://docs.snowflake.com/en/sql-reference/parameters#base-location-prefix).","description_kind":"plain","optional":true,"computed":true},"binary_input_format":{"type":"string","description":"The format of VARCHAR values passed as input to VARCHAR-to-BINARY conversion functions. For more information, see [Binary input and output](https://docs.snowflake.com/en/sql-reference/binary-input-output). Valid values are (case-insensitive): `HEX` | `BASE64` | `UTF8`. For more information, check [BINARY_INPUT_FORMAT docs](https://docs.snowflake.com/en/sql-reference/parameters#binary-input-format).","description_kind":"plain","optional":true,"computed":true},"binary_output_format":{"type":"string","description":"The format for VARCHAR values returned as output by BINARY-to-VARCHAR conversion functions. For more information, see [Binary input and output](https://docs.snowflake.com/en/sql-reference/binary-input-output). Valid values are (case-insensitive): `HEX` | `BASE64`. For more information, check [BINARY_OUTPUT_FORMAT docs](https://docs.snowflake.com/en/sql-reference/parameters#binary-output-format).","description_kind":"plain","optional":true,"computed":true},"catalog":{"type":"string","description":"Specifies the catalog for Apache Iceberg™ tables. For more information, see the [Iceberg table documentation](https://docs.snowflake.com/en/user-guide/tables-iceberg.html#label-tables-iceberg-catalog-def). Due to technical limitations (read more [here](../guides/identifiers_rework_design_decisions#known-limitations-and-identifier-recommendations)), avoid using the following characters: `|`, `.`, `\"`. For more information, check [CATALOG docs](https://docs.snowflake.com/en/sql-reference/parameters#catalog).","description_kind":"plain","optional":true,"computed":true},"catalog_sync":{"type":"string","description":"Specifies the name of your catalog integration for [Snowflake Open Catalog](https://other-docs.snowflake.com/en/opencatalog/overview). Snowflake syncs tables that use the specified catalog integration with your Snowflake Open Catalog account. For more information, see [Sync a Snowflake-managed table with Snowflake Open Catalog](https://docs.snowflake.com/en/user-guide/tables-iceberg-open-catalog-sync). Due to technical limitations (read more [here](../guides/identifiers_rework_design_decisions#known-limitations-and-identifier-recommendations)), avoid using the following characters: `|`, `.`, `\"`. For more information, check [CATALOG_SYNC docs](https://docs.snowflake.com/en/sql-reference/parameters#catalog-sync).","description_kind":"plain","optional":true,"computed":true},"client_enable_log_info_statement_parameters":{"type":"bool","description":"Enables users to log the data values bound to [PreparedStatements](https://docs.snowflake.com/en/developer-guide/jdbc/jdbc-api.html#label-jdbc-api-preparedstatement) ([more details](https://docs.snowflake.com/en/sql-reference/parameters#client-enable-log-info-statement-parameters)). For more information, check [CLIENT_ENABLE_LOG_INFO_STATEMENT_PARAMETERS docs](https://docs.snowflake.com/en/sql-reference/parameters#client-enable-log-info-statement-parameters).","description_kind":"plain","optional":true,"computed":true},"client_encryption_key_size":{"type":"number","description":"Specifies the AES encryption key size, in bits, used by Snowflake to encrypt/decrypt files stored on internal stages (for loading/unloading data) when you use the SNOWFLAKE_FULL encryption type. For more information, check [CLIENT_ENCRYPTION_KEY_SIZE docs](https://docs.snowflake.com/en/sql-reference/parameters#client-encryption-key-size).","description_kind":"plain","optional":true,"computed":true},"client_memory_limit":{"type":"number","description":"Parameter that specifies the maximum amount of memory the JDBC driver or ODBC driver should use for the result set from queries (in MB). For more information, check [CLIENT_MEMORY_LIMIT docs](https://docs.snowflake.com/en/sql-reference/parameters#client-memory-limit).","description_kind":"plain","optional":true,"computed":true},"client_metadata_request_use_connection_ctx":{"type":"bool","description":"For specific ODBC functions and JDBC methods, this parameter can change the default search scope from all databases/schemas to the current database/schema. The narrower search typically returns fewer rows and executes more quickly. For more information, check [CLIENT_METADATA_REQUEST_USE_CONNECTION_CTX docs](https://docs.snowflake.com/en/sql-reference/parameters#client-metadata-request-use-connection-ctx).","description_kind":"plain","optional":true,"computed":true},"client_metadata_use_session_database":{"type":"bool","description":"For specific ODBC functions and JDBC methods, this parameter can change the default search scope from all databases to the current database. The narrower search typically returns fewer rows and executes more quickly ([more details on the usage](https://docs.snowflake.com/en/sql-reference/parameters#client-metadata-use-session-database)). For more information, check [CLIENT_METADATA_USE_SESSION_DATABASE docs](https://docs.snowflake.com/en/sql-reference/parameters#client-metadata-use-session-database).","description_kind":"plain","optional":true,"computed":true},"client_prefetch_threads":{"type":"number","description":"Parameter that specifies the number of threads used by the client to pre-fetch large result sets. The driver will attempt to honor the parameter value, but defines the minimum and maximum values (depending on your system’s resources) to improve performance. For more information, check [CLIENT_PREFETCH_THREADS docs](https://docs.snowflake.com/en/sql-reference/parameters#client-prefetch-threads).","description_kind":"plain","optional":true,"computed":true},"client_result_chunk_size":{"type":"number","description":"Parameter that specifies the maximum size of each set (or chunk) of query results to download (in MB). The JDBC driver downloads query results in chunks. For more information, check [CLIENT_RESULT_CHUNK_SIZE docs](https://docs.snowflake.com/en/sql-reference/parameters#client-result-chunk-size).","description_kind":"plain","optional":true,"computed":true},"client_result_column_case_insensitive":{"type":"bool","description":"Parameter that indicates whether to match column name case-insensitively in ResultSet.get* methods in JDBC. For more information, check [CLIENT_RESULT_COLUMN_CASE_INSENSITIVE docs](https://docs.snowflake.com/en/sql-reference/parameters#client-result-column-case-insensitive).","description_kind":"plain","optional":true,"computed":true},"client_session_keep_alive":{"type":"bool","description":"Parameter that indicates whether to force a user to log in again after a period of inactivity in the session. For more information, check [CLIENT_SESSION_KEEP_ALIVE docs](https://docs.snowflake.com/en/sql-reference/parameters#client-session-keep-alive).","description_kind":"plain","optional":true,"computed":true},"client_session_keep_alive_heartbeat_frequency":{"type":"number","description":"Number of seconds in-between client attempts to update the token for the session. For more information, check [CLIENT_SESSION_KEEP_ALIVE_HEARTBEAT_FREQUENCY docs](https://docs.snowflake.com/en/sql-reference/parameters#client-session-keep-alive-heartbeat-frequency).","description_kind":"plain","optional":true,"computed":true},"client_timestamp_type_mapping":{"type":"string","description":"Specifies the [TIMESTAMP_* variation](https://docs.snowflake.com/en/sql-reference/data-types-datetime.html#label-datatypes-timestamp-variations) to use when binding timestamp variables for JDBC or ODBC applications that use the bind API to load data. Valid values are (case-insensitive): `TIMESTAMP_LTZ` | `TIMESTAMP_NTZ`. For more information, check [CLIENT_TIMESTAMP_TYPE_MAPPING docs](https://docs.snowflake.com/en/sql-reference/parameters#client-timestamp-type-mapping).","description_kind":"plain","optional":true,"computed":true},"comment":{"type":"string","description":"Specifies a comment for the organization account.","description_kind":"plain","optional":true},"cortex_enabled_cross_region":{"type":"string","description":"Specifies the regions where an inference request may be processed in case the request cannot be processed in the region where request is originally placed. Specifying DISABLED disables cross-region inferencing. For examples and details, see [Cross-region inference](https://docs.snowflake.com/en/user-guide/snowflake-cortex/cross-region-inference). For more information, check [CORTEX_ENABLED_CROSS_REGION docs](https://docs.snowflake.com/en/sql-reference/parameters#cortex-enabled-cross-region).","description_kind":"plain","optional":true,"computed":true},"cortex_models_allowlist":{"type":"string","description":"Specifies the models that users in the account can access. Use this parameter to allowlist models for all users in the account. If you need to provide specific users with access beyond what you’ve specified in the allowlist, use role-based access control instead. For more information, see [Model allowlist](https://docs.snowflake.com/en/user-guide/snowflake-cortex/aisql.html#label-cortex-llm-allowlist). For more information, check [CORTEX_MODELS_ALLOWLIST docs](https://docs.snowflake.com/en/sql-reference/parameters#cortex-models-allowlist).","description_kind":"plain","optional":true,"computed":true},"csv_timestamp_format":{"type":"string","description":"Specifies the format for TIMESTAMP values in CSV files downloaded from Snowsight. If this parameter is not set, [TIMESTAMP_LTZ_OUTPUT_FORMAT](https://docs.snowflake.com/en/sql-reference/parameters#label-timestamp-ltz-output-format) will be used for TIMESTAMP_LTZ values, [TIMESTAMP_TZ_OUTPUT_FORMAT](https://docs.snowflake.com/en/sql-reference/parameters#label-timestamp-tz-output-format) will be used for TIMESTAMP_TZ and [TIMESTAMP_NTZ_OUTPUT_FORMAT](https://docs.snowflake.com/en/sql-reference/parameters#label-timestamp-ntz-output-format) for TIMESTAMP_NTZ values. For more information, see [Date and time input and output formats](https://docs.snowflake.com/en/sql-reference/date-time-input-output) or [Download your query results](https://docs.snowflake.com/en/user-guide/ui-snowsight-query.html#label-snowsight-download-query-results). For more information, check [CSV_TIMESTAMP_FORMAT docs](https://docs.snowflake.com/en/sql-reference/parameters#csv-timestamp-format).","description_kind":"plain","optional":true,"computed":true},"data_retention_time_in_days":{"type":"number","description":"Number of days for which Snowflake retains historical data for performing Time Travel actions (SELECT, CLONE, UNDROP) on the object. A value of 0 effectively disables Time Travel for the specified database, schema, or table. For more information, see [Understanding \u0026 using Time Travel](https://docs.snowflake.com/en/user-guide/data-time-travel). For more information, check [DATA_RETENTION_TIME_IN_DAYS docs](https://docs.snowflake.com/en/sql-reference/parameters#data-retention-time-in-days).","description_kind":"plain","optional":true,"computed":true},"date_input_format":{"type":"string","description":"Specifies the input format for the DATE data type. For more information, see [Date and time input and output formats](https://docs.snowflake.com/en/sql-reference/date-time-input-output). For more information, check [DATE_INPUT_FORMAT docs](https://docs.snowflake.com/en/sql-reference/parameters#date-input-format).","description_kind":"plain","optional":true,"computed":true},"date_output_format":{"type":"string","description":"Specifies the display format for the DATE data type. For more information, see [Date and time input and output formats](https://docs.snowflake.com/en/sql-reference/date-time-input-output). For more information, check [DATE_OUTPUT_FORMAT docs](https://docs.snowflake.com/en/sql-reference/parameters#date-output-format).","description_kind":"plain","optional":true,"computed":true},"default_ddl_collation":{"type":"string","description":"Sets the default collation used for the following DDL operations: [CREATE TABLE](https://docs.snowflake.com/en/sql-reference/sql/create-table), [ALTER TABLE](https://docs.snowflake.com/en/sql-reference/sql/alter-table) … ADD COLUMN. Setting this parameter forces all subsequently-created columns in the affected objects (table, schema, database, or account) to have the specified collation as the default, unless the collation for the column is explicitly defined in the DDL. For more information, check [DEFAULT_DDL_COLLATION docs](https://docs.snowflake.com/en/sql-reference/parameters#default-ddl-collation).","description_kind":"plain","optional":true,"computed":true},"default_notebook_compute_pool_cpu":{"type":"string","description":"Sets the preferred CPU compute pool used for [Notebooks on CPU Container Runtime](https://docs.snowflake.com/en/developer-guide/snowflake-ml/notebooks-on-spcs). Due to technical limitations (read more [here](../guides/identifiers_rework_design_decisions#known-limitations-and-identifier-recommendations)), avoid using the following characters: `|`, `.`, `\"`. For more information, check [DEFAULT_NOTEBOOK_COMPUTE_POOL_CPU docs](https://docs.snowflake.com/en/sql-reference/parameters#default-notebook-compute-pool-cpu).","description_kind":"plain","optional":true,"computed":true},"default_notebook_compute_pool_gpu":{"type":"string","description":"Sets the preferred GPU compute pool used for [Notebooks on GPU Container Runtime](https://docs.snowflake.com/en/developer-guide/snowflake-ml/notebooks-on-spcs). Due to technical limitations (read more [here](../guides/identifiers_rework_design_decisions#known-limitations-and-identifier-recommendations)), avoid using the following characters: `|`, `.`, `\"`. For more information, check [DEFAULT_NOTEBOOK_COMPUTE_POOL_GPU docs](https://docs.snowflake.com/en/sql-reference/parameters#default-notebook-compute-pool-gpu).","description_kind":"plain","optional":true,"computed":true},"default_null_ordering":{"type":"string","description":"Specifies the default ordering of NULL values in a result set ([more details](https://docs.snowflake.com/en/sql-reference/parameters#default-null-ordering)). Valid values are (case-insensitive): `FIRST` | `LAST`. For more information, check [DEFAULT_NULL_ORDERING docs](https://docs.snowflake.com/en/sql-reference/parameters#default-null-ordering).","description_kind":"plain","optional":true,"computed":true},"default_streamlit_notebook_warehouse":{"type":"string","description":"Specifies the name of the default warehouse to use when creating a notebook. Due to technical limitations (read more [here](../guides/identifiers_rework_design_decisions#known-limitations-and-identifier-recommendations)), avoid using the following characters: `|`, `.`, `\"`. For more information, check [DEFAULT_STREAMLIT_NOTEBOOK_WAREHOUSE docs](https://docs.snowflake.com/en/sql-reference/parameters#default-streamlit-notebook-warehouse).","description_kind":"plain","optional":true,"computed":true},"disable_ui_download_button":{"type":"bool","description":"Controls whether users in an account see a button to download data in Snowsight or the Classic Console, such as a table returned from running a query in a worksheet. If the button to download is hidden in Snowsight or the Classic Console, users can still download or export data using [third-party software](https://docs.snowflake.com/en/user-guide/ecosystem). For more information, check [DISABLE_UI_DOWNLOAD_BUTTON docs](https://docs.snowflake.com/en/sql-reference/parameters#disable-ui-download-button).","description_kind":"plain","optional":true,"computed":true},"disable_user_privilege_grants":{"type":"bool","description":"Controls whether users in an account can grant privileges directly to other users. Disabling user privilege grants (that is, setting DISABLE_USER_PRIVILEGE_GRANTS to TRUE) does not affect existing grants to users. Existing grants to users continue to confer privileges to those users. For more information, see [GRANT \u003cprivileges\u003e … TO USER](https://docs.snowflake.com/en/sql-reference/sql/grant-privilege-user). For more information, check [DISABLE_USER_PRIVILEGE_GRANTS docs](https://docs.snowflake.com/en/sql-reference/parameters#disable-user-privilege-grants).","description_kind":"plain","optional":true,"computed":true},"enable_automatic_sensitive_data_classification_log":{"type":"bool","description":"Controls whether events from [automatic sensitive data classification](https://docs.snowflake.com/en/user-guide/classify-auto) are logged in the user event table. For more information, check [ENABLE_AUTOMATIC_SENSITIVE_DATA_CLASSIFICATION_LOG docs](https://docs.snowflake.com/en/sql-reference/parameters#enable-automatic-sensitive-data-classification-log).","description_kind":"plain","optional":true,"computed":true},"enable_egress_cost_optimizer":{"type":"bool","description":"Enables or disables the Listing Cross-cloud auto-fulfillment Egress cost optimizer. For more information, check [ENABLE_EGRESS_COST_OPTIMIZER docs](https://docs.snowflake.com/en/sql-reference/parameters#enable-egress-cost-optimizer).","description_kind":"plain","optional":true,"computed":true},"enable_identifier_first_login":{"type":"bool","description":"Determines the login flow for users. When enabled, Snowflake prompts users for their username or email address before presenting authentication methods. For details, see [Identifier-first login](https://docs.snowflake.com/en/user-guide/identifier-first-login). For more information, check [ENABLE_IDENTIFIER_FIRST_LOGIN docs](https://docs.snowflake.com/en/sql-reference/parameters#enable-identifier-first-login).","description_kind":"plain","optional":true,"computed":true},"enable_internal_stages_privatelink":{"type":"bool","description":"Specifies whether the [SYSTEM$GET_PRIVATELINK_CONFIG](https://docs.snowflake.com/en/sql-reference/functions/system_get_privatelink_config) function returns the private-internal-stages key in the query result. The corresponding value in the query result is used during the configuration process for private connectivity to internal stages. For more information, check [ENABLE_INTERNAL_STAGES_PRIVATELINK docs](https://docs.snowflake.com/en/sql-reference/parameters#enable-internal-stages-privatelink).","description_kind":"plain","optional":true,"computed":true},"enable_tri_secret_and_rekey_opt_out_for_image_repository":{"type":"bool","description":"Specifies choice for the [image repository](https://docs.snowflake.com/en/developer-guide/snowpark-container-services/working-with-registry-repository.html#label-registry-and-repository-image-repository) to opt out of Tri-Secret Secure and [Periodic rekeying](https://docs.snowflake.com/en/user-guide/security-encryption-manage.html#label-periodic-rekeying). For more information, check [ENABLE_TRI_SECRET_AND_REKEY_OPT_OUT_FOR_IMAGE_REPOSITORY docs](https://docs.snowflake.com/en/sql-reference/parameters#enable-tri-secret-and-rekey-opt-out-for-image-repository).","description_kind":"plain","optional":true,"computed":true},"enable_tri_secret_and_rekey_opt_out_for_spcs_block_storage":{"type":"bool","description":"Specifies the choice for the [Snowpark Container Services block storage volume](https://docs.snowflake.com/en/developer-guide/snowpark-container-services/block-storage-volume) to opt out of Tri-Secret Secure and [Periodic rekeying](https://docs.snowflake.com/en/user-guide/security-encryption-manage.html#label-periodic-rekeying). For more information, check [ENABLE_TRI_SECRET_AND_REKEY_OPT_OUT_FOR_SPCS_BLOCK_STORAGE docs](https://docs.snowflake.com/en/sql-reference/parameters#enable-tri-secret-and-rekey-opt-out-for-spcs-block-storage).","description_kind":"plain","optional":true,"computed":true},"enable_unhandled_exceptions_reporting":{"type":"bool","description":"Specifies whether Snowflake may capture – in an event table – log messages or trace event data for unhandled exceptions in procedure or UDF handler code. For more information, see [Capturing messages from unhandled exceptions](https://docs.snowflake.com/en/developer-guide/logging-tracing/unhandled-exception-messages). For more information, check [ENABLE_UNHANDLED_EXCEPTIONS_REPORTING docs](https://docs.snowflake.com/en/sql-reference/parameters#enable-unhandled-exceptions-reporting).","description_kind":"plain","optional":true,"computed":true},"enable_unload_physical_type_optimization":{"type":"bool","description":"Specifies whether to set the schema for unloaded Parquet files based on the logical column data types (i.e. the types in the unload SQL query or source table) or on the unloaded column values (i.e. the smallest data types and precision that support the values in the output columns of the unload SQL statement or source table). For more information, check [ENABLE_UNLOAD_PHYSICAL_TYPE_OPTIMIZATION docs](https://docs.snowflake.com/en/sql-reference/parameters#enable-unload-physical-type-optimization).","description_kind":"plain","optional":true,"computed":true},"enable_unredacted_query_syntax_error":{"type":"bool","description":"Controls whether query text is redacted if a SQL query fails due to a syntax or parsing error. If FALSE, the content of a failed query is redacted in the views, pages, and functions that provide a query history. Only users with a role that is granted or inherits the AUDIT privilege can set the ENABLE_UNREDACTED_QUERY_SYNTAX_ERROR parameter. When using the ALTER USER command to set the parameter to TRUE for a particular user, modify the user that you want to see the query text, not the user who executed the query (if those are different users). For more information, check [ENABLE_UNREDACTED_QUERY_SYNTAX_ERROR docs](https://docs.snowflake.com/en/sql-reference/parameters#enable-unredacted-query-syntax-error).","description_kind":"plain","optional":true,"computed":true},"enable_unredacted_secure_object_error":{"type":"bool","description":"Controls whether error messages related to secure objects are redacted in metadata. For more information, see [Secure objects: Redaction of information in error messages](https://docs.snowflake.com/en/release-notes/bcr-bundles/un-bundled/bcr-1858). Only users with a role that is granted or inherits the AUDIT privilege can set the ENABLE_UNREDACTED_SECURE_OBJECT_ERROR parameter. When using the ALTER USER command to set the parameter to TRUE for a particular user, modify the user that you want to see the redacted error messages in metadata, not the user who caused the error. For more information, check [ENABLE_UNREDACTED_SECURE_OBJECT_ERROR docs](https://docs.snowflake.com/en/sql-reference/parameters#enable-unredacted-secure-object-error).","description_kind":"plain","optional":true,"computed":true},"enforce_network_rules_for_internal_stages":{"type":"bool","description":"Specifies whether a network policy that uses network rules can restrict access to AWS internal stages. This parameter has no effect on network policies that do not use network rules. This account-level parameter affects both account-level and user-level network policies. For details about using network policies and network rules to restrict access to AWS internal stages, including the use of this parameter, see [Protecting internal stages on AWS](https://docs.snowflake.com/en/user-guide/network-policies.html#label-network-policies-rules-stages). For more information, check [ENFORCE_NETWORK_RULES_FOR_INTERNAL_STAGES docs](https://docs.snowflake.com/en/sql-reference/parameters#enforce-network-rules-for-internal-stages).","description_kind":"plain","optional":true,"computed":true},"error_on_nondeterministic_merge":{"type":"bool","description":"Specifies whether to return an error when the [MERGE](https://docs.snowflake.com/en/sql-reference/sql/merge) command is used to update or delete a target row that joins multiple source rows and the system cannot determine the action to perform on the target row. For more information, check [ERROR_ON_NONDETERMINISTIC_MERGE docs](https://docs.snowflake.com/en/sql-reference/parameters#error-on-nondeterministic-merge).","description_kind":"plain","optional":true,"computed":true},"error_on_nondeterministic_update":{"type":"bool","description":"Specifies whether to return an error when the [UPDATE](https://docs.snowflake.com/en/sql-reference/sql/update) command is used to update a target row that joins multiple source rows and the system cannot determine the action to perform on the target row. For more information, check [ERROR_ON_NONDETERMINISTIC_UPDATE docs](https://docs.snowflake.com/en/sql-reference/parameters#error-on-nondeterministic-update).","description_kind":"plain","optional":true,"computed":true},"event_table":{"type":"string","description":"Specifies the name of the event table for logging messages from stored procedures and UDFs contained by the object with which the event table is associated. Associating an event table with a database is available in [Enterprise Edition or higher](https://docs.snowflake.com/en/user-guide/intro-editions). Due to technical limitations (read more [here](../guides/identifiers_rework_design_decisions#known-limitations-and-identifier-recommendations)), avoid using the following characters: `|`, `.`, `\"`. For more information, check [EVENT_TABLE docs](https://docs.snowflake.com/en/sql-reference/parameters#event-table).","description_kind":"plain","optional":true,"computed":true},"external_oauth_add_privileged_roles_to_blocked_list":{"type":"bool","description":"Determines whether the ACCOUNTADMIN, ORGADMIN, GLOBALORGADMIN, and SECURITYADMIN roles can be used as the primary role when creating a Snowflake session based on the access token from the External OAuth authorization server. For more information, check [EXTERNAL_OAUTH_ADD_PRIVILEGED_ROLES_TO_BLOCKED_LIST docs](https://docs.snowflake.com/en/sql-reference/parameters#external-oauth-add-privileged-roles-to-blocked-list).","description_kind":"plain","optional":true,"computed":true},"external_volume":{"type":"string","description":"Specifies the external volume for Apache Iceberg™ tables. For more information, see the [Iceberg table documentation](https://docs.snowflake.com/en/user-guide/tables-iceberg.html#label-tables-iceberg-external-volume-def). Due to technical limitations (read more [here](../guides/identifiers_rework_design_decisions#known-limitations-and-identifier-recommendations)), avoid using the following characters: `|`, `.`, `\"`. For more information, check [EXTERNAL_VOLUME docs](https://docs.snowflake.com/en/sql-reference/parameters#external-volume).","description_kind":"plain","optional":true,"computed":true},"geography_output_format":{"type":"string","description":"Display format for [GEOGRAPHY values](https://docs.snowflake.com/en/sql-reference/data-types-geospatial.html#label-data-types-geography). Valid values are (case-insensitive): `GeoJSON` | `WKT` | `WKB` | `EWKT` | `EWKB`. For more information, check [GEOGRAPHY_OUTPUT_FORMAT docs](https://docs.snowflake.com/en/sql-reference/parameters#geography-output-format).","description_kind":"plain","optional":true,"computed":true},"geometry_output_format":{"type":"string","description":"Display format for [GEOMETRY values](https://docs.snowflake.com/en/sql-reference/data-types-geospatial.html#label-data-types-geometry). Valid values are (case-insensitive): `GeoJSON` | `WKT` | `WKB` | `EWKT` | `EWKB`. For more information, check [GEOMETRY_OUTPUT_FORMAT docs](https://docs.snowflake.com/en/sql-reference/parameters#geometry-output-format).","description_kind":"plain","optional":true,"computed":true},"hybrid_table_lock_timeout":{"type":"number","description":"Number of seconds to wait while trying to acquire row-level locks on a hybrid table, before timing out and aborting the statement. For more information, check [HYBRID_TABLE_LOCK_TIMEOUT docs](https://docs.snowflake.com/en/sql-reference/parameters#hybrid-table-lock-timeout).","description_kind":"plain","optional":true,"computed":true},"id":{"type":"string","description_kind":"plain","optional":true,"computed":true},"initial_replication_size_limit_in_tb":{"type":"string","description":"Sets the maximum estimated size limit for the initial replication of a primary database to a secondary database (in TB). Set this parameter on any account that stores a secondary database. This size limit helps prevent accounts from accidentally incurring large database replication charges. To remove the size limit, set the value to 0.0. It is required to pass numbers with scale of at least 1 (e.g. 20.5, 32.25, 33.333, etc.). For more information, check [INITIAL_REPLICATION_SIZE_LIMIT_IN_TB docs](https://docs.snowflake.com/en/sql-reference/parameters#initial-replication-size-limit-in-tb).","description_kind":"plain","optional":true,"computed":true},"jdbc_treat_decimal_as_int":{"type":"bool","description":"Specifies how JDBC processes columns that have a scale of zero (0). For more information, check [JDBC_TREAT_DECIMAL_AS_INT docs](https://docs.snowflake.com/en/sql-reference/parameters#jdbc-treat-decimal-as-int).","description_kind":"plain","optional":true,"computed":true},"jdbc_treat_timestamp_ntz_as_utc":{"type":"bool","description":"Specifies how JDBC processes TIMESTAMP_NTZ values ([more details](https://docs.snowflake.com/en/sql-reference/parameters#jdbc-treat-timestamp-ntz-as-utc)). For more information, check [JDBC_TREAT_TIMESTAMP_NTZ_AS_UTC docs](https://docs.snowflake.com/en/sql-reference/parameters#jdbc-treat-timestamp-ntz-as-utc).","description_kind":"plain","optional":true,"computed":true},"jdbc_use_session_timezone":{"type":"bool","description":"Specifies whether the JDBC Driver uses the time zone of the JVM or the time zone of the session (specified by the [TIMEZONE](https://docs.snowflake.com/en/sql-reference/parameters#label-timezone) parameter) for the getDate(), getTime(), and getTimestamp() methods of the ResultSet class. For more information, check [JDBC_USE_SESSION_TIMEZONE docs](https://docs.snowflake.com/en/sql-reference/parameters#jdbc-use-session-timezone).","description_kind":"plain","optional":true,"computed":true},"js_treat_integer_as_bigint":{"type":"bool","description":"Specifies how the Snowflake Node.js Driver processes numeric columns that have a scale of zero (0), for example INTEGER or NUMBER(p, 0). For more information, check [JS_TREAT_INTEGER_AS_BIGINT docs](https://docs.snowflake.com/en/sql-reference/parameters#js-treat-integer-as-bigint).","description_kind":"plain","optional":true,"computed":true},"json_indent":{"type":"number","description":"Specifies the number of blank spaces to indent each new element in JSON output in the session. Also specifies whether to insert newline characters after each element. For more information, check [JSON_INDENT docs](https://docs.snowflake.com/en/sql-reference/parameters#json-indent).","description_kind":"plain","optional":true,"computed":true},"listing_auto_fulfillment_replication_refresh_schedule":{"type":"string","description":"Sets the time interval used to refresh the application package based data products to other regions. For more information, check [LISTING_AUTO_FULFILLMENT_REPLICATION_REFRESH_SCHEDULE docs](https://docs.snowflake.com/en/sql-reference/parameters#listing-auto-fulfillment-replication-refresh-schedule).","description_kind":"plain","optional":true,"computed":true},"lock_timeout":{"type":"number","description":"Number of seconds to wait while trying to lock a resource, before timing out and aborting the statement. For more information, check [LOCK_TIMEOUT docs](https://docs.snowflake.com/en/sql-reference/parameters#lock-timeout).","description_kind":"plain","optional":true,"computed":true},"log_level":{"type":"string","description":"Specifies the severity level of messages that should be ingested and made available in the active event table. Messages at the specified level (and at more severe levels) are ingested. For more information about log levels, see [Setting levels for logging, metrics, and tracing](https://docs.snowflake.com/en/developer-guide/logging-tracing/telemetry-levels). Valid values are (case-insensitive): `TRACE` | `DEBUG` | `INFO` | `WARN` | `ERROR` | `FATAL` | `OFF`. For more information, check [LOG_LEVEL docs](https://docs.snowflake.com/en/sql-reference/parameters#log-level).","description_kind":"plain","optional":true,"computed":true},"max_concurrency_level":{"type":"number","description":"Specifies the concurrency level for SQL statements (that is, queries and DML) executed by a warehouse ([more details](https://docs.snowflake.com/en/sql-reference/parameters#max-concurrency-level)). For more information, check [MAX_CONCURRENCY_LEVEL docs](https://docs.snowflake.com/en/sql-reference/parameters#max-concurrency-level).","description_kind":"plain","optional":true,"computed":true},"max_data_extension_time_in_days":{"type":"number","description":"Maximum number of days Snowflake can extend the data retention period for tables to prevent streams on the tables from becoming stale. By default, if the [DATA_RETENTION_TIME_IN_DAYS](https://docs.snowflake.com/en/sql-reference/parameters#data-retention-time-in-days) setting for a source table is less than 14 days, and a stream has not been consumed, Snowflake temporarily extends this period to the stream’s offset, up to a maximum of 14 days, regardless of the [Snowflake Edition](https://docs.snowflake.com/en/user-guide/intro-editions) for your account. The MAX_DATA_EXTENSION_TIME_IN_DAYS parameter enables you to limit this automatic extension period to control storage costs for data retention or for compliance reasons. For more information, check [MAX_DATA_EXTENSION_TIME_IN_DAYS docs](https://docs.snowflake.com/en/sql-reference/parameters#max-data-extension-time-in-days).","description_kind":"plain","optional":true,"computed":true},"metric_level":{"type":"string","description":"Controls how metrics data is ingested into the event table. For more information about metric levels, see [Setting levels for logging, metrics, and tracing](https://docs.snowflake.com/en/developer-guide/logging-tracing/telemetry-levels). Valid values are (case-insensitive): `ALL` | `NONE`. For more information, check [METRIC_LEVEL docs](https://docs.snowflake.com/en/sql-reference/parameters#metric-level).","description_kind":"plain","optional":true,"computed":true},"min_data_retention_time_in_days":{"type":"number","description":"Minimum number of days for which Snowflake retains historical data for performing Time Travel actions (SELECT, CLONE, UNDROP) on an object. If a minimum number of days for data retention is set on an account, the data retention period for an object is determined by MAX([DATA_RETENTION_TIME_IN_DAYS](https://docs.snowflake.com/en/sql-reference/parameters#label-data-retention-time-in-days), MIN_DATA_RETENTION_TIME_IN_DAYS). For more information, check [MIN_DATA_RETENTION_TIME_IN_DAYS docs](https://docs.snowflake.com/en/sql-reference/parameters#min-data-retention-time-in-days).","description_kind":"plain","optional":true,"computed":true},"multi_statement_count":{"type":"number","description":"Number of statements to execute when using the multi-statement capability. For more information, check [MULTI_STATEMENT_COUNT docs](https://docs.snowflake.com/en/sql-reference/parameters#multi-statement-count).","description_kind":"plain","optional":true,"computed":true},"name":{"type":"string","description":"The identifier (i.e. name) for the organization account within currently used organization. The field name is validated during import and create operations to ensure that it matches the current organization account name.","description_kind":"plain","required":true},"network_policy":{"type":"string","description":"Specifies the network policy to enforce for your account. Network policies enable restricting access to your account based on users’ IP address. For more details, see [Controlling network traffic with network policies](https://docs.snowflake.com/en/user-guide/network-policies). Due to technical limitations (read more [here](../guides/identifiers_rework_design_decisions#known-limitations-and-identifier-recommendations)), avoid using the following characters: `|`, `.`, `\"`. For more information, check [NETWORK_POLICY docs](https://docs.snowflake.com/en/sql-reference/parameters#network-policy).","description_kind":"plain","optional":true,"computed":true},"noorder_sequence_as_default":{"type":"bool","description":"Specifies whether the ORDER or NOORDER property is set by default when you create a new sequence or add a new table column. The ORDER and NOORDER properties determine whether or not the values are generated for the sequence or auto-incremented column in [increasing or decreasing order](https://docs.snowflake.com/en/user-guide/querying-sequences.html#label-querying-sequences-increasing-values). For more information, check [NOORDER_SEQUENCE_AS_DEFAULT docs](https://docs.snowflake.com/en/sql-reference/parameters#noorder-sequence-as-default).","description_kind":"plain","optional":true,"computed":true},"oauth_add_privileged_roles_to_blocked_list":{"type":"bool","description":"Determines whether the ACCOUNTADMIN, ORGADMIN, GLOBALORGADMIN, and SECURITYADMIN roles can be used as the primary role when creating a Snowflake session based on the access token from Snowflake’s authorization server. For more information, check [OAUTH_ADD_PRIVILEGED_ROLES_TO_BLOCKED_LIST docs](https://docs.snowflake.com/en/sql-reference/parameters#oauth-add-privileged-roles-to-blocked-list).","description_kind":"plain","optional":true,"computed":true},"odbc_treat_decimal_as_int":{"type":"bool","description":"Specifies how ODBC processes columns that have a scale of zero (0). For more information, check [ODBC_TREAT_DECIMAL_AS_INT docs](https://docs.snowflake.com/en/sql-reference/parameters#odbc-treat-decimal-as-int).","description_kind":"plain","optional":true,"computed":true},"password_policy":{"type":"string","description":"Specifies [password policy](https://docs.snowflake.com/en/user-guide/password-authentication#label-using-password-policies) for the current account. For more information about this resource, see [docs](./password_policy).","description_kind":"plain","optional":true},"periodic_data_rekeying":{"type":"bool","description":"It enables/disables re-encryption of table data with new keys on a yearly basis to provide additional levels of data protection ([more details](https://docs.snowflake.com/en/sql-reference/parameters#periodic-data-rekeying)). For more information, check [PERIODIC_DATA_REKEYING docs](https://docs.snowflake.com/en/sql-reference/parameters#periodic-data-rekeying).","description_kind":"plain","optional":true,"computed":true},"pipe_execution_paused":{"type":"bool","description":"Specifies whether to pause a running pipe, primarily in preparation for transferring ownership of the pipe to a different role ([more details](https://docs.snowflake.com/en/sql-reference/parameters#pipe-execution-paused)). For more information, check [PIPE_EXECUTION_PAUSED docs](https://docs.snowflake.com/en/sql-reference/parameters#pipe-execution-paused).","description_kind":"plain","optional":true,"computed":true},"prevent_unload_to_inline_url":{"type":"bool","description":"Specifies whether to prevent ad hoc data unload operations to external cloud storage locations (that is, [COPY INTO location](https://docs.snowflake.com/en/sql-reference/sql/copy-into-location) statements that specify the cloud storage URL and access settings directly in the statement). For an example, see [Unloading data from a table directly to files in an external location](https://docs.snowflake.com/en/sql-reference/sql/copy-into-location.html#label-copy-into-location-ad-hoc). For more information, check [PREVENT_UNLOAD_TO_INLINE_URL docs](https://docs.snowflake.com/en/sql-reference/parameters#prevent-unload-to-inline-url).","description_kind":"plain","optional":true,"computed":true},"prevent_unload_to_internal_stages":{"type":"bool","description":"Specifies whether to prevent data unload operations to internal (Snowflake) stages using [COPY INTO location](https://docs.snowflake.com/en/sql-reference/sql/copy-into-location) statements. For more information, check [PREVENT_UNLOAD_TO_INTERNAL_STAGES docs](https://docs.snowflake.com/en/sql-reference/parameters#prevent-unload-to-internal-stages).","description_kind":"plain","optional":true,"computed":true},"python_profiler_modules":{"type":"string","description":"Specifies the list of Python modules to include in a report when [profiling Python handler code](https://docs.snowflake.com/en/developer-guide/stored-procedure/python/procedure-python-profiler). For more information, check [PYTHON_PROFILER_MODULES docs](https://docs.snowflake.com/en/sql-reference/parameters#python-profiler-modules).","description_kind":"plain","optional":true,"computed":true},"python_profiler_target_stage":{"type":"string","description":"Specifies the fully-qualified name of the stage in which to save a report when [profiling Python handler code](https://docs.snowflake.com/en/developer-guide/stored-procedure/python/procedure-python-profiler). For more information, check [PYTHON_PROFILER_TARGET_STAGE docs](https://docs.snowflake.com/en/sql-reference/parameters#python-profiler-target-stage).","description_kind":"plain","optional":true,"computed":true},"query_tag":{"type":"string","description":"Optional string that can be used to tag queries and other SQL statements executed within a session. The tags are displayed in the output of the [QUERY_HISTORY, QUERY_HISTORY_BY_*](https://docs.snowflake.com/en/sql-reference/functions/query_history) functions. For more information, check [QUERY_TAG docs](https://docs.snowflake.com/en/sql-reference/parameters#query-tag).","description_kind":"plain","optional":true,"computed":true},"quoted_identifiers_ignore_case":{"type":"bool","description":"Specifies whether letters in double-quoted object identifiers are stored and resolved as uppercase letters. By default, Snowflake preserves the case of alphabetic characters when storing and resolving double-quoted identifiers (see [Identifier resolution](https://docs.snowflake.com/en/sql-reference/identifiers-syntax.html#label-identifier-casing)). You can use this parameter in situations in which [third-party applications always use double quotes around identifiers](https://docs.snowflake.com/en/sql-reference/identifiers-syntax.html#label-identifier-casing-parameter). For more information, check [QUOTED_IDENTIFIERS_IGNORE_CASE docs](https://docs.snowflake.com/en/sql-reference/parameters#quoted-identifiers-ignore-case).","description_kind":"plain","optional":true,"computed":true},"replace_invalid_characters":{"type":"bool","description":"Specifies whether to replace invalid UTF-8 characters with the Unicode replacement character (�) in query results for [Apache Iceberg™ tables](https://docs.snowflake.com/en/sql-reference/sql/create-iceberg-table) that use an external catalog. For more information, check [REPLACE_INVALID_CHARACTERS docs](https://docs.snowflake.com/en/sql-reference/parameters#replace-invalid-characters).","description_kind":"plain","optional":true,"computed":true},"require_storage_integration_for_stage_creation":{"type":"bool","description":"Specifies whether to require a storage integration object as cloud credentials when creating a named external stage (using [CREATE STAGE](https://docs.snowflake.com/en/sql-reference/sql/create-stage)) to access a private cloud storage location. For more information, check [REQUIRE_STORAGE_INTEGRATION_FOR_STAGE_CREATION docs](https://docs.snowflake.com/en/sql-reference/parameters#require-storage-integration-for-stage-creation).","description_kind":"plain","optional":true,"computed":true},"require_storage_integration_for_stage_operation":{"type":"bool","description":"Specifies whether to require using a named external stage that references a storage integration object as cloud credentials when loading data from or unloading data to a private cloud storage location. For more information, check [REQUIRE_STORAGE_INTEGRATION_FOR_STAGE_OPERATION docs](https://docs.snowflake.com/en/sql-reference/parameters#require-storage-integration-for-stage-operation).","description_kind":"plain","optional":true,"computed":true},"resource_monitor":{"type":"string","description":"Parameter that specifies the name of the resource monitor used to control all virtual warehouses created in the account. External changes for this field won't be detected. In case you want to apply external changes, you can re-create the resource manually using \"terraform taint\".","description_kind":"plain","optional":true},"rows_per_resultset":{"type":"number","description":"Specifies the maximum number of rows returned in a result set. A value of 0 specifies no maximum. For more information, check [ROWS_PER_RESULTSET docs](https://docs.snowflake.com/en/sql-reference/parameters#rows-per-resultset).","description_kind":"plain","optional":true,"computed":true},"s3_stage_vpce_dns_name":{"type":"string","description":"Specifies the DNS name of an Amazon S3 interface endpoint. Requests sent to the internal stage of an account via [AWS PrivateLink for Amazon S3](https://docs.aws.amazon.com/AmazonS3/latest/userguide/privatelink-interface-endpoints.html) use this endpoint to connect. For more information, see [Accessing Internal stages with dedicated interface endpoints](https://docs.snowflake.com/en/user-guide/private-internal-stages-aws.html#label-aws-privatelink-internal-stage-network-isolation). For more information, check [S3_STAGE_VPCE_DNS_NAME docs](https://docs.snowflake.com/en/sql-reference/parameters#s3-stage-vpce-dns-name).","description_kind":"plain","optional":true,"computed":true},"saml_identity_provider":{"type":"string","description":"Enables federated authentication. This deprecated parameter enables federated authentication ([more details](https://docs.snowflake.com/en/sql-reference/parameters#saml-identity-provider)). For more information, check [SAML_IDENTITY_PROVIDER docs](https://docs.snowflake.com/en/sql-reference/parameters#saml-identity-provider).","description_kind":"plain","optional":true,"computed":true},"search_path":{"type":"string","description":"Specifies the path to search to resolve unqualified object names in queries. For more information, see [Name resolution in queries](https://docs.snowflake.com/en/sql-reference/name-resolution.html#label-object-name-resolution-search-path). Comma-separated list of identifiers. An identifier can be a fully or partially qualified schema name. For more information, check [SEARCH_PATH docs](https://docs.snowflake.com/en/sql-reference/parameters#search-path).","description_kind":"plain","optional":true,"computed":true},"serverless_task_max_statement_size":{"type":"string","description":"Specifies the maximum allowed warehouse size for [Serverless tasks](https://docs.snowflake.com/en/user-guide/tasks-intro.html#label-tasks-compute-resources-serverless). Valid values are (case-insensitive): `XSMALL` | `X-SMALL` | `SMALL` | `MEDIUM` | `LARGE` | `XLARGE` | `X-LARGE` | `XXLARGE` | `X2LARGE` | `2X-LARGE` | `XXXLARGE` | `X3LARGE` | `3X-LARGE` | `X4LARGE` | `4X-LARGE` | `X5LARGE` | `5X-LARGE` | `X6LARGE` | `6X-LARGE`. For more information, check [SERVERLESS_TASK_MAX_STATEMENT_SIZE docs](https://docs.snowflake.com/en/sql-reference/parameters#serverless-task-max-statement-size).","description_kind":"plain","optional":true,"computed":true},"serverless_task_min_statement_size":{"type":"string","description":"Specifies the minimum allowed warehouse size for [Serverless tasks](https://docs.snowflake.com/en/user-guide/tasks-intro.html#label-tasks-compute-resources-serverless). Valid values are (case-insensitive): `XSMALL` | `X-SMALL` | `SMALL` | `MEDIUM` | `LARGE` | `XLARGE` | `X-LARGE` | `XXLARGE` | `X2LARGE` | `2X-LARGE` | `XXXLARGE` | `X3LARGE` | `3X-LARGE` | `X4LARGE` | `4X-LARGE` | `X5LARGE` | `5X-LARGE` | `X6LARGE` | `6X-LARGE`. For more information, check [SERVERLESS_TASK_MIN_STATEMENT_SIZE docs](https://docs.snowflake.com/en/sql-reference/parameters#serverless-task-min-statement-size).","description_kind":"plain","optional":true,"computed":true},"session_policy":{"type":"string","description":"Specifies [session policy](https://docs.snowflake.com/en/user-guide/session-policies-using) for the current account.","description_kind":"plain","optional":true},"show_output":{"type":["list",["object",{"account_locator":"string","account_locator_url":"string","account_name":"string","account_old_url_last_used":"string","account_old_url_saved_on":"string","account_url":"string","comment":"string","consumption_billing_entity_name":"string","created_on":"string","edition":"string","is_events_account":"bool","is_org_admin":"bool","is_organization_account":"bool","managed_accounts":"number","marketplace_consumer_billing_entity_name":"string","marketplace_provider_billing_entity_name":"string","old_account_url":"string","organization_name":"string","organization_old_url":"string","organization_old_url_last_used":"string","organization_old_url_saved_on":"string","snowflake_region":"string"}]],"description":"Saved output for the result of `SHOW ORGANIZATION ACCOUNTS`","description_kind":"plain","computed":true},"simulated_data_sharing_consumer":{"type":"string","description":"Specifies the name of a consumer account to simulate for testing/validating shared data, particularly shared secure views. When this parameter is set in a session, shared views return rows as if executed in the specified consumer account rather than the provider account. For more information, check [SIMULATED_DATA_SHARING_CONSUMER docs](https://docs.snowflake.com/en/sql-reference/parameters#simulated-data-sharing-consumer).","description_kind":"plain","optional":true,"computed":true},"sso_login_page":{"type":"bool","description":"This deprecated parameter disables preview mode for testing SSO (after enabling federated authentication) before rolling it out to users. For more information, check [SSO_LOGIN_PAGE docs](https://docs.snowflake.com/en/sql-reference/parameters#sso-login-page).","description_kind":"plain","optional":true,"computed":true},"statement_queued_timeout_in_seconds":{"type":"number","description":"Amount of time, in seconds, a SQL statement (query, DDL, DML, etc.) remains queued for a warehouse before it is canceled by the system. This parameter can be used in conjunction with the [MAX_CONCURRENCY_LEVEL](https://docs.snowflake.com/en/sql-reference/parameters#label-max-concurrency-level) parameter to ensure a warehouse is never backlogged. For more information, check [STATEMENT_QUEUED_TIMEOUT_IN_SECONDS docs](https://docs.snowflake.com/en/sql-reference/parameters#statement-queued-timeout-in-seconds).","description_kind":"plain","optional":true,"computed":true},"statement_timeout_in_seconds":{"type":"number","description":"Amount of time, in seconds, after which a running SQL statement (query, DDL, DML, etc.) is canceled by the system. For more information, check [STATEMENT_TIMEOUT_IN_SECONDS docs](https://docs.snowflake.com/en/sql-reference/parameters#statement-timeout-in-seconds).","description_kind":"plain","optional":true,"computed":true},"storage_serialization_policy":{"type":"string","description":"Specifies the storage serialization policy for Snowflake-managed [Apache Iceberg™ tables](https://docs.snowflake.com/en/user-guide/tables-iceberg). Valid values are (case-insensitive): `COMPATIBLE` | `OPTIMIZED`. For more information, check [STORAGE_SERIALIZATION_POLICY docs](https://docs.snowflake.com/en/sql-reference/parameters#storage-serialization-policy).","description_kind":"plain","optional":true,"computed":true},"strict_json_output":{"type":"bool","description":"This parameter specifies whether JSON output in a session is compatible with the general standard (as described by [http://json.org](http://json.org)). By design, Snowflake allows JSON input that contains non-standard values; however, these non-standard values might result in Snowflake outputting JSON that is incompatible with other platforms and languages. This parameter, when enabled, ensures that Snowflake outputs valid/compatible JSON. For more information, check [STRICT_JSON_OUTPUT docs](https://docs.snowflake.com/en/sql-reference/parameters#strict-json-output).","description_kind":"plain","optional":true,"computed":true},"suspend_task_after_num_failures":{"type":"number","description":"Specifies the number of consecutive failed task runs after which the current task is suspended automatically. The default is 0 (no automatic suspension). For more information, check [SUSPEND_TASK_AFTER_NUM_FAILURES docs](https://docs.snowflake.com/en/sql-reference/parameters#suspend-task-after-num-failures).","description_kind":"plain","optional":true,"computed":true},"task_auto_retry_attempts":{"type":"number","description":"Specifies the number of automatic task graph retry attempts. If any task graphs complete in a FAILED state, Snowflake can automatically retry the task graphs from the last task in the graph that failed. For more information, check [TASK_AUTO_RETRY_ATTEMPTS docs](https://docs.snowflake.com/en/sql-reference/parameters#task-auto-retry-attempts).","description_kind":"plain","optional":true,"computed":true},"time_input_format":{"type":"string","description":"Specifies the input format for the TIME data type. For more information, see [Date and time input and output formats](https://docs.snowflake.com/en/sql-reference/date-time-input-output). Any valid, supported time format or AUTO (AUTO specifies that Snowflake attempts to automatically detect the format of times stored in the system during the session). For more information, check [TIME_INPUT_FORMAT docs](https://docs.snowflake.com/en/sql-reference/parameters#time-input-format).","description_kind":"plain","optional":true,"computed":true},"time_output_format":{"type":"string","description":"Specifies the display format for the TIME data type. For more information, see [Date and time input and output formats](https://docs.snowflake.com/en/sql-reference/date-time-input-output). For more information, check [TIME_OUTPUT_FORMAT docs](https://docs.snowflake.com/en/sql-reference/parameters#time-output-format).","description_kind":"plain","optional":true,"computed":true},"timestamp_day_is_always_24h":{"type":"bool","description":"Specifies whether the [DATEADD](https://docs.snowflake.com/en/sql-reference/functions/dateadd) function (and its aliases) always consider a day to be exactly 24 hours for expressions that span multiple days. For more information, check [TIMESTAMP_DAY_IS_ALWAYS_24H docs](https://docs.snowflake.com/en/sql-reference/parameters#timestamp-day-is-always-24h).","description_kind":"plain","optional":true,"computed":true},"timestamp_input_format":{"type":"string","description":"Specifies the input format for the TIMESTAMP data type alias. For more information, see [Date and time input and output formats](https://docs.snowflake.com/en/sql-reference/date-time-input-output). Any valid, supported timestamp format or AUTO (AUTO specifies that Snowflake attempts to automatically detect the format of timestamps stored in the system during the session). For more information, check [TIMESTAMP_INPUT_FORMAT docs](https://docs.snowflake.com/en/sql-reference/parameters#timestamp-input-format).","description_kind":"plain","optional":true,"computed":true},"timestamp_ltz_output_format":{"type":"string","description":"Specifies the display format for the TIMESTAMP_LTZ data type. If no format is specified, defaults to [TIMESTAMP_OUTPUT_FORMAT](https://docs.snowflake.com/en/sql-reference/parameters#label-timestamp-output-format). For more information, see [Date and time input and output formats](https://docs.snowflake.com/en/sql-reference/date-time-input-output). For more information, check [TIMESTAMP_LTZ_OUTPUT_FORMAT docs](https://docs.snowflake.com/en/sql-reference/parameters#timestamp-ltz-output-format).","description_kind":"plain","optional":true,"computed":true},"timestamp_ntz_output_format":{"type":"string","description":"Specifies the display format for the TIMESTAMP_NTZ data type. For more information, check [TIMESTAMP_NTZ_OUTPUT_FORMAT docs](https://docs.snowflake.com/en/sql-reference/parameters#timestamp-ntz-output-format).","description_kind":"plain","optional":true,"computed":true},"timestamp_output_format":{"type":"string","description":"Specifies the display format for the TIMESTAMP data type alias. For more information, see [Date and time input and output formats](https://docs.snowflake.com/en/sql-reference/date-time-input-output). For more information, check [TIMESTAMP_OUTPUT_FORMAT docs](https://docs.snowflake.com/en/sql-reference/parameters#timestamp-output-format).","description_kind":"plain","optional":true,"computed":true},"timestamp_type_mapping":{"type":"string","description":"Specifies the TIMESTAMP_* variation that the TIMESTAMP data type alias maps to. Valid values are (case-insensitive): `TIMESTAMP_LTZ` | `TIMESTAMP_NTZ` | `TIMESTAMP_TZ`. For more information, check [TIMESTAMP_TYPE_MAPPING docs](https://docs.snowflake.com/en/sql-reference/parameters#timestamp-type-mapping).","description_kind":"plain","optional":true,"computed":true},"timestamp_tz_output_format":{"type":"string","description":"Specifies the display format for the TIMESTAMP_TZ data type. If no format is specified, defaults to [TIMESTAMP_OUTPUT_FORMAT](https://docs.snowflake.com/en/sql-reference/parameters#label-timestamp-output-format). For more information, see [Date and time input and output formats](https://docs.snowflake.com/en/sql-reference/date-time-input-output). For more information, check [TIMESTAMP_TZ_OUTPUT_FORMAT docs](https://docs.snowflake.com/en/sql-reference/parameters#timestamp-tz-output-format).","description_kind":"plain","optional":true,"computed":true},"timezone":{"type":"string","description":"Specifies the time zone for the session. You can specify a [time zone name](https://data.iana.org/time-zones/tzdb-2021a/zone1970.tab) or a [link name](https://data.iana.org/time-zones/tzdb-2021a/backward) from release 2021a of the [IANA Time Zone Database](https://www.iana.org/time-zones) (e.g. America/Los_Angeles, Europe/London, UTC, Etc/GMT, etc.). For more information, check [TIMEZONE docs](https://docs.snowflake.com/en/sql-reference/parameters#timezone).","description_kind":"plain","optional":true,"computed":true},"trace_level":{"type":"string","description":"Controls how trace events are ingested into the event table. For more information about trace levels, see [Setting trace level](https://docs.snowflake.com/en/developer-guide/logging-tracing/tracing-trace-level). Valid values are (case-insensitive): `ALWAYS` | `ON_EVENT` | `PROPAGATE` | `OFF`. For more information, check [TRACE_LEVEL docs](https://docs.snowflake.com/en/sql-reference/parameters#trace-level).","description_kind":"plain","optional":true,"computed":true},"transaction_abort_on_error":{"type":"bool","description":"Specifies the action to perform when a statement issued within a non-autocommit transaction returns with an error. For more information, check [TRANSACTION_ABORT_ON_ERROR docs](https://docs.snowflake.com/en/sql-reference/parameters#transaction-abort-on-error).","description_kind":"plain","optional":true,"computed":true},"transaction_default_isolation_level":{"type":"string","description":"Specifies the isolation level for transactions in the user session. Valid values are (case-insensitive): `READ COMMITTED`. For more information, check [TRANSACTION_DEFAULT_ISOLATION_LEVEL docs](https://docs.snowflake.com/en/sql-reference/parameters#transaction-default-isolation-level).","description_kind":"plain","optional":true,"computed":true},"two_digit_century_start":{"type":"number","description":"Specifies the “century start” year for 2-digit years (i.e. the earliest year such dates can represent). This parameter prevents ambiguous dates when importing or converting data with the `YY` date format component (i.e. years represented as 2 digits). For more information, check [TWO_DIGIT_CENTURY_START docs](https://docs.snowflake.com/en/sql-reference/parameters#two-digit-century-start).","description_kind":"plain","optional":true,"computed":true},"unsupported_ddl_action":{"type":"string","description":"Determines if an unsupported (i.e. non-default) value specified for a constraint property returns an error. For more information, check [UNSUPPORTED_DDL_ACTION docs](https://docs.snowflake.com/en/sql-reference/parameters#unsupported-ddl-action).","description_kind":"plain","optional":true,"computed":true},"use_cached_result":{"type":"bool","description":"Specifies whether to reuse persisted query results, if available, when a matching query is submitted. For more information, check [USE_CACHED_RESULT docs](https://docs.snowflake.com/en/sql-reference/parameters#use-cached-result).","description_kind":"plain","optional":true,"computed":true},"user_task_managed_initial_warehouse_size":{"type":"string","description":"Specifies the size of the compute resources to provision for the first run of the task, before a task history is available for Snowflake to determine an ideal size. Once a task has successfully completed a few runs, Snowflake ignores this parameter setting. Valid values are (case-insensitive): `XSMALL` | `X-SMALL` | `SMALL` | `MEDIUM` | `LARGE` | `XLARGE` | `X-LARGE` | `XXLARGE` | `X2LARGE` | `2X-LARGE` | `XXXLARGE` | `X3LARGE` | `3X-LARGE` | `X4LARGE` | `4X-LARGE` | `X5LARGE` | `5X-LARGE` | `X6LARGE` | `6X-LARGE`. For more information, check [USER_TASK_MANAGED_INITIAL_WAREHOUSE_SIZE docs](https://docs.snowflake.com/en/sql-reference/parameters#user-task-managed-initial-warehouse-size).","description_kind":"plain","optional":true,"computed":true},"user_task_minimum_trigger_interval_in_seconds":{"type":"number","description":"Minimum amount of time between Triggered Task executions in seconds For more information, check [USER_TASK_MINIMUM_TRIGGER_INTERVAL_IN_SECONDS docs](https://docs.snowflake.com/en/sql-reference/parameters#user-task-minimum-trigger-interval-in-seconds).","description_kind":"plain","optional":true,"computed":true},"user_task_timeout_ms":{"type":"number","description":"Specifies the time limit on a single run of the task before it times out (in milliseconds). For more information, check [USER_TASK_TIMEOUT_MS docs](https://docs.snowflake.com/en/sql-reference/parameters#user-task-timeout-ms).","description_kind":"plain","optional":true,"computed":true},"week_of_year_policy":{"type":"number","description":"Specifies how the weeks in a given year are computed. `0`: The semantics used are equivalent to the ISO semantics, in which a week belongs to a given year if at least 4 days of that week are in that year. `1`: January 1 is included in the first week of the year and December 31 is included in the last week of the year. For more information, check [WEEK_OF_YEAR_POLICY docs](https://docs.snowflake.com/en/sql-reference/parameters#week-of-year-policy).","description_kind":"plain","optional":true,"computed":true},"week_start":{"type":"number","description":"Specifies the first day of the week (used by week-related date functions). `0`: Legacy Snowflake behavior is used (i.e. ISO-like semantics). `1` (Monday) to `7` (Sunday): All the week-related functions use weeks that start on the specified day of the week. For more information, check [WEEK_START docs](https://docs.snowflake.com/en/sql-reference/parameters#week-start).","description_kind":"plain","optional":true,"computed":true}},"block_types":{"timeouts":{"nesting_mode":"single","block":{"attributes":{"create":{"type":"string","description_kind":"plain","optional":true},"delete":{"type":"string","description_kind":"plain","optional":true},"read":{"type":"string","description_kind":"plain","optional":true},"update":{"type":"string","description_kind":"plain","optional":true}},"description_kind":"plain"}}},"description":"Resource used to manage an organization account within the organization you are connected to. See [ALTER ORGANIZATION ACCOUNT](https://docs.snowflake.com/en/sql-reference/sql/alter-organization-account) documentation for more information on resource capabilities.","description_kind":"plain"}},"snowflake_database":{"version":1,"block":{"attributes":{"catalog":{"type":"string","description":"The database parameter that specifies the default catalog to use for Iceberg tables. For more information, see [CATALOG](https://docs.snowflake.com/en/sql-reference/parameters#catalog).","description_kind":"plain","optional":true,"computed":true},"comment":{"type":"string","description":"Specifies a comment for the database.","description_kind":"plain","optional":true},"data_retention_time_in_days":{"type":"number","description":"Specifies the number of days for which Time Travel actions (CLONE and UNDROP) can be performed on the database, as well as specifying the default Time Travel retention time for all schemas created in the database. For more details, see [Understanding \u0026 Using Time Travel](https://docs.snowflake.com/en/user-guide/data-time-travel).","description_kind":"plain","optional":true,"computed":true},"default_ddl_collation":{"type":"string","description":"Specifies a default collation specification for all schemas and tables added to the database. It can be overridden on schema or table level. For more information, see [collation specification](https://docs.snowflake.com/en/sql-reference/collation#label-collation-specification).","description_kind":"plain","optional":true,"computed":true},"drop_public_schema_on_creation":{"type":"bool","description":"Specifies whether to drop public schema on creation or not. Modifying the parameter after database is already created won't have any effect.","description_kind":"plain","optional":true},"enable_console_output":{"type":"bool","description":"If true, enables stdout/stderr fast path logging for anonymous stored procedures.","description_kind":"plain","optional":true,"computed":true},"external_volume":{"type":"string","description":"The database parameter that specifies the default external volume to use for Iceberg tables. For more information, see [EXTERNAL_VOLUME](https://docs.snowflake.com/en/sql-reference/parameters#external-volume).","description_kind":"plain","optional":true,"computed":true},"fully_qualified_name":{"type":"string","description":"Fully qualified name of the resource. For more information, see [object name resolution](https://docs.snowflake.com/en/sql-reference/name-resolution).","description_kind":"plain","computed":true},"id":{"type":"string","description_kind":"plain","optional":true,"computed":true},"is_transient":{"type":"bool","description":"Specifies the database as transient. Transient databases do not have a Fail-safe period so they do not incur additional storage costs once they leave Time Travel; however, this means they are also not protected by Fail-safe in the event of a data loss.","description_kind":"plain","optional":true},"log_level":{"type":"string","description":"Specifies the severity level of messages that should be ingested and made available in the active event table. Valid options are: [TRACE DEBUG INFO WARN ERROR FATAL OFF]. Messages at the specified level (and at more severe levels) are ingested. For more information, see [LOG_LEVEL](https://docs.snowflake.com/en/sql-reference/parameters.html#label-log-level).","description_kind":"plain","optional":true,"computed":true},"max_data_extension_time_in_days":{"type":"number","description":"Object parameter that specifies the maximum number of days for which Snowflake can extend the data retention period for tables in the database to prevent streams on the tables from becoming stale. For a detailed description of this parameter, see [MAX_DATA_EXTENSION_TIME_IN_DAYS](https://docs.snowflake.com/en/sql-reference/parameters.html#label-max-data-extension-time-in-days).","description_kind":"plain","optional":true,"computed":true},"name":{"type":"string","description":"Specifies the identifier for the database; must be unique for your account. As a best practice for [Database Replication and Failover](https://docs.snowflake.com/en/user-guide/db-replication-intro), it is recommended to give each secondary database the same name as its primary database. This practice supports referencing fully-qualified objects (i.e. '\u003cdb\u003e.\u003cschema\u003e.\u003cobject\u003e') by other objects in the same database, such as querying a fully-qualified table name in a view. If a secondary database has a different name from the primary database, then these object references would break in the secondary database. Due to technical limitations (read more [here](../guides/identifiers_rework_design_decisions#known-limitations-and-identifier-recommendations)), avoid using the following characters: `|`, `.`, `\"`.","description_kind":"plain","required":true},"quoted_identifiers_ignore_case":{"type":"bool","description":"If true, the case of quoted identifiers is ignored. For more information, see [QUOTED_IDENTIFIERS_IGNORE_CASE](https://docs.snowflake.com/en/sql-reference/parameters#quoted-identifiers-ignore-case).","description_kind":"plain","optional":true,"computed":true},"replace_invalid_characters":{"type":"bool","description":"Specifies whether to replace invalid UTF-8 characters with the Unicode replacement character (�) in query results for an Iceberg table. You can only set this parameter for tables that use an external Iceberg catalog. For more information, see [REPLACE_INVALID_CHARACTERS](https://docs.snowflake.com/en/sql-reference/parameters#replace-invalid-characters).","description_kind":"plain","optional":true,"computed":true},"storage_serialization_policy":{"type":"string","description":"The storage serialization policy for Iceberg tables that use Snowflake as the catalog. Valid options are: [COMPATIBLE OPTIMIZED]. COMPATIBLE: Snowflake performs encoding and compression of data files that ensures interoperability with third-party compute engines. OPTIMIZED: Snowflake performs encoding and compression of data files that ensures the best table performance within Snowflake. For more information, see [STORAGE_SERIALIZATION_POLICY](https://docs.snowflake.com/en/sql-reference/parameters#storage-serialization-policy).","description_kind":"plain","optional":true,"computed":true},"suspend_task_after_num_failures":{"type":"number","description":"How many times a task must fail in a row before it is automatically suspended. 0 disables auto-suspending. For more information, see [SUSPEND_TASK_AFTER_NUM_FAILURES](https://docs.snowflake.com/en/sql-reference/parameters#suspend-task-after-num-failures).","description_kind":"plain","optional":true,"computed":true},"task_auto_retry_attempts":{"type":"number","description":"Maximum automatic retries allowed for a user task. For more information, see [TASK_AUTO_RETRY_ATTEMPTS](https://docs.snowflake.com/en/sql-reference/parameters#task-auto-retry-attempts).","description_kind":"plain","optional":true,"computed":true},"trace_level":{"type":"string","description":"Controls how trace events are ingested into the event table. Valid options are: `ALWAYS` | `ON_EVENT` | `PROPAGATE` | `OFF`. For information about levels, see [TRACE_LEVEL](https://docs.snowflake.com/en/sql-reference/parameters.html#label-trace-level).","description_kind":"plain","optional":true,"computed":true},"user_task_managed_initial_warehouse_size":{"type":"string","description":"The initial size of warehouse to use for managed warehouses in the absence of history. For more information, see [USER_TASK_MANAGED_INITIAL_WAREHOUSE_SIZE](https://docs.snowflake.com/en/sql-reference/parameters#user-task-managed-initial-warehouse-size).","description_kind":"plain","optional":true,"computed":true},"user_task_minimum_trigger_interval_in_seconds":{"type":"number","description":"Minimum amount of time between Triggered Task executions in seconds.","description_kind":"plain","optional":true,"computed":true},"user_task_timeout_ms":{"type":"number","description":"User task execution timeout in milliseconds. For more information, see [USER_TASK_TIMEOUT_MS](https://docs.snowflake.com/en/sql-reference/parameters#user-task-timeout-ms).","description_kind":"plain","optional":true,"computed":true}},"block_types":{"replication":{"nesting_mode":"list","block":{"attributes":{"ignore_edition_check":{"type":"bool","description":"Allows replicating data to accounts on lower editions in either of the following scenarios: 1. The primary database is in a Business Critical (or higher) account but one or more of the accounts approved for replication are on lower editions. Business Critical Edition is intended for Snowflake accounts with extremely sensitive data. 2. The primary database is in a Business Critical (or higher) account and a signed business associate agreement is in place to store PHI data in the account per HIPAA and HITRUST regulations, but no such agreement is in place for one or more of the accounts approved for replication, regardless if they are Business Critical (or higher) accounts. Both scenarios are prohibited by default in an effort to help prevent account administrators for Business Critical (or higher) accounts from inadvertently replicating sensitive data to accounts on lower editions.","description_kind":"plain","optional":true}},"block_types":{"enable_to_account":{"nesting_mode":"list","block":{"attributes":{"account_identifier":{"type":"string","description":"Specifies account identifier for which replication should be enabled. The account identifiers should be in the form of `\"\u003corganization_name\u003e\".\"\u003caccount_name\u003e\"`. For more information about this resource, see [docs](./account).","description_kind":"plain","required":true},"with_failover":{"type":"bool","description":"Specifies if failover should be enabled for the specified account identifier","description_kind":"plain","optional":true}},"description":"Entry to enable replication and optionally failover for a given account identifier.","description_kind":"plain"},"min_items":1}},"description":"Configures replication for a given database. When specified, this database will be promoted to serve as a primary database for replication. A primary database can be replicated in one or more accounts, allowing users in those accounts to query objects in each secondary (i.e. replica) database.","description_kind":"plain"},"max_items":1},"timeouts":{"nesting_mode":"single","block":{"attributes":{"create":{"type":"string","description_kind":"plain","optional":true},"delete":{"type":"string","description_kind":"plain","optional":true},"read":{"type":"string","description_kind":"plain","optional":true},"update":{"type":"string","description_kind":"plain","optional":true}},"description_kind":"plain"}}},"description":"Represents a standard database. If replication configuration is specified, the database is promoted to serve as a primary database for replication.","description_kind":"plain"}},"snowflake_database_role":{"version":1,"block":{"attributes":{"comment":{"type":"string","description":"Specifies a comment for the database role.","description_kind":"plain","optional":true},"database":{"type":"string","description":"The database in which to create the database role. Due to technical limitations (read more [here](../guides/identifiers_rework_design_decisions#known-limitations-and-identifier-recommendations)), avoid using the following characters: `|`, `.`, `\"`.","description_kind":"plain","required":true},"fully_qualified_name":{"type":"string","description":"Fully qualified name of the resource. For more information, see [object name resolution](https://docs.snowflake.com/en/sql-reference/name-resolution).","description_kind":"plain","computed":true},"id":{"type":"string","description_kind":"plain","optional":true,"computed":true},"name":{"type":"string","description":"Specifies the identifier for the database role. Due to technical limitations (read more [here](../guides/identifiers_rework_design_decisions#known-limitations-and-identifier-recommendations)), avoid using the following characters: `|`, `.`, `\"`.","description_kind":"plain","required":true},"show_output":{"type":["list",["object",{"comment":"string","created_on":"string","database_name":"string","granted_database_roles":"number","granted_to_database_roles":"number","granted_to_roles":"number","is_current":"bool","is_default":"bool","is_inherited":"bool","name":"string","owner":"string","owner_role_type":"string"}]],"description":"Outputs the result of `SHOW DATABASE ROLES` for the given database role. Note that this value will be only recomputed whenever comment field changes.","description_kind":"plain","computed":true}},"block_types":{"timeouts":{"nesting_mode":"single","block":{"attributes":{"create":{"type":"string","description_kind":"plain","optional":true},"delete":{"type":"string","description_kind":"plain","optional":true},"read":{"type":"string","description_kind":"plain","optional":true},"update":{"type":"string","description_kind":"plain","optional":true}},"description_kind":"plain"}}},"description":"Resource used to manage database roles. For more information, check [database roles documentation](https://docs.snowflake.com/en/sql-reference/sql/create-database-role).","description_kind":"plain"}},"snowflake_dynamic_table":{"version":0,"block":{"attributes":{"automatic_clustering":{"type":"bool","description":"Whether auto-clustering is enabled on the dynamic table. Not currently supported for dynamic tables.","description_kind":"plain","computed":true},"bytes":{"type":"number","description":"Number of bytes that will be scanned if the entire dynamic table is scanned in a query.","description_kind":"plain","computed":true},"cluster_by":{"type":"string","description":"The clustering key for the dynamic table.","description_kind":"plain","computed":true},"comment":{"type":"string","description":"Specifies a comment for the dynamic table.","description_kind":"plain","optional":true},"created_on":{"type":"string","description":"Time when this dynamic table was created.","description_kind":"plain","computed":true},"data_timestamp":{"type":"string","description":"Timestamp of the data in the base object(s) that is included in the dynamic table.","description_kind":"plain","computed":true},"database":{"type":"string","description":"The database in which to create the dynamic table.","description_kind":"plain","required":true},"fully_qualified_name":{"type":"string","description":"Fully qualified name of the resource. For more information, see [object name resolution](https://docs.snowflake.com/en/sql-reference/name-resolution).","description_kind":"plain","computed":true},"id":{"type":"string","description_kind":"plain","optional":true,"computed":true},"initialize":{"type":"string","description":"(Default: `ON_CREATE`) Initialize trigger for the dynamic table. Can only be set on creation. Available options are ON_CREATE and ON_SCHEDULE.","description_kind":"plain","optional":true},"is_clone":{"type":"bool","description":"TRUE if the dynamic table has been cloned, else FALSE.","description_kind":"plain","computed":true},"is_replica":{"type":"bool","description":"TRUE if the dynamic table is a replica. else FALSE.","description_kind":"plain","computed":true},"last_suspended_on":{"type":"string","description":"Timestamp of last suspension.","description_kind":"plain","computed":true},"name":{"type":"string","description":"Specifies the identifier (i.e. name) for the dynamic table; must be unique for the schema in which the dynamic table is created.","description_kind":"plain","required":true},"or_replace":{"type":"bool","description":"(Default: `false`) Specifies whether to replace the dynamic table if it already exists.","description_kind":"plain","optional":true},"owner":{"type":"string","description":"Role that owns the dynamic table.","description_kind":"plain","computed":true},"query":{"type":"string","description":"Specifies the query to use to populate the dynamic table.","description_kind":"plain","required":true},"refresh_mode":{"type":"string","description":"(Default: `AUTO`) INCREMENTAL to use incremental refreshes, FULL to recompute the whole table on every refresh, or AUTO to let Snowflake decide.","description_kind":"plain","optional":true},"refresh_mode_reason":{"type":"string","description":"Explanation for why FULL refresh mode was chosen. NULL if refresh mode is not FULL.","description_kind":"plain","computed":true},"rows":{"type":"number","description":"Number of rows in the table.","description_kind":"plain","computed":true},"scheduling_state":{"type":"string","description":"Displays ACTIVE for dynamic tables that are actively scheduling refreshes and SUSPENDED for suspended dynamic tables.","description_kind":"plain","computed":true},"schema":{"type":"string","description":"The schema in which to create the dynamic table.","description_kind":"plain","required":true},"warehouse":{"type":"string","description":"The warehouse in which to create the dynamic table.","description_kind":"plain","required":true}},"block_types":{"target_lag":{"nesting_mode":"list","block":{"attributes":{"downstream":{"type":"bool","description":"Specifies whether the target lag time is downstream.","description_kind":"plain","optional":true},"maximum_duration":{"type":"string","description":"Specifies the maximum target lag time for the dynamic table.","description_kind":"plain","optional":true}},"description":"Specifies the target lag time for the dynamic table.","description_kind":"plain"},"min_items":1,"max_items":1},"timeouts":{"nesting_mode":"single","block":{"attributes":{"create":{"type":"string","description_kind":"plain","optional":true},"delete":{"type":"string","description_kind":"plain","optional":true},"read":{"type":"string","description_kind":"plain","optional":true},"update":{"type":"string","description_kind":"plain","optional":true}},"description_kind":"plain"}}},"description_kind":"plain"}},"snowflake_email_notification_integration":{"version":0,"block":{"attributes":{"allowed_recipients":{"type":["set","string"],"description":"List of email addresses that should receive notifications.","description_kind":"plain","optional":true},"comment":{"type":"string","description":"A comment for the email integration.","description_kind":"plain","optional":true},"enabled":{"type":"bool","description_kind":"plain","required":true},"fully_qualified_name":{"type":"string","description":"Fully qualified name of the resource. For more information, see [object name resolution](https://docs.snowflake.com/en/sql-reference/name-resolution).","description_kind":"plain","computed":true},"id":{"type":"string","description_kind":"plain","optional":true,"computed":true},"name":{"type":"string","description_kind":"plain","required":true}},"block_types":{"timeouts":{"nesting_mode":"single","block":{"attributes":{"create":{"type":"string","description_kind":"plain","optional":true},"delete":{"type":"string","description_kind":"plain","optional":true},"read":{"type":"string","description_kind":"plain","optional":true},"update":{"type":"string","description_kind":"plain","optional":true}},"description_kind":"plain"}}},"description_kind":"plain"}},"snowflake_execute":{"version":0,"block":{"attributes":{"execute":{"type":"string","description":"SQL statement to execute. Forces recreation of resource on change.","description_kind":"plain","required":true},"id":{"type":"string","description_kind":"plain","optional":true,"computed":true},"query":{"type":"string","description":"Optional SQL statement to do a read. Invoked on every resource refresh and every time it is changed.","description_kind":"plain","optional":true},"query_results":{"type":["list",["map","string"]],"description":"List of key-value maps (text to text) retrieved after executing read query. Will be empty if the query results in an error.","description_kind":"plain","computed":true},"revert":{"type":"string","description":"SQL statement to revert the execute statement. Invoked when resource is being destroyed.","description_kind":"plain","required":true}},"block_types":{"timeouts":{"nesting_mode":"single","block":{"attributes":{"create":{"type":"string","description_kind":"plain","optional":true},"delete":{"type":"string","description_kind":"plain","optional":true},"read":{"type":"string","description_kind":"plain","optional":true},"update":{"type":"string","description_kind":"plain","optional":true}},"description_kind":"plain"}}},"description":"Resource allowing execution of ANY SQL statement.","description_kind":"plain"}},"snowflake_external_function":{"version":2,"block":{"attributes":{"api_integration":{"type":"string","description":"The name of the API integration object that should be used to authenticate the call to the proxy service.","description_kind":"plain","required":true},"comment":{"type":"string","description":"(Default: `user-defined function`) A description of the external function.","description_kind":"plain","optional":true},"compression":{"type":"string","description":"(Default: `AUTO`) If specified, the JSON payload is compressed when sent from Snowflake to the proxy service, and when sent back from the proxy service to Snowflake.","description_kind":"plain","optional":true},"context_headers":{"type":["list","string"],"description":"Binds Snowflake context function results to HTTP headers.","description_kind":"plain","optional":true},"created_on":{"type":"string","description":"Date and time when the external function was created.","description_kind":"plain","computed":true},"database":{"type":"string","description":"The database in which to create the external function.","description_kind":"plain","required":true},"fully_qualified_name":{"type":"string","description":"Fully qualified name of the resource. For more information, see [object name resolution](https://docs.snowflake.com/en/sql-reference/name-resolution).","description_kind":"plain","computed":true},"id":{"type":"string","description_kind":"plain","optional":true,"computed":true},"max_batch_rows":{"type":"number","description":"This specifies the maximum number of rows in each batch sent to the proxy service.","description_kind":"plain","optional":true},"name":{"type":"string","description":"Specifies the identifier for the external function. The identifier can contain the schema name and database name, as well as the function name. The function's signature (name and argument data types) must be unique within the schema.","description_kind":"plain","required":true},"null_input_behavior":{"type":"string","description":"(Default: `CALLED ON NULL INPUT`) Specifies the behavior of the external function when called with null inputs.","description_kind":"plain","optional":true},"request_translator":{"type":"string","description":"This specifies the name of the request translator function","description_kind":"plain","optional":true},"response_translator":{"type":"string","description":"This specifies the name of the response translator function.","description_kind":"plain","optional":true},"return_behavior":{"type":"string","description":"Specifies the behavior of the function when returning results","description_kind":"plain","required":true},"return_null_allowed":{"type":"bool","description":"(Default: `true`) Indicates whether the function can return NULL values (true) or must return only NON-NULL values (false).","description_kind":"plain","optional":true},"return_type":{"type":"string","description":"Specifies the data type returned by the external function.","description_kind":"plain","required":true},"schema":{"type":"string","description":"The schema in which to create the external function.","description_kind":"plain","required":true},"url_of_proxy_and_resource":{"type":"string","description":"This is the invocation URL of the proxy service and resource through which Snowflake calls the remote service.","description_kind":"plain","required":true}},"block_types":{"arg":{"nesting_mode":"list","block":{"attributes":{"name":{"type":"string","description":"Argument name","description_kind":"plain","required":true},"type":{"type":"string","description":"Argument type, e.g. VARCHAR","description_kind":"plain","required":true}},"description":"Specifies the arguments/inputs for the external function. These should correspond to the arguments that the remote service expects.","description_kind":"plain"}},"header":{"nesting_mode":"set","block":{"attributes":{"name":{"type":"string","description":"Header name","description_kind":"plain","required":true},"value":{"type":"string","description":"Header value","description_kind":"plain","required":true}},"description":"Allows users to specify key-value metadata that is sent with every request as HTTP headers.","description_kind":"plain"}},"timeouts":{"nesting_mode":"single","block":{"attributes":{"create":{"type":"string","description_kind":"plain","optional":true},"delete":{"type":"string","description_kind":"plain","optional":true},"read":{"type":"string","description_kind":"plain","optional":true},"update":{"type":"string","description_kind":"plain","optional":true}},"description_kind":"plain"}}},"description_kind":"plain"}},"snowflake_external_oauth_integration":{"version":1,"block":{"attributes":{"comment":{"type":"string","description":"Specifies a comment for the OAuth integration.","description_kind":"plain","optional":true},"describe_output":{"type":["list",["object",{"comment":["list",["object",{"default":"string","name":"string","type":"string","value":"string"}]],"enabled":["list",["object",{"default":"string","name":"string","type":"string","value":"string"}]],"external_oauth_allowed_roles_list":["list",["object",{"default":"string","name":"string","type":"string","value":"string"}]],"external_oauth_any_role_mode":["list",["object",{"default":"string","name":"string","type":"string","value":"string"}]],"external_oauth_audience_list":["list",["object",{"default":"string","name":"string","type":"string","value":"string"}]],"external_oauth_blocked_roles_list":["list",["object",{"default":"string","name":"string","type":"string","value":"string"}]],"external_oauth_issuer":["list",["object",{"default":"string","name":"string","type":"string","value":"string"}]],"external_oauth_jws_keys_url":["list",["object",{"default":"string","name":"string","type":"string","value":"string"}]],"external_oauth_rsa_public_key":["list",["object",{"default":"string","name":"string","type":"string","value":"string"}]],"external_oauth_rsa_public_key_2":["list",["object",{"default":"string","name":"string","type":"string","value":"string"}]],"external_oauth_scope_delimiter":["list",["object",{"default":"string","name":"string","type":"string","value":"string"}]],"external_oauth_snowflake_user_mapping_attribute":["list",["object",{"default":"string","name":"string","type":"string","value":"string"}]],"external_oauth_token_user_mapping_claim":["list",["object",{"default":"string","name":"string","type":"string","value":"string"}]]}]],"description":"Outputs the result of `DESCRIBE SECURITY INTEGRATIONS` for the given security integration.","description_kind":"plain","computed":true},"enabled":{"type":"bool","description":"Specifies whether to initiate operation of the integration or suspend it.","description_kind":"plain","required":true},"external_oauth_allowed_roles_list":{"type":["set","string"],"description":"Specifies the list of roles that the client can set as the primary role. For more information about this resource, see [docs](./account_role).","description_kind":"plain","optional":true},"external_oauth_any_role_mode":{"type":"string","description":"Specifies whether the OAuth client or user can use a role that is not defined in the OAuth access token. Valid values are (case-insensitive): `DISABLE` | `ENABLE` | `ENABLE_FOR_PRIVILEGE`.","description_kind":"plain","optional":true},"external_oauth_audience_list":{"type":["set","string"],"description":"Specifies additional values that can be used for the access token's audience validation on top of using the Customer's Snowflake Account URL ","description_kind":"plain","optional":true},"external_oauth_blocked_roles_list":{"type":["set","string"],"description":"Specifies the list of roles that a client cannot set as the primary role. By default, this list includes the ACCOUNTADMIN, ORGADMIN and SECURITYADMIN roles. To remove these privileged roles from the list, use the ALTER ACCOUNT command to set the EXTERNAL_OAUTH_ADD_PRIVILEGED_ROLES_TO_BLOCKED_LIST account parameter to FALSE. For more information about this resource, see [docs](./account_role).","description_kind":"plain","optional":true},"external_oauth_issuer":{"type":"string","description":"Specifies the URL to define the OAuth 2.0 authorization server.","description_kind":"plain","required":true},"external_oauth_jws_keys_url":{"type":["set","string"],"description":"Specifies the endpoint or a list of endpoints from which to download public keys or certificates to validate an External OAuth access token. The maximum number of URLs that can be specified in the list is 3. If removed from the config, the resource is recreated.","description_kind":"plain","optional":true},"external_oauth_rsa_public_key":{"type":"string","description":"Specifies a Base64-encoded RSA public key, without the -----BEGIN PUBLIC KEY----- and -----END PUBLIC KEY----- headers. If removed from the config, the resource is recreated.","description_kind":"plain","optional":true},"external_oauth_rsa_public_key_2":{"type":"string","description":"Specifies a second RSA public key, without the -----BEGIN PUBLIC KEY----- and -----END PUBLIC KEY----- headers. Used for key rotation. If removed from the config, the resource is recreated.","description_kind":"plain","optional":true},"external_oauth_scope_delimiter":{"type":"string","description":"Specifies the scope delimiter in the authorization token.","description_kind":"plain","optional":true},"external_oauth_scope_mapping_attribute":{"type":"string","description":"Specifies the access token claim to map the access token to an account role. If removed from the config, the resource is recreated.","description_kind":"plain","optional":true},"external_oauth_snowflake_user_mapping_attribute":{"type":"string","description":"Indicates which Snowflake user record attribute should be used to map the access token to a Snowflake user record. Valid values are (case-insensitive): `LOGIN_NAME` | `EMAIL_ADDRESS`.","description_kind":"plain","required":true},"external_oauth_token_user_mapping_claim":{"type":["set","string"],"description":"Specifies the access token claim or claims that can be used to map the access token to a Snowflake user record. If removed from the config, the resource is recreated.","description_kind":"plain","required":true},"external_oauth_type":{"type":"string","description":"Specifies the OAuth 2.0 authorization server to be Okta, Microsoft Azure AD, Ping Identity PingFederate, or a Custom OAuth 2.0 authorization server. Valid values are (case-insensitive): `OKTA` | `AZURE` | `PING_FEDERATE` | `CUSTOM`.","description_kind":"plain","required":true},"fully_qualified_name":{"type":"string","description":"Fully qualified name of the resource. For more information, see [object name resolution](https://docs.snowflake.com/en/sql-reference/name-resolution).","description_kind":"plain","computed":true},"id":{"type":"string","description_kind":"plain","optional":true,"computed":true},"name":{"type":"string","description":"Specifies the name of the External Oath integration. This name follows the rules for Object Identifiers. The name should be unique among security integrations in your account. Due to technical limitations (read more [here](../guides/identifiers_rework_design_decisions#known-limitations-and-identifier-recommendations)), avoid using the following characters: `|`, `.`, `\"`.","description_kind":"plain","required":true},"related_parameters":{"type":["list",["object",{"external_oauth_add_privileged_roles_to_blocked_list":["list",["object",{"default":"string","description":"string","key":"string","level":"string","value":"string"}]]}]],"description":"Parameters related to this security integration.","description_kind":"plain","computed":true},"show_output":{"type":["list",["object",{"category":"string","comment":"string","created_on":"string","enabled":"bool","integration_type":"string","name":"string"}]],"description":"Outputs the result of `SHOW SECURITY INTEGRATIONS` for the given security integration.","description_kind":"plain","computed":true}},"block_types":{"timeouts":{"nesting_mode":"single","block":{"attributes":{"create":{"type":"string","description_kind":"plain","optional":true},"delete":{"type":"string","description_kind":"plain","optional":true},"read":{"type":"string","description_kind":"plain","optional":true},"update":{"type":"string","description_kind":"plain","optional":true}},"description_kind":"plain"}}},"description":"Resource used to manage external oauth security integration objects. For more information, check [security integrations documentation](https://docs.snowflake.com/en/sql-reference/sql/create-security-integration-oauth-external).","description_kind":"plain"}},"snowflake_external_table":{"version":0,"block":{"attributes":{"auto_refresh":{"type":"bool","description":"(Default: `true`) Specifies whether to automatically refresh the external table metadata once, immediately after the external table is created.","description_kind":"plain","optional":true},"aws_sns_topic":{"type":"string","description":"Specifies the aws sns topic for the external table.","description_kind":"plain","optional":true},"comment":{"type":"string","description":"Specifies a comment for the external table.","description_kind":"plain","optional":true},"copy_grants":{"type":"bool","description":"(Default: `false`) Specifies to retain the access permissions from the original table when an external table is recreated using the CREATE OR REPLACE TABLE variant","description_kind":"plain","optional":true},"database":{"type":"string","description":"The database in which to create the external table.","description_kind":"plain","required":true},"file_format":{"type":"string","description":"Specifies the file format for the external table.","description_kind":"plain","required":true},"fully_qualified_name":{"type":"string","description":"Fully qualified name of the resource. For more information, see [object name resolution](https://docs.snowflake.com/en/sql-reference/name-resolution).","description_kind":"plain","computed":true},"id":{"type":"string","description_kind":"plain","optional":true,"computed":true},"location":{"type":"string","description":"Specifies a location for the external table, using its FQDN. You can hardcode it (`\"@MYDB.MYSCHEMA.MYSTAGE\"`), or populate dynamically (`\"@${snowflake_stage.mystage.fully_qualified_name}\"`)","description_kind":"plain","required":true},"name":{"type":"string","description":"Specifies the identifier for the external table; must be unique for the database and schema in which the externalTable is created.","description_kind":"plain","required":true},"owner":{"type":"string","description":"Name of the role that owns the external table.","description_kind":"plain","computed":true},"partition_by":{"type":["list","string"],"description":"Specifies any partition columns to evaluate for the external table.","description_kind":"plain","optional":true},"pattern":{"type":"string","description":"Specifies the file names and/or paths on the external stage to match.","description_kind":"plain","optional":true},"refresh_on_create":{"type":"bool","description":"(Default: `true`) Specifies weather to refresh when an external table is created.","description_kind":"plain","optional":true},"schema":{"type":"string","description":"The schema in which to create the external table.","description_kind":"plain","required":true},"table_format":{"type":"string","description":"Identifies the external table table type. For now, only \"delta\" for Delta Lake table format is supported.","description_kind":"plain","optional":true}},"block_types":{"column":{"nesting_mode":"list","block":{"attributes":{"as":{"type":"string","description":"String that specifies the expression for the column. When queried, the column returns results derived from this expression.","description_kind":"plain","required":true},"name":{"type":"string","description":"Column name","description_kind":"plain","required":true},"type":{"type":"string","description":"Column type, e.g. VARIANT","description_kind":"plain","required":true}},"description":"Definitions of a column to create in the external table. Minimum one required.","description_kind":"plain"},"min_items":1},"tag":{"nesting_mode":"list","block":{"attributes":{"database":{"type":"string","description":"Name of the database that the tag was created in.","description_kind":"plain","optional":true},"name":{"type":"string","description":"Tag name, e.g. department.","description_kind":"plain","required":true},"schema":{"type":"string","description":"Name of the schema that the tag was created in.","description_kind":"plain","optional":true},"value":{"type":"string","description":"Tag value, e.g. marketing_info.","description_kind":"plain","required":true}},"description":"Definitions of a tag to associate with the resource.","description_kind":"plain","deprecated":true}},"timeouts":{"nesting_mode":"single","block":{"attributes":{"create":{"type":"string","description_kind":"plain","optional":true},"delete":{"type":"string","description_kind":"plain","optional":true},"read":{"type":"string","description_kind":"plain","optional":true},"update":{"type":"string","description_kind":"plain","optional":true}},"description_kind":"plain"}}},"description_kind":"plain"}},"snowflake_external_volume":{"version":0,"block":{"attributes":{"allow_writes":{"type":"string","description":"(Default: fallback to Snowflake default - uses special value that cannot be set in the configuration manually (`default`)) Specifies whether write operations are allowed for the external volume; must be set to TRUE for Iceberg tables that use Snowflake as the catalog. Available options are: \"true\" or \"false\". When the value is not set in the configuration the provider will put \"default\" there which means to use the Snowflake default for this value.","description_kind":"plain","optional":true},"comment":{"type":"string","description":"Specifies a comment for the external volume.","description_kind":"plain","optional":true},"describe_output":{"type":["list",["object",{"default":"string","name":"string","parent":"string","type":"string","value":"string"}]],"description":"Outputs the result of `DESCRIBE EXTERNAL VOLUME` for the given external volume.","description_kind":"plain","computed":true},"fully_qualified_name":{"type":"string","description":"Fully qualified name of the resource. For more information, see [object name resolution](https://docs.snowflake.com/en/sql-reference/name-resolution).","description_kind":"plain","computed":true},"id":{"type":"string","description_kind":"plain","optional":true,"computed":true},"name":{"type":"string","description":"Identifier for the external volume; must be unique for your account. Due to technical limitations (read more [here](../guides/identifiers_rework_design_decisions#known-limitations-and-identifier-recommendations)), avoid using the following characters: `|`, `.`, `\"`.","description_kind":"plain","required":true},"show_output":{"type":["list",["object",{"allow_writes":"bool","comment":"string","name":"string"}]],"description":"Outputs the result of `SHOW EXTERNAL VOLUMES` for the given external volume.","description_kind":"plain","computed":true}},"block_types":{"storage_location":{"nesting_mode":"list","block":{"attributes":{"azure_tenant_id":{"type":"string","description":"Specifies the ID for your Office 365 tenant that the allowed and blocked storage accounts belong to.","description_kind":"plain","optional":true},"encryption_kms_key_id":{"type":"string","description":"Specifies the ID for the KMS-managed key used to encrypt files.","description_kind":"plain","optional":true},"encryption_type":{"type":"string","description":"Specifies the encryption type used.","description_kind":"plain","optional":true},"storage_aws_external_id":{"type":"string","description":"External ID that Snowflake uses to establish a trust relationship with AWS.","description_kind":"plain","computed":true},"storage_aws_role_arn":{"type":"string","description":"Specifies the case-sensitive Amazon Resource Name (ARN) of the AWS identity and access management (IAM) role that grants privileges on the S3 bucket containing your data files.","description_kind":"plain","optional":true},"storage_base_url":{"type":"string","description":"Specifies the base URL for your cloud storage location.","description_kind":"plain","required":true},"storage_location_name":{"type":"string","description":"Name of the storage location. Must be unique for the external volume. Do not use the name `terraform_provider_sentinel_storage_location` - this is reserved for the provider for performing update operations. Due to technical limitations (read more [here](../guides/identifiers_rework_design_decisions#known-limitations-and-identifier-recommendations)), avoid using the following characters: `|`, `.`, `\"`.","description_kind":"plain","required":true},"storage_provider":{"type":"string","description":"Specifies the cloud storage provider that stores your data files. Valid values are (case-insensitive): `GCS` | `AZURE` | `S3` | `S3GOV`.","description_kind":"plain","required":true}},"description":"List of named cloud storage locations in different regions and, optionally, cloud platforms. Minimum 1 required. The order of the list is important as it impacts the active storage location, and updates will be triggered if it changes. Note that not all parameter combinations are valid as they depend on the given storage_provider. Consult [the docs](https://docs.snowflake.com/en/sql-reference/sql/create-external-volume#cloud-provider-parameters-cloudproviderparams) for more details on this.","description_kind":"plain"},"min_items":1},"timeouts":{"nesting_mode":"single","block":{"attributes":{"create":{"type":"string","description_kind":"plain","optional":true},"delete":{"type":"string","description_kind":"plain","optional":true},"read":{"type":"string","description_kind":"plain","optional":true},"update":{"type":"string","description_kind":"plain","optional":true}},"description_kind":"plain"}}},"description":"Resource used to manage external volume objects. For more information, check [external volume documentation](https://docs.snowflake.com/en/sql-reference/commands-data-loading#external-volume).","description_kind":"plain"}},"snowflake_failover_group":{"version":0,"block":{"attributes":{"allowed_accounts":{"type":["set","string"],"description":"Specifies the target account or list of target accounts to which replication and failover of specified objects from the source account is enabled. Secondary failover groups in the target accounts in this list can be promoted to serve as the primary failover group in case of failover. Expected in the form `\u003corg_name\u003e.\u003ctarget_account_name\u003e`. This value is case-sensitive.","description_kind":"plain","optional":true},"allowed_databases":{"type":["set","string"],"description":"Specifies the database or list of databases for which you are enabling replication and failover from the source account to the target account. The OBJECT_TYPES list must include DATABASES to set this parameter.","description_kind":"plain","optional":true},"allowed_integration_types":{"type":["set","string"],"description":"Type(s) of integrations for which you are enabling replication and failover from the source account to the target account. This property requires that the OBJECT_TYPES list include INTEGRATIONS to set this parameter. The following integration types are supported: \"SECURITY INTEGRATIONS\", \"API INTEGRATIONS\", \"STORAGE INTEGRATIONS\", \"EXTERNAL ACCESS INTEGRATIONS\", \"NOTIFICATION INTEGRATIONS\"","description_kind":"plain","optional":true},"allowed_shares":{"type":["set","string"],"description":"Specifies the share or list of shares for which you are enabling replication and failover from the source account to the target account. The OBJECT_TYPES list must include SHARES to set this parameter.","description_kind":"plain","optional":true},"fully_qualified_name":{"type":"string","description":"Fully qualified name of the resource. For more information, see [object name resolution](https://docs.snowflake.com/en/sql-reference/name-resolution).","description_kind":"plain","computed":true},"id":{"type":"string","description_kind":"plain","optional":true,"computed":true},"ignore_edition_check":{"type":"bool","description":"(Default: `false`) Allows replicating objects to accounts on lower editions.","description_kind":"plain","optional":true},"name":{"type":"string","description":"Specifies the identifier for the failover group. The identifier must start with an alphabetic character and cannot contain spaces or special characters unless the identifier string is enclosed in double quotes (e.g. \"My object\"). Identifiers enclosed in double quotes are also case-sensitive.","description_kind":"plain","required":true},"object_types":{"type":["set","string"],"description":"Type(s) of objects for which you are enabling replication and failover from the source account to the target account. The following object types are supported: \"ACCOUNT PARAMETERS\", \"DATABASES\", \"INTEGRATIONS\", \"NETWORK POLICIES\", \"RESOURCE MONITORS\", \"ROLES\", \"SHARES\", \"USERS\", \"WAREHOUSES\"","description_kind":"plain","optional":true}},"block_types":{"from_replica":{"nesting_mode":"list","block":{"attributes":{"name":{"type":"string","description":"Identifier for the primary failover group in the source account.","description_kind":"plain","required":true},"organization_name":{"type":"string","description":"Name of your Snowflake organization.","description_kind":"plain","required":true},"source_account_name":{"type":"string","description":"Source account from which you are enabling replication and failover of the specified objects.","description_kind":"plain","required":true}},"description":"Specifies the name of the replica to use as the source for the failover group.","description_kind":"plain"},"max_items":1},"replication_schedule":{"nesting_mode":"list","block":{"attributes":{"interval":{"type":"number","description":"Specifies the interval in minutes for the replication schedule. The interval must be greater than 0 and less than 1440 (24 hours).","description_kind":"plain","optional":true}},"block_types":{"cron":{"nesting_mode":"list","block":{"attributes":{"expression":{"type":"string","description":"Specifies the cron expression for the replication schedule. The cron expression must be in the following format: \"minute hour day-of-month month day-of-week\". The following values are supported: minute: 0-59 hour: 0-23 day-of-month: 1-31 month: 1-12 day-of-week: 0-6 (0 is Sunday)","description_kind":"plain","required":true},"time_zone":{"type":"string","description":"Specifies the time zone for secondary group refresh.","description_kind":"plain","required":true}},"description":"Specifies the cron expression for the replication schedule. The cron expression must be in the following format: \"minute hour day-of-month month day-of-week\". The following values are supported: minute: 0-59 hour: 0-23 day-of-month: 1-31 month: 1-12 day-of-week: 0-6 (0 is Sunday)","description_kind":"plain"},"max_items":1}},"description":"Specifies the schedule for refreshing secondary failover groups.","description_kind":"plain"},"max_items":1},"timeouts":{"nesting_mode":"single","block":{"attributes":{"create":{"type":"string","description_kind":"plain","optional":true},"delete":{"type":"string","description_kind":"plain","optional":true},"read":{"type":"string","description_kind":"plain","optional":true},"update":{"type":"string","description_kind":"plain","optional":true}},"description_kind":"plain"}}},"description_kind":"plain"}},"snowflake_file_format":{"version":0,"block":{"attributes":{"allow_duplicate":{"type":"bool","description":"Boolean that specifies to allow duplicate object field names (only the last one will be preserved).","description_kind":"plain","optional":true},"binary_as_text":{"type":"bool","description":"Boolean that specifies whether to interpret columns with no defined logical data type as UTF-8 text.","description_kind":"plain","optional":true},"binary_format":{"type":"string","description":"Defines the encoding format for binary input or output.","description_kind":"plain","optional":true,"computed":true},"comment":{"type":"string","description":"Specifies a comment for the file format.","description_kind":"plain","optional":true},"compression":{"type":"string","description":"Specifies the current compression algorithm for the data file.","description_kind":"plain","optional":true,"computed":true},"database":{"type":"string","description":"The database in which to create the file format.","description_kind":"plain","required":true},"date_format":{"type":"string","description":"Defines the format of date values in the data files (data loading) or table (data unloading).","description_kind":"plain","optional":true,"computed":true},"disable_auto_convert":{"type":"bool","description":"Boolean that specifies whether the XML parser disables automatic conversion of numeric and Boolean values from text to native representation.","description_kind":"plain","optional":true},"disable_snowflake_data":{"type":"bool","description":"Boolean that specifies whether the XML parser disables recognition of Snowflake semi-structured data tags.","description_kind":"plain","optional":true},"empty_field_as_null":{"type":"bool","description":"Specifies whether to insert SQL NULL for empty fields in an input file, which are represented by two successive delimiters.","description_kind":"plain","optional":true},"enable_octal":{"type":"bool","description":"Boolean that enables parsing of octal numbers.","description_kind":"plain","optional":true},"encoding":{"type":"string","description":"String (constant) that specifies the character set of the source data when loading data into a table.","description_kind":"plain","optional":true,"computed":true},"error_on_column_count_mismatch":{"type":"bool","description":"Boolean that specifies whether to generate a parsing error if the number of delimited columns (i.e. fields) in an input file does not match the number of columns in the corresponding table.","description_kind":"plain","optional":true},"escape":{"type":"string","description":"Single character string used as the escape character for field values.","description_kind":"plain","optional":true,"computed":true},"escape_unenclosed_field":{"type":"string","description":"Single character string used as the escape character for unenclosed field values only.","description_kind":"plain","optional":true,"computed":true},"field_delimiter":{"type":"string","description":"Specifies one or more singlebyte or multibyte characters that separate fields in an input file (data loading) or unloaded file (data unloading).","description_kind":"plain","optional":true,"computed":true},"field_optionally_enclosed_by":{"type":"string","description":"Character used to enclose strings.","description_kind":"plain","optional":true,"computed":true},"file_extension":{"type":"string","description":"Specifies the extension for files unloaded to a stage.","description_kind":"plain","optional":true},"format_type":{"type":"string","description":"Specifies the format of the input files (for data loading) or output files (for data unloading).","description_kind":"plain","required":true},"fully_qualified_name":{"type":"string","description":"Fully qualified name of the resource. For more information, see [object name resolution](https://docs.snowflake.com/en/sql-reference/name-resolution).","description_kind":"plain","computed":true},"id":{"type":"string","description_kind":"plain","optional":true,"computed":true},"ignore_utf8_errors":{"type":"bool","description":"Boolean that specifies whether UTF-8 encoding errors produce error conditions.","description_kind":"plain","optional":true},"name":{"type":"string","description":"Specifies the identifier for the file format; must be unique for the database and schema in which the file format is created.","description_kind":"plain","required":true},"null_if":{"type":["list","string"],"description":"String used to convert to and from SQL NULL.","description_kind":"plain","optional":true,"computed":true},"parse_header":{"type":"bool","description":"Boolean that specifies whether to use the first row headers in the data files to determine column names.","description_kind":"plain","optional":true},"preserve_space":{"type":"bool","description":"Boolean that specifies whether the XML parser preserves leading and trailing spaces in element content.","description_kind":"plain","optional":true},"record_delimiter":{"type":"string","description":"Specifies one or more singlebyte or multibyte characters that separate records in an input file (data loading) or unloaded file (data unloading).","description_kind":"plain","optional":true,"computed":true},"replace_invalid_characters":{"type":"bool","description":"Boolean that specifies whether to replace invalid UTF-8 characters with the Unicode replacement character (�).","description_kind":"plain","optional":true},"schema":{"type":"string","description":"The schema in which to create the file format.","description_kind":"plain","required":true},"skip_blank_lines":{"type":"bool","description":"Boolean that specifies to skip any blank lines encountered in the data files.","description_kind":"plain","optional":true},"skip_byte_order_mark":{"type":"bool","description":"Boolean that specifies whether to skip the BOM (byte order mark), if present in a data file.","description_kind":"plain","optional":true},"skip_header":{"type":"number","description":"Number of lines at the start of the file to skip.","description_kind":"plain","optional":true},"strip_null_values":{"type":"bool","description":"Boolean that instructs the JSON parser to remove object fields or array elements containing null values.","description_kind":"plain","optional":true},"strip_outer_array":{"type":"bool","description":"Boolean that instructs the JSON parser to remove outer brackets.","description_kind":"plain","optional":true},"strip_outer_element":{"type":"bool","description":"Boolean that specifies whether the XML parser strips out the outer XML element, exposing 2nd level elements as separate documents.","description_kind":"plain","optional":true},"time_format":{"type":"string","description":"Defines the format of time values in the data files (data loading) or table (data unloading).","description_kind":"plain","optional":true,"computed":true},"timestamp_format":{"type":"string","description":"Defines the format of timestamp values in the data files (data loading) or table (data unloading).","description_kind":"plain","optional":true,"computed":true},"trim_space":{"type":"bool","description":"Boolean that specifies whether to remove white space from fields.","description_kind":"plain","optional":true}},"block_types":{"timeouts":{"nesting_mode":"single","block":{"attributes":{"create":{"type":"string","description_kind":"plain","optional":true},"delete":{"type":"string","description_kind":"plain","optional":true},"read":{"type":"string","description_kind":"plain","optional":true},"update":{"type":"string","description_kind":"plain","optional":true}},"description_kind":"plain"}}},"description_kind":"plain"}},"snowflake_function_java":{"version":0,"block":{"attributes":{"comment":{"type":"string","description":"(Default: `user-defined function`) Specifies a comment for the function.","description_kind":"plain","optional":true},"database":{"type":"string","description":"The database in which to create the function. Due to technical limitations (read more [here](../guides/identifiers_rework_design_decisions#known-limitations-and-identifier-recommendations)), avoid using the following characters: `|`, `.`, `\"`.","description_kind":"plain","required":true},"enable_console_output":{"type":"bool","description":"Enable stdout/stderr fast path logging for anonymous stored procs. This is a public parameter (similar to LOG_LEVEL). For more information, check [ENABLE_CONSOLE_OUTPUT docs](https://docs.snowflake.com/en/sql-reference/parameters#enable-console-output).","description_kind":"plain","optional":true,"computed":true},"external_access_integrations":{"type":["set","string"],"description":"The names of [external access integrations](https://docs.snowflake.com/en/sql-reference/sql/create-external-access-integration) needed in order for this function’s handler code to access external networks. An external access integration specifies [network rules](https://docs.snowflake.com/en/sql-reference/sql/create-network-rule) and [secrets](https://docs.snowflake.com/en/sql-reference/sql/create-secret) that specify external locations and credentials (if any) allowed for use by handler code when making requests of an external network, such as an external REST API.","description_kind":"plain","optional":true},"fully_qualified_name":{"type":"string","description":"Fully qualified name of the resource. For more information, see [object name resolution](https://docs.snowflake.com/en/sql-reference/name-resolution).","description_kind":"plain","computed":true},"function_definition":{"type":"string","description":"Defines the handler code executed when the UDF is called. Wrapping `$$` signs are added by the provider automatically; do not include them. The `function_definition` value must be Java source code. For more information, see [Introduction to Java UDFs](https://docs.snowflake.com/en/developer-guide/udf/java/udf-java-introduction). To mitigate permadiff on this field, the provider replaces blank characters with a space. This can lead to false positives in cases where a change in case or run of whitespace is semantically significant.","description_kind":"plain","optional":true},"function_language":{"type":"string","description":"Specifies language for the user. Used to detect external changes.","description_kind":"plain","computed":true},"handler":{"type":"string","description":"The name of the handler method or class. If the handler is for a scalar UDF, returning a non-tabular value, the HANDLER value should be a method name, as in the following form: `MyClass.myMethod`. If the handler is for a tabular UDF, the HANDLER value should be the name of a handler class.","description_kind":"plain","required":true},"id":{"type":"string","description_kind":"plain","optional":true,"computed":true},"is_secure":{"type":"string","description":"(Default: fallback to Snowflake default - uses special value that cannot be set in the configuration manually (`default`)) Specifies that the function is secure. By design, the Snowflake's `SHOW FUNCTIONS` command does not provide information about secure functions (consult [function docs](https://docs.snowflake.com/en/sql-reference/sql/create-function#id1) and [Protecting Sensitive Information with Secure UDFs and Stored Procedures](https://docs.snowflake.com/en/developer-guide/secure-udf-procedure)) which is essential to manage/import function with Terraform. Use the role owning the function while managing secure functions. Available options are: \"true\" or \"false\". When the value is not set in the configuration the provider will put \"default\" there which means to use the Snowflake default for this value.","description_kind":"plain","optional":true},"log_level":{"type":"string","description":"LOG_LEVEL to use when filtering events For more information, check [LOG_LEVEL docs](https://docs.snowflake.com/en/sql-reference/parameters#log-level).","description_kind":"plain","optional":true,"computed":true},"metric_level":{"type":"string","description":"METRIC_LEVEL value to control whether to emit metrics to Event Table For more information, check [METRIC_LEVEL docs](https://docs.snowflake.com/en/sql-reference/parameters#metric-level).","description_kind":"plain","optional":true,"computed":true},"name":{"type":"string","description":"The name of the function; the identifier does not need to be unique for the schema in which the function is created because UDFs are identified and resolved by the combination of the name and argument types. Check the [docs](https://docs.snowflake.com/en/sql-reference/sql/create-function#all-languages). Due to technical limitations (read more [here](../guides/identifiers_rework_design_decisions#known-limitations-and-identifier-recommendations)), avoid using the following characters: `|`, `.`, `\"`.","description_kind":"plain","required":true},"null_input_behavior":{"type":"string","description":"Specifies the behavior of the function when called with null inputs. Valid values are (case-insensitive): `CALLED ON NULL INPUT` | `RETURNS NULL ON NULL INPUT`.","description_kind":"plain","optional":true},"packages":{"type":["set","string"],"description":"The name and version number of Snowflake system packages required as dependencies. The value should be of the form `package_name:version_number`, where `package_name` is `snowflake_domain:package`.","description_kind":"plain","optional":true},"parameters":{"type":["list",["object",{"enable_console_output":["list",["object",{"default":"string","description":"string","key":"string","level":"string","value":"string"}]],"log_level":["list",["object",{"default":"string","description":"string","key":"string","level":"string","value":"string"}]],"metric_level":["list",["object",{"default":"string","description":"string","key":"string","level":"string","value":"string"}]],"trace_level":["list",["object",{"default":"string","description":"string","key":"string","level":"string","value":"string"}]]}]],"description":"Outputs the result of `SHOW PARAMETERS IN FUNCTION` for the given function.","description_kind":"plain","computed":true},"return_results_behavior":{"type":"string","description":"Specifies the behavior of the function when returning results. Valid values are (case-insensitive): `VOLATILE` | `IMMUTABLE`.","description_kind":"plain","optional":true},"return_type":{"type":"string","description":"Specifies the results returned by the UDF, which determines the UDF type. Use `\u003cresult_data_type\u003e` to create a scalar UDF that returns a single value with the specified data type. Use `TABLE (col_name col_data_type, ...)` to creates a table UDF that returns tabular results with the specified table column(s) and column type(s). For the details, consult the [docs](https://docs.snowflake.com/en/sql-reference/sql/create-function#all-languages).","description_kind":"plain","required":true},"runtime_version":{"type":"string","description":"Specifies the Java JDK runtime version to use. The supported versions of Java are 11.x and 17.x. If RUNTIME_VERSION is not set, Java JDK 11 is used.","description_kind":"plain","optional":true},"schema":{"type":"string","description":"The schema in which to create the function. Due to technical limitations (read more [here](../guides/identifiers_rework_design_decisions#known-limitations-and-identifier-recommendations)), avoid using the following characters: `|`, `.`, `\"`.","description_kind":"plain","required":true},"show_output":{"type":["list",["object",{"arguments_raw":"string","catalog_name":"string","created_on":"string","description":"string","external_access_integrations":"string","is_aggregate":"bool","is_ansi":"bool","is_builtin":"bool","is_data_metric":"bool","is_external_function":"bool","is_memoizable":"bool","is_secure":"bool","is_table_function":"bool","language":"string","max_num_arguments":"number","min_num_arguments":"number","name":"string","schema_name":"string","secrets":"string","valid_for_clustering":"bool"}]],"description":"Outputs the result of `SHOW FUNCTION` for the given function.","description_kind":"plain","computed":true},"trace_level":{"type":"string","description":"Trace level value to use when generating/filtering trace events For more information, check [TRACE_LEVEL docs](https://docs.snowflake.com/en/sql-reference/parameters#trace-level).","description_kind":"plain","optional":true,"computed":true}},"block_types":{"arguments":{"nesting_mode":"list","block":{"attributes":{"arg_data_type":{"type":"string","description":"The argument type.","description_kind":"plain","required":true},"arg_default_value":{"type":"string","description":"Optional default value for the argument. For text values use single quotes. Numeric values can be unquoted. External changes for this field won't be detected. In case you want to apply external changes, you can re-create the resource manually using \"terraform taint\".","description_kind":"plain","optional":true},"arg_name":{"type":"string","description":"The argument name. The provider wraps it in double quotes by default, so be aware of that while referencing the argument in the function definition.","description_kind":"plain","required":true}},"description":"List of the arguments for the function. Consult the [docs](https://docs.snowflake.com/en/sql-reference/sql/create-function#all-languages) for more details.","description_kind":"plain"}},"imports":{"nesting_mode":"set","block":{"attributes":{"path_on_stage":{"type":"string","description":"Path for import on stage, without the leading `/`.","description_kind":"plain","required":true},"stage_location":{"type":"string","description":"Stage location without leading `@`. To use your user's stage set this to `~`, otherwise pass fully qualified name of the stage (with every part contained in double quotes or use `snowflake_stage.\u003cyour stage's resource name\u003e.fully_qualified_name` if you manage this stage through terraform).","description_kind":"plain","required":true}},"description":"The location (stage), path, and name of the file(s) to import. A file can be a JAR file or another type of file. If the file is a JAR file, it can contain one or more .class files and zero or more resource files. JNI (Java Native Interface) is not supported. Snowflake prohibits loading libraries that contain native code (as opposed to Java bytecode). Java UDFs can also read non-JAR files. For an example, see [Reading a file specified statically in IMPORTS](https://docs.snowflake.com/en/developer-guide/udf/java/udf-java-cookbook.html#label-reading-file-from-java-udf-imports). Consult the [docs](https://docs.snowflake.com/en/sql-reference/sql/create-function#java).","description_kind":"plain"}},"secrets":{"nesting_mode":"set","block":{"attributes":{"secret_id":{"type":"string","description":"Fully qualified name of the allowed [secret](https://docs.snowflake.com/en/sql-reference/sql/create-secret). You will receive an error if you specify a SECRETS value whose secret isn’t also included in an integration specified by the EXTERNAL_ACCESS_INTEGRATIONS parameter.","description_kind":"plain","required":true},"secret_variable_name":{"type":"string","description":"The variable that will be used in handler code when retrieving information from the secret.","description_kind":"plain","required":true}},"description":"Assigns the names of [secrets](https://docs.snowflake.com/en/sql-reference/sql/create-secret) to variables so that you can use the variables to reference the secrets when retrieving information from secrets in handler code. Secrets you specify here must be allowed by the [external access integration](https://docs.snowflake.com/en/sql-reference/sql/create-external-access-integration) specified as a value of this CREATE FUNCTION command’s EXTERNAL_ACCESS_INTEGRATIONS parameter.","description_kind":"plain"}},"target_path":{"nesting_mode":"set","block":{"attributes":{"path_on_stage":{"type":"string","description":"Path for import on stage, without the leading `/`.","description_kind":"plain","required":true},"stage_location":{"type":"string","description":"Stage location without leading `@`. To use your user's stage set this to `~`, otherwise pass fully qualified name of the stage (with every part contained in double quotes or use `snowflake_stage.\u003cyour stage's resource name\u003e.fully_qualified_name` if you manage this stage through terraform).","description_kind":"plain","required":true}},"description":"The name of the handler method or class. If the handler is for a scalar UDF, returning a non-tabular value, the HANDLER value should be a method name, as in the following form: `MyClass.myMethod`. If the handler is for a tabular UDF, the HANDLER value should be the name of a handler class.","description_kind":"plain"},"max_items":1},"timeouts":{"nesting_mode":"single","block":{"attributes":{"create":{"type":"string","description_kind":"plain","optional":true},"delete":{"type":"string","description_kind":"plain","optional":true},"read":{"type":"string","description_kind":"plain","optional":true},"update":{"type":"string","description_kind":"plain","optional":true}},"description_kind":"plain"}}},"description":"Resource used to manage java function objects. For more information, check [function documentation](https://docs.snowflake.com/en/sql-reference/sql/create-function).","description_kind":"plain"}},"snowflake_function_javascript":{"version":0,"block":{"attributes":{"comment":{"type":"string","description":"(Default: `user-defined function`) Specifies a comment for the function.","description_kind":"plain","optional":true},"database":{"type":"string","description":"The database in which to create the function. Due to technical limitations (read more [here](../guides/identifiers_rework_design_decisions#known-limitations-and-identifier-recommendations)), avoid using the following characters: `|`, `.`, `\"`.","description_kind":"plain","required":true},"enable_console_output":{"type":"bool","description":"Enable stdout/stderr fast path logging for anonymous stored procs. This is a public parameter (similar to LOG_LEVEL). For more information, check [ENABLE_CONSOLE_OUTPUT docs](https://docs.snowflake.com/en/sql-reference/parameters#enable-console-output).","description_kind":"plain","optional":true,"computed":true},"fully_qualified_name":{"type":"string","description":"Fully qualified name of the resource. For more information, see [object name resolution](https://docs.snowflake.com/en/sql-reference/name-resolution).","description_kind":"plain","computed":true},"function_definition":{"type":"string","description":"Defines the handler code executed when the UDF is called. Wrapping `$$` signs are added by the provider automatically; do not include them. The `function_definition` value must be JavaScript source code. For more information, see [Introduction to JavaScript UDFs](https://docs.snowflake.com/en/developer-guide/udf/javascript/udf-javascript-introduction). To mitigate permadiff on this field, the provider replaces blank characters with a space. This can lead to false positives in cases where a change in case or run of whitespace is semantically significant.","description_kind":"plain","required":true},"function_language":{"type":"string","description":"Specifies language for the user. Used to detect external changes.","description_kind":"plain","computed":true},"id":{"type":"string","description_kind":"plain","optional":true,"computed":true},"is_secure":{"type":"string","description":"(Default: fallback to Snowflake default - uses special value that cannot be set in the configuration manually (`default`)) Specifies that the function is secure. By design, the Snowflake's `SHOW FUNCTIONS` command does not provide information about secure functions (consult [function docs](https://docs.snowflake.com/en/sql-reference/sql/create-function#id1) and [Protecting Sensitive Information with Secure UDFs and Stored Procedures](https://docs.snowflake.com/en/developer-guide/secure-udf-procedure)) which is essential to manage/import function with Terraform. Use the role owning the function while managing secure functions. Available options are: \"true\" or \"false\". When the value is not set in the configuration the provider will put \"default\" there which means to use the Snowflake default for this value.","description_kind":"plain","optional":true},"log_level":{"type":"string","description":"LOG_LEVEL to use when filtering events For more information, check [LOG_LEVEL docs](https://docs.snowflake.com/en/sql-reference/parameters#log-level).","description_kind":"plain","optional":true,"computed":true},"metric_level":{"type":"string","description":"METRIC_LEVEL value to control whether to emit metrics to Event Table For more information, check [METRIC_LEVEL docs](https://docs.snowflake.com/en/sql-reference/parameters#metric-level).","description_kind":"plain","optional":true,"computed":true},"name":{"type":"string","description":"The name of the function; the identifier does not need to be unique for the schema in which the function is created because UDFs are identified and resolved by the combination of the name and argument types. Check the [docs](https://docs.snowflake.com/en/sql-reference/sql/create-function#all-languages). Due to technical limitations (read more [here](../guides/identifiers_rework_design_decisions#known-limitations-and-identifier-recommendations)), avoid using the following characters: `|`, `.`, `\"`.","description_kind":"plain","required":true},"null_input_behavior":{"type":"string","description":"Specifies the behavior of the function when called with null inputs. Valid values are (case-insensitive): `CALLED ON NULL INPUT` | `RETURNS NULL ON NULL INPUT`.","description_kind":"plain","optional":true},"parameters":{"type":["list",["object",{"enable_console_output":["list",["object",{"default":"string","description":"string","key":"string","level":"string","value":"string"}]],"log_level":["list",["object",{"default":"string","description":"string","key":"string","level":"string","value":"string"}]],"metric_level":["list",["object",{"default":"string","description":"string","key":"string","level":"string","value":"string"}]],"trace_level":["list",["object",{"default":"string","description":"string","key":"string","level":"string","value":"string"}]]}]],"description":"Outputs the result of `SHOW PARAMETERS IN FUNCTION` for the given function.","description_kind":"plain","computed":true},"return_results_behavior":{"type":"string","description":"Specifies the behavior of the function when returning results. Valid values are (case-insensitive): `VOLATILE` | `IMMUTABLE`.","description_kind":"plain","optional":true},"return_type":{"type":"string","description":"Specifies the results returned by the UDF, which determines the UDF type. Use `\u003cresult_data_type\u003e` to create a scalar UDF that returns a single value with the specified data type. Use `TABLE (col_name col_data_type, ...)` to creates a table UDF that returns tabular results with the specified table column(s) and column type(s). For the details, consult the [docs](https://docs.snowflake.com/en/sql-reference/sql/create-function#all-languages).","description_kind":"plain","required":true},"schema":{"type":"string","description":"The schema in which to create the function. Due to technical limitations (read more [here](../guides/identifiers_rework_design_decisions#known-limitations-and-identifier-recommendations)), avoid using the following characters: `|`, `.`, `\"`.","description_kind":"plain","required":true},"show_output":{"type":["list",["object",{"arguments_raw":"string","catalog_name":"string","created_on":"string","description":"string","external_access_integrations":"string","is_aggregate":"bool","is_ansi":"bool","is_builtin":"bool","is_data_metric":"bool","is_external_function":"bool","is_memoizable":"bool","is_secure":"bool","is_table_function":"bool","language":"string","max_num_arguments":"number","min_num_arguments":"number","name":"string","schema_name":"string","secrets":"string","valid_for_clustering":"bool"}]],"description":"Outputs the result of `SHOW FUNCTION` for the given function.","description_kind":"plain","computed":true},"trace_level":{"type":"string","description":"Trace level value to use when generating/filtering trace events For more information, check [TRACE_LEVEL docs](https://docs.snowflake.com/en/sql-reference/parameters#trace-level).","description_kind":"plain","optional":true,"computed":true}},"block_types":{"arguments":{"nesting_mode":"list","block":{"attributes":{"arg_data_type":{"type":"string","description":"The argument type.","description_kind":"plain","required":true},"arg_default_value":{"type":"string","description":"Optional default value for the argument. For text values use single quotes. Numeric values can be unquoted. External changes for this field won't be detected. In case you want to apply external changes, you can re-create the resource manually using \"terraform taint\".","description_kind":"plain","optional":true},"arg_name":{"type":"string","description":"The argument name. The provider wraps it in double quotes by default, so be aware of that while referencing the argument in the function definition.","description_kind":"plain","required":true}},"description":"List of the arguments for the function. Consult the [docs](https://docs.snowflake.com/en/sql-reference/sql/create-function#all-languages) for more details.","description_kind":"plain"}},"timeouts":{"nesting_mode":"single","block":{"attributes":{"create":{"type":"string","description_kind":"plain","optional":true},"delete":{"type":"string","description_kind":"plain","optional":true},"read":{"type":"string","description_kind":"plain","optional":true},"update":{"type":"string","description_kind":"plain","optional":true}},"description_kind":"plain"}}},"description":"Resource used to manage javascript function objects. For more information, check [function documentation](https://docs.snowflake.com/en/sql-reference/sql/create-function).","description_kind":"plain"}},"snowflake_function_python":{"version":0,"block":{"attributes":{"comment":{"type":"string","description":"(Default: `user-defined function`) Specifies a comment for the function.","description_kind":"plain","optional":true},"database":{"type":"string","description":"The database in which to create the function. Due to technical limitations (read more [here](../guides/identifiers_rework_design_decisions#known-limitations-and-identifier-recommendations)), avoid using the following characters: `|`, `.`, `\"`.","description_kind":"plain","required":true},"enable_console_output":{"type":"bool","description":"Enable stdout/stderr fast path logging for anonymous stored procs. This is a public parameter (similar to LOG_LEVEL). For more information, check [ENABLE_CONSOLE_OUTPUT docs](https://docs.snowflake.com/en/sql-reference/parameters#enable-console-output).","description_kind":"plain","optional":true,"computed":true},"external_access_integrations":{"type":["set","string"],"description":"The names of [external access integrations](https://docs.snowflake.com/en/sql-reference/sql/create-external-access-integration) needed in order for this function’s handler code to access external networks. An external access integration specifies [network rules](https://docs.snowflake.com/en/sql-reference/sql/create-network-rule) and [secrets](https://docs.snowflake.com/en/sql-reference/sql/create-secret) that specify external locations and credentials (if any) allowed for use by handler code when making requests of an external network, such as an external REST API.","description_kind":"plain","optional":true},"fully_qualified_name":{"type":"string","description":"Fully qualified name of the resource. For more information, see [object name resolution](https://docs.snowflake.com/en/sql-reference/name-resolution).","description_kind":"plain","computed":true},"function_definition":{"type":"string","description":"Defines the handler code executed when the UDF is called. Wrapping `$$` signs are added by the provider automatically; do not include them. The `function_definition` value must be Python source code. For more information, see [Introduction to Python UDFs](https://docs.snowflake.com/en/developer-guide/udf/python/udf-python-introduction). To mitigate permadiff on this field, the provider replaces blank characters with a space. This can lead to false positives in cases where a change in case or run of whitespace is semantically significant.","description_kind":"plain","optional":true},"function_language":{"type":"string","description":"Specifies language for the user. Used to detect external changes.","description_kind":"plain","computed":true},"handler":{"type":"string","description":"The name of the handler function or class. If the handler is for a scalar UDF, returning a non-tabular value, the HANDLER value should be a function name. If the handler code is in-line with the CREATE FUNCTION statement, you can use the function name alone. When the handler code is referenced at a stage, this value should be qualified with the module name, as in the following form: `my_module.my_function`. If the handler is for a tabular UDF, the HANDLER value should be the name of a handler class.","description_kind":"plain","required":true},"id":{"type":"string","description_kind":"plain","optional":true,"computed":true},"is_aggregate":{"type":"string","description":"(Default: fallback to Snowflake default - uses special value that cannot be set in the configuration manually (`default`)) Specifies that the function is an aggregate function. For more information about user-defined aggregate functions, see [Python user-defined aggregate functions](https://docs.snowflake.com/en/developer-guide/udf/python/udf-python-aggregate-functions). Available options are: \"true\" or \"false\". When the value is not set in the configuration the provider will put \"default\" there which means to use the Snowflake default for this value.","description_kind":"plain","optional":true},"is_secure":{"type":"string","description":"(Default: fallback to Snowflake default - uses special value that cannot be set in the configuration manually (`default`)) Specifies that the function is secure. By design, the Snowflake's `SHOW FUNCTIONS` command does not provide information about secure functions (consult [function docs](https://docs.snowflake.com/en/sql-reference/sql/create-function#id1) and [Protecting Sensitive Information with Secure UDFs and Stored Procedures](https://docs.snowflake.com/en/developer-guide/secure-udf-procedure)) which is essential to manage/import function with Terraform. Use the role owning the function while managing secure functions. Available options are: \"true\" or \"false\". When the value is not set in the configuration the provider will put \"default\" there which means to use the Snowflake default for this value.","description_kind":"plain","optional":true},"log_level":{"type":"string","description":"LOG_LEVEL to use when filtering events For more information, check [LOG_LEVEL docs](https://docs.snowflake.com/en/sql-reference/parameters#log-level).","description_kind":"plain","optional":true,"computed":true},"metric_level":{"type":"string","description":"METRIC_LEVEL value to control whether to emit metrics to Event Table For more information, check [METRIC_LEVEL docs](https://docs.snowflake.com/en/sql-reference/parameters#metric-level).","description_kind":"plain","optional":true,"computed":true},"name":{"type":"string","description":"The name of the function; the identifier does not need to be unique for the schema in which the function is created because UDFs are identified and resolved by the combination of the name and argument types. Check the [docs](https://docs.snowflake.com/en/sql-reference/sql/create-function#all-languages). Due to technical limitations (read more [here](../guides/identifiers_rework_design_decisions#known-limitations-and-identifier-recommendations)), avoid using the following characters: `|`, `.`, `\"`.","description_kind":"plain","required":true},"null_input_behavior":{"type":"string","description":"Specifies the behavior of the function when called with null inputs. Valid values are (case-insensitive): `CALLED ON NULL INPUT` | `RETURNS NULL ON NULL INPUT`.","description_kind":"plain","optional":true},"packages":{"type":["set","string"],"description":"The name and version number of packages required as dependencies. The value should be of the form `package_name==version_number`.","description_kind":"plain","optional":true},"parameters":{"type":["list",["object",{"enable_console_output":["list",["object",{"default":"string","description":"string","key":"string","level":"string","value":"string"}]],"log_level":["list",["object",{"default":"string","description":"string","key":"string","level":"string","value":"string"}]],"metric_level":["list",["object",{"default":"string","description":"string","key":"string","level":"string","value":"string"}]],"trace_level":["list",["object",{"default":"string","description":"string","key":"string","level":"string","value":"string"}]]}]],"description":"Outputs the result of `SHOW PARAMETERS IN FUNCTION` for the given function.","description_kind":"plain","computed":true},"return_results_behavior":{"type":"string","description":"Specifies the behavior of the function when returning results. Valid values are (case-insensitive): `VOLATILE` | `IMMUTABLE`.","description_kind":"plain","optional":true},"return_type":{"type":"string","description":"Specifies the results returned by the UDF, which determines the UDF type. Use `\u003cresult_data_type\u003e` to create a scalar UDF that returns a single value with the specified data type. Use `TABLE (col_name col_data_type, ...)` to creates a table UDF that returns tabular results with the specified table column(s) and column type(s). For the details, consult the [docs](https://docs.snowflake.com/en/sql-reference/sql/create-function#all-languages).","description_kind":"plain","required":true},"runtime_version":{"type":"string","description":"Specifies the Python version to use. The supported versions of Python are: 3.9, 3.10, and 3.11.","description_kind":"plain","required":true},"schema":{"type":"string","description":"The schema in which to create the function. Due to technical limitations (read more [here](../guides/identifiers_rework_design_decisions#known-limitations-and-identifier-recommendations)), avoid using the following characters: `|`, `.`, `\"`.","description_kind":"plain","required":true},"show_output":{"type":["list",["object",{"arguments_raw":"string","catalog_name":"string","created_on":"string","description":"string","external_access_integrations":"string","is_aggregate":"bool","is_ansi":"bool","is_builtin":"bool","is_data_metric":"bool","is_external_function":"bool","is_memoizable":"bool","is_secure":"bool","is_table_function":"bool","language":"string","max_num_arguments":"number","min_num_arguments":"number","name":"string","schema_name":"string","secrets":"string","valid_for_clustering":"bool"}]],"description":"Outputs the result of `SHOW FUNCTION` for the given function.","description_kind":"plain","computed":true},"trace_level":{"type":"string","description":"Trace level value to use when generating/filtering trace events For more information, check [TRACE_LEVEL docs](https://docs.snowflake.com/en/sql-reference/parameters#trace-level).","description_kind":"plain","optional":true,"computed":true}},"block_types":{"arguments":{"nesting_mode":"list","block":{"attributes":{"arg_data_type":{"type":"string","description":"The argument type.","description_kind":"plain","required":true},"arg_default_value":{"type":"string","description":"Optional default value for the argument. For text values use single quotes. Numeric values can be unquoted. External changes for this field won't be detected. In case you want to apply external changes, you can re-create the resource manually using \"terraform taint\".","description_kind":"plain","optional":true},"arg_name":{"type":"string","description":"The argument name. The provider wraps it in double quotes by default, so be aware of that while referencing the argument in the function definition.","description_kind":"plain","required":true}},"description":"List of the arguments for the function. Consult the [docs](https://docs.snowflake.com/en/sql-reference/sql/create-function#all-languages) for more details.","description_kind":"plain"}},"imports":{"nesting_mode":"set","block":{"attributes":{"path_on_stage":{"type":"string","description":"Path for import on stage, without the leading `/`.","description_kind":"plain","required":true},"stage_location":{"type":"string","description":"Stage location without leading `@`. To use your user's stage set this to `~`, otherwise pass fully qualified name of the stage (with every part contained in double quotes or use `snowflake_stage.\u003cyour stage's resource name\u003e.fully_qualified_name` if you manage this stage through terraform).","description_kind":"plain","required":true}},"description":"The location (stage), path, and name of the file(s) to import. A file can be a `.py` file or another type of file. Python UDFs can also read non-Python files, such as text files. For an example, see [Reading a file](https://docs.snowflake.com/en/developer-guide/udf/python/udf-python-examples.html#label-udf-python-read-files). Consult the [docs](https://docs.snowflake.com/en/sql-reference/sql/create-function#python).","description_kind":"plain"}},"secrets":{"nesting_mode":"set","block":{"attributes":{"secret_id":{"type":"string","description":"Fully qualified name of the allowed [secret](https://docs.snowflake.com/en/sql-reference/sql/create-secret). You will receive an error if you specify a SECRETS value whose secret isn’t also included in an integration specified by the EXTERNAL_ACCESS_INTEGRATIONS parameter.","description_kind":"plain","required":true},"secret_variable_name":{"type":"string","description":"The variable that will be used in handler code when retrieving information from the secret.","description_kind":"plain","required":true}},"description":"Assigns the names of [secrets](https://docs.snowflake.com/en/sql-reference/sql/create-secret) to variables so that you can use the variables to reference the secrets when retrieving information from secrets in handler code. Secrets you specify here must be allowed by the [external access integration](https://docs.snowflake.com/en/sql-reference/sql/create-external-access-integration) specified as a value of this CREATE FUNCTION command’s EXTERNAL_ACCESS_INTEGRATIONS parameter.","description_kind":"plain"}},"timeouts":{"nesting_mode":"single","block":{"attributes":{"create":{"type":"string","description_kind":"plain","optional":true},"delete":{"type":"string","description_kind":"plain","optional":true},"read":{"type":"string","description_kind":"plain","optional":true},"update":{"type":"string","description_kind":"plain","optional":true}},"description_kind":"plain"}}},"description":"Resource used to manage python function objects. For more information, check [function documentation](https://docs.snowflake.com/en/sql-reference/sql/create-function).","description_kind":"plain"}},"snowflake_function_scala":{"version":0,"block":{"attributes":{"comment":{"type":"string","description":"(Default: `user-defined function`) Specifies a comment for the function.","description_kind":"plain","optional":true},"database":{"type":"string","description":"The database in which to create the function. Due to technical limitations (read more [here](../guides/identifiers_rework_design_decisions#known-limitations-and-identifier-recommendations)), avoid using the following characters: `|`, `.`, `\"`.","description_kind":"plain","required":true},"enable_console_output":{"type":"bool","description":"Enable stdout/stderr fast path logging for anonymous stored procs. This is a public parameter (similar to LOG_LEVEL). For more information, check [ENABLE_CONSOLE_OUTPUT docs](https://docs.snowflake.com/en/sql-reference/parameters#enable-console-output).","description_kind":"plain","optional":true,"computed":true},"external_access_integrations":{"type":["set","string"],"description":"The names of [external access integrations](https://docs.snowflake.com/en/sql-reference/sql/create-external-access-integration) needed in order for this function’s handler code to access external networks. An external access integration specifies [network rules](https://docs.snowflake.com/en/sql-reference/sql/create-network-rule) and [secrets](https://docs.snowflake.com/en/sql-reference/sql/create-secret) that specify external locations and credentials (if any) allowed for use by handler code when making requests of an external network, such as an external REST API.","description_kind":"plain","optional":true},"fully_qualified_name":{"type":"string","description":"Fully qualified name of the resource. For more information, see [object name resolution](https://docs.snowflake.com/en/sql-reference/name-resolution).","description_kind":"plain","computed":true},"function_definition":{"type":"string","description":"Defines the handler code executed when the UDF is called. Wrapping `$$` signs are added by the provider automatically; do not include them. The `function_definition` value must be Scala source code. For more information, see [Introduction to Scala UDFs](https://docs.snowflake.com/en/developer-guide/udf/scala/udf-scala-introduction). To mitigate permadiff on this field, the provider replaces blank characters with a space. This can lead to false positives in cases where a change in case or run of whitespace is semantically significant.","description_kind":"plain","optional":true},"function_language":{"type":"string","description":"Specifies language for the user. Used to detect external changes.","description_kind":"plain","computed":true},"handler":{"type":"string","description":"The name of the handler method or class. If the handler is for a scalar UDF, returning a non-tabular value, the HANDLER value should be a method name, as in the following form: `MyClass.myMethod`.","description_kind":"plain","required":true},"id":{"type":"string","description_kind":"plain","optional":true,"computed":true},"is_secure":{"type":"string","description":"(Default: fallback to Snowflake default - uses special value that cannot be set in the configuration manually (`default`)) Specifies that the function is secure. By design, the Snowflake's `SHOW FUNCTIONS` command does not provide information about secure functions (consult [function docs](https://docs.snowflake.com/en/sql-reference/sql/create-function#id1) and [Protecting Sensitive Information with Secure UDFs and Stored Procedures](https://docs.snowflake.com/en/developer-guide/secure-udf-procedure)) which is essential to manage/import function with Terraform. Use the role owning the function while managing secure functions. Available options are: \"true\" or \"false\". When the value is not set in the configuration the provider will put \"default\" there which means to use the Snowflake default for this value.","description_kind":"plain","optional":true},"log_level":{"type":"string","description":"LOG_LEVEL to use when filtering events For more information, check [LOG_LEVEL docs](https://docs.snowflake.com/en/sql-reference/parameters#log-level).","description_kind":"plain","optional":true,"computed":true},"metric_level":{"type":"string","description":"METRIC_LEVEL value to control whether to emit metrics to Event Table For more information, check [METRIC_LEVEL docs](https://docs.snowflake.com/en/sql-reference/parameters#metric-level).","description_kind":"plain","optional":true,"computed":true},"name":{"type":"string","description":"The name of the function; the identifier does not need to be unique for the schema in which the function is created because UDFs are identified and resolved by the combination of the name and argument types. Check the [docs](https://docs.snowflake.com/en/sql-reference/sql/create-function#all-languages). Due to technical limitations (read more [here](../guides/identifiers_rework_design_decisions#known-limitations-and-identifier-recommendations)), avoid using the following characters: `|`, `.`, `\"`.","description_kind":"plain","required":true},"null_input_behavior":{"type":"string","description":"Specifies the behavior of the function when called with null inputs. Valid values are (case-insensitive): `CALLED ON NULL INPUT` | `RETURNS NULL ON NULL INPUT`.","description_kind":"plain","optional":true},"packages":{"type":["set","string"],"description":"The name and version number of Snowflake system packages required as dependencies. The value should be of the form `package_name:version_number`, where `package_name` is `snowflake_domain:package`.","description_kind":"plain","optional":true},"parameters":{"type":["list",["object",{"enable_console_output":["list",["object",{"default":"string","description":"string","key":"string","level":"string","value":"string"}]],"log_level":["list",["object",{"default":"string","description":"string","key":"string","level":"string","value":"string"}]],"metric_level":["list",["object",{"default":"string","description":"string","key":"string","level":"string","value":"string"}]],"trace_level":["list",["object",{"default":"string","description":"string","key":"string","level":"string","value":"string"}]]}]],"description":"Outputs the result of `SHOW PARAMETERS IN FUNCTION` for the given function.","description_kind":"plain","computed":true},"return_results_behavior":{"type":"string","description":"Specifies the behavior of the function when returning results. Valid values are (case-insensitive): `VOLATILE` | `IMMUTABLE`.","description_kind":"plain","optional":true},"return_type":{"type":"string","description":"Specifies the results returned by the UDF, which determines the UDF type. Use `\u003cresult_data_type\u003e` to create a scalar UDF that returns a single value with the specified data type. Use `TABLE (col_name col_data_type, ...)` to creates a table UDF that returns tabular results with the specified table column(s) and column type(s). For the details, consult the [docs](https://docs.snowflake.com/en/sql-reference/sql/create-function#all-languages).","description_kind":"plain","required":true},"runtime_version":{"type":"string","description":"Specifies the Scala runtime version to use. The supported versions of Scala are: 2.12.","description_kind":"plain","required":true},"schema":{"type":"string","description":"The schema in which to create the function. Due to technical limitations (read more [here](../guides/identifiers_rework_design_decisions#known-limitations-and-identifier-recommendations)), avoid using the following characters: `|`, `.`, `\"`.","description_kind":"plain","required":true},"show_output":{"type":["list",["object",{"arguments_raw":"string","catalog_name":"string","created_on":"string","description":"string","external_access_integrations":"string","is_aggregate":"bool","is_ansi":"bool","is_builtin":"bool","is_data_metric":"bool","is_external_function":"bool","is_memoizable":"bool","is_secure":"bool","is_table_function":"bool","language":"string","max_num_arguments":"number","min_num_arguments":"number","name":"string","schema_name":"string","secrets":"string","valid_for_clustering":"bool"}]],"description":"Outputs the result of `SHOW FUNCTION` for the given function.","description_kind":"plain","computed":true},"trace_level":{"type":"string","description":"Trace level value to use when generating/filtering trace events For more information, check [TRACE_LEVEL docs](https://docs.snowflake.com/en/sql-reference/parameters#trace-level).","description_kind":"plain","optional":true,"computed":true}},"block_types":{"arguments":{"nesting_mode":"list","block":{"attributes":{"arg_data_type":{"type":"string","description":"The argument type.","description_kind":"plain","required":true},"arg_default_value":{"type":"string","description":"Optional default value for the argument. For text values use single quotes. Numeric values can be unquoted. External changes for this field won't be detected. In case you want to apply external changes, you can re-create the resource manually using \"terraform taint\".","description_kind":"plain","optional":true},"arg_name":{"type":"string","description":"The argument name. The provider wraps it in double quotes by default, so be aware of that while referencing the argument in the function definition.","description_kind":"plain","required":true}},"description":"List of the arguments for the function. Consult the [docs](https://docs.snowflake.com/en/sql-reference/sql/create-function#all-languages) for more details.","description_kind":"plain"}},"imports":{"nesting_mode":"set","block":{"attributes":{"path_on_stage":{"type":"string","description":"Path for import on stage, without the leading `/`.","description_kind":"plain","required":true},"stage_location":{"type":"string","description":"Stage location without leading `@`. To use your user's stage set this to `~`, otherwise pass fully qualified name of the stage (with every part contained in double quotes or use `snowflake_stage.\u003cyour stage's resource name\u003e.fully_qualified_name` if you manage this stage through terraform).","description_kind":"plain","required":true}},"description":"The location (stage), path, and name of the file(s) to import, such as a JAR or other kind of file. The JAR file might contain handler dependency libraries. It can contain one or more .class files and zero or more resource files. JNI (Java Native Interface) is not supported. Snowflake prohibits loading libraries that contain native code (as opposed to Java bytecode). A non-JAR file might a file read by handler code. For an example, see [Reading a file specified statically in IMPORTS](https://docs.snowflake.com/en/developer-guide/udf/java/udf-java-cookbook.html#label-reading-file-from-java-udf-imports). Consult the [docs](https://docs.snowflake.com/en/sql-reference/sql/create-function#scala).","description_kind":"plain"}},"secrets":{"nesting_mode":"set","block":{"attributes":{"secret_id":{"type":"string","description":"Fully qualified name of the allowed [secret](https://docs.snowflake.com/en/sql-reference/sql/create-secret). You will receive an error if you specify a SECRETS value whose secret isn’t also included in an integration specified by the EXTERNAL_ACCESS_INTEGRATIONS parameter.","description_kind":"plain","required":true},"secret_variable_name":{"type":"string","description":"The variable that will be used in handler code when retrieving information from the secret.","description_kind":"plain","required":true}},"description":"Assigns the names of [secrets](https://docs.snowflake.com/en/sql-reference/sql/create-secret) to variables so that you can use the variables to reference the secrets when retrieving information from secrets in handler code. Secrets you specify here must be allowed by the [external access integration](https://docs.snowflake.com/en/sql-reference/sql/create-external-access-integration) specified as a value of this CREATE FUNCTION command’s EXTERNAL_ACCESS_INTEGRATIONS parameter.","description_kind":"plain"}},"target_path":{"nesting_mode":"set","block":{"attributes":{"path_on_stage":{"type":"string","description":"Path for import on stage, without the leading `/`.","description_kind":"plain","required":true},"stage_location":{"type":"string","description":"Stage location without leading `@`. To use your user's stage set this to `~`, otherwise pass fully qualified name of the stage (with every part contained in double quotes or use `snowflake_stage.\u003cyour stage's resource name\u003e.fully_qualified_name` if you manage this stage through terraform).","description_kind":"plain","required":true}},"description":"The name of the handler method or class. If the handler is for a scalar UDF, returning a non-tabular value, the HANDLER value should be a method name, as in the following form: `MyClass.myMethod`.","description_kind":"plain"},"max_items":1},"timeouts":{"nesting_mode":"single","block":{"attributes":{"create":{"type":"string","description_kind":"plain","optional":true},"delete":{"type":"string","description_kind":"plain","optional":true},"read":{"type":"string","description_kind":"plain","optional":true},"update":{"type":"string","description_kind":"plain","optional":true}},"description_kind":"plain"}}},"description":"Resource used to manage scala function objects. For more information, check [function documentation](https://docs.snowflake.com/en/sql-reference/sql/create-function).","description_kind":"plain"}},"snowflake_function_sql":{"version":0,"block":{"attributes":{"comment":{"type":"string","description":"(Default: `user-defined function`) Specifies a comment for the function.","description_kind":"plain","optional":true},"database":{"type":"string","description":"The database in which to create the function. Due to technical limitations (read more [here](../guides/identifiers_rework_design_decisions#known-limitations-and-identifier-recommendations)), avoid using the following characters: `|`, `.`, `\"`.","description_kind":"plain","required":true},"enable_console_output":{"type":"bool","description":"Enable stdout/stderr fast path logging for anonymous stored procs. This is a public parameter (similar to LOG_LEVEL). For more information, check [ENABLE_CONSOLE_OUTPUT docs](https://docs.snowflake.com/en/sql-reference/parameters#enable-console-output).","description_kind":"plain","optional":true,"computed":true},"fully_qualified_name":{"type":"string","description":"Fully qualified name of the resource. For more information, see [object name resolution](https://docs.snowflake.com/en/sql-reference/name-resolution).","description_kind":"plain","computed":true},"function_definition":{"type":"string","description":"Defines the handler code executed when the UDF is called. Wrapping `$$` signs are added by the provider automatically; do not include them. The `function_definition` value must be SQL source code. For more information, see [Introduction to SQL UDFs](https://docs.snowflake.com/en/developer-guide/udf/sql/udf-sql-introduction). To mitigate permadiff on this field, the provider replaces blank characters with a space. This can lead to false positives in cases where a change in case or run of whitespace is semantically significant.","description_kind":"plain","required":true},"function_language":{"type":"string","description":"Specifies language for the user. Used to detect external changes.","description_kind":"plain","computed":true},"id":{"type":"string","description_kind":"plain","optional":true,"computed":true},"is_secure":{"type":"string","description":"(Default: fallback to Snowflake default - uses special value that cannot be set in the configuration manually (`default`)) Specifies that the function is secure. By design, the Snowflake's `SHOW FUNCTIONS` command does not provide information about secure functions (consult [function docs](https://docs.snowflake.com/en/sql-reference/sql/create-function#id1) and [Protecting Sensitive Information with Secure UDFs and Stored Procedures](https://docs.snowflake.com/en/developer-guide/secure-udf-procedure)) which is essential to manage/import function with Terraform. Use the role owning the function while managing secure functions. Available options are: \"true\" or \"false\". When the value is not set in the configuration the provider will put \"default\" there which means to use the Snowflake default for this value.","description_kind":"plain","optional":true},"log_level":{"type":"string","description":"LOG_LEVEL to use when filtering events For more information, check [LOG_LEVEL docs](https://docs.snowflake.com/en/sql-reference/parameters#log-level).","description_kind":"plain","optional":true,"computed":true},"metric_level":{"type":"string","description":"METRIC_LEVEL value to control whether to emit metrics to Event Table For more information, check [METRIC_LEVEL docs](https://docs.snowflake.com/en/sql-reference/parameters#metric-level).","description_kind":"plain","optional":true,"computed":true},"name":{"type":"string","description":"The name of the function; the identifier does not need to be unique for the schema in which the function is created because UDFs are identified and resolved by the combination of the name and argument types. Check the [docs](https://docs.snowflake.com/en/sql-reference/sql/create-function#all-languages). Due to technical limitations (read more [here](../guides/identifiers_rework_design_decisions#known-limitations-and-identifier-recommendations)), avoid using the following characters: `|`, `.`, `\"`.","description_kind":"plain","required":true},"parameters":{"type":["list",["object",{"enable_console_output":["list",["object",{"default":"string","description":"string","key":"string","level":"string","value":"string"}]],"log_level":["list",["object",{"default":"string","description":"string","key":"string","level":"string","value":"string"}]],"metric_level":["list",["object",{"default":"string","description":"string","key":"string","level":"string","value":"string"}]],"trace_level":["list",["object",{"default":"string","description":"string","key":"string","level":"string","value":"string"}]]}]],"description":"Outputs the result of `SHOW PARAMETERS IN FUNCTION` for the given function.","description_kind":"plain","computed":true},"return_results_behavior":{"type":"string","description":"Specifies the behavior of the function when returning results. Valid values are (case-insensitive): `VOLATILE` | `IMMUTABLE`.","description_kind":"plain","optional":true},"return_type":{"type":"string","description":"Specifies the results returned by the UDF, which determines the UDF type. Use `\u003cresult_data_type\u003e` to create a scalar UDF that returns a single value with the specified data type. Use `TABLE (col_name col_data_type, ...)` to creates a table UDF that returns tabular results with the specified table column(s) and column type(s). For the details, consult the [docs](https://docs.snowflake.com/en/sql-reference/sql/create-function#all-languages).","description_kind":"plain","required":true},"schema":{"type":"string","description":"The schema in which to create the function. Due to technical limitations (read more [here](../guides/identifiers_rework_design_decisions#known-limitations-and-identifier-recommendations)), avoid using the following characters: `|`, `.`, `\"`.","description_kind":"plain","required":true},"show_output":{"type":["list",["object",{"arguments_raw":"string","catalog_name":"string","created_on":"string","description":"string","external_access_integrations":"string","is_aggregate":"bool","is_ansi":"bool","is_builtin":"bool","is_data_metric":"bool","is_external_function":"bool","is_memoizable":"bool","is_secure":"bool","is_table_function":"bool","language":"string","max_num_arguments":"number","min_num_arguments":"number","name":"string","schema_name":"string","secrets":"string","valid_for_clustering":"bool"}]],"description":"Outputs the result of `SHOW FUNCTION` for the given function.","description_kind":"plain","computed":true},"trace_level":{"type":"string","description":"Trace level value to use when generating/filtering trace events For more information, check [TRACE_LEVEL docs](https://docs.snowflake.com/en/sql-reference/parameters#trace-level).","description_kind":"plain","optional":true,"computed":true}},"block_types":{"arguments":{"nesting_mode":"list","block":{"attributes":{"arg_data_type":{"type":"string","description":"The argument type.","description_kind":"plain","required":true},"arg_default_value":{"type":"string","description":"Optional default value for the argument. For text values use single quotes. Numeric values can be unquoted. External changes for this field won't be detected. In case you want to apply external changes, you can re-create the resource manually using \"terraform taint\".","description_kind":"plain","optional":true},"arg_name":{"type":"string","description":"The argument name. The provider wraps it in double quotes by default, so be aware of that while referencing the argument in the function definition.","description_kind":"plain","required":true}},"description":"List of the arguments for the function. Consult the [docs](https://docs.snowflake.com/en/sql-reference/sql/create-function#all-languages) for more details.","description_kind":"plain"}},"timeouts":{"nesting_mode":"single","block":{"attributes":{"create":{"type":"string","description_kind":"plain","optional":true},"delete":{"type":"string","description_kind":"plain","optional":true},"read":{"type":"string","description_kind":"plain","optional":true},"update":{"type":"string","description_kind":"plain","optional":true}},"description_kind":"plain"}}},"description":"Resource used to manage sql function objects. For more information, check [function documentation](https://docs.snowflake.com/en/sql-reference/sql/create-function).","description_kind":"plain"}},"snowflake_git_repository":{"version":0,"block":{"attributes":{"api_integration":{"type":"string","description":"Identifier of API INTEGRATION containing information about the remote Git repository such as allowed credentials and prefixes for target URLs.","description_kind":"plain","required":true},"comment":{"type":"string","description":"Specifies a comment for the git repository.","description_kind":"plain","optional":true},"database":{"type":"string","description":"The database in which to create the git repository. Due to technical limitations (read more [here](../guides/identifiers_rework_design_decisions#known-limitations-and-identifier-recommendations)), avoid using the following characters: `|`, `.`, `\"`.","description_kind":"plain","required":true},"describe_output":{"type":["list",["object",{"api_integration":"string","comment":"string","created_on":"string","database_name":"string","git_credentials":"string","last_fetched_at":"string","name":"string","origin":"string","owner":"string","owner_role_type":"string","schema_name":"string"}]],"description":"Outputs the result of `DESCRIBE GIT REPOSITORY` for the given git repository.","description_kind":"plain","computed":true},"fully_qualified_name":{"type":"string","description":"Fully qualified name of the resource. For more information, see [object name resolution](https://docs.snowflake.com/en/sql-reference/name-resolution).","description_kind":"plain","computed":true},"git_credentials":{"type":"string","description":"Specifies the Snowflake secret fully qualified name (e.g `\"\\\"\u003cdb_name\u003e\\\".\\\"\u003cschema_name\u003e\\\".\\\"\u003csecret_name\u003e\\\"\"`) containing the credentials to use for authenticating with the remote Git repository. Omit this parameter to use the default secret specified by the API integration or if this integration does not require authentication.","description_kind":"plain","optional":true},"id":{"type":"string","description_kind":"plain","optional":true,"computed":true},"name":{"type":"string","description":"Specifies the identifier for the git repository; must be unique for the schema in which the git repository is created. Due to technical limitations (read more [here](../guides/identifiers_rework_design_decisions#known-limitations-and-identifier-recommendations)), avoid using the following characters: `|`, `.`, `\"`.","description_kind":"plain","required":true},"origin":{"type":"string","description":"Specifies the origin URL of the remote Git repository that this Git repository clone represents. The URL must use HTTPS.","description_kind":"plain","required":true},"schema":{"type":"string","description":"The schema in which to create the git repository. Due to technical limitations (read more [here](../guides/identifiers_rework_design_decisions#known-limitations-and-identifier-recommendations)), avoid using the following characters: `|`, `.`, `\"`.","description_kind":"plain","required":true},"show_output":{"type":["list",["object",{"api_integration":"string","comment":"string","created_on":"string","database_name":"string","git_credentials":"string","last_fetched_at":"string","name":"string","origin":"string","owner":"string","owner_role_type":"string","schema_name":"string"}]],"description":"Outputs the result of `SHOW GIT REPOSITORIES` for the given git repository.","description_kind":"plain","computed":true}},"block_types":{"timeouts":{"nesting_mode":"single","block":{"attributes":{"create":{"type":"string","description_kind":"plain","optional":true},"delete":{"type":"string","description_kind":"plain","optional":true},"read":{"type":"string","description_kind":"plain","optional":true},"update":{"type":"string","description_kind":"plain","optional":true}},"description_kind":"plain"}}},"description":"Resource used to manage git repositories. For more information, check [git repositories documentation](https://docs.snowflake.com/en/sql-reference/sql/create-git-repository).","description_kind":"plain"}},"snowflake_grant_account_role":{"version":0,"block":{"attributes":{"id":{"type":"string","description_kind":"plain","optional":true,"computed":true},"parent_role_name":{"type":"string","description":"The fully qualified name of the parent role which will create a parent-child relationship between the roles. For more information about this resource, see [docs](./account_role).","description_kind":"plain","optional":true},"role_name":{"type":"string","description":"The fully qualified name of the role which will be granted to the user or parent role. For more information about this resource, see [docs](./account_role).","description_kind":"plain","required":true},"user_name":{"type":"string","description":"The fully qualified name of the user on which specified role will be granted. For more information about this resource, see [docs](./user).","description_kind":"plain","optional":true}},"block_types":{"timeouts":{"nesting_mode":"single","block":{"attributes":{"create":{"type":"string","description_kind":"plain","optional":true},"delete":{"type":"string","description_kind":"plain","optional":true},"read":{"type":"string","description_kind":"plain","optional":true},"update":{"type":"string","description_kind":"plain","optional":true}},"description_kind":"plain"}}},"description_kind":"plain"}},"snowflake_grant_application_role":{"version":0,"block":{"attributes":{"application_name":{"type":"string","description":"The fully qualified name of the application on which application role will be granted.","description_kind":"plain","optional":true},"application_role_name":{"type":"string","description":"Specifies the identifier for the application role to grant.","description_kind":"plain","required":true},"id":{"type":"string","description_kind":"plain","optional":true,"computed":true},"parent_account_role_name":{"type":"string","description":"The fully qualified name of the account role on which application role will be granted. For more information about this resource, see [docs](./account_role).","description_kind":"plain","optional":true}},"block_types":{"timeouts":{"nesting_mode":"single","block":{"attributes":{"create":{"type":"string","description_kind":"plain","optional":true},"delete":{"type":"string","description_kind":"plain","optional":true},"read":{"type":"string","description_kind":"plain","optional":true},"update":{"type":"string","description_kind":"plain","optional":true}},"description_kind":"plain"}}},"description_kind":"plain"}},"snowflake_grant_database_role":{"version":0,"block":{"attributes":{"database_role_name":{"type":"string","description":"The fully qualified name of the database role which will be granted to share or parent role. For more information about this resource, see [docs](./database_role).","description_kind":"plain","required":true},"id":{"type":"string","description_kind":"plain","optional":true,"computed":true},"parent_database_role_name":{"type":"string","description":"The fully qualified name of the parent database role which will create a parent-child relationship between the roles. For more information about this resource, see [docs](./database_role).","description_kind":"plain","optional":true},"parent_role_name":{"type":"string","description":"The fully qualified name of the parent account role which will create a parent-child relationship between the roles. For more information about this resource, see [docs](./account_role).","description_kind":"plain","optional":true},"share_name":{"type":"string","description":"The fully qualified name of the share on which privileges will be granted. For more information about this resource, see [docs](./share).","description_kind":"plain","optional":true}},"block_types":{"timeouts":{"nesting_mode":"single","block":{"attributes":{"create":{"type":"string","description_kind":"plain","optional":true},"delete":{"type":"string","description_kind":"plain","optional":true},"read":{"type":"string","description_kind":"plain","optional":true},"update":{"type":"string","description_kind":"plain","optional":true}},"description_kind":"plain"}}},"description_kind":"plain"}},"snowflake_grant_ownership":{"version":0,"block":{"attributes":{"account_role_name":{"type":"string","description":"The fully qualified name of the account role to which privileges will be granted. For more information about this resource, see [docs](./account_role).","description_kind":"plain","optional":true},"database_role_name":{"type":"string","description":"The fully qualified name of the database role to which privileges will be granted. For more information about this resource, see [docs](./database_role).","description_kind":"plain","optional":true},"id":{"type":"string","description_kind":"plain","optional":true,"computed":true},"outbound_privileges":{"type":"string","description":"Specifies whether to remove or transfer all existing outbound privileges on the object when ownership is transferred to a new role. Available options are: REVOKE for removing existing privileges and COPY to transfer them with ownership. For more information head over to [Snowflake documentation](https://docs.snowflake.com/en/sql-reference/sql/grant-ownership#optional-parameters).","description_kind":"plain","optional":true}},"block_types":{"on":{"nesting_mode":"list","block":{"attributes":{"object_name":{"type":"string","description":"Specifies the identifier for the object on which you are transferring ownership.","description_kind":"plain","optional":true},"object_type":{"type":"string","description":"Specifies the type of object on which you are transferring ownership. Available values are: AGGREGATION POLICY | ALERT | AUTHENTICATION POLICY | COMPUTE POOL | DATA METRIC FUNCTION | DATABASE | DATABASE ROLE | DYNAMIC TABLE | EVENT TABLE | EXTERNAL TABLE | EXTERNAL VOLUME | FAILOVER GROUP | FILE FORMAT | FUNCTION | GIT REPOSITORY | HYBRID TABLE | ICEBERG TABLE | IMAGE REPOSITORY | INTEGRATION | MATERIALIZED VIEW | NETWORK POLICY | NETWORK RULE | PACKAGES POLICY | PIPE | PROCEDURE | MASKING POLICY | PASSWORD POLICY | PROJECTION POLICY | REPLICATION GROUP | RESOURCE MONITOR | ROLE | ROW ACCESS POLICY | SCHEMA | SESSION POLICY | SECRET | SEQUENCE | STAGE | STREAM | TABLE | TAG | TASK | USER | VIEW | WAREHOUSE","description_kind":"plain","optional":true}},"block_types":{"all":{"nesting_mode":"list","block":{"attributes":{"in_database":{"type":"string","description":"The fully qualified name of the database. For more information about this resource, see [docs](./database).","description_kind":"plain","optional":true},"in_schema":{"type":"string","description":"The fully qualified name of the schema. For more information about this resource, see [docs](./schema).","description_kind":"plain","optional":true},"object_type_plural":{"type":"string","description":"Specifies the type of object in plural form on which you are transferring ownership. Available values are: AGGREGATION POLICIES | ALERTS | AUTHENTICATION POLICIES | COMPUTE POOLS | DATA METRIC FUNCTIONS | DATABASES | DATABASE ROLES | DYNAMIC TABLES | EVENT TABLES | EXTERNAL TABLES | EXTERNAL VOLUMES | FAILOVER GROUPS | FILE FORMATS | FUNCTIONS | GIT REPOSITORIES | HYBRID TABLES | ICEBERG TABLES | IMAGE REPOSITORIES | INTEGRATIONS | MATERIALIZED VIEWS | NETWORK POLICIES | NETWORK RULES | PACKAGES POLICIES | PIPES | PROCEDURES | MASKING POLICIES | PASSWORD POLICIES | PROJECTION POLICIES | REPLICATION GROUPS | RESOURCE MONITORS | ROLES | ROW ACCESS POLICIES | SCHEMAS | SESSION POLICIES | SECRETS | SEQUENCES | STAGES | STREAMS | TABLES | TAGS | TASKS | USERS | VIEWS | WAREHOUSES. For more information head over to [Snowflake documentation](https://docs.snowflake.com/en/sql-reference/sql/grant-ownership#required-parameters).","description_kind":"plain","required":true}},"description":"Configures the privilege to be granted on all objects in either a database or schema.","description_kind":"plain"},"max_items":1},"future":{"nesting_mode":"list","block":{"attributes":{"in_database":{"type":"string","description":"The fully qualified name of the database. For more information about this resource, see [docs](./database).","description_kind":"plain","optional":true},"in_schema":{"type":"string","description":"The fully qualified name of the schema. For more information about this resource, see [docs](./schema).","description_kind":"plain","optional":true},"object_type_plural":{"type":"string","description":"Specifies the type of object in plural form on which you are transferring ownership. Available values are: AGGREGATION POLICIES | ALERTS | AUTHENTICATION POLICIES | COMPUTE POOLS | DATA METRIC FUNCTIONS | DATABASES | DATABASE ROLES | DYNAMIC TABLES | EVENT TABLES | EXTERNAL TABLES | EXTERNAL VOLUMES | FAILOVER GROUPS | FILE FORMATS | FUNCTIONS | GIT REPOSITORIES | HYBRID TABLES | ICEBERG TABLES | IMAGE REPOSITORIES | INTEGRATIONS | MATERIALIZED VIEWS | NETWORK POLICIES | NETWORK RULES | PACKAGES POLICIES | PIPES | PROCEDURES | MASKING POLICIES | PASSWORD POLICIES | PROJECTION POLICIES | REPLICATION GROUPS | RESOURCE MONITORS | ROLES | ROW ACCESS POLICIES | SCHEMAS | SESSION POLICIES | SECRETS | SEQUENCES | STAGES | STREAMS | TABLES | TAGS | TASKS | USERS | VIEWS | WAREHOUSES. For more information head over to [Snowflake documentation](https://docs.snowflake.com/en/sql-reference/sql/grant-ownership#required-parameters).","description_kind":"plain","required":true}},"description":"Configures the privilege to be granted on all objects in either a database or schema.","description_kind":"plain"},"max_items":1}},"description":"Configures which object(s) should transfer their ownership to the specified role.","description_kind":"plain"},"min_items":1,"max_items":1},"timeouts":{"nesting_mode":"single","block":{"attributes":{"create":{"type":"string","description_kind":"plain","optional":true},"delete":{"type":"string","description_kind":"plain","optional":true},"read":{"type":"string","description_kind":"plain","optional":true},"update":{"type":"string","description_kind":"plain","optional":true}},"description_kind":"plain"}}},"description_kind":"plain"}},"snowflake_grant_privileges_to_account_role":{"version":0,"block":{"attributes":{"account_role_name":{"type":"string","description":"The fully qualified name of the account role to which privileges will be granted. For more information about this resource, see [docs](./account_role).","description_kind":"plain","required":true},"all_privileges":{"type":"bool","description":"(Default: `false`) Grant all privileges on the account role. When all privileges cannot be granted, the provider returns a warning, which is aligned with the Snowsight behavior.","description_kind":"plain","optional":true},"always_apply":{"type":"bool","description":"(Default: `false`) If true, the resource will always produce a “plan” and on “apply” it will re-grant defined privileges. It is supposed to be used only in “grant privileges on all X’s in database / schema Y” or “grant all privileges to X” scenarios to make sure that every new object in a given database / schema is granted by the account role and every new privilege is granted to the database role. Important note: this flag is not compliant with the Terraform assumptions of the config being eventually convergent (producing an empty plan).","description_kind":"plain","optional":true},"always_apply_trigger":{"type":"string","description":"(Default: ``) This is a helper field and should not be set. Its main purpose is to help to achieve the functionality described by the always_apply field.","description_kind":"plain","optional":true},"id":{"type":"string","description_kind":"plain","optional":true,"computed":true},"on_account":{"type":"bool","description":"(Default: `false`) If true, the privileges will be granted on the account.","description_kind":"plain","optional":true},"privileges":{"type":["set","string"],"description":"The privileges to grant on the account role. This field is case-sensitive; use only upper-case privileges.","description_kind":"plain","optional":true},"with_grant_option":{"type":"bool","description":"(Default: `false`) Specifies whether the grantee can grant the privileges to other users.","description_kind":"plain","optional":true}},"block_types":{"on_account_object":{"nesting_mode":"list","block":{"attributes":{"object_name":{"type":"string","description":"The fully qualified name of the object on which privileges will be granted.","description_kind":"plain","required":true},"object_type":{"type":"string","description":"The object type of the account object on which privileges will be granted. Valid values are: USER | RESOURCE MONITOR | WAREHOUSE | COMPUTE POOL | DATABASE | INTEGRATION | FAILOVER GROUP | REPLICATION GROUP | EXTERNAL VOLUME","description_kind":"plain","required":true}},"description":"Specifies the account object on which privileges will be granted ","description_kind":"plain"},"max_items":1},"on_schema":{"nesting_mode":"list","block":{"attributes":{"all_schemas_in_database":{"type":"string","description":"The fully qualified name of the database.","description_kind":"plain","optional":true},"future_schemas_in_database":{"type":"string","description":"The fully qualified name of the database.","description_kind":"plain","optional":true},"schema_name":{"type":"string","description":"The fully qualified name of the schema.","description_kind":"plain","optional":true}},"description":"Specifies the schema on which privileges will be granted.","description_kind":"plain"},"max_items":1},"on_schema_object":{"nesting_mode":"list","block":{"attributes":{"object_name":{"type":"string","description":"The fully qualified name of the object on which privileges will be granted.","description_kind":"plain","optional":true},"object_type":{"type":"string","description":"The object type of the schema object on which privileges will be granted. Valid values are: AGGREGATION POLICY | ALERT | AUTHENTICATION POLICY | CORTEX SEARCH SERVICE | DATA METRIC FUNCTION | DYNAMIC TABLE | EVENT TABLE | EXTERNAL TABLE | FILE FORMAT | FUNCTION | GIT REPOSITORY | HYBRID TABLE | IMAGE REPOSITORY | ICEBERG TABLE | MASKING POLICY | MATERIALIZED VIEW | MODEL | NETWORK RULE | NOTEBOOK | PACKAGES POLICY | PASSWORD POLICY | PIPE | PROCEDURE | PROJECTION POLICY | ROW ACCESS POLICY | SECRET | SERVICE | SESSION POLICY | SEQUENCE | SNAPSHOT | STAGE | STREAM | TABLE | TAG | TASK | VIEW | STREAMLIT | DATASET","description_kind":"plain","optional":true}},"block_types":{"all":{"nesting_mode":"list","block":{"attributes":{"in_database":{"type":"string","description_kind":"plain","optional":true},"in_schema":{"type":"string","description_kind":"plain","optional":true},"object_type_plural":{"type":"string","description":"The plural object type of the schema object on which privileges will be granted. Valid values are: AGGREGATION POLICIES | ALERTS | AUTHENTICATION POLICIES | CORTEX SEARCH SERVICES | DATA METRIC FUNCTIONS | DYNAMIC TABLES | EVENT TABLES | EXTERNAL TABLES | FILE FORMATS | FUNCTIONS | GIT REPOSITORIES | HYBRID TABLES | IMAGE REPOSITORIES | ICEBERG TABLES | MASKING POLICIES | MATERIALIZED VIEWS | MODELS | NETWORK RULES | NOTEBOOKS | PACKAGES POLICIES | PASSWORD POLICIES | PIPES | PROCEDURES | PROJECTION POLICIES | ROW ACCESS POLICIES | SECRETS | SERVICES | SESSION POLICIES | SEQUENCES | SNAPSHOTS | STAGES | STREAMS | TABLES | TAGS | TASKS | VIEWS | STREAMLITS | DATASETS.","description_kind":"plain","required":true}},"description":"Configures the privilege to be granted on all objects in either a database or schema.","description_kind":"plain"},"max_items":1},"future":{"nesting_mode":"list","block":{"attributes":{"in_database":{"type":"string","description_kind":"plain","optional":true},"in_schema":{"type":"string","description_kind":"plain","optional":true},"object_type_plural":{"type":"string","description":"The plural object type of the schema object on which privileges will be granted. Valid values are: ALERTS | AUTHENTICATION POLICIES | CORTEX SEARCH SERVICES | DATA METRIC FUNCTIONS | DYNAMIC TABLES | EVENT TABLES | EXTERNAL TABLES | FILE FORMATS | FUNCTIONS | GIT REPOSITORIES | HYBRID TABLES | ICEBERG TABLES | MATERIALIZED VIEWS | MODELS | NETWORK RULES | NOTEBOOKS | PASSWORD POLICIES | PIPES | PROCEDURES | SECRETS | SERVICES | SEQUENCES | SNAPSHOTS | STAGES | STREAMS | TABLES | TASKS | VIEWS | STREAMLITS | DATASETS.","description_kind":"plain","required":true}},"description":"Configures the privilege to be granted on future objects in either a database or schema.","description_kind":"plain"},"max_items":1}},"description":"Specifies the schema object on which privileges will be granted.","description_kind":"plain"},"max_items":1},"timeouts":{"nesting_mode":"single","block":{"attributes":{"create":{"type":"string","description_kind":"plain","optional":true},"delete":{"type":"string","description_kind":"plain","optional":true},"read":{"type":"string","description_kind":"plain","optional":true},"update":{"type":"string","description_kind":"plain","optional":true}},"description_kind":"plain"}}},"description_kind":"plain"}},"snowflake_grant_privileges_to_database_role":{"version":0,"block":{"attributes":{"all_privileges":{"type":"bool","description":"(Default: `false`) Grant all privileges on the database role.","description_kind":"plain","optional":true},"always_apply":{"type":"bool","description":"(Default: `false`) If true, the resource will always produce a “plan” and on “apply” it will re-grant defined privileges. It is supposed to be used only in “grant privileges on all X’s in database / schema Y” or “grant all privileges to X” scenarios to make sure that every new object in a given database / schema is granted by the account role and every new privilege is granted to the database role. Important note: this flag is not compliant with the Terraform assumptions of the config being eventually convergent (producing an empty plan).","description_kind":"plain","optional":true},"always_apply_trigger":{"type":"string","description":"(Default: ``) This is a helper field and should not be set. Its main purpose is to help to achieve the functionality described by the always_apply field.","description_kind":"plain","optional":true},"database_role_name":{"type":"string","description":"The fully qualified name of the database role to which privileges will be granted. For more information about this resource, see [docs](./database_role).","description_kind":"plain","required":true},"id":{"type":"string","description_kind":"plain","optional":true,"computed":true},"on_database":{"type":"string","description":"The fully qualified name of the database on which privileges will be granted. For more information about this resource, see [docs](./database).","description_kind":"plain","optional":true},"privileges":{"type":["set","string"],"description":"The privileges to grant on the database role.","description_kind":"plain","optional":true},"with_grant_option":{"type":"bool","description":"(Default: `false`) If specified, allows the recipient role to grant the privileges to other roles.","description_kind":"plain","optional":true}},"block_types":{"on_schema":{"nesting_mode":"list","block":{"attributes":{"all_schemas_in_database":{"type":"string","description":"The fully qualified name of the database.","description_kind":"plain","optional":true},"future_schemas_in_database":{"type":"string","description":"The fully qualified name of the database.","description_kind":"plain","optional":true},"schema_name":{"type":"string","description":"The fully qualified name of the schema.","description_kind":"plain","optional":true}},"description":"Specifies the schema on which privileges will be granted.","description_kind":"plain"},"max_items":1},"on_schema_object":{"nesting_mode":"list","block":{"attributes":{"object_name":{"type":"string","description":"The fully qualified name of the object on which privileges will be granted.","description_kind":"plain","optional":true},"object_type":{"type":"string","description":"The object type of the schema object on which privileges will be granted. Valid values are: AGGREGATION POLICY | ALERT | AUTHENTICATION POLICY | CORTEX SEARCH SERVICE | DATA METRIC FUNCTION | DYNAMIC TABLE | EVENT TABLE | EXTERNAL TABLE | FILE FORMAT | FUNCTION | GIT REPOSITORY | HYBRID TABLE | IMAGE REPOSITORY | ICEBERG TABLE | MASKING POLICY | MATERIALIZED VIEW | MODEL | NETWORK RULE | NOTEBOOK | PACKAGES POLICY | PASSWORD POLICY | PIPE | PROCEDURE | PROJECTION POLICY | ROW ACCESS POLICY | SECRET | SERVICE | SESSION POLICY | SEQUENCE | SNAPSHOT | STAGE | STREAM | TABLE | TAG | TASK | VIEW | STREAMLIT | DATASET","description_kind":"plain","optional":true}},"block_types":{"all":{"nesting_mode":"list","block":{"attributes":{"in_database":{"type":"string","description":"The fully qualified name of the database.","description_kind":"plain","optional":true},"in_schema":{"type":"string","description":"The fully qualified name of the schema.","description_kind":"plain","optional":true},"object_type_plural":{"type":"string","description":"The plural object type of the schema object on which privileges will be granted. Valid values are: AGGREGATION POLICIES | ALERTS | AUTHENTICATION POLICIES | CORTEX SEARCH SERVICES | DATA METRIC FUNCTIONS | DYNAMIC TABLES | EVENT TABLES | EXTERNAL TABLES | FILE FORMATS | FUNCTIONS | GIT REPOSITORIES | HYBRID TABLES | IMAGE REPOSITORIES | ICEBERG TABLES | MASKING POLICIES | MATERIALIZED VIEWS | MODELS | NETWORK RULES | NOTEBOOKS | PACKAGES POLICIES | PASSWORD POLICIES | PIPES | PROCEDURES | PROJECTION POLICIES | ROW ACCESS POLICIES | SECRETS | SERVICES | SESSION POLICIES | SEQUENCES | SNAPSHOTS | STAGES | STREAMS | TABLES | TAGS | TASKS | VIEWS | STREAMLITS | DATASETS.","description_kind":"plain","required":true}},"description":"Configures the privilege to be granted on all objects in either a database or schema.","description_kind":"plain"},"max_items":1},"future":{"nesting_mode":"list","block":{"attributes":{"in_database":{"type":"string","description":"The fully qualified name of the database.","description_kind":"plain","optional":true},"in_schema":{"type":"string","description":"The fully qualified name of the schema.","description_kind":"plain","optional":true},"object_type_plural":{"type":"string","description":"The plural object type of the schema object on which privileges will be granted. Valid values are: ALERTS | AUTHENTICATION POLICIES | CORTEX SEARCH SERVICES | DATA METRIC FUNCTIONS | DYNAMIC TABLES | EVENT TABLES | EXTERNAL TABLES | FILE FORMATS | FUNCTIONS | GIT REPOSITORIES | HYBRID TABLES | ICEBERG TABLES | MATERIALIZED VIEWS | MODELS | NETWORK RULES | NOTEBOOKS | PASSWORD POLICIES | PIPES | PROCEDURES | SECRETS | SERVICES | SEQUENCES | SNAPSHOTS | STAGES | STREAMS | TABLES | TASKS | VIEWS | STREAMLITS | DATASETS.","description_kind":"plain","required":true}},"description":"Configures the privilege to be granted on future objects in either a database or schema.","description_kind":"plain"},"max_items":1}},"description":"Specifies the schema object on which privileges will be granted.","description_kind":"plain"},"max_items":1},"timeouts":{"nesting_mode":"single","block":{"attributes":{"create":{"type":"string","description_kind":"plain","optional":true},"delete":{"type":"string","description_kind":"plain","optional":true},"read":{"type":"string","description_kind":"plain","optional":true},"update":{"type":"string","description_kind":"plain","optional":true}},"description_kind":"plain"}}},"description_kind":"plain"}},"snowflake_grant_privileges_to_share":{"version":0,"block":{"attributes":{"id":{"type":"string","description_kind":"plain","optional":true,"computed":true},"on_all_tables_in_schema":{"type":"string","description":"The fully qualified identifier for the schema for which the specified privilege will be granted for all tables.","description_kind":"plain","optional":true},"on_database":{"type":"string","description":"The fully qualified name of the database on which privileges will be granted. For more information about this resource, see [docs](./database).","description_kind":"plain","optional":true},"on_function":{"type":"string","description":"The fully qualified name of the function on which privileges will be granted.","description_kind":"plain","optional":true},"on_schema":{"type":"string","description":"The fully qualified name of the schema on which privileges will be granted. For more information about this resource, see [docs](./schema).","description_kind":"plain","optional":true},"on_table":{"type":"string","description":"The fully qualified name of the table on which privileges will be granted. For more information about this resource, see [docs](./table).","description_kind":"plain","optional":true},"on_tag":{"type":"string","description":"The fully qualified name of the tag on which privileges will be granted. For more information about this resource, see [docs](./tag).","description_kind":"plain","optional":true},"on_view":{"type":"string","description":"The fully qualified name of the view on which privileges will be granted. For more information about this resource, see [docs](./view).","description_kind":"plain","optional":true},"privileges":{"type":["set","string"],"description":"The privileges to grant on the share. See available list of privileges: https://docs.snowflake.com/en/sql-reference/sql/grant-privilege-share#syntax","description_kind":"plain","required":true},"to_share":{"type":"string","description":"The fully qualified name of the share on which privileges will be granted. For more information about this resource, see [docs](./share).","description_kind":"plain","required":true}},"block_types":{"timeouts":{"nesting_mode":"single","block":{"attributes":{"create":{"type":"string","description_kind":"plain","optional":true},"delete":{"type":"string","description_kind":"plain","optional":true},"read":{"type":"string","description_kind":"plain","optional":true},"update":{"type":"string","description_kind":"plain","optional":true}},"description_kind":"plain"}}},"description_kind":"plain"}},"snowflake_image_repository":{"version":0,"block":{"attributes":{"comment":{"type":"string","description":"Specifies a comment for the object.","description_kind":"plain","optional":true},"database":{"type":"string","description":"The database in which to create the image repository. Due to technical limitations (read more [here](../guides/identifiers_rework_design_decisions#known-limitations-and-identifier-recommendations)), avoid using the following characters: `|`, `.`, `\"`.","description_kind":"plain","required":true},"fully_qualified_name":{"type":"string","description":"Fully qualified name of the resource. For more information, see [object name resolution](https://docs.snowflake.com/en/sql-reference/name-resolution).","description_kind":"plain","computed":true},"id":{"type":"string","description_kind":"plain","optional":true,"computed":true},"name":{"type":"string","description":"Specifies the identifier for the image repository; must be unique for the schema in which the image repository is created. Due to technical limitations (read more [here](../guides/identifiers_rework_design_decisions#known-limitations-and-identifier-recommendations)), avoid using the following characters: `|`, `.`, `\"`.","description_kind":"plain","required":true},"schema":{"type":"string","description":"The schema in which to create the image repository. Due to technical limitations (read more [here](../guides/identifiers_rework_design_decisions#known-limitations-and-identifier-recommendations)), avoid using the following characters: `|`, `.`, `\"`.","description_kind":"plain","required":true},"show_output":{"type":["list",["object",{"comment":"string","created_on":"string","database_name":"string","name":"string","owner":"string","owner_role_type":"string","privatelink_repository_url":"string","repository_url":"string","schema_name":"string"}]],"description":"Outputs the result of `SHOW IMAGE REPOSITORIES` for the given image repository.","description_kind":"plain","computed":true}},"block_types":{"timeouts":{"nesting_mode":"single","block":{"attributes":{"create":{"type":"string","description_kind":"plain","optional":true},"delete":{"type":"string","description_kind":"plain","optional":true},"read":{"type":"string","description_kind":"plain","optional":true},"update":{"type":"string","description_kind":"plain","optional":true}},"description_kind":"plain"}}},"description":"Resource used to manage image repositories. For more information, check [image repositories documentation](https://docs.snowflake.com/en/sql-reference/sql/create-image-repository). Snowpark Container Services provides an OCIv2-compliant image registry service and a storage unit call repository to store images. See [Working with an image registry and repository](https://docs.snowflake.com/en/developer-guide/snowpark-container-services/working-with-registry-repository) developer guide for more details.","description_kind":"plain"}},"snowflake_job_service":{"version":0,"block":{"attributes":{"comment":{"type":"string","description":"Specifies a comment for the service.","description_kind":"plain","optional":true},"compute_pool":{"type":"string","description":"Specifies the name of the compute pool in your account on which to run the service. Identifiers with special or lower-case characters are not supported. This limitation in the provider follows the limitation in Snowflake (see [docs](https://docs.snowflake.com/en/sql-reference/sql/create-compute-pool)). Due to technical limitations (read more [here](../guides/identifiers_rework_design_decisions#known-limitations-and-identifier-recommendations)), avoid using the following characters: `|`, `.`, `\"`.","description_kind":"plain","required":true},"database":{"type":"string","description":"The database in which to create the service. Due to technical limitations (read more [here](../guides/identifiers_rework_design_decisions#known-limitations-and-identifier-recommendations)), avoid using the following characters: `|`, `.`, `\"`.","description_kind":"plain","required":true},"describe_output":{"type":["list",["object",{"auto_resume":"bool","auto_suspend_secs":"number","comment":"string","compute_pool":"string","created_on":"string","current_instances":"number","database_name":"string","dns_name":"string","external_access_integrations":["set","string"],"is_async_job":"bool","is_job":"bool","is_upgrading":"bool","managing_object_domain":"string","managing_object_name":"string","max_instances":"number","min_instances":"number","min_ready_instances":"number","name":"string","owner":"string","owner_role_type":"string","query_warehouse":"string","resumed_on":"string","schema_name":"string","spec":"string","spec_digest":"string","status":"string","suspended_on":"string","target_instances":"number","updated_on":"string"}]],"description":"Outputs the result of `DESCRIBE SERVICE` for the given service.","description_kind":"plain","computed":true},"external_access_integrations":{"type":["set","string"],"description":"Specifies the names of the external access integrations that allow your service to access external sites.","description_kind":"plain","optional":true},"fully_qualified_name":{"type":"string","description":"Fully qualified name of the resource. For more information, see [object name resolution](https://docs.snowflake.com/en/sql-reference/name-resolution).","description_kind":"plain","computed":true},"id":{"type":"string","description_kind":"plain","optional":true,"computed":true},"name":{"type":"string","description":"Specifies the identifier for the service; must be unique for the schema in which the service is created. Due to technical limitations (read more [here](../guides/identifiers_rework_design_decisions#known-limitations-and-identifier-recommendations)), avoid using the following characters: `|`, `.`, `\"`.","description_kind":"plain","required":true},"query_warehouse":{"type":"string","description":"Warehouse to use if a service container connects to Snowflake to execute a query but does not explicitly specify a warehouse to use. Due to technical limitations (read more [here](../guides/identifiers_rework_design_decisions#known-limitations-and-identifier-recommendations)), avoid using the following characters: `|`, `.`, `\"`.","description_kind":"plain","optional":true},"schema":{"type":"string","description":"The schema in which to create the service. Due to technical limitations (read more [here](../guides/identifiers_rework_design_decisions#known-limitations-and-identifier-recommendations)), avoid using the following characters: `|`, `.`, `\"`.","description_kind":"plain","required":true},"service_type":{"type":"string","description":"Specifies a type for the service. This field is used for checking external changes and recreating the resources if needed.","description_kind":"plain","computed":true},"show_output":{"type":["list",["object",{"auto_resume":"bool","auto_suspend_secs":"number","comment":"string","compute_pool":"string","created_on":"string","current_instances":"number","database_name":"string","dns_name":"string","external_access_integrations":["set","string"],"is_async_job":"bool","is_job":"bool","is_upgrading":"bool","managing_object_domain":"string","managing_object_name":"string","max_instances":"number","min_instances":"number","min_ready_instances":"number","name":"string","owner":"string","owner_role_type":"string","query_warehouse":"string","resumed_on":"string","schema_name":"string","spec_digest":"string","status":"string","suspended_on":"string","target_instances":"number","updated_on":"string"}]],"description":"Outputs the result of `SHOW SERVICES` for the given service.","description_kind":"plain","computed":true}},"block_types":{"from_specification":{"nesting_mode":"list","block":{"attributes":{"file":{"type":"string","description":"The file name of the service specification. Example: `spec.yaml`.","description_kind":"plain","optional":true},"path":{"type":"string","description":"The path to the service specification file on the given stage. When the path is specified, the `/` character is automatically added as a path prefix. Example: `path/to/spec`.","description_kind":"plain","optional":true},"stage":{"type":"string","description":"The fully qualified name of the stage containing the service specification file. At symbol (`@`) is added automatically. Example: `\"\\\"\u003cdb_name\u003e\\\".\\\"\u003cschema_name\u003e\\\".\\\"\u003cstage_name\u003e\\\"\"`. For more information about this resource, see [docs](./stage).","description_kind":"plain","optional":true},"text":{"type":"string","description":"The embedded text of the service specification.","description_kind":"plain","optional":true}},"description":"Specifies the service specification to use for the service. Note that external changes on this field and nested fields are not detected. Use correctly formatted YAML files. Watch out for the space/tabs indentation. See [service specification](https://docs.snowflake.com/en/developer-guide/snowpark-container-services/specification-reference#general-guidelines) for more information.","description_kind":"plain"},"max_items":1},"from_specification_template":{"nesting_mode":"list","block":{"attributes":{"file":{"type":"string","description":"The file name of the service specification template. Example: `spec.yaml`.","description_kind":"plain","optional":true},"path":{"type":"string","description":"The path to the service specification template file on the given stage. When the path is specified, the `/` character is automatically added as a path prefix. Example: `path/to/spec`.","description_kind":"plain","optional":true},"stage":{"type":"string","description":"The fully qualified name of the stage containing the service specification template file. At symbol (`@`) is added automatically. Example: `\"\\\"\u003cdb_name\u003e\\\".\\\"\u003cschema_name\u003e\\\".\\\"\u003cstage_name\u003e\\\"\"`. For more information about this resource, see [docs](./stage).","description_kind":"plain","optional":true},"text":{"type":"string","description":"The embedded text of the service specification template.","description_kind":"plain","optional":true}},"block_types":{"using":{"nesting_mode":"list","block":{"attributes":{"key":{"type":"string","description":"The name of the template variable. The provider wraps it in double quotes by default, so be aware of that while referencing the argument in the spec definition.","description_kind":"plain","required":true},"value":{"type":"string","description":"The value to assign to the variable in the template. The provider wraps it in `$$` by default, so be aware of that while referencing the argument in the spec definition. The value must either be alphanumeric or valid JSON.","description_kind":"plain","required":true}},"description":"List of the specified template variables and the values of those variables.","description_kind":"plain"},"min_items":1}},"description":"Specifies the service specification template to use for the service. Note that external changes on this field and nested fields are not detected. Use correctly formatted YAML files. Watch out for the space/tabs indentation. See [service specification](https://docs.snowflake.com/en/developer-guide/snowpark-container-services/specification-reference#general-guidelines) for more information.","description_kind":"plain"},"max_items":1},"timeouts":{"nesting_mode":"single","block":{"attributes":{"create":{"type":"string","description_kind":"plain","optional":true},"delete":{"type":"string","description_kind":"plain","optional":true},"read":{"type":"string","description_kind":"plain","optional":true},"update":{"type":"string","description_kind":"plain","optional":true}},"description_kind":"plain"}}},"description":"Resource used to manage job services. For more information, check [services documentation](https://docs.snowflake.com/en/sql-reference/sql/execute-job-service). Executes a Snowpark Container Services service as a job. A service, created using `CREATE SERVICE`, is long-running and you must explicitly stop it when it is no longer needed. On the other hand, a job, created using EXECUTE JOB SERVICE (with `ASYNC=TRUE` in this resource), returns immediately while the job is running. See [Working with services](https://docs.snowflake.com/en/developer-guide/snowpark-container-services/working-with-services) developer guide for more details.","description_kind":"plain"}},"snowflake_legacy_service_user":{"version":0,"block":{"attributes":{"abort_detached_query":{"type":"bool","description":"Specifies the action that Snowflake performs for in-progress queries if connectivity is lost due to abrupt termination of a session (e.g. network outage, browser termination, service interruption). For more information, check [ABORT_DETACHED_QUERY docs](https://docs.snowflake.com/en/sql-reference/parameters#abort-detached-query).","description_kind":"plain","optional":true,"computed":true},"autocommit":{"type":"bool","description":"Specifies whether autocommit is enabled for the session. Autocommit determines whether a DML statement, when executed without an active transaction, is automatically committed after the statement successfully completes. For more information, see [Transactions](https://docs.snowflake.com/en/sql-reference/transactions). For more information, check [AUTOCOMMIT docs](https://docs.snowflake.com/en/sql-reference/parameters#autocommit).","description_kind":"plain","optional":true,"computed":true},"binary_input_format":{"type":"string","description":"The format of VARCHAR values passed as input to VARCHAR-to-BINARY conversion functions. For more information, see [Binary input and output](https://docs.snowflake.com/en/sql-reference/binary-input-output). For more information, check [BINARY_INPUT_FORMAT docs](https://docs.snowflake.com/en/sql-reference/parameters#binary-input-format).","description_kind":"plain","optional":true,"computed":true},"binary_output_format":{"type":"string","description":"The format for VARCHAR values returned as output by BINARY-to-VARCHAR conversion functions. For more information, see [Binary input and output](https://docs.snowflake.com/en/sql-reference/binary-input-output). For more information, check [BINARY_OUTPUT_FORMAT docs](https://docs.snowflake.com/en/sql-reference/parameters#binary-output-format).","description_kind":"plain","optional":true,"computed":true},"client_memory_limit":{"type":"number","description":"Parameter that specifies the maximum amount of memory the JDBC driver or ODBC driver should use for the result set from queries (in MB). For more information, check [CLIENT_MEMORY_LIMIT docs](https://docs.snowflake.com/en/sql-reference/parameters#client-memory-limit).","description_kind":"plain","optional":true,"computed":true},"client_metadata_request_use_connection_ctx":{"type":"bool","description":"For specific ODBC functions and JDBC methods, this parameter can change the default search scope from all databases/schemas to the current database/schema. The narrower search typically returns fewer rows and executes more quickly. For more information, check [CLIENT_METADATA_REQUEST_USE_CONNECTION_CTX docs](https://docs.snowflake.com/en/sql-reference/parameters#client-metadata-request-use-connection-ctx).","description_kind":"plain","optional":true,"computed":true},"client_prefetch_threads":{"type":"number","description":"Parameter that specifies the number of threads used by the client to pre-fetch large result sets. The driver will attempt to honor the parameter value, but defines the minimum and maximum values (depending on your system’s resources) to improve performance. For more information, check [CLIENT_PREFETCH_THREADS docs](https://docs.snowflake.com/en/sql-reference/parameters#client-prefetch-threads).","description_kind":"plain","optional":true,"computed":true},"client_result_chunk_size":{"type":"number","description":"Parameter that specifies the maximum size of each set (or chunk) of query results to download (in MB). The JDBC driver downloads query results in chunks. For more information, check [CLIENT_RESULT_CHUNK_SIZE docs](https://docs.snowflake.com/en/sql-reference/parameters#client-result-chunk-size).","description_kind":"plain","optional":true,"computed":true},"client_result_column_case_insensitive":{"type":"bool","description":"Parameter that indicates whether to match column name case-insensitively in ResultSet.get* methods in JDBC. For more information, check [CLIENT_RESULT_COLUMN_CASE_INSENSITIVE docs](https://docs.snowflake.com/en/sql-reference/parameters#client-result-column-case-insensitive).","description_kind":"plain","optional":true,"computed":true},"client_session_keep_alive":{"type":"bool","description":"Parameter that indicates whether to force a user to log in again after a period of inactivity in the session. For more information, check [CLIENT_SESSION_KEEP_ALIVE docs](https://docs.snowflake.com/en/sql-reference/parameters#client-session-keep-alive).","description_kind":"plain","optional":true,"computed":true},"client_session_keep_alive_heartbeat_frequency":{"type":"number","description":"Number of seconds in-between client attempts to update the token for the session. For more information, check [CLIENT_SESSION_KEEP_ALIVE_HEARTBEAT_FREQUENCY docs](https://docs.snowflake.com/en/sql-reference/parameters#client-session-keep-alive-heartbeat-frequency).","description_kind":"plain","optional":true,"computed":true},"client_timestamp_type_mapping":{"type":"string","description":"Specifies the [TIMESTAMP_* variation](https://docs.snowflake.com/en/sql-reference/data-types-datetime.html#label-datatypes-timestamp-variations) to use when binding timestamp variables for JDBC or ODBC applications that use the bind API to load data. For more information, check [CLIENT_TIMESTAMP_TYPE_MAPPING docs](https://docs.snowflake.com/en/sql-reference/parameters#client-timestamp-type-mapping).","description_kind":"plain","optional":true,"computed":true},"comment":{"type":"string","description":"Specifies a comment for the user.","description_kind":"plain","optional":true},"date_input_format":{"type":"string","description":"Specifies the input format for the DATE data type. For more information, see [Date and time input and output formats](https://docs.snowflake.com/en/sql-reference/date-time-input-output). For more information, check [DATE_INPUT_FORMAT docs](https://docs.snowflake.com/en/sql-reference/parameters#date-input-format).","description_kind":"plain","optional":true,"computed":true},"date_output_format":{"type":"string","description":"Specifies the display format for the DATE data type. For more information, see [Date and time input and output formats](https://docs.snowflake.com/en/sql-reference/date-time-input-output). For more information, check [DATE_OUTPUT_FORMAT docs](https://docs.snowflake.com/en/sql-reference/parameters#date-output-format).","description_kind":"plain","optional":true,"computed":true},"days_to_expiry":{"type":"number","description":"Specifies the number of days after which the user status is set to `Expired` and the user is no longer allowed to log in. This is useful for defining temporary users (i.e. users who should only have access to Snowflake for a limited time period). In general, you should not set this property for [account administrators](https://docs.snowflake.com/en/user-guide/security-access-control-considerations.html#label-accountadmin-users) (i.e. users with the `ACCOUNTADMIN` role) because Snowflake locks them out when they become `Expired`. External changes for this field won't be detected. In case you want to apply external changes, you can re-create the resource manually using \"terraform taint\".","description_kind":"plain","optional":true},"default_namespace":{"type":"string","description":"Specifies the namespace (database only or database and schema) that is active by default for the user’s session upon login. Note that the CREATE USER operation does not verify that the namespace exists.","description_kind":"plain","optional":true},"default_role":{"type":"string","description":"Specifies the role that is active by default for the user’s session upon login. Note that specifying a default role for a user does **not** grant the role to the user. The role must be granted explicitly to the user using the [GRANT ROLE](https://docs.snowflake.com/en/sql-reference/sql/grant-role) command. In addition, the CREATE USER operation does not verify that the role exists. For more information about this resource, see [docs](./account_role).","description_kind":"plain","optional":true},"default_secondary_roles_option":{"type":"string","description":"(Default: `DEFAULT`) Specifies the secondary roles that are active for the user’s session upon login. Valid values are (case-insensitive): `DEFAULT` | `NONE` | `ALL`. More information can be found in [doc](https://docs.snowflake.com/en/sql-reference/sql/create-user#optional-object-properties-objectproperties).","description_kind":"plain","optional":true},"default_warehouse":{"type":"string","description":"Specifies the virtual warehouse that is active by default for the user’s session upon login. Note that the CREATE USER operation does not verify that the warehouse exists. For more information about this resource, see [docs](./warehouse).","description_kind":"plain","optional":true},"disabled":{"type":"string","description":"(Default: fallback to Snowflake default - uses special value that cannot be set in the configuration manually (`default`)) Specifies whether the user is disabled, which prevents logging in and aborts all the currently-running queries for the user. Available options are: \"true\" or \"false\". When the value is not set in the configuration the provider will put \"default\" there which means to use the Snowflake default for this value.","description_kind":"plain","optional":true},"display_name":{"type":"string","description":"Name displayed for the user in the Snowflake web interface.","description_kind":"plain","optional":true},"email":{"type":"string","description":"Email address for the user.","description_kind":"plain","optional":true,"sensitive":true},"enable_unload_physical_type_optimization":{"type":"bool","description":"Specifies whether to set the schema for unloaded Parquet files based on the logical column data types (i.e. the types in the unload SQL query or source table) or on the unloaded column values (i.e. the smallest data types and precision that support the values in the output columns of the unload SQL statement or source table). For more information, check [ENABLE_UNLOAD_PHYSICAL_TYPE_OPTIMIZATION docs](https://docs.snowflake.com/en/sql-reference/parameters#enable-unload-physical-type-optimization).","description_kind":"plain","optional":true,"computed":true},"enable_unredacted_query_syntax_error":{"type":"bool","description":"Controls whether query text is redacted if a SQL query fails due to a syntax or parsing error. If `FALSE`, the content of a failed query is redacted in the views, pages, and functions that provide a query history. Only users with a role that is granted or inherits the AUDIT privilege can set the ENABLE_UNREDACTED_QUERY_SYNTAX_ERROR parameter. When using the ALTER USER command to set the parameter to `TRUE` for a particular user, modify the user that you want to see the query text, not the user who executed the query (if those are different users). For more information, check [ENABLE_UNREDACTED_QUERY_SYNTAX_ERROR docs](https://docs.snowflake.com/en/sql-reference/parameters#enable-unredacted-query-syntax-error).","description_kind":"plain","optional":true,"computed":true},"error_on_nondeterministic_merge":{"type":"bool","description":"Specifies whether to return an error when the [MERGE](https://docs.snowflake.com/en/sql-reference/sql/merge) command is used to update or delete a target row that joins multiple source rows and the system cannot determine the action to perform on the target row. For more information, check [ERROR_ON_NONDETERMINISTIC_MERGE docs](https://docs.snowflake.com/en/sql-reference/parameters#error-on-nondeterministic-merge).","description_kind":"plain","optional":true,"computed":true},"error_on_nondeterministic_update":{"type":"bool","description":"Specifies whether to return an error when the [UPDATE](https://docs.snowflake.com/en/sql-reference/sql/update) command is used to update a target row that joins multiple source rows and the system cannot determine the action to perform on the target row. For more information, check [ERROR_ON_NONDETERMINISTIC_UPDATE docs](https://docs.snowflake.com/en/sql-reference/parameters#error-on-nondeterministic-update).","description_kind":"plain","optional":true,"computed":true},"fully_qualified_name":{"type":"string","description":"Fully qualified name of the resource. For more information, see [object name resolution](https://docs.snowflake.com/en/sql-reference/name-resolution).","description_kind":"plain","computed":true},"geography_output_format":{"type":"string","description":"Display format for [GEOGRAPHY values](https://docs.snowflake.com/en/sql-reference/data-types-geospatial.html#label-data-types-geography). For more information, check [GEOGRAPHY_OUTPUT_FORMAT docs](https://docs.snowflake.com/en/sql-reference/parameters#geography-output-format).","description_kind":"plain","optional":true,"computed":true},"geometry_output_format":{"type":"string","description":"Display format for [GEOMETRY values](https://docs.snowflake.com/en/sql-reference/data-types-geospatial.html#label-data-types-geometry). For more information, check [GEOMETRY_OUTPUT_FORMAT docs](https://docs.snowflake.com/en/sql-reference/parameters#geometry-output-format).","description_kind":"plain","optional":true,"computed":true},"id":{"type":"string","description_kind":"plain","optional":true,"computed":true},"jdbc_treat_decimal_as_int":{"type":"bool","description":"Specifies how JDBC processes columns that have a scale of zero (0). For more information, check [JDBC_TREAT_DECIMAL_AS_INT docs](https://docs.snowflake.com/en/sql-reference/parameters#jdbc-treat-decimal-as-int).","description_kind":"plain","optional":true,"computed":true},"jdbc_treat_timestamp_ntz_as_utc":{"type":"bool","description":"Specifies how JDBC processes TIMESTAMP_NTZ values. For more information, check [JDBC_TREAT_TIMESTAMP_NTZ_AS_UTC docs](https://docs.snowflake.com/en/sql-reference/parameters#jdbc-treat-timestamp-ntz-as-utc).","description_kind":"plain","optional":true,"computed":true},"jdbc_use_session_timezone":{"type":"bool","description":"Specifies whether the JDBC Driver uses the time zone of the JVM or the time zone of the session (specified by the [TIMEZONE](https://docs.snowflake.com/en/sql-reference/parameters#label-timezone) parameter) for the getDate(), getTime(), and getTimestamp() methods of the ResultSet class. For more information, check [JDBC_USE_SESSION_TIMEZONE docs](https://docs.snowflake.com/en/sql-reference/parameters#jdbc-use-session-timezone).","description_kind":"plain","optional":true,"computed":true},"json_indent":{"type":"number","description":"Specifies the number of blank spaces to indent each new element in JSON output in the session. Also specifies whether to insert newline characters after each element. For more information, check [JSON_INDENT docs](https://docs.snowflake.com/en/sql-reference/parameters#json-indent).","description_kind":"plain","optional":true,"computed":true},"lock_timeout":{"type":"number","description":"Number of seconds to wait while trying to lock a resource, before timing out and aborting the statement. For more information, check [LOCK_TIMEOUT docs](https://docs.snowflake.com/en/sql-reference/parameters#lock-timeout).","description_kind":"plain","optional":true,"computed":true},"log_level":{"type":"string","description":"Specifies the severity level of messages that should be ingested and made available in the active event table. Messages at the specified level (and at more severe levels) are ingested. For more information about log levels, see [Setting log level](https://docs.snowflake.com/en/developer-guide/logging-tracing/logging-log-level). For more information, check [LOG_LEVEL docs](https://docs.snowflake.com/en/sql-reference/parameters#log-level).","description_kind":"plain","optional":true,"computed":true},"login_name":{"type":"string","description":"The name users use to log in. If not supplied, snowflake will use name instead. Login names are always case-insensitive.","description_kind":"plain","optional":true,"sensitive":true},"mins_to_unlock":{"type":"number","description":"(Default: fallback to Snowflake default - uses special value that cannot be set in the configuration manually (`-1`)) Specifies the number of minutes until the temporary lock on the user login is cleared. To protect against unauthorized user login, Snowflake places a temporary lock on a user after five consecutive unsuccessful login attempts. When creating a user, this property can be set to prevent them from logging in until the specified amount of time passes. To remove a lock immediately for a user, specify a value of 0 for this parameter. **Note** because this value changes continuously after setting it, the provider is currently NOT handling the external changes to it. External changes for this field won't be detected. In case you want to apply external changes, you can re-create the resource manually using \"terraform taint\".","description_kind":"plain","optional":true},"multi_statement_count":{"type":"number","description":"Number of statements to execute when using the multi-statement capability. For more information, check [MULTI_STATEMENT_COUNT docs](https://docs.snowflake.com/en/sql-reference/parameters#multi-statement-count).","description_kind":"plain","optional":true,"computed":true},"must_change_password":{"type":"string","description":"(Default: fallback to Snowflake default - uses special value that cannot be set in the configuration manually (`default`)) Specifies whether the user is forced to change their password on next login (including their first/initial login) into the system. Available options are: \"true\" or \"false\". When the value is not set in the configuration the provider will put \"default\" there which means to use the Snowflake default for this value.","description_kind":"plain","optional":true},"name":{"type":"string","description":"Name of the user. Note that if you do not supply login_name this will be used as login_name. Check the [docs](https://docs.snowflake.net/manuals/sql-reference/sql/create-user.html#required-parameters). Due to technical limitations (read more [here](../guides/identifiers_rework_design_decisions#known-limitations-and-identifier-recommendations)), avoid using the following characters: `|`, `.`, `\"`.","description_kind":"plain","required":true},"network_policy":{"type":"string","description":"Specifies the network policy to enforce for your account. Network policies enable restricting access to your account based on users’ IP address. For more details, see [Controlling network traffic with network policies](https://docs.snowflake.com/en/user-guide/network-policies). Any existing network policy (created using [CREATE NETWORK POLICY](https://docs.snowflake.com/en/sql-reference/sql/create-network-policy)). For more information, check [NETWORK_POLICY docs](https://docs.snowflake.com/en/sql-reference/parameters#network-policy).","description_kind":"plain","optional":true,"computed":true},"noorder_sequence_as_default":{"type":"bool","description":"Specifies whether the ORDER or NOORDER property is set by default when you create a new sequence or add a new table column. The ORDER and NOORDER properties determine whether or not the values are generated for the sequence or auto-incremented column in [increasing or decreasing order](https://docs.snowflake.com/en/user-guide/querying-sequences.html#label-querying-sequences-increasing-values). For more information, check [NOORDER_SEQUENCE_AS_DEFAULT docs](https://docs.snowflake.com/en/sql-reference/parameters#noorder-sequence-as-default).","description_kind":"plain","optional":true,"computed":true},"odbc_treat_decimal_as_int":{"type":"bool","description":"Specifies how ODBC processes columns that have a scale of zero (0). For more information, check [ODBC_TREAT_DECIMAL_AS_INT docs](https://docs.snowflake.com/en/sql-reference/parameters#odbc-treat-decimal-as-int).","description_kind":"plain","optional":true,"computed":true},"parameters":{"type":["list",["object",{"abort_detached_query":["list",["object",{"default":"string","description":"string","key":"string","level":"string","value":"string"}]],"autocommit":["list",["object",{"default":"string","description":"string","key":"string","level":"string","value":"string"}]],"binary_input_format":["list",["object",{"default":"string","description":"string","key":"string","level":"string","value":"string"}]],"binary_output_format":["list",["object",{"default":"string","description":"string","key":"string","level":"string","value":"string"}]],"client_memory_limit":["list",["object",{"default":"string","description":"string","key":"string","level":"string","value":"string"}]],"client_metadata_request_use_connection_ctx":["list",["object",{"default":"string","description":"string","key":"string","level":"string","value":"string"}]],"client_prefetch_threads":["list",["object",{"default":"string","description":"string","key":"string","level":"string","value":"string"}]],"client_result_chunk_size":["list",["object",{"default":"string","description":"string","key":"string","level":"string","value":"string"}]],"client_result_column_case_insensitive":["list",["object",{"default":"string","description":"string","key":"string","level":"string","value":"string"}]],"client_session_keep_alive":["list",["object",{"default":"string","description":"string","key":"string","level":"string","value":"string"}]],"client_session_keep_alive_heartbeat_frequency":["list",["object",{"default":"string","description":"string","key":"string","level":"string","value":"string"}]],"client_timestamp_type_mapping":["list",["object",{"default":"string","description":"string","key":"string","level":"string","value":"string"}]],"date_input_format":["list",["object",{"default":"string","description":"string","key":"string","level":"string","value":"string"}]],"date_output_format":["list",["object",{"default":"string","description":"string","key":"string","level":"string","value":"string"}]],"enable_unload_physical_type_optimization":["list",["object",{"default":"string","description":"string","key":"string","level":"string","value":"string"}]],"enable_unredacted_query_syntax_error":["list",["object",{"default":"string","description":"string","key":"string","level":"string","value":"string"}]],"error_on_nondeterministic_merge":["list",["object",{"default":"string","description":"string","key":"string","level":"string","value":"string"}]],"error_on_nondeterministic_update":["list",["object",{"default":"string","description":"string","key":"string","level":"string","value":"string"}]],"geography_output_format":["list",["object",{"default":"string","description":"string","key":"string","level":"string","value":"string"}]],"geometry_output_format":["list",["object",{"default":"string","description":"string","key":"string","level":"string","value":"string"}]],"jdbc_treat_decimal_as_int":["list",["object",{"default":"string","description":"string","key":"string","level":"string","value":"string"}]],"jdbc_treat_timestamp_ntz_as_utc":["list",["object",{"default":"string","description":"string","key":"string","level":"string","value":"string"}]],"jdbc_use_session_timezone":["list",["object",{"default":"string","description":"string","key":"string","level":"string","value":"string"}]],"json_indent":["list",["object",{"default":"string","description":"string","key":"string","level":"string","value":"string"}]],"lock_timeout":["list",["object",{"default":"string","description":"string","key":"string","level":"string","value":"string"}]],"log_level":["list",["object",{"default":"string","description":"string","key":"string","level":"string","value":"string"}]],"multi_statement_count":["list",["object",{"default":"string","description":"string","key":"string","level":"string","value":"string"}]],"network_policy":["list",["object",{"default":"string","description":"string","key":"string","level":"string","value":"string"}]],"noorder_sequence_as_default":["list",["object",{"default":"string","description":"string","key":"string","level":"string","value":"string"}]],"odbc_treat_decimal_as_int":["list",["object",{"default":"string","description":"string","key":"string","level":"string","value":"string"}]],"prevent_unload_to_internal_stages":["list",["object",{"default":"string","description":"string","key":"string","level":"string","value":"string"}]],"query_tag":["list",["object",{"default":"string","description":"string","key":"string","level":"string","value":"string"}]],"quoted_identifiers_ignore_case":["list",["object",{"default":"string","description":"string","key":"string","level":"string","value":"string"}]],"rows_per_resultset":["list",["object",{"default":"string","description":"string","key":"string","level":"string","value":"string"}]],"s3_stage_vpce_dns_name":["list",["object",{"default":"string","description":"string","key":"string","level":"string","value":"string"}]],"search_path":["list",["object",{"default":"string","description":"string","key":"string","level":"string","value":"string"}]],"simulated_data_sharing_consumer":["list",["object",{"default":"string","description":"string","key":"string","level":"string","value":"string"}]],"statement_queued_timeout_in_seconds":["list",["object",{"default":"string","description":"string","key":"string","level":"string","value":"string"}]],"statement_timeout_in_seconds":["list",["object",{"default":"string","description":"string","key":"string","level":"string","value":"string"}]],"strict_json_output":["list",["object",{"default":"string","description":"string","key":"string","level":"string","value":"string"}]],"time_input_format":["list",["object",{"default":"string","description":"string","key":"string","level":"string","value":"string"}]],"time_output_format":["list",["object",{"default":"string","description":"string","key":"string","level":"string","value":"string"}]],"timestamp_day_is_always_24h":["list",["object",{"default":"string","description":"string","key":"string","level":"string","value":"string"}]],"timestamp_input_format":["list",["object",{"default":"string","description":"string","key":"string","level":"string","value":"string"}]],"timestamp_ltz_output_format":["list",["object",{"default":"string","description":"string","key":"string","level":"string","value":"string"}]],"timestamp_ntz_output_format":["list",["object",{"default":"string","description":"string","key":"string","level":"string","value":"string"}]],"timestamp_output_format":["list",["object",{"default":"string","description":"string","key":"string","level":"string","value":"string"}]],"timestamp_type_mapping":["list",["object",{"default":"string","description":"string","key":"string","level":"string","value":"string"}]],"timestamp_tz_output_format":["list",["object",{"default":"string","description":"string","key":"string","level":"string","value":"string"}]],"timezone":["list",["object",{"default":"string","description":"string","key":"string","level":"string","value":"string"}]],"trace_level":["list",["object",{"default":"string","description":"string","key":"string","level":"string","value":"string"}]],"transaction_abort_on_error":["list",["object",{"default":"string","description":"string","key":"string","level":"string","value":"string"}]],"transaction_default_isolation_level":["list",["object",{"default":"string","description":"string","key":"string","level":"string","value":"string"}]],"two_digit_century_start":["list",["object",{"default":"string","description":"string","key":"string","level":"string","value":"string"}]],"unsupported_ddl_action":["list",["object",{"default":"string","description":"string","key":"string","level":"string","value":"string"}]],"use_cached_result":["list",["object",{"default":"string","description":"string","key":"string","level":"string","value":"string"}]],"week_of_year_policy":["list",["object",{"default":"string","description":"string","key":"string","level":"string","value":"string"}]],"week_start":["list",["object",{"default":"string","description":"string","key":"string","level":"string","value":"string"}]]}]],"description":"Outputs the result of `SHOW PARAMETERS IN USER` for the given user.","description_kind":"plain","computed":true},"password":{"type":"string","description":"Password for the user. **WARNING:** this will put the password in the terraform state file. Use carefully. External changes for this field won't be detected. In case you want to apply external changes, you can re-create the resource manually using \"terraform taint\".","description_kind":"plain","optional":true,"sensitive":true},"prevent_unload_to_internal_stages":{"type":"bool","description":"Specifies whether to prevent data unload operations to internal (Snowflake) stages using [COPY INTO \u003clocation\u003e](https://docs.snowflake.com/en/sql-reference/sql/copy-into-location) statements. For more information, check [PREVENT_UNLOAD_TO_INTERNAL_STAGES docs](https://docs.snowflake.com/en/sql-reference/parameters#prevent-unload-to-internal-stages).","description_kind":"plain","optional":true,"computed":true},"query_tag":{"type":"string","description":"Optional string that can be used to tag queries and other SQL statements executed within a session. The tags are displayed in the output of the [QUERY_HISTORY, QUERY_HISTORY_BY_*](https://docs.snowflake.com/en/sql-reference/functions/query_history) functions. For more information, check [QUERY_TAG docs](https://docs.snowflake.com/en/sql-reference/parameters#query-tag).","description_kind":"plain","optional":true,"computed":true},"quoted_identifiers_ignore_case":{"type":"bool","description":"Specifies whether letters in double-quoted object identifiers are stored and resolved as uppercase letters. By default, Snowflake preserves the case of alphabetic characters when storing and resolving double-quoted identifiers (see [Identifier resolution](https://docs.snowflake.com/en/sql-reference/identifiers-syntax.html#label-identifier-casing)). You can use this parameter in situations in which [third-party applications always use double quotes around identifiers](https://docs.snowflake.com/en/sql-reference/identifiers-syntax.html#label-identifier-casing-parameter). For more information, check [QUOTED_IDENTIFIERS_IGNORE_CASE docs](https://docs.snowflake.com/en/sql-reference/parameters#quoted-identifiers-ignore-case).","description_kind":"plain","optional":true,"computed":true},"rows_per_resultset":{"type":"number","description":"Specifies the maximum number of rows returned in a result set. A value of 0 specifies no maximum. For more information, check [ROWS_PER_RESULTSET docs](https://docs.snowflake.com/en/sql-reference/parameters#rows-per-resultset).","description_kind":"plain","optional":true,"computed":true},"rsa_public_key":{"type":"string","description":"Specifies the user’s RSA public key; used for key-pair authentication. Must be on 1 line without header and trailer.","description_kind":"plain","optional":true},"rsa_public_key_2":{"type":"string","description":"Specifies the user’s second RSA public key; used to rotate the public and private keys for key-pair authentication based on an expiration schedule set by your organization. Must be on 1 line without header and trailer.","description_kind":"plain","optional":true},"s3_stage_vpce_dns_name":{"type":"string","description":"Specifies the DNS name of an Amazon S3 interface endpoint. Requests sent to the internal stage of an account via [AWS PrivateLink for Amazon S3](https://docs.aws.amazon.com/AmazonS3/latest/userguide/privatelink-interface-endpoints.html) use this endpoint to connect. For more information, see [Accessing Internal stages with dedicated interface endpoints](https://docs.snowflake.com/en/user-guide/private-internal-stages-aws.html#label-aws-privatelink-internal-stage-network-isolation). For more information, check [S3_STAGE_VPCE_DNS_NAME docs](https://docs.snowflake.com/en/sql-reference/parameters#s3-stage-vpce-dns-name).","description_kind":"plain","optional":true,"computed":true},"search_path":{"type":"string","description":"Specifies the path to search to resolve unqualified object names in queries. For more information, see [Name resolution in queries](https://docs.snowflake.com/en/sql-reference/name-resolution.html#label-object-name-resolution-search-path). Comma-separated list of identifiers. An identifier can be a fully or partially qualified schema name. For more information, check [SEARCH_PATH docs](https://docs.snowflake.com/en/sql-reference/parameters#search-path).","description_kind":"plain","optional":true,"computed":true},"show_output":{"type":["list",["object",{"comment":"string","created_on":"string","days_to_expiry":"string","default_namespace":"string","default_role":"string","default_secondary_roles":"string","default_warehouse":"string","disabled":"bool","display_name":"string","email":"string","expires_at_time":"string","ext_authn_duo":"bool","ext_authn_uid":"string","first_name":"string","has_mfa":"bool","has_password":"bool","has_rsa_public_key":"bool","last_name":"string","last_success_login":"string","locked_until_time":"string","login_name":"string","mins_to_bypass_mfa":"string","mins_to_unlock":"string","must_change_password":"bool","name":"string","owner":"string","snowflake_lock":"bool","type":"string"}]],"description":"Outputs the result of `SHOW USER` for the given user.","description_kind":"plain","computed":true},"simulated_data_sharing_consumer":{"type":"string","description":"Specifies the name of a consumer account to simulate for testing/validating shared data, particularly shared secure views. When this parameter is set in a session, shared views return rows as if executed in the specified consumer account rather than the provider account. For more information, see [Introduction to Secure Data Sharing](https://docs.snowflake.com/en/user-guide/data-sharing-intro) and [Working with shares](https://docs.snowflake.com/en/user-guide/data-sharing-provider). For more information, check [SIMULATED_DATA_SHARING_CONSUMER docs](https://docs.snowflake.com/en/sql-reference/parameters#simulated-data-sharing-consumer).","description_kind":"plain","optional":true,"computed":true},"statement_queued_timeout_in_seconds":{"type":"number","description":"Amount of time, in seconds, a SQL statement (query, DDL, DML, etc.) remains queued for a warehouse before it is canceled by the system. This parameter can be used in conjunction with the [MAX_CONCURRENCY_LEVEL](https://docs.snowflake.com/en/sql-reference/parameters#label-max-concurrency-level) parameter to ensure a warehouse is never backlogged. For more information, check [STATEMENT_QUEUED_TIMEOUT_IN_SECONDS docs](https://docs.snowflake.com/en/sql-reference/parameters#statement-queued-timeout-in-seconds).","description_kind":"plain","optional":true,"computed":true},"statement_timeout_in_seconds":{"type":"number","description":"Amount of time, in seconds, after which a running SQL statement (query, DDL, DML, etc.) is canceled by the system. For more information, check [STATEMENT_TIMEOUT_IN_SECONDS docs](https://docs.snowflake.com/en/sql-reference/parameters#statement-timeout-in-seconds).","description_kind":"plain","optional":true,"computed":true},"strict_json_output":{"type":"bool","description":"This parameter specifies whether JSON output in a session is compatible with the general standard (as described by [http://json.org](http://json.org)). By design, Snowflake allows JSON input that contains non-standard values; however, these non-standard values might result in Snowflake outputting JSON that is incompatible with other platforms and languages. This parameter, when enabled, ensures that Snowflake outputs valid/compatible JSON. For more information, check [STRICT_JSON_OUTPUT docs](https://docs.snowflake.com/en/sql-reference/parameters#strict-json-output).","description_kind":"plain","optional":true,"computed":true},"time_input_format":{"type":"string","description":"Specifies the input format for the TIME data type. For more information, see [Date and time input and output formats](https://docs.snowflake.com/en/sql-reference/date-time-input-output). Any valid, supported time format or AUTO (AUTO specifies that Snowflake attempts to automatically detect the format of times stored in the system during the session). For more information, check [TIME_INPUT_FORMAT docs](https://docs.snowflake.com/en/sql-reference/parameters#time-input-format).","description_kind":"plain","optional":true,"computed":true},"time_output_format":{"type":"string","description":"Specifies the display format for the TIME data type. For more information, see [Date and time input and output formats](https://docs.snowflake.com/en/sql-reference/date-time-input-output). For more information, check [TIME_OUTPUT_FORMAT docs](https://docs.snowflake.com/en/sql-reference/parameters#time-output-format).","description_kind":"plain","optional":true,"computed":true},"timestamp_day_is_always_24h":{"type":"bool","description":"Specifies whether the [DATEADD](https://docs.snowflake.com/en/sql-reference/functions/dateadd) function (and its aliases) always consider a day to be exactly 24 hours for expressions that span multiple days. For more information, check [TIMESTAMP_DAY_IS_ALWAYS_24H docs](https://docs.snowflake.com/en/sql-reference/parameters#timestamp-day-is-always-24h).","description_kind":"plain","optional":true,"computed":true},"timestamp_input_format":{"type":"string","description":"Specifies the input format for the TIMESTAMP data type alias. For more information, see [Date and time input and output formats](https://docs.snowflake.com/en/sql-reference/date-time-input-output). Any valid, supported timestamp format or AUTO (AUTO specifies that Snowflake attempts to automatically detect the format of timestamps stored in the system during the session). For more information, check [TIMESTAMP_INPUT_FORMAT docs](https://docs.snowflake.com/en/sql-reference/parameters#timestamp-input-format).","description_kind":"plain","optional":true,"computed":true},"timestamp_ltz_output_format":{"type":"string","description":"Specifies the display format for the TIMESTAMP_LTZ data type. If no format is specified, defaults to [TIMESTAMP_OUTPUT_FORMAT](https://docs.snowflake.com/en/sql-reference/parameters#label-timestamp-output-format). For more information, see [Date and time input and output formats](https://docs.snowflake.com/en/sql-reference/date-time-input-output). For more information, check [TIMESTAMP_LTZ_OUTPUT_FORMAT docs](https://docs.snowflake.com/en/sql-reference/parameters#timestamp-ltz-output-format).","description_kind":"plain","optional":true,"computed":true},"timestamp_ntz_output_format":{"type":"string","description":"Specifies the display format for the TIMESTAMP_NTZ data type. For more information, check [TIMESTAMP_NTZ_OUTPUT_FORMAT docs](https://docs.snowflake.com/en/sql-reference/parameters#timestamp-ntz-output-format).","description_kind":"plain","optional":true,"computed":true},"timestamp_output_format":{"type":"string","description":"Specifies the display format for the TIMESTAMP data type alias. For more information, see [Date and time input and output formats](https://docs.snowflake.com/en/sql-reference/date-time-input-output). For more information, check [TIMESTAMP_OUTPUT_FORMAT docs](https://docs.snowflake.com/en/sql-reference/parameters#timestamp-output-format).","description_kind":"plain","optional":true,"computed":true},"timestamp_type_mapping":{"type":"string","description":"Specifies the TIMESTAMP_* variation that the TIMESTAMP data type alias maps to. For more information, check [TIMESTAMP_TYPE_MAPPING docs](https://docs.snowflake.com/en/sql-reference/parameters#timestamp-type-mapping).","description_kind":"plain","optional":true,"computed":true},"timestamp_tz_output_format":{"type":"string","description":"Specifies the display format for the TIMESTAMP_TZ data type. If no format is specified, defaults to [TIMESTAMP_OUTPUT_FORMAT](https://docs.snowflake.com/en/sql-reference/parameters#label-timestamp-output-format). For more information, see [Date and time input and output formats](https://docs.snowflake.com/en/sql-reference/date-time-input-output). For more information, check [TIMESTAMP_TZ_OUTPUT_FORMAT docs](https://docs.snowflake.com/en/sql-reference/parameters#timestamp-tz-output-format).","description_kind":"plain","optional":true,"computed":true},"timezone":{"type":"string","description":"Specifies the time zone for the session. You can specify a [time zone name](https://data.iana.org/time-zones/tzdb-2021a/zone1970.tab) or a [link name](https://data.iana.org/time-zones/tzdb-2021a/backward) from release 2021a of the [IANA Time Zone Database](https://www.iana.org/time-zones) (e.g. America/Los_Angeles, Europe/London, UTC, Etc/GMT, etc.). For more information, check [TIMEZONE docs](https://docs.snowflake.com/en/sql-reference/parameters#timezone).","description_kind":"plain","optional":true,"computed":true},"trace_level":{"type":"string","description":"Controls how trace events are ingested into the event table. For more information about trace levels, see [Setting trace level](https://docs.snowflake.com/en/developer-guide/logging-tracing/tracing-trace-level). For more information, check [TRACE_LEVEL docs](https://docs.snowflake.com/en/sql-reference/parameters#trace-level).","description_kind":"plain","optional":true,"computed":true},"transaction_abort_on_error":{"type":"bool","description":"Specifies the action to perform when a statement issued within a non-autocommit transaction returns with an error. For more information, check [TRANSACTION_ABORT_ON_ERROR docs](https://docs.snowflake.com/en/sql-reference/parameters#transaction-abort-on-error).","description_kind":"plain","optional":true,"computed":true},"transaction_default_isolation_level":{"type":"string","description":"Specifies the isolation level for transactions in the user session. For more information, check [TRANSACTION_DEFAULT_ISOLATION_LEVEL docs](https://docs.snowflake.com/en/sql-reference/parameters#transaction-default-isolation-level).","description_kind":"plain","optional":true,"computed":true},"two_digit_century_start":{"type":"number","description":"Specifies the “century start” year for 2-digit years (i.e. the earliest year such dates can represent). This parameter prevents ambiguous dates when importing or converting data with the `YY` date format component (i.e. years represented as 2 digits). For more information, check [TWO_DIGIT_CENTURY_START docs](https://docs.snowflake.com/en/sql-reference/parameters#two-digit-century-start).","description_kind":"plain","optional":true,"computed":true},"unsupported_ddl_action":{"type":"string","description":"Determines if an unsupported (i.e. non-default) value specified for a constraint property returns an error. For more information, check [UNSUPPORTED_DDL_ACTION docs](https://docs.snowflake.com/en/sql-reference/parameters#unsupported-ddl-action).","description_kind":"plain","optional":true,"computed":true},"use_cached_result":{"type":"bool","description":"Specifies whether to reuse persisted query results, if available, when a matching query is submitted. For more information, check [USE_CACHED_RESULT docs](https://docs.snowflake.com/en/sql-reference/parameters#use-cached-result).","description_kind":"plain","optional":true,"computed":true},"user_type":{"type":"string","description":"Specifies a type for the user.","description_kind":"plain","computed":true},"week_of_year_policy":{"type":"number","description":"Specifies how the weeks in a given year are computed. `0`: The semantics used are equivalent to the ISO semantics, in which a week belongs to a given year if at least 4 days of that week are in that year. `1`: January 1 is included in the first week of the year and December 31 is included in the last week of the year. For more information, check [WEEK_OF_YEAR_POLICY docs](https://docs.snowflake.com/en/sql-reference/parameters#week-of-year-policy).","description_kind":"plain","optional":true,"computed":true},"week_start":{"type":"number","description":"Specifies the first day of the week (used by week-related date functions). `0`: Legacy Snowflake behavior is used (i.e. ISO-like semantics). `1` (Monday) to `7` (Sunday): All the week-related functions use weeks that start on the specified day of the week. For more information, check [WEEK_START docs](https://docs.snowflake.com/en/sql-reference/parameters#week-start).","description_kind":"plain","optional":true,"computed":true}},"description":"Resource used to manage legacy service user objects. For more information, check [user documentation](https://docs.snowflake.com/en/sql-reference/commands-user-role#user-management).","description_kind":"plain"}},"snowflake_listing":{"version":0,"block":{"attributes":{"application_package":{"type":"string","description":"Specifies the application package attached to the listing.","description_kind":"plain","optional":true},"comment":{"type":"string","description":"Specifies a comment for the listing.","description_kind":"plain","optional":true},"fully_qualified_name":{"type":"string","description":"Fully qualified name of the resource. For more information, see [object name resolution](https://docs.snowflake.com/en/sql-reference/name-resolution).","description_kind":"plain","computed":true},"id":{"type":"string","description_kind":"plain","optional":true,"computed":true},"name":{"type":"string","description":"Specifies the listing identifier (name). It must be unique within the organization, regardless of which Snowflake region the account is located in. Must start with an alphabetic character and cannot contain spaces or special characters except for underscores.","description_kind":"plain","required":true},"publish":{"type":"string","description":"(Default: fallback to Snowflake default - uses special value that cannot be set in the configuration manually (`default`)) Determines if the listing should be published.","description_kind":"plain","optional":true},"share":{"type":"string","description":"Specifies the identifier for the share to attach to the listing.","description_kind":"plain","optional":true},"show_output":{"type":["list",["object",{"comment":"string","created_on":"string","detailed_target_accounts":"string","distribution":"string","global_name":"string","is_application":"bool","is_by_request":"bool","is_limited_trial":"bool","is_monetized":"bool","is_mountless_queryable":"bool","is_targeted":"bool","name":"string","organization_profile_name":"string","owner":"string","owner_role_type":"string","profile":"string","published_on":"string","regions":"string","rejected_on":"string","review_state":"string","state":"string","subtitle":"string","target_accounts":"string","title":"string","uniform_listing_locator":"string","updated_on":"string"}]],"description":"Outputs the result of `SHOW LISTINGS` for the given listing.","description_kind":"plain","computed":true}},"block_types":{"manifest":{"nesting_mode":"list","block":{"attributes":{"from_string":{"type":"string","description":"Manifest provided as a string. Wrapping `$$` signs are added by the provider automatically; do not include them. For more information on manifest syntax, see [Listing manifest reference](https://docs.snowflake.com/en/progaccess/listing-manifest-reference). Also, the [multiline string syntax](https://developer.hashicorp.com/terraform/language/expressions/strings#heredoc-strings) is a must here. A proper YAML indentation (2 spaces) is required.","description_kind":"plain","optional":true}},"block_types":{"from_stage":{"nesting_mode":"list","block":{"attributes":{"location":{"type":"string","description":"Location of the manifest file in the stage. If not specified, the manifest file will be expected to be at the root of the stage.","description_kind":"plain","optional":true},"stage":{"type":"string","description":"Identifier of the stage where the manifest file is located.","description_kind":"plain","required":true},"version_comment":{"type":"string","description":"Specifies a comment for the listing version. Whenever a new version is created, this comment will be associated with it. The comment on the version will be visible in the [SHOW VERSIONS IN LISTING](https://docs.snowflake.com/en/sql-reference/sql/show-versions-in-listing) command output.","description_kind":"plain","optional":true},"version_name":{"type":"string","description":"Represents manifest version name. It's case-sensitive and used in manifest versioning. Version name should be specified or changed whenever any changes in the manifest should be applied to the listing. Later on the versions of the listing can be analyzed by calling the [SHOW VERSIONS IN LISTING](https://docs.snowflake.com/en/sql-reference/sql/show-versions-in-listing) command. The resource does not track the changes on the specified stage.","description_kind":"plain","optional":true}},"description":"Manifest provided from a given stage. If the manifest file is in the root, only stage needs to be passed. For more information on manifest syntax, see [Listing manifest reference](https://docs.snowflake.com/en/progaccess/listing-manifest-reference). A proper YAML indentation (2 spaces) is required.","description_kind":"plain"},"max_items":1}},"description":"Specifies the way manifest is provided for the listing. For more information on manifest syntax, see [Listing manifest reference](https://docs.snowflake.com/en/progaccess/listing-manifest-reference). External changes for this field won't be detected. In case you want to apply external changes, you can re-create the resource manually using \"terraform taint\".","description_kind":"plain"},"min_items":1,"max_items":1},"timeouts":{"nesting_mode":"single","block":{"attributes":{"create":{"type":"string","description_kind":"plain","optional":true},"delete":{"type":"string","description_kind":"plain","optional":true},"read":{"type":"string","description_kind":"plain","optional":true},"update":{"type":"string","description_kind":"plain","optional":true}},"description_kind":"plain"}}},"description":"Resource used to manage listing objects. For more information, check [listing documentation](https://other-docs.snowflake.com/en/collaboration/collaboration-listings-about).","description_kind":"plain"}},"snowflake_managed_account":{"version":0,"block":{"attributes":{"admin_name":{"type":"string","description":"Identifier, as well as login name, for the initial user in the managed account. This user serves as the account administrator for the account.","description_kind":"plain","required":true},"admin_password":{"type":"string","description":"Password for the initial user in the managed account. Check [Snowflake-provided password policy](https://docs.snowflake.com/en/user-guide/admin-user-management#snowflake-provided-password-policy).","description_kind":"plain","required":true,"sensitive":true},"cloud":{"type":"string","description":"Cloud in which the managed account is located.","description_kind":"plain","computed":true},"comment":{"type":"string","description":"Specifies a comment for the managed account.","description_kind":"plain","optional":true},"created_on":{"type":"string","description":"Date and time when the managed account was created.","description_kind":"plain","computed":true},"fully_qualified_name":{"type":"string","description":"Fully qualified name of the resource. For more information, see [object name resolution](https://docs.snowflake.com/en/sql-reference/name-resolution).","description_kind":"plain","computed":true},"id":{"type":"string","description_kind":"plain","optional":true,"computed":true},"locator":{"type":"string","description":"Display name of the managed account.","description_kind":"plain","computed":true},"name":{"type":"string","description":"Identifier for the managed account; must be unique for your account.","description_kind":"plain","required":true},"region":{"type":"string","description":"Snowflake Region in which the managed account is located.","description_kind":"plain","computed":true},"type":{"type":"string","description":"(Default: `READER`) Specifies the type of managed account.","description_kind":"plain","optional":true},"url":{"type":"string","description":"URL for accessing the managed account, particularly through the web interface.","description_kind":"plain","computed":true}},"block_types":{"timeouts":{"nesting_mode":"single","block":{"attributes":{"create":{"type":"string","description_kind":"plain","optional":true},"delete":{"type":"string","description_kind":"plain","optional":true},"read":{"type":"string","description_kind":"plain","optional":true},"update":{"type":"string","description_kind":"plain","optional":true}},"description_kind":"plain"}}},"description_kind":"plain"}},"snowflake_masking_policy":{"version":2,"block":{"attributes":{"body":{"type":"string","description":"Specifies the SQL expression that transforms the data. To mitigate permadiff on this field, the provider replaces blank characters with a space. This can lead to false positives in cases where a change in case or run of whitespace is semantically significant.","description_kind":"plain","required":true},"comment":{"type":"string","description":"Specifies a comment for the masking policy.","description_kind":"plain","optional":true},"database":{"type":"string","description":"The database in which to create the masking policy. Due to technical limitations (read more [here](../guides/identifiers_rework_design_decisions#known-limitations-and-identifier-recommendations)), avoid using the following characters: `|`, `.`, `\"`.","description_kind":"plain","required":true},"describe_output":{"type":["list",["object",{"body":"string","name":"string","return_type":"string","signature":["list",["object",{"name":"string","type":"string"}]]}]],"description":"Outputs the result of `DESCRIBE MASKING POLICY` for the given masking policy.","description_kind":"plain","computed":true},"exempt_other_policies":{"type":"string","description":"(Default: fallback to Snowflake default - uses special value that cannot be set in the configuration manually (`default`)) Specifies whether the row access policy or conditional masking policy can reference a column that is already protected by a masking policy. Due to Snowflake limitations, when value is changed, the resource is recreated. Available options are: \"true\" or \"false\". When the value is not set in the configuration the provider will put \"default\" there which means to use the Snowflake default for this value.","description_kind":"plain","optional":true},"fully_qualified_name":{"type":"string","description":"Fully qualified name of the resource. For more information, see [object name resolution](https://docs.snowflake.com/en/sql-reference/name-resolution).","description_kind":"plain","computed":true},"id":{"type":"string","description_kind":"plain","optional":true,"computed":true},"name":{"type":"string","description":"Specifies the identifier for the masking policy; must be unique for the database and schema in which the masking policy is created. Due to technical limitations (read more [here](../guides/identifiers_rework_design_decisions#known-limitations-and-identifier-recommendations)), avoid using the following characters: `|`, `.`, `\"`.","description_kind":"plain","required":true},"return_data_type":{"type":"string","description":"The return data type must match the input data type of the first column that is specified as an input column. For more information about data types, check [Snowflake docs](https://docs.snowflake.com/en/sql-reference/intro-summary-data-types).","description_kind":"plain","required":true},"schema":{"type":"string","description":"The schema in which to create the masking policy. Due to technical limitations (read more [here](../guides/identifiers_rework_design_decisions#known-limitations-and-identifier-recommendations)), avoid using the following characters: `|`, `.`, `\"`.","description_kind":"plain","required":true},"show_output":{"type":["list",["object",{"comment":"string","created_on":"string","database_name":"string","exempt_other_policies":"bool","kind":"string","name":"string","owner":"string","owner_role_type":"string","schema_name":"string"}]],"description":"Outputs the result of `SHOW MASKING POLICIES` for the given masking policy.","description_kind":"plain","computed":true}},"block_types":{"argument":{"nesting_mode":"list","block":{"attributes":{"name":{"type":"string","description":"The argument name","description_kind":"plain","required":true},"type":{"type":"string","description":"The argument type. VECTOR data types are not yet supported. For more information about data types, check [Snowflake docs](https://docs.snowflake.com/en/sql-reference/intro-summary-data-types).","description_kind":"plain","required":true}},"description":"List of the arguments for the masking policy. The first column and its data type always indicate the column data type values to mask or tokenize in the subsequent policy conditions. Note that you can not specify a virtual column as the first column argument in a conditional masking policy.","description_kind":"plain"},"min_items":1},"timeouts":{"nesting_mode":"single","block":{"attributes":{"create":{"type":"string","description_kind":"plain","optional":true},"delete":{"type":"string","description_kind":"plain","optional":true},"read":{"type":"string","description_kind":"plain","optional":true},"update":{"type":"string","description_kind":"plain","optional":true}},"description_kind":"plain"}}},"description":"Resource used to manage masking policies. For more information, check [masking policies documentation](https://docs.snowflake.com/en/sql-reference/sql/create-masking-policy).","description_kind":"plain"}},"snowflake_materialized_view":{"version":0,"block":{"attributes":{"comment":{"type":"string","description":"Specifies a comment for the view.","description_kind":"plain","optional":true},"database":{"type":"string","description":"The database in which to create the view. Don't use the | character.","description_kind":"plain","required":true},"fully_qualified_name":{"type":"string","description":"Fully qualified name of the resource. For more information, see [object name resolution](https://docs.snowflake.com/en/sql-reference/name-resolution).","description_kind":"plain","computed":true},"id":{"type":"string","description_kind":"plain","optional":true,"computed":true},"is_secure":{"type":"bool","description":"(Default: `false`) Specifies that the view is secure.","description_kind":"plain","optional":true},"name":{"type":"string","description":"Specifies the identifier for the view; must be unique for the schema in which the view is created.","description_kind":"plain","required":true},"or_replace":{"type":"bool","description":"(Default: `false`) Overwrites the View if it exists.","description_kind":"plain","optional":true},"schema":{"type":"string","description":"The schema in which to create the view. Don't use the | character.","description_kind":"plain","required":true},"statement":{"type":"string","description":"Specifies the query used to create the view.","description_kind":"plain","required":true},"warehouse":{"type":"string","description":"The warehouse name.","description_kind":"plain","required":true}},"block_types":{"tag":{"nesting_mode":"list","block":{"attributes":{"database":{"type":"string","description":"Name of the database that the tag was created in.","description_kind":"plain","optional":true},"name":{"type":"string","description":"Tag name, e.g. department.","description_kind":"plain","required":true},"schema":{"type":"string","description":"Name of the schema that the tag was created in.","description_kind":"plain","optional":true},"value":{"type":"string","description":"Tag value, e.g. marketing_info.","description_kind":"plain","required":true}},"description":"Definitions of a tag to associate with the resource.","description_kind":"plain","deprecated":true}},"timeouts":{"nesting_mode":"single","block":{"attributes":{"create":{"type":"string","description_kind":"plain","optional":true},"delete":{"type":"string","description_kind":"plain","optional":true},"read":{"type":"string","description_kind":"plain","optional":true},"update":{"type":"string","description_kind":"plain","optional":true}},"description_kind":"plain"}}},"description_kind":"plain"}},"snowflake_network_policy":{"version":0,"block":{"attributes":{"allowed_ip_list":{"type":["set","string"],"description":"Specifies one or more IPv4 addresses (CIDR notation) that are allowed access to your Snowflake account.","description_kind":"plain","optional":true},"allowed_network_rule_list":{"type":["set","string"],"description":"Specifies a list of fully qualified network rules that contain the network identifiers that are allowed access to Snowflake. For more information about this resource, see [docs](./network_rule).","description_kind":"plain","optional":true},"blocked_ip_list":{"type":["set","string"],"description":"Specifies one or more IPv4 addresses (CIDR notation) that are denied access to your Snowflake account. **Do not** add `0.0.0.0/0` to `blocked_ip_list`, in order to block all IP addresses except a select list, you only need to add IP addresses to `allowed_ip_list`.","description_kind":"plain","optional":true},"blocked_network_rule_list":{"type":["set","string"],"description":"Specifies a list of fully qualified network rules that contain the network identifiers that are denied access to Snowflake. For more information about this resource, see [docs](./network_rule).","description_kind":"plain","optional":true},"comment":{"type":"string","description":"Specifies a comment for the network policy.","description_kind":"plain","optional":true},"describe_output":{"type":["list",["object",{"allowed_ip_list":"string","allowed_network_rule_list":"string","blocked_ip_list":"string","blocked_network_rule_list":"string"}]],"description":"Outputs the result of `DESCRIBE NETWORK POLICY` for the given network policy.","description_kind":"plain","computed":true},"fully_qualified_name":{"type":"string","description":"Fully qualified name of the resource. For more information, see [object name resolution](https://docs.snowflake.com/en/sql-reference/name-resolution).","description_kind":"plain","computed":true},"id":{"type":"string","description_kind":"plain","optional":true,"computed":true},"name":{"type":"string","description":"Specifies the identifier for the network policy; must be unique for the account in which the network policy is created. Due to technical limitations (read more [here](../guides/identifiers_rework_design_decisions#known-limitations-and-identifier-recommendations)), avoid using the following characters: `|`, `.`, `\"`.","description_kind":"plain","required":true},"show_output":{"type":["list",["object",{"comment":"string","created_on":"string","entries_in_allowed_ip_list":"number","entries_in_allowed_network_rules":"number","entries_in_blocked_ip_list":"number","entries_in_blocked_network_rules":"number","name":"string"}]],"description":"Outputs the result of `SHOW NETWORK POLICIES` for the given network policy.","description_kind":"plain","computed":true}},"block_types":{"timeouts":{"nesting_mode":"single","block":{"attributes":{"create":{"type":"string","description_kind":"plain","optional":true},"delete":{"type":"string","description_kind":"plain","optional":true},"read":{"type":"string","description_kind":"plain","optional":true},"update":{"type":"string","description_kind":"plain","optional":true}},"description_kind":"plain"}}},"description":"Resource used to control network traffic. For more information, check an [official guide](https://docs.snowflake.com/en/user-guide/network-policies) on controlling network traffic with network policies.","description_kind":"plain"}},"snowflake_network_policy_attachment":{"version":0,"block":{"attributes":{"id":{"type":"string","description_kind":"plain","optional":true,"computed":true},"network_policy_name":{"type":"string","description":"Specifies the identifier for the network policy; must be unique for the account in which the network policy is created.","description_kind":"plain","required":true},"set_for_account":{"type":"bool","description":"(Default: `false`) Specifies whether the network policy should be applied globally to your Snowflake account\u003cbr\u003e\u003cbr\u003e**Note:** The Snowflake user running `terraform apply` must be on an IP address allowed by the network policy to set that policy globally on the Snowflake account.\u003cbr\u003e\u003cbr\u003eAdditionally, a Snowflake account can only have one network policy set globally at any given time. This resource does not enforce one-policy-per-account, it is the user's responsibility to enforce this. If multiple network policy resources have `set_for_account: true`, the final policy set on the account will be non-deterministic.","description_kind":"plain","optional":true},"users":{"type":["set","string"],"description":"Specifies which users the network policy should be attached to","description_kind":"plain","optional":true}},"block_types":{"timeouts":{"nesting_mode":"single","block":{"attributes":{"create":{"type":"string","description_kind":"plain","optional":true},"delete":{"type":"string","description_kind":"plain","optional":true},"read":{"type":"string","description_kind":"plain","optional":true},"update":{"type":"string","description_kind":"plain","optional":true}},"description_kind":"plain"}}},"description_kind":"plain"}},"snowflake_network_rule":{"version":0,"block":{"attributes":{"comment":{"type":"string","description":"Specifies a comment for the network rule.","description_kind":"plain","optional":true},"database":{"type":"string","description":"The database in which to create the network rule.","description_kind":"plain","required":true},"fully_qualified_name":{"type":"string","description":"Fully qualified name of the resource. For more information, see [object name resolution](https://docs.snowflake.com/en/sql-reference/name-resolution).","description_kind":"plain","computed":true},"id":{"type":"string","description_kind":"plain","optional":true,"computed":true},"mode":{"type":"string","description":"Specifies what is restricted by the network rule. Valid values are INGRESS, INTERNAL_STAGE and EGRESS; see https://docs.snowflake.com/en/sql-reference/sql/create-network-rule#required-parameters for details.","description_kind":"plain","required":true},"name":{"type":"string","description":"Specifies the identifier for the network rule; must be unique for the database and schema in which the network rule is created.","description_kind":"plain","required":true},"schema":{"type":"string","description":"The schema in which to create the network rule.","description_kind":"plain","required":true},"type":{"type":"string","description":"Specifies the type of network identifiers being allowed or blocked. A network rule can have only one type. Allowed values are IPV4, AWSVPCEID, AZURELINKID and HOST_PORT; allowed values are determined by the mode of the network rule; see https://docs.snowflake.com/en/sql-reference/sql/create-network-rule#required-parameters for details.","description_kind":"plain","required":true},"value_list":{"type":["set","string"],"description":"Specifies the network identifiers that will be allowed or blocked. Valid values in the list are determined by the type of network rule, see https://docs.snowflake.com/en/sql-reference/sql/create-network-rule#required-parameters for details.","description_kind":"plain","required":true}},"block_types":{"timeouts":{"nesting_mode":"single","block":{"attributes":{"create":{"type":"string","description_kind":"plain","optional":true},"delete":{"type":"string","description_kind":"plain","optional":true},"read":{"type":"string","description_kind":"plain","optional":true},"update":{"type":"string","description_kind":"plain","optional":true}},"description_kind":"plain"}}},"description_kind":"plain"}},"snowflake_notification_integration":{"version":0,"block":{"attributes":{"aws_sns_external_id":{"type":"string","description":"The external ID that Snowflake will use when assuming the AWS role","description_kind":"plain","computed":true},"aws_sns_iam_user_arn":{"type":"string","description":"The Snowflake user that will attempt to assume the AWS role.","description_kind":"plain","computed":true},"aws_sns_role_arn":{"type":"string","description":"AWS IAM role ARN for notification integration to assume. Required for AWS_SNS provider","description_kind":"plain","optional":true},"aws_sns_topic_arn":{"type":"string","description":"AWS SNS Topic ARN for notification integration to connect to. Required for AWS_SNS provider.","description_kind":"plain","optional":true},"aws_sqs_arn":{"type":"string","description":"AWS SQS queue ARN for notification integration to connect to","description_kind":"plain","deprecated":true,"optional":true},"aws_sqs_external_id":{"type":"string","description":"The external ID that Snowflake will use when assuming the AWS role","description_kind":"plain","deprecated":true,"computed":true},"aws_sqs_iam_user_arn":{"type":"string","description":"The Snowflake user that will attempt to assume the AWS role.","description_kind":"plain","deprecated":true,"computed":true},"aws_sqs_role_arn":{"type":"string","description":"AWS IAM role ARN for notification integration to assume","description_kind":"plain","deprecated":true,"optional":true},"azure_storage_queue_primary_uri":{"type":"string","description":"The queue ID for the Azure Queue Storage queue created for Event Grid notifications. Required for AZURE_STORAGE_QUEUE provider","description_kind":"plain","optional":true},"azure_tenant_id":{"type":"string","description":"The ID of the Azure Active Directory tenant used for identity management. Required for AZURE_STORAGE_QUEUE provider","description_kind":"plain","optional":true},"comment":{"type":"string","description":"A comment for the integration","description_kind":"plain","optional":true},"created_on":{"type":"string","description":"Date and time when the notification integration was created.","description_kind":"plain","computed":true},"direction":{"type":"string","description":"Direction of the cloud messaging with respect to Snowflake (required only for error notifications)","description_kind":"plain","deprecated":true,"optional":true},"enabled":{"type":"bool","description":"(Default: `true`) ","description_kind":"plain","optional":true},"fully_qualified_name":{"type":"string","description":"Fully qualified name of the resource. For more information, see [object name resolution](https://docs.snowflake.com/en/sql-reference/name-resolution).","description_kind":"plain","computed":true},"gcp_pubsub_service_account":{"type":"string","description":"The GCP service account identifier that Snowflake will use when assuming the GCP role","description_kind":"plain","computed":true},"gcp_pubsub_subscription_name":{"type":"string","description":"The subscription id that Snowflake will listen to when using the GCP_PUBSUB provider.","description_kind":"plain","optional":true},"gcp_pubsub_topic_name":{"type":"string","description":"The topic id that Snowflake will use to push notifications.","description_kind":"plain","optional":true},"id":{"type":"string","description_kind":"plain","optional":true,"computed":true},"name":{"type":"string","description_kind":"plain","required":true},"notification_provider":{"type":"string","description":"The third-party cloud message queuing service (supported values: AZURE_STORAGE_QUEUE, AWS_SNS, GCP_PUBSUB; AWS_SQS is deprecated and will be removed in the future provider versions)","description_kind":"plain","required":true},"type":{"type":"string","description":"(Default: `QUEUE`) A type of integration","description_kind":"plain","deprecated":true,"optional":true}},"block_types":{"timeouts":{"nesting_mode":"single","block":{"attributes":{"create":{"type":"string","description_kind":"plain","optional":true},"delete":{"type":"string","description_kind":"plain","optional":true},"read":{"type":"string","description_kind":"plain","optional":true},"update":{"type":"string","description_kind":"plain","optional":true}},"description_kind":"plain"}}},"description_kind":"plain"}},"snowflake_oauth_integration_for_custom_clients":{"version":0,"block":{"attributes":{"blocked_roles_list":{"type":["set","string"],"description":"A set of Snowflake roles that a user cannot explicitly consent to using after authenticating. By default, this list includes the ACCOUNTADMIN, ORGADMIN and SECURITYADMIN roles. To remove these privileged roles from the list, use the ALTER ACCOUNT command to set the OAUTH_ADD_PRIVILEGED_ROLES_TO_BLOCKED_LIST account parameter to FALSE. For more information about this resource, see [docs](./account_role).","description_kind":"plain","optional":true},"comment":{"type":"string","description":"Specifies a comment for the OAuth integration.","description_kind":"plain","optional":true},"describe_output":{"type":["list",["object",{"blocked_roles_list":["list",["object",{"default":"string","name":"string","type":"string","value":"string"}]],"comment":["list",["object",{"default":"string","name":"string","type":"string","value":"string"}]],"enabled":["list",["object",{"default":"string","name":"string","type":"string","value":"string"}]],"network_policy":["list",["object",{"default":"string","name":"string","type":"string","value":"string"}]],"oauth_allow_non_tls_redirect_uri":["list",["object",{"default":"string","name":"string","type":"string","value":"string"}]],"oauth_allowed_authorization_endpoints":["list",["object",{"default":"string","name":"string","type":"string","value":"string"}]],"oauth_allowed_token_endpoints":["list",["object",{"default":"string","name":"string","type":"string","value":"string"}]],"oauth_authorization_endpoint":["list",["object",{"default":"string","name":"string","type":"string","value":"string"}]],"oauth_client_rsa_public_key_2_fp":["list",["object",{"default":"string","name":"string","type":"string","value":"string"}]],"oauth_client_rsa_public_key_fp":["list",["object",{"default":"string","name":"string","type":"string","value":"string"}]],"oauth_client_type":["list",["object",{"default":"string","name":"string","type":"string","value":"string"}]],"oauth_enforce_pkce":["list",["object",{"default":"string","name":"string","type":"string","value":"string"}]],"oauth_issue_refresh_tokens":["list",["object",{"default":"string","name":"string","type":"string","value":"string"}]],"oauth_refresh_token_validity":["list",["object",{"default":"string","name":"string","type":"string","value":"string"}]],"oauth_token_endpoint":["list",["object",{"default":"string","name":"string","type":"string","value":"string"}]],"oauth_use_secondary_roles":["list",["object",{"default":"string","name":"string","type":"string","value":"string"}]],"pre_authorized_roles_list":["list",["object",{"default":"string","name":"string","type":"string","value":"string"}]]}]],"description":"Outputs the result of `DESCRIBE SECURITY INTEGRATION` for the given integration.","description_kind":"plain","computed":true},"enabled":{"type":"string","description":"(Default: fallback to Snowflake default - uses special value that cannot be set in the configuration manually (`default`)) Specifies whether this OAuth integration is enabled or disabled. Available options are: \"true\" or \"false\". When the value is not set in the configuration the provider will put \"default\" there which means to use the Snowflake default for this value.","description_kind":"plain","optional":true},"fully_qualified_name":{"type":"string","description":"Fully qualified name of the resource. For more information, see [object name resolution](https://docs.snowflake.com/en/sql-reference/name-resolution).","description_kind":"plain","computed":true},"id":{"type":"string","description_kind":"plain","optional":true,"computed":true},"name":{"type":"string","description":"Specifies the name of the OAuth integration. This name follows the rules for Object Identifiers. The name should be unique among security integrations in your account. Due to technical limitations (read more [here](../guides/identifiers_rework_design_decisions#known-limitations-and-identifier-recommendations)), avoid using the following characters: `|`, `.`, `\"`.","description_kind":"plain","required":true},"network_policy":{"type":"string","description":"Specifies an existing network policy. This network policy controls network traffic that is attempting to exchange an authorization code for an access or refresh token or to use a refresh token to obtain a new access token. For more information about this resource, see [docs](./network_policy).","description_kind":"plain","optional":true},"oauth_allow_non_tls_redirect_uri":{"type":"string","description":"(Default: fallback to Snowflake default - uses special value that cannot be set in the configuration manually (`default`)) If true, allows setting oauth_redirect_uri to a URI not protected by TLS. Available options are: \"true\" or \"false\". When the value is not set in the configuration the provider will put \"default\" there which means to use the Snowflake default for this value.","description_kind":"plain","optional":true},"oauth_client_rsa_public_key":{"type":"string","description":"Specifies a Base64-encoded RSA public key, without the -----BEGIN PUBLIC KEY----- and -----END PUBLIC KEY----- headers. External changes for this field won't be detected. In case you want to apply external changes, you can re-create the resource manually using \"terraform taint\".","description_kind":"plain","optional":true},"oauth_client_rsa_public_key_2":{"type":"string","description":"Specifies a Base64-encoded RSA public key, without the -----BEGIN PUBLIC KEY----- and -----END PUBLIC KEY----- headers. External changes for this field won't be detected. In case you want to apply external changes, you can re-create the resource manually using \"terraform taint\".","description_kind":"plain","optional":true},"oauth_client_type":{"type":"string","description":"Specifies the type of client being registered. Snowflake supports both confidential and public clients. Valid options are: `PUBLIC` | `CONFIDENTIAL`.","description_kind":"plain","required":true},"oauth_enforce_pkce":{"type":"string","description":"(Default: fallback to Snowflake default - uses special value that cannot be set in the configuration manually (`default`)) Boolean that specifies whether Proof Key for Code Exchange (PKCE) should be required for the integration. Available options are: \"true\" or \"false\". When the value is not set in the configuration the provider will put \"default\" there which means to use the Snowflake default for this value.","description_kind":"plain","optional":true},"oauth_issue_refresh_tokens":{"type":"string","description":"(Default: fallback to Snowflake default - uses special value that cannot be set in the configuration manually (`default`)) Specifies whether to allow the client to exchange a refresh token for an access token when the current access token has expired. Available options are: \"true\" or \"false\". When the value is not set in the configuration the provider will put \"default\" there which means to use the Snowflake default for this value.","description_kind":"plain","optional":true},"oauth_redirect_uri":{"type":"string","description":"Specifies the client URI. After a user is authenticated, the web browser is redirected to this URI.","description_kind":"plain","required":true,"sensitive":true},"oauth_refresh_token_validity":{"type":"number","description":"(Default: fallback to Snowflake default - uses special value that cannot be set in the configuration manually (`-1`)) Specifies how long refresh tokens should be valid (in seconds). OAUTH_ISSUE_REFRESH_TOKENS must be set to TRUE.","description_kind":"plain","optional":true},"oauth_use_secondary_roles":{"type":"string","description":"Specifies whether default secondary roles set in the user properties are activated by default in the session being opened. Valid options are: `IMPLICIT` | `NONE`.","description_kind":"plain","optional":true},"pre_authorized_roles_list":{"type":["set","string"],"description":"A set of Snowflake roles that a user does not need to explicitly consent to using after authenticating. For more information about this resource, see [docs](./account_role).","description_kind":"plain","optional":true},"related_parameters":{"type":["list",["object",{"oauth_add_privileged_roles_to_blocked_list":["list",["object",{"default":"string","description":"string","key":"string","level":"string","value":"string"}]]}]],"description":"Parameters related to this security integration.","description_kind":"plain","computed":true},"show_output":{"type":["list",["object",{"category":"string","comment":"string","created_on":"string","enabled":"bool","integration_type":"string","name":"string"}]],"description":"Outputs the result of `SHOW SECURITY INTEGRATION` for the given integration.","description_kind":"plain","computed":true}},"block_types":{"timeouts":{"nesting_mode":"single","block":{"attributes":{"create":{"type":"string","description_kind":"plain","optional":true},"delete":{"type":"string","description_kind":"plain","optional":true},"read":{"type":"string","description_kind":"plain","optional":true},"update":{"type":"string","description_kind":"plain","optional":true}},"description_kind":"plain"}}},"description":"Resource used to manage oauth security integration for custom clients objects. For more information, check [security integrations documentation](https://docs.snowflake.com/en/sql-reference/sql/create-security-integration-oauth-snowflake).","description_kind":"plain"}},"snowflake_oauth_integration_for_partner_applications":{"version":0,"block":{"attributes":{"blocked_roles_list":{"type":["set","string"],"description":"A set of Snowflake roles that a user cannot explicitly consent to using after authenticating. By default, this list includes the ACCOUNTADMIN, ORGADMIN and SECURITYADMIN roles. To remove these privileged roles from the list, use the ALTER ACCOUNT command to set the OAUTH_ADD_PRIVILEGED_ROLES_TO_BLOCKED_LIST account parameter to FALSE. For more information about this resource, see [docs](./account_role).","description_kind":"plain","optional":true},"comment":{"type":"string","description":"Specifies a comment for the OAuth integration.","description_kind":"plain","optional":true},"describe_output":{"type":["list",["object",{"blocked_roles_list":["list",["object",{"default":"string","name":"string","type":"string","value":"string"}]],"comment":["list",["object",{"default":"string","name":"string","type":"string","value":"string"}]],"enabled":["list",["object",{"default":"string","name":"string","type":"string","value":"string"}]],"network_policy":["list",["object",{"default":"string","name":"string","type":"string","value":"string"}]],"oauth_allow_non_tls_redirect_uri":["list",["object",{"default":"string","name":"string","type":"string","value":"string"}]],"oauth_allowed_authorization_endpoints":["list",["object",{"default":"string","name":"string","type":"string","value":"string"}]],"oauth_allowed_token_endpoints":["list",["object",{"default":"string","name":"string","type":"string","value":"string"}]],"oauth_authorization_endpoint":["list",["object",{"default":"string","name":"string","type":"string","value":"string"}]],"oauth_client_rsa_public_key_2_fp":["list",["object",{"default":"string","name":"string","type":"string","value":"string"}]],"oauth_client_rsa_public_key_fp":["list",["object",{"default":"string","name":"string","type":"string","value":"string"}]],"oauth_client_type":["list",["object",{"default":"string","name":"string","type":"string","value":"string"}]],"oauth_enforce_pkce":["list",["object",{"default":"string","name":"string","type":"string","value":"string"}]],"oauth_issue_refresh_tokens":["list",["object",{"default":"string","name":"string","type":"string","value":"string"}]],"oauth_refresh_token_validity":["list",["object",{"default":"string","name":"string","type":"string","value":"string"}]],"oauth_token_endpoint":["list",["object",{"default":"string","name":"string","type":"string","value":"string"}]],"oauth_use_secondary_roles":["list",["object",{"default":"string","name":"string","type":"string","value":"string"}]],"pre_authorized_roles_list":["list",["object",{"default":"string","name":"string","type":"string","value":"string"}]]}]],"description":"Outputs the result of `DESCRIBE SECURITY INTEGRATION` for the given integration.","description_kind":"plain","computed":true},"enabled":{"type":"string","description":"(Default: fallback to Snowflake default - uses special value that cannot be set in the configuration manually (`default`)) Specifies whether this OAuth integration is enabled or disabled. Available options are: \"true\" or \"false\". When the value is not set in the configuration the provider will put \"default\" there which means to use the Snowflake default for this value.","description_kind":"plain","optional":true},"fully_qualified_name":{"type":"string","description":"Fully qualified name of the resource. For more information, see [object name resolution](https://docs.snowflake.com/en/sql-reference/name-resolution).","description_kind":"plain","computed":true},"id":{"type":"string","description_kind":"plain","optional":true,"computed":true},"name":{"type":"string","description":"Specifies the name of the OAuth integration. This name follows the rules for Object Identifiers. The name should be unique among security integrations in your account. Due to technical limitations (read more [here](../guides/identifiers_rework_design_decisions#known-limitations-and-identifier-recommendations)), avoid using the following characters: `|`, `.`, `\"`.","description_kind":"plain","required":true},"oauth_client":{"type":"string","description":"Creates an OAuth interface between Snowflake and a partner application. Valid options are: `LOOKER` | `TABLEAU_DESKTOP` | `TABLEAU_SERVER`.","description_kind":"plain","required":true},"oauth_issue_refresh_tokens":{"type":"string","description":"(Default: fallback to Snowflake default - uses special value that cannot be set in the configuration manually (`default`)) Specifies whether to allow the client to exchange a refresh token for an access token when the current access token has expired. Available options are: \"true\" or \"false\". When the value is not set in the configuration the provider will put \"default\" there which means to use the Snowflake default for this value.","description_kind":"plain","optional":true},"oauth_redirect_uri":{"type":"string","description":"Specifies the client URI. After a user is authenticated, the web browser is redirected to this URI. The field should be only set when OAUTH_CLIENT = LOOKER. In any other case the field should be left out empty.","description_kind":"plain","optional":true,"sensitive":true},"oauth_refresh_token_validity":{"type":"number","description":"(Default: fallback to Snowflake default - uses special value that cannot be set in the configuration manually (`-1`)) Specifies how long refresh tokens should be valid (in seconds). OAUTH_ISSUE_REFRESH_TOKENS must be set to TRUE.","description_kind":"plain","optional":true},"oauth_use_secondary_roles":{"type":"string","description":"Specifies whether default secondary roles set in the user properties are activated by default in the session being opened. Valid options are: `IMPLICIT` | `NONE`.","description_kind":"plain","optional":true},"related_parameters":{"type":["list",["object",{"oauth_add_privileged_roles_to_blocked_list":["list",["object",{"default":"string","description":"string","key":"string","level":"string","value":"string"}]]}]],"description":"Parameters related to this security integration.","description_kind":"plain","computed":true},"show_output":{"type":["list",["object",{"category":"string","comment":"string","created_on":"string","enabled":"bool","integration_type":"string","name":"string"}]],"description":"Outputs the result of `SHOW SECURITY INTEGRATION` for the given integration.","description_kind":"plain","computed":true}},"block_types":{"timeouts":{"nesting_mode":"single","block":{"attributes":{"create":{"type":"string","description_kind":"plain","optional":true},"delete":{"type":"string","description_kind":"plain","optional":true},"read":{"type":"string","description_kind":"plain","optional":true},"update":{"type":"string","description_kind":"plain","optional":true}},"description_kind":"plain"}}},"description":"Resource used to manage oauth security integration for partner applications objects. For more information, check [security integrations documentation](https://docs.snowflake.com/en/sql-reference/sql/create-security-integration-oauth-snowflake).","description_kind":"plain"}},"snowflake_object_parameter":{"version":0,"block":{"attributes":{"id":{"type":"string","description_kind":"plain","optional":true,"computed":true},"key":{"type":"string","description":"Name of object parameter. Valid values are those in [object parameters](https://docs.snowflake.com/en/sql-reference/parameters.html#object-parameters).","description_kind":"plain","required":true},"object_type":{"type":"string","description":"Type of object to which the parameter applies. Valid values are those in [object types](https://docs.snowflake.com/en/sql-reference/parameters.html#object-types). If no value is provided, then the resource will default to setting the object parameter at account level.","description_kind":"plain","optional":true},"on_account":{"type":"bool","description":"(Default: `false`) If true, the object parameter will be set on the account level.","description_kind":"plain","optional":true},"value":{"type":"string","description":"Value of object parameter, as a string. Constraints are the same as those for the parameters in Snowflake documentation.","description_kind":"plain","required":true}},"block_types":{"object_identifier":{"nesting_mode":"list","block":{"attributes":{"database":{"type":"string","description":"Name of the database that the object was created in.","description_kind":"plain","optional":true},"name":{"type":"string","description":"Name of the object to set the parameter for.","description_kind":"plain","required":true},"schema":{"type":"string","description":"Name of the schema that the object was created in.","description_kind":"plain","optional":true}},"description":"Specifies the object identifier for the object parameter. If no value is provided, then the resource will default to setting the object parameter at account level.","description_kind":"plain"}},"timeouts":{"nesting_mode":"single","block":{"attributes":{"create":{"type":"string","description_kind":"plain","optional":true},"delete":{"type":"string","description_kind":"plain","optional":true},"read":{"type":"string","description_kind":"plain","optional":true},"update":{"type":"string","description_kind":"plain","optional":true}},"description_kind":"plain"}}},"description_kind":"plain"}},"snowflake_password_policy":{"version":0,"block":{"attributes":{"comment":{"type":"string","description":"Adds a comment or overwrites an existing comment for the password policy.","description_kind":"plain","optional":true},"database":{"type":"string","description":"The database this password policy belongs to.","description_kind":"plain","required":true},"fully_qualified_name":{"type":"string","description":"Fully qualified name of the resource. For more information, see [object name resolution](https://docs.snowflake.com/en/sql-reference/name-resolution).","description_kind":"plain","computed":true},"history":{"type":"number","description":"(Default: `0`) Specifies the number of the most recent passwords that Snowflake stores. These stored passwords cannot be repeated when a user updates their password value. The current password value does not count towards the history. When you increase the history value, Snowflake saves the previous values. When you decrease the value, Snowflake saves the stored values up to that value that is set. For example, if the history value is 8 and you change the history value to 3, Snowflake stores the most recent 3 passwords and deletes the 5 older password values from the history. Default: 0 Max: 24","description_kind":"plain","optional":true},"id":{"type":"string","description_kind":"plain","optional":true,"computed":true},"if_not_exists":{"type":"bool","description":"(Default: `false`) Prevent overwriting a previous password policy with the same name.","description_kind":"plain","optional":true},"lockout_time_mins":{"type":"number","description":"(Default: `15`) Specifies the number of minutes the user account will be locked after exhausting the designated number of password retries (i.e. PASSWORD_MAX_RETRIES). Supported range: 1 to 999, inclusive. Default: 15","description_kind":"plain","optional":true},"max_age_days":{"type":"number","description":"(Default: `90`) Specifies the maximum number of days before the password must be changed. Supported range: 0 to 999, inclusive. A value of zero (i.e. 0) indicates that the password does not need to be changed. Snowflake does not recommend choosing this value for a default account-level password policy or for any user-level policy. Instead, choose a value that meets your internal security guidelines. Default: 90, which means the password must be changed every 90 days.","description_kind":"plain","optional":true},"max_length":{"type":"number","description":"(Default: `256`) Specifies the maximum number of characters the password must contain. This number must be greater than or equal to the sum of PASSWORD_MIN_LENGTH, PASSWORD_MIN_UPPER_CASE_CHARS, and PASSWORD_MIN_LOWER_CASE_CHARS. Supported range: 8 to 256, inclusive. Default: 256","description_kind":"plain","optional":true},"max_retries":{"type":"number","description":"(Default: `5`) Specifies the maximum number of attempts to enter a password before being locked out. Supported range: 1 to 10, inclusive. Default: 5","description_kind":"plain","optional":true},"min_age_days":{"type":"number","description":"(Default: `0`) Specifies the number of days the user must wait before a recently changed password can be changed again. Supported range: 0 to 999, inclusive. Default: 0","description_kind":"plain","optional":true},"min_length":{"type":"number","description":"(Default: `8`) Specifies the minimum number of characters the password must contain. Supported range: 8 to 256, inclusive. Default: 8","description_kind":"plain","optional":true},"min_lower_case_chars":{"type":"number","description":"(Default: `1`) Specifies the minimum number of lowercase characters the password must contain. Supported range: 0 to 256, inclusive. Default: 1","description_kind":"plain","optional":true},"min_numeric_chars":{"type":"number","description":"(Default: `1`) Specifies the minimum number of numeric characters the password must contain. Supported range: 0 to 256, inclusive. Default: 1","description_kind":"plain","optional":true},"min_special_chars":{"type":"number","description":"(Default: `1`) Specifies the minimum number of special characters the password must contain. Supported range: 0 to 256, inclusive. Default: 1","description_kind":"plain","optional":true},"min_upper_case_chars":{"type":"number","description":"(Default: `1`) Specifies the minimum number of uppercase characters the password must contain. Supported range: 0 to 256, inclusive. Default: 1","description_kind":"plain","optional":true},"name":{"type":"string","description":"Identifier for the password policy; must be unique for your account.","description_kind":"plain","required":true},"or_replace":{"type":"bool","description":"(Default: `false`) Whether to override a previous password policy with the same name.","description_kind":"plain","optional":true},"schema":{"type":"string","description":"The schema this password policy belongs to.","description_kind":"plain","required":true}},"block_types":{"timeouts":{"nesting_mode":"single","block":{"attributes":{"create":{"type":"string","description_kind":"plain","optional":true},"delete":{"type":"string","description_kind":"plain","optional":true},"read":{"type":"string","description_kind":"plain","optional":true},"update":{"type":"string","description_kind":"plain","optional":true}},"description_kind":"plain"}}},"description":"A password policy specifies the requirements that must be met to create and reset a password to authenticate to Snowflake.","description_kind":"plain"}},"snowflake_pipe":{"version":0,"block":{"attributes":{"auto_ingest":{"type":"bool","description":"(Default: `false`) Specifies a auto_ingest param for the pipe.","description_kind":"plain","optional":true},"aws_sns_topic_arn":{"type":"string","description":"Specifies the Amazon Resource Name (ARN) for the SNS topic for your S3 bucket.","description_kind":"plain","optional":true},"comment":{"type":"string","description":"Specifies a comment for the pipe.","description_kind":"plain","optional":true},"copy_statement":{"type":"string","description":"Specifies the copy statement for the pipe.","description_kind":"plain","required":true},"database":{"type":"string","description":"The database in which to create the pipe.","description_kind":"plain","required":true},"error_integration":{"type":"string","description":"Specifies the name of the notification integration used for error notifications.","description_kind":"plain","optional":true},"fully_qualified_name":{"type":"string","description":"Fully qualified name of the resource. For more information, see [object name resolution](https://docs.snowflake.com/en/sql-reference/name-resolution).","description_kind":"plain","computed":true},"id":{"type":"string","description_kind":"plain","optional":true,"computed":true},"integration":{"type":"string","description":"Specifies an integration for the pipe.","description_kind":"plain","optional":true},"name":{"type":"string","description":"Specifies the identifier for the pipe; must be unique for the database and schema in which the pipe is created.","description_kind":"plain","required":true},"notification_channel":{"type":"string","description":"Amazon Resource Name of the Amazon SQS queue for the stage named in the DEFINITION column.","description_kind":"plain","computed":true},"owner":{"type":"string","description":"Name of the role that owns the pipe.","description_kind":"plain","computed":true},"schema":{"type":"string","description":"The schema in which to create the pipe.","description_kind":"plain","required":true}},"block_types":{"timeouts":{"nesting_mode":"single","block":{"attributes":{"create":{"type":"string","description_kind":"plain","optional":true},"delete":{"type":"string","description_kind":"plain","optional":true},"read":{"type":"string","description_kind":"plain","optional":true},"update":{"type":"string","description_kind":"plain","optional":true}},"description_kind":"plain"}}},"description_kind":"plain"}},"snowflake_primary_connection":{"version":0,"block":{"attributes":{"comment":{"type":"string","description":"Specifies a comment for the connection.","description_kind":"plain","optional":true},"enable_failover_to_accounts":{"type":["list","string"],"description":"Enables failover for given connection to provided accounts. Specifies a list of accounts in your organization where a secondary connection for this primary connection can be promoted to serve as the primary connection. Include your organization name for each account in the list. For more information about this resource, see [docs](./account).","description_kind":"plain","optional":true},"fully_qualified_name":{"type":"string","description":"Fully qualified name of the resource. For more information, see [object name resolution](https://docs.snowflake.com/en/sql-reference/name-resolution).","description_kind":"plain","computed":true},"id":{"type":"string","description_kind":"plain","optional":true,"computed":true},"is_primary":{"type":"bool","description":"Indicates if the connection is primary. When Terraform detects that the connection is not primary, the resource is recreated.","description_kind":"plain","computed":true},"name":{"type":"string","description":"String that specifies the identifier (i.e. name) for the connection. Must start with an alphabetic character and may only contain letters, decimal digits (0-9), and underscores (_). For a primary connection, the name must be unique across connection names and account names in the organization.  Due to technical limitations (read more [here](../guides/identifiers_rework_design_decisions#known-limitations-and-identifier-recommendations)), avoid using the following characters: `|`, `.`, `\"`.","description_kind":"plain","required":true},"show_output":{"type":["list",["object",{"account_locator":"string","account_name":"string","comment":"string","connection_url":"string","created_on":"string","failover_allowed_to_accounts":["list","string"],"is_primary":"bool","name":"string","organization_name":"string","primary":"string","region_group":"string","snowflake_region":"string"}]],"description":"Outputs the result of `SHOW CONNECTIONS` for the given connection.","description_kind":"plain","computed":true}},"block_types":{"timeouts":{"nesting_mode":"single","block":{"attributes":{"create":{"type":"string","description_kind":"plain","optional":true},"delete":{"type":"string","description_kind":"plain","optional":true},"read":{"type":"string","description_kind":"plain","optional":true},"update":{"type":"string","description_kind":"plain","optional":true}},"description_kind":"plain"}}},"description":"Resource used to manage primary connections. For managing replicated connection check resource [snowflake_secondary_connection](./secondary_connection). For more information, check [connection documentation](https://docs.snowflake.com/en/sql-reference/sql/create-connection.html).","description_kind":"plain"}},"snowflake_procedure_java":{"version":0,"block":{"attributes":{"comment":{"type":"string","description":"(Default: `user-defined procedure`) Specifies a comment for the procedure.","description_kind":"plain","optional":true},"database":{"type":"string","description":"The database in which to create the procedure. Due to technical limitations (read more [here](../guides/identifiers_rework_design_decisions#known-limitations-and-identifier-recommendations)), avoid using the following characters: `|`, `.`, `\"`.","description_kind":"plain","required":true},"enable_console_output":{"type":"bool","description":"Enable stdout/stderr fast path logging for anonyous stored procs. This is a public parameter (similar to LOG_LEVEL). For more information, check [ENABLE_CONSOLE_OUTPUT docs](https://docs.snowflake.com/en/sql-reference/parameters#enable-console-output).","description_kind":"plain","optional":true,"computed":true},"execute_as":{"type":"string","description":"Specifies whether the stored procedure executes with the privileges of the owner (an “owner’s rights” stored procedure) or with the privileges of the caller (a “caller’s rights” stored procedure). If you execute the statement CREATE PROCEDURE … EXECUTE AS CALLER, then in the future the procedure will execute as a caller’s rights procedure. If you execute CREATE PROCEDURE … EXECUTE AS OWNER, then the procedure will execute as an owner’s rights procedure. For more information, see [Understanding caller’s rights and owner’s rights stored procedures](https://docs.snowflake.com/en/developer-guide/stored-procedure/stored-procedures-rights). Valid values are (case-insensitive): `CALLER` | `OWNER`.","description_kind":"plain","optional":true},"external_access_integrations":{"type":["set","string"],"description":"The names of [external access integrations](https://docs.snowflake.com/en/sql-reference/sql/create-external-access-integration) needed in order for this procedure’s handler code to access external networks. An external access integration specifies [network rules](https://docs.snowflake.com/en/sql-reference/sql/create-network-rule) and [secrets](https://docs.snowflake.com/en/sql-reference/sql/create-secret) that specify external locations and credentials (if any) allowed for use by handler code when making requests of an external network, such as an external REST API.","description_kind":"plain","optional":true},"fully_qualified_name":{"type":"string","description":"Fully qualified name of the resource. For more information, see [object name resolution](https://docs.snowflake.com/en/sql-reference/name-resolution).","description_kind":"plain","computed":true},"handler":{"type":"string","description":"Use the fully qualified name of the method or function for the stored procedure. This is typically in the following form `com.my_company.my_package.MyClass.myMethod` where `com.my_company.my_package` corresponds to the package containing the object or class: `package com.my_company.my_package;`.","description_kind":"plain","required":true},"id":{"type":"string","description_kind":"plain","optional":true,"computed":true},"is_secure":{"type":"string","description":"(Default: fallback to Snowflake default - uses special value that cannot be set in the configuration manually (`default`)) Specifies that the procedure is secure. For more information about secure procedures, see [Protecting Sensitive Information with Secure UDFs and Stored Procedures](https://docs.snowflake.com/en/developer-guide/secure-udf-procedure). Available options are: \"true\" or \"false\". When the value is not set in the configuration the provider will put \"default\" there which means to use the Snowflake default for this value.","description_kind":"plain","optional":true},"log_level":{"type":"string","description":"LOG_LEVEL to use when filtering events For more information, check [LOG_LEVEL docs](https://docs.snowflake.com/en/sql-reference/parameters#log-level).","description_kind":"plain","optional":true,"computed":true},"metric_level":{"type":"string","description":"METRIC_LEVEL value to control whether to emit metrics to Event Table For more information, check [METRIC_LEVEL docs](https://docs.snowflake.com/en/sql-reference/parameters#metric-level).","description_kind":"plain","optional":true,"computed":true},"name":{"type":"string","description":"The name of the procedure; the identifier does not need to be unique for the schema in which the procedure is created because stored procedures are [identified and resolved by the combination of the name and argument types](https://docs.snowflake.com/en/developer-guide/udf-stored-procedure-naming-conventions.html#label-procedure-function-name-overloading). Due to technical limitations (read more [here](../guides/identifiers_rework_design_decisions#known-limitations-and-identifier-recommendations)), avoid using the following characters: `|`, `.`, `\"`.","description_kind":"plain","required":true},"null_input_behavior":{"type":"string","description":"Specifies the behavior of the procedure when called with null inputs. Valid values are (case-insensitive): `CALLED ON NULL INPUT` | `RETURNS NULL ON NULL INPUT`.","description_kind":"plain","optional":true},"packages":{"type":["set","string"],"description":"List of the names of packages deployed in Snowflake that should be included in the handler code’s execution environment. The Snowpark package is required for stored procedures, but is specified in the `snowpark_package` attribute. For more information about Snowpark, see [Snowpark API](https://docs.snowflake.com/en/developer-guide/snowpark/index).","description_kind":"plain","optional":true},"parameters":{"type":["list",["object",{"enable_console_output":["list",["object",{"default":"string","description":"string","key":"string","level":"string","value":"string"}]],"log_level":["list",["object",{"default":"string","description":"string","key":"string","level":"string","value":"string"}]],"metric_level":["list",["object",{"default":"string","description":"string","key":"string","level":"string","value":"string"}]],"trace_level":["list",["object",{"default":"string","description":"string","key":"string","level":"string","value":"string"}]]}]],"description":"Outputs the result of `SHOW PARAMETERS IN PROCEDURE` for the given procedure.","description_kind":"plain","computed":true},"procedure_definition":{"type":"string","description":"Defines the code executed by the stored procedure. The definition can consist of any valid code. Wrapping `$$` signs are added by the provider automatically; do not include them. The `procedure_definition` value must be Java source code. For more information, see [Java (using Snowpark)](https://docs.snowflake.com/en/developer-guide/stored-procedure/stored-procedures-java). To mitigate permadiff on this field, the provider replaces blank characters with a space. This can lead to false positives in cases where a change in case or run of whitespace is semantically significant.","description_kind":"plain","optional":true},"procedure_language":{"type":"string","description":"Specifies language for the procedure. Used to detect external changes.","description_kind":"plain","computed":true},"return_type":{"type":"string","description":"Specifies the type of the result returned by the stored procedure. For `\u003cresult_data_type\u003e`, use the Snowflake data type that corresponds to the type of the language that you are using (see [SQL-Java Data Type Mappings](https://docs.snowflake.com/en/developer-guide/udf-stored-procedure-data-type-mapping.html#label-sql-java-data-type-mappings)). For `RETURNS TABLE ( [ col_name col_data_type [ , ... ] ] )`, if you know the Snowflake data types of the columns in the returned table, specify the column names and types. Otherwise (e.g. if you are determining the column types during run time), you can omit the column names and types (i.e. `TABLE ()`).","description_kind":"plain","required":true},"runtime_version":{"type":"string","description":"The language runtime version to use. Currently, the supported versions are: 11.","description_kind":"plain","required":true},"schema":{"type":"string","description":"The schema in which to create the procedure. Due to technical limitations (read more [here](../guides/identifiers_rework_design_decisions#known-limitations-and-identifier-recommendations)), avoid using the following characters: `|`, `.`, `\"`.","description_kind":"plain","required":true},"show_output":{"type":["list",["object",{"arguments_raw":"string","catalog_name":"string","created_on":"string","description":"string","external_access_integrations":"string","is_aggregate":"bool","is_ansi":"bool","is_builtin":"bool","is_secure":"bool","is_table_function":"bool","max_num_arguments":"number","min_num_arguments":"number","name":"string","schema_name":"string","secrets":"string","valid_for_clustering":"bool"}]],"description":"Outputs the result of `SHOW PROCEDURE` for the given procedure.","description_kind":"plain","computed":true},"snowpark_package":{"type":"string","description":"The Snowpark package is required for stored procedures, so it must always be present. For more information about Snowpark, see [Snowpark API](https://docs.snowflake.com/en/developer-guide/snowpark/index).","description_kind":"plain","required":true},"trace_level":{"type":"string","description":"Trace level value to use when generating/filtering trace events For more information, check [TRACE_LEVEL docs](https://docs.snowflake.com/en/sql-reference/parameters#trace-level).","description_kind":"plain","optional":true,"computed":true}},"block_types":{"arguments":{"nesting_mode":"list","block":{"attributes":{"arg_data_type":{"type":"string","description":"The argument type.","description_kind":"plain","required":true},"arg_default_value":{"type":"string","description":"Optional default value for the argument. For text values use single quotes. Numeric values can be unquoted. External changes for this field won't be detected. In case you want to apply external changes, you can re-create the resource manually using \"terraform taint\".","description_kind":"plain","optional":true},"arg_name":{"type":"string","description":"The argument name. The provider wraps it in double quotes by default, so be aware of that while referencing the argument in the procedure definition.","description_kind":"plain","required":true}},"description":"List of the arguments for the procedure. Consult the [docs](https://docs.snowflake.com/en/sql-reference/sql/create-procedure#all-languages) for more details.","description_kind":"plain"}},"imports":{"nesting_mode":"set","block":{"attributes":{"path_on_stage":{"type":"string","description":"Path for import on stage, without the leading `/`.","description_kind":"plain","required":true},"stage_location":{"type":"string","description":"Stage location without leading `@`. To use your user's stage set this to `~`, otherwise pass fully qualified name of the stage (with every part contained in double quotes or use `snowflake_stage.\u003cyour stage's resource name\u003e.fully_qualified_name` if you manage this stage through terraform).","description_kind":"plain","required":true}},"description":"The location (stage), path, and name of the file(s) to import. You must set the IMPORTS clause to include any files that your stored procedure depends on. If you are writing an in-line stored procedure, you can omit this clause, unless your code depends on classes defined outside the stored procedure or resource files. If you are writing a stored procedure with a staged handler, you must also include a path to the JAR file containing the stored procedure’s handler code. The IMPORTS definition cannot reference variables from arguments that are passed into the stored procedure. Each file in the IMPORTS clause must have a unique name, even if the files are in different subdirectories or different stages.","description_kind":"plain"}},"secrets":{"nesting_mode":"set","block":{"attributes":{"secret_id":{"type":"string","description":"Fully qualified name of the allowed [secret](https://docs.snowflake.com/en/sql-reference/sql/create-secret). You will receive an error if you specify a SECRETS value whose secret isn’t also included in an integration specified by the EXTERNAL_ACCESS_INTEGRATIONS parameter.","description_kind":"plain","required":true},"secret_variable_name":{"type":"string","description":"The variable that will be used in handler code when retrieving information from the secret.","description_kind":"plain","required":true}},"description":"Assigns the names of [secrets](https://docs.snowflake.com/en/sql-reference/sql/create-secret) to variables so that you can use the variables to reference the secrets when retrieving information from secrets in handler code. Secrets you specify here must be allowed by the [external access integration](https://docs.snowflake.com/en/sql-reference/sql/create-external-access-integration) specified as a value of this CREATE FUNCTION command’s EXTERNAL_ACCESS_INTEGRATIONS parameter.","description_kind":"plain"}},"target_path":{"nesting_mode":"set","block":{"attributes":{"path_on_stage":{"type":"string","description":"Path for import on stage, without the leading `/`.","description_kind":"plain","required":true},"stage_location":{"type":"string","description":"Stage location without leading `@`. To use your user's stage set this to `~`, otherwise pass fully qualified name of the stage (with every part contained in double quotes or use `snowflake_stage.\u003cyour stage's resource name\u003e.fully_qualified_name` if you manage this stage through terraform).","description_kind":"plain","required":true}},"description":"Use the fully qualified name of the method or function for the stored procedure. This is typically in the following form `com.my_company.my_package.MyClass.myMethod` where `com.my_company.my_package` corresponds to the package containing the object or class: `package com.my_company.my_package;`.","description_kind":"plain"},"max_items":1},"timeouts":{"nesting_mode":"single","block":{"attributes":{"create":{"type":"string","description_kind":"plain","optional":true},"delete":{"type":"string","description_kind":"plain","optional":true},"read":{"type":"string","description_kind":"plain","optional":true},"update":{"type":"string","description_kind":"plain","optional":true}},"description_kind":"plain"}}},"description":"Resource used to manage java procedure objects. For more information, check [procedure documentation](https://docs.snowflake.com/en/sql-reference/sql/create-procedure).","description_kind":"plain"}},"snowflake_procedure_javascript":{"version":0,"block":{"attributes":{"comment":{"type":"string","description":"(Default: `user-defined procedure`) Specifies a comment for the procedure.","description_kind":"plain","optional":true},"database":{"type":"string","description":"The database in which to create the procedure. Due to technical limitations (read more [here](../guides/identifiers_rework_design_decisions#known-limitations-and-identifier-recommendations)), avoid using the following characters: `|`, `.`, `\"`.","description_kind":"plain","required":true},"enable_console_output":{"type":"bool","description":"Enable stdout/stderr fast path logging for anonyous stored procs. This is a public parameter (similar to LOG_LEVEL). For more information, check [ENABLE_CONSOLE_OUTPUT docs](https://docs.snowflake.com/en/sql-reference/parameters#enable-console-output).","description_kind":"plain","optional":true,"computed":true},"execute_as":{"type":"string","description":"Specifies whether the stored procedure executes with the privileges of the owner (an “owner’s rights” stored procedure) or with the privileges of the caller (a “caller’s rights” stored procedure). If you execute the statement CREATE PROCEDURE … EXECUTE AS CALLER, then in the future the procedure will execute as a caller’s rights procedure. If you execute CREATE PROCEDURE … EXECUTE AS OWNER, then the procedure will execute as an owner’s rights procedure. For more information, see [Understanding caller’s rights and owner’s rights stored procedures](https://docs.snowflake.com/en/developer-guide/stored-procedure/stored-procedures-rights). Valid values are (case-insensitive): `CALLER` | `OWNER`.","description_kind":"plain","optional":true},"fully_qualified_name":{"type":"string","description":"Fully qualified name of the resource. For more information, see [object name resolution](https://docs.snowflake.com/en/sql-reference/name-resolution).","description_kind":"plain","computed":true},"id":{"type":"string","description_kind":"plain","optional":true,"computed":true},"is_secure":{"type":"string","description":"(Default: fallback to Snowflake default - uses special value that cannot be set in the configuration manually (`default`)) Specifies that the procedure is secure. For more information about secure procedures, see [Protecting Sensitive Information with Secure UDFs and Stored Procedures](https://docs.snowflake.com/en/developer-guide/secure-udf-procedure). Available options are: \"true\" or \"false\". When the value is not set in the configuration the provider will put \"default\" there which means to use the Snowflake default for this value.","description_kind":"plain","optional":true},"log_level":{"type":"string","description":"LOG_LEVEL to use when filtering events For more information, check [LOG_LEVEL docs](https://docs.snowflake.com/en/sql-reference/parameters#log-level).","description_kind":"plain","optional":true,"computed":true},"metric_level":{"type":"string","description":"METRIC_LEVEL value to control whether to emit metrics to Event Table For more information, check [METRIC_LEVEL docs](https://docs.snowflake.com/en/sql-reference/parameters#metric-level).","description_kind":"plain","optional":true,"computed":true},"name":{"type":"string","description":"The name of the procedure; the identifier does not need to be unique for the schema in which the procedure is created because stored procedures are [identified and resolved by the combination of the name and argument types](https://docs.snowflake.com/en/developer-guide/udf-stored-procedure-naming-conventions.html#label-procedure-function-name-overloading). Due to technical limitations (read more [here](../guides/identifiers_rework_design_decisions#known-limitations-and-identifier-recommendations)), avoid using the following characters: `|`, `.`, `\"`.","description_kind":"plain","required":true},"null_input_behavior":{"type":"string","description":"Specifies the behavior of the procedure when called with null inputs. Valid values are (case-insensitive): `CALLED ON NULL INPUT` | `RETURNS NULL ON NULL INPUT`.","description_kind":"plain","optional":true},"parameters":{"type":["list",["object",{"enable_console_output":["list",["object",{"default":"string","description":"string","key":"string","level":"string","value":"string"}]],"log_level":["list",["object",{"default":"string","description":"string","key":"string","level":"string","value":"string"}]],"metric_level":["list",["object",{"default":"string","description":"string","key":"string","level":"string","value":"string"}]],"trace_level":["list",["object",{"default":"string","description":"string","key":"string","level":"string","value":"string"}]]}]],"description":"Outputs the result of `SHOW PARAMETERS IN PROCEDURE` for the given procedure.","description_kind":"plain","computed":true},"procedure_definition":{"type":"string","description":"Defines the code executed by the stored procedure. The definition can consist of any valid code. Wrapping `$$` signs are added by the provider automatically; do not include them. The `procedure_definition` value must be JavaScript source code. For more information, see [JavaScript](https://docs.snowflake.com/en/developer-guide/stored-procedure/stored-procedures-javascript). To mitigate permadiff on this field, the provider replaces blank characters with a space. This can lead to false positives in cases where a change in case or run of whitespace is semantically significant.","description_kind":"plain","required":true},"procedure_language":{"type":"string","description":"Specifies language for the procedure. Used to detect external changes.","description_kind":"plain","computed":true},"return_type":{"type":"string","description":"Specifies the type of the result returned by the stored procedure. For `\u003cresult_data_type\u003e`, use the Snowflake data type that corresponds to the type of the language that you are using (see [SQL and JavaScript data type mapping](https://docs.snowflake.com/en/developer-guide/stored-procedure/stored-procedures-javascript.html#label-stored-procedure-data-type-mapping)). For `RETURNS TABLE ( [ col_name col_data_type [ , ... ] ] )`, if you know the Snowflake data types of the columns in the returned table, specify the column names and types. Otherwise (e.g. if you are determining the column types during run time), you can omit the column names and types (i.e. `TABLE ()`).","description_kind":"plain","required":true},"schema":{"type":"string","description":"The schema in which to create the procedure. Due to technical limitations (read more [here](../guides/identifiers_rework_design_decisions#known-limitations-and-identifier-recommendations)), avoid using the following characters: `|`, `.`, `\"`.","description_kind":"plain","required":true},"show_output":{"type":["list",["object",{"arguments_raw":"string","catalog_name":"string","created_on":"string","description":"string","external_access_integrations":"string","is_aggregate":"bool","is_ansi":"bool","is_builtin":"bool","is_secure":"bool","is_table_function":"bool","max_num_arguments":"number","min_num_arguments":"number","name":"string","schema_name":"string","secrets":"string","valid_for_clustering":"bool"}]],"description":"Outputs the result of `SHOW PROCEDURE` for the given procedure.","description_kind":"plain","computed":true},"trace_level":{"type":"string","description":"Trace level value to use when generating/filtering trace events For more information, check [TRACE_LEVEL docs](https://docs.snowflake.com/en/sql-reference/parameters#trace-level).","description_kind":"plain","optional":true,"computed":true}},"block_types":{"arguments":{"nesting_mode":"list","block":{"attributes":{"arg_data_type":{"type":"string","description":"The argument type.","description_kind":"plain","required":true},"arg_default_value":{"type":"string","description":"Optional default value for the argument. For text values use single quotes. Numeric values can be unquoted. External changes for this field won't be detected. In case you want to apply external changes, you can re-create the resource manually using \"terraform taint\".","description_kind":"plain","optional":true},"arg_name":{"type":"string","description":"The argument name. The provider wraps it in double quotes by default, so be aware of that while referencing the argument in the procedure definition.","description_kind":"plain","required":true}},"description":"List of the arguments for the procedure. Consult the [docs](https://docs.snowflake.com/en/sql-reference/sql/create-procedure#all-languages) for more details.","description_kind":"plain"}},"timeouts":{"nesting_mode":"single","block":{"attributes":{"create":{"type":"string","description_kind":"plain","optional":true},"delete":{"type":"string","description_kind":"plain","optional":true},"read":{"type":"string","description_kind":"plain","optional":true},"update":{"type":"string","description_kind":"plain","optional":true}},"description_kind":"plain"}}},"description":"Resource used to manage javascript procedure objects. For more information, check [procedure documentation](https://docs.snowflake.com/en/sql-reference/sql/create-procedure).","description_kind":"plain"}},"snowflake_procedure_python":{"version":0,"block":{"attributes":{"comment":{"type":"string","description":"(Default: `user-defined procedure`) Specifies a comment for the procedure.","description_kind":"plain","optional":true},"database":{"type":"string","description":"The database in which to create the procedure. Due to technical limitations (read more [here](../guides/identifiers_rework_design_decisions#known-limitations-and-identifier-recommendations)), avoid using the following characters: `|`, `.`, `\"`.","description_kind":"plain","required":true},"enable_console_output":{"type":"bool","description":"Enable stdout/stderr fast path logging for anonyous stored procs. This is a public parameter (similar to LOG_LEVEL). For more information, check [ENABLE_CONSOLE_OUTPUT docs](https://docs.snowflake.com/en/sql-reference/parameters#enable-console-output).","description_kind":"plain","optional":true,"computed":true},"execute_as":{"type":"string","description":"Specifies whether the stored procedure executes with the privileges of the owner (an “owner’s rights” stored procedure) or with the privileges of the caller (a “caller’s rights” stored procedure). If you execute the statement CREATE PROCEDURE … EXECUTE AS CALLER, then in the future the procedure will execute as a caller’s rights procedure. If you execute CREATE PROCEDURE … EXECUTE AS OWNER, then the procedure will execute as an owner’s rights procedure. For more information, see [Understanding caller’s rights and owner’s rights stored procedures](https://docs.snowflake.com/en/developer-guide/stored-procedure/stored-procedures-rights). Valid values are (case-insensitive): `CALLER` | `OWNER`.","description_kind":"plain","optional":true},"external_access_integrations":{"type":["set","string"],"description":"The names of [external access integrations](https://docs.snowflake.com/en/sql-reference/sql/create-external-access-integration) needed in order for this procedure’s handler code to access external networks. An external access integration specifies [network rules](https://docs.snowflake.com/en/sql-reference/sql/create-network-rule) and [secrets](https://docs.snowflake.com/en/sql-reference/sql/create-secret) that specify external locations and credentials (if any) allowed for use by handler code when making requests of an external network, such as an external REST API.","description_kind":"plain","optional":true},"fully_qualified_name":{"type":"string","description":"Fully qualified name of the resource. For more information, see [object name resolution](https://docs.snowflake.com/en/sql-reference/name-resolution).","description_kind":"plain","computed":true},"handler":{"type":"string","description":"Use the name of the stored procedure’s function or method. This can differ depending on whether the code is in-line or referenced at a stage. When the code is in-line, you can specify just the function name. When the code is imported from a stage, specify the fully-qualified handler function name as `\u003cmodule_name\u003e.\u003cfunction_name\u003e`.","description_kind":"plain","required":true},"id":{"type":"string","description_kind":"plain","optional":true,"computed":true},"is_secure":{"type":"string","description":"(Default: fallback to Snowflake default - uses special value that cannot be set in the configuration manually (`default`)) Specifies that the procedure is secure. For more information about secure procedures, see [Protecting Sensitive Information with Secure UDFs and Stored Procedures](https://docs.snowflake.com/en/developer-guide/secure-udf-procedure). Available options are: \"true\" or \"false\". When the value is not set in the configuration the provider will put \"default\" there which means to use the Snowflake default for this value.","description_kind":"plain","optional":true},"log_level":{"type":"string","description":"LOG_LEVEL to use when filtering events For more information, check [LOG_LEVEL docs](https://docs.snowflake.com/en/sql-reference/parameters#log-level).","description_kind":"plain","optional":true,"computed":true},"metric_level":{"type":"string","description":"METRIC_LEVEL value to control whether to emit metrics to Event Table For more information, check [METRIC_LEVEL docs](https://docs.snowflake.com/en/sql-reference/parameters#metric-level).","description_kind":"plain","optional":true,"computed":true},"name":{"type":"string","description":"The name of the procedure; the identifier does not need to be unique for the schema in which the procedure is created because stored procedures are [identified and resolved by the combination of the name and argument types](https://docs.snowflake.com/en/developer-guide/udf-stored-procedure-naming-conventions.html#label-procedure-function-name-overloading). Due to technical limitations (read more [here](../guides/identifiers_rework_design_decisions#known-limitations-and-identifier-recommendations)), avoid using the following characters: `|`, `.`, `\"`.","description_kind":"plain","required":true},"null_input_behavior":{"type":"string","description":"Specifies the behavior of the procedure when called with null inputs. Valid values are (case-insensitive): `CALLED ON NULL INPUT` | `RETURNS NULL ON NULL INPUT`.","description_kind":"plain","optional":true},"packages":{"type":["set","string"],"description":"List of the names of packages deployed in Snowflake that should be included in the handler code’s execution environment. The Snowpark package is required for stored procedures, but is specified in the `snowpark_package` attribute. For more information about Snowpark, see [Snowpark API](https://docs.snowflake.com/en/developer-guide/snowpark/index).","description_kind":"plain","optional":true},"parameters":{"type":["list",["object",{"enable_console_output":["list",["object",{"default":"string","description":"string","key":"string","level":"string","value":"string"}]],"log_level":["list",["object",{"default":"string","description":"string","key":"string","level":"string","value":"string"}]],"metric_level":["list",["object",{"default":"string","description":"string","key":"string","level":"string","value":"string"}]],"trace_level":["list",["object",{"default":"string","description":"string","key":"string","level":"string","value":"string"}]]}]],"description":"Outputs the result of `SHOW PARAMETERS IN PROCEDURE` for the given procedure.","description_kind":"plain","computed":true},"procedure_definition":{"type":"string","description":"Defines the code executed by the stored procedure. The definition can consist of any valid code. Wrapping `$$` signs are added by the provider automatically; do not include them. The `procedure_definition` value must be Python source code. For more information, see [Python (using Snowpark)](https://docs.snowflake.com/en/developer-guide/stored-procedure/python/procedure-python-overview). To mitigate permadiff on this field, the provider replaces blank characters with a space. This can lead to false positives in cases where a change in case or run of whitespace is semantically significant.","description_kind":"plain","optional":true},"procedure_language":{"type":"string","description":"Specifies language for the procedure. Used to detect external changes.","description_kind":"plain","computed":true},"return_type":{"type":"string","description":"Specifies the type of the result returned by the stored procedure. For `\u003cresult_data_type\u003e`, use the Snowflake data type that corresponds to the type of the language that you are using (see [SQL-Python Data Type Mappings](https://docs.snowflake.com/en/developer-guide/udf-stored-procedure-data-type-mapping.html#label-sql-python-data-type-mappings)). For `RETURNS TABLE ( [ col_name col_data_type [ , ... ] ] )`, if you know the Snowflake data types of the columns in the returned table, specify the column names and types. Otherwise (e.g. if you are determining the column types during run time), you can omit the column names and types (i.e. `TABLE ()`).","description_kind":"plain","required":true},"runtime_version":{"type":"string","description":"The language runtime version to use. Currently, the supported versions are: 3.9, 3.10, and 3.11.","description_kind":"plain","required":true},"schema":{"type":"string","description":"The schema in which to create the procedure. Due to technical limitations (read more [here](../guides/identifiers_rework_design_decisions#known-limitations-and-identifier-recommendations)), avoid using the following characters: `|`, `.`, `\"`.","description_kind":"plain","required":true},"show_output":{"type":["list",["object",{"arguments_raw":"string","catalog_name":"string","created_on":"string","description":"string","external_access_integrations":"string","is_aggregate":"bool","is_ansi":"bool","is_builtin":"bool","is_secure":"bool","is_table_function":"bool","max_num_arguments":"number","min_num_arguments":"number","name":"string","schema_name":"string","secrets":"string","valid_for_clustering":"bool"}]],"description":"Outputs the result of `SHOW PROCEDURE` for the given procedure.","description_kind":"plain","computed":true},"snowpark_package":{"type":"string","description":"The Snowpark package is required for stored procedures, so it must always be present. For more information about Snowpark, see [Snowpark API](https://docs.snowflake.com/en/developer-guide/snowpark/index).","description_kind":"plain","required":true},"trace_level":{"type":"string","description":"Trace level value to use when generating/filtering trace events For more information, check [TRACE_LEVEL docs](https://docs.snowflake.com/en/sql-reference/parameters#trace-level).","description_kind":"plain","optional":true,"computed":true}},"block_types":{"arguments":{"nesting_mode":"list","block":{"attributes":{"arg_data_type":{"type":"string","description":"The argument type.","description_kind":"plain","required":true},"arg_default_value":{"type":"string","description":"Optional default value for the argument. For text values use single quotes. Numeric values can be unquoted. External changes for this field won't be detected. In case you want to apply external changes, you can re-create the resource manually using \"terraform taint\".","description_kind":"plain","optional":true},"arg_name":{"type":"string","description":"The argument name. The provider wraps it in double quotes by default, so be aware of that while referencing the argument in the procedure definition.","description_kind":"plain","required":true}},"description":"List of the arguments for the procedure. Consult the [docs](https://docs.snowflake.com/en/sql-reference/sql/create-procedure#all-languages) for more details.","description_kind":"plain"}},"imports":{"nesting_mode":"set","block":{"attributes":{"path_on_stage":{"type":"string","description":"Path for import on stage, without the leading `/`.","description_kind":"plain","required":true},"stage_location":{"type":"string","description":"Stage location without leading `@`. To use your user's stage set this to `~`, otherwise pass fully qualified name of the stage (with every part contained in double quotes or use `snowflake_stage.\u003cyour stage's resource name\u003e.fully_qualified_name` if you manage this stage through terraform).","description_kind":"plain","required":true}},"description":"The location (stage), path, and name of the file(s) to import. You must set the IMPORTS clause to include any files that your stored procedure depends on. If you are writing an in-line stored procedure, you can omit this clause, unless your code depends on classes defined outside the stored procedure or resource files. If your stored procedure’s code will be on a stage, you must also include a path to the module file your code is in. The IMPORTS definition cannot reference variables from arguments that are passed into the stored procedure. Each file in the IMPORTS clause must have a unique name, even if the files are in different subdirectories or different stages.","description_kind":"plain"}},"secrets":{"nesting_mode":"set","block":{"attributes":{"secret_id":{"type":"string","description":"Fully qualified name of the allowed [secret](https://docs.snowflake.com/en/sql-reference/sql/create-secret). You will receive an error if you specify a SECRETS value whose secret isn’t also included in an integration specified by the EXTERNAL_ACCESS_INTEGRATIONS parameter.","description_kind":"plain","required":true},"secret_variable_name":{"type":"string","description":"The variable that will be used in handler code when retrieving information from the secret.","description_kind":"plain","required":true}},"description":"Assigns the names of [secrets](https://docs.snowflake.com/en/sql-reference/sql/create-secret) to variables so that you can use the variables to reference the secrets when retrieving information from secrets in handler code. Secrets you specify here must be allowed by the [external access integration](https://docs.snowflake.com/en/sql-reference/sql/create-external-access-integration) specified as a value of this CREATE FUNCTION command’s EXTERNAL_ACCESS_INTEGRATIONS parameter.","description_kind":"plain"}},"timeouts":{"nesting_mode":"single","block":{"attributes":{"create":{"type":"string","description_kind":"plain","optional":true},"delete":{"type":"string","description_kind":"plain","optional":true},"read":{"type":"string","description_kind":"plain","optional":true},"update":{"type":"string","description_kind":"plain","optional":true}},"description_kind":"plain"}}},"description":"Resource used to manage python procedure objects. For more information, check [procedure documentation](https://docs.snowflake.com/en/sql-reference/sql/create-procedure).","description_kind":"plain"}},"snowflake_procedure_scala":{"version":0,"block":{"attributes":{"comment":{"type":"string","description":"(Default: `user-defined procedure`) Specifies a comment for the procedure.","description_kind":"plain","optional":true},"database":{"type":"string","description":"The database in which to create the procedure. Due to technical limitations (read more [here](../guides/identifiers_rework_design_decisions#known-limitations-and-identifier-recommendations)), avoid using the following characters: `|`, `.`, `\"`.","description_kind":"plain","required":true},"enable_console_output":{"type":"bool","description":"Enable stdout/stderr fast path logging for anonyous stored procs. This is a public parameter (similar to LOG_LEVEL). For more information, check [ENABLE_CONSOLE_OUTPUT docs](https://docs.snowflake.com/en/sql-reference/parameters#enable-console-output).","description_kind":"plain","optional":true,"computed":true},"execute_as":{"type":"string","description":"Specifies whether the stored procedure executes with the privileges of the owner (an “owner’s rights” stored procedure) or with the privileges of the caller (a “caller’s rights” stored procedure). If you execute the statement CREATE PROCEDURE … EXECUTE AS CALLER, then in the future the procedure will execute as a caller’s rights procedure. If you execute CREATE PROCEDURE … EXECUTE AS OWNER, then the procedure will execute as an owner’s rights procedure. For more information, see [Understanding caller’s rights and owner’s rights stored procedures](https://docs.snowflake.com/en/developer-guide/stored-procedure/stored-procedures-rights). Valid values are (case-insensitive): `CALLER` | `OWNER`.","description_kind":"plain","optional":true},"external_access_integrations":{"type":["set","string"],"description":"The names of [external access integrations](https://docs.snowflake.com/en/sql-reference/sql/create-external-access-integration) needed in order for this procedure’s handler code to access external networks. An external access integration specifies [network rules](https://docs.snowflake.com/en/sql-reference/sql/create-network-rule) and [secrets](https://docs.snowflake.com/en/sql-reference/sql/create-secret) that specify external locations and credentials (if any) allowed for use by handler code when making requests of an external network, such as an external REST API.","description_kind":"plain","optional":true},"fully_qualified_name":{"type":"string","description":"Fully qualified name of the resource. For more information, see [object name resolution](https://docs.snowflake.com/en/sql-reference/name-resolution).","description_kind":"plain","computed":true},"handler":{"type":"string","description":"Use the fully qualified name of the method or function for the stored procedure. This is typically in the following form: `com.my_company.my_package.MyClass.myMethod` where `com.my_company.my_package` corresponds to the package containing the object or class: `package com.my_company.my_package;`.","description_kind":"plain","required":true},"id":{"type":"string","description_kind":"plain","optional":true,"computed":true},"is_secure":{"type":"string","description":"(Default: fallback to Snowflake default - uses special value that cannot be set in the configuration manually (`default`)) Specifies that the procedure is secure. For more information about secure procedures, see [Protecting Sensitive Information with Secure UDFs and Stored Procedures](https://docs.snowflake.com/en/developer-guide/secure-udf-procedure). Available options are: \"true\" or \"false\". When the value is not set in the configuration the provider will put \"default\" there which means to use the Snowflake default for this value.","description_kind":"plain","optional":true},"log_level":{"type":"string","description":"LOG_LEVEL to use when filtering events For more information, check [LOG_LEVEL docs](https://docs.snowflake.com/en/sql-reference/parameters#log-level).","description_kind":"plain","optional":true,"computed":true},"metric_level":{"type":"string","description":"METRIC_LEVEL value to control whether to emit metrics to Event Table For more information, check [METRIC_LEVEL docs](https://docs.snowflake.com/en/sql-reference/parameters#metric-level).","description_kind":"plain","optional":true,"computed":true},"name":{"type":"string","description":"The name of the procedure; the identifier does not need to be unique for the schema in which the procedure is created because stored procedures are [identified and resolved by the combination of the name and argument types](https://docs.snowflake.com/en/developer-guide/udf-stored-procedure-naming-conventions.html#label-procedure-function-name-overloading). Due to technical limitations (read more [here](../guides/identifiers_rework_design_decisions#known-limitations-and-identifier-recommendations)), avoid using the following characters: `|`, `.`, `\"`.","description_kind":"plain","required":true},"null_input_behavior":{"type":"string","description":"Specifies the behavior of the procedure when called with null inputs. Valid values are (case-insensitive): `CALLED ON NULL INPUT` | `RETURNS NULL ON NULL INPUT`.","description_kind":"plain","optional":true},"packages":{"type":["set","string"],"description":"List of the names of packages deployed in Snowflake that should be included in the handler code’s execution environment. The Snowpark package is required for stored procedures, but is specified in the `snowpark_package` attribute. For more information about Snowpark, see [Snowpark API](https://docs.snowflake.com/en/developer-guide/snowpark/index).","description_kind":"plain","optional":true},"parameters":{"type":["list",["object",{"enable_console_output":["list",["object",{"default":"string","description":"string","key":"string","level":"string","value":"string"}]],"log_level":["list",["object",{"default":"string","description":"string","key":"string","level":"string","value":"string"}]],"metric_level":["list",["object",{"default":"string","description":"string","key":"string","level":"string","value":"string"}]],"trace_level":["list",["object",{"default":"string","description":"string","key":"string","level":"string","value":"string"}]]}]],"description":"Outputs the result of `SHOW PARAMETERS IN PROCEDURE` for the given procedure.","description_kind":"plain","computed":true},"procedure_definition":{"type":"string","description":"Defines the code executed by the stored procedure. The definition can consist of any valid code. Wrapping `$$` signs are added by the provider automatically; do not include them. The `procedure_definition` value must be Scala source code. For more information, see [Scala (using Snowpark)](https://docs.snowflake.com/en/developer-guide/stored-procedure/stored-procedures-scala). To mitigate permadiff on this field, the provider replaces blank characters with a space. This can lead to false positives in cases where a change in case or run of whitespace is semantically significant.","description_kind":"plain","optional":true},"procedure_language":{"type":"string","description":"Specifies language for the procedure. Used to detect external changes.","description_kind":"plain","computed":true},"return_type":{"type":"string","description":"Specifies the type of the result returned by the stored procedure. For `\u003cresult_data_type\u003e`, use the Snowflake data type that corresponds to the type of the language that you are using (see [SQL-Scala Data Type Mappings](https://docs.snowflake.com/en/developer-guide/udf-stored-procedure-data-type-mapping.html#label-sql-types-to-scala-types)). For `RETURNS TABLE ( [ col_name col_data_type [ , ... ] ] )`, if you know the Snowflake data types of the columns in the returned table, specify the column names and types. Otherwise (e.g. if you are determining the column types during run time), you can omit the column names and types (i.e. `TABLE ()`).","description_kind":"plain","required":true},"runtime_version":{"type":"string","description":"The language runtime version to use. Currently, the supported versions are: 2.12.","description_kind":"plain","required":true},"schema":{"type":"string","description":"The schema in which to create the procedure. Due to technical limitations (read more [here](../guides/identifiers_rework_design_decisions#known-limitations-and-identifier-recommendations)), avoid using the following characters: `|`, `.`, `\"`.","description_kind":"plain","required":true},"show_output":{"type":["list",["object",{"arguments_raw":"string","catalog_name":"string","created_on":"string","description":"string","external_access_integrations":"string","is_aggregate":"bool","is_ansi":"bool","is_builtin":"bool","is_secure":"bool","is_table_function":"bool","max_num_arguments":"number","min_num_arguments":"number","name":"string","schema_name":"string","secrets":"string","valid_for_clustering":"bool"}]],"description":"Outputs the result of `SHOW PROCEDURE` for the given procedure.","description_kind":"plain","computed":true},"snowpark_package":{"type":"string","description":"The Snowpark package is required for stored procedures, so it must always be present. For more information about Snowpark, see [Snowpark API](https://docs.snowflake.com/en/developer-guide/snowpark/index).","description_kind":"plain","required":true},"trace_level":{"type":"string","description":"Trace level value to use when generating/filtering trace events For more information, check [TRACE_LEVEL docs](https://docs.snowflake.com/en/sql-reference/parameters#trace-level).","description_kind":"plain","optional":true,"computed":true}},"block_types":{"arguments":{"nesting_mode":"list","block":{"attributes":{"arg_data_type":{"type":"string","description":"The argument type.","description_kind":"plain","required":true},"arg_default_value":{"type":"string","description":"Optional default value for the argument. For text values use single quotes. Numeric values can be unquoted. External changes for this field won't be detected. In case you want to apply external changes, you can re-create the resource manually using \"terraform taint\".","description_kind":"plain","optional":true},"arg_name":{"type":"string","description":"The argument name. The provider wraps it in double quotes by default, so be aware of that while referencing the argument in the procedure definition.","description_kind":"plain","required":true}},"description":"List of the arguments for the procedure. Consult the [docs](https://docs.snowflake.com/en/sql-reference/sql/create-procedure#all-languages) for more details.","description_kind":"plain"}},"imports":{"nesting_mode":"set","block":{"attributes":{"path_on_stage":{"type":"string","description":"Path for import on stage, without the leading `/`.","description_kind":"plain","required":true},"stage_location":{"type":"string","description":"Stage location without leading `@`. To use your user's stage set this to `~`, otherwise pass fully qualified name of the stage (with every part contained in double quotes or use `snowflake_stage.\u003cyour stage's resource name\u003e.fully_qualified_name` if you manage this stage through terraform).","description_kind":"plain","required":true}},"description":"The location (stage), path, and name of the file(s) to import. You must set the IMPORTS clause to include any files that your stored procedure depends on. If you are writing an in-line stored procedure, you can omit this clause, unless your code depends on classes defined outside the stored procedure or resource files. If you are writing a stored procedure with a staged handler, you must also include a path to the JAR file containing the stored procedure’s handler code. The IMPORTS definition cannot reference variables from arguments that are passed into the stored procedure. Each file in the IMPORTS clause must have a unique name, even if the files are in different subdirectories or different stages.","description_kind":"plain"}},"secrets":{"nesting_mode":"set","block":{"attributes":{"secret_id":{"type":"string","description":"Fully qualified name of the allowed [secret](https://docs.snowflake.com/en/sql-reference/sql/create-secret). You will receive an error if you specify a SECRETS value whose secret isn’t also included in an integration specified by the EXTERNAL_ACCESS_INTEGRATIONS parameter.","description_kind":"plain","required":true},"secret_variable_name":{"type":"string","description":"The variable that will be used in handler code when retrieving information from the secret.","description_kind":"plain","required":true}},"description":"Assigns the names of [secrets](https://docs.snowflake.com/en/sql-reference/sql/create-secret) to variables so that you can use the variables to reference the secrets when retrieving information from secrets in handler code. Secrets you specify here must be allowed by the [external access integration](https://docs.snowflake.com/en/sql-reference/sql/create-external-access-integration) specified as a value of this CREATE FUNCTION command’s EXTERNAL_ACCESS_INTEGRATIONS parameter.","description_kind":"plain"}},"target_path":{"nesting_mode":"set","block":{"attributes":{"path_on_stage":{"type":"string","description":"Path for import on stage, without the leading `/`.","description_kind":"plain","required":true},"stage_location":{"type":"string","description":"Stage location without leading `@`. To use your user's stage set this to `~`, otherwise pass fully qualified name of the stage (with every part contained in double quotes or use `snowflake_stage.\u003cyour stage's resource name\u003e.fully_qualified_name` if you manage this stage through terraform).","description_kind":"plain","required":true}},"description":"Use the fully qualified name of the method or function for the stored procedure. This is typically in the following form: `com.my_company.my_package.MyClass.myMethod` where `com.my_company.my_package` corresponds to the package containing the object or class: `package com.my_company.my_package;`.","description_kind":"plain"},"max_items":1},"timeouts":{"nesting_mode":"single","block":{"attributes":{"create":{"type":"string","description_kind":"plain","optional":true},"delete":{"type":"string","description_kind":"plain","optional":true},"read":{"type":"string","description_kind":"plain","optional":true},"update":{"type":"string","description_kind":"plain","optional":true}},"description_kind":"plain"}}},"description":"Resource used to manage scala procedure objects. For more information, check [procedure documentation](https://docs.snowflake.com/en/sql-reference/sql/create-procedure).","description_kind":"plain"}},"snowflake_procedure_sql":{"version":0,"block":{"attributes":{"comment":{"type":"string","description":"(Default: `user-defined procedure`) Specifies a comment for the procedure.","description_kind":"plain","optional":true},"database":{"type":"string","description":"The database in which to create the procedure. Due to technical limitations (read more [here](../guides/identifiers_rework_design_decisions#known-limitations-and-identifier-recommendations)), avoid using the following characters: `|`, `.`, `\"`.","description_kind":"plain","required":true},"enable_console_output":{"type":"bool","description":"Enable stdout/stderr fast path logging for anonyous stored procs. This is a public parameter (similar to LOG_LEVEL). For more information, check [ENABLE_CONSOLE_OUTPUT docs](https://docs.snowflake.com/en/sql-reference/parameters#enable-console-output).","description_kind":"plain","optional":true,"computed":true},"execute_as":{"type":"string","description":"Specifies whether the stored procedure executes with the privileges of the owner (an “owner’s rights” stored procedure) or with the privileges of the caller (a “caller’s rights” stored procedure). If you execute the statement CREATE PROCEDURE … EXECUTE AS CALLER, then in the future the procedure will execute as a caller’s rights procedure. If you execute CREATE PROCEDURE … EXECUTE AS OWNER, then the procedure will execute as an owner’s rights procedure. For more information, see [Understanding caller’s rights and owner’s rights stored procedures](https://docs.snowflake.com/en/developer-guide/stored-procedure/stored-procedures-rights). Valid values are (case-insensitive): `CALLER` | `OWNER`.","description_kind":"plain","optional":true},"fully_qualified_name":{"type":"string","description":"Fully qualified name of the resource. For more information, see [object name resolution](https://docs.snowflake.com/en/sql-reference/name-resolution).","description_kind":"plain","computed":true},"id":{"type":"string","description_kind":"plain","optional":true,"computed":true},"is_secure":{"type":"string","description":"(Default: fallback to Snowflake default - uses special value that cannot be set in the configuration manually (`default`)) Specifies that the procedure is secure. For more information about secure procedures, see [Protecting Sensitive Information with Secure UDFs and Stored Procedures](https://docs.snowflake.com/en/developer-guide/secure-udf-procedure). Available options are: \"true\" or \"false\". When the value is not set in the configuration the provider will put \"default\" there which means to use the Snowflake default for this value.","description_kind":"plain","optional":true},"log_level":{"type":"string","description":"LOG_LEVEL to use when filtering events For more information, check [LOG_LEVEL docs](https://docs.snowflake.com/en/sql-reference/parameters#log-level).","description_kind":"plain","optional":true,"computed":true},"metric_level":{"type":"string","description":"METRIC_LEVEL value to control whether to emit metrics to Event Table For more information, check [METRIC_LEVEL docs](https://docs.snowflake.com/en/sql-reference/parameters#metric-level).","description_kind":"plain","optional":true,"computed":true},"name":{"type":"string","description":"The name of the procedure; the identifier does not need to be unique for the schema in which the procedure is created because stored procedures are [identified and resolved by the combination of the name and argument types](https://docs.snowflake.com/en/developer-guide/udf-stored-procedure-naming-conventions.html#label-procedure-function-name-overloading). Due to technical limitations (read more [here](../guides/identifiers_rework_design_decisions#known-limitations-and-identifier-recommendations)), avoid using the following characters: `|`, `.`, `\"`.","description_kind":"plain","required":true},"null_input_behavior":{"type":"string","description":"Specifies the behavior of the procedure when called with null inputs. Valid values are (case-insensitive): `CALLED ON NULL INPUT` | `RETURNS NULL ON NULL INPUT`.","description_kind":"plain","optional":true},"parameters":{"type":["list",["object",{"enable_console_output":["list",["object",{"default":"string","description":"string","key":"string","level":"string","value":"string"}]],"log_level":["list",["object",{"default":"string","description":"string","key":"string","level":"string","value":"string"}]],"metric_level":["list",["object",{"default":"string","description":"string","key":"string","level":"string","value":"string"}]],"trace_level":["list",["object",{"default":"string","description":"string","key":"string","level":"string","value":"string"}]]}]],"description":"Outputs the result of `SHOW PARAMETERS IN PROCEDURE` for the given procedure.","description_kind":"plain","computed":true},"procedure_definition":{"type":"string","description":"Defines the code executed by the stored procedure. The definition can consist of any valid code. Wrapping `$$` signs are added by the provider automatically; do not include them. The `procedure_definition` value must be SQL source code. For more information, see [Snowflake Scripting](https://docs.snowflake.com/en/developer-guide/snowflake-scripting/index). To mitigate permadiff on this field, the provider replaces blank characters with a space. This can lead to false positives in cases where a change in case or run of whitespace is semantically significant.","description_kind":"plain","required":true},"procedure_language":{"type":"string","description":"Specifies language for the procedure. Used to detect external changes.","description_kind":"plain","computed":true},"return_type":{"type":"string","description":"Specifies the type of the result returned by the stored procedure. For `\u003cresult_data_type\u003e`, use the Snowflake data type that corresponds to the type of the language that you are using (see [SQL data type](https://docs.snowflake.com/en/sql-reference-data-types)). For `RETURNS TABLE ( [ col_name col_data_type [ , ... ] ] )`, if you know the Snowflake data types of the columns in the returned table, specify the column names and types. Otherwise (e.g. if you are determining the column types during run time), you can omit the column names and types (i.e. `TABLE ()`).","description_kind":"plain","required":true},"schema":{"type":"string","description":"The schema in which to create the procedure. Due to technical limitations (read more [here](../guides/identifiers_rework_design_decisions#known-limitations-and-identifier-recommendations)), avoid using the following characters: `|`, `.`, `\"`.","description_kind":"plain","required":true},"show_output":{"type":["list",["object",{"arguments_raw":"string","catalog_name":"string","created_on":"string","description":"string","external_access_integrations":"string","is_aggregate":"bool","is_ansi":"bool","is_builtin":"bool","is_secure":"bool","is_table_function":"bool","max_num_arguments":"number","min_num_arguments":"number","name":"string","schema_name":"string","secrets":"string","valid_for_clustering":"bool"}]],"description":"Outputs the result of `SHOW PROCEDURE` for the given procedure.","description_kind":"plain","computed":true},"trace_level":{"type":"string","description":"Trace level value to use when generating/filtering trace events For more information, check [TRACE_LEVEL docs](https://docs.snowflake.com/en/sql-reference/parameters#trace-level).","description_kind":"plain","optional":true,"computed":true}},"block_types":{"arguments":{"nesting_mode":"list","block":{"attributes":{"arg_data_type":{"type":"string","description":"The argument type.","description_kind":"plain","required":true},"arg_default_value":{"type":"string","description":"Optional default value for the argument. For text values use single quotes. Numeric values can be unquoted. External changes for this field won't be detected. In case you want to apply external changes, you can re-create the resource manually using \"terraform taint\".","description_kind":"plain","optional":true},"arg_name":{"type":"string","description":"The argument name. The provider wraps it in double quotes by default, so be aware of that while referencing the argument in the procedure definition.","description_kind":"plain","required":true}},"description":"List of the arguments for the procedure. Consult the [docs](https://docs.snowflake.com/en/sql-reference/sql/create-procedure#all-languages) for more details.","description_kind":"plain"}},"timeouts":{"nesting_mode":"single","block":{"attributes":{"create":{"type":"string","description_kind":"plain","optional":true},"delete":{"type":"string","description_kind":"plain","optional":true},"read":{"type":"string","description_kind":"plain","optional":true},"update":{"type":"string","description_kind":"plain","optional":true}},"description_kind":"plain"}}},"description":"Resource used to manage sql procedure objects. For more information, check [procedure documentation](https://docs.snowflake.com/en/sql-reference/sql/create-procedure).","description_kind":"plain"}},"snowflake_resource_monitor":{"version":0,"block":{"attributes":{"credit_quota":{"type":"number","description":"The number of credits allocated to the resource monitor per frequency interval. When total usage for all warehouses assigned to the monitor reaches this number for the current frequency interval, the resource monitor is considered to be at 100% of quota.","description_kind":"plain","optional":true},"end_timestamp":{"type":"string","description":"The date and time when the resource monitor suspends the assigned warehouses.","description_kind":"plain","optional":true},"frequency":{"type":"string","description":"The frequency interval at which the credit usage resets to 0. Valid values are (case-insensitive): `MONTHLY` | `DAILY` | `WEEKLY` | `YEARLY` | `NEVER`. If you set a `frequency` for a resource monitor, you must also set `start_timestamp`. If you specify `NEVER` for the frequency, the credit usage for the warehouse does not reset. After removing this field from the config, the previously set value will be preserved on the Snowflake side, not the default value. That's due to Snowflake limitation and the lack of unset functionality for this parameter.","description_kind":"plain","optional":true},"fully_qualified_name":{"type":"string","description":"Fully qualified name of the resource. For more information, see [object name resolution](https://docs.snowflake.com/en/sql-reference/name-resolution).","description_kind":"plain","computed":true},"id":{"type":"string","description_kind":"plain","optional":true,"computed":true},"name":{"type":"string","description":"Identifier for the resource monitor; must be unique for your account. Due to technical limitations (read more [here](../guides/identifiers_rework_design_decisions#known-limitations-and-identifier-recommendations)), avoid using the following characters: `|`, `.`, `\"`.","description_kind":"plain","required":true},"notify_triggers":{"type":["set","number"],"description":"Specifies a list of percentages of the credit quota. After reaching any of the values the users passed in the notify_users field will be notified (to receive the notification they should have notifications enabled). Values over 100 are supported.","description_kind":"plain","optional":true},"notify_users":{"type":["set","string"],"description":"Specifies the list of users (their identifiers) to receive email notifications on resource monitors. For more information about this resource, see [docs](./user).","description_kind":"plain","optional":true},"show_output":{"type":["list",["object",{"comment":"string","created_on":"string","credit_quota":"number","end_time":"string","frequency":"string","level":"string","name":"string","owner":"string","remaining_credits":"number","start_time":"string","suspend_at":"number","suspend_immediate_at":"number","used_credits":"number"}]],"description":"Outputs the result of `SHOW RESOURCE MONITORS` for the given resource monitor.","description_kind":"plain","computed":true},"start_timestamp":{"type":"string","description":"The date and time when the resource monitor starts monitoring credit usage for the assigned warehouses. If you set a `start_timestamp` for a resource monitor, you must also set `frequency`.  After removing this field from the config, the previously set value will be preserved on the Snowflake side, not the default value. That's due to Snowflake limitation and the lack of unset functionality for this parameter.","description_kind":"plain","optional":true},"suspend_immediate_trigger":{"type":"number","description":"Represents a numeric value specified as a percentage of the credit quota. Values over 100 are supported. After reaching this value, all assigned warehouses immediately cancel any currently running queries or statements. In addition, this action sends a notification to all users who have enabled notifications for themselves.","description_kind":"plain","optional":true},"suspend_trigger":{"type":"number","description":"Represents a numeric value specified as a percentage of the credit quota. Values over 100 are supported. After reaching this value, all assigned warehouses while allowing currently running queries to complete will be suspended. No new queries can be executed by the warehouses until the credit quota for the resource monitor is increased. In addition, this action sends a notification to all users who have enabled notifications for themselves.","description_kind":"plain","optional":true}},"block_types":{"timeouts":{"nesting_mode":"single","block":{"attributes":{"create":{"type":"string","description_kind":"plain","optional":true},"delete":{"type":"string","description_kind":"plain","optional":true},"read":{"type":"string","description_kind":"plain","optional":true},"update":{"type":"string","description_kind":"plain","optional":true}},"description_kind":"plain"}}},"description":"Resource used to manage resource monitor objects. For more information, check [resource monitor documentation](https://docs.snowflake.com/en/user-guide/resource-monitors).","description_kind":"plain"}},"snowflake_row_access_policy":{"version":2,"block":{"attributes":{"body":{"type":"string","description":"Specifies the SQL expression. The expression can be any boolean-valued SQL expression. To mitigate permadiff on this field, the provider replaces blank characters with a space. This can lead to false positives in cases where a change in case or run of whitespace is semantically significant.","description_kind":"plain","required":true},"comment":{"type":"string","description":"Specifies a comment for the row access policy.","description_kind":"plain","optional":true},"database":{"type":"string","description":"The database in which to create the row access policy. Due to technical limitations (read more [here](../guides/identifiers_rework_design_decisions#known-limitations-and-identifier-recommendations)), avoid using the following characters: `|`, `.`, `\"`.","description_kind":"plain","required":true},"describe_output":{"type":["list",["object",{"body":"string","name":"string","return_type":"string","signature":["list",["object",{"name":"string","type":"string"}]]}]],"description":"Outputs the result of `DESCRIBE ROW ACCESS POLICY` for the given row access policy.","description_kind":"plain","computed":true},"fully_qualified_name":{"type":"string","description":"Fully qualified name of the resource. For more information, see [object name resolution](https://docs.snowflake.com/en/sql-reference/name-resolution).","description_kind":"plain","computed":true},"id":{"type":"string","description_kind":"plain","optional":true,"computed":true},"name":{"type":"string","description":"Specifies the identifier for the row access policy; must be unique for the database and schema in which the row access policy is created. Due to technical limitations (read more [here](../guides/identifiers_rework_design_decisions#known-limitations-and-identifier-recommendations)), avoid using the following characters: `|`, `.`, `\"`.","description_kind":"plain","required":true},"schema":{"type":"string","description":"The schema in which to create the row access policy. Due to technical limitations (read more [here](../guides/identifiers_rework_design_decisions#known-limitations-and-identifier-recommendations)), avoid using the following characters: `|`, `.`, `\"`.","description_kind":"plain","required":true},"show_output":{"type":["list",["object",{"comment":"string","created_on":"string","database_name":"string","kind":"string","name":"string","options":"string","owner":"string","owner_role_type":"string","schema_name":"string"}]],"description":"Outputs the result of `SHOW ROW ACCESS POLICIES` for the given row access policy.","description_kind":"plain","computed":true}},"block_types":{"argument":{"nesting_mode":"list","block":{"attributes":{"name":{"type":"string","description":"The argument name","description_kind":"plain","required":true},"type":{"type":"string","description":"The argument type. VECTOR data types are not yet supported. For more information about data types, check [Snowflake docs](https://docs.snowflake.com/en/sql-reference/intro-summary-data-types).","description_kind":"plain","required":true}},"description":"List of the arguments for the row access policy. A signature specifies a set of attributes that must be considered to determine whether the row is accessible. The attribute values come from the database object (e.g. table or view) to be protected by the row access policy. If any argument name or type is changed, the resource is recreated.","description_kind":"plain"},"min_items":1},"timeouts":{"nesting_mode":"single","block":{"attributes":{"create":{"type":"string","description_kind":"plain","optional":true},"delete":{"type":"string","description_kind":"plain","optional":true},"read":{"type":"string","description_kind":"plain","optional":true},"update":{"type":"string","description_kind":"plain","optional":true}},"description_kind":"plain"}}},"description":"Resource used to manage row access policy objects. For more information, check [row access policy documentation](https://docs.snowflake.com/en/sql-reference/sql/create-row-access-policy).","description_kind":"plain"}},"snowflake_saml2_integration":{"version":0,"block":{"attributes":{"allowed_email_patterns":{"type":["set","string"],"description":"A list of regular expressions that email addresses are matched against to authenticate with a SAML2 security integration. If this field changes value from non-empty to empty, the whole resource is recreated because of Snowflake limitations.","description_kind":"plain","optional":true},"allowed_user_domains":{"type":["set","string"],"description":"A list of email domains that can authenticate with a SAML2 security integration. If this field changes value from non-empty to empty, the whole resource is recreated because of Snowflake limitations.","description_kind":"plain","optional":true},"comment":{"type":"string","description":"Specifies a comment for the integration.","description_kind":"plain","optional":true},"describe_output":{"type":["list",["object",{"allowed_email_patterns":["list",["object",{"default":"string","name":"string","type":"string","value":"string"}]],"allowed_user_domains":["list",["object",{"default":"string","name":"string","type":"string","value":"string"}]],"comment":["list",["object",{"default":"string","name":"string","type":"string","value":"string"}]],"saml2_digest_methods_used":["list",["object",{"default":"string","name":"string","type":"string","value":"string"}]],"saml2_enable_sp_initiated":["list",["object",{"default":"string","name":"string","type":"string","value":"string"}]],"saml2_force_authn":["list",["object",{"default":"string","name":"string","type":"string","value":"string"}]],"saml2_issuer":["list",["object",{"default":"string","name":"string","type":"string","value":"string"}]],"saml2_post_logout_redirect_url":["list",["object",{"default":"string","name":"string","type":"string","value":"string"}]],"saml2_provider":["list",["object",{"default":"string","name":"string","type":"string","value":"string"}]],"saml2_requested_nameid_format":["list",["object",{"default":"string","name":"string","type":"string","value":"string"}]],"saml2_sign_request":["list",["object",{"default":"string","name":"string","type":"string","value":"string"}]],"saml2_signature_methods_used":["list",["object",{"default":"string","name":"string","type":"string","value":"string"}]],"saml2_snowflake_acs_url":["list",["object",{"default":"string","name":"string","type":"string","value":"string"}]],"saml2_snowflake_issuer_url":["list",["object",{"default":"string","name":"string","type":"string","value":"string"}]],"saml2_snowflake_metadata":["list",["object",{"default":"string","name":"string","type":"string","value":"string"}]],"saml2_sp_initiated_login_page_label":["list",["object",{"default":"string","name":"string","type":"string","value":"string"}]],"saml2_sso_url":["list",["object",{"default":"string","name":"string","type":"string","value":"string"}]]}]],"description":"Outputs the result of `DESCRIBE SECURITY INTEGRATION` for the given integration.","description_kind":"plain","computed":true},"enabled":{"type":"string","description":"(Default: fallback to Snowflake default - uses special value that cannot be set in the configuration manually (`default`)) Specifies whether this security integration is enabled or disabled. Available options are: \"true\" or \"false\". When the value is not set in the configuration the provider will put \"default\" there which means to use the Snowflake default for this value.","description_kind":"plain","optional":true},"fully_qualified_name":{"type":"string","description":"Fully qualified name of the resource. For more information, see [object name resolution](https://docs.snowflake.com/en/sql-reference/name-resolution).","description_kind":"plain","computed":true},"id":{"type":"string","description_kind":"plain","optional":true,"computed":true},"name":{"type":"string","description":"Specifies the name of the SAML2 integration. This name follows the rules for Object Identifiers. The name should be unique among security integrations in your account. Due to technical limitations (read more [here](../guides/identifiers_rework_design_decisions#known-limitations-and-identifier-recommendations)), avoid using the following characters: `|`, `.`, `\"`.","description_kind":"plain","required":true},"saml2_enable_sp_initiated":{"type":"string","description":"(Default: fallback to Snowflake default - uses special value that cannot be set in the configuration manually (`default`)) The Boolean indicating if the Log In With button will be shown on the login page. TRUE: displays the Log in With button on the login page. FALSE: does not display the Log in With button on the login page. Available options are: \"true\" or \"false\". When the value is not set in the configuration the provider will put \"default\" there which means to use the Snowflake default for this value.","description_kind":"plain","optional":true},"saml2_force_authn":{"type":"string","description":"(Default: fallback to Snowflake default - uses special value that cannot be set in the configuration manually (`default`)) The Boolean indicating whether users, during the initial authentication flow, are forced to authenticate again to access Snowflake. When set to TRUE, Snowflake sets the ForceAuthn SAML parameter to TRUE in the outgoing request from Snowflake to the identity provider. TRUE: forces users to authenticate again to access Snowflake, even if a valid session with the identity provider exists. FALSE: does not force users to authenticate again to access Snowflake. Available options are: \"true\" or \"false\". When the value is not set in the configuration the provider will put \"default\" there which means to use the Snowflake default for this value.","description_kind":"plain","optional":true},"saml2_issuer":{"type":"string","description":"The string containing the IdP EntityID / Issuer.","description_kind":"plain","required":true},"saml2_post_logout_redirect_url":{"type":"string","description":"The endpoint to which Snowflake redirects users after clicking the Log Out button in the classic Snowflake web interface. Snowflake terminates the Snowflake session upon redirecting to the specified endpoint.","description_kind":"plain","optional":true},"saml2_provider":{"type":"string","description":"The string describing the IdP. Valid options are: `OKTA` | `ADFS` | `CUSTOM`.","description_kind":"plain","required":true},"saml2_requested_nameid_format":{"type":"string","description":"The SAML NameID format allows Snowflake to set an expectation of the identifying attribute of the user (i.e. SAML Subject) in the SAML assertion from the IdP to ensure a valid authentication to Snowflake. Valid options are: `urn:oasis:names:tc:SAML:1.1:nameid-format:unspecified` | `urn:oasis:names:tc:SAML:1.1:nameid-format:emailAddress` | `urn:oasis:names:tc:SAML:1.1:nameid-format:X509SubjectName` | `urn:oasis:names:tc:SAML:1.1:nameid-format:WindowsDomainQualifiedName` | `urn:oasis:names:tc:SAML:2.0:nameid-format:kerberos` | `urn:oasis:names:tc:SAML:2.0:nameid-format:persistent` | `urn:oasis:names:tc:SAML:2.0:nameid-format:transient`.","description_kind":"plain","optional":true},"saml2_sign_request":{"type":"string","description":"(Default: fallback to Snowflake default - uses special value that cannot be set in the configuration manually (`default`)) The Boolean indicating whether SAML requests are signed. TRUE: allows SAML requests to be signed. FALSE: does not allow SAML requests to be signed. Available options are: \"true\" or \"false\". When the value is not set in the configuration the provider will put \"default\" there which means to use the Snowflake default for this value.","description_kind":"plain","optional":true},"saml2_snowflake_acs_url":{"type":"string","description":"The string containing the Snowflake Assertion Consumer Service URL to which the IdP will send its SAML authentication response back to Snowflake. This property will be set in the SAML authentication request generated by Snowflake when initiating a SAML SSO operation with the IdP. If an incorrect value is specified, Snowflake returns an error message indicating the acceptable values to use. Because Okta does not support underscores in URLs, the underscore in the account name must be converted to a hyphen. See [docs](https://docs.snowflake.com/en/user-guide/organizations-connect#okta-urls).","description_kind":"plain","optional":true},"saml2_snowflake_issuer_url":{"type":"string","description":"The string containing the EntityID / Issuer for the Snowflake service provider. If an incorrect value is specified, Snowflake returns an error message indicating the acceptable values to use. Because Okta does not support underscores in URLs, the underscore in the account name must be converted to a hyphen. See [docs](https://docs.snowflake.com/en/user-guide/organizations-connect#okta-urls).","description_kind":"plain","optional":true},"saml2_sp_initiated_login_page_label":{"type":"string","description":"The string containing the label to display after the Log In With button on the login page. If this field changes value from non-empty to empty, the whole resource is recreated because of Snowflake limitations.","description_kind":"plain","optional":true},"saml2_sso_url":{"type":"string","description":"The string containing the IdP SSO URL, where the user should be redirected by Snowflake (the Service Provider) with a SAML AuthnRequest message.","description_kind":"plain","required":true},"saml2_x509_cert":{"type":"string","description":"The Base64 encoded IdP signing certificate on a single line without the leading -----BEGIN CERTIFICATE----- and ending -----END CERTIFICATE----- markers.","description_kind":"plain","required":true,"sensitive":true},"show_output":{"type":["list",["object",{"category":"string","comment":"string","created_on":"string","enabled":"bool","integration_type":"string","name":"string"}]],"description":"Outputs the result of `SHOW SECURITY INTEGRATION` for the given integration.","description_kind":"plain","computed":true}},"block_types":{"timeouts":{"nesting_mode":"single","block":{"attributes":{"create":{"type":"string","description_kind":"plain","optional":true},"delete":{"type":"string","description_kind":"plain","optional":true},"read":{"type":"string","description_kind":"plain","optional":true},"update":{"type":"string","description_kind":"plain","optional":true}},"description_kind":"plain"}}},"description":"Resource used to manage SAML2 security integration objects. For more information, check [security integrations documentation](https://docs.snowflake.com/en/sql-reference/sql/create-security-integration-saml2).","description_kind":"plain"}},"snowflake_schema":{"version":2,"block":{"attributes":{"catalog":{"type":"string","description":"The database parameter that specifies the default catalog to use for Iceberg tables. For more information, see [CATALOG](https://docs.snowflake.com/en/sql-reference/parameters#catalog).","description_kind":"plain","optional":true,"computed":true},"comment":{"type":"string","description":"Specifies a comment for the schema.","description_kind":"plain","optional":true},"data_retention_time_in_days":{"type":"number","description":"Specifies the number of days for which Time Travel actions (CLONE and UNDROP) can be performed on the database, as well as specifying the default Time Travel retention time for all schemas created in the database. For more details, see [Understanding \u0026 Using Time Travel](https://docs.snowflake.com/en/user-guide/data-time-travel).","description_kind":"plain","optional":true,"computed":true},"database":{"type":"string","description":"The database in which to create the schema. Due to technical limitations (read more [here](../guides/identifiers_rework_design_decisions#known-limitations-and-identifier-recommendations)), avoid using the following characters: `|`, `.`, `\"`.","description_kind":"plain","required":true},"default_ddl_collation":{"type":"string","description":"Specifies a default collation specification for all schemas and tables added to the database. It can be overridden on schema or table level. For more information, see [collation specification](https://docs.snowflake.com/en/sql-reference/collation#label-collation-specification).","description_kind":"plain","optional":true,"computed":true},"describe_output":{"type":["list",["object",{"created_on":"string","kind":"string","name":"string"}]],"description":"Outputs the result of `DESCRIBE SCHEMA` for the given object. In order to handle this output, one must grant sufficient privileges, e.g. [grant_ownership](./grant_ownership) on all objects in the schema.","description_kind":"plain","computed":true},"enable_console_output":{"type":"bool","description":"If true, enables stdout/stderr fast path logging for anonymous stored procedures.","description_kind":"plain","optional":true,"computed":true},"external_volume":{"type":"string","description":"The database parameter that specifies the default external volume to use for Iceberg tables. For more information, see [EXTERNAL_VOLUME](https://docs.snowflake.com/en/sql-reference/parameters#external-volume).","description_kind":"plain","optional":true,"computed":true},"fully_qualified_name":{"type":"string","description":"Fully qualified name of the resource. For more information, see [object name resolution](https://docs.snowflake.com/en/sql-reference/name-resolution).","description_kind":"plain","computed":true},"id":{"type":"string","description_kind":"plain","optional":true,"computed":true},"is_transient":{"type":"string","description":"(Default: fallback to Snowflake default - uses special value that cannot be set in the configuration manually (`default`)) Specifies the schema as transient. Transient schemas do not have a Fail-safe period so they do not incur additional storage costs once they leave Time Travel; however, this means they are also not protected by Fail-safe in the event of a data loss. Available options are: \"true\" or \"false\". When the value is not set in the configuration the provider will put \"default\" there which means to use the Snowflake default for this value.","description_kind":"plain","optional":true},"log_level":{"type":"string","description":"Specifies the severity level of messages that should be ingested and made available in the active event table. Valid options are: [TRACE DEBUG INFO WARN ERROR FATAL OFF]. Messages at the specified level (and at more severe levels) are ingested. For more information, see [LOG_LEVEL](https://docs.snowflake.com/en/sql-reference/parameters.html#label-log-level).","description_kind":"plain","optional":true,"computed":true},"max_data_extension_time_in_days":{"type":"number","description":"Object parameter that specifies the maximum number of days for which Snowflake can extend the data retention period for tables in the database to prevent streams on the tables from becoming stale. For a detailed description of this parameter, see [MAX_DATA_EXTENSION_TIME_IN_DAYS](https://docs.snowflake.com/en/sql-reference/parameters.html#label-max-data-extension-time-in-days).","description_kind":"plain","optional":true,"computed":true},"name":{"type":"string","description":"Specifies the identifier for the schema; must be unique for the database in which the schema is created. When the name is `PUBLIC`, during creation the provider checks if this schema has already been created and, in such case, `ALTER` is used to match the desired state. Due to technical limitations (read more [here](../guides/identifiers_rework_design_decisions#known-limitations-and-identifier-recommendations)), avoid using the following characters: `|`, `.`, `\"`.","description_kind":"plain","required":true},"parameters":{"type":["list",["object",{"catalog":["list",["object",{"default":"string","description":"string","key":"string","level":"string","value":"string"}]],"data_retention_time_in_days":["list",["object",{"default":"string","description":"string","key":"string","level":"string","value":"string"}]],"default_ddl_collation":["list",["object",{"default":"string","description":"string","key":"string","level":"string","value":"string"}]],"enable_console_output":["list",["object",{"default":"string","description":"string","key":"string","level":"string","value":"string"}]],"external_volume":["list",["object",{"default":"string","description":"string","key":"string","level":"string","value":"string"}]],"log_level":["list",["object",{"default":"string","description":"string","key":"string","level":"string","value":"string"}]],"max_data_extension_time_in_days":["list",["object",{"default":"string","description":"string","key":"string","level":"string","value":"string"}]],"pipe_execution_paused":["list",["object",{"default":"string","description":"string","key":"string","level":"string","value":"string"}]],"quoted_identifiers_ignore_case":["list",["object",{"default":"string","description":"string","key":"string","level":"string","value":"string"}]],"replace_invalid_characters":["list",["object",{"default":"string","description":"string","key":"string","level":"string","value":"string"}]],"storage_serialization_policy":["list",["object",{"default":"string","description":"string","key":"string","level":"string","value":"string"}]],"suspend_task_after_num_failures":["list",["object",{"default":"string","description":"string","key":"string","level":"string","value":"string"}]],"task_auto_retry_attempts":["list",["object",{"default":"string","description":"string","key":"string","level":"string","value":"string"}]],"trace_level":["list",["object",{"default":"string","description":"string","key":"string","level":"string","value":"string"}]],"user_task_managed_initial_warehouse_size":["list",["object",{"default":"string","description":"string","key":"string","level":"string","value":"string"}]],"user_task_minimum_trigger_interval_in_seconds":["list",["object",{"default":"string","description":"string","key":"string","level":"string","value":"string"}]],"user_task_timeout_ms":["list",["object",{"default":"string","description":"string","key":"string","level":"string","value":"string"}]]}]],"description":"Outputs the result of `SHOW PARAMETERS IN SCHEMA` for the given object.","description_kind":"plain","computed":true},"pipe_execution_paused":{"type":"bool","description":"Specifies whether to pause a running pipe, primarily in preparation for transferring ownership of the pipe to a different role. For more information, check [PIPE_EXECUTION_PAUSED docs](https://docs.snowflake.com/en/sql-reference/parameters#pipe-execution-paused).","description_kind":"plain","optional":true,"computed":true},"quoted_identifiers_ignore_case":{"type":"bool","description":"If true, the case of quoted identifiers is ignored. For more information, see [QUOTED_IDENTIFIERS_IGNORE_CASE](https://docs.snowflake.com/en/sql-reference/parameters#quoted-identifiers-ignore-case).","description_kind":"plain","optional":true,"computed":true},"replace_invalid_characters":{"type":"bool","description":"Specifies whether to replace invalid UTF-8 characters with the Unicode replacement character (�) in query results for an Iceberg table. You can only set this parameter for tables that use an external Iceberg catalog. For more information, see [REPLACE_INVALID_CHARACTERS](https://docs.snowflake.com/en/sql-reference/parameters#replace-invalid-characters).","description_kind":"plain","optional":true,"computed":true},"show_output":{"type":["list",["object",{"comment":"string","created_on":"string","database_name":"string","dropped_on":"string","is_current":"bool","is_default":"bool","name":"string","options":"string","owner":"string","owner_role_type":"string","retention_time":"string"}]],"description":"Outputs the result of `SHOW SCHEMA` for the given object.","description_kind":"plain","computed":true},"storage_serialization_policy":{"type":"string","description":"The storage serialization policy for Iceberg tables that use Snowflake as the catalog. Valid options are: [COMPATIBLE OPTIMIZED]. COMPATIBLE: Snowflake performs encoding and compression of data files that ensures interoperability with third-party compute engines. OPTIMIZED: Snowflake performs encoding and compression of data files that ensures the best table performance within Snowflake. For more information, see [STORAGE_SERIALIZATION_POLICY](https://docs.snowflake.com/en/sql-reference/parameters#storage-serialization-policy).","description_kind":"plain","optional":true,"computed":true},"suspend_task_after_num_failures":{"type":"number","description":"How many times a task must fail in a row before it is automatically suspended. 0 disables auto-suspending. For more information, see [SUSPEND_TASK_AFTER_NUM_FAILURES](https://docs.snowflake.com/en/sql-reference/parameters#suspend-task-after-num-failures).","description_kind":"plain","optional":true,"computed":true},"task_auto_retry_attempts":{"type":"number","description":"Maximum automatic retries allowed for a user task. For more information, see [TASK_AUTO_RETRY_ATTEMPTS](https://docs.snowflake.com/en/sql-reference/parameters#task-auto-retry-attempts).","description_kind":"plain","optional":true,"computed":true},"trace_level":{"type":"string","description":"Controls how trace events are ingested into the event table. Valid options are: `ALWAYS` | `ON_EVENT` | `PROPAGATE` | `OFF`. For information about levels, see [TRACE_LEVEL](https://docs.snowflake.com/en/sql-reference/parameters.html#label-trace-level).","description_kind":"plain","optional":true,"computed":true},"user_task_managed_initial_warehouse_size":{"type":"string","description":"The initial size of warehouse to use for managed warehouses in the absence of history. For more information, see [USER_TASK_MANAGED_INITIAL_WAREHOUSE_SIZE](https://docs.snowflake.com/en/sql-reference/parameters#user-task-managed-initial-warehouse-size).","description_kind":"plain","optional":true,"computed":true},"user_task_minimum_trigger_interval_in_seconds":{"type":"number","description":"Minimum amount of time between Triggered Task executions in seconds.","description_kind":"plain","optional":true,"computed":true},"user_task_timeout_ms":{"type":"number","description":"User task execution timeout in milliseconds. For more information, see [USER_TASK_TIMEOUT_MS](https://docs.snowflake.com/en/sql-reference/parameters#user-task-timeout-ms).","description_kind":"plain","optional":true,"computed":true},"with_managed_access":{"type":"string","description":"(Default: fallback to Snowflake default - uses special value that cannot be set in the configuration manually (`default`)) Specifies a managed schema. Managed access schemas centralize privilege management with the schema owner. Available options are: \"true\" or \"false\". When the value is not set in the configuration the provider will put \"default\" there which means to use the Snowflake default for this value.","description_kind":"plain","optional":true}},"block_types":{"timeouts":{"nesting_mode":"single","block":{"attributes":{"create":{"type":"string","description_kind":"plain","optional":true},"delete":{"type":"string","description_kind":"plain","optional":true},"read":{"type":"string","description_kind":"plain","optional":true},"update":{"type":"string","description_kind":"plain","optional":true}},"description_kind":"plain"}}},"description":"Resource used to manage schema objects. For more information, check [schema documentation](https://docs.snowflake.com/en/sql-reference/sql/create-schema).","description_kind":"plain"}},"snowflake_scim_integration":{"version":2,"block":{"attributes":{"comment":{"type":"string","description":"Specifies a comment for the integration.","description_kind":"plain","optional":true},"describe_output":{"type":["list",["object",{"comment":["list",["object",{"default":"string","name":"string","type":"string","value":"string"}]],"enabled":["list",["object",{"default":"string","name":"string","type":"string","value":"string"}]],"network_policy":["list",["object",{"default":"string","name":"string","type":"string","value":"string"}]],"run_as_role":["list",["object",{"default":"string","name":"string","type":"string","value":"string"}]],"sync_password":["list",["object",{"default":"string","name":"string","type":"string","value":"string"}]]}]],"description":"Outputs the result of `DESCRIBE SECURITY INTEGRATIONS` for the given security integration.","description_kind":"plain","computed":true},"enabled":{"type":"bool","description":"Specify whether the security integration is enabled.","description_kind":"plain","required":true},"fully_qualified_name":{"type":"string","description":"Fully qualified name of the resource. For more information, see [object name resolution](https://docs.snowflake.com/en/sql-reference/name-resolution).","description_kind":"plain","computed":true},"id":{"type":"string","description_kind":"plain","optional":true,"computed":true},"name":{"type":"string","description":"String that specifies the identifier (i.e. name) for the integration; must be unique in your account. Due to technical limitations (read more [here](../guides/identifiers_rework_design_decisions#known-limitations-and-identifier-recommendations)), avoid using the following characters: `|`, `.`, `\"`.","description_kind":"plain","required":true},"network_policy":{"type":"string","description":"Specifies an existing network policy that controls SCIM network traffic. For more information about this resource, see [docs](./network_policy).","description_kind":"plain","optional":true},"run_as_role":{"type":"string","description":"Specify the SCIM role in Snowflake that owns any users and roles that are imported from the identity provider into Snowflake using SCIM. Provider assumes that the specified role is already provided. Valid options are: `OKTA_PROVISIONER` | `AAD_PROVISIONER` | `GENERIC_SCIM_PROVISIONER`.","description_kind":"plain","required":true},"scim_client":{"type":"string","description":"Specifies the client type for the scim integration. Valid options are: `OKTA` | `AZURE` | `GENERIC`.","description_kind":"plain","required":true},"show_output":{"type":["list",["object",{"category":"string","comment":"string","created_on":"string","enabled":"bool","integration_type":"string","name":"string"}]],"description":"Outputs the result of `SHOW SECURITY INTEGRATIONS` for the given security integration.","description_kind":"plain","computed":true},"sync_password":{"type":"string","description":"(Default: fallback to Snowflake default - uses special value that cannot be set in the configuration manually (`default`)) Specifies whether to enable or disable the synchronization of a user password from an Okta SCIM client as part of the API request to Snowflake. This property is not supported for Azure SCIM. Available options are: \"true\" or \"false\". When the value is not set in the configuration the provider will put \"default\" there which means to use the Snowflake default for this value.","description_kind":"plain","optional":true}},"block_types":{"timeouts":{"nesting_mode":"single","block":{"attributes":{"create":{"type":"string","description_kind":"plain","optional":true},"delete":{"type":"string","description_kind":"plain","optional":true},"read":{"type":"string","description_kind":"plain","optional":true},"update":{"type":"string","description_kind":"plain","optional":true}},"description_kind":"plain"}}},"description":"Resource used to manage scim security integration objects. For more information, check [security integrations documentation](https://docs.snowflake.com/en/sql-reference/sql/create-security-integration-scim).","description_kind":"plain"}},"snowflake_secondary_connection":{"version":0,"block":{"attributes":{"as_replica_of":{"type":"string","description":"Specifies the identifier for a primary connection from which to create a replica (i.e. a secondary connection). For more information about this resource, see [docs](./primary_connection).","description_kind":"plain","required":true},"comment":{"type":"string","description":"Specifies a comment for the secondary connection.","description_kind":"plain","optional":true},"fully_qualified_name":{"type":"string","description":"Fully qualified name of the resource. For more information, see [object name resolution](https://docs.snowflake.com/en/sql-reference/name-resolution).","description_kind":"plain","computed":true},"id":{"type":"string","description_kind":"plain","optional":true,"computed":true},"is_primary":{"type":"bool","description":"Indicates if the connection primary status has been changed. If change is detected, resource will be recreated.","description_kind":"plain","computed":true},"name":{"type":"string","description":"String that specifies the identifier (i.e. name) for the connection. Must start with an alphabetic character and may only contain letters, decimal digits (0-9), and underscores (_). For a secondary connection, the name must match the name of its primary connection. Due to technical limitations (read more [here](../guides/identifiers_rework_design_decisions#known-limitations-and-identifier-recommendations)), avoid using the following characters: `|`, `.`, `\"`.","description_kind":"plain","required":true},"show_output":{"type":["list",["object",{"account_locator":"string","account_name":"string","comment":"string","connection_url":"string","created_on":"string","failover_allowed_to_accounts":["list","string"],"is_primary":"bool","name":"string","organization_name":"string","primary":"string","region_group":"string","snowflake_region":"string"}]],"description":"Outputs the result of `SHOW CONNECTIONS` for the given connection.","description_kind":"plain","computed":true}},"block_types":{"timeouts":{"nesting_mode":"single","block":{"attributes":{"create":{"type":"string","description_kind":"plain","optional":true},"delete":{"type":"string","description_kind":"plain","optional":true},"read":{"type":"string","description_kind":"plain","optional":true},"update":{"type":"string","description_kind":"plain","optional":true}},"description_kind":"plain"}}},"description":"Resource used to manage secondary (replicated) connections. To manage primary connection check resource [snowflake_primary_connection](./primary_connection). For more information, check [connection documentation](https://docs.snowflake.com/en/sql-reference/sql/create-connection.html).","description_kind":"plain"}},"snowflake_secondary_database":{"version":0,"block":{"attributes":{"as_replica_of":{"type":"string","description":"A fully qualified path to a database to create a replica from. A fully qualified path follows the format of `\"\u003corganization_name\u003e\".\"\u003caccount_name\u003e\".\"\u003cdatabase_name\u003e\"`. For more information about this resource, see [docs](./database).","description_kind":"plain","required":true},"catalog":{"type":"string","description":"The database parameter that specifies the default catalog to use for Iceberg tables. For more information, see [CATALOG](https://docs.snowflake.com/en/sql-reference/parameters#catalog).","description_kind":"plain","optional":true,"computed":true},"comment":{"type":"string","description":"Specifies a comment for the database.","description_kind":"plain","optional":true},"data_retention_time_in_days":{"type":"number","description":"Specifies the number of days for which Time Travel actions (CLONE and UNDROP) can be performed on the database, as well as specifying the default Time Travel retention time for all schemas created in the database. For more details, see [Understanding \u0026 Using Time Travel](https://docs.snowflake.com/en/user-guide/data-time-travel).","description_kind":"plain","optional":true,"computed":true},"default_ddl_collation":{"type":"string","description":"Specifies a default collation specification for all schemas and tables added to the database. It can be overridden on schema or table level. For more information, see [collation specification](https://docs.snowflake.com/en/sql-reference/collation#label-collation-specification).","description_kind":"plain","optional":true,"computed":true},"enable_console_output":{"type":"bool","description":"If true, enables stdout/stderr fast path logging for anonymous stored procedures.","description_kind":"plain","optional":true,"computed":true},"external_volume":{"type":"string","description":"The database parameter that specifies the default external volume to use for Iceberg tables. For more information, see [EXTERNAL_VOLUME](https://docs.snowflake.com/en/sql-reference/parameters#external-volume).","description_kind":"plain","optional":true,"computed":true},"fully_qualified_name":{"type":"string","description":"Fully qualified name of the resource. For more information, see [object name resolution](https://docs.snowflake.com/en/sql-reference/name-resolution).","description_kind":"plain","computed":true},"id":{"type":"string","description_kind":"plain","optional":true,"computed":true},"is_transient":{"type":"bool","description":"Specifies the database as transient. Transient databases do not have a Fail-safe period so they do not incur additional storage costs once they leave Time Travel; however, this means they are also not protected by Fail-safe in the event of a data loss.","description_kind":"plain","optional":true},"log_level":{"type":"string","description":"Specifies the severity level of messages that should be ingested and made available in the active event table. Valid options are: [TRACE DEBUG INFO WARN ERROR FATAL OFF]. Messages at the specified level (and at more severe levels) are ingested. For more information, see [LOG_LEVEL](https://docs.snowflake.com/en/sql-reference/parameters.html#label-log-level).","description_kind":"plain","optional":true,"computed":true},"max_data_extension_time_in_days":{"type":"number","description":"Object parameter that specifies the maximum number of days for which Snowflake can extend the data retention period for tables in the database to prevent streams on the tables from becoming stale. For a detailed description of this parameter, see [MAX_DATA_EXTENSION_TIME_IN_DAYS](https://docs.snowflake.com/en/sql-reference/parameters.html#label-max-data-extension-time-in-days).","description_kind":"plain","optional":true,"computed":true},"name":{"type":"string","description":"Specifies the identifier for the database; must be unique for your account. As a best practice for [Database Replication and Failover](https://docs.snowflake.com/en/user-guide/db-replication-intro), it is recommended to give each secondary database the same name as its primary database. This practice supports referencing fully-qualified objects (i.e. '\u003cdb\u003e.\u003cschema\u003e.\u003cobject\u003e') by other objects in the same database, such as querying a fully-qualified table name in a view. If a secondary database has a different name from the primary database, then these object references would break in the secondary database. Due to technical limitations (read more [here](../guides/identifiers_rework_design_decisions#known-limitations-and-identifier-recommendations)), avoid using the following characters: `|`, `.`, `\"`.","description_kind":"plain","required":true},"quoted_identifiers_ignore_case":{"type":"bool","description":"If true, the case of quoted identifiers is ignored. For more information, see [QUOTED_IDENTIFIERS_IGNORE_CASE](https://docs.snowflake.com/en/sql-reference/parameters#quoted-identifiers-ignore-case).","description_kind":"plain","optional":true,"computed":true},"replace_invalid_characters":{"type":"bool","description":"Specifies whether to replace invalid UTF-8 characters with the Unicode replacement character (�) in query results for an Iceberg table. You can only set this parameter for tables that use an external Iceberg catalog. For more information, see [REPLACE_INVALID_CHARACTERS](https://docs.snowflake.com/en/sql-reference/parameters#replace-invalid-characters).","description_kind":"plain","optional":true,"computed":true},"storage_serialization_policy":{"type":"string","description":"The storage serialization policy for Iceberg tables that use Snowflake as the catalog. Valid options are: [COMPATIBLE OPTIMIZED]. COMPATIBLE: Snowflake performs encoding and compression of data files that ensures interoperability with third-party compute engines. OPTIMIZED: Snowflake performs encoding and compression of data files that ensures the best table performance within Snowflake. For more information, see [STORAGE_SERIALIZATION_POLICY](https://docs.snowflake.com/en/sql-reference/parameters#storage-serialization-policy).","description_kind":"plain","optional":true,"computed":true},"suspend_task_after_num_failures":{"type":"number","description":"How many times a task must fail in a row before it is automatically suspended. 0 disables auto-suspending. For more information, see [SUSPEND_TASK_AFTER_NUM_FAILURES](https://docs.snowflake.com/en/sql-reference/parameters#suspend-task-after-num-failures).","description_kind":"plain","optional":true,"computed":true},"task_auto_retry_attempts":{"type":"number","description":"Maximum automatic retries allowed for a user task. For more information, see [TASK_AUTO_RETRY_ATTEMPTS](https://docs.snowflake.com/en/sql-reference/parameters#task-auto-retry-attempts).","description_kind":"plain","optional":true,"computed":true},"trace_level":{"type":"string","description":"Controls how trace events are ingested into the event table. Valid options are: `ALWAYS` | `ON_EVENT` | `PROPAGATE` | `OFF`. For information about levels, see [TRACE_LEVEL](https://docs.snowflake.com/en/sql-reference/parameters.html#label-trace-level).","description_kind":"plain","optional":true,"computed":true},"user_task_managed_initial_warehouse_size":{"type":"string","description":"The initial size of warehouse to use for managed warehouses in the absence of history. For more information, see [USER_TASK_MANAGED_INITIAL_WAREHOUSE_SIZE](https://docs.snowflake.com/en/sql-reference/parameters#user-task-managed-initial-warehouse-size).","description_kind":"plain","optional":true,"computed":true},"user_task_minimum_trigger_interval_in_seconds":{"type":"number","description":"Minimum amount of time between Triggered Task executions in seconds.","description_kind":"plain","optional":true,"computed":true},"user_task_timeout_ms":{"type":"number","description":"User task execution timeout in milliseconds. For more information, see [USER_TASK_TIMEOUT_MS](https://docs.snowflake.com/en/sql-reference/parameters#user-task-timeout-ms).","description_kind":"plain","optional":true,"computed":true}},"block_types":{"timeouts":{"nesting_mode":"single","block":{"attributes":{"create":{"type":"string","description_kind":"plain","optional":true},"delete":{"type":"string","description_kind":"plain","optional":true},"read":{"type":"string","description_kind":"plain","optional":true},"update":{"type":"string","description_kind":"plain","optional":true}},"description_kind":"plain"}}},"description":"A secondary database creates a replica of an existing primary database (i.e. a secondary database). For more information about database replication, see [Introduction to database replication across multiple accounts](https://docs.snowflake.com/en/user-guide/db-replication-intro).","description_kind":"plain"}},"snowflake_secret_with_authorization_code_grant":{"version":0,"block":{"attributes":{"api_authentication":{"type":"string","description":"Specifies the name value of the Snowflake security integration that connects Snowflake to an external service. For more information about this resource, see [docs](./api_authentication_integration_with_authorization_code_grant).","description_kind":"plain","required":true},"comment":{"type":"string","description":"Specifies a comment for the secret.","description_kind":"plain","optional":true},"database":{"type":"string","description":"The database in which to create the secret Due to technical limitations (read more [here](../guides/identifiers_rework_design_decisions#known-limitations-and-identifier-recommendations)), avoid using the following characters: `|`, `.`, `\"`.","description_kind":"plain","required":true},"describe_output":{"type":["list",["object",{"comment":"string","created_on":"string","database_name":"string","integration_name":"string","name":"string","oauth_access_token_expiry_time":"string","oauth_refresh_token_expiry_time":"string","oauth_scopes":["set","string"],"owner":"string","schema_name":"string","secret_type":"string","username":"string"}]],"description":"Outputs the result of `DESCRIBE SECRET` for the given secret.","description_kind":"plain","computed":true},"fully_qualified_name":{"type":"string","description":"Fully qualified name of the resource. For more information, see [object name resolution](https://docs.snowflake.com/en/sql-reference/name-resolution).","description_kind":"plain","computed":true},"id":{"type":"string","description_kind":"plain","optional":true,"computed":true},"name":{"type":"string","description":"String that specifies the identifier (i.e. name) for the secret, must be unique in your schema. Due to technical limitations (read more [here](../guides/identifiers_rework_design_decisions#known-limitations-and-identifier-recommendations)), avoid using the following characters: `|`, `.`, `\"`.","description_kind":"plain","required":true},"oauth_refresh_token":{"type":"string","description":"Specifies the token as a string that is used to obtain a new access token from the OAuth authorization server when the access token expires. External changes for this field won't be detected. In case you want to apply external changes, you can re-create the resource manually using \"terraform taint\".","description_kind":"plain","required":true,"sensitive":true},"oauth_refresh_token_expiry_time":{"type":"string","description":"Specifies the timestamp as a string when the OAuth refresh token expires. Accepted string formats: YYYY-MM-DD, YYYY-MM-DD HH:MI, YYYY-MM-DD HH:MI:SS, YYYY-MM-DD HH:MI \u003ctimezone\u003e","description_kind":"plain","required":true},"schema":{"type":"string","description":"The schema in which to create the secret. Due to technical limitations (read more [here](../guides/identifiers_rework_design_decisions#known-limitations-and-identifier-recommendations)), avoid using the following characters: `|`, `.`, `\"`.","description_kind":"plain","required":true},"secret_type":{"type":"string","description":"Specifies a type for the secret. This field is used for checking external changes and recreating the resources if needed.","description_kind":"plain","computed":true},"show_output":{"type":["list",["object",{"comment":"string","created_on":"string","database_name":"string","name":"string","oauth_scopes":["set","string"],"owner":"string","owner_role_type":"string","schema_name":"string","secret_type":"string"}]],"description":"Outputs the result of `SHOW SECRETS` for the given secret.","description_kind":"plain","computed":true}},"block_types":{"timeouts":{"nesting_mode":"single","block":{"attributes":{"create":{"type":"string","description_kind":"plain","optional":true},"delete":{"type":"string","description_kind":"plain","optional":true},"read":{"type":"string","description_kind":"plain","optional":true},"update":{"type":"string","description_kind":"plain","optional":true}},"description_kind":"plain"}}},"description":"Resource used to manage secret objects with OAuth Authorization Code Grant. For more information, check [secret documentation](https://docs.snowflake.com/en/sql-reference/sql/create-secret).","description_kind":"plain"}},"snowflake_secret_with_basic_authentication":{"version":0,"block":{"attributes":{"comment":{"type":"string","description":"Specifies a comment for the secret.","description_kind":"plain","optional":true},"database":{"type":"string","description":"The database in which to create the secret Due to technical limitations (read more [here](../guides/identifiers_rework_design_decisions#known-limitations-and-identifier-recommendations)), avoid using the following characters: `|`, `.`, `\"`.","description_kind":"plain","required":true},"describe_output":{"type":["list",["object",{"comment":"string","created_on":"string","database_name":"string","integration_name":"string","name":"string","oauth_access_token_expiry_time":"string","oauth_refresh_token_expiry_time":"string","oauth_scopes":["set","string"],"owner":"string","schema_name":"string","secret_type":"string","username":"string"}]],"description":"Outputs the result of `DESCRIBE SECRET` for the given secret.","description_kind":"plain","computed":true},"fully_qualified_name":{"type":"string","description":"Fully qualified name of the resource. For more information, see [object name resolution](https://docs.snowflake.com/en/sql-reference/name-resolution).","description_kind":"plain","computed":true},"id":{"type":"string","description_kind":"plain","optional":true,"computed":true},"name":{"type":"string","description":"String that specifies the identifier (i.e. name) for the secret, must be unique in your schema. Due to technical limitations (read more [here](../guides/identifiers_rework_design_decisions#known-limitations-and-identifier-recommendations)), avoid using the following characters: `|`, `.`, `\"`.","description_kind":"plain","required":true},"password":{"type":"string","description":"Specifies the password value to store in the secret. External changes for this field won't be detected. In case you want to apply external changes, you can re-create the resource manually using \"terraform taint\".","description_kind":"plain","required":true,"sensitive":true},"schema":{"type":"string","description":"The schema in which to create the secret. Due to technical limitations (read more [here](../guides/identifiers_rework_design_decisions#known-limitations-and-identifier-recommendations)), avoid using the following characters: `|`, `.`, `\"`.","description_kind":"plain","required":true},"secret_type":{"type":"string","description":"Specifies a type for the secret. This field is used for checking external changes and recreating the resources if needed.","description_kind":"plain","computed":true},"show_output":{"type":["list",["object",{"comment":"string","created_on":"string","database_name":"string","name":"string","oauth_scopes":["set","string"],"owner":"string","owner_role_type":"string","schema_name":"string","secret_type":"string"}]],"description":"Outputs the result of `SHOW SECRETS` for the given secret.","description_kind":"plain","computed":true},"username":{"type":"string","description":"Specifies the username value to store in the secret.","description_kind":"plain","required":true,"sensitive":true}},"block_types":{"timeouts":{"nesting_mode":"single","block":{"attributes":{"create":{"type":"string","description_kind":"plain","optional":true},"delete":{"type":"string","description_kind":"plain","optional":true},"read":{"type":"string","description_kind":"plain","optional":true},"update":{"type":"string","description_kind":"plain","optional":true}},"description_kind":"plain"}}},"description":"Resource used to manage secret objects with Basic Authentication. For more information, check [secret documentation](https://docs.snowflake.com/en/sql-reference/sql/create-secret).","description_kind":"plain"}},"snowflake_secret_with_client_credentials":{"version":0,"block":{"attributes":{"api_authentication":{"type":"string","description":"Specifies the name value of the Snowflake security integration that connects Snowflake to an external service. For more information about this resource, see [docs](./api_authentication_integration_with_client_credentials).","description_kind":"plain","required":true},"comment":{"type":"string","description":"Specifies a comment for the secret.","description_kind":"plain","optional":true},"database":{"type":"string","description":"The database in which to create the secret Due to technical limitations (read more [here](../guides/identifiers_rework_design_decisions#known-limitations-and-identifier-recommendations)), avoid using the following characters: `|`, `.`, `\"`.","description_kind":"plain","required":true},"describe_output":{"type":["list",["object",{"comment":"string","created_on":"string","database_name":"string","integration_name":"string","name":"string","oauth_access_token_expiry_time":"string","oauth_refresh_token_expiry_time":"string","oauth_scopes":["set","string"],"owner":"string","schema_name":"string","secret_type":"string","username":"string"}]],"description":"Outputs the result of `DESCRIBE SECRET` for the given secret.","description_kind":"plain","computed":true},"fully_qualified_name":{"type":"string","description":"Fully qualified name of the resource. For more information, see [object name resolution](https://docs.snowflake.com/en/sql-reference/name-resolution).","description_kind":"plain","computed":true},"id":{"type":"string","description_kind":"plain","optional":true,"computed":true},"name":{"type":"string","description":"String that specifies the identifier (i.e. name) for the secret, must be unique in your schema. Due to technical limitations (read more [here](../guides/identifiers_rework_design_decisions#known-limitations-and-identifier-recommendations)), avoid using the following characters: `|`, `.`, `\"`.","description_kind":"plain","required":true},"oauth_scopes":{"type":["set","string"],"description":"Specifies a list of scopes to use when making a request from the OAuth server by a role with USAGE on the integration during the OAuth client credentials flow.","description_kind":"plain","required":true},"schema":{"type":"string","description":"The schema in which to create the secret. Due to technical limitations (read more [here](../guides/identifiers_rework_design_decisions#known-limitations-and-identifier-recommendations)), avoid using the following characters: `|`, `.`, `\"`.","description_kind":"plain","required":true},"secret_type":{"type":"string","description":"Specifies a type for the secret. This field is used for checking external changes and recreating the resources if needed.","description_kind":"plain","computed":true},"show_output":{"type":["list",["object",{"comment":"string","created_on":"string","database_name":"string","name":"string","oauth_scopes":["set","string"],"owner":"string","owner_role_type":"string","schema_name":"string","secret_type":"string"}]],"description":"Outputs the result of `SHOW SECRETS` for the given secret.","description_kind":"plain","computed":true}},"block_types":{"timeouts":{"nesting_mode":"single","block":{"attributes":{"create":{"type":"string","description_kind":"plain","optional":true},"delete":{"type":"string","description_kind":"plain","optional":true},"read":{"type":"string","description_kind":"plain","optional":true},"update":{"type":"string","description_kind":"plain","optional":true}},"description_kind":"plain"}}},"description":"Resource used to manage secret objects with OAuth Client Credentials. For more information, check [secret documentation](https://docs.snowflake.com/en/sql-reference/sql/create-secret).","description_kind":"plain"}},"snowflake_secret_with_generic_string":{"version":0,"block":{"attributes":{"comment":{"type":"string","description":"Specifies a comment for the secret.","description_kind":"plain","optional":true},"database":{"type":"string","description":"The database in which to create the secret Due to technical limitations (read more [here](../guides/identifiers_rework_design_decisions#known-limitations-and-identifier-recommendations)), avoid using the following characters: `|`, `.`, `\"`.","description_kind":"plain","required":true},"describe_output":{"type":["list",["object",{"comment":"string","created_on":"string","database_name":"string","integration_name":"string","name":"string","oauth_access_token_expiry_time":"string","oauth_refresh_token_expiry_time":"string","oauth_scopes":["set","string"],"owner":"string","schema_name":"string","secret_type":"string","username":"string"}]],"description":"Outputs the result of `DESCRIBE SECRET` for the given secret.","description_kind":"plain","computed":true},"fully_qualified_name":{"type":"string","description":"Fully qualified name of the resource. For more information, see [object name resolution](https://docs.snowflake.com/en/sql-reference/name-resolution).","description_kind":"plain","computed":true},"id":{"type":"string","description_kind":"plain","optional":true,"computed":true},"name":{"type":"string","description":"String that specifies the identifier (i.e. name) for the secret, must be unique in your schema. Due to technical limitations (read more [here](../guides/identifiers_rework_design_decisions#known-limitations-and-identifier-recommendations)), avoid using the following characters: `|`, `.`, `\"`.","description_kind":"plain","required":true},"schema":{"type":"string","description":"The schema in which to create the secret. Due to technical limitations (read more [here](../guides/identifiers_rework_design_decisions#known-limitations-and-identifier-recommendations)), avoid using the following characters: `|`, `.`, `\"`.","description_kind":"plain","required":true},"secret_string":{"type":"string","description":"Specifies the string to store in the secret. The string can be an API token or a string of sensitive value that can be used in the handler code of a UDF or stored procedure. For details, see [Creating and using an external access integration](https://docs.snowflake.com/en/developer-guide/external-network-access/creating-using-external-network-access). You should not use this property to store any kind of OAuth token; use one of the other secret types for your OAuth use cases. External changes for this field won't be detected. In case you want to apply external changes, you can re-create the resource manually using \"terraform taint\".","description_kind":"plain","required":true,"sensitive":true},"secret_type":{"type":"string","description":"Specifies a type for the secret. This field is used for checking external changes and recreating the resources if needed.","description_kind":"plain","computed":true},"show_output":{"type":["list",["object",{"comment":"string","created_on":"string","database_name":"string","name":"string","oauth_scopes":["set","string"],"owner":"string","owner_role_type":"string","schema_name":"string","secret_type":"string"}]],"description":"Outputs the result of `SHOW SECRETS` for the given secret.","description_kind":"plain","computed":true}},"block_types":{"timeouts":{"nesting_mode":"single","block":{"attributes":{"create":{"type":"string","description_kind":"plain","optional":true},"delete":{"type":"string","description_kind":"plain","optional":true},"read":{"type":"string","description_kind":"plain","optional":true},"update":{"type":"string","description_kind":"plain","optional":true}},"description_kind":"plain"}}},"description":"Resource used to manage secret objects with Generic String. For more information, check [secret documentation](https://docs.snowflake.com/en/sql-reference/sql/create-secret).","description_kind":"plain"}},"snowflake_sequence":{"version":0,"block":{"attributes":{"comment":{"type":"string","description":"(Default: ``) Specifies a comment for the sequence.","description_kind":"plain","optional":true},"database":{"type":"string","description":"The database in which to create the sequence. Don't use the | character.","description_kind":"plain","required":true},"fully_qualified_name":{"type":"string","description":"Fully qualified name of the resource. For more information, see [object name resolution](https://docs.snowflake.com/en/sql-reference/name-resolution).","description_kind":"plain","computed":true},"id":{"type":"string","description_kind":"plain","optional":true,"computed":true},"increment":{"type":"number","description":"(Default: `1`) The amount the sequence will increase by each time it is used","description_kind":"plain","optional":true},"name":{"type":"string","description":"Specifies the name for the sequence.","description_kind":"plain","required":true},"next_value":{"type":"number","description":"The increment sequence interval.","description_kind":"plain","computed":true},"ordering":{"type":"string","description":"(Default: `ORDER`) The ordering of the sequence. Either ORDER or NOORDER. Default is ORDER.","description_kind":"plain","optional":true},"schema":{"type":"string","description":"The schema in which to create the sequence. Don't use the | character.","description_kind":"plain","required":true}},"block_types":{"timeouts":{"nesting_mode":"single","block":{"attributes":{"create":{"type":"string","description_kind":"plain","optional":true},"delete":{"type":"string","description_kind":"plain","optional":true},"read":{"type":"string","description_kind":"plain","optional":true},"update":{"type":"string","description_kind":"plain","optional":true}},"description_kind":"plain"}}},"description_kind":"plain"}},"snowflake_service":{"version":0,"block":{"attributes":{"auto_resume":{"type":"string","description":"(Default: fallback to Snowflake default - uses special value that cannot be set in the configuration manually (`default`)) Specifies whether to automatically resume a service. Available options are: \"true\" or \"false\". When the value is not set in the configuration the provider will put \"default\" there which means to use the Snowflake default for this value.","description_kind":"plain","optional":true},"auto_suspend_secs":{"type":"number","description":"(Default: fallback to Snowflake default - uses special value that cannot be set in the configuration manually (`-1`)) Specifies the number of seconds of inactivity (service is idle) after which Snowflake automatically suspends the service.","description_kind":"plain","optional":true},"comment":{"type":"string","description":"Specifies a comment for the service.","description_kind":"plain","optional":true},"compute_pool":{"type":"string","description":"Specifies the name of the compute pool in your account on which to run the service. Identifiers with special or lower-case characters are not supported. This limitation in the provider follows the limitation in Snowflake (see [docs](https://docs.snowflake.com/en/sql-reference/sql/create-compute-pool)). Due to technical limitations (read more [here](../guides/identifiers_rework_design_decisions#known-limitations-and-identifier-recommendations)), avoid using the following characters: `|`, `.`, `\"`.","description_kind":"plain","required":true},"database":{"type":"string","description":"The database in which to create the service. Due to technical limitations (read more [here](../guides/identifiers_rework_design_decisions#known-limitations-and-identifier-recommendations)), avoid using the following characters: `|`, `.`, `\"`.","description_kind":"plain","required":true},"describe_output":{"type":["list",["object",{"auto_resume":"bool","auto_suspend_secs":"number","comment":"string","compute_pool":"string","created_on":"string","current_instances":"number","database_name":"string","dns_name":"string","external_access_integrations":["set","string"],"is_async_job":"bool","is_job":"bool","is_upgrading":"bool","managing_object_domain":"string","managing_object_name":"string","max_instances":"number","min_instances":"number","min_ready_instances":"number","name":"string","owner":"string","owner_role_type":"string","query_warehouse":"string","resumed_on":"string","schema_name":"string","spec":"string","spec_digest":"string","status":"string","suspended_on":"string","target_instances":"number","updated_on":"string"}]],"description":"Outputs the result of `DESCRIBE SERVICE` for the given service.","description_kind":"plain","computed":true},"external_access_integrations":{"type":["set","string"],"description":"Specifies the names of the external access integrations that allow your service to access external sites.","description_kind":"plain","optional":true},"fully_qualified_name":{"type":"string","description":"Fully qualified name of the resource. For more information, see [object name resolution](https://docs.snowflake.com/en/sql-reference/name-resolution).","description_kind":"plain","computed":true},"id":{"type":"string","description_kind":"plain","optional":true,"computed":true},"max_instances":{"type":"number","description":"Specifies the maximum number of service instances to run.","description_kind":"plain","optional":true},"min_instances":{"type":"number","description":"Specifies the minimum number of service instances to run.","description_kind":"plain","optional":true},"min_ready_instances":{"type":"number","description":"Indicates the minimum service instances that must be ready for Snowflake to consider the service is ready to process requests.","description_kind":"plain","optional":true},"name":{"type":"string","description":"Specifies the identifier for the service; must be unique for the schema in which the service is created. Due to technical limitations (read more [here](../guides/identifiers_rework_design_decisions#known-limitations-and-identifier-recommendations)), avoid using the following characters: `|`, `.`, `\"`.","description_kind":"plain","required":true},"query_warehouse":{"type":"string","description":"Warehouse to use if a service container connects to Snowflake to execute a query but does not explicitly specify a warehouse to use. Due to technical limitations (read more [here](../guides/identifiers_rework_design_decisions#known-limitations-and-identifier-recommendations)), avoid using the following characters: `|`, `.`, `\"`.","description_kind":"plain","optional":true},"schema":{"type":"string","description":"The schema in which to create the service. Due to technical limitations (read more [here](../guides/identifiers_rework_design_decisions#known-limitations-and-identifier-recommendations)), avoid using the following characters: `|`, `.`, `\"`.","description_kind":"plain","required":true},"service_type":{"type":"string","description":"Specifies a type for the service. This field is used for checking external changes and recreating the resources if needed.","description_kind":"plain","computed":true},"show_output":{"type":["list",["object",{"auto_resume":"bool","auto_suspend_secs":"number","comment":"string","compute_pool":"string","created_on":"string","current_instances":"number","database_name":"string","dns_name":"string","external_access_integrations":["set","string"],"is_async_job":"bool","is_job":"bool","is_upgrading":"bool","managing_object_domain":"string","managing_object_name":"string","max_instances":"number","min_instances":"number","min_ready_instances":"number","name":"string","owner":"string","owner_role_type":"string","query_warehouse":"string","resumed_on":"string","schema_name":"string","spec_digest":"string","status":"string","suspended_on":"string","target_instances":"number","updated_on":"string"}]],"description":"Outputs the result of `SHOW SERVICES` for the given service.","description_kind":"plain","computed":true}},"block_types":{"from_specification":{"nesting_mode":"list","block":{"attributes":{"file":{"type":"string","description":"The file name of the service specification. Example: `spec.yaml`.","description_kind":"plain","optional":true},"path":{"type":"string","description":"The path to the service specification file on the given stage. When the path is specified, the `/` character is automatically added as a path prefix. Example: `path/to/spec`.","description_kind":"plain","optional":true},"stage":{"type":"string","description":"The fully qualified name of the stage containing the service specification file. At symbol (`@`) is added automatically. Example: `\"\\\"\u003cdb_name\u003e\\\".\\\"\u003cschema_name\u003e\\\".\\\"\u003cstage_name\u003e\\\"\"`. For more information about this resource, see [docs](./stage).","description_kind":"plain","optional":true},"text":{"type":"string","description":"The embedded text of the service specification.","description_kind":"plain","optional":true}},"description":"Specifies the service specification to use for the service. Note that external changes on this field and nested fields are not detected. Use correctly formatted YAML files. Watch out for the space/tabs indentation. See [service specification](https://docs.snowflake.com/en/developer-guide/snowpark-container-services/specification-reference#general-guidelines) for more information.","description_kind":"plain"},"max_items":1},"from_specification_template":{"nesting_mode":"list","block":{"attributes":{"file":{"type":"string","description":"The file name of the service specification template. Example: `spec.yaml`.","description_kind":"plain","optional":true},"path":{"type":"string","description":"The path to the service specification template file on the given stage. When the path is specified, the `/` character is automatically added as a path prefix. Example: `path/to/spec`.","description_kind":"plain","optional":true},"stage":{"type":"string","description":"The fully qualified name of the stage containing the service specification template file. At symbol (`@`) is added automatically. Example: `\"\\\"\u003cdb_name\u003e\\\".\\\"\u003cschema_name\u003e\\\".\\\"\u003cstage_name\u003e\\\"\"`. For more information about this resource, see [docs](./stage).","description_kind":"plain","optional":true},"text":{"type":"string","description":"The embedded text of the service specification template.","description_kind":"plain","optional":true}},"block_types":{"using":{"nesting_mode":"list","block":{"attributes":{"key":{"type":"string","description":"The name of the template variable. The provider wraps it in double quotes by default, so be aware of that while referencing the argument in the spec definition.","description_kind":"plain","required":true},"value":{"type":"string","description":"The value to assign to the variable in the template. The provider wraps it in `$$` by default, so be aware of that while referencing the argument in the spec definition. The value must either be alphanumeric or valid JSON.","description_kind":"plain","required":true}},"description":"List of the specified template variables and the values of those variables.","description_kind":"plain"},"min_items":1}},"description":"Specifies the service specification template to use for the service. Note that external changes on this field and nested fields are not detected. Use correctly formatted YAML files. Watch out for the space/tabs indentation. See [service specification](https://docs.snowflake.com/en/developer-guide/snowpark-container-services/specification-reference#general-guidelines) for more information.","description_kind":"plain"},"max_items":1},"timeouts":{"nesting_mode":"single","block":{"attributes":{"create":{"type":"string","description_kind":"plain","optional":true},"delete":{"type":"string","description_kind":"plain","optional":true},"read":{"type":"string","description_kind":"plain","optional":true},"update":{"type":"string","description_kind":"plain","optional":true}},"description_kind":"plain"}}},"description":"Resource used to manage services. For more information, check [services documentation](https://docs.snowflake.com/en/sql-reference/sql/create-service). A long-running service is like a web service that does not end automatically. After you create a service, Snowflake manages the running service. For example, if a service container stops, for whatever reason, Snowflake restarts that container so the service runs uninterrupted. See [Working with services](https://docs.snowflake.com/en/developer-guide/snowpark-container-services/working-with-services) developer guide for more details.","description_kind":"plain"}},"snowflake_service_user":{"version":0,"block":{"attributes":{"abort_detached_query":{"type":"bool","description":"Specifies the action that Snowflake performs for in-progress queries if connectivity is lost due to abrupt termination of a session (e.g. network outage, browser termination, service interruption). For more information, check [ABORT_DETACHED_QUERY docs](https://docs.snowflake.com/en/sql-reference/parameters#abort-detached-query).","description_kind":"plain","optional":true,"computed":true},"autocommit":{"type":"bool","description":"Specifies whether autocommit is enabled for the session. Autocommit determines whether a DML statement, when executed without an active transaction, is automatically committed after the statement successfully completes. For more information, see [Transactions](https://docs.snowflake.com/en/sql-reference/transactions). For more information, check [AUTOCOMMIT docs](https://docs.snowflake.com/en/sql-reference/parameters#autocommit).","description_kind":"plain","optional":true,"computed":true},"binary_input_format":{"type":"string","description":"The format of VARCHAR values passed as input to VARCHAR-to-BINARY conversion functions. For more information, see [Binary input and output](https://docs.snowflake.com/en/sql-reference/binary-input-output). For more information, check [BINARY_INPUT_FORMAT docs](https://docs.snowflake.com/en/sql-reference/parameters#binary-input-format).","description_kind":"plain","optional":true,"computed":true},"binary_output_format":{"type":"string","description":"The format for VARCHAR values returned as output by BINARY-to-VARCHAR conversion functions. For more information, see [Binary input and output](https://docs.snowflake.com/en/sql-reference/binary-input-output). For more information, check [BINARY_OUTPUT_FORMAT docs](https://docs.snowflake.com/en/sql-reference/parameters#binary-output-format).","description_kind":"plain","optional":true,"computed":true},"client_memory_limit":{"type":"number","description":"Parameter that specifies the maximum amount of memory the JDBC driver or ODBC driver should use for the result set from queries (in MB). For more information, check [CLIENT_MEMORY_LIMIT docs](https://docs.snowflake.com/en/sql-reference/parameters#client-memory-limit).","description_kind":"plain","optional":true,"computed":true},"client_metadata_request_use_connection_ctx":{"type":"bool","description":"For specific ODBC functions and JDBC methods, this parameter can change the default search scope from all databases/schemas to the current database/schema. The narrower search typically returns fewer rows and executes more quickly. For more information, check [CLIENT_METADATA_REQUEST_USE_CONNECTION_CTX docs](https://docs.snowflake.com/en/sql-reference/parameters#client-metadata-request-use-connection-ctx).","description_kind":"plain","optional":true,"computed":true},"client_prefetch_threads":{"type":"number","description":"Parameter that specifies the number of threads used by the client to pre-fetch large result sets. The driver will attempt to honor the parameter value, but defines the minimum and maximum values (depending on your system’s resources) to improve performance. For more information, check [CLIENT_PREFETCH_THREADS docs](https://docs.snowflake.com/en/sql-reference/parameters#client-prefetch-threads).","description_kind":"plain","optional":true,"computed":true},"client_result_chunk_size":{"type":"number","description":"Parameter that specifies the maximum size of each set (or chunk) of query results to download (in MB). The JDBC driver downloads query results in chunks. For more information, check [CLIENT_RESULT_CHUNK_SIZE docs](https://docs.snowflake.com/en/sql-reference/parameters#client-result-chunk-size).","description_kind":"plain","optional":true,"computed":true},"client_result_column_case_insensitive":{"type":"bool","description":"Parameter that indicates whether to match column name case-insensitively in ResultSet.get* methods in JDBC. For more information, check [CLIENT_RESULT_COLUMN_CASE_INSENSITIVE docs](https://docs.snowflake.com/en/sql-reference/parameters#client-result-column-case-insensitive).","description_kind":"plain","optional":true,"computed":true},"client_session_keep_alive":{"type":"bool","description":"Parameter that indicates whether to force a user to log in again after a period of inactivity in the session. For more information, check [CLIENT_SESSION_KEEP_ALIVE docs](https://docs.snowflake.com/en/sql-reference/parameters#client-session-keep-alive).","description_kind":"plain","optional":true,"computed":true},"client_session_keep_alive_heartbeat_frequency":{"type":"number","description":"Number of seconds in-between client attempts to update the token for the session. For more information, check [CLIENT_SESSION_KEEP_ALIVE_HEARTBEAT_FREQUENCY docs](https://docs.snowflake.com/en/sql-reference/parameters#client-session-keep-alive-heartbeat-frequency).","description_kind":"plain","optional":true,"computed":true},"client_timestamp_type_mapping":{"type":"string","description":"Specifies the [TIMESTAMP_* variation](https://docs.snowflake.com/en/sql-reference/data-types-datetime.html#label-datatypes-timestamp-variations) to use when binding timestamp variables for JDBC or ODBC applications that use the bind API to load data. For more information, check [CLIENT_TIMESTAMP_TYPE_MAPPING docs](https://docs.snowflake.com/en/sql-reference/parameters#client-timestamp-type-mapping).","description_kind":"plain","optional":true,"computed":true},"comment":{"type":"string","description":"Specifies a comment for the user.","description_kind":"plain","optional":true},"date_input_format":{"type":"string","description":"Specifies the input format for the DATE data type. For more information, see [Date and time input and output formats](https://docs.snowflake.com/en/sql-reference/date-time-input-output). For more information, check [DATE_INPUT_FORMAT docs](https://docs.snowflake.com/en/sql-reference/parameters#date-input-format).","description_kind":"plain","optional":true,"computed":true},"date_output_format":{"type":"string","description":"Specifies the display format for the DATE data type. For more information, see [Date and time input and output formats](https://docs.snowflake.com/en/sql-reference/date-time-input-output). For more information, check [DATE_OUTPUT_FORMAT docs](https://docs.snowflake.com/en/sql-reference/parameters#date-output-format).","description_kind":"plain","optional":true,"computed":true},"days_to_expiry":{"type":"number","description":"Specifies the number of days after which the user status is set to `Expired` and the user is no longer allowed to log in. This is useful for defining temporary users (i.e. users who should only have access to Snowflake for a limited time period). In general, you should not set this property for [account administrators](https://docs.snowflake.com/en/user-guide/security-access-control-considerations.html#label-accountadmin-users) (i.e. users with the `ACCOUNTADMIN` role) because Snowflake locks them out when they become `Expired`. External changes for this field won't be detected. In case you want to apply external changes, you can re-create the resource manually using \"terraform taint\".","description_kind":"plain","optional":true},"default_namespace":{"type":"string","description":"Specifies the namespace (database only or database and schema) that is active by default for the user’s session upon login. Note that the CREATE USER operation does not verify that the namespace exists.","description_kind":"plain","optional":true},"default_role":{"type":"string","description":"Specifies the role that is active by default for the user’s session upon login. Note that specifying a default role for a user does **not** grant the role to the user. The role must be granted explicitly to the user using the [GRANT ROLE](https://docs.snowflake.com/en/sql-reference/sql/grant-role) command. In addition, the CREATE USER operation does not verify that the role exists. For more information about this resource, see [docs](./account_role).","description_kind":"plain","optional":true},"default_secondary_roles_option":{"type":"string","description":"(Default: `DEFAULT`) Specifies the secondary roles that are active for the user’s session upon login. Valid values are (case-insensitive): `DEFAULT` | `NONE` | `ALL`. More information can be found in [doc](https://docs.snowflake.com/en/sql-reference/sql/create-user#optional-object-properties-objectproperties).","description_kind":"plain","optional":true},"default_warehouse":{"type":"string","description":"Specifies the virtual warehouse that is active by default for the user’s session upon login. Note that the CREATE USER operation does not verify that the warehouse exists. For more information about this resource, see [docs](./warehouse).","description_kind":"plain","optional":true},"disabled":{"type":"string","description":"(Default: fallback to Snowflake default - uses special value that cannot be set in the configuration manually (`default`)) Specifies whether the user is disabled, which prevents logging in and aborts all the currently-running queries for the user. Available options are: \"true\" or \"false\". When the value is not set in the configuration the provider will put \"default\" there which means to use the Snowflake default for this value.","description_kind":"plain","optional":true},"display_name":{"type":"string","description":"Name displayed for the user in the Snowflake web interface.","description_kind":"plain","optional":true},"email":{"type":"string","description":"Email address for the user.","description_kind":"plain","optional":true,"sensitive":true},"enable_unload_physical_type_optimization":{"type":"bool","description":"Specifies whether to set the schema for unloaded Parquet files based on the logical column data types (i.e. the types in the unload SQL query or source table) or on the unloaded column values (i.e. the smallest data types and precision that support the values in the output columns of the unload SQL statement or source table). For more information, check [ENABLE_UNLOAD_PHYSICAL_TYPE_OPTIMIZATION docs](https://docs.snowflake.com/en/sql-reference/parameters#enable-unload-physical-type-optimization).","description_kind":"plain","optional":true,"computed":true},"enable_unredacted_query_syntax_error":{"type":"bool","description":"Controls whether query text is redacted if a SQL query fails due to a syntax or parsing error. If `FALSE`, the content of a failed query is redacted in the views, pages, and functions that provide a query history. Only users with a role that is granted or inherits the AUDIT privilege can set the ENABLE_UNREDACTED_QUERY_SYNTAX_ERROR parameter. When using the ALTER USER command to set the parameter to `TRUE` for a particular user, modify the user that you want to see the query text, not the user who executed the query (if those are different users). For more information, check [ENABLE_UNREDACTED_QUERY_SYNTAX_ERROR docs](https://docs.snowflake.com/en/sql-reference/parameters#enable-unredacted-query-syntax-error).","description_kind":"plain","optional":true,"computed":true},"error_on_nondeterministic_merge":{"type":"bool","description":"Specifies whether to return an error when the [MERGE](https://docs.snowflake.com/en/sql-reference/sql/merge) command is used to update or delete a target row that joins multiple source rows and the system cannot determine the action to perform on the target row. For more information, check [ERROR_ON_NONDETERMINISTIC_MERGE docs](https://docs.snowflake.com/en/sql-reference/parameters#error-on-nondeterministic-merge).","description_kind":"plain","optional":true,"computed":true},"error_on_nondeterministic_update":{"type":"bool","description":"Specifies whether to return an error when the [UPDATE](https://docs.snowflake.com/en/sql-reference/sql/update) command is used to update a target row that joins multiple source rows and the system cannot determine the action to perform on the target row. For more information, check [ERROR_ON_NONDETERMINISTIC_UPDATE docs](https://docs.snowflake.com/en/sql-reference/parameters#error-on-nondeterministic-update).","description_kind":"plain","optional":true,"computed":true},"fully_qualified_name":{"type":"string","description":"Fully qualified name of the resource. For more information, see [object name resolution](https://docs.snowflake.com/en/sql-reference/name-resolution).","description_kind":"plain","computed":true},"geography_output_format":{"type":"string","description":"Display format for [GEOGRAPHY values](https://docs.snowflake.com/en/sql-reference/data-types-geospatial.html#label-data-types-geography). For more information, check [GEOGRAPHY_OUTPUT_FORMAT docs](https://docs.snowflake.com/en/sql-reference/parameters#geography-output-format).","description_kind":"plain","optional":true,"computed":true},"geometry_output_format":{"type":"string","description":"Display format for [GEOMETRY values](https://docs.snowflake.com/en/sql-reference/data-types-geospatial.html#label-data-types-geometry). For more information, check [GEOMETRY_OUTPUT_FORMAT docs](https://docs.snowflake.com/en/sql-reference/parameters#geometry-output-format).","description_kind":"plain","optional":true,"computed":true},"id":{"type":"string","description_kind":"plain","optional":true,"computed":true},"jdbc_treat_decimal_as_int":{"type":"bool","description":"Specifies how JDBC processes columns that have a scale of zero (0). For more information, check [JDBC_TREAT_DECIMAL_AS_INT docs](https://docs.snowflake.com/en/sql-reference/parameters#jdbc-treat-decimal-as-int).","description_kind":"plain","optional":true,"computed":true},"jdbc_treat_timestamp_ntz_as_utc":{"type":"bool","description":"Specifies how JDBC processes TIMESTAMP_NTZ values. For more information, check [JDBC_TREAT_TIMESTAMP_NTZ_AS_UTC docs](https://docs.snowflake.com/en/sql-reference/parameters#jdbc-treat-timestamp-ntz-as-utc).","description_kind":"plain","optional":true,"computed":true},"jdbc_use_session_timezone":{"type":"bool","description":"Specifies whether the JDBC Driver uses the time zone of the JVM or the time zone of the session (specified by the [TIMEZONE](https://docs.snowflake.com/en/sql-reference/parameters#label-timezone) parameter) for the getDate(), getTime(), and getTimestamp() methods of the ResultSet class. For more information, check [JDBC_USE_SESSION_TIMEZONE docs](https://docs.snowflake.com/en/sql-reference/parameters#jdbc-use-session-timezone).","description_kind":"plain","optional":true,"computed":true},"json_indent":{"type":"number","description":"Specifies the number of blank spaces to indent each new element in JSON output in the session. Also specifies whether to insert newline characters after each element. For more information, check [JSON_INDENT docs](https://docs.snowflake.com/en/sql-reference/parameters#json-indent).","description_kind":"plain","optional":true,"computed":true},"lock_timeout":{"type":"number","description":"Number of seconds to wait while trying to lock a resource, before timing out and aborting the statement. For more information, check [LOCK_TIMEOUT docs](https://docs.snowflake.com/en/sql-reference/parameters#lock-timeout).","description_kind":"plain","optional":true,"computed":true},"log_level":{"type":"string","description":"Specifies the severity level of messages that should be ingested and made available in the active event table. Messages at the specified level (and at more severe levels) are ingested. For more information about log levels, see [Setting log level](https://docs.snowflake.com/en/developer-guide/logging-tracing/logging-log-level). For more information, check [LOG_LEVEL docs](https://docs.snowflake.com/en/sql-reference/parameters#log-level).","description_kind":"plain","optional":true,"computed":true},"login_name":{"type":"string","description":"The name users use to log in. If not supplied, snowflake will use name instead. Login names are always case-insensitive.","description_kind":"plain","optional":true,"sensitive":true},"mins_to_unlock":{"type":"number","description":"(Default: fallback to Snowflake default - uses special value that cannot be set in the configuration manually (`-1`)) Specifies the number of minutes until the temporary lock on the user login is cleared. To protect against unauthorized user login, Snowflake places a temporary lock on a user after five consecutive unsuccessful login attempts. When creating a user, this property can be set to prevent them from logging in until the specified amount of time passes. To remove a lock immediately for a user, specify a value of 0 for this parameter. **Note** because this value changes continuously after setting it, the provider is currently NOT handling the external changes to it. External changes for this field won't be detected. In case you want to apply external changes, you can re-create the resource manually using \"terraform taint\".","description_kind":"plain","optional":true},"multi_statement_count":{"type":"number","description":"Number of statements to execute when using the multi-statement capability. For more information, check [MULTI_STATEMENT_COUNT docs](https://docs.snowflake.com/en/sql-reference/parameters#multi-statement-count).","description_kind":"plain","optional":true,"computed":true},"name":{"type":"string","description":"Name of the user. Note that if you do not supply login_name this will be used as login_name. Check the [docs](https://docs.snowflake.net/manuals/sql-reference/sql/create-user.html#required-parameters). Due to technical limitations (read more [here](../guides/identifiers_rework_design_decisions#known-limitations-and-identifier-recommendations)), avoid using the following characters: `|`, `.`, `\"`.","description_kind":"plain","required":true},"network_policy":{"type":"string","description":"Specifies the network policy to enforce for your account. Network policies enable restricting access to your account based on users’ IP address. For more details, see [Controlling network traffic with network policies](https://docs.snowflake.com/en/user-guide/network-policies). Any existing network policy (created using [CREATE NETWORK POLICY](https://docs.snowflake.com/en/sql-reference/sql/create-network-policy)). For more information, check [NETWORK_POLICY docs](https://docs.snowflake.com/en/sql-reference/parameters#network-policy).","description_kind":"plain","optional":true,"computed":true},"noorder_sequence_as_default":{"type":"bool","description":"Specifies whether the ORDER or NOORDER property is set by default when you create a new sequence or add a new table column. The ORDER and NOORDER properties determine whether or not the values are generated for the sequence or auto-incremented column in [increasing or decreasing order](https://docs.snowflake.com/en/user-guide/querying-sequences.html#label-querying-sequences-increasing-values). For more information, check [NOORDER_SEQUENCE_AS_DEFAULT docs](https://docs.snowflake.com/en/sql-reference/parameters#noorder-sequence-as-default).","description_kind":"plain","optional":true,"computed":true},"odbc_treat_decimal_as_int":{"type":"bool","description":"Specifies how ODBC processes columns that have a scale of zero (0). For more information, check [ODBC_TREAT_DECIMAL_AS_INT docs](https://docs.snowflake.com/en/sql-reference/parameters#odbc-treat-decimal-as-int).","description_kind":"plain","optional":true,"computed":true},"parameters":{"type":["list",["object",{"abort_detached_query":["list",["object",{"default":"string","description":"string","key":"string","level":"string","value":"string"}]],"autocommit":["list",["object",{"default":"string","description":"string","key":"string","level":"string","value":"string"}]],"binary_input_format":["list",["object",{"default":"string","description":"string","key":"string","level":"string","value":"string"}]],"binary_output_format":["list",["object",{"default":"string","description":"string","key":"string","level":"string","value":"string"}]],"client_memory_limit":["list",["object",{"default":"string","description":"string","key":"string","level":"string","value":"string"}]],"client_metadata_request_use_connection_ctx":["list",["object",{"default":"string","description":"string","key":"string","level":"string","value":"string"}]],"client_prefetch_threads":["list",["object",{"default":"string","description":"string","key":"string","level":"string","value":"string"}]],"client_result_chunk_size":["list",["object",{"default":"string","description":"string","key":"string","level":"string","value":"string"}]],"client_result_column_case_insensitive":["list",["object",{"default":"string","description":"string","key":"string","level":"string","value":"string"}]],"client_session_keep_alive":["list",["object",{"default":"string","description":"string","key":"string","level":"string","value":"string"}]],"client_session_keep_alive_heartbeat_frequency":["list",["object",{"default":"string","description":"string","key":"string","level":"string","value":"string"}]],"client_timestamp_type_mapping":["list",["object",{"default":"string","description":"string","key":"string","level":"string","value":"string"}]],"date_input_format":["list",["object",{"default":"string","description":"string","key":"string","level":"string","value":"string"}]],"date_output_format":["list",["object",{"default":"string","description":"string","key":"string","level":"string","value":"string"}]],"enable_unload_physical_type_optimization":["list",["object",{"default":"string","description":"string","key":"string","level":"string","value":"string"}]],"enable_unredacted_query_syntax_error":["list",["object",{"default":"string","description":"string","key":"string","level":"string","value":"string"}]],"error_on_nondeterministic_merge":["list",["object",{"default":"string","description":"string","key":"string","level":"string","value":"string"}]],"error_on_nondeterministic_update":["list",["object",{"default":"string","description":"string","key":"string","level":"string","value":"string"}]],"geography_output_format":["list",["object",{"default":"string","description":"string","key":"string","level":"string","value":"string"}]],"geometry_output_format":["list",["object",{"default":"string","description":"string","key":"string","level":"string","value":"string"}]],"jdbc_treat_decimal_as_int":["list",["object",{"default":"string","description":"string","key":"string","level":"string","value":"string"}]],"jdbc_treat_timestamp_ntz_as_utc":["list",["object",{"default":"string","description":"string","key":"string","level":"string","value":"string"}]],"jdbc_use_session_timezone":["list",["object",{"default":"string","description":"string","key":"string","level":"string","value":"string"}]],"json_indent":["list",["object",{"default":"string","description":"string","key":"string","level":"string","value":"string"}]],"lock_timeout":["list",["object",{"default":"string","description":"string","key":"string","level":"string","value":"string"}]],"log_level":["list",["object",{"default":"string","description":"string","key":"string","level":"string","value":"string"}]],"multi_statement_count":["list",["object",{"default":"string","description":"string","key":"string","level":"string","value":"string"}]],"network_policy":["list",["object",{"default":"string","description":"string","key":"string","level":"string","value":"string"}]],"noorder_sequence_as_default":["list",["object",{"default":"string","description":"string","key":"string","level":"string","value":"string"}]],"odbc_treat_decimal_as_int":["list",["object",{"default":"string","description":"string","key":"string","level":"string","value":"string"}]],"prevent_unload_to_internal_stages":["list",["object",{"default":"string","description":"string","key":"string","level":"string","value":"string"}]],"query_tag":["list",["object",{"default":"string","description":"string","key":"string","level":"string","value":"string"}]],"quoted_identifiers_ignore_case":["list",["object",{"default":"string","description":"string","key":"string","level":"string","value":"string"}]],"rows_per_resultset":["list",["object",{"default":"string","description":"string","key":"string","level":"string","value":"string"}]],"s3_stage_vpce_dns_name":["list",["object",{"default":"string","description":"string","key":"string","level":"string","value":"string"}]],"search_path":["list",["object",{"default":"string","description":"string","key":"string","level":"string","value":"string"}]],"simulated_data_sharing_consumer":["list",["object",{"default":"string","description":"string","key":"string","level":"string","value":"string"}]],"statement_queued_timeout_in_seconds":["list",["object",{"default":"string","description":"string","key":"string","level":"string","value":"string"}]],"statement_timeout_in_seconds":["list",["object",{"default":"string","description":"string","key":"string","level":"string","value":"string"}]],"strict_json_output":["list",["object",{"default":"string","description":"string","key":"string","level":"string","value":"string"}]],"time_input_format":["list",["object",{"default":"string","description":"string","key":"string","level":"string","value":"string"}]],"time_output_format":["list",["object",{"default":"string","description":"string","key":"string","level":"string","value":"string"}]],"timestamp_day_is_always_24h":["list",["object",{"default":"string","description":"string","key":"string","level":"string","value":"string"}]],"timestamp_input_format":["list",["object",{"default":"string","description":"string","key":"string","level":"string","value":"string"}]],"timestamp_ltz_output_format":["list",["object",{"default":"string","description":"string","key":"string","level":"string","value":"string"}]],"timestamp_ntz_output_format":["list",["object",{"default":"string","description":"string","key":"string","level":"string","value":"string"}]],"timestamp_output_format":["list",["object",{"default":"string","description":"string","key":"string","level":"string","value":"string"}]],"timestamp_type_mapping":["list",["object",{"default":"string","description":"string","key":"string","level":"string","value":"string"}]],"timestamp_tz_output_format":["list",["object",{"default":"string","description":"string","key":"string","level":"string","value":"string"}]],"timezone":["list",["object",{"default":"string","description":"string","key":"string","level":"string","value":"string"}]],"trace_level":["list",["object",{"default":"string","description":"string","key":"string","level":"string","value":"string"}]],"transaction_abort_on_error":["list",["object",{"default":"string","description":"string","key":"string","level":"string","value":"string"}]],"transaction_default_isolation_level":["list",["object",{"default":"string","description":"string","key":"string","level":"string","value":"string"}]],"two_digit_century_start":["list",["object",{"default":"string","description":"string","key":"string","level":"string","value":"string"}]],"unsupported_ddl_action":["list",["object",{"default":"string","description":"string","key":"string","level":"string","value":"string"}]],"use_cached_result":["list",["object",{"default":"string","description":"string","key":"string","level":"string","value":"string"}]],"week_of_year_policy":["list",["object",{"default":"string","description":"string","key":"string","level":"string","value":"string"}]],"week_start":["list",["object",{"default":"string","description":"string","key":"string","level":"string","value":"string"}]]}]],"description":"Outputs the result of `SHOW PARAMETERS IN USER` for the given user.","description_kind":"plain","computed":true},"prevent_unload_to_internal_stages":{"type":"bool","description":"Specifies whether to prevent data unload operations to internal (Snowflake) stages using [COPY INTO \u003clocation\u003e](https://docs.snowflake.com/en/sql-reference/sql/copy-into-location) statements. For more information, check [PREVENT_UNLOAD_TO_INTERNAL_STAGES docs](https://docs.snowflake.com/en/sql-reference/parameters#prevent-unload-to-internal-stages).","description_kind":"plain","optional":true,"computed":true},"query_tag":{"type":"string","description":"Optional string that can be used to tag queries and other SQL statements executed within a session. The tags are displayed in the output of the [QUERY_HISTORY, QUERY_HISTORY_BY_*](https://docs.snowflake.com/en/sql-reference/functions/query_history) functions. For more information, check [QUERY_TAG docs](https://docs.snowflake.com/en/sql-reference/parameters#query-tag).","description_kind":"plain","optional":true,"computed":true},"quoted_identifiers_ignore_case":{"type":"bool","description":"Specifies whether letters in double-quoted object identifiers are stored and resolved as uppercase letters. By default, Snowflake preserves the case of alphabetic characters when storing and resolving double-quoted identifiers (see [Identifier resolution](https://docs.snowflake.com/en/sql-reference/identifiers-syntax.html#label-identifier-casing)). You can use this parameter in situations in which [third-party applications always use double quotes around identifiers](https://docs.snowflake.com/en/sql-reference/identifiers-syntax.html#label-identifier-casing-parameter). For more information, check [QUOTED_IDENTIFIERS_IGNORE_CASE docs](https://docs.snowflake.com/en/sql-reference/parameters#quoted-identifiers-ignore-case).","description_kind":"plain","optional":true,"computed":true},"rows_per_resultset":{"type":"number","description":"Specifies the maximum number of rows returned in a result set. A value of 0 specifies no maximum. For more information, check [ROWS_PER_RESULTSET docs](https://docs.snowflake.com/en/sql-reference/parameters#rows-per-resultset).","description_kind":"plain","optional":true,"computed":true},"rsa_public_key":{"type":"string","description":"Specifies the user’s RSA public key; used for key-pair authentication. Must be on 1 line without header and trailer.","description_kind":"plain","optional":true},"rsa_public_key_2":{"type":"string","description":"Specifies the user’s second RSA public key; used to rotate the public and private keys for key-pair authentication based on an expiration schedule set by your organization. Must be on 1 line without header and trailer.","description_kind":"plain","optional":true},"s3_stage_vpce_dns_name":{"type":"string","description":"Specifies the DNS name of an Amazon S3 interface endpoint. Requests sent to the internal stage of an account via [AWS PrivateLink for Amazon S3](https://docs.aws.amazon.com/AmazonS3/latest/userguide/privatelink-interface-endpoints.html) use this endpoint to connect. For more information, see [Accessing Internal stages with dedicated interface endpoints](https://docs.snowflake.com/en/user-guide/private-internal-stages-aws.html#label-aws-privatelink-internal-stage-network-isolation). For more information, check [S3_STAGE_VPCE_DNS_NAME docs](https://docs.snowflake.com/en/sql-reference/parameters#s3-stage-vpce-dns-name).","description_kind":"plain","optional":true,"computed":true},"search_path":{"type":"string","description":"Specifies the path to search to resolve unqualified object names in queries. For more information, see [Name resolution in queries](https://docs.snowflake.com/en/sql-reference/name-resolution.html#label-object-name-resolution-search-path). Comma-separated list of identifiers. An identifier can be a fully or partially qualified schema name. For more information, check [SEARCH_PATH docs](https://docs.snowflake.com/en/sql-reference/parameters#search-path).","description_kind":"plain","optional":true,"computed":true},"show_output":{"type":["list",["object",{"comment":"string","created_on":"string","days_to_expiry":"string","default_namespace":"string","default_role":"string","default_secondary_roles":"string","default_warehouse":"string","disabled":"bool","display_name":"string","email":"string","expires_at_time":"string","ext_authn_duo":"bool","ext_authn_uid":"string","first_name":"string","has_mfa":"bool","has_password":"bool","has_rsa_public_key":"bool","last_name":"string","last_success_login":"string","locked_until_time":"string","login_name":"string","mins_to_bypass_mfa":"string","mins_to_unlock":"string","must_change_password":"bool","name":"string","owner":"string","snowflake_lock":"bool","type":"string"}]],"description":"Outputs the result of `SHOW USER` for the given user.","description_kind":"plain","computed":true},"simulated_data_sharing_consumer":{"type":"string","description":"Specifies the name of a consumer account to simulate for testing/validating shared data, particularly shared secure views. When this parameter is set in a session, shared views return rows as if executed in the specified consumer account rather than the provider account. For more information, see [Introduction to Secure Data Sharing](https://docs.snowflake.com/en/user-guide/data-sharing-intro) and [Working with shares](https://docs.snowflake.com/en/user-guide/data-sharing-provider). For more information, check [SIMULATED_DATA_SHARING_CONSUMER docs](https://docs.snowflake.com/en/sql-reference/parameters#simulated-data-sharing-consumer).","description_kind":"plain","optional":true,"computed":true},"statement_queued_timeout_in_seconds":{"type":"number","description":"Amount of time, in seconds, a SQL statement (query, DDL, DML, etc.) remains queued for a warehouse before it is canceled by the system. This parameter can be used in conjunction with the [MAX_CONCURRENCY_LEVEL](https://docs.snowflake.com/en/sql-reference/parameters#label-max-concurrency-level) parameter to ensure a warehouse is never backlogged. For more information, check [STATEMENT_QUEUED_TIMEOUT_IN_SECONDS docs](https://docs.snowflake.com/en/sql-reference/parameters#statement-queued-timeout-in-seconds).","description_kind":"plain","optional":true,"computed":true},"statement_timeout_in_seconds":{"type":"number","description":"Amount of time, in seconds, after which a running SQL statement (query, DDL, DML, etc.) is canceled by the system. For more information, check [STATEMENT_TIMEOUT_IN_SECONDS docs](https://docs.snowflake.com/en/sql-reference/parameters#statement-timeout-in-seconds).","description_kind":"plain","optional":true,"computed":true},"strict_json_output":{"type":"bool","description":"This parameter specifies whether JSON output in a session is compatible with the general standard (as described by [http://json.org](http://json.org)). By design, Snowflake allows JSON input that contains non-standard values; however, these non-standard values might result in Snowflake outputting JSON that is incompatible with other platforms and languages. This parameter, when enabled, ensures that Snowflake outputs valid/compatible JSON. For more information, check [STRICT_JSON_OUTPUT docs](https://docs.snowflake.com/en/sql-reference/parameters#strict-json-output).","description_kind":"plain","optional":true,"computed":true},"time_input_format":{"type":"string","description":"Specifies the input format for the TIME data type. For more information, see [Date and time input and output formats](https://docs.snowflake.com/en/sql-reference/date-time-input-output). Any valid, supported time format or AUTO (AUTO specifies that Snowflake attempts to automatically detect the format of times stored in the system during the session). For more information, check [TIME_INPUT_FORMAT docs](https://docs.snowflake.com/en/sql-reference/parameters#time-input-format).","description_kind":"plain","optional":true,"computed":true},"time_output_format":{"type":"string","description":"Specifies the display format for the TIME data type. For more information, see [Date and time input and output formats](https://docs.snowflake.com/en/sql-reference/date-time-input-output). For more information, check [TIME_OUTPUT_FORMAT docs](https://docs.snowflake.com/en/sql-reference/parameters#time-output-format).","description_kind":"plain","optional":true,"computed":true},"timestamp_day_is_always_24h":{"type":"bool","description":"Specifies whether the [DATEADD](https://docs.snowflake.com/en/sql-reference/functions/dateadd) function (and its aliases) always consider a day to be exactly 24 hours for expressions that span multiple days. For more information, check [TIMESTAMP_DAY_IS_ALWAYS_24H docs](https://docs.snowflake.com/en/sql-reference/parameters#timestamp-day-is-always-24h).","description_kind":"plain","optional":true,"computed":true},"timestamp_input_format":{"type":"string","description":"Specifies the input format for the TIMESTAMP data type alias. For more information, see [Date and time input and output formats](https://docs.snowflake.com/en/sql-reference/date-time-input-output). Any valid, supported timestamp format or AUTO (AUTO specifies that Snowflake attempts to automatically detect the format of timestamps stored in the system during the session). For more information, check [TIMESTAMP_INPUT_FORMAT docs](https://docs.snowflake.com/en/sql-reference/parameters#timestamp-input-format).","description_kind":"plain","optional":true,"computed":true},"timestamp_ltz_output_format":{"type":"string","description":"Specifies the display format for the TIMESTAMP_LTZ data type. If no format is specified, defaults to [TIMESTAMP_OUTPUT_FORMAT](https://docs.snowflake.com/en/sql-reference/parameters#label-timestamp-output-format). For more information, see [Date and time input and output formats](https://docs.snowflake.com/en/sql-reference/date-time-input-output). For more information, check [TIMESTAMP_LTZ_OUTPUT_FORMAT docs](https://docs.snowflake.com/en/sql-reference/parameters#timestamp-ltz-output-format).","description_kind":"plain","optional":true,"computed":true},"timestamp_ntz_output_format":{"type":"string","description":"Specifies the display format for the TIMESTAMP_NTZ data type. For more information, check [TIMESTAMP_NTZ_OUTPUT_FORMAT docs](https://docs.snowflake.com/en/sql-reference/parameters#timestamp-ntz-output-format).","description_kind":"plain","optional":true,"computed":true},"timestamp_output_format":{"type":"string","description":"Specifies the display format for the TIMESTAMP data type alias. For more information, see [Date and time input and output formats](https://docs.snowflake.com/en/sql-reference/date-time-input-output). For more information, check [TIMESTAMP_OUTPUT_FORMAT docs](https://docs.snowflake.com/en/sql-reference/parameters#timestamp-output-format).","description_kind":"plain","optional":true,"computed":true},"timestamp_type_mapping":{"type":"string","description":"Specifies the TIMESTAMP_* variation that the TIMESTAMP data type alias maps to. For more information, check [TIMESTAMP_TYPE_MAPPING docs](https://docs.snowflake.com/en/sql-reference/parameters#timestamp-type-mapping).","description_kind":"plain","optional":true,"computed":true},"timestamp_tz_output_format":{"type":"string","description":"Specifies the display format for the TIMESTAMP_TZ data type. If no format is specified, defaults to [TIMESTAMP_OUTPUT_FORMAT](https://docs.snowflake.com/en/sql-reference/parameters#label-timestamp-output-format). For more information, see [Date and time input and output formats](https://docs.snowflake.com/en/sql-reference/date-time-input-output). For more information, check [TIMESTAMP_TZ_OUTPUT_FORMAT docs](https://docs.snowflake.com/en/sql-reference/parameters#timestamp-tz-output-format).","description_kind":"plain","optional":true,"computed":true},"timezone":{"type":"string","description":"Specifies the time zone for the session. You can specify a [time zone name](https://data.iana.org/time-zones/tzdb-2021a/zone1970.tab) or a [link name](https://data.iana.org/time-zones/tzdb-2021a/backward) from release 2021a of the [IANA Time Zone Database](https://www.iana.org/time-zones) (e.g. America/Los_Angeles, Europe/London, UTC, Etc/GMT, etc.). For more information, check [TIMEZONE docs](https://docs.snowflake.com/en/sql-reference/parameters#timezone).","description_kind":"plain","optional":true,"computed":true},"trace_level":{"type":"string","description":"Controls how trace events are ingested into the event table. For more information about trace levels, see [Setting trace level](https://docs.snowflake.com/en/developer-guide/logging-tracing/tracing-trace-level). For more information, check [TRACE_LEVEL docs](https://docs.snowflake.com/en/sql-reference/parameters#trace-level).","description_kind":"plain","optional":true,"computed":true},"transaction_abort_on_error":{"type":"bool","description":"Specifies the action to perform when a statement issued within a non-autocommit transaction returns with an error. For more information, check [TRANSACTION_ABORT_ON_ERROR docs](https://docs.snowflake.com/en/sql-reference/parameters#transaction-abort-on-error).","description_kind":"plain","optional":true,"computed":true},"transaction_default_isolation_level":{"type":"string","description":"Specifies the isolation level for transactions in the user session. For more information, check [TRANSACTION_DEFAULT_ISOLATION_LEVEL docs](https://docs.snowflake.com/en/sql-reference/parameters#transaction-default-isolation-level).","description_kind":"plain","optional":true,"computed":true},"two_digit_century_start":{"type":"number","description":"Specifies the “century start” year for 2-digit years (i.e. the earliest year such dates can represent). This parameter prevents ambiguous dates when importing or converting data with the `YY` date format component (i.e. years represented as 2 digits). For more information, check [TWO_DIGIT_CENTURY_START docs](https://docs.snowflake.com/en/sql-reference/parameters#two-digit-century-start).","description_kind":"plain","optional":true,"computed":true},"unsupported_ddl_action":{"type":"string","description":"Determines if an unsupported (i.e. non-default) value specified for a constraint property returns an error. For more information, check [UNSUPPORTED_DDL_ACTION docs](https://docs.snowflake.com/en/sql-reference/parameters#unsupported-ddl-action).","description_kind":"plain","optional":true,"computed":true},"use_cached_result":{"type":"bool","description":"Specifies whether to reuse persisted query results, if available, when a matching query is submitted. For more information, check [USE_CACHED_RESULT docs](https://docs.snowflake.com/en/sql-reference/parameters#use-cached-result).","description_kind":"plain","optional":true,"computed":true},"user_type":{"type":"string","description":"Specifies a type for the user.","description_kind":"plain","computed":true},"week_of_year_policy":{"type":"number","description":"Specifies how the weeks in a given year are computed. `0`: The semantics used are equivalent to the ISO semantics, in which a week belongs to a given year if at least 4 days of that week are in that year. `1`: January 1 is included in the first week of the year and December 31 is included in the last week of the year. For more information, check [WEEK_OF_YEAR_POLICY docs](https://docs.snowflake.com/en/sql-reference/parameters#week-of-year-policy).","description_kind":"plain","optional":true,"computed":true},"week_start":{"type":"number","description":"Specifies the first day of the week (used by week-related date functions). `0`: Legacy Snowflake behavior is used (i.e. ISO-like semantics). `1` (Monday) to `7` (Sunday): All the week-related functions use weeks that start on the specified day of the week. For more information, check [WEEK_START docs](https://docs.snowflake.com/en/sql-reference/parameters#week-start).","description_kind":"plain","optional":true,"computed":true}},"description":"Resource used to manage service user objects. For more information, check [user documentation](https://docs.snowflake.com/en/sql-reference/commands-user-role#user-management).","description_kind":"plain"}},"snowflake_share":{"version":0,"block":{"attributes":{"accounts":{"type":["list","string"],"description":"A list of accounts to be added to the share. Values should not be the account locator, but in the form of 'organization_name.account_name","description_kind":"plain","optional":true},"comment":{"type":"string","description":"Specifies a comment for the managed account.","description_kind":"plain","optional":true},"fully_qualified_name":{"type":"string","description":"Fully qualified name of the resource. For more information, see [object name resolution](https://docs.snowflake.com/en/sql-reference/name-resolution).","description_kind":"plain","computed":true},"id":{"type":"string","description_kind":"plain","optional":true,"computed":true},"name":{"type":"string","description":"Specifies the identifier for the share; must be unique for the account in which the share is created.","description_kind":"plain","required":true}},"block_types":{"timeouts":{"nesting_mode":"single","block":{"attributes":{"create":{"type":"string","description_kind":"plain","optional":true},"delete":{"type":"string","description_kind":"plain","optional":true},"read":{"type":"string","description_kind":"plain","optional":true},"update":{"type":"string","description_kind":"plain","optional":true}},"description_kind":"plain"}}},"description_kind":"plain"}},"snowflake_shared_database":{"version":0,"block":{"attributes":{"catalog":{"type":"string","description":"The database parameter that specifies the default catalog to use for Iceberg tables. For more information, see [CATALOG](https://docs.snowflake.com/en/sql-reference/parameters#catalog).","description_kind":"plain","optional":true,"computed":true},"comment":{"type":"string","description":"Specifies a comment for the database.","description_kind":"plain","optional":true},"default_ddl_collation":{"type":"string","description":"Specifies a default collation specification for all schemas and tables added to the database. It can be overridden on schema or table level. For more information, see [collation specification](https://docs.snowflake.com/en/sql-reference/collation#label-collation-specification).","description_kind":"plain","optional":true,"computed":true},"enable_console_output":{"type":"bool","description":"If true, enables stdout/stderr fast path logging for anonymous stored procedures.","description_kind":"plain","optional":true,"computed":true},"external_volume":{"type":"string","description":"The database parameter that specifies the default external volume to use for Iceberg tables. For more information, see [EXTERNAL_VOLUME](https://docs.snowflake.com/en/sql-reference/parameters#external-volume).","description_kind":"plain","optional":true,"computed":true},"from_share":{"type":"string","description":"A fully qualified path to a share from which the database will be created. A fully qualified path follows the format of `\"\u003corganization_name\u003e\".\"\u003caccount_name\u003e\".\"\u003cshare_name\u003e\"`. For more information about this resource, see [docs](./share).","description_kind":"plain","required":true},"fully_qualified_name":{"type":"string","description":"Fully qualified name of the resource. For more information, see [object name resolution](https://docs.snowflake.com/en/sql-reference/name-resolution).","description_kind":"plain","computed":true},"id":{"type":"string","description_kind":"plain","optional":true,"computed":true},"log_level":{"type":"string","description":"Specifies the severity level of messages that should be ingested and made available in the active event table. Valid options are: [TRACE DEBUG INFO WARN ERROR FATAL OFF]. Messages at the specified level (and at more severe levels) are ingested. For more information, see [LOG_LEVEL](https://docs.snowflake.com/en/sql-reference/parameters.html#label-log-level).","description_kind":"plain","optional":true,"computed":true},"name":{"type":"string","description":"Specifies the identifier for the database; must be unique for your account. Due to technical limitations (read more [here](../guides/identifiers_rework_design_decisions#known-limitations-and-identifier-recommendations)), avoid using the following characters: `|`, `.`, `\"`.","description_kind":"plain","required":true},"quoted_identifiers_ignore_case":{"type":"bool","description":"If true, the case of quoted identifiers is ignored. For more information, see [QUOTED_IDENTIFIERS_IGNORE_CASE](https://docs.snowflake.com/en/sql-reference/parameters#quoted-identifiers-ignore-case).","description_kind":"plain","optional":true,"computed":true},"replace_invalid_characters":{"type":"bool","description":"Specifies whether to replace invalid UTF-8 characters with the Unicode replacement character (�) in query results for an Iceberg table. You can only set this parameter for tables that use an external Iceberg catalog. For more information, see [REPLACE_INVALID_CHARACTERS](https://docs.snowflake.com/en/sql-reference/parameters#replace-invalid-characters).","description_kind":"plain","optional":true,"computed":true},"storage_serialization_policy":{"type":"string","description":"The storage serialization policy for Iceberg tables that use Snowflake as the catalog. Valid options are: [COMPATIBLE OPTIMIZED]. COMPATIBLE: Snowflake performs encoding and compression of data files that ensures interoperability with third-party compute engines. OPTIMIZED: Snowflake performs encoding and compression of data files that ensures the best table performance within Snowflake. For more information, see [STORAGE_SERIALIZATION_POLICY](https://docs.snowflake.com/en/sql-reference/parameters#storage-serialization-policy).","description_kind":"plain","optional":true,"computed":true},"suspend_task_after_num_failures":{"type":"number","description":"How many times a task must fail in a row before it is automatically suspended. 0 disables auto-suspending. For more information, see [SUSPEND_TASK_AFTER_NUM_FAILURES](https://docs.snowflake.com/en/sql-reference/parameters#suspend-task-after-num-failures).","description_kind":"plain","optional":true,"computed":true},"task_auto_retry_attempts":{"type":"number","description":"Maximum automatic retries allowed for a user task. For more information, see [TASK_AUTO_RETRY_ATTEMPTS](https://docs.snowflake.com/en/sql-reference/parameters#task-auto-retry-attempts).","description_kind":"plain","optional":true,"computed":true},"trace_level":{"type":"string","description":"Controls how trace events are ingested into the event table. Valid options are: `ALWAYS` | `ON_EVENT` | `PROPAGATE` | `OFF`. For information about levels, see [TRACE_LEVEL](https://docs.snowflake.com/en/sql-reference/parameters.html#label-trace-level).","description_kind":"plain","optional":true,"computed":true},"user_task_managed_initial_warehouse_size":{"type":"string","description":"The initial size of warehouse to use for managed warehouses in the absence of history. For more information, see [USER_TASK_MANAGED_INITIAL_WAREHOUSE_SIZE](https://docs.snowflake.com/en/sql-reference/parameters#user-task-managed-initial-warehouse-size).","description_kind":"plain","optional":true,"computed":true},"user_task_minimum_trigger_interval_in_seconds":{"type":"number","description":"Minimum amount of time between Triggered Task executions in seconds.","description_kind":"plain","optional":true,"computed":true},"user_task_timeout_ms":{"type":"number","description":"User task execution timeout in milliseconds. For more information, see [USER_TASK_TIMEOUT_MS](https://docs.snowflake.com/en/sql-reference/parameters#user-task-timeout-ms).","description_kind":"plain","optional":true,"computed":true}},"block_types":{"timeouts":{"nesting_mode":"single","block":{"attributes":{"create":{"type":"string","description_kind":"plain","optional":true},"delete":{"type":"string","description_kind":"plain","optional":true},"read":{"type":"string","description_kind":"plain","optional":true},"update":{"type":"string","description_kind":"plain","optional":true}},"description_kind":"plain"}}},"description":"A shared database creates a database from a share provided by another Snowflake account. For more information about shares, see [Introduction to Secure Data Sharing](https://docs.snowflake.com/en/user-guide/data-sharing-intro).","description_kind":"plain"}},"snowflake_stage":{"version":0,"block":{"attributes":{"aws_external_id":{"type":"string","description":"A unique ID assigned to the specific stage. The ID has the following format: \u0026lt;snowflakeAccount\u0026gt;_SFCRole=\u0026lt;snowflakeRoleId\u0026gt;_\u0026lt;randomId\u0026gt;","description_kind":"plain","optional":true,"computed":true},"comment":{"type":"string","description":"Specifies a comment for the stage.","description_kind":"plain","optional":true},"copy_options":{"type":"string","description":"Specifies the copy options for the stage.","description_kind":"plain","optional":true},"credentials":{"type":"string","description":"Specifies the credentials for the stage.","description_kind":"plain","optional":true,"sensitive":true},"database":{"type":"string","description":"The database in which to create the stage.","description_kind":"plain","required":true},"directory":{"type":"string","description":"Specifies the directory settings for the stage.","description_kind":"plain","optional":true},"encryption":{"type":"string","description":"Specifies the encryption settings for the stage.","description_kind":"plain","optional":true},"file_format":{"type":"string","description":"Specifies the file format for the stage. Specifying the default Snowflake value (e.g. TYPE = CSV) will currently result in a permadiff (check [#2679](https://github.com/snowflakedb/terraform-provider-snowflake/issues/2679)). For now, omit the default values; it will be fixed in the upcoming provider versions. Examples of usage: \u003cb\u003e1. with hardcoding value:\u003c/b\u003e `file_format=\"FORMAT_NAME = DB.SCHEMA.FORMATNAME\"` \u003cb\u003e2. from dynamic value:\u003c/b\u003e `file_format = \"FORMAT_NAME = ${snowflake_file_format.myfileformat.fully_qualified_name}\"` \u003cb\u003e3. from expression:\u003c/b\u003e `file_format = format(\"FORMAT_NAME =%s.%s.MYFILEFORMAT\", var.db_name, each.value.schema_name)`. Reference: [#265](https://github.com/snowflakedb/terraform-provider-snowflake/issues/265)","description_kind":"plain","optional":true},"fully_qualified_name":{"type":"string","description":"Fully qualified name of the resource. For more information, see [object name resolution](https://docs.snowflake.com/en/sql-reference/name-resolution).","description_kind":"plain","computed":true},"id":{"type":"string","description_kind":"plain","optional":true,"computed":true},"name":{"type":"string","description":"Specifies the identifier for the stage; must be unique for the database and schema in which the stage is created.","description_kind":"plain","required":true},"schema":{"type":"string","description":"The schema in which to create the stage.","description_kind":"plain","required":true},"snowflake_iam_user":{"type":"string","description":"An AWS IAM user created for your Snowflake account. This user is the same for every external S3 stage created in your account.","description_kind":"plain","optional":true,"computed":true},"storage_integration":{"type":"string","description":"Specifies the name of the storage integration used to delegate authentication responsibility for external cloud storage to a Snowflake identity and access management (IAM) entity.","description_kind":"plain","optional":true},"url":{"type":"string","description":"Specifies the URL for the stage.","description_kind":"plain","optional":true}},"block_types":{"tag":{"nesting_mode":"list","block":{"attributes":{"database":{"type":"string","description":"Name of the database that the tag was created in.","description_kind":"plain","optional":true},"name":{"type":"string","description":"Tag name, e.g. department.","description_kind":"plain","required":true},"schema":{"type":"string","description":"Name of the schema that the tag was created in.","description_kind":"plain","optional":true},"value":{"type":"string","description":"Tag value, e.g. marketing_info.","description_kind":"plain","required":true}},"description":"Definitions of a tag to associate with the resource.","description_kind":"plain","deprecated":true}},"timeouts":{"nesting_mode":"single","block":{"attributes":{"create":{"type":"string","description_kind":"plain","optional":true},"delete":{"type":"string","description_kind":"plain","optional":true},"read":{"type":"string","description_kind":"plain","optional":true},"update":{"type":"string","description_kind":"plain","optional":true}},"description_kind":"plain"}}},"description_kind":"plain"}},"snowflake_storage_integration":{"version":0,"block":{"attributes":{"azure_consent_url":{"type":"string","description":"The consent URL that is used to create an Azure Snowflake service principle inside your tenant.","description_kind":"plain","computed":true,"sensitive":true},"azure_multi_tenant_app_name":{"type":"string","description":"This is the name of the Snowflake client application created for your account.","description_kind":"plain","computed":true},"azure_tenant_id":{"type":"string","description":"(Default: ``) ","description_kind":"plain","optional":true},"comment":{"type":"string","description":"(Default: ``) ","description_kind":"plain","optional":true},"created_on":{"type":"string","description":"Date and time when the storage integration was created.","description_kind":"plain","computed":true},"describe_output":{"type":["list",["object",{"azure_consent_url":["list",["object",{"default":"string","name":"string","type":"string","value":"string"}]],"azure_multi_tenant_app_name":["list",["object",{"default":"string","name":"string","type":"string","value":"string"}]],"comment":["list",["object",{"default":"string","name":"string","type":"string","value":"string"}]],"enabled":["list",["object",{"default":"string","name":"string","type":"string","value":"string"}]],"storage_allowed_locations":["list",["object",{"default":"string","name":"string","type":"string","value":"string"}]],"storage_aws_external_id":["list",["object",{"default":"string","name":"string","type":"string","value":"string"}]],"storage_aws_iam_user_arn":["list",["object",{"default":"string","name":"string","type":"string","value":"string"}]],"storage_aws_object_acl":["list",["object",{"default":"string","name":"string","type":"string","value":"string"}]],"storage_aws_role_arn":["list",["object",{"default":"string","name":"string","type":"string","value":"string"}]],"storage_blocked_locations":["list",["object",{"default":"string","name":"string","type":"string","value":"string"}]],"storage_gcp_service_account":["list",["object",{"default":"string","name":"string","type":"string","value":"string"}]],"storage_provider":["list",["object",{"default":"string","name":"string","type":"string","value":"string"}]],"use_privatelink_endpoint":["list",["object",{"default":"string","name":"string","type":"string","value":"string"}]]}]],"description":"Outputs the result of `DESCRIBE STORAGE INTEGRATION` for the given storage integration.","description_kind":"plain","computed":true},"enabled":{"type":"bool","description":"(Default: `true`) ","description_kind":"plain","optional":true},"fully_qualified_name":{"type":"string","description":"Fully qualified name of the resource. For more information, see [object name resolution](https://docs.snowflake.com/en/sql-reference/name-resolution).","description_kind":"plain","computed":true},"id":{"type":"string","description_kind":"plain","optional":true,"computed":true},"name":{"type":"string","description_kind":"plain","required":true},"storage_allowed_locations":{"type":["list","string"],"description":"Explicitly limits external stages that use the integration to reference one or more storage locations.","description_kind":"plain","required":true},"storage_aws_external_id":{"type":"string","description":"The external ID that Snowflake will use when assuming the AWS role.","description_kind":"plain","optional":true},"storage_aws_iam_user_arn":{"type":"string","description":"The Snowflake user that will attempt to assume the AWS role.","description_kind":"plain","computed":true},"storage_aws_object_acl":{"type":"string","description":"\"bucket-owner-full-control\" Enables support for AWS access control lists (ACLs) to grant the bucket owner full control.","description_kind":"plain","optional":true},"storage_aws_role_arn":{"type":"string","description":"(Default: ``) ","description_kind":"plain","optional":true},"storage_blocked_locations":{"type":["list","string"],"description":"Explicitly prohibits external stages that use the integration from referencing one or more storage locations.","description_kind":"plain","optional":true},"storage_gcp_service_account":{"type":"string","description":"This is the name of the Snowflake Google Service Account created for your account.","description_kind":"plain","computed":true},"storage_provider":{"type":"string","description":"Specifies the storage provider for the integration. Valid options are: `S3` | `S3GOV` | `S3CHINA` | `GCS` | `AZURE`","description_kind":"plain","required":true},"type":{"type":"string","description":"(Default: `EXTERNAL_STAGE`) ","description_kind":"plain","optional":true}},"block_types":{"timeouts":{"nesting_mode":"single","block":{"attributes":{"create":{"type":"string","description_kind":"plain","optional":true},"delete":{"type":"string","description_kind":"plain","optional":true},"read":{"type":"string","description_kind":"plain","optional":true},"update":{"type":"string","description_kind":"plain","optional":true}},"description_kind":"plain"}}},"description_kind":"plain"}},"snowflake_stream_on_directory_table":{"version":0,"block":{"attributes":{"comment":{"type":"string","description":"Specifies a comment for the stream.","description_kind":"plain","optional":true},"copy_grants":{"type":"bool","description":"(Default: `false`) Retains the access permissions from the original stream when a stream is recreated using the OR REPLACE clause. This is used when the provider detects changes for fields that can not be changed by ALTER. This value will not have any effect during creating a new object with Terraform.","description_kind":"plain","optional":true},"database":{"type":"string","description":"The database in which to create the stream. Due to technical limitations (read more [here](../guides/identifiers_rework_design_decisions#known-limitations-and-identifier-recommendations)), avoid using the following characters: `|`, `.`, `\"`.","description_kind":"plain","required":true},"describe_output":{"type":["list",["object",{"base_tables":["list","string"],"comment":"string","created_on":"string","database_name":"string","invalid_reason":"string","mode":"string","name":"string","owner":"string","owner_role_type":"string","schema_name":"string","source_type":"string","stale":"bool","stale_after":"string","table_name":"string","type":"string"}]],"description":"Outputs the result of `DESCRIBE STREAM` for the given stream.","description_kind":"plain","computed":true},"fully_qualified_name":{"type":"string","description":"Fully qualified name of the resource. For more information, see [object name resolution](https://docs.snowflake.com/en/sql-reference/name-resolution).","description_kind":"plain","computed":true},"id":{"type":"string","description_kind":"plain","optional":true,"computed":true},"name":{"type":"string","description":"Specifies the identifier for the stream; must be unique for the database and schema in which the stream is created. Due to technical limitations (read more [here](../guides/identifiers_rework_design_decisions#known-limitations-and-identifier-recommendations)), avoid using the following characters: `|`, `.`, `\"`.","description_kind":"plain","required":true},"schema":{"type":"string","description":"The schema in which to create the stream. Due to technical limitations (read more [here](../guides/identifiers_rework_design_decisions#known-limitations-and-identifier-recommendations)), avoid using the following characters: `|`, `.`, `\"`.","description_kind":"plain","required":true},"show_output":{"type":["list",["object",{"base_tables":["list","string"],"comment":"string","created_on":"string","database_name":"string","invalid_reason":"string","mode":"string","name":"string","owner":"string","owner_role_type":"string","schema_name":"string","source_type":"string","stale":"bool","stale_after":"string","table_name":"string","type":"string"}]],"description":"Outputs the result of `SHOW STREAMS` for the given stream.","description_kind":"plain","computed":true},"stage":{"type":"string","description":"Specifies an identifier for the stage the stream will monitor. Due to Snowflake limitations, the provider can not read the stage's database and schema. For stages, Snowflake returns only partially qualified name instead of fully qualified name. Please use stages located in the same schema as the stream. Due to technical limitations (read more [here](../guides/identifiers_rework_design_decisions#known-limitations-and-identifier-recommendations)), avoid using the following characters: `|`, `.`, `\"`. For more information about this resource, see [docs](./stage).","description_kind":"plain","required":true},"stale":{"type":"bool","description":"Indicated if the stream is stale. When Terraform detects that the stream is stale, the stream is recreated with `CREATE OR REPLACE`. Read more on stream staleness in Snowflake [docs](https://docs.snowflake.com/en/user-guide/streams-intro#data-retention-period-and-staleness).","description_kind":"plain","computed":true},"stream_type":{"type":"string","description":"Specifies a type for the stream. This field is used for checking external changes and recreating the resources if needed.","description_kind":"plain","computed":true}},"block_types":{"timeouts":{"nesting_mode":"single","block":{"attributes":{"create":{"type":"string","description_kind":"plain","optional":true},"delete":{"type":"string","description_kind":"plain","optional":true},"read":{"type":"string","description_kind":"plain","optional":true},"update":{"type":"string","description_kind":"plain","optional":true}},"description_kind":"plain"}}},"description":"Resource used to manage streams on directory tables. For more information, check [stream documentation](https://docs.snowflake.com/en/sql-reference/sql/create-stream).","description_kind":"plain"}},"snowflake_stream_on_external_table":{"version":0,"block":{"attributes":{"comment":{"type":"string","description":"Specifies a comment for the stream.","description_kind":"plain","optional":true},"copy_grants":{"type":"bool","description":"(Default: `false`) Retains the access permissions from the original stream when a stream is recreated using the OR REPLACE clause. This is used when the provider detects changes for fields that can not be changed by ALTER. This value will not have any effect during creating a new object with Terraform.","description_kind":"plain","optional":true},"database":{"type":"string","description":"The database in which to create the stream. Due to technical limitations (read more [here](../guides/identifiers_rework_design_decisions#known-limitations-and-identifier-recommendations)), avoid using the following characters: `|`, `.`, `\"`.","description_kind":"plain","required":true},"describe_output":{"type":["list",["object",{"base_tables":["list","string"],"comment":"string","created_on":"string","database_name":"string","invalid_reason":"string","mode":"string","name":"string","owner":"string","owner_role_type":"string","schema_name":"string","source_type":"string","stale":"bool","stale_after":"string","table_name":"string","type":"string"}]],"description":"Outputs the result of `DESCRIBE STREAM` for the given stream.","description_kind":"plain","computed":true},"external_table":{"type":"string","description":"Specifies an identifier for the external table the stream will monitor. Due to technical limitations (read more [here](../guides/identifiers_rework_design_decisions#known-limitations-and-identifier-recommendations)), avoid using the following characters: `|`, `.`, `\"`. For more information about this resource, see [docs](./external_table).","description_kind":"plain","required":true},"fully_qualified_name":{"type":"string","description":"Fully qualified name of the resource. For more information, see [object name resolution](https://docs.snowflake.com/en/sql-reference/name-resolution).","description_kind":"plain","computed":true},"id":{"type":"string","description_kind":"plain","optional":true,"computed":true},"insert_only":{"type":"string","description":"(Default: fallback to Snowflake default - uses special value that cannot be set in the configuration manually (`default`)) Specifies whether this is an insert-only stream. Available options are: \"true\" or \"false\". When the value is not set in the configuration the provider will put \"default\" there which means to use the Snowflake default for this value.","description_kind":"plain","optional":true},"name":{"type":"string","description":"Specifies the identifier for the stream; must be unique for the database and schema in which the stream is created. Due to technical limitations (read more [here](../guides/identifiers_rework_design_decisions#known-limitations-and-identifier-recommendations)), avoid using the following characters: `|`, `.`, `\"`.","description_kind":"plain","required":true},"schema":{"type":"string","description":"The schema in which to create the stream. Due to technical limitations (read more [here](../guides/identifiers_rework_design_decisions#known-limitations-and-identifier-recommendations)), avoid using the following characters: `|`, `.`, `\"`.","description_kind":"plain","required":true},"show_output":{"type":["list",["object",{"base_tables":["list","string"],"comment":"string","created_on":"string","database_name":"string","invalid_reason":"string","mode":"string","name":"string","owner":"string","owner_role_type":"string","schema_name":"string","source_type":"string","stale":"bool","stale_after":"string","table_name":"string","type":"string"}]],"description":"Outputs the result of `SHOW STREAMS` for the given stream.","description_kind":"plain","computed":true},"stale":{"type":"bool","description":"Indicated if the stream is stale. When Terraform detects that the stream is stale, the stream is recreated with `CREATE OR REPLACE`. Read more on stream staleness in Snowflake [docs](https://docs.snowflake.com/en/user-guide/streams-intro#data-retention-period-and-staleness).","description_kind":"plain","computed":true},"stream_type":{"type":"string","description":"Specifies a type for the stream. This field is used for checking external changes and recreating the resources if needed.","description_kind":"plain","computed":true}},"block_types":{"at":{"nesting_mode":"list","block":{"attributes":{"offset":{"type":"string","description":"Specifies the difference in seconds from the current time to use for Time Travel, in the form -N where N can be an integer or arithmetic expression (e.g. -120 is 120 seconds, -30*60 is 1800 seconds or 30 minutes).","description_kind":"plain","optional":true},"statement":{"type":"string","description":"Specifies the query ID of a statement to use as the reference point for Time Travel. This parameter supports any statement of one of the following types: DML (e.g. INSERT, UPDATE, DELETE), TCL (BEGIN, COMMIT transaction), SELECT.","description_kind":"plain","optional":true},"stream":{"type":"string","description":"Specifies the identifier (i.e. name) for an existing stream on the queried table or view. The current offset in the stream is used as the AT point in time for returning change data for the source object.","description_kind":"plain","optional":true},"timestamp":{"type":"string","description":"Specifies an exact date and time to use for Time Travel. The value must be explicitly cast to a TIMESTAMP, TIMESTAMP_LTZ, TIMESTAMP_NTZ, or TIMESTAMP_TZ data type.","description_kind":"plain","optional":true}},"description":"This field specifies that the request is inclusive of any changes made by a statement or transaction with a timestamp equal to the specified parameter. Due to Snowflake limitations, the provider does not detect external changes on this field. External changes for this field won't be detected. In case you want to apply external changes, you can re-create the resource manually using \"terraform taint\".","description_kind":"plain"},"max_items":1},"before":{"nesting_mode":"list","block":{"attributes":{"offset":{"type":"string","description":"Specifies the difference in seconds from the current time to use for Time Travel, in the form -N where N can be an integer or arithmetic expression (e.g. -120 is 120 seconds, -30*60 is 1800 seconds or 30 minutes).","description_kind":"plain","optional":true},"statement":{"type":"string","description":"Specifies the query ID of a statement to use as the reference point for Time Travel. This parameter supports any statement of one of the following types: DML (e.g. INSERT, UPDATE, DELETE), TCL (BEGIN, COMMIT transaction), SELECT.","description_kind":"plain","optional":true},"stream":{"type":"string","description":"Specifies the identifier (i.e. name) for an existing stream on the queried table or view. The current offset in the stream is used as the AT point in time for returning change data for the source object.","description_kind":"plain","optional":true},"timestamp":{"type":"string","description":"Specifies an exact date and time to use for Time Travel. The value must be explicitly cast to a TIMESTAMP, TIMESTAMP_LTZ, TIMESTAMP_NTZ, or TIMESTAMP_TZ data type.","description_kind":"plain","optional":true}},"description":"This field specifies that the request refers to a point immediately preceding the specified parameter. This point in time is just before the statement, identified by its query ID, is completed.  Due to Snowflake limitations, the provider does not detect external changes on this field. External changes for this field won't be detected. In case you want to apply external changes, you can re-create the resource manually using \"terraform taint\".","description_kind":"plain"},"max_items":1},"timeouts":{"nesting_mode":"single","block":{"attributes":{"create":{"type":"string","description_kind":"plain","optional":true},"delete":{"type":"string","description_kind":"plain","optional":true},"read":{"type":"string","description_kind":"plain","optional":true},"update":{"type":"string","description_kind":"plain","optional":true}},"description_kind":"plain"}}},"description":"Resource used to manage streams on external tables. For more information, check [stream documentation](https://docs.snowflake.com/en/sql-reference/sql/create-stream).","description_kind":"plain"}},"snowflake_stream_on_table":{"version":0,"block":{"attributes":{"append_only":{"type":"string","description":"(Default: fallback to Snowflake default - uses special value that cannot be set in the configuration manually (`default`)) Specifies whether this is an append-only stream. Available options are: \"true\" or \"false\". When the value is not set in the configuration the provider will put \"default\" there which means to use the Snowflake default for this value.","description_kind":"plain","optional":true},"comment":{"type":"string","description":"Specifies a comment for the stream.","description_kind":"plain","optional":true},"copy_grants":{"type":"bool","description":"(Default: `false`) Retains the access permissions from the original stream when a stream is recreated using the OR REPLACE clause. This is used when the provider detects changes for fields that can not be changed by ALTER. This value will not have any effect during creating a new object with Terraform.","description_kind":"plain","optional":true},"database":{"type":"string","description":"The database in which to create the stream. Due to technical limitations (read more [here](../guides/identifiers_rework_design_decisions#known-limitations-and-identifier-recommendations)), avoid using the following characters: `|`, `.`, `\"`.","description_kind":"plain","required":true},"describe_output":{"type":["list",["object",{"base_tables":["list","string"],"comment":"string","created_on":"string","database_name":"string","invalid_reason":"string","mode":"string","name":"string","owner":"string","owner_role_type":"string","schema_name":"string","source_type":"string","stale":"bool","stale_after":"string","table_name":"string","type":"string"}]],"description":"Outputs the result of `DESCRIBE STREAM` for the given stream.","description_kind":"plain","computed":true},"fully_qualified_name":{"type":"string","description":"Fully qualified name of the resource. For more information, see [object name resolution](https://docs.snowflake.com/en/sql-reference/name-resolution).","description_kind":"plain","computed":true},"id":{"type":"string","description_kind":"plain","optional":true,"computed":true},"name":{"type":"string","description":"Specifies the identifier for the stream; must be unique for the database and schema in which the stream is created. Due to technical limitations (read more [here](../guides/identifiers_rework_design_decisions#known-limitations-and-identifier-recommendations)), avoid using the following characters: `|`, `.`, `\"`.","description_kind":"plain","required":true},"schema":{"type":"string","description":"The schema in which to create the stream. Due to technical limitations (read more [here](../guides/identifiers_rework_design_decisions#known-limitations-and-identifier-recommendations)), avoid using the following characters: `|`, `.`, `\"`.","description_kind":"plain","required":true},"show_initial_rows":{"type":"string","description":"(Default: fallback to Snowflake default - uses special value that cannot be set in the configuration manually (`default`)) Specifies whether to return all existing rows in the source table as row inserts the first time the stream is consumed. Available options are: \"true\" or \"false\". When the value is not set in the configuration the provider will put \"default\" there which means to use the Snowflake default for this value. External changes for this field won't be detected. In case you want to apply external changes, you can re-create the resource manually using \"terraform taint\".","description_kind":"plain","optional":true},"show_output":{"type":["list",["object",{"base_tables":["list","string"],"comment":"string","created_on":"string","database_name":"string","invalid_reason":"string","mode":"string","name":"string","owner":"string","owner_role_type":"string","schema_name":"string","source_type":"string","stale":"bool","stale_after":"string","table_name":"string","type":"string"}]],"description":"Outputs the result of `SHOW STREAMS` for the given stream.","description_kind":"plain","computed":true},"stale":{"type":"bool","description":"Indicated if the stream is stale. When Terraform detects that the stream is stale, the stream is recreated with `CREATE OR REPLACE`. Read more on stream staleness in Snowflake [docs](https://docs.snowflake.com/en/user-guide/streams-intro#data-retention-period-and-staleness).","description_kind":"plain","computed":true},"stream_type":{"type":"string","description":"Specifies a type for the stream. This field is used for checking external changes and recreating the resources if needed.","description_kind":"plain","computed":true},"table":{"type":"string","description":"Specifies an identifier for the table the stream will monitor. Due to technical limitations (read more [here](../guides/identifiers_rework_design_decisions#known-limitations-and-identifier-recommendations)), avoid using the following characters: `|`, `.`, `\"`. For more information about this resource, see [docs](./table).","description_kind":"plain","required":true}},"block_types":{"at":{"nesting_mode":"list","block":{"attributes":{"offset":{"type":"string","description":"Specifies the difference in seconds from the current time to use for Time Travel, in the form -N where N can be an integer or arithmetic expression (e.g. -120 is 120 seconds, -30*60 is 1800 seconds or 30 minutes).","description_kind":"plain","optional":true},"statement":{"type":"string","description":"Specifies the query ID of a statement to use as the reference point for Time Travel. This parameter supports any statement of one of the following types: DML (e.g. INSERT, UPDATE, DELETE), TCL (BEGIN, COMMIT transaction), SELECT.","description_kind":"plain","optional":true},"stream":{"type":"string","description":"Specifies the identifier (i.e. name) for an existing stream on the queried table or view. The current offset in the stream is used as the AT point in time for returning change data for the source object.","description_kind":"plain","optional":true},"timestamp":{"type":"string","description":"Specifies an exact date and time to use for Time Travel. The value must be explicitly cast to a TIMESTAMP, TIMESTAMP_LTZ, TIMESTAMP_NTZ, or TIMESTAMP_TZ data type.","description_kind":"plain","optional":true}},"description":"This field specifies that the request is inclusive of any changes made by a statement or transaction with a timestamp equal to the specified parameter. Due to Snowflake limitations, the provider does not detect external changes on this field. External changes for this field won't be detected. In case you want to apply external changes, you can re-create the resource manually using \"terraform taint\".","description_kind":"plain"},"max_items":1},"before":{"nesting_mode":"list","block":{"attributes":{"offset":{"type":"string","description":"Specifies the difference in seconds from the current time to use for Time Travel, in the form -N where N can be an integer or arithmetic expression (e.g. -120 is 120 seconds, -30*60 is 1800 seconds or 30 minutes).","description_kind":"plain","optional":true},"statement":{"type":"string","description":"Specifies the query ID of a statement to use as the reference point for Time Travel. This parameter supports any statement of one of the following types: DML (e.g. INSERT, UPDATE, DELETE), TCL (BEGIN, COMMIT transaction), SELECT.","description_kind":"plain","optional":true},"stream":{"type":"string","description":"Specifies the identifier (i.e. name) for an existing stream on the queried table or view. The current offset in the stream is used as the AT point in time for returning change data for the source object.","description_kind":"plain","optional":true},"timestamp":{"type":"string","description":"Specifies an exact date and time to use for Time Travel. The value must be explicitly cast to a TIMESTAMP, TIMESTAMP_LTZ, TIMESTAMP_NTZ, or TIMESTAMP_TZ data type.","description_kind":"plain","optional":true}},"description":"This field specifies that the request refers to a point immediately preceding the specified parameter. This point in time is just before the statement, identified by its query ID, is completed.  Due to Snowflake limitations, the provider does not detect external changes on this field. External changes for this field won't be detected. In case you want to apply external changes, you can re-create the resource manually using \"terraform taint\".","description_kind":"plain"},"max_items":1},"timeouts":{"nesting_mode":"single","block":{"attributes":{"create":{"type":"string","description_kind":"plain","optional":true},"delete":{"type":"string","description_kind":"plain","optional":true},"read":{"type":"string","description_kind":"plain","optional":true},"update":{"type":"string","description_kind":"plain","optional":true}},"description_kind":"plain"}}},"description":"Resource used to manage streams on tables. For more information, check [stream documentation](https://docs.snowflake.com/en/sql-reference/sql/create-stream).","description_kind":"plain"}},"snowflake_stream_on_view":{"version":0,"block":{"attributes":{"append_only":{"type":"string","description":"(Default: fallback to Snowflake default - uses special value that cannot be set in the configuration manually (`default`)) Specifies whether this is an append-only stream. Available options are: \"true\" or \"false\". When the value is not set in the configuration the provider will put \"default\" there which means to use the Snowflake default for this value.","description_kind":"plain","optional":true},"comment":{"type":"string","description":"Specifies a comment for the stream.","description_kind":"plain","optional":true},"copy_grants":{"type":"bool","description":"(Default: `false`) Retains the access permissions from the original stream when a stream is recreated using the OR REPLACE clause. This is used when the provider detects changes for fields that can not be changed by ALTER. This value will not have any effect during creating a new object with Terraform.","description_kind":"plain","optional":true},"database":{"type":"string","description":"The database in which to create the stream. Due to technical limitations (read more [here](../guides/identifiers_rework_design_decisions#known-limitations-and-identifier-recommendations)), avoid using the following characters: `|`, `.`, `\"`.","description_kind":"plain","required":true},"describe_output":{"type":["list",["object",{"base_tables":["list","string"],"comment":"string","created_on":"string","database_name":"string","invalid_reason":"string","mode":"string","name":"string","owner":"string","owner_role_type":"string","schema_name":"string","source_type":"string","stale":"bool","stale_after":"string","table_name":"string","type":"string"}]],"description":"Outputs the result of `DESCRIBE STREAM` for the given stream.","description_kind":"plain","computed":true},"fully_qualified_name":{"type":"string","description":"Fully qualified name of the resource. For more information, see [object name resolution](https://docs.snowflake.com/en/sql-reference/name-resolution).","description_kind":"plain","computed":true},"id":{"type":"string","description_kind":"plain","optional":true,"computed":true},"name":{"type":"string","description":"Specifies the identifier for the stream; must be unique for the database and schema in which the stream is created. Due to technical limitations (read more [here](../guides/identifiers_rework_design_decisions#known-limitations-and-identifier-recommendations)), avoid using the following characters: `|`, `.`, `\"`.","description_kind":"plain","required":true},"schema":{"type":"string","description":"The schema in which to create the stream. Due to technical limitations (read more [here](../guides/identifiers_rework_design_decisions#known-limitations-and-identifier-recommendations)), avoid using the following characters: `|`, `.`, `\"`.","description_kind":"plain","required":true},"show_initial_rows":{"type":"string","description":"(Default: fallback to Snowflake default - uses special value that cannot be set in the configuration manually (`default`)) Specifies whether to return all existing rows in the source table as row inserts the first time the stream is consumed. Available options are: \"true\" or \"false\". When the value is not set in the configuration the provider will put \"default\" there which means to use the Snowflake default for this value. External changes for this field won't be detected. In case you want to apply external changes, you can re-create the resource manually using \"terraform taint\".","description_kind":"plain","optional":true},"show_output":{"type":["list",["object",{"base_tables":["list","string"],"comment":"string","created_on":"string","database_name":"string","invalid_reason":"string","mode":"string","name":"string","owner":"string","owner_role_type":"string","schema_name":"string","source_type":"string","stale":"bool","stale_after":"string","table_name":"string","type":"string"}]],"description":"Outputs the result of `SHOW STREAMS` for the given stream.","description_kind":"plain","computed":true},"stale":{"type":"bool","description":"Indicated if the stream is stale. When Terraform detects that the stream is stale, the stream is recreated with `CREATE OR REPLACE`. Read more on stream staleness in Snowflake [docs](https://docs.snowflake.com/en/user-guide/streams-intro#data-retention-period-and-staleness).","description_kind":"plain","computed":true},"stream_type":{"type":"string","description":"Specifies a type for the stream. This field is used for checking external changes and recreating the resources if needed.","description_kind":"plain","computed":true},"view":{"type":"string","description":"Specifies an identifier for the view the stream will monitor. Due to technical limitations (read more [here](../guides/identifiers_rework_design_decisions#known-limitations-and-identifier-recommendations)), avoid using the following characters: `|`, `.`, `\"`. For more information about this resource, see [docs](./view).","description_kind":"plain","required":true}},"block_types":{"at":{"nesting_mode":"list","block":{"attributes":{"offset":{"type":"string","description":"Specifies the difference in seconds from the current time to use for Time Travel, in the form -N where N can be an integer or arithmetic expression (e.g. -120 is 120 seconds, -30*60 is 1800 seconds or 30 minutes).","description_kind":"plain","optional":true},"statement":{"type":"string","description":"Specifies the query ID of a statement to use as the reference point for Time Travel. This parameter supports any statement of one of the following types: DML (e.g. INSERT, UPDATE, DELETE), TCL (BEGIN, COMMIT transaction), SELECT.","description_kind":"plain","optional":true},"stream":{"type":"string","description":"Specifies the identifier (i.e. name) for an existing stream on the queried table or view. The current offset in the stream is used as the AT point in time for returning change data for the source object.","description_kind":"plain","optional":true},"timestamp":{"type":"string","description":"Specifies an exact date and time to use for Time Travel. The value must be explicitly cast to a TIMESTAMP, TIMESTAMP_LTZ, TIMESTAMP_NTZ, or TIMESTAMP_TZ data type.","description_kind":"plain","optional":true}},"description":"This field specifies that the request is inclusive of any changes made by a statement or transaction with a timestamp equal to the specified parameter. Due to Snowflake limitations, the provider does not detect external changes on this field. External changes for this field won't be detected. In case you want to apply external changes, you can re-create the resource manually using \"terraform taint\".","description_kind":"plain"},"max_items":1},"before":{"nesting_mode":"list","block":{"attributes":{"offset":{"type":"string","description":"Specifies the difference in seconds from the current time to use for Time Travel, in the form -N where N can be an integer or arithmetic expression (e.g. -120 is 120 seconds, -30*60 is 1800 seconds or 30 minutes).","description_kind":"plain","optional":true},"statement":{"type":"string","description":"Specifies the query ID of a statement to use as the reference point for Time Travel. This parameter supports any statement of one of the following types: DML (e.g. INSERT, UPDATE, DELETE), TCL (BEGIN, COMMIT transaction), SELECT.","description_kind":"plain","optional":true},"stream":{"type":"string","description":"Specifies the identifier (i.e. name) for an existing stream on the queried table or view. The current offset in the stream is used as the AT point in time for returning change data for the source object.","description_kind":"plain","optional":true},"timestamp":{"type":"string","description":"Specifies an exact date and time to use for Time Travel. The value must be explicitly cast to a TIMESTAMP, TIMESTAMP_LTZ, TIMESTAMP_NTZ, or TIMESTAMP_TZ data type.","description_kind":"plain","optional":true}},"description":"This field specifies that the request refers to a point immediately preceding the specified parameter. This point in time is just before the statement, identified by its query ID, is completed.  Due to Snowflake limitations, the provider does not detect external changes on this field. External changes for this field won't be detected. In case you want to apply external changes, you can re-create the resource manually using \"terraform taint\".","description_kind":"plain"},"max_items":1},"timeouts":{"nesting_mode":"single","block":{"attributes":{"create":{"type":"string","description_kind":"plain","optional":true},"delete":{"type":"string","description_kind":"plain","optional":true},"read":{"type":"string","description_kind":"plain","optional":true},"update":{"type":"string","description_kind":"plain","optional":true}},"description_kind":"plain"}}},"description":"Resource used to manage streams on views. For more information, check [stream documentation](https://docs.snowflake.com/en/sql-reference/sql/create-stream).","description_kind":"plain"}},"snowflake_streamlit":{"version":1,"block":{"attributes":{"comment":{"type":"string","description":"Specifies a comment for the streamlit.","description_kind":"plain","optional":true},"database":{"type":"string","description":"The database in which to create the streamlit Due to technical limitations (read more [here](../guides/identifiers_rework_design_decisions#known-limitations-and-identifier-recommendations)), avoid using the following characters: `|`, `.`, `\"`.","description_kind":"plain","required":true},"describe_output":{"type":["list",["object",{"default_packages":"string","external_access_integrations":["set","string"],"external_access_secrets":"string","import_urls":["set","string"],"main_file":"string","name":"string","query_warehouse":"string","root_location":"string","title":"string","url_id":"string","user_packages":["set","string"]}]],"description":"Outputs the result of `DESCRIBE STREAMLIT` for the given streamlit.","description_kind":"plain","computed":true},"directory_location":{"type":"string","description":"Specifies the full path to the named stage containing the Streamlit Python files, media files, and the environment.yml file.","description_kind":"plain","optional":true},"external_access_integrations":{"type":["set","string"],"description":"External access integrations connected to the Streamlit.","description_kind":"plain","optional":true},"fully_qualified_name":{"type":"string","description":"Fully qualified name of the resource. For more information, see [object name resolution](https://docs.snowflake.com/en/sql-reference/name-resolution).","description_kind":"plain","computed":true},"id":{"type":"string","description_kind":"plain","optional":true,"computed":true},"main_file":{"type":"string","description":"Specifies the filename of the Streamlit Python application. This filename is relative to the value of `directory_location`","description_kind":"plain","required":true},"name":{"type":"string","description":"String that specifies the identifier (i.e. name) for the streamlit; must be unique in your account. Due to technical limitations (read more [here](../guides/identifiers_rework_design_decisions#known-limitations-and-identifier-recommendations)), avoid using the following characters: `|`, `.`, `\"`.","description_kind":"plain","required":true},"query_warehouse":{"type":"string","description":"Specifies the warehouse where SQL queries issued by the Streamlit application are run. Due to Snowflake limitations warehouse identifier can consist of only upper-cased letters. For more information about this resource, see [docs](./warehouse).","description_kind":"plain","optional":true},"schema":{"type":"string","description":"The schema in which to create the streamlit. Due to technical limitations (read more [here](../guides/identifiers_rework_design_decisions#known-limitations-and-identifier-recommendations)), avoid using the following characters: `|`, `.`, `\"`.","description_kind":"plain","required":true},"show_output":{"type":["list",["object",{"comment":"string","created_on":"string","database_name":"string","name":"string","owner":"string","owner_role_type":"string","query_warehouse":"string","schema_name":"string","title":"string","url_id":"string"}]],"description":"Outputs the result of `SHOW STREAMLIT` for the given streamlit.","description_kind":"plain","computed":true},"stage":{"type":"string","description":"The stage in which streamlit files are located. For more information about this resource, see [docs](./stage).","description_kind":"plain","required":true},"title":{"type":"string","description":"Specifies a title for the Streamlit app to display in Snowsight.","description_kind":"plain","optional":true}},"block_types":{"timeouts":{"nesting_mode":"single","block":{"attributes":{"create":{"type":"string","description_kind":"plain","optional":true},"delete":{"type":"string","description_kind":"plain","optional":true},"read":{"type":"string","description_kind":"plain","optional":true},"update":{"type":"string","description_kind":"plain","optional":true}},"description_kind":"plain"}}},"description":"Resource used to manage streamlits objects. For more information, check [streamlit documentation](https://docs.snowflake.com/en/sql-reference/commands-streamlit).","description_kind":"plain"}},"snowflake_table":{"version":0,"block":{"attributes":{"change_tracking":{"type":"bool","description":"(Default: `false`) Specifies whether to enable change tracking on the table. Default false.","description_kind":"plain","optional":true},"cluster_by":{"type":["list","string"],"description":"A list of one or more table columns/expressions to be used as clustering key(s) for the table","description_kind":"plain","optional":true},"comment":{"type":"string","description":"Specifies a comment for the table.","description_kind":"plain","optional":true},"data_retention_time_in_days":{"type":"number","description":"(Default: fallback to Snowflake default - uses special value that cannot be set in the configuration manually (`-1`)) Specifies the retention period for the table so that Time Travel actions (SELECT, CLONE, UNDROP) can be performed on historical data in the table. If you wish to inherit the parent schema setting then pass in the schema attribute to this argument or do not fill this parameter at all; the default value for this field is -1, which is a fallback to use Snowflake default - in this case the schema value","description_kind":"plain","optional":true},"database":{"type":"string","description":"The database in which to create the table.","description_kind":"plain","required":true},"fully_qualified_name":{"type":"string","description":"Fully qualified name of the resource. For more information, see [object name resolution](https://docs.snowflake.com/en/sql-reference/name-resolution).","description_kind":"plain","computed":true},"id":{"type":"string","description_kind":"plain","optional":true,"computed":true},"name":{"type":"string","description":"Specifies the identifier for the table; must be unique for the database and schema in which the table is created.","description_kind":"plain","required":true},"owner":{"type":"string","description":"Name of the role that owns the table.","description_kind":"plain","computed":true},"schema":{"type":"string","description":"The schema in which to create the table.","description_kind":"plain","required":true}},"block_types":{"column":{"nesting_mode":"list","block":{"attributes":{"collate":{"type":"string","description":"(Default: ``) Column collation, e.g. utf8","description_kind":"plain","optional":true},"comment":{"type":"string","description":"(Default: ``) Column comment","description_kind":"plain","optional":true},"masking_policy":{"type":"string","description":"(Default: ``) Masking policy to apply on column. It has to be a fully qualified name.","description_kind":"plain","optional":true},"name":{"type":"string","description":"Column name","description_kind":"plain","required":true},"nullable":{"type":"bool","description":"(Default: `true`) Whether this column can contain null values. **Note**: Depending on your Snowflake version, the default value will not suffice if this column is used in a primary key constraint.","description_kind":"plain","optional":true},"schema_evolution_record":{"type":"string","description":"Record of schema evolution.","description_kind":"plain","computed":true},"type":{"type":"string","description":"Column type, e.g. VARIANT. For a full list of column types, see [Summary of Data Types](https://docs.snowflake.com/en/sql-reference/intro-summary-data-types).","description_kind":"plain","required":true}},"block_types":{"default":{"nesting_mode":"list","block":{"attributes":{"constant":{"type":"string","description":"The default constant value for the column","description_kind":"plain","optional":true},"expression":{"type":"string","description":"The default expression value for the column","description_kind":"plain","optional":true},"sequence":{"type":"string","description":"The default sequence to use for the column","description_kind":"plain","optional":true}},"description":"Defines the column default value; note due to limitations of Snowflake's ALTER TABLE ADD/MODIFY COLUMN updates to default will not be applied","description_kind":"plain"},"max_items":1},"identity":{"nesting_mode":"list","block":{"attributes":{"start_num":{"type":"number","description":"(Default: `1`) The number to start incrementing at.","description_kind":"plain","optional":true},"step_num":{"type":"number","description":"(Default: `1`) Step size to increment by.","description_kind":"plain","optional":true}},"description":"Defines the identity start/step values for a column. **Note** Identity/default are mutually exclusive.","description_kind":"plain"},"max_items":1}},"description":"Definitions of a column to create in the table. Minimum one required.","description_kind":"plain"},"min_items":1},"primary_key":{"nesting_mode":"list","block":{"attributes":{"keys":{"type":["list","string"],"description":"Columns to use in primary key","description_kind":"plain","required":true},"name":{"type":"string","description":"Name of constraint","description_kind":"plain","optional":true}},"description":"Definitions of primary key constraint to create on table","description_kind":"plain","deprecated":true},"max_items":1},"tag":{"nesting_mode":"list","block":{"attributes":{"database":{"type":"string","description":"Name of the database that the tag was created in.","description_kind":"plain","optional":true},"name":{"type":"string","description":"Tag name, e.g. department.","description_kind":"plain","required":true},"schema":{"type":"string","description":"Name of the schema that the tag was created in.","description_kind":"plain","optional":true},"value":{"type":"string","description":"Tag value, e.g. marketing_info.","description_kind":"plain","required":true}},"description":"Definitions of a tag to associate with the resource.","description_kind":"plain","deprecated":true}},"timeouts":{"nesting_mode":"single","block":{"attributes":{"create":{"type":"string","description_kind":"plain","optional":true},"delete":{"type":"string","description_kind":"plain","optional":true},"read":{"type":"string","description_kind":"plain","optional":true},"update":{"type":"string","description_kind":"plain","optional":true}},"description_kind":"plain"}}},"description_kind":"plain"}},"snowflake_table_column_masking_policy_application":{"version":0,"block":{"attributes":{"column":{"type":"string","description":"The column to apply the masking policy to.","description_kind":"plain","required":true},"id":{"type":"string","description_kind":"plain","optional":true,"computed":true},"masking_policy":{"type":"string","description":"Fully qualified name (`database.schema.policyname`) of the policy to apply.","description_kind":"plain","required":true},"table":{"type":"string","description":"The fully qualified name (`database.schema.table`) of the table to apply the masking policy to.","description_kind":"plain","required":true}},"block_types":{"timeouts":{"nesting_mode":"single","block":{"attributes":{"create":{"type":"string","description_kind":"plain","optional":true},"delete":{"type":"string","description_kind":"plain","optional":true},"read":{"type":"string","description_kind":"plain","optional":true},"update":{"type":"string","description_kind":"plain","optional":true}},"description_kind":"plain"}}},"description":"Applies a masking policy to a table column.","description_kind":"plain"}},"snowflake_table_constraint":{"version":0,"block":{"attributes":{"columns":{"type":["list","string"],"description":"Columns to use in constraint key","description_kind":"plain","required":true},"comment":{"type":"string","description":"Comment for the table constraint","description_kind":"plain","deprecated":true,"optional":true},"deferrable":{"type":"bool","description":"(Default: `true`) Whether the constraint is deferrable","description_kind":"plain","optional":true},"enable":{"type":"bool","description":"(Default: `true`) Specifies whether the constraint is enabled or disabled. These properties are provided for compatibility with Oracle.","description_kind":"plain","optional":true},"enforced":{"type":"bool","description":"(Default: `false`) Whether the constraint is enforced","description_kind":"plain","optional":true},"id":{"type":"string","description_kind":"plain","optional":true,"computed":true},"initially":{"type":"string","description":"(Default: `DEFERRED`) Whether the constraint is initially deferred or immediate","description_kind":"plain","optional":true},"name":{"type":"string","description":"Name of constraint","description_kind":"plain","required":true},"rely":{"type":"bool","description":"(Default: `true`) Specifies whether a constraint in NOVALIDATE mode is taken into account during query rewrite.","description_kind":"plain","optional":true},"table_id":{"type":"string","description":"Identifier for table to create constraint on. Format must follow: \"\\\"\u0026lt;db_name\u0026gt;\\\".\\\"\u0026lt;schema_name\u0026gt;\\\".\\\"\u0026lt;table_name\u0026gt;\\\"\" or \"\u0026lt;db_name\u0026gt;.\u0026lt;schema_name\u0026gt;.\u0026lt;table_name\u0026gt;\" (snowflake_table.my_table.id)","description_kind":"plain","required":true},"type":{"type":"string","description":"Type of constraint, one of 'UNIQUE', 'PRIMARY KEY', or 'FOREIGN KEY'","description_kind":"plain","required":true},"validate":{"type":"bool","description":"(Default: `false`) Specifies whether to validate existing data on the table when a constraint is created. Only used in conjunction with the ENABLE property.","description_kind":"plain","optional":true}},"block_types":{"foreign_key_properties":{"nesting_mode":"list","block":{"attributes":{"match":{"type":"string","description":"(Default: `FULL`) The match type for the foreign key. Not applicable for primary/unique keys","description_kind":"plain","optional":true},"on_delete":{"type":"string","description":"(Default: `NO ACTION`) Specifies the action performed when the primary/unique key for the foreign key is deleted. Not applicable for primary/unique keys","description_kind":"plain","optional":true},"on_update":{"type":"string","description":"(Default: `NO ACTION`) Specifies the action performed when the primary/unique key for the foreign key is updated. Not applicable for primary/unique keys","description_kind":"plain","optional":true}},"block_types":{"references":{"nesting_mode":"list","block":{"attributes":{"columns":{"type":["list","string"],"description":"Columns to use in foreign key reference","description_kind":"plain","required":true},"table_id":{"type":"string","description":"Name of constraint","description_kind":"plain","required":true}},"description":"The table and columns that the foreign key references.","description_kind":"plain"},"min_items":1,"max_items":1}},"description":"Additional properties when type is set to foreign key. Not applicable for primary/unique keys","description_kind":"plain"},"max_items":1},"timeouts":{"nesting_mode":"single","block":{"attributes":{"create":{"type":"string","description_kind":"plain","optional":true},"delete":{"type":"string","description_kind":"plain","optional":true},"read":{"type":"string","description_kind":"plain","optional":true},"update":{"type":"string","description_kind":"plain","optional":true}},"description_kind":"plain"}}},"description_kind":"plain"}},"snowflake_tag":{"version":1,"block":{"attributes":{"allowed_values":{"type":["set","string"],"description":"Set of allowed values for the tag.","description_kind":"plain","optional":true},"comment":{"type":"string","description":"Specifies a comment for the tag.","description_kind":"plain","optional":true},"database":{"type":"string","description":"The database in which to create the tag. Due to technical limitations (read more [here](../guides/identifiers_rework_design_decisions#known-limitations-and-identifier-recommendations)), avoid using the following characters: `|`, `.`, `\"`.","description_kind":"plain","required":true},"fully_qualified_name":{"type":"string","description":"Fully qualified name of the resource. For more information, see [object name resolution](https://docs.snowflake.com/en/sql-reference/name-resolution).","description_kind":"plain","computed":true},"id":{"type":"string","description_kind":"plain","optional":true,"computed":true},"masking_policies":{"type":["set","string"],"description":"Set of masking policies for the tag. A tag can support one masking policy for each data type. If masking policies are assigned to the tag, before dropping the tag, the provider automatically unassigns them. For more information about this resource, see [docs](./masking_policy).","description_kind":"plain","optional":true},"name":{"type":"string","description":"Specifies the identifier for the tag; must be unique for the database in which the tag is created. Due to technical limitations (read more [here](../guides/identifiers_rework_design_decisions#known-limitations-and-identifier-recommendations)), avoid using the following characters: `|`, `.`, `\"`.","description_kind":"plain","required":true},"schema":{"type":"string","description":"The schema in which to create the tag. Due to technical limitations (read more [here](../guides/identifiers_rework_design_decisions#known-limitations-and-identifier-recommendations)), avoid using the following characters: `|`, `.`, `\"`.","description_kind":"plain","required":true},"show_output":{"type":["list",["object",{"allowed_values":["set","string"],"comment":"string","created_on":"string","database_name":"string","name":"string","owner":"string","owner_role_type":"string","schema_name":"string"}]],"description":"Outputs the result of `SHOW TAGS` for the given tag.","description_kind":"plain","computed":true}},"block_types":{"timeouts":{"nesting_mode":"single","block":{"attributes":{"create":{"type":"string","description_kind":"plain","optional":true},"delete":{"type":"string","description_kind":"plain","optional":true},"read":{"type":"string","description_kind":"plain","optional":true},"update":{"type":"string","description_kind":"plain","optional":true}},"description_kind":"plain"}}},"description":"Resource used to manage tags. For more information, check [tag documentation](https://docs.snowflake.com/en/sql-reference/sql/create-tag). For assigning tags to Snowflake objects, see [tag_association resource](./tag_association).","description_kind":"plain"}},"snowflake_tag_association":{"version":1,"block":{"attributes":{"id":{"type":"string","description_kind":"plain","optional":true,"computed":true},"object_identifiers":{"type":["set","string"],"description":"Specifies the object identifiers for the tag association.","description_kind":"plain","required":true},"object_type":{"type":"string","description":"Specifies the type of object to add a tag. Allowed object types: `ACCOUNT` | `APPLICATION` | `APPLICATION PACKAGE` | `COMPUTE POOL` | `DATABASE` | `FAILOVER GROUP` | `INTEGRATION` | `NETWORK POLICY` | `REPLICATION GROUP` | `ROLE` | `SHARE` | `USER` | `WAREHOUSE` | `DATABASE ROLE` | `SCHEMA` | `ALERT` | `SNOWFLAKE.CORE.BUDGET` | `SNOWFLAKE.ML.CLASSIFICATION` | `EXTERNAL FUNCTION` | `EXTERNAL TABLE` | `FUNCTION` | `IMAGE REPOSITORY` | `GIT REPOSITORY` | `ICEBERG TABLE` | `MATERIALIZED VIEW` | `PIPE` | `MASKING POLICY` | `PASSWORD POLICY` | `ROW ACCESS POLICY` | `SESSION POLICY` | `PRIVACY POLICY` | `PROCEDURE` | `SERVICE` | `STAGE` | `STREAM` | `TABLE` | `TASK` | `VIEW` | `COLUMN` | `EVENT TABLE`.","description_kind":"plain","required":true},"skip_validation":{"type":"bool","description":"(Default: `true`) If true, skips validation of the tag association.","description_kind":"plain","optional":true},"tag_id":{"type":"string","description":"Specifies the identifier for the tag.","description_kind":"plain","required":true},"tag_value":{"type":"string","description":"Specifies the value of the tag, (e.g. 'finance' or 'engineering')","description_kind":"plain","required":true}},"block_types":{"timeouts":{"nesting_mode":"single","block":{"attributes":{"create":{"type":"string","description_kind":"plain","optional":true},"delete":{"type":"string","description_kind":"plain","optional":true},"read":{"type":"string","description_kind":"plain","optional":true},"update":{"type":"string","description_kind":"plain","optional":true}},"description_kind":"plain"}}},"description":"Resource used to manage tag associations. For more information, check [object tagging documentation](https://docs.snowflake.com/en/user-guide/object-tagging).","description_kind":"plain"}},"snowflake_task":{"version":1,"block":{"attributes":{"abort_detached_query":{"type":"bool","description":"Specifies the action that Snowflake performs for in-progress queries if connectivity is lost due to abrupt termination of a session (e.g. network outage, browser termination, service interruption). For more information, check [ABORT_DETACHED_QUERY docs](https://docs.snowflake.com/en/sql-reference/parameters#abort-detached-query).","description_kind":"plain","optional":true,"computed":true},"after":{"type":["set","string"],"description":"Specifies one or more predecessor tasks for the current task. Use this option to [create a DAG](https://docs.snowflake.com/en/user-guide/tasks-graphs.html#label-task-dag) of tasks or add this task to an existing DAG. A DAG is a series of tasks that starts with a scheduled root task and is linked together by dependencies. Due to technical limitations (read more [here](../guides/identifiers_rework_design_decisions#known-limitations-and-identifier-recommendations)), avoid using the following characters: `|`, `.`, `\"`.","description_kind":"plain","optional":true},"allow_overlapping_execution":{"type":"string","description":"(Default: fallback to Snowflake default - uses special value that cannot be set in the configuration manually (`default`)) By default, Snowflake ensures that only one instance of a particular DAG is allowed to run at a time, setting the parameter value to TRUE permits DAG runs to overlap. Available options are: \"true\" or \"false\". When the value is not set in the configuration the provider will put \"default\" there which means to use the Snowflake default for this value.","description_kind":"plain","optional":true},"autocommit":{"type":"bool","description":"Specifies whether autocommit is enabled for the session. Autocommit determines whether a DML statement, when executed without an active transaction, is automatically committed after the statement successfully completes. For more information, see [Transactions](https://docs.snowflake.com/en/sql-reference/transactions). For more information, check [AUTOCOMMIT docs](https://docs.snowflake.com/en/sql-reference/parameters#autocommit).","description_kind":"plain","optional":true,"computed":true},"binary_input_format":{"type":"string","description":"The format of VARCHAR values passed as input to VARCHAR-to-BINARY conversion functions. For more information, see [Binary input and output](https://docs.snowflake.com/en/sql-reference/binary-input-output). For more information, check [BINARY_INPUT_FORMAT docs](https://docs.snowflake.com/en/sql-reference/parameters#binary-input-format).","description_kind":"plain","optional":true,"computed":true},"binary_output_format":{"type":"string","description":"The format for VARCHAR values returned as output by BINARY-to-VARCHAR conversion functions. For more information, see [Binary input and output](https://docs.snowflake.com/en/sql-reference/binary-input-output). For more information, check [BINARY_OUTPUT_FORMAT docs](https://docs.snowflake.com/en/sql-reference/parameters#binary-output-format).","description_kind":"plain","optional":true,"computed":true},"client_memory_limit":{"type":"number","description":"Parameter that specifies the maximum amount of memory the JDBC driver or ODBC driver should use for the result set from queries (in MB). For more information, check [CLIENT_MEMORY_LIMIT docs](https://docs.snowflake.com/en/sql-reference/parameters#client-memory-limit).","description_kind":"plain","optional":true,"computed":true},"client_metadata_request_use_connection_ctx":{"type":"bool","description":"For specific ODBC functions and JDBC methods, this parameter can change the default search scope from all databases/schemas to the current database/schema. The narrower search typically returns fewer rows and executes more quickly. For more information, check [CLIENT_METADATA_REQUEST_USE_CONNECTION_CTX docs](https://docs.snowflake.com/en/sql-reference/parameters#client-metadata-request-use-connection-ctx).","description_kind":"plain","optional":true,"computed":true},"client_prefetch_threads":{"type":"number","description":"Parameter that specifies the number of threads used by the client to pre-fetch large result sets. The driver will attempt to honor the parameter value, but defines the minimum and maximum values (depending on your system’s resources) to improve performance. For more information, check [CLIENT_PREFETCH_THREADS docs](https://docs.snowflake.com/en/sql-reference/parameters#client-prefetch-threads).","description_kind":"plain","optional":true,"computed":true},"client_result_chunk_size":{"type":"number","description":"Parameter that specifies the maximum size of each set (or chunk) of query results to download (in MB). The JDBC driver downloads query results in chunks. For more information, check [CLIENT_RESULT_CHUNK_SIZE docs](https://docs.snowflake.com/en/sql-reference/parameters#client-result-chunk-size).","description_kind":"plain","optional":true,"computed":true},"client_result_column_case_insensitive":{"type":"bool","description":"Parameter that indicates whether to match column name case-insensitively in ResultSet.get* methods in JDBC. For more information, check [CLIENT_RESULT_COLUMN_CASE_INSENSITIVE docs](https://docs.snowflake.com/en/sql-reference/parameters#client-result-column-case-insensitive).","description_kind":"plain","optional":true,"computed":true},"client_session_keep_alive":{"type":"bool","description":"Parameter that indicates whether to force a user to log in again after a period of inactivity in the session. For more information, check [CLIENT_SESSION_KEEP_ALIVE docs](https://docs.snowflake.com/en/sql-reference/parameters#client-session-keep-alive).","description_kind":"plain","optional":true,"computed":true},"client_session_keep_alive_heartbeat_frequency":{"type":"number","description":"Number of seconds in-between client attempts to update the token for the session. For more information, check [CLIENT_SESSION_KEEP_ALIVE_HEARTBEAT_FREQUENCY docs](https://docs.snowflake.com/en/sql-reference/parameters#client-session-keep-alive-heartbeat-frequency).","description_kind":"plain","optional":true,"computed":true},"client_timestamp_type_mapping":{"type":"string","description":"Specifies the [TIMESTAMP_* variation](https://docs.snowflake.com/en/sql-reference/data-types-datetime.html#label-datatypes-timestamp-variations) to use when binding timestamp variables for JDBC or ODBC applications that use the bind API to load data. For more information, check [CLIENT_TIMESTAMP_TYPE_MAPPING docs](https://docs.snowflake.com/en/sql-reference/parameters#client-timestamp-type-mapping).","description_kind":"plain","optional":true,"computed":true},"comment":{"type":"string","description":"Specifies a comment for the task.","description_kind":"plain","optional":true},"config":{"type":"string","description":"Specifies a string representation of key value pairs that can be accessed by all tasks in the task graph. Must be in JSON format.","description_kind":"plain","optional":true},"database":{"type":"string","description":"The database in which to create the task. Due to technical limitations (read more [here](../guides/identifiers_rework_design_decisions#known-limitations-and-identifier-recommendations)), avoid using the following characters: `|`, `.`, `\"`.","description_kind":"plain","required":true},"date_input_format":{"type":"string","description":"Specifies the input format for the DATE data type. For more information, see [Date and time input and output formats](https://docs.snowflake.com/en/sql-reference/date-time-input-output). For more information, check [DATE_INPUT_FORMAT docs](https://docs.snowflake.com/en/sql-reference/parameters#date-input-format).","description_kind":"plain","optional":true,"computed":true},"date_output_format":{"type":"string","description":"Specifies the display format for the DATE data type. For more information, see [Date and time input and output formats](https://docs.snowflake.com/en/sql-reference/date-time-input-output). For more information, check [DATE_OUTPUT_FORMAT docs](https://docs.snowflake.com/en/sql-reference/parameters#date-output-format).","description_kind":"plain","optional":true,"computed":true},"enable_unload_physical_type_optimization":{"type":"bool","description":"Specifies whether to set the schema for unloaded Parquet files based on the logical column data types (i.e. the types in the unload SQL query or source table) or on the unloaded column values (i.e. the smallest data types and precision that support the values in the output columns of the unload SQL statement or source table). For more information, check [ENABLE_UNLOAD_PHYSICAL_TYPE_OPTIMIZATION docs](https://docs.snowflake.com/en/sql-reference/parameters#enable-unload-physical-type-optimization).","description_kind":"plain","optional":true,"computed":true},"error_integration":{"type":"string","description":"Specifies the name of the notification integration used for error notifications. Due to technical limitations (read more [here](../guides/identifiers_rework_design_decisions#known-limitations-and-identifier-recommendations)), avoid using the following characters: `|`, `.`, `\"`. For more information about this resource, see [docs](./notification_integration).","description_kind":"plain","optional":true},"error_on_nondeterministic_merge":{"type":"bool","description":"Specifies whether to return an error when the [MERGE](https://docs.snowflake.com/en/sql-reference/sql/merge) command is used to update or delete a target row that joins multiple source rows and the system cannot determine the action to perform on the target row. For more information, check [ERROR_ON_NONDETERMINISTIC_MERGE docs](https://docs.snowflake.com/en/sql-reference/parameters#error-on-nondeterministic-merge).","description_kind":"plain","optional":true,"computed":true},"error_on_nondeterministic_update":{"type":"bool","description":"Specifies whether to return an error when the [UPDATE](https://docs.snowflake.com/en/sql-reference/sql/update) command is used to update a target row that joins multiple source rows and the system cannot determine the action to perform on the target row. For more information, check [ERROR_ON_NONDETERMINISTIC_UPDATE docs](https://docs.snowflake.com/en/sql-reference/parameters#error-on-nondeterministic-update).","description_kind":"plain","optional":true,"computed":true},"finalize":{"type":"string","description":"Specifies the name of a root task that the finalizer task is associated with. Finalizer tasks run after all other tasks in the task graph run to completion. You can define the SQL of a finalizer task to handle notifications and the release and cleanup of resources that a task graph uses. For more information, see [Release and cleanup of task graphs](https://docs.snowflake.com/en/user-guide/tasks-graphs.html#label-finalizer-task). Due to technical limitations (read more [here](../guides/identifiers_rework_design_decisions#known-limitations-and-identifier-recommendations)), avoid using the following characters: `|`, `.`, `\"`.","description_kind":"plain","optional":true},"fully_qualified_name":{"type":"string","description":"Fully qualified name of the resource. For more information, see [object name resolution](https://docs.snowflake.com/en/sql-reference/name-resolution).","description_kind":"plain","computed":true},"geography_output_format":{"type":"string","description":"Display format for [GEOGRAPHY values](https://docs.snowflake.com/en/sql-reference/data-types-geospatial.html#label-data-types-geography). For more information, check [GEOGRAPHY_OUTPUT_FORMAT docs](https://docs.snowflake.com/en/sql-reference/parameters#geography-output-format).","description_kind":"plain","optional":true,"computed":true},"geometry_output_format":{"type":"string","description":"Display format for [GEOMETRY values](https://docs.snowflake.com/en/sql-reference/data-types-geospatial.html#label-data-types-geometry). For more information, check [GEOMETRY_OUTPUT_FORMAT docs](https://docs.snowflake.com/en/sql-reference/parameters#geometry-output-format).","description_kind":"plain","optional":true,"computed":true},"id":{"type":"string","description_kind":"plain","optional":true,"computed":true},"jdbc_treat_timestamp_ntz_as_utc":{"type":"bool","description":"Specifies how JDBC processes TIMESTAMP_NTZ values. For more information, check [JDBC_TREAT_TIMESTAMP_NTZ_AS_UTC docs](https://docs.snowflake.com/en/sql-reference/parameters#jdbc-treat-timestamp-ntz-as-utc).","description_kind":"plain","optional":true,"computed":true},"jdbc_use_session_timezone":{"type":"bool","description":"Specifies whether the JDBC Driver uses the time zone of the JVM or the time zone of the session (specified by the [TIMEZONE](https://docs.snowflake.com/en/sql-reference/parameters#label-timezone) parameter) for the getDate(), getTime(), and getTimestamp() methods of the ResultSet class. For more information, check [JDBC_USE_SESSION_TIMEZONE docs](https://docs.snowflake.com/en/sql-reference/parameters#jdbc-use-session-timezone).","description_kind":"plain","optional":true,"computed":true},"json_indent":{"type":"number","description":"Specifies the number of blank spaces to indent each new element in JSON output in the session. Also specifies whether to insert newline characters after each element. For more information, check [JSON_INDENT docs](https://docs.snowflake.com/en/sql-reference/parameters#json-indent).","description_kind":"plain","optional":true,"computed":true},"lock_timeout":{"type":"number","description":"Number of seconds to wait while trying to lock a resource, before timing out and aborting the statement. For more information, check [LOCK_TIMEOUT docs](https://docs.snowflake.com/en/sql-reference/parameters#lock-timeout).","description_kind":"plain","optional":true,"computed":true},"log_level":{"type":"string","description":"Specifies the severity level of messages that should be ingested and made available in the active event table. Messages at the specified level (and at more severe levels) are ingested. For more information about log levels, see [Setting log level](https://docs.snowflake.com/en/developer-guide/logging-tracing/logging-log-level). For more information, check [LOG_LEVEL docs](https://docs.snowflake.com/en/sql-reference/parameters#log-level).","description_kind":"plain","optional":true,"computed":true},"multi_statement_count":{"type":"number","description":"Number of statements to execute when using the multi-statement capability. For more information, check [MULTI_STATEMENT_COUNT docs](https://docs.snowflake.com/en/sql-reference/parameters#multi-statement-count).","description_kind":"plain","optional":true,"computed":true},"name":{"type":"string","description":"Specifies the identifier for the task; must be unique for the database and schema in which the task is created. Due to technical limitations (read more [here](../guides/identifiers_rework_design_decisions#known-limitations-and-identifier-recommendations)), avoid using the following characters: `|`, `.`, `\"`.","description_kind":"plain","required":true},"noorder_sequence_as_default":{"type":"bool","description":"Specifies whether the ORDER or NOORDER property is set by default when you create a new sequence or add a new table column. The ORDER and NOORDER properties determine whether or not the values are generated for the sequence or auto-incremented column in [increasing or decreasing order](https://docs.snowflake.com/en/user-guide/querying-sequences.html#label-querying-sequences-increasing-values). For more information, check [NOORDER_SEQUENCE_AS_DEFAULT docs](https://docs.snowflake.com/en/sql-reference/parameters#noorder-sequence-as-default).","description_kind":"plain","optional":true,"computed":true},"odbc_treat_decimal_as_int":{"type":"bool","description":"Specifies how ODBC processes columns that have a scale of zero (0). For more information, check [ODBC_TREAT_DECIMAL_AS_INT docs](https://docs.snowflake.com/en/sql-reference/parameters#odbc-treat-decimal-as-int).","description_kind":"plain","optional":true,"computed":true},"parameters":{"type":["list",["object",{"abort_detached_query":["list",["object",{"default":"string","description":"string","key":"string","level":"string","value":"string"}]],"autocommit":["list",["object",{"default":"string","description":"string","key":"string","level":"string","value":"string"}]],"binary_input_format":["list",["object",{"default":"string","description":"string","key":"string","level":"string","value":"string"}]],"binary_output_format":["list",["object",{"default":"string","description":"string","key":"string","level":"string","value":"string"}]],"client_memory_limit":["list",["object",{"default":"string","description":"string","key":"string","level":"string","value":"string"}]],"client_metadata_request_use_connection_ctx":["list",["object",{"default":"string","description":"string","key":"string","level":"string","value":"string"}]],"client_prefetch_threads":["list",["object",{"default":"string","description":"string","key":"string","level":"string","value":"string"}]],"client_result_chunk_size":["list",["object",{"default":"string","description":"string","key":"string","level":"string","value":"string"}]],"client_result_column_case_insensitive":["list",["object",{"default":"string","description":"string","key":"string","level":"string","value":"string"}]],"client_session_keep_alive":["list",["object",{"default":"string","description":"string","key":"string","level":"string","value":"string"}]],"client_session_keep_alive_heartbeat_frequency":["list",["object",{"default":"string","description":"string","key":"string","level":"string","value":"string"}]],"client_timestamp_type_mapping":["list",["object",{"default":"string","description":"string","key":"string","level":"string","value":"string"}]],"date_input_format":["list",["object",{"default":"string","description":"string","key":"string","level":"string","value":"string"}]],"date_output_format":["list",["object",{"default":"string","description":"string","key":"string","level":"string","value":"string"}]],"enable_unload_physical_type_optimization":["list",["object",{"default":"string","description":"string","key":"string","level":"string","value":"string"}]],"error_on_nondeterministic_merge":["list",["object",{"default":"string","description":"string","key":"string","level":"string","value":"string"}]],"error_on_nondeterministic_update":["list",["object",{"default":"string","description":"string","key":"string","level":"string","value":"string"}]],"geography_output_format":["list",["object",{"default":"string","description":"string","key":"string","level":"string","value":"string"}]],"geometry_output_format":["list",["object",{"default":"string","description":"string","key":"string","level":"string","value":"string"}]],"jdbc_treat_timestamp_ntz_as_utc":["list",["object",{"default":"string","description":"string","key":"string","level":"string","value":"string"}]],"jdbc_use_session_timezone":["list",["object",{"default":"string","description":"string","key":"string","level":"string","value":"string"}]],"json_indent":["list",["object",{"default":"string","description":"string","key":"string","level":"string","value":"string"}]],"lock_timeout":["list",["object",{"default":"string","description":"string","key":"string","level":"string","value":"string"}]],"log_level":["list",["object",{"default":"string","description":"string","key":"string","level":"string","value":"string"}]],"multi_statement_count":["list",["object",{"default":"string","description":"string","key":"string","level":"string","value":"string"}]],"noorder_sequence_as_default":["list",["object",{"default":"string","description":"string","key":"string","level":"string","value":"string"}]],"odbc_treat_decimal_as_int":["list",["object",{"default":"string","description":"string","key":"string","level":"string","value":"string"}]],"query_tag":["list",["object",{"default":"string","description":"string","key":"string","level":"string","value":"string"}]],"quoted_identifiers_ignore_case":["list",["object",{"default":"string","description":"string","key":"string","level":"string","value":"string"}]],"rows_per_resultset":["list",["object",{"default":"string","description":"string","key":"string","level":"string","value":"string"}]],"s3_stage_vpce_dns_name":["list",["object",{"default":"string","description":"string","key":"string","level":"string","value":"string"}]],"search_path":["list",["object",{"default":"string","description":"string","key":"string","level":"string","value":"string"}]],"statement_queued_timeout_in_seconds":["list",["object",{"default":"string","description":"string","key":"string","level":"string","value":"string"}]],"statement_timeout_in_seconds":["list",["object",{"default":"string","description":"string","key":"string","level":"string","value":"string"}]],"strict_json_output":["list",["object",{"default":"string","description":"string","key":"string","level":"string","value":"string"}]],"suspend_task_after_num_failures":["list",["object",{"default":"string","description":"string","key":"string","level":"string","value":"string"}]],"task_auto_retry_attempts":["list",["object",{"default":"string","description":"string","key":"string","level":"string","value":"string"}]],"time_input_format":["list",["object",{"default":"string","description":"string","key":"string","level":"string","value":"string"}]],"time_output_format":["list",["object",{"default":"string","description":"string","key":"string","level":"string","value":"string"}]],"timestamp_day_is_always_24h":["list",["object",{"default":"string","description":"string","key":"string","level":"string","value":"string"}]],"timestamp_input_format":["list",["object",{"default":"string","description":"string","key":"string","level":"string","value":"string"}]],"timestamp_ltz_output_format":["list",["object",{"default":"string","description":"string","key":"string","level":"string","value":"string"}]],"timestamp_ntz_output_format":["list",["object",{"default":"string","description":"string","key":"string","level":"string","value":"string"}]],"timestamp_output_format":["list",["object",{"default":"string","description":"string","key":"string","level":"string","value":"string"}]],"timestamp_type_mapping":["list",["object",{"default":"string","description":"string","key":"string","level":"string","value":"string"}]],"timestamp_tz_output_format":["list",["object",{"default":"string","description":"string","key":"string","level":"string","value":"string"}]],"timezone":["list",["object",{"default":"string","description":"string","key":"string","level":"string","value":"string"}]],"trace_level":["list",["object",{"default":"string","description":"string","key":"string","level":"string","value":"string"}]],"transaction_abort_on_error":["list",["object",{"default":"string","description":"string","key":"string","level":"string","value":"string"}]],"transaction_default_isolation_level":["list",["object",{"default":"string","description":"string","key":"string","level":"string","value":"string"}]],"two_digit_century_start":["list",["object",{"default":"string","description":"string","key":"string","level":"string","value":"string"}]],"unsupported_ddl_action":["list",["object",{"default":"string","description":"string","key":"string","level":"string","value":"string"}]],"use_cached_result":["list",["object",{"default":"string","description":"string","key":"string","level":"string","value":"string"}]],"user_task_managed_initial_warehouse_size":["list",["object",{"default":"string","description":"string","key":"string","level":"string","value":"string"}]],"user_task_minimum_trigger_interval_in_seconds":["list",["object",{"default":"string","description":"string","key":"string","level":"string","value":"string"}]],"user_task_timeout_ms":["list",["object",{"default":"string","description":"string","key":"string","level":"string","value":"string"}]],"week_of_year_policy":["list",["object",{"default":"string","description":"string","key":"string","level":"string","value":"string"}]],"week_start":["list",["object",{"default":"string","description":"string","key":"string","level":"string","value":"string"}]]}]],"description":"Outputs the result of `SHOW PARAMETERS IN TASK` for the given task.","description_kind":"plain","computed":true},"query_tag":{"type":"string","description":"Optional string that can be used to tag queries and other SQL statements executed within a session. The tags are displayed in the output of the [QUERY_HISTORY, QUERY_HISTORY_BY_*](https://docs.snowflake.com/en/sql-reference/functions/query_history) functions. For more information, check [QUERY_TAG docs](https://docs.snowflake.com/en/sql-reference/parameters#query-tag).","description_kind":"plain","optional":true,"computed":true},"quoted_identifiers_ignore_case":{"type":"bool","description":"Specifies whether letters in double-quoted object identifiers are stored and resolved as uppercase letters. By default, Snowflake preserves the case of alphabetic characters when storing and resolving double-quoted identifiers (see [Identifier resolution](https://docs.snowflake.com/en/sql-reference/identifiers-syntax.html#label-identifier-casing)). You can use this parameter in situations in which [third-party applications always use double quotes around identifiers](https://docs.snowflake.com/en/sql-reference/identifiers-syntax.html#label-identifier-casing-parameter). For more information, check [QUOTED_IDENTIFIERS_IGNORE_CASE docs](https://docs.snowflake.com/en/sql-reference/parameters#quoted-identifiers-ignore-case).","description_kind":"plain","optional":true,"computed":true},"rows_per_resultset":{"type":"number","description":"Specifies the maximum number of rows returned in a result set. A value of 0 specifies no maximum. For more information, check [ROWS_PER_RESULTSET docs](https://docs.snowflake.com/en/sql-reference/parameters#rows-per-resultset).","description_kind":"plain","optional":true,"computed":true},"s3_stage_vpce_dns_name":{"type":"string","description":"Specifies the DNS name of an Amazon S3 interface endpoint. Requests sent to the internal stage of an account via [AWS PrivateLink for Amazon S3](https://docs.aws.amazon.com/AmazonS3/latest/userguide/privatelink-interface-endpoints.html) use this endpoint to connect. For more information, see [Accessing Internal stages with dedicated interface endpoints](https://docs.snowflake.com/en/user-guide/private-internal-stages-aws.html#label-aws-privatelink-internal-stage-network-isolation). For more information, check [S3_STAGE_VPCE_DNS_NAME docs](https://docs.snowflake.com/en/sql-reference/parameters#s3-stage-vpce-dns-name).","description_kind":"plain","optional":true,"computed":true},"schema":{"type":"string","description":"The schema in which to create the task. Due to technical limitations (read more [here](../guides/identifiers_rework_design_decisions#known-limitations-and-identifier-recommendations)), avoid using the following characters: `|`, `.`, `\"`.","description_kind":"plain","required":true},"search_path":{"type":"string","description":"Specifies the path to search to resolve unqualified object names in queries. For more information, see [Name resolution in queries](https://docs.snowflake.com/en/sql-reference/name-resolution.html#label-object-name-resolution-search-path). Comma-separated list of identifiers. An identifier can be a fully or partially qualified schema name. For more information, check [SEARCH_PATH docs](https://docs.snowflake.com/en/sql-reference/parameters#search-path).","description_kind":"plain","optional":true,"computed":true},"show_output":{"type":["list",["object",{"allow_overlapping_execution":"bool","budget":"string","comment":"string","condition":"string","config":"string","created_on":"string","database_name":"string","definition":"string","error_integration":"string","id":"string","last_committed_on":"string","last_suspended_on":"string","last_suspended_reason":"string","name":"string","owner":"string","owner_role_type":"string","predecessors":["set","string"],"schedule":"string","schema_name":"string","state":"string","task_relations":["list",["object",{"finalized_root_task":"string","finalizer":"string","predecessors":["list","string"]}]],"warehouse":"string"}]],"description":"Outputs the result of `SHOW TASKS` for the given task.","description_kind":"plain","computed":true},"sql_statement":{"type":"string","description":"Any single SQL statement, or a call to a stored procedure, executed when the task runs.","description_kind":"plain","required":true},"started":{"type":"bool","description":"Specifies if the task should be started or suspended.","description_kind":"plain","required":true},"statement_queued_timeout_in_seconds":{"type":"number","description":"Amount of time, in seconds, a SQL statement (query, DDL, DML, etc.) remains queued for a warehouse before it is canceled by the system. This parameter can be used in conjunction with the [MAX_CONCURRENCY_LEVEL](https://docs.snowflake.com/en/sql-reference/parameters#label-max-concurrency-level) parameter to ensure a warehouse is never backlogged. For more information, check [STATEMENT_QUEUED_TIMEOUT_IN_SECONDS docs](https://docs.snowflake.com/en/sql-reference/parameters#statement-queued-timeout-in-seconds).","description_kind":"plain","optional":true,"computed":true},"statement_timeout_in_seconds":{"type":"number","description":"Amount of time, in seconds, after which a running SQL statement (query, DDL, DML, etc.) is canceled by the system. For more information, check [STATEMENT_TIMEOUT_IN_SECONDS docs](https://docs.snowflake.com/en/sql-reference/parameters#statement-timeout-in-seconds).","description_kind":"plain","optional":true,"computed":true},"strict_json_output":{"type":"bool","description":"This parameter specifies whether JSON output in a session is compatible with the general standard (as described by [http://json.org](http://json.org)). By design, Snowflake allows JSON input that contains non-standard values; however, these non-standard values might result in Snowflake outputting JSON that is incompatible with other platforms and languages. This parameter, when enabled, ensures that Snowflake outputs valid/compatible JSON. For more information, check [STRICT_JSON_OUTPUT docs](https://docs.snowflake.com/en/sql-reference/parameters#strict-json-output).","description_kind":"plain","optional":true,"computed":true},"suspend_task_after_num_failures":{"type":"number","description":"Specifies the number of consecutive failed task runs after which the current task is suspended automatically. The default is 0 (no automatic suspension). For more information, check [SUSPEND_TASK_AFTER_NUM_FAILURES docs](https://docs.snowflake.com/en/sql-reference/parameters#suspend-task-after-num-failures).","description_kind":"plain","optional":true,"computed":true},"task_auto_retry_attempts":{"type":"number","description":"Specifies the number of automatic task graph retry attempts. If any task graphs complete in a FAILED state, Snowflake can automatically retry the task graphs from the last task in the graph that failed. For more information, check [TASK_AUTO_RETRY_ATTEMPTS docs](https://docs.snowflake.com/en/sql-reference/parameters#task-auto-retry-attempts).","description_kind":"plain","optional":true,"computed":true},"time_input_format":{"type":"string","description":"Specifies the input format for the TIME data type. For more information, see [Date and time input and output formats](https://docs.snowflake.com/en/sql-reference/date-time-input-output). Any valid, supported time format or AUTO (AUTO specifies that Snowflake attempts to automatically detect the format of times stored in the system during the session). For more information, check [TIME_INPUT_FORMAT docs](https://docs.snowflake.com/en/sql-reference/parameters#time-input-format).","description_kind":"plain","optional":true,"computed":true},"time_output_format":{"type":"string","description":"Specifies the display format for the TIME data type. For more information, see [Date and time input and output formats](https://docs.snowflake.com/en/sql-reference/date-time-input-output). For more information, check [TIME_OUTPUT_FORMAT docs](https://docs.snowflake.com/en/sql-reference/parameters#time-output-format).","description_kind":"plain","optional":true,"computed":true},"timestamp_day_is_always_24h":{"type":"bool","description":"Specifies whether the [DATEADD](https://docs.snowflake.com/en/sql-reference/functions/dateadd) function (and its aliases) always consider a day to be exactly 24 hours for expressions that span multiple days. For more information, check [TIMESTAMP_DAY_IS_ALWAYS_24H docs](https://docs.snowflake.com/en/sql-reference/parameters#timestamp-day-is-always-24h).","description_kind":"plain","optional":true,"computed":true},"timestamp_input_format":{"type":"string","description":"Specifies the input format for the TIMESTAMP data type alias. For more information, see [Date and time input and output formats](https://docs.snowflake.com/en/sql-reference/date-time-input-output). Any valid, supported timestamp format or AUTO (AUTO specifies that Snowflake attempts to automatically detect the format of timestamps stored in the system during the session). For more information, check [TIMESTAMP_INPUT_FORMAT docs](https://docs.snowflake.com/en/sql-reference/parameters#timestamp-input-format).","description_kind":"plain","optional":true,"computed":true},"timestamp_ltz_output_format":{"type":"string","description":"Specifies the display format for the TIMESTAMP_LTZ data type. If no format is specified, defaults to [TIMESTAMP_OUTPUT_FORMAT](https://docs.snowflake.com/en/sql-reference/parameters#label-timestamp-output-format). For more information, see [Date and time input and output formats](https://docs.snowflake.com/en/sql-reference/date-time-input-output). For more information, check [TIMESTAMP_LTZ_OUTPUT_FORMAT docs](https://docs.snowflake.com/en/sql-reference/parameters#timestamp-ltz-output-format).","description_kind":"plain","optional":true,"computed":true},"timestamp_ntz_output_format":{"type":"string","description":"Specifies the display format for the TIMESTAMP_NTZ data type. For more information, check [TIMESTAMP_NTZ_OUTPUT_FORMAT docs](https://docs.snowflake.com/en/sql-reference/parameters#timestamp-ntz-output-format).","description_kind":"plain","optional":true,"computed":true},"timestamp_output_format":{"type":"string","description":"Specifies the display format for the TIMESTAMP data type alias. For more information, see [Date and time input and output formats](https://docs.snowflake.com/en/sql-reference/date-time-input-output). For more information, check [TIMESTAMP_OUTPUT_FORMAT docs](https://docs.snowflake.com/en/sql-reference/parameters#timestamp-output-format).","description_kind":"plain","optional":true,"computed":true},"timestamp_type_mapping":{"type":"string","description":"Specifies the TIMESTAMP_* variation that the TIMESTAMP data type alias maps to. For more information, check [TIMESTAMP_TYPE_MAPPING docs](https://docs.snowflake.com/en/sql-reference/parameters#timestamp-type-mapping).","description_kind":"plain","optional":true,"computed":true},"timestamp_tz_output_format":{"type":"string","description":"Specifies the display format for the TIMESTAMP_TZ data type. If no format is specified, defaults to [TIMESTAMP_OUTPUT_FORMAT](https://docs.snowflake.com/en/sql-reference/parameters#label-timestamp-output-format). For more information, see [Date and time input and output formats](https://docs.snowflake.com/en/sql-reference/date-time-input-output). For more information, check [TIMESTAMP_TZ_OUTPUT_FORMAT docs](https://docs.snowflake.com/en/sql-reference/parameters#timestamp-tz-output-format).","description_kind":"plain","optional":true,"computed":true},"timezone":{"type":"string","description":"Specifies the time zone for the session. You can specify a [time zone name](https://data.iana.org/time-zones/tzdb-2021a/zone1970.tab) or a [link name](https://data.iana.org/time-zones/tzdb-2021a/backward) from release 2021a of the [IANA Time Zone Database](https://www.iana.org/time-zones) (e.g. America/Los_Angeles, Europe/London, UTC, Etc/GMT, etc.). For more information, check [TIMEZONE docs](https://docs.snowflake.com/en/sql-reference/parameters#timezone).","description_kind":"plain","optional":true,"computed":true},"trace_level":{"type":"string","description":"Controls how trace events are ingested into the event table. For more information about trace levels, see [Setting trace level](https://docs.snowflake.com/en/developer-guide/logging-tracing/tracing-trace-level). For more information, check [TRACE_LEVEL docs](https://docs.snowflake.com/en/sql-reference/parameters#trace-level).","description_kind":"plain","optional":true,"computed":true},"transaction_abort_on_error":{"type":"bool","description":"Specifies the action to perform when a statement issued within a non-autocommit transaction returns with an error. For more information, check [TRANSACTION_ABORT_ON_ERROR docs](https://docs.snowflake.com/en/sql-reference/parameters#transaction-abort-on-error).","description_kind":"plain","optional":true,"computed":true},"transaction_default_isolation_level":{"type":"string","description":"Specifies the isolation level for transactions in the user session. For more information, check [TRANSACTION_DEFAULT_ISOLATION_LEVEL docs](https://docs.snowflake.com/en/sql-reference/parameters#transaction-default-isolation-level).","description_kind":"plain","optional":true,"computed":true},"two_digit_century_start":{"type":"number","description":"Specifies the “century start” year for 2-digit years (i.e. the earliest year such dates can represent). This parameter prevents ambiguous dates when importing or converting data with the `YY` date format component (i.e. years represented as 2 digits). For more information, check [TWO_DIGIT_CENTURY_START docs](https://docs.snowflake.com/en/sql-reference/parameters#two-digit-century-start).","description_kind":"plain","optional":true,"computed":true},"unsupported_ddl_action":{"type":"string","description":"Determines if an unsupported (i.e. non-default) value specified for a constraint property returns an error. For more information, check [UNSUPPORTED_DDL_ACTION docs](https://docs.snowflake.com/en/sql-reference/parameters#unsupported-ddl-action).","description_kind":"plain","optional":true,"computed":true},"use_cached_result":{"type":"bool","description":"Specifies whether to reuse persisted query results, if available, when a matching query is submitted. For more information, check [USE_CACHED_RESULT docs](https://docs.snowflake.com/en/sql-reference/parameters#use-cached-result).","description_kind":"plain","optional":true,"computed":true},"user_task_managed_initial_warehouse_size":{"type":"string","description":"Specifies the size of the compute resources to provision for the first run of the task, before a task history is available for Snowflake to determine an ideal size. Once a task has successfully completed a few runs, Snowflake ignores this parameter setting. Valid values are (case-insensitive): %s. (Conflicts with warehouse). For more information about warehouses, see [docs](./warehouse). For more information, check [USER_TASK_MANAGED_INITIAL_WAREHOUSE_SIZE docs](https://docs.snowflake.com/en/sql-reference/parameters#user-task-managed-initial-warehouse-size).","description_kind":"plain","optional":true,"computed":true},"user_task_minimum_trigger_interval_in_seconds":{"type":"number","description":"Minimum amount of time between Triggered Task executions in seconds For more information, check [USER_TASK_MINIMUM_TRIGGER_INTERVAL_IN_SECONDS docs](https://docs.snowflake.com/en/sql-reference/parameters#user-task-minimum-trigger-interval-in-seconds).","description_kind":"plain","optional":true,"computed":true},"user_task_timeout_ms":{"type":"number","description":"Specifies the time limit on a single run of the task before it times out (in milliseconds). For more information, check [USER_TASK_TIMEOUT_MS docs](https://docs.snowflake.com/en/sql-reference/parameters#user-task-timeout-ms).","description_kind":"plain","optional":true,"computed":true},"warehouse":{"type":"string","description":"The warehouse the task will use. Omit this parameter to use Snowflake-managed compute resources for runs of this task. Due to Snowflake limitations warehouse identifier can consist of only upper-cased letters. (Conflicts with user_task_managed_initial_warehouse_size) For more information about this resource, see [docs](./warehouse).","description_kind":"plain","optional":true},"week_of_year_policy":{"type":"number","description":"Specifies how the weeks in a given year are computed. `0`: The semantics used are equivalent to the ISO semantics, in which a week belongs to a given year if at least 4 days of that week are in that year. `1`: January 1 is included in the first week of the year and December 31 is included in the last week of the year. For more information, check [WEEK_OF_YEAR_POLICY docs](https://docs.snowflake.com/en/sql-reference/parameters#week-of-year-policy).","description_kind":"plain","optional":true,"computed":true},"week_start":{"type":"number","description":"Specifies the first day of the week (used by week-related date functions). `0`: Legacy Snowflake behavior is used (i.e. ISO-like semantics). `1` (Monday) to `7` (Sunday): All the week-related functions use weeks that start on the specified day of the week. For more information, check [WEEK_START docs](https://docs.snowflake.com/en/sql-reference/parameters#week-start).","description_kind":"plain","optional":true,"computed":true},"when":{"type":"string","description":"Specifies a Boolean SQL expression; multiple conditions joined with AND/OR are supported. When a task is triggered (based on its SCHEDULE or AFTER setting), it validates the conditions of the expression to determine whether to execute. If the conditions of the expression are not met, then the task skips the current run. Any tasks that identify this task as a predecessor also don’t run.","description_kind":"plain","optional":true}},"block_types":{"schedule":{"nesting_mode":"list","block":{"attributes":{"minutes":{"type":"number","description":"Specifies an interval (in minutes) of wait time inserted between runs of the task. Accepts positive integers only. (conflicts with `using_cron`)","description_kind":"plain","optional":true},"using_cron":{"type":"string","description":"Specifies a cron expression and time zone for periodically running the task. Supports a subset of standard cron utility syntax. (conflicts with `minutes`)","description_kind":"plain","optional":true}},"description":"The schedule for periodically running the task. This can be a cron or interval in minutes. (Conflicts with finalize and after; when set, one of the sub-fields `minutes` or `using_cron` should be set)","description_kind":"plain"},"max_items":1},"timeouts":{"nesting_mode":"single","block":{"attributes":{"create":{"type":"string","description_kind":"plain","optional":true},"delete":{"type":"string","description_kind":"plain","optional":true},"read":{"type":"string","description_kind":"plain","optional":true},"update":{"type":"string","description_kind":"plain","optional":true}},"description_kind":"plain"}}},"description":"Resource used to manage task objects. For more information, check [task documentation](https://docs.snowflake.com/en/user-guide/tasks-intro).","description_kind":"plain"}},"snowflake_user":{"version":1,"block":{"attributes":{"abort_detached_query":{"type":"bool","description":"Specifies the action that Snowflake performs for in-progress queries if connectivity is lost due to abrupt termination of a session (e.g. network outage, browser termination, service interruption). For more information, check [ABORT_DETACHED_QUERY docs](https://docs.snowflake.com/en/sql-reference/parameters#abort-detached-query).","description_kind":"plain","optional":true,"computed":true},"autocommit":{"type":"bool","description":"Specifies whether autocommit is enabled for the session. Autocommit determines whether a DML statement, when executed without an active transaction, is automatically committed after the statement successfully completes. For more information, see [Transactions](https://docs.snowflake.com/en/sql-reference/transactions). For more information, check [AUTOCOMMIT docs](https://docs.snowflake.com/en/sql-reference/parameters#autocommit).","description_kind":"plain","optional":true,"computed":true},"binary_input_format":{"type":"string","description":"The format of VARCHAR values passed as input to VARCHAR-to-BINARY conversion functions. For more information, see [Binary input and output](https://docs.snowflake.com/en/sql-reference/binary-input-output). For more information, check [BINARY_INPUT_FORMAT docs](https://docs.snowflake.com/en/sql-reference/parameters#binary-input-format).","description_kind":"plain","optional":true,"computed":true},"binary_output_format":{"type":"string","description":"The format for VARCHAR values returned as output by BINARY-to-VARCHAR conversion functions. For more information, see [Binary input and output](https://docs.snowflake.com/en/sql-reference/binary-input-output). For more information, check [BINARY_OUTPUT_FORMAT docs](https://docs.snowflake.com/en/sql-reference/parameters#binary-output-format).","description_kind":"plain","optional":true,"computed":true},"client_memory_limit":{"type":"number","description":"Parameter that specifies the maximum amount of memory the JDBC driver or ODBC driver should use for the result set from queries (in MB). For more information, check [CLIENT_MEMORY_LIMIT docs](https://docs.snowflake.com/en/sql-reference/parameters#client-memory-limit).","description_kind":"plain","optional":true,"computed":true},"client_metadata_request_use_connection_ctx":{"type":"bool","description":"For specific ODBC functions and JDBC methods, this parameter can change the default search scope from all databases/schemas to the current database/schema. The narrower search typically returns fewer rows and executes more quickly. For more information, check [CLIENT_METADATA_REQUEST_USE_CONNECTION_CTX docs](https://docs.snowflake.com/en/sql-reference/parameters#client-metadata-request-use-connection-ctx).","description_kind":"plain","optional":true,"computed":true},"client_prefetch_threads":{"type":"number","description":"Parameter that specifies the number of threads used by the client to pre-fetch large result sets. The driver will attempt to honor the parameter value, but defines the minimum and maximum values (depending on your system’s resources) to improve performance. For more information, check [CLIENT_PREFETCH_THREADS docs](https://docs.snowflake.com/en/sql-reference/parameters#client-prefetch-threads).","description_kind":"plain","optional":true,"computed":true},"client_result_chunk_size":{"type":"number","description":"Parameter that specifies the maximum size of each set (or chunk) of query results to download (in MB). The JDBC driver downloads query results in chunks. For more information, check [CLIENT_RESULT_CHUNK_SIZE docs](https://docs.snowflake.com/en/sql-reference/parameters#client-result-chunk-size).","description_kind":"plain","optional":true,"computed":true},"client_result_column_case_insensitive":{"type":"bool","description":"Parameter that indicates whether to match column name case-insensitively in ResultSet.get* methods in JDBC. For more information, check [CLIENT_RESULT_COLUMN_CASE_INSENSITIVE docs](https://docs.snowflake.com/en/sql-reference/parameters#client-result-column-case-insensitive).","description_kind":"plain","optional":true,"computed":true},"client_session_keep_alive":{"type":"bool","description":"Parameter that indicates whether to force a user to log in again after a period of inactivity in the session. For more information, check [CLIENT_SESSION_KEEP_ALIVE docs](https://docs.snowflake.com/en/sql-reference/parameters#client-session-keep-alive).","description_kind":"plain","optional":true,"computed":true},"client_session_keep_alive_heartbeat_frequency":{"type":"number","description":"Number of seconds in-between client attempts to update the token for the session. For more information, check [CLIENT_SESSION_KEEP_ALIVE_HEARTBEAT_FREQUENCY docs](https://docs.snowflake.com/en/sql-reference/parameters#client-session-keep-alive-heartbeat-frequency).","description_kind":"plain","optional":true,"computed":true},"client_timestamp_type_mapping":{"type":"string","description":"Specifies the [TIMESTAMP_* variation](https://docs.snowflake.com/en/sql-reference/data-types-datetime.html#label-datatypes-timestamp-variations) to use when binding timestamp variables for JDBC or ODBC applications that use the bind API to load data. For more information, check [CLIENT_TIMESTAMP_TYPE_MAPPING docs](https://docs.snowflake.com/en/sql-reference/parameters#client-timestamp-type-mapping).","description_kind":"plain","optional":true,"computed":true},"comment":{"type":"string","description":"Specifies a comment for the user.","description_kind":"plain","optional":true},"date_input_format":{"type":"string","description":"Specifies the input format for the DATE data type. For more information, see [Date and time input and output formats](https://docs.snowflake.com/en/sql-reference/date-time-input-output). For more information, check [DATE_INPUT_FORMAT docs](https://docs.snowflake.com/en/sql-reference/parameters#date-input-format).","description_kind":"plain","optional":true,"computed":true},"date_output_format":{"type":"string","description":"Specifies the display format for the DATE data type. For more information, see [Date and time input and output formats](https://docs.snowflake.com/en/sql-reference/date-time-input-output). For more information, check [DATE_OUTPUT_FORMAT docs](https://docs.snowflake.com/en/sql-reference/parameters#date-output-format).","description_kind":"plain","optional":true,"computed":true},"days_to_expiry":{"type":"number","description":"Specifies the number of days after which the user status is set to `Expired` and the user is no longer allowed to log in. This is useful for defining temporary users (i.e. users who should only have access to Snowflake for a limited time period). In general, you should not set this property for [account administrators](https://docs.snowflake.com/en/user-guide/security-access-control-considerations.html#label-accountadmin-users) (i.e. users with the `ACCOUNTADMIN` role) because Snowflake locks them out when they become `Expired`. External changes for this field won't be detected. In case you want to apply external changes, you can re-create the resource manually using \"terraform taint\".","description_kind":"plain","optional":true},"default_namespace":{"type":"string","description":"Specifies the namespace (database only or database and schema) that is active by default for the user’s session upon login. Note that the CREATE USER operation does not verify that the namespace exists.","description_kind":"plain","optional":true},"default_role":{"type":"string","description":"Specifies the role that is active by default for the user’s session upon login. Note that specifying a default role for a user does **not** grant the role to the user. The role must be granted explicitly to the user using the [GRANT ROLE](https://docs.snowflake.com/en/sql-reference/sql/grant-role) command. In addition, the CREATE USER operation does not verify that the role exists. For more information about this resource, see [docs](./account_role).","description_kind":"plain","optional":true},"default_secondary_roles_option":{"type":"string","description":"(Default: `DEFAULT`) Specifies the secondary roles that are active for the user’s session upon login. Valid values are (case-insensitive): `DEFAULT` | `NONE` | `ALL`. More information can be found in [doc](https://docs.snowflake.com/en/sql-reference/sql/create-user#optional-object-properties-objectproperties).","description_kind":"plain","optional":true},"default_warehouse":{"type":"string","description":"Specifies the virtual warehouse that is active by default for the user’s session upon login. Note that the CREATE USER operation does not verify that the warehouse exists. For more information about this resource, see [docs](./warehouse).","description_kind":"plain","optional":true},"disable_mfa":{"type":"string","description":"(Default: fallback to Snowflake default - uses special value that cannot be set in the configuration manually (`default`)) Allows enabling or disabling [multi-factor authentication](https://docs.snowflake.com/en/user-guide/security-mfa). Available options are: \"true\" or \"false\". When the value is not set in the configuration the provider will put \"default\" there which means to use the Snowflake default for this value. External changes for this field won't be detected. In case you want to apply external changes, you can re-create the resource manually using \"terraform taint\".","description_kind":"plain","optional":true},"disabled":{"type":"string","description":"(Default: fallback to Snowflake default - uses special value that cannot be set in the configuration manually (`default`)) Specifies whether the user is disabled, which prevents logging in and aborts all the currently-running queries for the user. Available options are: \"true\" or \"false\". When the value is not set in the configuration the provider will put \"default\" there which means to use the Snowflake default for this value.","description_kind":"plain","optional":true},"display_name":{"type":"string","description":"Name displayed for the user in the Snowflake web interface.","description_kind":"plain","optional":true},"email":{"type":"string","description":"Email address for the user.","description_kind":"plain","optional":true,"sensitive":true},"enable_unload_physical_type_optimization":{"type":"bool","description":"Specifies whether to set the schema for unloaded Parquet files based on the logical column data types (i.e. the types in the unload SQL query or source table) or on the unloaded column values (i.e. the smallest data types and precision that support the values in the output columns of the unload SQL statement or source table). For more information, check [ENABLE_UNLOAD_PHYSICAL_TYPE_OPTIMIZATION docs](https://docs.snowflake.com/en/sql-reference/parameters#enable-unload-physical-type-optimization).","description_kind":"plain","optional":true,"computed":true},"enable_unredacted_query_syntax_error":{"type":"bool","description":"Controls whether query text is redacted if a SQL query fails due to a syntax or parsing error. If `FALSE`, the content of a failed query is redacted in the views, pages, and functions that provide a query history. Only users with a role that is granted or inherits the AUDIT privilege can set the ENABLE_UNREDACTED_QUERY_SYNTAX_ERROR parameter. When using the ALTER USER command to set the parameter to `TRUE` for a particular user, modify the user that you want to see the query text, not the user who executed the query (if those are different users). For more information, check [ENABLE_UNREDACTED_QUERY_SYNTAX_ERROR docs](https://docs.snowflake.com/en/sql-reference/parameters#enable-unredacted-query-syntax-error).","description_kind":"plain","optional":true,"computed":true},"error_on_nondeterministic_merge":{"type":"bool","description":"Specifies whether to return an error when the [MERGE](https://docs.snowflake.com/en/sql-reference/sql/merge) command is used to update or delete a target row that joins multiple source rows and the system cannot determine the action to perform on the target row. For more information, check [ERROR_ON_NONDETERMINISTIC_MERGE docs](https://docs.snowflake.com/en/sql-reference/parameters#error-on-nondeterministic-merge).","description_kind":"plain","optional":true,"computed":true},"error_on_nondeterministic_update":{"type":"bool","description":"Specifies whether to return an error when the [UPDATE](https://docs.snowflake.com/en/sql-reference/sql/update) command is used to update a target row that joins multiple source rows and the system cannot determine the action to perform on the target row. For more information, check [ERROR_ON_NONDETERMINISTIC_UPDATE docs](https://docs.snowflake.com/en/sql-reference/parameters#error-on-nondeterministic-update).","description_kind":"plain","optional":true,"computed":true},"first_name":{"type":"string","description":"First name of the user.","description_kind":"plain","optional":true,"sensitive":true},"fully_qualified_name":{"type":"string","description":"Fully qualified name of the resource. For more information, see [object name resolution](https://docs.snowflake.com/en/sql-reference/name-resolution).","description_kind":"plain","computed":true},"geography_output_format":{"type":"string","description":"Display format for [GEOGRAPHY values](https://docs.snowflake.com/en/sql-reference/data-types-geospatial.html#label-data-types-geography). For more information, check [GEOGRAPHY_OUTPUT_FORMAT docs](https://docs.snowflake.com/en/sql-reference/parameters#geography-output-format).","description_kind":"plain","optional":true,"computed":true},"geometry_output_format":{"type":"string","description":"Display format for [GEOMETRY values](https://docs.snowflake.com/en/sql-reference/data-types-geospatial.html#label-data-types-geometry). For more information, check [GEOMETRY_OUTPUT_FORMAT docs](https://docs.snowflake.com/en/sql-reference/parameters#geometry-output-format).","description_kind":"plain","optional":true,"computed":true},"id":{"type":"string","description_kind":"plain","optional":true,"computed":true},"jdbc_treat_decimal_as_int":{"type":"bool","description":"Specifies how JDBC processes columns that have a scale of zero (0). For more information, check [JDBC_TREAT_DECIMAL_AS_INT docs](https://docs.snowflake.com/en/sql-reference/parameters#jdbc-treat-decimal-as-int).","description_kind":"plain","optional":true,"computed":true},"jdbc_treat_timestamp_ntz_as_utc":{"type":"bool","description":"Specifies how JDBC processes TIMESTAMP_NTZ values. For more information, check [JDBC_TREAT_TIMESTAMP_NTZ_AS_UTC docs](https://docs.snowflake.com/en/sql-reference/parameters#jdbc-treat-timestamp-ntz-as-utc).","description_kind":"plain","optional":true,"computed":true},"jdbc_use_session_timezone":{"type":"bool","description":"Specifies whether the JDBC Driver uses the time zone of the JVM or the time zone of the session (specified by the [TIMEZONE](https://docs.snowflake.com/en/sql-reference/parameters#label-timezone) parameter) for the getDate(), getTime(), and getTimestamp() methods of the ResultSet class. For more information, check [JDBC_USE_SESSION_TIMEZONE docs](https://docs.snowflake.com/en/sql-reference/parameters#jdbc-use-session-timezone).","description_kind":"plain","optional":true,"computed":true},"json_indent":{"type":"number","description":"Specifies the number of blank spaces to indent each new element in JSON output in the session. Also specifies whether to insert newline characters after each element. For more information, check [JSON_INDENT docs](https://docs.snowflake.com/en/sql-reference/parameters#json-indent).","description_kind":"plain","optional":true,"computed":true},"last_name":{"type":"string","description":"Last name of the user.","description_kind":"plain","optional":true,"sensitive":true},"lock_timeout":{"type":"number","description":"Number of seconds to wait while trying to lock a resource, before timing out and aborting the statement. For more information, check [LOCK_TIMEOUT docs](https://docs.snowflake.com/en/sql-reference/parameters#lock-timeout).","description_kind":"plain","optional":true,"computed":true},"log_level":{"type":"string","description":"Specifies the severity level of messages that should be ingested and made available in the active event table. Messages at the specified level (and at more severe levels) are ingested. For more information about log levels, see [Setting log level](https://docs.snowflake.com/en/developer-guide/logging-tracing/logging-log-level). For more information, check [LOG_LEVEL docs](https://docs.snowflake.com/en/sql-reference/parameters#log-level).","description_kind":"plain","optional":true,"computed":true},"login_name":{"type":"string","description":"The name users use to log in. If not supplied, snowflake will use name instead. Login names are always case-insensitive.","description_kind":"plain","optional":true,"sensitive":true},"middle_name":{"type":"string","description":"Middle name of the user.","description_kind":"plain","optional":true,"sensitive":true},"mins_to_bypass_mfa":{"type":"number","description":"(Default: fallback to Snowflake default - uses special value that cannot be set in the configuration manually (`-1`)) Specifies the number of minutes to temporarily bypass MFA for the user. This property can be used to allow a MFA-enrolled user to temporarily bypass MFA during login in the event that their MFA device is not available. External changes for this field won't be detected. In case you want to apply external changes, you can re-create the resource manually using \"terraform taint\".","description_kind":"plain","optional":true},"mins_to_unlock":{"type":"number","description":"(Default: fallback to Snowflake default - uses special value that cannot be set in the configuration manually (`-1`)) Specifies the number of minutes until the temporary lock on the user login is cleared. To protect against unauthorized user login, Snowflake places a temporary lock on a user after five consecutive unsuccessful login attempts. When creating a user, this property can be set to prevent them from logging in until the specified amount of time passes. To remove a lock immediately for a user, specify a value of 0 for this parameter. **Note** because this value changes continuously after setting it, the provider is currently NOT handling the external changes to it. External changes for this field won't be detected. In case you want to apply external changes, you can re-create the resource manually using \"terraform taint\".","description_kind":"plain","optional":true},"multi_statement_count":{"type":"number","description":"Number of statements to execute when using the multi-statement capability. For more information, check [MULTI_STATEMENT_COUNT docs](https://docs.snowflake.com/en/sql-reference/parameters#multi-statement-count).","description_kind":"plain","optional":true,"computed":true},"must_change_password":{"type":"string","description":"(Default: fallback to Snowflake default - uses special value that cannot be set in the configuration manually (`default`)) Specifies whether the user is forced to change their password on next login (including their first/initial login) into the system. Available options are: \"true\" or \"false\". When the value is not set in the configuration the provider will put \"default\" there which means to use the Snowflake default for this value.","description_kind":"plain","optional":true},"name":{"type":"string","description":"Name of the user. Note that if you do not supply login_name this will be used as login_name. Check the [docs](https://docs.snowflake.net/manuals/sql-reference/sql/create-user.html#required-parameters). Due to technical limitations (read more [here](../guides/identifiers_rework_design_decisions#known-limitations-and-identifier-recommendations)), avoid using the following characters: `|`, `.`, `\"`.","description_kind":"plain","required":true},"network_policy":{"type":"string","description":"Specifies the network policy to enforce for your account. Network policies enable restricting access to your account based on users’ IP address. For more details, see [Controlling network traffic with network policies](https://docs.snowflake.com/en/user-guide/network-policies). Any existing network policy (created using [CREATE NETWORK POLICY](https://docs.snowflake.com/en/sql-reference/sql/create-network-policy)). For more information, check [NETWORK_POLICY docs](https://docs.snowflake.com/en/sql-reference/parameters#network-policy).","description_kind":"plain","optional":true,"computed":true},"noorder_sequence_as_default":{"type":"bool","description":"Specifies whether the ORDER or NOORDER property is set by default when you create a new sequence or add a new table column. The ORDER and NOORDER properties determine whether or not the values are generated for the sequence or auto-incremented column in [increasing or decreasing order](https://docs.snowflake.com/en/user-guide/querying-sequences.html#label-querying-sequences-increasing-values). For more information, check [NOORDER_SEQUENCE_AS_DEFAULT docs](https://docs.snowflake.com/en/sql-reference/parameters#noorder-sequence-as-default).","description_kind":"plain","optional":true,"computed":true},"odbc_treat_decimal_as_int":{"type":"bool","description":"Specifies how ODBC processes columns that have a scale of zero (0). For more information, check [ODBC_TREAT_DECIMAL_AS_INT docs](https://docs.snowflake.com/en/sql-reference/parameters#odbc-treat-decimal-as-int).","description_kind":"plain","optional":true,"computed":true},"parameters":{"type":["list",["object",{"abort_detached_query":["list",["object",{"default":"string","description":"string","key":"string","level":"string","value":"string"}]],"autocommit":["list",["object",{"default":"string","description":"string","key":"string","level":"string","value":"string"}]],"binary_input_format":["list",["object",{"default":"string","description":"string","key":"string","level":"string","value":"string"}]],"binary_output_format":["list",["object",{"default":"string","description":"string","key":"string","level":"string","value":"string"}]],"client_memory_limit":["list",["object",{"default":"string","description":"string","key":"string","level":"string","value":"string"}]],"client_metadata_request_use_connection_ctx":["list",["object",{"default":"string","description":"string","key":"string","level":"string","value":"string"}]],"client_prefetch_threads":["list",["object",{"default":"string","description":"string","key":"string","level":"string","value":"string"}]],"client_result_chunk_size":["list",["object",{"default":"string","description":"string","key":"string","level":"string","value":"string"}]],"client_result_column_case_insensitive":["list",["object",{"default":"string","description":"string","key":"string","level":"string","value":"string"}]],"client_session_keep_alive":["list",["object",{"default":"string","description":"string","key":"string","level":"string","value":"string"}]],"client_session_keep_alive_heartbeat_frequency":["list",["object",{"default":"string","description":"string","key":"string","level":"string","value":"string"}]],"client_timestamp_type_mapping":["list",["object",{"default":"string","description":"string","key":"string","level":"string","value":"string"}]],"date_input_format":["list",["object",{"default":"string","description":"string","key":"string","level":"string","value":"string"}]],"date_output_format":["list",["object",{"default":"string","description":"string","key":"string","level":"string","value":"string"}]],"enable_unload_physical_type_optimization":["list",["object",{"default":"string","description":"string","key":"string","level":"string","value":"string"}]],"enable_unredacted_query_syntax_error":["list",["object",{"default":"string","description":"string","key":"string","level":"string","value":"string"}]],"error_on_nondeterministic_merge":["list",["object",{"default":"string","description":"string","key":"string","level":"string","value":"string"}]],"error_on_nondeterministic_update":["list",["object",{"default":"string","description":"string","key":"string","level":"string","value":"string"}]],"geography_output_format":["list",["object",{"default":"string","description":"string","key":"string","level":"string","value":"string"}]],"geometry_output_format":["list",["object",{"default":"string","description":"string","key":"string","level":"string","value":"string"}]],"jdbc_treat_decimal_as_int":["list",["object",{"default":"string","description":"string","key":"string","level":"string","value":"string"}]],"jdbc_treat_timestamp_ntz_as_utc":["list",["object",{"default":"string","description":"string","key":"string","level":"string","value":"string"}]],"jdbc_use_session_timezone":["list",["object",{"default":"string","description":"string","key":"string","level":"string","value":"string"}]],"json_indent":["list",["object",{"default":"string","description":"string","key":"string","level":"string","value":"string"}]],"lock_timeout":["list",["object",{"default":"string","description":"string","key":"string","level":"string","value":"string"}]],"log_level":["list",["object",{"default":"string","description":"string","key":"string","level":"string","value":"string"}]],"multi_statement_count":["list",["object",{"default":"string","description":"string","key":"string","level":"string","value":"string"}]],"network_policy":["list",["object",{"default":"string","description":"string","key":"string","level":"string","value":"string"}]],"noorder_sequence_as_default":["list",["object",{"default":"string","description":"string","key":"string","level":"string","value":"string"}]],"odbc_treat_decimal_as_int":["list",["object",{"default":"string","description":"string","key":"string","level":"string","value":"string"}]],"prevent_unload_to_internal_stages":["list",["object",{"default":"string","description":"string","key":"string","level":"string","value":"string"}]],"query_tag":["list",["object",{"default":"string","description":"string","key":"string","level":"string","value":"string"}]],"quoted_identifiers_ignore_case":["list",["object",{"default":"string","description":"string","key":"string","level":"string","value":"string"}]],"rows_per_resultset":["list",["object",{"default":"string","description":"string","key":"string","level":"string","value":"string"}]],"s3_stage_vpce_dns_name":["list",["object",{"default":"string","description":"string","key":"string","level":"string","value":"string"}]],"search_path":["list",["object",{"default":"string","description":"string","key":"string","level":"string","value":"string"}]],"simulated_data_sharing_consumer":["list",["object",{"default":"string","description":"string","key":"string","level":"string","value":"string"}]],"statement_queued_timeout_in_seconds":["list",["object",{"default":"string","description":"string","key":"string","level":"string","value":"string"}]],"statement_timeout_in_seconds":["list",["object",{"default":"string","description":"string","key":"string","level":"string","value":"string"}]],"strict_json_output":["list",["object",{"default":"string","description":"string","key":"string","level":"string","value":"string"}]],"time_input_format":["list",["object",{"default":"string","description":"string","key":"string","level":"string","value":"string"}]],"time_output_format":["list",["object",{"default":"string","description":"string","key":"string","level":"string","value":"string"}]],"timestamp_day_is_always_24h":["list",["object",{"default":"string","description":"string","key":"string","level":"string","value":"string"}]],"timestamp_input_format":["list",["object",{"default":"string","description":"string","key":"string","level":"string","value":"string"}]],"timestamp_ltz_output_format":["list",["object",{"default":"string","description":"string","key":"string","level":"string","value":"string"}]],"timestamp_ntz_output_format":["list",["object",{"default":"string","description":"string","key":"string","level":"string","value":"string"}]],"timestamp_output_format":["list",["object",{"default":"string","description":"string","key":"string","level":"string","value":"string"}]],"timestamp_type_mapping":["list",["object",{"default":"string","description":"string","key":"string","level":"string","value":"string"}]],"timestamp_tz_output_format":["list",["object",{"default":"string","description":"string","key":"string","level":"string","value":"string"}]],"timezone":["list",["object",{"default":"string","description":"string","key":"string","level":"string","value":"string"}]],"trace_level":["list",["object",{"default":"string","description":"string","key":"string","level":"string","value":"string"}]],"transaction_abort_on_error":["list",["object",{"default":"string","description":"string","key":"string","level":"string","value":"string"}]],"transaction_default_isolation_level":["list",["object",{"default":"string","description":"string","key":"string","level":"string","value":"string"}]],"two_digit_century_start":["list",["object",{"default":"string","description":"string","key":"string","level":"string","value":"string"}]],"unsupported_ddl_action":["list",["object",{"default":"string","description":"string","key":"string","level":"string","value":"string"}]],"use_cached_result":["list",["object",{"default":"string","description":"string","key":"string","level":"string","value":"string"}]],"week_of_year_policy":["list",["object",{"default":"string","description":"string","key":"string","level":"string","value":"string"}]],"week_start":["list",["object",{"default":"string","description":"string","key":"string","level":"string","value":"string"}]]}]],"description":"Outputs the result of `SHOW PARAMETERS IN USER` for the given user.","description_kind":"plain","computed":true},"password":{"type":"string","description":"Password for the user. **WARNING:** this will put the password in the terraform state file. Use carefully. External changes for this field won't be detected. In case you want to apply external changes, you can re-create the resource manually using \"terraform taint\".","description_kind":"plain","optional":true,"sensitive":true},"prevent_unload_to_internal_stages":{"type":"bool","description":"Specifies whether to prevent data unload operations to internal (Snowflake) stages using [COPY INTO \u003clocation\u003e](https://docs.snowflake.com/en/sql-reference/sql/copy-into-location) statements. For more information, check [PREVENT_UNLOAD_TO_INTERNAL_STAGES docs](https://docs.snowflake.com/en/sql-reference/parameters#prevent-unload-to-internal-stages).","description_kind":"plain","optional":true,"computed":true},"query_tag":{"type":"string","description":"Optional string that can be used to tag queries and other SQL statements executed within a session. The tags are displayed in the output of the [QUERY_HISTORY, QUERY_HISTORY_BY_*](https://docs.snowflake.com/en/sql-reference/functions/query_history) functions. For more information, check [QUERY_TAG docs](https://docs.snowflake.com/en/sql-reference/parameters#query-tag).","description_kind":"plain","optional":true,"computed":true},"quoted_identifiers_ignore_case":{"type":"bool","description":"Specifies whether letters in double-quoted object identifiers are stored and resolved as uppercase letters. By default, Snowflake preserves the case of alphabetic characters when storing and resolving double-quoted identifiers (see [Identifier resolution](https://docs.snowflake.com/en/sql-reference/identifiers-syntax.html#label-identifier-casing)). You can use this parameter in situations in which [third-party applications always use double quotes around identifiers](https://docs.snowflake.com/en/sql-reference/identifiers-syntax.html#label-identifier-casing-parameter). For more information, check [QUOTED_IDENTIFIERS_IGNORE_CASE docs](https://docs.snowflake.com/en/sql-reference/parameters#quoted-identifiers-ignore-case).","description_kind":"plain","optional":true,"computed":true},"rows_per_resultset":{"type":"number","description":"Specifies the maximum number of rows returned in a result set. A value of 0 specifies no maximum. For more information, check [ROWS_PER_RESULTSET docs](https://docs.snowflake.com/en/sql-reference/parameters#rows-per-resultset).","description_kind":"plain","optional":true,"computed":true},"rsa_public_key":{"type":"string","description":"Specifies the user’s RSA public key; used for key-pair authentication. Must be on 1 line without header and trailer.","description_kind":"plain","optional":true},"rsa_public_key_2":{"type":"string","description":"Specifies the user’s second RSA public key; used to rotate the public and private keys for key-pair authentication based on an expiration schedule set by your organization. Must be on 1 line without header and trailer.","description_kind":"plain","optional":true},"s3_stage_vpce_dns_name":{"type":"string","description":"Specifies the DNS name of an Amazon S3 interface endpoint. Requests sent to the internal stage of an account via [AWS PrivateLink for Amazon S3](https://docs.aws.amazon.com/AmazonS3/latest/userguide/privatelink-interface-endpoints.html) use this endpoint to connect. For more information, see [Accessing Internal stages with dedicated interface endpoints](https://docs.snowflake.com/en/user-guide/private-internal-stages-aws.html#label-aws-privatelink-internal-stage-network-isolation). For more information, check [S3_STAGE_VPCE_DNS_NAME docs](https://docs.snowflake.com/en/sql-reference/parameters#s3-stage-vpce-dns-name).","description_kind":"plain","optional":true,"computed":true},"search_path":{"type":"string","description":"Specifies the path to search to resolve unqualified object names in queries. For more information, see [Name resolution in queries](https://docs.snowflake.com/en/sql-reference/name-resolution.html#label-object-name-resolution-search-path). Comma-separated list of identifiers. An identifier can be a fully or partially qualified schema name. For more information, check [SEARCH_PATH docs](https://docs.snowflake.com/en/sql-reference/parameters#search-path).","description_kind":"plain","optional":true,"computed":true},"show_output":{"type":["list",["object",{"comment":"string","created_on":"string","days_to_expiry":"string","default_namespace":"string","default_role":"string","default_secondary_roles":"string","default_warehouse":"string","disabled":"bool","display_name":"string","email":"string","expires_at_time":"string","ext_authn_duo":"bool","ext_authn_uid":"string","first_name":"string","has_mfa":"bool","has_password":"bool","has_rsa_public_key":"bool","last_name":"string","last_success_login":"string","locked_until_time":"string","login_name":"string","mins_to_bypass_mfa":"string","mins_to_unlock":"string","must_change_password":"bool","name":"string","owner":"string","snowflake_lock":"bool","type":"string"}]],"description":"Outputs the result of `SHOW USER` for the given user.","description_kind":"plain","computed":true},"simulated_data_sharing_consumer":{"type":"string","description":"Specifies the name of a consumer account to simulate for testing/validating shared data, particularly shared secure views. When this parameter is set in a session, shared views return rows as if executed in the specified consumer account rather than the provider account. For more information, see [Introduction to Secure Data Sharing](https://docs.snowflake.com/en/user-guide/data-sharing-intro) and [Working with shares](https://docs.snowflake.com/en/user-guide/data-sharing-provider). For more information, check [SIMULATED_DATA_SHARING_CONSUMER docs](https://docs.snowflake.com/en/sql-reference/parameters#simulated-data-sharing-consumer).","description_kind":"plain","optional":true,"computed":true},"statement_queued_timeout_in_seconds":{"type":"number","description":"Amount of time, in seconds, a SQL statement (query, DDL, DML, etc.) remains queued for a warehouse before it is canceled by the system. This parameter can be used in conjunction with the [MAX_CONCURRENCY_LEVEL](https://docs.snowflake.com/en/sql-reference/parameters#label-max-concurrency-level) parameter to ensure a warehouse is never backlogged. For more information, check [STATEMENT_QUEUED_TIMEOUT_IN_SECONDS docs](https://docs.snowflake.com/en/sql-reference/parameters#statement-queued-timeout-in-seconds).","description_kind":"plain","optional":true,"computed":true},"statement_timeout_in_seconds":{"type":"number","description":"Amount of time, in seconds, after which a running SQL statement (query, DDL, DML, etc.) is canceled by the system. For more information, check [STATEMENT_TIMEOUT_IN_SECONDS docs](https://docs.snowflake.com/en/sql-reference/parameters#statement-timeout-in-seconds).","description_kind":"plain","optional":true,"computed":true},"strict_json_output":{"type":"bool","description":"This parameter specifies whether JSON output in a session is compatible with the general standard (as described by [http://json.org](http://json.org)). By design, Snowflake allows JSON input that contains non-standard values; however, these non-standard values might result in Snowflake outputting JSON that is incompatible with other platforms and languages. This parameter, when enabled, ensures that Snowflake outputs valid/compatible JSON. For more information, check [STRICT_JSON_OUTPUT docs](https://docs.snowflake.com/en/sql-reference/parameters#strict-json-output).","description_kind":"plain","optional":true,"computed":true},"time_input_format":{"type":"string","description":"Specifies the input format for the TIME data type. For more information, see [Date and time input and output formats](https://docs.snowflake.com/en/sql-reference/date-time-input-output). Any valid, supported time format or AUTO (AUTO specifies that Snowflake attempts to automatically detect the format of times stored in the system during the session). For more information, check [TIME_INPUT_FORMAT docs](https://docs.snowflake.com/en/sql-reference/parameters#time-input-format).","description_kind":"plain","optional":true,"computed":true},"time_output_format":{"type":"string","description":"Specifies the display format for the TIME data type. For more information, see [Date and time input and output formats](https://docs.snowflake.com/en/sql-reference/date-time-input-output). For more information, check [TIME_OUTPUT_FORMAT docs](https://docs.snowflake.com/en/sql-reference/parameters#time-output-format).","description_kind":"plain","optional":true,"computed":true},"timestamp_day_is_always_24h":{"type":"bool","description":"Specifies whether the [DATEADD](https://docs.snowflake.com/en/sql-reference/functions/dateadd) function (and its aliases) always consider a day to be exactly 24 hours for expressions that span multiple days. For more information, check [TIMESTAMP_DAY_IS_ALWAYS_24H docs](https://docs.snowflake.com/en/sql-reference/parameters#timestamp-day-is-always-24h).","description_kind":"plain","optional":true,"computed":true},"timestamp_input_format":{"type":"string","description":"Specifies the input format for the TIMESTAMP data type alias. For more information, see [Date and time input and output formats](https://docs.snowflake.com/en/sql-reference/date-time-input-output). Any valid, supported timestamp format or AUTO (AUTO specifies that Snowflake attempts to automatically detect the format of timestamps stored in the system during the session). For more information, check [TIMESTAMP_INPUT_FORMAT docs](https://docs.snowflake.com/en/sql-reference/parameters#timestamp-input-format).","description_kind":"plain","optional":true,"computed":true},"timestamp_ltz_output_format":{"type":"string","description":"Specifies the display format for the TIMESTAMP_LTZ data type. If no format is specified, defaults to [TIMESTAMP_OUTPUT_FORMAT](https://docs.snowflake.com/en/sql-reference/parameters#label-timestamp-output-format). For more information, see [Date and time input and output formats](https://docs.snowflake.com/en/sql-reference/date-time-input-output). For more information, check [TIMESTAMP_LTZ_OUTPUT_FORMAT docs](https://docs.snowflake.com/en/sql-reference/parameters#timestamp-ltz-output-format).","description_kind":"plain","optional":true,"computed":true},"timestamp_ntz_output_format":{"type":"string","description":"Specifies the display format for the TIMESTAMP_NTZ data type. For more information, check [TIMESTAMP_NTZ_OUTPUT_FORMAT docs](https://docs.snowflake.com/en/sql-reference/parameters#timestamp-ntz-output-format).","description_kind":"plain","optional":true,"computed":true},"timestamp_output_format":{"type":"string","description":"Specifies the display format for the TIMESTAMP data type alias. For more information, see [Date and time input and output formats](https://docs.snowflake.com/en/sql-reference/date-time-input-output). For more information, check [TIMESTAMP_OUTPUT_FORMAT docs](https://docs.snowflake.com/en/sql-reference/parameters#timestamp-output-format).","description_kind":"plain","optional":true,"computed":true},"timestamp_type_mapping":{"type":"string","description":"Specifies the TIMESTAMP_* variation that the TIMESTAMP data type alias maps to. For more information, check [TIMESTAMP_TYPE_MAPPING docs](https://docs.snowflake.com/en/sql-reference/parameters#timestamp-type-mapping).","description_kind":"plain","optional":true,"computed":true},"timestamp_tz_output_format":{"type":"string","description":"Specifies the display format for the TIMESTAMP_TZ data type. If no format is specified, defaults to [TIMESTAMP_OUTPUT_FORMAT](https://docs.snowflake.com/en/sql-reference/parameters#label-timestamp-output-format). For more information, see [Date and time input and output formats](https://docs.snowflake.com/en/sql-reference/date-time-input-output). For more information, check [TIMESTAMP_TZ_OUTPUT_FORMAT docs](https://docs.snowflake.com/en/sql-reference/parameters#timestamp-tz-output-format).","description_kind":"plain","optional":true,"computed":true},"timezone":{"type":"string","description":"Specifies the time zone for the session. You can specify a [time zone name](https://data.iana.org/time-zones/tzdb-2021a/zone1970.tab) or a [link name](https://data.iana.org/time-zones/tzdb-2021a/backward) from release 2021a of the [IANA Time Zone Database](https://www.iana.org/time-zones) (e.g. America/Los_Angeles, Europe/London, UTC, Etc/GMT, etc.). For more information, check [TIMEZONE docs](https://docs.snowflake.com/en/sql-reference/parameters#timezone).","description_kind":"plain","optional":true,"computed":true},"trace_level":{"type":"string","description":"Controls how trace events are ingested into the event table. For more information about trace levels, see [Setting trace level](https://docs.snowflake.com/en/developer-guide/logging-tracing/tracing-trace-level). For more information, check [TRACE_LEVEL docs](https://docs.snowflake.com/en/sql-reference/parameters#trace-level).","description_kind":"plain","optional":true,"computed":true},"transaction_abort_on_error":{"type":"bool","description":"Specifies the action to perform when a statement issued within a non-autocommit transaction returns with an error. For more information, check [TRANSACTION_ABORT_ON_ERROR docs](https://docs.snowflake.com/en/sql-reference/parameters#transaction-abort-on-error).","description_kind":"plain","optional":true,"computed":true},"transaction_default_isolation_level":{"type":"string","description":"Specifies the isolation level for transactions in the user session. For more information, check [TRANSACTION_DEFAULT_ISOLATION_LEVEL docs](https://docs.snowflake.com/en/sql-reference/parameters#transaction-default-isolation-level).","description_kind":"plain","optional":true,"computed":true},"two_digit_century_start":{"type":"number","description":"Specifies the “century start” year for 2-digit years (i.e. the earliest year such dates can represent). This parameter prevents ambiguous dates when importing or converting data with the `YY` date format component (i.e. years represented as 2 digits). For more information, check [TWO_DIGIT_CENTURY_START docs](https://docs.snowflake.com/en/sql-reference/parameters#two-digit-century-start).","description_kind":"plain","optional":true,"computed":true},"unsupported_ddl_action":{"type":"string","description":"Determines if an unsupported (i.e. non-default) value specified for a constraint property returns an error. For more information, check [UNSUPPORTED_DDL_ACTION docs](https://docs.snowflake.com/en/sql-reference/parameters#unsupported-ddl-action).","description_kind":"plain","optional":true,"computed":true},"use_cached_result":{"type":"bool","description":"Specifies whether to reuse persisted query results, if available, when a matching query is submitted. For more information, check [USE_CACHED_RESULT docs](https://docs.snowflake.com/en/sql-reference/parameters#use-cached-result).","description_kind":"plain","optional":true,"computed":true},"user_type":{"type":"string","description":"Specifies a type for the user.","description_kind":"plain","computed":true},"week_of_year_policy":{"type":"number","description":"Specifies how the weeks in a given year are computed. `0`: The semantics used are equivalent to the ISO semantics, in which a week belongs to a given year if at least 4 days of that week are in that year. `1`: January 1 is included in the first week of the year and December 31 is included in the last week of the year. For more information, check [WEEK_OF_YEAR_POLICY docs](https://docs.snowflake.com/en/sql-reference/parameters#week-of-year-policy).","description_kind":"plain","optional":true,"computed":true},"week_start":{"type":"number","description":"Specifies the first day of the week (used by week-related date functions). `0`: Legacy Snowflake behavior is used (i.e. ISO-like semantics). `1` (Monday) to `7` (Sunday): All the week-related functions use weeks that start on the specified day of the week. For more information, check [WEEK_START docs](https://docs.snowflake.com/en/sql-reference/parameters#week-start).","description_kind":"plain","optional":true,"computed":true}},"block_types":{"timeouts":{"nesting_mode":"single","block":{"attributes":{"create":{"type":"string","description_kind":"plain","optional":true},"delete":{"type":"string","description_kind":"plain","optional":true},"read":{"type":"string","description_kind":"plain","optional":true},"update":{"type":"string","description_kind":"plain","optional":true}},"description_kind":"plain"}}},"description":"Resource used to manage user objects. For more information, check [user documentation](https://docs.snowflake.com/en/sql-reference/commands-user-role#user-management).","description_kind":"plain"}},"snowflake_user_authentication_policy_attachment":{"version":0,"block":{"attributes":{"authentication_policy_name":{"type":"string","description":"Fully qualified name of the authentication policy","description_kind":"plain","required":true},"id":{"type":"string","description_kind":"plain","optional":true,"computed":true},"user_name":{"type":"string","description":"User name of the user you want to attach the authentication policy to","description_kind":"plain","required":true}},"block_types":{"timeouts":{"nesting_mode":"single","block":{"attributes":{"create":{"type":"string","description_kind":"plain","optional":true},"delete":{"type":"string","description_kind":"plain","optional":true},"read":{"type":"string","description_kind":"plain","optional":true},"update":{"type":"string","description_kind":"plain","optional":true}},"description_kind":"plain"}}},"description":"Specifies the authentication policy to use for a certain user.","description_kind":"plain"}},"snowflake_user_password_policy_attachment":{"version":0,"block":{"attributes":{"id":{"type":"string","description_kind":"plain","optional":true,"computed":true},"password_policy_name":{"type":"string","description":"Fully qualified name of the password policy","description_kind":"plain","required":true},"user_name":{"type":"string","description":"User name of the user you want to attach the password policy to","description_kind":"plain","required":true}},"block_types":{"timeouts":{"nesting_mode":"single","block":{"attributes":{"create":{"type":"string","description_kind":"plain","optional":true},"delete":{"type":"string","description_kind":"plain","optional":true},"read":{"type":"string","description_kind":"plain","optional":true},"update":{"type":"string","description_kind":"plain","optional":true}},"description_kind":"plain"}}},"description":"Specifies the password policy to use for a certain user.","description_kind":"plain"}},"snowflake_user_programmatic_access_token":{"version":0,"block":{"attributes":{"comment":{"type":"string","description":"Descriptive comment about the programmatic access token.","description_kind":"plain","optional":true},"days_to_expiry":{"type":"number","description":"The number of days that the programmatic access token can be used for authentication. This field cannot be altered after the token is created. Instead, you must rotate the token with the `keeper` field. External changes for this field won't be detected. In case you want to apply external changes, you can re-create the resource manually using \"terraform taint\".","description_kind":"plain","optional":true},"disabled":{"type":"string","description":"(Default: fallback to Snowflake default - uses special value that cannot be set in the configuration manually (`default`)) Disables or enables the programmatic access token. Available options are: \"true\" or \"false\". When the value is not set in the configuration the provider will put \"default\" there which means to use the Snowflake default for this value.","description_kind":"plain","optional":true},"expire_rotated_token_after_hours":{"type":"number","description":"(Default: fallback to Snowflake default - uses special value that cannot be set in the configuration manually (`-1`)) This field is only used when the token is rotated by changing the `keeper` field. Sets the expiration time of the existing token secret to expire after the specified number of hours. You can set this to a value of 0 to expire the current token secret immediately.","description_kind":"plain","optional":true},"id":{"type":"string","description_kind":"plain","optional":true,"computed":true},"keeper":{"type":"string","description":"Arbitrary string that, if and only if, changed from a non-empty to a different non-empty value (or known after apply), will trigger a key to be rotated. When you add this field to the configuration, or remove it from the configuration, the rotation is not triggered. When the token is rotated, the `token` and `rotated_token_name` fields are marked as computed.","description_kind":"plain","optional":true},"mins_to_bypass_network_policy_requirement":{"type":"number","description":"The number of minutes during which a user can use this token to access Snowflake without being subject to an active network policy. External changes for this field won't be detected. In case you want to apply external changes, you can re-create the resource manually using \"terraform taint\".","description_kind":"plain","optional":true},"name":{"type":"string","description":"Specifies the name for the programmatic access token; must be unique for the user. Due to technical limitations (read more [here](../guides/identifiers_rework_design_decisions#known-limitations-and-identifier-recommendations)), avoid using the following characters: `|`, `.`, `\"`.","description_kind":"plain","required":true},"role_restriction":{"type":"string","description":"The name of the role used for privilege evaluation and object creation. This must be one of the roles that has already been granted to the user. Due to technical limitations (read more [here](../guides/identifiers_rework_design_decisions#known-limitations-and-identifier-recommendations)), avoid using the following characters: `|`, `.`, `\"`.","description_kind":"plain","optional":true},"rotated_token_name":{"type":"string","description":"Name of the token that represents the prior secret. This field is updated only when the token is rotated. In this case, the field is marked as computed.","description_kind":"plain","computed":true},"show_output":{"type":["list",["object",{"comment":"string","created_by":"string","created_on":"string","expires_at":"string","mins_to_bypass_network_policy_requirement":"number","name":"string","role_restriction":"string","rotated_to":"string","status":"string","user_name":"string"}]],"description":"Outputs the result of `SHOW USER PROGRAMMATIC ACCESS TOKENS` for the given user programmatic access token.","description_kind":"plain","computed":true},"token":{"type":"string","description":"The token itself. Use this to authenticate to an endpoint. The data in this field is updated only when the token is created or rotated. In this case, the field is marked as computed.","description_kind":"plain","computed":true,"sensitive":true},"user":{"type":"string","description":"The name of the user that the token is associated with. A user cannot use another user's programmatic access token to authenticate. Due to technical limitations (read more [here](../guides/identifiers_rework_design_decisions#known-limitations-and-identifier-recommendations)), avoid using the following characters: `|`, `.`, `\"`.","description_kind":"plain","required":true}},"block_types":{"timeouts":{"nesting_mode":"single","block":{"attributes":{"create":{"type":"string","description_kind":"plain","optional":true},"delete":{"type":"string","description_kind":"plain","optional":true},"read":{"type":"string","description_kind":"plain","optional":true},"update":{"type":"string","description_kind":"plain","optional":true}},"description_kind":"plain"}}},"description":"Resource used to manage user programmatic access tokens. For more information, check [user programmatic access tokens documentation](https://docs.snowflake.com/en/sql-reference/sql/alter-user-add-programmatic-access-token). A programmatic access token is a token that can be used to authenticate to an endpoint. See [Using programmatic access tokens for authentication](https://docs.snowflake.com/en/user-guide/programmatic-access-tokens) user guide for more details.","description_kind":"plain"}},"snowflake_user_public_keys":{"version":0,"block":{"attributes":{"id":{"type":"string","description_kind":"plain","optional":true,"computed":true},"name":{"type":"string","description":"Name of the user.","description_kind":"plain","required":true},"rsa_public_key":{"type":"string","description":"Specifies the user’s RSA public key; used for key-pair authentication. Must be on 1 line without header and trailer.","description_kind":"plain","optional":true},"rsa_public_key_2":{"type":"string","description":"Specifies the user’s second RSA public key; used to rotate the public and Public keys for key-pair authentication based on an expiration schedule set by your organization. Must be on 1 line without header and trailer.","description_kind":"plain","optional":true}},"block_types":{"timeouts":{"nesting_mode":"single","block":{"attributes":{"create":{"type":"string","description_kind":"plain","optional":true},"delete":{"type":"string","description_kind":"plain","optional":true},"read":{"type":"string","description_kind":"plain","optional":true},"update":{"type":"string","description_kind":"plain","optional":true}},"description_kind":"plain"}}},"description_kind":"plain"}},"snowflake_view":{"version":1,"block":{"attributes":{"change_tracking":{"type":"string","description":"(Default: fallback to Snowflake default - uses special value that cannot be set in the configuration manually (`default`)) Specifies to enable or disable change tracking on the table. Available options are: \"true\" or \"false\". When the value is not set in the configuration the provider will put \"default\" there which means to use the Snowflake default for this value.","description_kind":"plain","optional":true},"comment":{"type":"string","description":"Specifies a comment for the view.","description_kind":"plain","optional":true},"copy_grants":{"type":"bool","description":"(Default: `false`) Retains the access permissions from the original view when a view is recreated using the OR REPLACE clause. This is used when the provider detects changes for fields that can not be changed by ALTER. This value will not have any effect during creating a new object with Terraform.","description_kind":"plain","optional":true},"database":{"type":"string","description":"The database in which to create the view. Due to technical limitations (read more [here](../guides/identifiers_rework_design_decisions#known-limitations-and-identifier-recommendations)), avoid using the following characters: `|`, `.`, `\"`.","description_kind":"plain","required":true},"describe_output":{"type":["list",["object",{"check":"string","comment":"string","default":"string","expression":"string","is_nullable":"bool","is_primary":"bool","is_unique":"bool","kind":"string","name":"string","policy_name":"string","privacy_domain":"string","type":"string"}]],"description":"Outputs the result of `DESCRIBE VIEW` for the given view.","description_kind":"plain","computed":true},"fully_qualified_name":{"type":"string","description":"Fully qualified name of the resource. For more information, see [object name resolution](https://docs.snowflake.com/en/sql-reference/name-resolution).","description_kind":"plain","computed":true},"id":{"type":"string","description_kind":"plain","optional":true,"computed":true},"is_recursive":{"type":"string","description":"(Default: fallback to Snowflake default - uses special value that cannot be set in the configuration manually (`default`)) Specifies that the view can refer to itself using recursive syntax without necessarily using a CTE (common table expression). Available options are: \"true\" or \"false\". When the value is not set in the configuration the provider will put \"default\" there which means to use the Snowflake default for this value.","description_kind":"plain","optional":true},"is_secure":{"type":"string","description":"(Default: fallback to Snowflake default - uses special value that cannot be set in the configuration manually (`default`)) Specifies that the view is secure. By design, the Snowflake's `SHOW VIEWS` command does not provide information about secure views (consult [view usage notes](https://docs.snowflake.com/en/sql-reference/sql/create-view#usage-notes)) which is essential to manage/import view with Terraform. Use the role owning the view while managing secure views. Available options are: \"true\" or \"false\". When the value is not set in the configuration the provider will put \"default\" there which means to use the Snowflake default for this value.","description_kind":"plain","optional":true},"is_temporary":{"type":"string","description":"(Default: fallback to Snowflake default - uses special value that cannot be set in the configuration manually (`default`)) Specifies that the view persists only for the duration of the session that you created it in. A temporary view and all its contents are dropped at the end of the session. In context of this provider, it means that it's dropped after a Terraform operation. This results in a permanent plan with object creation. Available options are: \"true\" or \"false\". When the value is not set in the configuration the provider will put \"default\" there which means to use the Snowflake default for this value.","description_kind":"plain","optional":true},"name":{"type":"string","description":"Specifies the identifier for the view; must be unique for the schema in which the view is created. Due to technical limitations (read more [here](../guides/identifiers_rework_design_decisions#known-limitations-and-identifier-recommendations)), avoid using the following characters: `|`, `.`, `\"`.","description_kind":"plain","required":true},"schema":{"type":"string","description":"The schema in which to create the view. Due to technical limitations (read more [here](../guides/identifiers_rework_design_decisions#known-limitations-and-identifier-recommendations)), avoid using the following characters: `|`, `.`, `\"`.","description_kind":"plain","required":true},"show_output":{"type":["list",["object",{"change_tracking":"string","comment":"string","created_on":"string","database_name":"string","is_materialized":"bool","is_secure":"bool","kind":"string","name":"string","owner":"string","owner_role_type":"string","reserved":"string","schema_name":"string","text":"string"}]],"description":"Outputs the result of `SHOW VIEW` for the given view.","description_kind":"plain","computed":true},"statement":{"type":"string","description":"Specifies the query used to create the view. To mitigate permadiff on this field, the provider replaces blank characters with a space. This can lead to false positives in cases where a change in case or run of whitespace is semantically significant.","description_kind":"plain","required":true}},"block_types":{"aggregation_policy":{"nesting_mode":"list","block":{"attributes":{"entity_key":{"type":["set","string"],"description":"Defines which columns uniquely identify an entity within the view.","description_kind":"plain","optional":true},"policy_name":{"type":"string","description":"Aggregation policy name.","description_kind":"plain","required":true}},"description":"Specifies the aggregation policy to set on a view.","description_kind":"plain"},"max_items":1},"column":{"nesting_mode":"list","block":{"attributes":{"column_name":{"type":"string","description":"Specifies affected column name.","description_kind":"plain","required":true},"comment":{"type":"string","description":"Specifies a comment for the column.","description_kind":"plain","optional":true}},"block_types":{"masking_policy":{"nesting_mode":"list","block":{"attributes":{"policy_name":{"type":"string","description":"Specifies the masking policy to set on a column. For more information about this resource, see [docs](./masking_policy).","description_kind":"plain","required":true},"using":{"type":["list","string"],"description":"Specifies the arguments to pass into the conditional masking policy SQL expression. The first column in the list specifies the column for the policy conditions to mask or tokenize the data and must match the column to which the masking policy is set. The additional columns specify the columns to evaluate to determine whether to mask or tokenize the data in each row of the query result when a query is made on the first column. If the USING clause is omitted, Snowflake treats the conditional masking policy as a normal masking policy.","description_kind":"plain","optional":true}},"description_kind":"plain"},"max_items":1},"projection_policy":{"nesting_mode":"list","block":{"attributes":{"policy_name":{"type":"string","description":"Specifies the projection policy to set on a column.","description_kind":"plain","required":true}},"description_kind":"plain"},"max_items":1}},"description":"If you want to change the name of a column or add a comment to a column in the new view, include a column list that specifies the column names and (if needed) comments about the columns. You do not need to specify the data types of the columns. If this field is not specified, columns are inferred from the `statement` field by Snowflake.","description_kind":"plain"}},"data_metric_function":{"nesting_mode":"set","block":{"attributes":{"function_name":{"type":"string","description":"Identifier of the data metric function to add to the table or view or drop from the table or view. This function identifier must be provided without arguments in parenthesis.","description_kind":"plain","required":true},"on":{"type":["set","string"],"description":"The table or view columns on which to associate the data metric function. The data types of the columns must match the data types of the columns specified in the data metric function definition.","description_kind":"plain","required":true},"schedule_status":{"type":"string","description":"The status of the metrics association. Valid values are: `STARTED` | `SUSPENDED`. When status of a data metric function is changed, it is being reassigned with `DROP DATA METRIC FUNCTION` and `ADD DATA METRIC FUNCTION`, and then its status is changed by `MODIFY DATA METRIC FUNCTION` ","description_kind":"plain","required":true}},"description":"Data metric functions used for the view.","description_kind":"plain"}},"data_metric_schedule":{"nesting_mode":"list","block":{"attributes":{"minutes":{"type":"number","description":"Specifies an interval (in minutes) of wait time inserted between runs of the data metric function. Conflicts with `using_cron`. Valid values are: `5` | `15` | `30` | `60` | `720` | `1440`. Due to Snowflake limitations, changes in this field are not managed by the provider. Please consider using [taint](https://developer.hashicorp.com/terraform/cli/commands/taint) command, `using_cron` field, or [replace_triggered_by](https://developer.hashicorp.com/terraform/language/meta-arguments/lifecycle#replace_triggered_by) metadata argument.","description_kind":"plain","optional":true},"using_cron":{"type":"string","description":"Specifies a cron expression and time zone for periodically running the data metric function. Supports a subset of standard cron utility syntax. Conflicts with `minutes`.","description_kind":"plain","optional":true}},"description":"Specifies the schedule to run the data metric functions periodically.","description_kind":"plain"},"max_items":1},"row_access_policy":{"nesting_mode":"list","block":{"attributes":{"on":{"type":["set","string"],"description":"Defines which columns are affected by the policy.","description_kind":"plain","required":true},"policy_name":{"type":"string","description":"Row access policy name. For more information about this resource, see [docs](./row_access_policy).","description_kind":"plain","required":true}},"description":"Specifies the row access policy to set on a view.","description_kind":"plain"},"max_items":1},"timeouts":{"nesting_mode":"single","block":{"attributes":{"create":{"type":"string","description_kind":"plain","optional":true},"delete":{"type":"string","description_kind":"plain","optional":true},"read":{"type":"string","description_kind":"plain","optional":true},"update":{"type":"string","description_kind":"plain","optional":true}},"description_kind":"plain"}}},"description":"Resource used to manage view objects. For more information, check [view documentation](https://docs.snowflake.com/en/sql-reference/sql/create-view).","description_kind":"plain"}},"snowflake_warehouse":{"version":1,"block":{"attributes":{"auto_resume":{"type":"string","description":"(Default: fallback to Snowflake default - uses special value that cannot be set in the configuration manually (`default`)) Specifies whether to automatically resume a warehouse when a SQL statement (e.g. query) is submitted to it. Available options are: \"true\" or \"false\". When the value is not set in the configuration the provider will put \"default\" there which means to use the Snowflake default for this value.","description_kind":"plain","optional":true},"auto_suspend":{"type":"number","description":"(Default: fallback to Snowflake default - uses special value that cannot be set in the configuration manually (`-1`)) Specifies the number of seconds of inactivity after which a warehouse is automatically suspended.","description_kind":"plain","optional":true},"comment":{"type":"string","description":"Specifies a comment for the warehouse.","description_kind":"plain","optional":true},"enable_query_acceleration":{"type":"string","description":"(Default: fallback to Snowflake default - uses special value that cannot be set in the configuration manually (`default`)) Specifies whether to enable the query acceleration service for queries that rely on this warehouse for compute resources. Available options are: \"true\" or \"false\". When the value is not set in the configuration the provider will put \"default\" there which means to use the Snowflake default for this value.","description_kind":"plain","optional":true},"fully_qualified_name":{"type":"string","description":"Fully qualified name of the resource. For more information, see [object name resolution](https://docs.snowflake.com/en/sql-reference/name-resolution).","description_kind":"plain","computed":true},"id":{"type":"string","description_kind":"plain","optional":true,"computed":true},"initially_suspended":{"type":"bool","description":"Specifies whether the warehouse is created initially in the ‘Suspended’ state.","description_kind":"plain","optional":true},"max_cluster_count":{"type":"number","description":"Specifies the maximum number of server clusters for the warehouse.","description_kind":"plain","optional":true},"max_concurrency_level":{"type":"number","description":"Object parameter that specifies the concurrency level for SQL statements (i.e. queries and DML) executed by a warehouse.","description_kind":"plain","optional":true,"computed":true},"min_cluster_count":{"type":"number","description":"Specifies the minimum number of server clusters for the warehouse (only applies to multi-cluster warehouses).","description_kind":"plain","optional":true},"name":{"type":"string","description":"Identifier for the virtual warehouse; must be unique for your account. Due to technical limitations (read more [here](../guides/identifiers_rework_design_decisions#known-limitations-and-identifier-recommendations)), avoid using the following characters: `|`, `.`, `\"`.","description_kind":"plain","required":true},"parameters":{"type":["list",["object",{"max_concurrency_level":["list",["object",{"default":"string","description":"string","key":"string","level":"string","value":"string"}]],"statement_queued_timeout_in_seconds":["list",["object",{"default":"string","description":"string","key":"string","level":"string","value":"string"}]],"statement_timeout_in_seconds":["list",["object",{"default":"string","description":"string","key":"string","level":"string","value":"string"}]]}]],"description":"Outputs the result of `SHOW PARAMETERS IN WAREHOUSE` for the given warehouse.","description_kind":"plain","computed":true},"query_acceleration_max_scale_factor":{"type":"number","description":"(Default: fallback to Snowflake default - uses special value that cannot be set in the configuration manually (`-1`)) Specifies the maximum scale factor for leasing compute resources for query acceleration. The scale factor is used as a multiplier based on warehouse size.","description_kind":"plain","optional":true},"resource_monitor":{"type":"string","description":"Specifies the name of a resource monitor that is explicitly assigned to the warehouse. For more information about this resource, see [docs](./resource_monitor).","description_kind":"plain","optional":true},"scaling_policy":{"type":"string","description":"Specifies the policy for automatically starting and shutting down clusters in a multi-cluster warehouse running in Auto-scale mode. Valid values are (case-insensitive): `STANDARD` | `ECONOMY`.","description_kind":"plain","optional":true},"show_output":{"type":["list",["object",{"auto_resume":"bool","auto_suspend":"number","available":"number","comment":"string","created_on":"string","enable_query_acceleration":"bool","is_current":"bool","is_default":"bool","max_cluster_count":"number","min_cluster_count":"number","name":"string","other":"number","owner":"string","owner_role_type":"string","provisioning":"number","query_acceleration_max_scale_factor":"number","queued":"number","quiescing":"number","resource_monitor":"string","resumed_on":"string","running":"number","scaling_policy":"string","size":"string","started_clusters":"number","state":"string","type":"string","updated_on":"string"}]],"description":"Outputs the result of `SHOW WAREHOUSES` for the given warehouse.","description_kind":"plain","computed":true},"statement_queued_timeout_in_seconds":{"type":"number","description":"Object parameter that specifies the time, in seconds, a SQL statement (query, DDL, DML, etc.) can be queued on a warehouse before it is canceled by the system.","description_kind":"plain","optional":true,"computed":true},"statement_timeout_in_seconds":{"type":"number","description":"Specifies the time, in seconds, after which a running SQL statement (query, DDL, DML, etc.) is canceled by the system","description_kind":"plain","optional":true,"computed":true},"warehouse_size":{"type":"string","description":"Specifies the size of the virtual warehouse. Valid values are (case-insensitive): `XSMALL` | `X-SMALL` | `SMALL` | `MEDIUM` | `LARGE` | `XLARGE` | `X-LARGE` | `XXLARGE` | `X2LARGE` | `2X-LARGE` | `XXXLARGE` | `X3LARGE` | `3X-LARGE` | `X4LARGE` | `4X-LARGE` | `X5LARGE` | `5X-LARGE` | `X6LARGE` | `6X-LARGE`. Consult [warehouse documentation](https://docs.snowflake.com/en/sql-reference/sql/create-warehouse#optional-properties-objectproperties) for the details. Note: removing the size from config will result in the resource recreation.","description_kind":"plain","optional":true},"warehouse_type":{"type":"string","description":"Specifies warehouse type. Valid values are (case-insensitive): `STANDARD` | `SNOWPARK-OPTIMIZED`. Warehouse needs to be suspended to change its type. Provider will handle automatic suspension and resumption if needed.","description_kind":"plain","optional":true}},"block_types":{"timeouts":{"nesting_mode":"single","block":{"attributes":{"create":{"type":"string","description_kind":"plain","optional":true},"delete":{"type":"string","description_kind":"plain","optional":true},"read":{"type":"string","description_kind":"plain","optional":true},"update":{"type":"string","description_kind":"plain","optional":true}},"description_kind":"plain"}}},"description":"Resource used to manage warehouse objects. For more information, check [warehouse documentation](https://docs.snowflake.com/en/sql-reference/commands-warehouse).","description_kind":"plain"}}},"data_source_schemas":{"snowflake_account_roles":{"version":0,"block":{"attributes":{"account_roles":{"type":["list",["object",{"show_output":["list",["object",{"assigned_to_users":"number","comment":"string","created_on":"string","granted_roles":"number","granted_to_roles":"number","is_current":"bool","is_default":"bool","is_inherited":"bool","name":"string","owner":"string"}]]}]],"description":"Holds the aggregated output of all account role details queries.","description_kind":"plain","computed":true},"id":{"type":"string","description_kind":"plain","optional":true,"computed":true},"in_class":{"type":"string","description":"Filters the SHOW GRANTS output by class name.","description_kind":"plain","optional":true},"like":{"type":"string","description":"Filters the output with **case-insensitive** pattern, with support for SQL wildcard characters (`%` and `_`).","description_kind":"plain","optional":true}},"description":"Data source used to get details of filtered account roles. Filtering is aligned with the current possibilities for [SHOW ROLES](https://docs.snowflake.com/en/sql-reference/sql/show-roles) query (`like` and `in_class` are all supported). The results of SHOW are encapsulated in one output collection.","description_kind":"plain"}},"snowflake_accounts":{"version":0,"block":{"attributes":{"accounts":{"type":["list",["object",{"show_output":["list",["object",{"account_locator":"string","account_locator_url":"string","account_name":"string","account_old_url_last_used":"string","account_old_url_saved_on":"string","account_url":"string","comment":"string","consumption_billing_entity_name":"string","created_on":"string","dropped_on":"string","edition":"string","is_events_account":"bool","is_org_admin":"bool","is_organization_account":"bool","managed_accounts":"number","marketplace_consumer_billing_entity_name":"string","marketplace_provider_billing_entity_name":"string","moved_on":"string","moved_to_organization":"string","old_account_url":"string","organization_name":"string","organization_old_url":"string","organization_old_url_last_used":"string","organization_old_url_saved_on":"string","organization_url_expiration_on":"string","region_group":"string","restored_on":"string","scheduled_deletion_time":"string","snowflake_region":"string"}]]}]],"description":"Holds the aggregated output of all accounts details queries.","description_kind":"plain","computed":true},"id":{"type":"string","description_kind":"plain","optional":true,"computed":true},"like":{"type":"string","description":"Filters the output with **case-insensitive** pattern, with support for SQL wildcard characters (`%` and `_`).","description_kind":"plain","optional":true},"with_history":{"type":"bool","description":"Includes dropped accounts that have not yet been deleted.","description_kind":"plain","optional":true}},"description":"Data source used to get details of filtered accounts. Filtering is aligned with the current possibilities for [SHOW ACCOUNTS](https://docs.snowflake.com/en/sql-reference/sql/show-accounts) query. The results of SHOW are encapsulated in one output collection `accounts`.","description_kind":"plain"}},"snowflake_alerts":{"version":0,"block":{"attributes":{"alerts":{"type":["list",["object",{"action":"string","comment":"string","condition":"string","database_name":"string","name":"string","owner":"string","schema_name":"string"}]],"description":"Lists alerts for the current/specified database or schema, or across the entire account.","description_kind":"plain","computed":true},"database":{"type":"string","description":"The database from which to return the alerts from.","description_kind":"plain","optional":true},"id":{"type":"string","description_kind":"plain","optional":true,"computed":true},"pattern":{"type":"string","description":"Filters the command output by object name.","description_kind":"plain","optional":true},"schema":{"type":"string","description":"The schema from which to return the alerts from.","description_kind":"plain","optional":true}},"description_kind":"plain"}},"snowflake_compute_pools":{"version":0,"block":{"attributes":{"compute_pools":{"type":["list",["object",{"describe_output":["list",["object",{"active_nodes":"number","application":"string","auto_resume":"bool","auto_suspend_secs":"number","comment":"string","created_on":"string","error_code":"string","idle_nodes":"number","instance_family":"string","is_exclusive":"bool","max_nodes":"number","min_nodes":"number","name":"string","num_jobs":"number","num_services":"number","owner":"string","resumed_on":"string","state":"string","status_message":"string","target_nodes":"number","updated_on":"string"}]],"show_output":["list",["object",{"active_nodes":"number","application":"string","auto_resume":"bool","auto_suspend_secs":"number","comment":"string","created_on":"string","idle_nodes":"number","instance_family":"string","is_exclusive":"bool","max_nodes":"number","min_nodes":"number","name":"string","num_jobs":"number","num_services":"number","owner":"string","resumed_on":"string","state":"string","target_nodes":"number","updated_on":"string"}]]}]],"description":"Holds the aggregated output of all compute pools details queries.","description_kind":"plain","computed":true},"id":{"type":"string","description_kind":"plain","optional":true,"computed":true},"like":{"type":"string","description":"Filters the output with **case-insensitive** pattern, with support for SQL wildcard characters (`%` and `_`).","description_kind":"plain","optional":true},"starts_with":{"type":"string","description":"Filters the output with **case-sensitive** characters indicating the beginning of the object name.","description_kind":"plain","optional":true},"with_describe":{"type":"bool","description":"(Default: `true`) Runs DESC COMPUTE POOL for each compute pool returned by SHOW COMPUTE POOLS. The output of describe is saved to the description field. By default this value is set to true.","description_kind":"plain","optional":true}},"block_types":{"limit":{"nesting_mode":"list","block":{"attributes":{"from":{"type":"string","description":"Specifies a **case-sensitive** pattern that is used to match object name. After the first match, the limit on the number of rows will be applied.","description_kind":"plain","optional":true},"rows":{"type":"number","description":"The maximum number of rows to return.","description_kind":"plain","required":true}},"description":"Limits the number of rows returned. If the `limit.from` is set, then the limit will start from the first element matched by the expression. The expression is only used to match with the first element, later on the elements are not matched by the prefix, but you can enforce a certain pattern with `starts_with` or `like`.","description_kind":"plain"},"max_items":1}},"description":"Data source used to get details of filtered compute pools. Filtering is aligned with the current possibilities for [SHOW COMPUTE POOLS](https://docs.snowflake.com/en/sql-reference/sql/show-compute-pools) query. The results of SHOW and DESCRIBE are encapsulated in one output collection `compute_pools`.","description_kind":"plain"}},"snowflake_connections":{"version":0,"block":{"attributes":{"connections":{"type":["list",["object",{"show_output":["list",["object",{"account_locator":"string","account_name":"string","comment":"string","connection_url":"string","created_on":"string","failover_allowed_to_accounts":["list","string"],"is_primary":"bool","name":"string","organization_name":"string","primary":"string","region_group":"string","snowflake_region":"string"}]]}]],"description":"Holds the aggregated output of all connections details queries.","description_kind":"plain","computed":true},"id":{"type":"string","description_kind":"plain","optional":true,"computed":true},"like":{"type":"string","description":"Filters the output with **case-insensitive** pattern, with support for SQL wildcard characters (`%` and `_`).","description_kind":"plain","optional":true}},"description":"Data source used to get details of filtered connections. Filtering is aligned with the current possibilities for [SHOW CONNECTIONS](https://docs.snowflake.com/en/sql-reference/sql/show-connections) query. The results of SHOW is encapsulated in one output collection `connections`.","description_kind":"plain"}},"snowflake_cortex_search_services":{"version":0,"block":{"attributes":{"cortex_search_services":{"type":["list",["object",{"comment":"string","created_on":"string","database_name":"string","name":"string","schema_name":"string"}]],"description":"Holds the output of SHOW CORTEX SEARCH SERVICES.","description_kind":"plain","computed":true},"id":{"type":"string","description_kind":"plain","optional":true,"computed":true},"like":{"type":"string","description":"Filters the output with **case-insensitive** pattern, with support for SQL wildcard characters (`%` and `_`).","description_kind":"plain","optional":true},"starts_with":{"type":"string","description":"Filters the output with **case-sensitive** characters indicating the beginning of the object name.","description_kind":"plain","optional":true}},"block_types":{"in":{"nesting_mode":"list","block":{"attributes":{"account":{"type":"bool","description":"Returns records for the entire account.","description_kind":"plain","optional":true},"database":{"type":"string","description":"Returns records for the current database in use or for a specified database (db_name).","description_kind":"plain","optional":true},"schema":{"type":"string","description":"Returns records for the current schema in use or a specified schema (schema_name).","description_kind":"plain","optional":true}},"description":"IN clause to filter the list of cortex search services.","description_kind":"plain"},"max_items":1},"limit":{"nesting_mode":"list","block":{"attributes":{"from":{"type":"string","description":"Specifies a **case-sensitive** pattern that is used to match object name. After the first match, the limit on the number of rows will be applied.","description_kind":"plain","optional":true},"rows":{"type":"number","description":"The maximum number of rows to return.","description_kind":"plain","required":true}},"description":"Limits the number of rows returned. If the `limit.from` is set, then the limit will start from the first element matched by the expression. The expression is only used to match with the first element, later on the elements are not matched by the prefix, but you can enforce a certain pattern with `starts_with` or `like`.","description_kind":"plain"},"max_items":1}},"description_kind":"plain"}},"snowflake_current_account":{"version":0,"block":{"attributes":{"account":{"type":"string","description":"The Snowflake Account ID; as returned by CURRENT_ACCOUNT().","description_kind":"plain","computed":true},"id":{"type":"string","description_kind":"plain","optional":true,"computed":true},"region":{"type":"string","description":"The Snowflake Region; as returned by CURRENT_REGION()","description_kind":"plain","computed":true},"url":{"type":"string","description":"The Snowflake URL.","description_kind":"plain","computed":true}},"description_kind":"plain"}},"snowflake_current_role":{"version":0,"block":{"attributes":{"id":{"type":"string","description_kind":"plain","optional":true,"computed":true},"name":{"type":"string","description":"The name of the [primary role](https://docs.snowflake.com/en/user-guide/security-access-control-overview.html#label-access-control-role-enforcement) in use for the current session.","description_kind":"plain","computed":true}},"description_kind":"plain"}},"snowflake_database":{"version":1,"block":{"attributes":{"comment":{"type":"string","description_kind":"plain","computed":true},"created_on":{"type":"string","description_kind":"plain","computed":true},"id":{"type":"string","description_kind":"plain","optional":true,"computed":true},"is_current":{"type":"bool","description_kind":"plain","computed":true},"is_default":{"type":"bool","description_kind":"plain","computed":true},"name":{"type":"string","description":"The database from which to return its metadata.","description_kind":"plain","required":true},"options":{"type":"string","description_kind":"plain","computed":true},"origin":{"type":"string","description_kind":"plain","computed":true},"owner":{"type":"string","description_kind":"plain","computed":true},"retention_time":{"type":"number","description_kind":"plain","computed":true}},"description_kind":"plain"}},"snowflake_database_role":{"version":1,"block":{"attributes":{"comment":{"type":"string","description":"The comment on the role","description_kind":"plain","computed":true},"database":{"type":"string","description":"The database from which to return the database role from.","description_kind":"plain","required":true},"id":{"type":"string","description_kind":"plain","optional":true,"computed":true},"name":{"type":"string","description":"Database role name.","description_kind":"plain","required":true},"owner":{"type":"string","description":"The owner of the role","description_kind":"plain","computed":true}},"description_kind":"plain"}},"snowflake_database_roles":{"version":0,"block":{"attributes":{"database_roles":{"type":["list",["object",{"show_output":["list",["object",{"comment":"string","created_on":"string","database_name":"string","granted_database_roles":"number","granted_to_database_roles":"number","granted_to_roles":"number","is_current":"bool","is_default":"bool","is_inherited":"bool","name":"string","owner":"string","owner_role_type":"string"}]]}]],"description":"Holds the aggregated output of all database role details queries.","description_kind":"plain","computed":true},"id":{"type":"string","description_kind":"plain","optional":true,"computed":true},"in_database":{"type":"string","description":"The database from which to return the database roles from.","description_kind":"plain","required":true},"like":{"type":"string","description":"Filters the output with **case-insensitive** pattern, with support for SQL wildcard characters (`%` and `_`).","description_kind":"plain","optional":true}},"block_types":{"limit":{"nesting_mode":"list","block":{"attributes":{"from":{"type":"string","description":"Specifies a **case-sensitive** pattern that is used to match object name. After the first match, the limit on the number of rows will be applied.","description_kind":"plain","optional":true},"rows":{"type":"number","description":"The maximum number of rows to return.","description_kind":"plain","required":true}},"description":"Limits the number of rows returned. If the `limit.from` is set, then the limit will start from the first element matched by the expression. The expression is only used to match with the first element, later on the elements are not matched by the prefix, but you can enforce a certain pattern with `starts_with` or `like`.","description_kind":"plain"},"max_items":1}},"description":"Data source used to get details of filtered database roles. Filtering is aligned with the current possibilities for [SHOW DATABASE ROLES](https://docs.snowflake.com/en/sql-reference/sql/show-database-roles) query (`like` and `limit` are supported). The results of SHOW is encapsulated in show_output collection.","description_kind":"plain"}},"snowflake_databases":{"version":0,"block":{"attributes":{"databases":{"type":["list",["object",{"describe_output":["list",["object",{"created_on":"string","kind":"string","name":"string"}]],"parameters":["list",["object",{"catalog":["list",["object",{"default":"string","description":"string","key":"string","level":"string","value":"string"}]],"data_retention_time_in_days":["list",["object",{"default":"string","description":"string","key":"string","level":"string","value":"string"}]],"default_ddl_collation":["list",["object",{"default":"string","description":"string","key":"string","level":"string","value":"string"}]],"enable_console_output":["list",["object",{"default":"string","description":"string","key":"string","level":"string","value":"string"}]],"external_volume":["list",["object",{"default":"string","description":"string","key":"string","level":"string","value":"string"}]],"log_level":["list",["object",{"default":"string","description":"string","key":"string","level":"string","value":"string"}]],"max_data_extension_time_in_days":["list",["object",{"default":"string","description":"string","key":"string","level":"string","value":"string"}]],"quoted_identifiers_ignore_case":["list",["object",{"default":"string","description":"string","key":"string","level":"string","value":"string"}]],"replace_invalid_characters":["list",["object",{"default":"string","description":"string","key":"string","level":"string","value":"string"}]],"storage_serialization_policy":["list",["object",{"default":"string","description":"string","key":"string","level":"string","value":"string"}]],"suspend_task_after_num_failures":["list",["object",{"default":"string","description":"string","key":"string","level":"string","value":"string"}]],"task_auto_retry_attempts":["list",["object",{"default":"string","description":"string","key":"string","level":"string","value":"string"}]],"trace_level":["list",["object",{"default":"string","description":"string","key":"string","level":"string","value":"string"}]],"user_task_managed_initial_warehouse_size":["list",["object",{"default":"string","description":"string","key":"string","level":"string","value":"string"}]],"user_task_minimum_trigger_interval_in_seconds":["list",["object",{"default":"string","description":"string","key":"string","level":"string","value":"string"}]],"user_task_timeout_ms":["list",["object",{"default":"string","description":"string","key":"string","level":"string","value":"string"}]]}]],"show_output":["list",["object",{"comment":"string","created_on":"string","dropped_on":"string","is_current":"bool","is_default":"bool","kind":"string","name":"string","options":"string","origin":"string","owner":"string","owner_role_type":"string","resource_group":"string","retention_time":"number","transient":"bool"}]]}]],"description":"Holds the aggregated output of all database details queries.","description_kind":"plain","computed":true},"id":{"type":"string","description_kind":"plain","optional":true,"computed":true},"like":{"type":"string","description":"Filters the output with **case-insensitive** pattern, with support for SQL wildcard characters (`%` and `_`).","description_kind":"plain","optional":true},"starts_with":{"type":"string","description":"Filters the output with **case-sensitive** characters indicating the beginning of the object name.","description_kind":"plain","optional":true},"with_describe":{"type":"bool","description":"(Default: `true`) Runs DESC DATABASE for each database returned by SHOW DATABASES. The output of describe is saved to the description field. By default this value is set to true.","description_kind":"plain","optional":true},"with_parameters":{"type":"bool","description":"(Default: `true`) Runs SHOW PARAMETERS FOR DATABASE for each database returned by SHOW DATABASES. The output of describe is saved to the parameters field as a map. By default this value is set to true.","description_kind":"plain","optional":true}},"block_types":{"limit":{"nesting_mode":"list","block":{"attributes":{"from":{"type":"string","description":"Specifies a **case-sensitive** pattern that is used to match object name. After the first match, the limit on the number of rows will be applied.","description_kind":"plain","optional":true},"rows":{"type":"number","description":"The maximum number of rows to return.","description_kind":"plain","required":true}},"description":"Limits the number of rows returned. If the `limit.from` is set, then the limit will start from the first element matched by the expression. The expression is only used to match with the first element, later on the elements are not matched by the prefix, but you can enforce a certain pattern with `starts_with` or `like`.","description_kind":"plain"},"max_items":1}},"description":"Data source used to get details of filtered databases. Filtering is aligned with the current possibilities for [SHOW DATABASES](https://docs.snowflake.com/en/sql-reference/sql/show-databases) query (`like`, `starts_with`, and `limit` are all supported). The results of SHOW, DESCRIBE, and SHOW PARAMETERS IN are encapsulated in one output collection.","description_kind":"plain"}},"snowflake_dynamic_tables":{"version":0,"block":{"attributes":{"id":{"type":"string","description_kind":"plain","optional":true,"computed":true},"records":{"type":["list",["object",{"automatic_clustering":"bool","bytes":"number","cluster_by":"string","comment":"string","created_on":"string","data_timestamp":"string","database_name":"string","is_clone":"bool","is_replica":"bool","last_suspended_on":"string","name":"string","owner":"string","refresh_mode":"string","refresh_mode_reason":"string","rows":"number","scheduling_state":"string","schema_name":"string","target_lag":"string","text":"string","warehouse":"string"}]],"description":"The list of dynamic tables.","description_kind":"plain","computed":true},"starts_with":{"type":"string","description":"Optionally filters the command output based on the characters that appear at the beginning of the object name. The string is case-sensitive.","description_kind":"plain","optional":true}},"block_types":{"in":{"nesting_mode":"list","block":{"attributes":{"account":{"type":"bool","description":"Returns records for the entire account.","description_kind":"plain","optional":true},"database":{"type":"string","description":"Returns records for the current database in use or for a specified database (db_name).","description_kind":"plain","optional":true},"schema":{"type":"string","description":"Returns records for the current schema in use or a specified schema (schema_name).","description_kind":"plain","optional":true}},"description":"IN clause to filter the list of dynamic tables.","description_kind":"plain"},"max_items":1},"like":{"nesting_mode":"list","block":{"attributes":{"pattern":{"type":"string","description":"Filters the command output by object name. The filter uses case-insensitive pattern matching with support for SQL wildcard characters (% and _).","description_kind":"plain","required":true}},"description":"LIKE clause to filter the list of dynamic tables.","description_kind":"plain"},"max_items":1},"limit":{"nesting_mode":"list","block":{"attributes":{"from":{"type":"string","description":"The optional FROM 'name_string' subclause effectively serves as a “cursor” for the results. This enables fetching the specified number of rows following the first row whose object name matches the specified string","description_kind":"plain","optional":true},"rows":{"type":"number","description":"Specifies the maximum number of rows to return.","description_kind":"plain","optional":true}},"description":"Optionally limits the maximum number of rows returned, while also enabling “pagination” of the results. Note that the actual number of rows returned might be less than the specified limit (e.g. the number of existing objects is less than the specified limit).","description_kind":"plain"},"max_items":1}},"description_kind":"plain"}},"snowflake_external_functions":{"version":0,"block":{"attributes":{"database":{"type":"string","description":"The database from which to return the schemas from.","description_kind":"plain","optional":true},"external_functions":{"type":["list",["object",{"comment":"string","database":"string","language":"string","name":"string","schema":"string"}]],"description":"The external functions in the schema","description_kind":"plain","computed":true},"id":{"type":"string","description_kind":"plain","optional":true,"computed":true},"schema":{"type":"string","description":"The schema from which to return the external functions from.","description_kind":"plain","optional":true}},"description_kind":"plain"}},"snowflake_external_tables":{"version":0,"block":{"attributes":{"database":{"type":"string","description":"The database from which to return the schemas from.","description_kind":"plain","required":true},"external_tables":{"type":["list",["object",{"comment":"string","database":"string","name":"string","schema":"string"}]],"description":"The external tables in the schema","description_kind":"plain","computed":true},"id":{"type":"string","description_kind":"plain","optional":true,"computed":true},"schema":{"type":"string","description":"The schema from which to return the external tables from.","description_kind":"plain","required":true}},"description_kind":"plain"}},"snowflake_failover_groups":{"version":0,"block":{"attributes":{"failover_groups":{"type":["list",["object",{"account_locator":"string","account_name":"string","allowed_accounts":["list","string"],"allowed_integration_types":["list","string"],"comment":"string","created_on":"string","is_primary":"bool","next_scheduled_refresh":"string","object_types":["list","string"],"organization_name":"string","owner":"string","primary":"string","region_group":"string","replication_schedule":"string","secondary_state":"string","snowflake_region":"string","type":"string"}]],"description":"List of all the failover groups available in the system.","description_kind":"plain","computed":true},"id":{"type":"string","description_kind":"plain","optional":true,"computed":true},"in_account":{"type":"string","description":"Specifies the identifier for the account","description_kind":"plain","optional":true}},"description_kind":"plain"}},"snowflake_file_formats":{"version":0,"block":{"attributes":{"database":{"type":"string","description":"The database from which to return the schemas from.","description_kind":"plain","required":true},"file_formats":{"type":["list",["object",{"comment":"string","database":"string","format_type":"string","name":"string","schema":"string"}]],"description":"The file formats in the schema","description_kind":"plain","computed":true},"id":{"type":"string","description_kind":"plain","optional":true,"computed":true},"schema":{"type":"string","description":"The schema from which to return the file formats from.","description_kind":"plain","required":true}},"description_kind":"plain"}},"snowflake_functions":{"version":0,"block":{"attributes":{"database":{"type":"string","description":"The database from which to return the schemas from.","description_kind":"plain","required":true},"functions":{"type":["list",["object",{"argument_types":["list","string"],"comment":"string","database":"string","name":"string","return_type":"string","schema":"string"}]],"description":"The functions in the schema","description_kind":"plain","computed":true},"id":{"type":"string","description_kind":"plain","optional":true,"computed":true},"schema":{"type":"string","description":"The schema from which to return the functions from.","description_kind":"plain","required":true}},"description_kind":"plain"}},"snowflake_git_repositories":{"version":0,"block":{"attributes":{"git_repositories":{"type":["list",["object",{"describe_output":["list",["object",{"api_integration":"string","comment":"string","created_on":"string","database_name":"string","git_credentials":"string","last_fetched_at":"string","name":"string","origin":"string","owner":"string","owner_role_type":"string","schema_name":"string"}]],"show_output":["list",["object",{"api_integration":"string","comment":"string","created_on":"string","database_name":"string","git_credentials":"string","last_fetched_at":"string","name":"string","origin":"string","owner":"string","owner_role_type":"string","schema_name":"string"}]]}]],"description":"Holds the aggregated output of all git repositories details queries.","description_kind":"plain","computed":true},"id":{"type":"string","description_kind":"plain","optional":true,"computed":true},"like":{"type":"string","description":"Filters the output with **case-insensitive** pattern, with support for SQL wildcard characters (`%` and `_`).","description_kind":"plain","optional":true},"with_describe":{"type":"bool","description":"(Default: `true`) Runs DESC GIT REPOSITORY for each git repository returned by SHOW GIT REPOSITORIES. The output of describe is saved to the description field. By default this value is set to true.","description_kind":"plain","optional":true}},"block_types":{"in":{"nesting_mode":"list","block":{"attributes":{"account":{"type":"bool","description":"Returns records for the entire account.","description_kind":"plain","optional":true},"database":{"type":"string","description":"Returns records for the current database in use or for a specified database.","description_kind":"plain","optional":true},"schema":{"type":"string","description":"Returns records for the current schema in use or a specified schema. Use fully qualified name.","description_kind":"plain","optional":true}},"description":"IN clause to filter the list of objects","description_kind":"plain"},"max_items":1},"limit":{"nesting_mode":"list","block":{"attributes":{"from":{"type":"string","description":"Specifies a **case-sensitive** pattern that is used to match object name. After the first match, the limit on the number of rows will be applied.","description_kind":"plain","optional":true},"rows":{"type":"number","description":"The maximum number of rows to return.","description_kind":"plain","required":true}},"description":"Limits the number of rows returned. If the `limit.from` is set, then the limit will start from the first element matched by the expression. The expression is only used to match with the first element, later on the elements are not matched by the prefix, but you can enforce a certain pattern with `starts_with` or `like`.","description_kind":"plain"},"max_items":1}},"description":"Data source used to get details of filtered git repositories. Filtering is aligned with the current possibilities for [SHOW GIT REPOSITORIES](https://docs.snowflake.com/en/sql-reference/sql/show-git-repositories) query. The results of SHOW and DESCRIBE are encapsulated in one output collection `git_repositories`.","description_kind":"plain"}},"snowflake_grants":{"version":0,"block":{"attributes":{"grants":{"type":["list",["object",{"created_on":"string","grant_option":"bool","granted_by":"string","granted_on":"string","granted_to":"string","grantee_name":"string","name":"string","privilege":"string"}]],"description":"The list of grants","description_kind":"plain","computed":true},"id":{"type":"string","description_kind":"plain","optional":true,"computed":true}},"block_types":{"future_grants_in":{"nesting_mode":"list","block":{"attributes":{"database":{"type":"string","description":"Lists all privileges on new (i.e. future) objects of a specified type in the database granted to a role.","description_kind":"plain","optional":true},"schema":{"type":"string","description":"Lists all privileges on new (i.e. future) objects of a specified type in the schema granted to a role. Schema must be a fully qualified name (\"\u0026lt;db_name\u0026gt;\".\"\u0026lt;schema_name\u0026gt;\").","description_kind":"plain","optional":true}},"description":"Lists all privileges on new (i.e. future) objects.","description_kind":"plain"},"max_items":1},"future_grants_to":{"nesting_mode":"list","block":{"attributes":{"account_role":{"type":"string","description":"Lists all privileges on new (i.e. future) objects of a specified type in a database or schema granted to the account role.","description_kind":"plain","optional":true},"database_role":{"type":"string","description":"Lists all privileges on new (i.e. future) objects granted to the database role. Must be a fully qualified name (\"\u0026lt;db_name\u0026gt;\".\"\u0026lt;database_role_name\u0026gt;\").","description_kind":"plain","optional":true}},"description":"Lists all privileges granted to the object on new (i.e. future) objects.","description_kind":"plain"},"max_items":1},"grants_of":{"nesting_mode":"list","block":{"attributes":{"account_role":{"type":"string","description":"Lists all users and roles to which the account role has been granted.","description_kind":"plain","optional":true},"application_role":{"type":"string","description":"Lists all the users and roles to which the application role has been granted. Must be a fully qualified name (\"\u0026lt;db_name\u0026gt;\".\"\u0026lt;database_role_name\u0026gt;\").","description_kind":"plain","optional":true},"database_role":{"type":"string","description":"Lists all users and roles to which the database role has been granted. Must be a fully qualified name (\"\u0026lt;db_name\u0026gt;\".\"\u0026lt;database_role_name\u0026gt;\").","description_kind":"plain","optional":true},"share":{"type":"string","description":"Lists all the accounts for the share and indicates the accounts that are using the share.","description_kind":"plain","optional":true}},"description":"Lists all objects to which the given object has been granted.","description_kind":"plain"},"max_items":1},"grants_on":{"nesting_mode":"list","block":{"attributes":{"account":{"type":"bool","description":"Object hierarchy to list privileges on. The only valid value is: ACCOUNT. Setting this attribute lists all the account-level (i.e. global) privileges that have been granted to roles.","description_kind":"plain","optional":true},"object_name":{"type":"string","description":"Name of object to list privileges on.","description_kind":"plain","optional":true},"object_type":{"type":"string","description":"Type of object to list privileges on.","description_kind":"plain","optional":true}},"description":"Lists all privileges that have been granted on an object or on an account.","description_kind":"plain"},"max_items":1},"grants_to":{"nesting_mode":"list","block":{"attributes":{"account_role":{"type":"string","description":"Lists all privileges and roles granted to the role.","description_kind":"plain","optional":true},"application":{"type":"string","description":"Lists all the privileges and roles granted to the application.","description_kind":"plain","optional":true},"application_role":{"type":"string","description":"Lists all the privileges and roles granted to the application role. Must be a fully qualified name (\"\u0026lt;app_name\u0026gt;\".\"\u0026lt;app_role_name\u0026gt;\").","description_kind":"plain","optional":true},"database_role":{"type":"string","description":"Lists all privileges and roles granted to the database role. Must be a fully qualified name (\"\u0026lt;db_name\u0026gt;\".\"\u0026lt;database_role_name\u0026gt;\").","description_kind":"plain","optional":true},"user":{"type":"string","description":"Lists all the roles granted to the user. Note that the PUBLIC role, which is automatically available to every user, is not listed.","description_kind":"plain","optional":true}},"block_types":{"share":{"nesting_mode":"list","block":{"attributes":{"share_name":{"type":"string","description":"Lists all of the privileges and roles granted to the specified share.","description_kind":"plain","required":true}},"description":"Lists all the privileges granted to the share.","description_kind":"plain"},"max_items":1}},"description":"Lists all privileges granted to the object.","description_kind":"plain"},"max_items":1}},"description_kind":"plain"}},"snowflake_image_repositories":{"version":0,"block":{"attributes":{"id":{"type":"string","description_kind":"plain","optional":true,"computed":true},"image_repositories":{"type":["list",["object",{"show_output":["list",["object",{"comment":"string","created_on":"string","database_name":"string","name":"string","owner":"string","owner_role_type":"string","privatelink_repository_url":"string","repository_url":"string","schema_name":"string"}]]}]],"description":"Holds the aggregated output of all image repositories details queries.","description_kind":"plain","computed":true},"like":{"type":"string","description":"Filters the output with **case-insensitive** pattern, with support for SQL wildcard characters (`%` and `_`).","description_kind":"plain","optional":true}},"block_types":{"in":{"nesting_mode":"list","block":{"attributes":{"account":{"type":"bool","description":"Returns records for the entire account.","description_kind":"plain","optional":true},"database":{"type":"string","description":"Returns records for the current database in use or for a specified database.","description_kind":"plain","optional":true},"schema":{"type":"string","description":"Returns records for the current schema in use or a specified schema. Use fully qualified name.","description_kind":"plain","optional":true}},"description":"IN clause to filter the list of objects","description_kind":"plain"},"max_items":1}},"description":"Data source used to get details of filtered image repositories. Filtering is aligned with the current possibilities for [SHOW IMAGE REPOSITORIES](https://docs.snowflake.com/en/sql-reference/sql/show-image-repositories) query. The results of SHOW are encapsulated in one output collection `image_repositories`.","description_kind":"plain"}},"snowflake_masking_policies":{"version":0,"block":{"attributes":{"id":{"type":"string","description_kind":"plain","optional":true,"computed":true},"like":{"type":"string","description":"Filters the output with **case-insensitive** pattern, with support for SQL wildcard characters (`%` and `_`).","description_kind":"plain","optional":true},"masking_policies":{"type":["list",["object",{"describe_output":["list",["object",{"body":"string","name":"string","return_type":"string","signature":["list",["object",{"name":"string","type":"string"}]]}]],"show_output":["list",["object",{"comment":"string","created_on":"string","database_name":"string","exempt_other_policies":"bool","kind":"string","name":"string","owner":"string","owner_role_type":"string","schema_name":"string"}]]}]],"description":"Holds the aggregated output of all views details queries.","description_kind":"plain","computed":true},"with_describe":{"type":"bool","description":"(Default: `true`) Runs DESC MASKING POLICY for each masking policy returned by SHOW MASKING POLICIES. The output of describe is saved to the description field. By default this value is set to true.","description_kind":"plain","optional":true}},"block_types":{"in":{"nesting_mode":"list","block":{"attributes":{"account":{"type":"bool","description":"Returns records for the entire account.","description_kind":"plain","optional":true},"application":{"type":"string","description":"Returns records for the specified application.","description_kind":"plain","optional":true},"application_package":{"type":"string","description":"Returns records for the specified application package.","description_kind":"plain","optional":true},"database":{"type":"string","description":"Returns records for the current database in use or for a specified database.","description_kind":"plain","optional":true},"schema":{"type":"string","description":"Returns records for the current schema in use or a specified schema. Use fully qualified name.","description_kind":"plain","optional":true}},"description":"IN clause to filter the list of masking policies","description_kind":"plain"},"max_items":1},"limit":{"nesting_mode":"list","block":{"attributes":{"from":{"type":"string","description":"Specifies a **case-sensitive** pattern that is used to match object name. After the first match, the limit on the number of rows will be applied.","description_kind":"plain","optional":true},"rows":{"type":"number","description":"The maximum number of rows to return.","description_kind":"plain","required":true}},"description":"Limits the number of rows returned. If the `limit.from` is set, then the limit will start from the first element matched by the expression. The expression is only used to match with the first element, later on the elements are not matched by the prefix, but you can enforce a certain pattern with `starts_with` or `like`.","description_kind":"plain"},"max_items":1}},"description":"Data source used to get details of filtered masking policies. Filtering is aligned with the current possibilities for [SHOW MASKING POLICIES](https://docs.snowflake.com/en/sql-reference/sql/show-masking-policies) query. The results of SHOW and DESCRIBE are encapsulated in one output collection `masking_policies`.","description_kind":"plain"}},"snowflake_materialized_views":{"version":0,"block":{"attributes":{"database":{"type":"string","description":"The database from which to return the schemas from.","description_kind":"plain","required":true},"id":{"type":"string","description_kind":"plain","optional":true,"computed":true},"materialized_views":{"type":["list",["object",{"comment":"string","database":"string","name":"string","schema":"string"}]],"description":"The views in the schema","description_kind":"plain","computed":true},"schema":{"type":"string","description":"The schema from which to return the views from.","description_kind":"plain","required":true}},"description_kind":"plain"}},"snowflake_network_policies":{"version":0,"block":{"attributes":{"id":{"type":"string","description_kind":"plain","optional":true,"computed":true},"like":{"type":"string","description":"Filters the output with **case-insensitive** pattern, with support for SQL wildcard characters (`%` and `_`).","description_kind":"plain","optional":true},"network_policies":{"type":["list",["object",{"describe_output":["list",["object",{"allowed_ip_list":"string","allowed_network_rule_list":"string","blocked_ip_list":"string","blocked_network_rule_list":"string"}]],"show_output":["list",["object",{"comment":"string","created_on":"string","entries_in_allowed_ip_list":"number","entries_in_allowed_network_rules":"number","entries_in_blocked_ip_list":"number","entries_in_blocked_network_rules":"number","name":"string"}]]}]],"description":"Holds the aggregated output of all network policies details queries.","description_kind":"plain","computed":true},"with_describe":{"type":"bool","description":"(Default: `true`) Runs DESC NETWORK POLICY for each network policy returned by SHOW NETWORK POLICIES. The output of describe is saved to the description field. By default this value is set to true.","description_kind":"plain","optional":true}},"description":"Data source used to get details of filtered network policies. Filtering is aligned with the current possibilities for [SHOW NETWORK POLICIES](https://docs.snowflake.com/en/sql-reference/sql/show-network-policies) query (`like` is supported). The results of SHOW and DESCRIBE are encapsulated in one output collection.","description_kind":"plain"}},"snowflake_parameters":{"version":0,"block":{"attributes":{"id":{"type":"string","description_kind":"plain","optional":true,"computed":true},"object_name":{"type":"string","description":"If parameter_type is set to \"OBJECT\" then object_name is the name of the object to display object parameters for.","description_kind":"plain","optional":true},"object_type":{"type":"string","description":"If parameter_type is set to \"OBJECT\" then object_type is the type of object to display object parameters for. Valid values are any object supported by the IN clause of the [SHOW PARAMETERS](https://docs.snowflake.com/en/sql-reference/sql/show-parameters.html#parameters) statement, including: WAREHOUSE | DATABASE | SCHEMA | TASK | TABLE","description_kind":"plain","optional":true},"parameter_type":{"type":"string","description":"(Default: `ACCOUNT`) The type of parameter to filter by. Valid values are: \"ACCOUNT\", \"SESSION\", \"OBJECT\".","description_kind":"plain","optional":true},"parameters":{"type":["list",["object",{"default":"string","description":"string","key":"string","level":"string","value":"string"}]],"description":"The pipes in the schema","description_kind":"plain","computed":true},"pattern":{"type":"string","description":"Allows limiting the list of parameters by name using LIKE clause. Refer to [Limiting the List of Parameters by Name](https://docs.snowflake.com/en/sql-reference/parameters.html#limiting-the-list-of-parameters-by-name)","description_kind":"plain","optional":true},"user":{"type":"string","description":"If parameter_type is set to \"SESSION\" then user is the name of the user to display session parameters for.","description_kind":"plain","optional":true}},"description_kind":"plain"}},"snowflake_pipes":{"version":0,"block":{"attributes":{"database":{"type":"string","description":"The database from which to return the schemas from.","description_kind":"plain","required":true},"id":{"type":"string","description_kind":"plain","optional":true,"computed":true},"pipes":{"type":["list",["object",{"comment":"string","database":"string","integration":"string","name":"string","schema":"string"}]],"description":"The pipes in the schema","description_kind":"plain","computed":true},"schema":{"type":"string","description":"The schema from which to return the pipes from.","description_kind":"plain","required":true}},"description_kind":"plain"}},"snowflake_procedures":{"version":0,"block":{"attributes":{"database":{"type":"string","description":"The database from which to return the schemas from.","description_kind":"plain","required":true},"id":{"type":"string","description_kind":"plain","optional":true,"computed":true},"procedures":{"type":["list",["object",{"argument_types":["list","string"],"comment":"string","database":"string","name":"string","return_type":"string","schema":"string"}]],"description":"The procedures in the schema","description_kind":"plain","computed":true},"schema":{"type":"string","description":"The schema from which to return the procedures from.","description_kind":"plain","required":true}},"description_kind":"plain"}},"snowflake_resource_monitors":{"version":0,"block":{"attributes":{"id":{"type":"string","description_kind":"plain","optional":true,"computed":true},"like":{"type":"string","description":"Filters the output with **case-insensitive** pattern, with support for SQL wildcard characters (`%` and `_`).","description_kind":"plain","optional":true},"resource_monitors":{"type":["list",["object",{"show_output":["list",["object",{"comment":"string","created_on":"string","credit_quota":"number","end_time":"string","frequency":"string","level":"string","name":"string","owner":"string","remaining_credits":"number","start_time":"string","suspend_at":"number","suspend_immediate_at":"number","used_credits":"number"}]]}]],"description":"Holds the aggregated output of all resource monitor details queries.","description_kind":"plain","computed":true}},"description":"Data source used to get details of filtered resource monitors. Filtering is aligned with the current possibilities for [SHOW RESOURCE MONITORS](https://docs.snowflake.com/en/sql-reference/sql/show-resource-monitors) query (`like` is supported). The results of SHOW is encapsulated in show_output collection.","description_kind":"plain"}},"snowflake_row_access_policies":{"version":0,"block":{"attributes":{"id":{"type":"string","description_kind":"plain","optional":true,"computed":true},"like":{"type":"string","description":"Filters the output with **case-insensitive** pattern, with support for SQL wildcard characters (`%` and `_`).","description_kind":"plain","optional":true},"row_access_policies":{"type":["list",["object",{"describe_output":["list",["object",{"body":"string","name":"string","return_type":"string","signature":["list",["object",{"name":"string","type":"string"}]]}]],"show_output":["list",["object",{"comment":"string","created_on":"string","database_name":"string","kind":"string","name":"string","options":"string","owner":"string","owner_role_type":"string","schema_name":"string"}]]}]],"description":"Holds the aggregated output of all views details queries.","description_kind":"plain","computed":true},"with_describe":{"type":"bool","description":"(Default: `true`) Runs DESC ROW ACCESS POLICY for each row access policy returned by SHOW ROW ACCESS POLICIES. The output of describe is saved to the description field. By default this value is set to true.","description_kind":"plain","optional":true}},"block_types":{"in":{"nesting_mode":"list","block":{"attributes":{"account":{"type":"bool","description":"Returns records for the entire account.","description_kind":"plain","optional":true},"application":{"type":"string","description":"Returns records for the specified application.","description_kind":"plain","optional":true},"application_package":{"type":"string","description":"Returns records for the specified application package.","description_kind":"plain","optional":true},"database":{"type":"string","description":"Returns records for the current database in use or for a specified database.","description_kind":"plain","optional":true},"schema":{"type":"string","description":"Returns records for the current schema in use or a specified schema. Use fully qualified name.","description_kind":"plain","optional":true}},"description":"IN clause to filter the list of row access policies","description_kind":"plain"},"max_items":1},"limit":{"nesting_mode":"list","block":{"attributes":{"from":{"type":"string","description":"Specifies a **case-sensitive** pattern that is used to match object name. After the first match, the limit on the number of rows will be applied.","description_kind":"plain","optional":true},"rows":{"type":"number","description":"The maximum number of rows to return.","description_kind":"plain","required":true}},"description":"Limits the number of rows returned. If the `limit.from` is set, then the limit will start from the first element matched by the expression. The expression is only used to match with the first element, later on the elements are not matched by the prefix, but you can enforce a certain pattern with `starts_with` or `like`.","description_kind":"plain"},"max_items":1}},"description":"Data source used to get details of filtered row access policies. Filtering is aligned with the current possibilities for [SHOW ROW ACCESS POLICIES](https://docs.snowflake.com/en/sql-reference/sql/show-row-access-policies) query. The results of SHOW and DESCRIBE are encapsulated in one output collection `row_access_policies`.","description_kind":"plain"}},"snowflake_schemas":{"version":0,"block":{"attributes":{"id":{"type":"string","description_kind":"plain","optional":true,"computed":true},"like":{"type":"string","description":"Filters the output with **case-insensitive** pattern, with support for SQL wildcard characters (`%` and `_`).","description_kind":"plain","optional":true},"schemas":{"type":["list",["object",{"describe_output":["list",["object",{"created_on":"string","kind":"string","name":"string"}]],"parameters":["list",["object",{"catalog":["list",["object",{"default":"string","description":"string","key":"string","level":"string","value":"string"}]],"data_retention_time_in_days":["list",["object",{"default":"string","description":"string","key":"string","level":"string","value":"string"}]],"default_ddl_collation":["list",["object",{"default":"string","description":"string","key":"string","level":"string","value":"string"}]],"enable_console_output":["list",["object",{"default":"string","description":"string","key":"string","level":"string","value":"string"}]],"external_volume":["list",["object",{"default":"string","description":"string","key":"string","level":"string","value":"string"}]],"log_level":["list",["object",{"default":"string","description":"string","key":"string","level":"string","value":"string"}]],"max_data_extension_time_in_days":["list",["object",{"default":"string","description":"string","key":"string","level":"string","value":"string"}]],"pipe_execution_paused":["list",["object",{"default":"string","description":"string","key":"string","level":"string","value":"string"}]],"quoted_identifiers_ignore_case":["list",["object",{"default":"string","description":"string","key":"string","level":"string","value":"string"}]],"replace_invalid_characters":["list",["object",{"default":"string","description":"string","key":"string","level":"string","value":"string"}]],"storage_serialization_policy":["list",["object",{"default":"string","description":"string","key":"string","level":"string","value":"string"}]],"suspend_task_after_num_failures":["list",["object",{"default":"string","description":"string","key":"string","level":"string","value":"string"}]],"task_auto_retry_attempts":["list",["object",{"default":"string","description":"string","key":"string","level":"string","value":"string"}]],"trace_level":["list",["object",{"default":"string","description":"string","key":"string","level":"string","value":"string"}]],"user_task_managed_initial_warehouse_size":["list",["object",{"default":"string","description":"string","key":"string","level":"string","value":"string"}]],"user_task_minimum_trigger_interval_in_seconds":["list",["object",{"default":"string","description":"string","key":"string","level":"string","value":"string"}]],"user_task_timeout_ms":["list",["object",{"default":"string","description":"string","key":"string","level":"string","value":"string"}]]}]],"show_output":["list",["object",{"comment":"string","created_on":"string","database_name":"string","dropped_on":"string","is_current":"bool","is_default":"bool","name":"string","options":"string","owner":"string","owner_role_type":"string","retention_time":"string"}]]}]],"description":"Holds the aggregated output of all SCHEMA details queries.","description_kind":"plain","computed":true},"starts_with":{"type":"string","description":"Filters the output with **case-sensitive** characters indicating the beginning of the object name.","description_kind":"plain","optional":true},"with_describe":{"type":"bool","description":"(Default: `true`) Runs DESC SCHEMA for each schema returned by SHOW SCHEMAS. The output of describe is saved to the description field. By default this value is set to true.","description_kind":"plain","optional":true},"with_parameters":{"type":"bool","description":"(Default: `true`) Runs SHOW PARAMETERS FOR SCHEMA for each schema returned by SHOW SCHEMAS. The output of describe is saved to the parameters field as a map. By default this value is set to true.","description_kind":"plain","optional":true}},"block_types":{"in":{"nesting_mode":"list","block":{"attributes":{"account":{"type":"bool","description":"Returns records for the entire account.","description_kind":"plain","optional":true},"application":{"type":"string","description":"Returns records for the specified application.","description_kind":"plain","optional":true},"application_package":{"type":"string","description":"Returns records for the specified application package.","description_kind":"plain","optional":true},"database":{"type":"string","description":"Returns records for the current database in use or for a specified database (db_name).","description_kind":"plain","optional":true}},"description":"IN clause to filter the list of streamlits","description_kind":"plain"},"max_items":1},"limit":{"nesting_mode":"list","block":{"attributes":{"from":{"type":"string","description":"Specifies a **case-sensitive** pattern that is used to match object name. After the first match, the limit on the number of rows will be applied.","description_kind":"plain","optional":true},"rows":{"type":"number","description":"The maximum number of rows to return.","description_kind":"plain","required":true}},"description":"Limits the number of rows returned. If the `limit.from` is set, then the limit will start from the first element matched by the expression. The expression is only used to match with the first element, later on the elements are not matched by the prefix, but you can enforce a certain pattern with `starts_with` or `like`.","description_kind":"plain"},"max_items":1}},"description":"Data source used to get details of filtered schemas. Filtering is aligned with the current possibilities for [SHOW SCHEMAS](https://docs.snowflake.com/en/sql-reference/sql/show-schemas) query. The results of SHOW, DESCRIBE, and SHOW PARAMETERS IN are encapsulated in one output collection.","description_kind":"plain"}},"snowflake_secrets":{"version":0,"block":{"attributes":{"id":{"type":"string","description_kind":"plain","optional":true,"computed":true},"like":{"type":"string","description":"Filters the output with **case-insensitive** pattern, with support for SQL wildcard characters (`%` and `_`).","description_kind":"plain","optional":true},"secrets":{"type":["list",["object",{"describe_output":["list",["object",{"comment":"string","created_on":"string","database_name":"string","integration_name":"string","name":"string","oauth_access_token_expiry_time":"string","oauth_refresh_token_expiry_time":"string","oauth_scopes":["set","string"],"owner":"string","schema_name":"string","secret_type":"string","username":"string"}]],"show_output":["list",["object",{"comment":"string","created_on":"string","database_name":"string","name":"string","oauth_scopes":["set","string"],"owner":"string","owner_role_type":"string","schema_name":"string","secret_type":"string"}]]}]],"description":"Holds the aggregated output of all secrets details queries.","description_kind":"plain","computed":true},"with_describe":{"type":"bool","description":"(Default: `true`) Runs DESC SECRET for each secret returned by SHOW SECRETS. The output of describe is saved to the description field. By default this value is set to true.","description_kind":"plain","optional":true}},"block_types":{"in":{"nesting_mode":"list","block":{"attributes":{"account":{"type":"bool","description":"Returns records for the entire account.","description_kind":"plain","optional":true},"application":{"type":"string","description":"Returns records for the specified application.","description_kind":"plain","optional":true},"application_package":{"type":"string","description":"Returns records for the specified application package.","description_kind":"plain","optional":true},"database":{"type":"string","description":"Returns records for the current database in use or for a specified database.","description_kind":"plain","optional":true},"schema":{"type":"string","description":"Returns records for the current schema in use or a specified schema. Use fully qualified name.","description_kind":"plain","optional":true}},"description":"IN clause to filter the list of secrets","description_kind":"plain"},"max_items":1}},"description":"Data source used to get details of filtered secrets. Filtering is aligned with the current possibilities for [SHOW SECRETS](https://docs.snowflake.com/en/sql-reference/sql/show-secrets) query. The results of SHOW and DESCRIBE are encapsulated in one output collection `secrets`.","description_kind":"plain"}},"snowflake_security_integrations":{"version":0,"block":{"attributes":{"id":{"type":"string","description_kind":"plain","optional":true,"computed":true},"like":{"type":"string","description":"Filters the output with **case-insensitive** pattern, with support for SQL wildcard characters (`%` and `_`).","description_kind":"plain","optional":true},"security_integrations":{"type":["list",["object",{"describe_output":["list",["object",{"allowed_email_patterns":["list",["object",{"default":"string","name":"string","type":"string","value":"string"}]],"allowed_user_domains":["list",["object",{"default":"string","name":"string","type":"string","value":"string"}]],"auth_type":["list",["object",{"default":"string","name":"string","type":"string","value":"string"}]],"blocked_roles_list":["list",["object",{"default":"string","name":"string","type":"string","value":"string"}]],"comment":["list",["object",{"default":"string","name":"string","type":"string","value":"string"}]],"enabled":["list",["object",{"default":"string","name":"string","type":"string","value":"string"}]],"external_oauth_allowed_roles_list":["list",["object",{"default":"string","name":"string","type":"string","value":"string"}]],"external_oauth_any_role_mode":["list",["object",{"default":"string","name":"string","type":"string","value":"string"}]],"external_oauth_audience_list":["list",["object",{"default":"string","name":"string","type":"string","value":"string"}]],"external_oauth_blocked_roles_list":["list",["object",{"default":"string","name":"string","type":"string","value":"string"}]],"external_oauth_issuer":["list",["object",{"default":"string","name":"string","type":"string","value":"string"}]],"external_oauth_jws_keys_url":["list",["object",{"default":"string","name":"string","type":"string","value":"string"}]],"external_oauth_rsa_public_key":["list",["object",{"default":"string","name":"string","type":"string","value":"string"}]],"external_oauth_rsa_public_key_2":["list",["object",{"default":"string","name":"string","type":"string","value":"string"}]],"external_oauth_scope_delimiter":["list",["object",{"default":"string","name":"string","type":"string","value":"string"}]],"external_oauth_snowflake_user_mapping_attribute":["list",["object",{"default":"string","name":"string","type":"string","value":"string"}]],"external_oauth_token_user_mapping_claim":["list",["object",{"default":"string","name":"string","type":"string","value":"string"}]],"network_policy":["list",["object",{"default":"string","name":"string","type":"string","value":"string"}]],"oauth_access_token_validity":["list",["object",{"default":"string","name":"string","type":"string","value":"string"}]],"oauth_allow_non_tls_redirect_uri":["list",["object",{"default":"string","name":"string","type":"string","value":"string"}]],"oauth_allowed_authorization_endpoints":["list",["object",{"default":"string","name":"string","type":"string","value":"string"}]],"oauth_allowed_scopes":["list",["object",{"default":"string","name":"string","type":"string","value":"string"}]],"oauth_allowed_token_endpoints":["list",["object",{"default":"string","name":"string","type":"string","value":"string"}]],"oauth_authorization_endpoint":["list",["object",{"default":"string","name":"string","type":"string","value":"string"}]],"oauth_client_auth_method":["list",["object",{"default":"string","name":"string","type":"string","value":"string"}]],"oauth_client_rsa_public_key_2_fp":["list",["object",{"default":"string","name":"string","type":"string","value":"string"}]],"oauth_client_rsa_public_key_fp":["list",["object",{"default":"string","name":"string","type":"string","value":"string"}]],"oauth_client_type":["list",["object",{"default":"string","name":"string","type":"string","value":"string"}]],"oauth_enforce_pkce":["list",["object",{"default":"string","name":"string","type":"string","value":"string"}]],"oauth_grant":["list",["object",{"default":"string","name":"string","type":"string","value":"string"}]],"oauth_issue_refresh_tokens":["list",["object",{"default":"string","name":"string","type":"string","value":"string"}]],"oauth_refresh_token_validity":["list",["object",{"default":"string","name":"string","type":"string","value":"string"}]],"oauth_token_endpoint":["list",["object",{"default":"string","name":"string","type":"string","value":"string"}]],"oauth_use_secondary_roles":["list",["object",{"default":"string","name":"string","type":"string","value":"string"}]],"parent_integration":["list",["object",{"default":"string","name":"string","type":"string","value":"string"}]],"pre_authorized_roles_list":["list",["object",{"default":"string","name":"string","type":"string","value":"string"}]],"run_as_role":["list",["object",{"default":"string","name":"string","type":"string","value":"string"}]],"saml2_digest_methods_used":["list",["object",{"default":"string","name":"string","type":"string","value":"string"}]],"saml2_enable_sp_initiated":["list",["object",{"default":"string","name":"string","type":"string","value":"string"}]],"saml2_force_authn":["list",["object",{"default":"string","name":"string","type":"string","value":"string"}]],"saml2_issuer":["list",["object",{"default":"string","name":"string","type":"string","value":"string"}]],"saml2_post_logout_redirect_url":["list",["object",{"default":"string","name":"string","type":"string","value":"string"}]],"saml2_provider":["list",["object",{"default":"string","name":"string","type":"string","value":"string"}]],"saml2_requested_nameid_format":["list",["object",{"default":"string","name":"string","type":"string","value":"string"}]],"saml2_sign_request":["list",["object",{"default":"string","name":"string","type":"string","value":"string"}]],"saml2_signature_methods_used":["list",["object",{"default":"string","name":"string","type":"string","value":"string"}]],"saml2_snowflake_acs_url":["list",["object",{"default":"string","name":"string","type":"string","value":"string"}]],"saml2_snowflake_issuer_url":["list",["object",{"default":"string","name":"string","type":"string","value":"string"}]],"saml2_snowflake_metadata":["list",["object",{"default":"string","name":"string","type":"string","value":"string"}]],"saml2_sp_initiated_login_page_label":["list",["object",{"default":"string","name":"string","type":"string","value":"string"}]],"saml2_sso_url":["list",["object",{"default":"string","name":"string","type":"string","value":"string"}]],"sync_password":["list",["object",{"default":"string","name":"string","type":"string","value":"string"}]]}]],"show_output":["list",["object",{"category":"string","comment":"string","created_on":"string","enabled":"bool","integration_type":"string","name":"string"}]]}]],"description":"Holds the aggregated output of all security integrations details queries.","description_kind":"plain","computed":true},"with_describe":{"type":"bool","description":"(Default: `true`) Runs DESC SECURITY INTEGRATION for each security integration returned by SHOW SECURITY INTEGRATIONS. The output of describe is saved to the description field. By default this value is set to true.","description_kind":"plain","optional":true}},"description":"Data source used to get details of filtered security integrations. Filtering is aligned with the current possibilities for [SHOW SECURITY INTEGRATIONS](https://docs.snowflake.com/en/sql-reference/sql/show-integrations) query (only `like` is supported). The results of SHOW and DESCRIBE are encapsulated in one output collection `security_integrations`.","description_kind":"plain"}},"snowflake_sequences":{"version":0,"block":{"attributes":{"database":{"type":"string","description":"The database from which to return the schemas from.","description_kind":"plain","required":true},"id":{"type":"string","description_kind":"plain","optional":true,"computed":true},"schema":{"type":"string","description":"The schema from which to return the sequences from.","description_kind":"plain","required":true},"sequences":{"type":["list",["object",{"comment":"string","database":"string","name":"string","schema":"string"}]],"description":"The sequences in the schema","description_kind":"plain","computed":true}},"description_kind":"plain"}},"snowflake_services":{"version":0,"block":{"attributes":{"id":{"type":"string","description_kind":"plain","optional":true,"computed":true},"like":{"type":"string","description":"Filters the output with **case-insensitive** pattern, with support for SQL wildcard characters (`%` and `_`).","description_kind":"plain","optional":true},"service_type":{"type":"string","description":"(Default: `ALL`) The type filtering of `SHOW SERVICES` results. `ALL` returns both services and job services. `JOBS_ONLY` returns only job services (`JOB` option in SQL). `SERVICES_ONLY` returns only services (`EXCLUDE_JOBS` option in SQL).","description_kind":"plain","optional":true},"services":{"type":["list",["object",{"describe_output":["list",["object",{"auto_resume":"bool","auto_suspend_secs":"number","comment":"string","compute_pool":"string","created_on":"string","current_instances":"number","database_name":"string","dns_name":"string","external_access_integrations":["set","string"],"is_async_job":"bool","is_job":"bool","is_upgrading":"bool","managing_object_domain":"string","managing_object_name":"string","max_instances":"number","min_instances":"number","min_ready_instances":"number","name":"string","owner":"string","owner_role_type":"string","query_warehouse":"string","resumed_on":"string","schema_name":"string","spec":"string","spec_digest":"string","status":"string","suspended_on":"string","target_instances":"number","updated_on":"string"}]],"show_output":["list",["object",{"auto_resume":"bool","auto_suspend_secs":"number","comment":"string","compute_pool":"string","created_on":"string","current_instances":"number","database_name":"string","dns_name":"string","external_access_integrations":["set","string"],"is_async_job":"bool","is_job":"bool","is_upgrading":"bool","managing_object_domain":"string","managing_object_name":"string","max_instances":"number","min_instances":"number","min_ready_instances":"number","name":"string","owner":"string","owner_role_type":"string","query_warehouse":"string","resumed_on":"string","schema_name":"string","spec_digest":"string","status":"string","suspended_on":"string","target_instances":"number","updated_on":"string"}]]}]],"description":"Holds the aggregated output of all services details queries.","description_kind":"plain","computed":true},"starts_with":{"type":"string","description":"Filters the output with **case-sensitive** characters indicating the beginning of the object name.","description_kind":"plain","optional":true},"with_describe":{"type":"bool","description":"(Default: `true`) Runs DESC SERVICE for each service returned by SHOW SERVICES. The output of describe is saved to the description field. By default this value is set to true.","description_kind":"plain","optional":true}},"block_types":{"in":{"nesting_mode":"list","block":{"attributes":{"account":{"type":"bool","description":"Returns records for the entire account.","description_kind":"plain","optional":true},"compute_pool":{"type":"string","description":"Returns records for the specified compute pool.","description_kind":"plain","optional":true},"database":{"type":"string","description":"Returns records for the current database in use or for a specified database.","description_kind":"plain","optional":true},"schema":{"type":"string","description":"Returns records for the current schema in use or a specified schema. Use fully qualified name.","description_kind":"plain","optional":true}},"description":"IN clause to filter the list of objects","description_kind":"plain"},"max_items":1},"limit":{"nesting_mode":"list","block":{"attributes":{"from":{"type":"string","description":"Specifies a **case-sensitive** pattern that is used to match object name. After the first match, the limit on the number of rows will be applied.","description_kind":"plain","optional":true},"rows":{"type":"number","description":"The maximum number of rows to return.","description_kind":"plain","required":true}},"description":"Limits the number of rows returned. If the `limit.from` is set, then the limit will start from the first element matched by the expression. The expression is only used to match with the first element, later on the elements are not matched by the prefix, but you can enforce a certain pattern with `starts_with` or `like`.","description_kind":"plain"},"max_items":1}},"description":"Data source used to get details of filtered services. Filtering is aligned with the current possibilities for [SHOW SERVICES](https://docs.snowflake.com/en/sql-reference/sql/show-services) query. The results of SHOW and DESCRIBE are encapsulated in one output collection `services`. By default, the results includes both services and job services. If you want to filter only services or job service, set `service_type` with a relevant option.","description_kind":"plain"}},"snowflake_shares":{"version":0,"block":{"attributes":{"id":{"type":"string","description_kind":"plain","optional":true,"computed":true},"pattern":{"type":"string","description":"Filters the command output by object name.","description_kind":"plain","optional":true},"shares":{"type":["list",["object",{"comment":"string","kind":"string","name":"string","owner":"string","to":["list","string"]}]],"description":"List of all the shares available in the system.","description_kind":"plain","computed":true}},"description_kind":"plain"}},"snowflake_stages":{"version":0,"block":{"attributes":{"database":{"type":"string","description":"The database from which to return the schemas from.","description_kind":"plain","required":true},"id":{"type":"string","description_kind":"plain","optional":true,"computed":true},"schema":{"type":"string","description":"The schema from which to return the stages from.","description_kind":"plain","required":true},"stages":{"type":["list",["object",{"comment":"string","database":"string","name":"string","schema":"string","storage_integration":"string"}]],"description":"The stages in the schema","description_kind":"plain","computed":true}},"description_kind":"plain"}},"snowflake_storage_integrations":{"version":0,"block":{"attributes":{"id":{"type":"string","description_kind":"plain","optional":true,"computed":true},"storage_integrations":{"type":["list",["object",{"comment":"string","enabled":"bool","name":"string","type":"string"}]],"description":"The storage integrations in the database","description_kind":"plain","computed":true}},"description_kind":"plain"}},"snowflake_streamlits":{"version":0,"block":{"attributes":{"id":{"type":"string","description_kind":"plain","optional":true,"computed":true},"like":{"type":"string","description":"Filters the output with **case-insensitive** pattern, with support for SQL wildcard characters (`%` and `_`).","description_kind":"plain","optional":true},"streamlits":{"type":["list",["object",{"describe_output":["list",["object",{"default_packages":"string","external_access_integrations":["set","string"],"external_access_secrets":"string","import_urls":["set","string"],"main_file":"string","name":"string","query_warehouse":"string","root_location":"string","title":"string","url_id":"string","user_packages":["set","string"]}]],"show_output":["list",["object",{"comment":"string","created_on":"string","database_name":"string","name":"string","owner":"string","owner_role_type":"string","query_warehouse":"string","schema_name":"string","title":"string","url_id":"string"}]]}]],"description":"Holds the aggregated output of all streamlits details queries.","description_kind":"plain","computed":true},"with_describe":{"type":"bool","description":"(Default: `true`) Runs DESC STREAMLIT for each streamlit returned by SHOW STREAMLITS. The output of describe is saved to the description field. By default this value is set to true.","description_kind":"plain","optional":true}},"block_types":{"in":{"nesting_mode":"list","block":{"attributes":{"account":{"type":"bool","description":"Returns records for the entire account.","description_kind":"plain","optional":true},"database":{"type":"string","description":"Returns records for the current database in use or for a specified database (db_name).","description_kind":"plain","optional":true},"schema":{"type":"string","description":"Returns records for the current schema in use or a specified schema (schema_name).","description_kind":"plain","optional":true}},"description":"IN clause to filter the list of streamlits","description_kind":"plain"},"max_items":1},"limit":{"nesting_mode":"list","block":{"attributes":{"from":{"type":"string","description":"Specifies a **case-sensitive** pattern that is used to match object name. After the first match, the limit on the number of rows will be applied.","description_kind":"plain","optional":true},"rows":{"type":"number","description":"The maximum number of rows to return.","description_kind":"plain","required":true}},"description":"Limits the number of rows returned. If the `limit.from` is set, then the limit will start from the first element matched by the expression. The expression is only used to match with the first element, later on the elements are not matched by the prefix, but you can enforce a certain pattern with `starts_with` or `like`.","description_kind":"plain"},"max_items":1}},"description":"Data source used to get details of filtered streamlits. Filtering is aligned with the current possibilities for [SHOW STREAMLITS](https://docs.snowflake.com/en/sql-reference/sql/show-streamlits) query (only `like` is supported). The results of SHOW and DESCRIBE are encapsulated in one output collection `streamlits`.","description_kind":"plain"}},"snowflake_streams":{"version":0,"block":{"attributes":{"id":{"type":"string","description_kind":"plain","optional":true,"computed":true},"like":{"type":"string","description":"Filters the output with **case-insensitive** pattern, with support for SQL wildcard characters (`%` and `_`).","description_kind":"plain","optional":true},"starts_with":{"type":"string","description":"Filters the output with **case-sensitive** characters indicating the beginning of the object name.","description_kind":"plain","optional":true},"streams":{"type":["list",["object",{"describe_output":["list",["object",{"base_tables":["list","string"],"comment":"string","created_on":"string","database_name":"string","invalid_reason":"string","mode":"string","name":"string","owner":"string","owner_role_type":"string","schema_name":"string","source_type":"string","stale":"bool","stale_after":"string","table_name":"string","type":"string"}]],"show_output":["list",["object",{"base_tables":["list","string"],"comment":"string","created_on":"string","database_name":"string","invalid_reason":"string","mode":"string","name":"string","owner":"string","owner_role_type":"string","schema_name":"string","source_type":"string","stale":"bool","stale_after":"string","table_name":"string","type":"string"}]]}]],"description":"Holds the aggregated output of all streams details queries.","description_kind":"plain","computed":true},"with_describe":{"type":"bool","description":"(Default: `true`) Runs DESC STREAM for each user returned by SHOW STREAMS. The output of describe is saved to the description field. By default this value is set to true.","description_kind":"plain","optional":true}},"block_types":{"in":{"nesting_mode":"list","block":{"attributes":{"account":{"type":"bool","description":"Returns records for the entire account.","description_kind":"plain","optional":true},"application":{"type":"string","description":"Returns records for the specified application.","description_kind":"plain","optional":true},"application_package":{"type":"string","description":"Returns records for the specified application package.","description_kind":"plain","optional":true},"database":{"type":"string","description":"Returns records for the current database in use or for a specified database.","description_kind":"plain","optional":true},"schema":{"type":"string","description":"Returns records for the current schema in use or a specified schema. Use fully qualified name.","description_kind":"plain","optional":true}},"description":"IN clause to filter the list of objects","description_kind":"plain"},"max_items":1},"limit":{"nesting_mode":"list","block":{"attributes":{"from":{"type":"string","description":"Specifies a **case-sensitive** pattern that is used to match object name. After the first match, the limit on the number of rows will be applied.","description_kind":"plain","optional":true},"rows":{"type":"number","description":"The maximum number of rows to return.","description_kind":"plain","required":true}},"description":"Limits the number of rows returned. If the `limit.from` is set, then the limit will start from the first element matched by the expression. The expression is only used to match with the first element, later on the elements are not matched by the prefix, but you can enforce a certain pattern with `starts_with` or `like`.","description_kind":"plain"},"max_items":1}},"description":"Data source used to get details of filtered streams. Filtering is aligned with the current possibilities for [SHOW STREAMS](https://docs.snowflake.com/en/sql-reference/sql/show-streams) query. The results of SHOW and DESCRIBE are encapsulated in one output collection `streams`.","description_kind":"plain"}},"snowflake_system_generate_scim_access_token":{"version":0,"block":{"attributes":{"access_token":{"type":"string","description":"SCIM Access Token","description_kind":"plain","computed":true,"sensitive":true},"id":{"type":"string","description_kind":"plain","optional":true,"computed":true},"integration_name":{"type":"string","description":"SCIM Integration Name","description_kind":"plain","required":true}},"description_kind":"plain"}},"snowflake_system_get_aws_sns_iam_policy":{"version":0,"block":{"attributes":{"aws_sns_topic_arn":{"type":"string","description":"Amazon Resource Name (ARN) of the SNS topic for your S3 bucket","description_kind":"plain","required":true},"aws_sns_topic_policy_json":{"type":"string","description":"IAM policy for Snowflake’s SQS queue to subscribe to this topic","description_kind":"plain","computed":true},"id":{"type":"string","description_kind":"plain","optional":true,"computed":true}},"description_kind":"plain"}},"snowflake_system_get_privatelink_config":{"version":0,"block":{"attributes":{"account_name":{"type":"string","description":"The name of your Snowflake account.","description_kind":"plain","computed":true},"account_url":{"type":"string","description":"The URL used to connect to Snowflake through AWS PrivateLink or Azure Private Link.","description_kind":"plain","computed":true},"aws_vpce_id":{"type":"string","description":"The AWS VPCE ID for your account.","description_kind":"plain","computed":true},"azure_pls_id":{"type":"string","description":"The Azure Private Link Service ID for your account.","description_kind":"plain","computed":true},"id":{"type":"string","description_kind":"plain","optional":true,"computed":true},"internal_stage":{"type":"string","description":"The endpoint to connect to your Snowflake internal stage using AWS PrivateLink or Azure Private Link.","description_kind":"plain","computed":true},"ocsp_url":{"type":"string","description":"The OCSP URL corresponding to your Snowflake account that uses AWS PrivateLink or Azure Private Link.","description_kind":"plain","computed":true},"regionless_account_url":{"type":"string","description":"The regionless URL to connect to your Snowflake account using AWS PrivateLink, Azure Private Link, or Google Cloud Private Service Connect.","description_kind":"plain","computed":true},"regionless_snowsight_url":{"type":"string","description":"The URL for your organization to access Snowsight using Private Connectivity to the Snowflake Service.","description_kind":"plain","computed":true},"snowsight_url":{"type":"string","description":"The URL containing the cloud region to access Snowsight and the Snowflake Marketplace using Private Connectivity to the Snowflake Service.","description_kind":"plain","computed":true}},"description_kind":"plain"}},"snowflake_system_get_snowflake_platform_info":{"version":0,"block":{"attributes":{"aws_vpc_ids":{"type":["list","string"],"description":"Snowflake AWS Virtual Private Cloud IDs","description_kind":"plain","computed":true},"azure_vnet_subnet_ids":{"type":["list","string"],"description":"Snowflake Azure Virtual Network Subnet IDs","description_kind":"plain","computed":true},"id":{"type":"string","description_kind":"plain","optional":true,"computed":true}},"description_kind":"plain"}},"snowflake_tables":{"version":0,"block":{"attributes":{"id":{"type":"string","description_kind":"plain","optional":true,"computed":true},"like":{"type":"string","description":"Filters the output with **case-insensitive** pattern, with support for SQL wildcard characters (`%` and `_`).","description_kind":"plain","optional":true},"starts_with":{"type":"string","description":"Filters the output with **case-sensitive** characters indicating the beginning of the object name.","description_kind":"plain","optional":true},"tables":{"type":["list",["object",{"describe_output":["list",["object",{"check":"string","collation":"string","comment":"string","default":"string","expression":"string","is_nullable":"bool","is_primary":"bool","is_unique":"bool","kind":"string","name":"string","policy_name":"string","schema_evolution_record":"string","type":"string"}]],"show_output":["list",["object",{"automatic_clustering":"bool","budget":"string","bytes":"number","change_tracking":"bool","cluster_by":"string","comment":"string","created_on":"string","database_name":"string","dropped_on":"string","enable_schema_evolution":"bool","is_event":"bool","is_external":"bool","kind":"string","name":"string","owner":"string","owner_role_type":"string","retention_time":"number","rows":"number","schema_name":"string","search_optimization":"bool","search_optimization_bytes":"number","search_optimization_progress":"string"}]]}]],"description":"Holds the aggregated output of all tables details queries.","description_kind":"plain","computed":true},"with_describe":{"type":"bool","description":"(Default: `true`) Runs DESC TABLE for each table returned by SHOW TABLES. The output of describe is saved to the description field. By default this value is set to true.","description_kind":"plain","optional":true}},"block_types":{"in":{"nesting_mode":"list","block":{"attributes":{"account":{"type":"bool","description":"Returns records for the entire account.","description_kind":"plain","optional":true},"application":{"type":"string","description":"Returns records for the specified application.","description_kind":"plain","optional":true},"application_package":{"type":"string","description":"Returns records for the specified application package.","description_kind":"plain","optional":true},"database":{"type":"string","description":"Returns records for the current database in use or for a specified database.","description_kind":"plain","optional":true},"schema":{"type":"string","description":"Returns records for the current schema in use or a specified schema. Use fully qualified name.","description_kind":"plain","optional":true}},"description":"IN clause to filter the list of objects","description_kind":"plain"},"max_items":1},"limit":{"nesting_mode":"list","block":{"attributes":{"from":{"type":"string","description":"Specifies a **case-sensitive** pattern that is used to match object name. After the first match, the limit on the number of rows will be applied.","description_kind":"plain","optional":true},"rows":{"type":"number","description":"The maximum number of rows to return.","description_kind":"plain","required":true}},"description":"Limits the number of rows returned. If the `limit.from` is set, then the limit will start from the first element matched by the expression. The expression is only used to match with the first element, later on the elements are not matched by the prefix, but you can enforce a certain pattern with `starts_with` or `like`.","description_kind":"plain"},"max_items":1}},"description":"Datasource used to get details of filtered tables. Filtering is aligned with the current possibilities for [SHOW TABLES](https://docs.snowflake.com/en/sql-reference/sql/show-tables) query. The results of SHOW and DESCRIBE (COLUMNS) are encapsulated in one output collection `tables`.","description_kind":"plain"}},"snowflake_tags":{"version":0,"block":{"attributes":{"id":{"type":"string","description_kind":"plain","optional":true,"computed":true},"like":{"type":"string","description":"Filters the output with **case-insensitive** pattern, with support for SQL wildcard characters (`%` and `_`).","description_kind":"plain","optional":true},"tags":{"type":["list",["object",{"show_output":["list",["object",{"allowed_values":["set","string"],"comment":"string","created_on":"string","database_name":"string","name":"string","owner":"string","owner_role_type":"string","schema_name":"string"}]]}]],"description":"Holds the aggregated output of all tags details queries.","description_kind":"plain","computed":true}},"block_types":{"in":{"nesting_mode":"list","block":{"attributes":{"account":{"type":"bool","description":"Returns records for the entire account.","description_kind":"plain","optional":true},"application":{"type":"string","description":"Returns records for the specified application.","description_kind":"plain","optional":true},"application_package":{"type":"string","description":"Returns records for the specified application package.","description_kind":"plain","optional":true},"database":{"type":"string","description":"Returns records for the current database in use or for a specified database.","description_kind":"plain","optional":true},"schema":{"type":"string","description":"Returns records for the current schema in use or a specified schema. Use fully qualified name.","description_kind":"plain","optional":true}},"description":"IN clause to filter the list of objects","description_kind":"plain"},"max_items":1}},"description":"Data source used to get details of filtered tags. Filtering is aligned with the current possibilities for [SHOW TAGS](https://docs.snowflake.com/en/sql-reference/sql/show-tags) query. The results of SHOW are encapsulated in one output collection `tags`.","description_kind":"plain"}},"snowflake_tasks":{"version":0,"block":{"attributes":{"id":{"type":"string","description_kind":"plain","optional":true,"computed":true},"like":{"type":"string","description":"Filters the output with **case-insensitive** pattern, with support for SQL wildcard characters (`%` and `_`).","description_kind":"plain","optional":true},"root_only":{"type":"bool","description":"Filters the command output to return only root tasks (tasks with no predecessors).","description_kind":"plain","optional":true},"starts_with":{"type":"string","description":"Filters the output with **case-sensitive** characters indicating the beginning of the object name.","description_kind":"plain","optional":true},"tasks":{"type":["list",["object",{"parameters":["list",["object",{"abort_detached_query":["list",["object",{"default":"string","description":"string","key":"string","level":"string","value":"string"}]],"autocommit":["list",["object",{"default":"string","description":"string","key":"string","level":"string","value":"string"}]],"binary_input_format":["list",["object",{"default":"string","description":"string","key":"string","level":"string","value":"string"}]],"binary_output_format":["list",["object",{"default":"string","description":"string","key":"string","level":"string","value":"string"}]],"client_memory_limit":["list",["object",{"default":"string","description":"string","key":"string","level":"string","value":"string"}]],"client_metadata_request_use_connection_ctx":["list",["object",{"default":"string","description":"string","key":"string","level":"string","value":"string"}]],"client_prefetch_threads":["list",["object",{"default":"string","description":"string","key":"string","level":"string","value":"string"}]],"client_result_chunk_size":["list",["object",{"default":"string","description":"string","key":"string","level":"string","value":"string"}]],"client_result_column_case_insensitive":["list",["object",{"default":"string","description":"string","key":"string","level":"string","value":"string"}]],"client_session_keep_alive":["list",["object",{"default":"string","description":"string","key":"string","level":"string","value":"string"}]],"client_session_keep_alive_heartbeat_frequency":["list",["object",{"default":"string","description":"string","key":"string","level":"string","value":"string"}]],"client_timestamp_type_mapping":["list",["object",{"default":"string","description":"string","key":"string","level":"string","value":"string"}]],"date_input_format":["list",["object",{"default":"string","description":"string","key":"string","level":"string","value":"string"}]],"date_output_format":["list",["object",{"default":"string","description":"string","key":"string","level":"string","value":"string"}]],"enable_unload_physical_type_optimization":["list",["object",{"default":"string","description":"string","key":"string","level":"string","value":"string"}]],"error_on_nondeterministic_merge":["list",["object",{"default":"string","description":"string","key":"string","level":"string","value":"string"}]],"error_on_nondeterministic_update":["list",["object",{"default":"string","description":"string","key":"string","level":"string","value":"string"}]],"geography_output_format":["list",["object",{"default":"string","description":"string","key":"string","level":"string","value":"string"}]],"geometry_output_format":["list",["object",{"default":"string","description":"string","key":"string","level":"string","value":"string"}]],"jdbc_treat_timestamp_ntz_as_utc":["list",["object",{"default":"string","description":"string","key":"string","level":"string","value":"string"}]],"jdbc_use_session_timezone":["list",["object",{"default":"string","description":"string","key":"string","level":"string","value":"string"}]],"json_indent":["list",["object",{"default":"string","description":"string","key":"string","level":"string","value":"string"}]],"lock_timeout":["list",["object",{"default":"string","description":"string","key":"string","level":"string","value":"string"}]],"log_level":["list",["object",{"default":"string","description":"string","key":"string","level":"string","value":"string"}]],"multi_statement_count":["list",["object",{"default":"string","description":"string","key":"string","level":"string","value":"string"}]],"noorder_sequence_as_default":["list",["object",{"default":"string","description":"string","key":"string","level":"string","value":"string"}]],"odbc_treat_decimal_as_int":["list",["object",{"default":"string","description":"string","key":"string","level":"string","value":"string"}]],"query_tag":["list",["object",{"default":"string","description":"string","key":"string","level":"string","value":"string"}]],"quoted_identifiers_ignore_case":["list",["object",{"default":"string","description":"string","key":"string","level":"string","value":"string"}]],"rows_per_resultset":["list",["object",{"default":"string","description":"string","key":"string","level":"string","value":"string"}]],"s3_stage_vpce_dns_name":["list",["object",{"default":"string","description":"string","key":"string","level":"string","value":"string"}]],"search_path":["list",["object",{"default":"string","description":"string","key":"string","level":"string","value":"string"}]],"statement_queued_timeout_in_seconds":["list",["object",{"default":"string","description":"string","key":"string","level":"string","value":"string"}]],"statement_timeout_in_seconds":["list",["object",{"default":"string","description":"string","key":"string","level":"string","value":"string"}]],"strict_json_output":["list",["object",{"default":"string","description":"string","key":"string","level":"string","value":"string"}]],"suspend_task_after_num_failures":["list",["object",{"default":"string","description":"string","key":"string","level":"string","value":"string"}]],"task_auto_retry_attempts":["list",["object",{"default":"string","description":"string","key":"string","level":"string","value":"string"}]],"time_input_format":["list",["object",{"default":"string","description":"string","key":"string","level":"string","value":"string"}]],"time_output_format":["list",["object",{"default":"string","description":"string","key":"string","level":"string","value":"string"}]],"timestamp_day_is_always_24h":["list",["object",{"default":"string","description":"string","key":"string","level":"string","value":"string"}]],"timestamp_input_format":["list",["object",{"default":"string","description":"string","key":"string","level":"string","value":"string"}]],"timestamp_ltz_output_format":["list",["object",{"default":"string","description":"string","key":"string","level":"string","value":"string"}]],"timestamp_ntz_output_format":["list",["object",{"default":"string","description":"string","key":"string","level":"string","value":"string"}]],"timestamp_output_format":["list",["object",{"default":"string","description":"string","key":"string","level":"string","value":"string"}]],"timestamp_type_mapping":["list",["object",{"default":"string","description":"string","key":"string","level":"string","value":"string"}]],"timestamp_tz_output_format":["list",["object",{"default":"string","description":"string","key":"string","level":"string","value":"string"}]],"timezone":["list",["object",{"default":"string","description":"string","key":"string","level":"string","value":"string"}]],"trace_level":["list",["object",{"default":"string","description":"string","key":"string","level":"string","value":"string"}]],"transaction_abort_on_error":["list",["object",{"default":"string","description":"string","key":"string","level":"string","value":"string"}]],"transaction_default_isolation_level":["list",["object",{"default":"string","description":"string","key":"string","level":"string","value":"string"}]],"two_digit_century_start":["list",["object",{"default":"string","description":"string","key":"string","level":"string","value":"string"}]],"unsupported_ddl_action":["list",["object",{"default":"string","description":"string","key":"string","level":"string","value":"string"}]],"use_cached_result":["list",["object",{"default":"string","description":"string","key":"string","level":"string","value":"string"}]],"user_task_managed_initial_warehouse_size":["list",["object",{"default":"string","description":"string","key":"string","level":"string","value":"string"}]],"user_task_minimum_trigger_interval_in_seconds":["list",["object",{"default":"string","description":"string","key":"string","level":"string","value":"string"}]],"user_task_timeout_ms":["list",["object",{"default":"string","description":"string","key":"string","level":"string","value":"string"}]],"week_of_year_policy":["list",["object",{"default":"string","description":"string","key":"string","level":"string","value":"string"}]],"week_start":["list",["object",{"default":"string","description":"string","key":"string","level":"string","value":"string"}]]}]],"show_output":["list",["object",{"allow_overlapping_execution":"bool","budget":"string","comment":"string","condition":"string","config":"string","created_on":"string","database_name":"string","definition":"string","error_integration":"string","id":"string","last_committed_on":"string","last_suspended_on":"string","last_suspended_reason":"string","name":"string","owner":"string","owner_role_type":"string","predecessors":["set","string"],"schedule":"string","schema_name":"string","state":"string","task_relations":["list",["object",{"finalized_root_task":"string","finalizer":"string","predecessors":["list","string"]}]],"warehouse":"string"}]]}]],"description":"Holds the aggregated output of all task details queries.","description_kind":"plain","computed":true},"with_parameters":{"type":"bool","description":"(Default: `true`) Runs SHOW PARAMETERS FOR TASK for each task returned by SHOW TASK and saves the output to the parameters field as a map. By default this value is set to true.","description_kind":"plain","optional":true}},"block_types":{"in":{"nesting_mode":"list","block":{"attributes":{"account":{"type":"bool","description":"Returns records for the entire account.","description_kind":"plain","optional":true},"application":{"type":"string","description":"Returns records for the specified application.","description_kind":"plain","optional":true},"application_package":{"type":"string","description":"Returns records for the specified application package.","description_kind":"plain","optional":true},"database":{"type":"string","description":"Returns records for the current database in use or for a specified database.","description_kind":"plain","optional":true},"schema":{"type":"string","description":"Returns records for the current schema in use or a specified schema. Use fully qualified name.","description_kind":"plain","optional":true}},"description":"IN clause to filter the list of objects","description_kind":"plain"},"max_items":1},"limit":{"nesting_mode":"list","block":{"attributes":{"from":{"type":"string","description":"Specifies a **case-sensitive** pattern that is used to match object name. After the first match, the limit on the number of rows will be applied.","description_kind":"plain","optional":true},"rows":{"type":"number","description":"The maximum number of rows to return.","description_kind":"plain","required":true}},"description":"Limits the number of rows returned. If the `limit.from` is set, then the limit will start from the first element matched by the expression. The expression is only used to match with the first element, later on the elements are not matched by the prefix, but you can enforce a certain pattern with `starts_with` or `like`.","description_kind":"plain"},"max_items":1}},"description":"Data source used to get details of filtered tasks. Filtering is aligned with the current possibilities for [SHOW TASKS](https://docs.snowflake.com/en/sql-reference/sql/show-tasks) query. The results of SHOW and SHOW PARAMETERS IN are encapsulated in one output collection `tasks`.","description_kind":"plain"}},"snowflake_user_programmatic_access_tokens":{"version":0,"block":{"attributes":{"for_user":{"type":"string","description":"Returns programmatic access tokens for the specified user.","description_kind":"plain","required":true},"id":{"type":"string","description_kind":"plain","optional":true,"computed":true},"user_programmatic_access_tokens":{"type":["list",["object",{"show_output":["list",["object",{"comment":"string","created_by":"string","created_on":"string","expires_at":"string","mins_to_bypass_network_policy_requirement":"number","name":"string","role_restriction":"string","rotated_to":"string","status":"string","user_name":"string"}]]}]],"description":"Holds the aggregated output of all user programmatic access tokens details queries.","description_kind":"plain","computed":true}},"description":"Data source used to get details of filtered user programmatic access tokens. Filtering is aligned with the current possibilities for [SHOW USER PROGRAMMATIC ACCESS TOKENS](https://docs.snowflake.com/en/sql-reference/sql/show-user-programmatic-access-tokens) query. The results of SHOW are encapsulated in one output collection `user_programmatic_access_tokens`.","description_kind":"plain"}},"snowflake_users":{"version":0,"block":{"attributes":{"id":{"type":"string","description_kind":"plain","optional":true,"computed":true},"like":{"type":"string","description":"Filters the output with **case-insensitive** pattern, with support for SQL wildcard characters (`%` and `_`).","description_kind":"plain","optional":true},"starts_with":{"type":"string","description":"Filters the output with **case-sensitive** characters indicating the beginning of the object name.","description_kind":"plain","optional":true},"users":{"type":["list",["object",{"describe_output":["list",["object",{"comment":"string","custom_landing_page_url":"string","custom_landing_page_url_flush_next_ui_load":"bool","days_to_expiry":"number","default_namespace":"string","default_role":"string","default_secondary_roles":"string","default_warehouse":"string","disabled":"bool","display_name":"string","email":"string","ext_authn_duo":"bool","ext_authn_uid":"string","first_name":"string","has_mfa":"bool","last_name":"string","login_name":"string","middle_name":"string","mins_to_bypass_mfa":"number","mins_to_bypass_network_policy":"number","mins_to_unlock":"number","must_change_password":"bool","name":"string","password_last_set_time":"string","rsa_public_key":"string","rsa_public_key2":"string","rsa_public_key2_fp":"string","rsa_public_key_fp":"string","snowflake_lock":"bool","snowflake_support":"bool","type":"string"}]],"parameters":["list",["object",{"abort_detached_query":["list",["object",{"default":"string","description":"string","key":"string","level":"string","value":"string"}]],"autocommit":["list",["object",{"default":"string","description":"string","key":"string","level":"string","value":"string"}]],"binary_input_format":["list",["object",{"default":"string","description":"string","key":"string","level":"string","value":"string"}]],"binary_output_format":["list",["object",{"default":"string","description":"string","key":"string","level":"string","value":"string"}]],"client_memory_limit":["list",["object",{"default":"string","description":"string","key":"string","level":"string","value":"string"}]],"client_metadata_request_use_connection_ctx":["list",["object",{"default":"string","description":"string","key":"string","level":"string","value":"string"}]],"client_prefetch_threads":["list",["object",{"default":"string","description":"string","key":"string","level":"string","value":"string"}]],"client_result_chunk_size":["list",["object",{"default":"string","description":"string","key":"string","level":"string","value":"string"}]],"client_result_column_case_insensitive":["list",["object",{"default":"string","description":"string","key":"string","level":"string","value":"string"}]],"client_session_keep_alive":["list",["object",{"default":"string","description":"string","key":"string","level":"string","value":"string"}]],"client_session_keep_alive_heartbeat_frequency":["list",["object",{"default":"string","description":"string","key":"string","level":"string","value":"string"}]],"client_timestamp_type_mapping":["list",["object",{"default":"string","description":"string","key":"string","level":"string","value":"string"}]],"date_input_format":["list",["object",{"default":"string","description":"string","key":"string","level":"string","value":"string"}]],"date_output_format":["list",["object",{"default":"string","description":"string","key":"string","level":"string","value":"string"}]],"enable_unload_physical_type_optimization":["list",["object",{"default":"string","description":"string","key":"string","level":"string","value":"string"}]],"enable_unredacted_query_syntax_error":["list",["object",{"default":"string","description":"string","key":"string","level":"string","value":"string"}]],"error_on_nondeterministic_merge":["list",["object",{"default":"string","description":"string","key":"string","level":"string","value":"string"}]],"error_on_nondeterministic_update":["list",["object",{"default":"string","description":"string","key":"string","level":"string","value":"string"}]],"geography_output_format":["list",["object",{"default":"string","description":"string","key":"string","level":"string","value":"string"}]],"geometry_output_format":["list",["object",{"default":"string","description":"string","key":"string","level":"string","value":"string"}]],"jdbc_treat_decimal_as_int":["list",["object",{"default":"string","description":"string","key":"string","level":"string","value":"string"}]],"jdbc_treat_timestamp_ntz_as_utc":["list",["object",{"default":"string","description":"string","key":"string","level":"string","value":"string"}]],"jdbc_use_session_timezone":["list",["object",{"default":"string","description":"string","key":"string","level":"string","value":"string"}]],"json_indent":["list",["object",{"default":"string","description":"string","key":"string","level":"string","value":"string"}]],"lock_timeout":["list",["object",{"default":"string","description":"string","key":"string","level":"string","value":"string"}]],"log_level":["list",["object",{"default":"string","description":"string","key":"string","level":"string","value":"string"}]],"multi_statement_count":["list",["object",{"default":"string","description":"string","key":"string","level":"string","value":"string"}]],"network_policy":["list",["object",{"default":"string","description":"string","key":"string","level":"string","value":"string"}]],"noorder_sequence_as_default":["list",["object",{"default":"string","description":"string","key":"string","level":"string","value":"string"}]],"odbc_treat_decimal_as_int":["list",["object",{"default":"string","description":"string","key":"string","level":"string","value":"string"}]],"prevent_unload_to_internal_stages":["list",["object",{"default":"string","description":"string","key":"string","level":"string","value":"string"}]],"query_tag":["list",["object",{"default":"string","description":"string","key":"string","level":"string","value":"string"}]],"quoted_identifiers_ignore_case":["list",["object",{"default":"string","description":"string","key":"string","level":"string","value":"string"}]],"rows_per_resultset":["list",["object",{"default":"string","description":"string","key":"string","level":"string","value":"string"}]],"s3_stage_vpce_dns_name":["list",["object",{"default":"string","description":"string","key":"string","level":"string","value":"string"}]],"search_path":["list",["object",{"default":"string","description":"string","key":"string","level":"string","value":"string"}]],"simulated_data_sharing_consumer":["list",["object",{"default":"string","description":"string","key":"string","level":"string","value":"string"}]],"statement_queued_timeout_in_seconds":["list",["object",{"default":"string","description":"string","key":"string","level":"string","value":"string"}]],"statement_timeout_in_seconds":["list",["object",{"default":"string","description":"string","key":"string","level":"string","value":"string"}]],"strict_json_output":["list",["object",{"default":"string","description":"string","key":"string","level":"string","value":"string"}]],"time_input_format":["list",["object",{"default":"string","description":"string","key":"string","level":"string","value":"string"}]],"time_output_format":["list",["object",{"default":"string","description":"string","key":"string","level":"string","value":"string"}]],"timestamp_day_is_always_24h":["list",["object",{"default":"string","description":"string","key":"string","level":"string","value":"string"}]],"timestamp_input_format":["list",["object",{"default":"string","description":"string","key":"string","level":"string","value":"string"}]],"timestamp_ltz_output_format":["list",["object",{"default":"string","description":"string","key":"string","level":"string","value":"string"}]],"timestamp_ntz_output_format":["list",["object",{"default":"string","description":"string","key":"string","level":"string","value":"string"}]],"timestamp_output_format":["list",["object",{"default":"string","description":"string","key":"string","level":"string","value":"string"}]],"timestamp_type_mapping":["list",["object",{"default":"string","description":"string","key":"string","level":"string","value":"string"}]],"timestamp_tz_output_format":["list",["object",{"default":"string","description":"string","key":"string","level":"string","value":"string"}]],"timezone":["list",["object",{"default":"string","description":"string","key":"string","level":"string","value":"string"}]],"trace_level":["list",["object",{"default":"string","description":"string","key":"string","level":"string","value":"string"}]],"transaction_abort_on_error":["list",["object",{"default":"string","description":"string","key":"string","level":"string","value":"string"}]],"transaction_default_isolation_level":["list",["object",{"default":"string","description":"string","key":"string","level":"string","value":"string"}]],"two_digit_century_start":["list",["object",{"default":"string","description":"string","key":"string","level":"string","value":"string"}]],"unsupported_ddl_action":["list",["object",{"default":"string","description":"string","key":"string","level":"string","value":"string"}]],"use_cached_result":["list",["object",{"default":"string","description":"string","key":"string","level":"string","value":"string"}]],"week_of_year_policy":["list",["object",{"default":"string","description":"string","key":"string","level":"string","value":"string"}]],"week_start":["list",["object",{"default":"string","description":"string","key":"string","level":"string","value":"string"}]]}]],"show_output":["list",["object",{"comment":"string","created_on":"string","days_to_expiry":"string","default_namespace":"string","default_role":"string","default_secondary_roles":"string","default_warehouse":"string","disabled":"bool","display_name":"string","email":"string","expires_at_time":"string","ext_authn_duo":"bool","ext_authn_uid":"string","first_name":"string","has_mfa":"bool","has_password":"bool","has_rsa_public_key":"bool","last_name":"string","last_success_login":"string","locked_until_time":"string","login_name":"string","mins_to_bypass_mfa":"string","mins_to_unlock":"string","must_change_password":"bool","name":"string","owner":"string","snowflake_lock":"bool","type":"string"}]]}]],"description":"Holds the aggregated output of all user details queries.","description_kind":"plain","computed":true},"with_describe":{"type":"bool","description":"(Default: `true`) Runs DESC USER for each user returned by SHOW USERS. The output of describe is saved to the description field. By default this value is set to true.","description_kind":"plain","optional":true},"with_parameters":{"type":"bool","description":"(Default: `true`) Runs SHOW PARAMETERS FOR USER for each user returned by SHOW USERS. The output of describe is saved to the parameters field as a map. By default this value is set to true.","description_kind":"plain","optional":true}},"block_types":{"limit":{"nesting_mode":"list","block":{"attributes":{"from":{"type":"string","description":"Specifies a **case-sensitive** pattern that is used to match object name. After the first match, the limit on the number of rows will be applied.","description_kind":"plain","optional":true},"rows":{"type":"number","description":"The maximum number of rows to return.","description_kind":"plain","required":true}},"description":"Limits the number of rows returned. If the `limit.from` is set, then the limit will start from the first element matched by the expression. The expression is only used to match with the first element, later on the elements are not matched by the prefix, but you can enforce a certain pattern with `starts_with` or `like`.","description_kind":"plain"},"max_items":1}},"description":"Data source used to get details of filtered users. Filtering is aligned with the current possibilities for [SHOW USERS](https://docs.snowflake.com/en/sql-reference/sql/show-users) query. The results of SHOW, DESCRIBE, and SHOW PARAMETERS IN are encapsulated in one output collection. Important note is that when querying users you don't have permissions to, the querying options are limited. You won't get almost any field in `show_output` (only empty or default values), the DESCRIBE command will return error when called, so you have to set `with_describe = false`; the SHOW PARAMETERS command will return error when called too, so you have to set `with_parameters = false`.","description_kind":"plain"}},"snowflake_views":{"version":0,"block":{"attributes":{"id":{"type":"string","description_kind":"plain","optional":true,"computed":true},"like":{"type":"string","description":"Filters the output with **case-insensitive** pattern, with support for SQL wildcard characters (`%` and `_`).","description_kind":"plain","optional":true},"starts_with":{"type":"string","description":"Filters the output with **case-sensitive** characters indicating the beginning of the object name.","description_kind":"plain","optional":true},"views":{"type":["list",["object",{"describe_output":["list",["object",{"check":"string","comment":"string","default":"string","expression":"string","is_nullable":"bool","is_primary":"bool","is_unique":"bool","kind":"string","name":"string","policy_name":"string","privacy_domain":"string","type":"string"}]],"show_output":["list",["object",{"change_tracking":"string","comment":"string","created_on":"string","database_name":"string","is_materialized":"bool","is_secure":"bool","kind":"string","name":"string","owner":"string","owner_role_type":"string","reserved":"string","schema_name":"string","text":"string"}]]}]],"description":"Holds the aggregated output of all views details queries.","description_kind":"plain","computed":true},"with_describe":{"type":"bool","description":"(Default: `true`) Runs DESC VIEW for each view returned by SHOW VIEWS. The output of describe is saved to the description field. By default this value is set to true.","description_kind":"plain","optional":true}},"block_types":{"in":{"nesting_mode":"list","block":{"attributes":{"account":{"type":"bool","description":"Returns records for the entire account.","description_kind":"plain","optional":true},"database":{"type":"string","description":"Returns records for the current database in use or for a specified database.","description_kind":"plain","optional":true},"schema":{"type":"string","description":"Returns records for the current schema in use or a specified schema. Use fully qualified name.","description_kind":"plain","optional":true}},"description":"IN clause to filter the list of views","description_kind":"plain"},"max_items":1},"limit":{"nesting_mode":"list","block":{"attributes":{"from":{"type":"string","description":"Specifies a **case-sensitive** pattern that is used to match object name. After the first match, the limit on the number of rows will be applied.","description_kind":"plain","optional":true},"rows":{"type":"number","description":"The maximum number of rows to return.","description_kind":"plain","required":true}},"description":"Limits the number of rows returned. If the `limit.from` is set, then the limit will start from the first element matched by the expression. The expression is only used to match with the first element, later on the elements are not matched by the prefix, but you can enforce a certain pattern with `starts_with` or `like`.","description_kind":"plain"},"max_items":1}},"description":"Data source used to get details of filtered views. Filtering is aligned with the current possibilities for [SHOW VIEWS](https://docs.snowflake.com/en/sql-reference/sql/show-views) query (only `like` is supported). The results of SHOW and DESCRIBE are encapsulated in one output collection `views`.","description_kind":"plain"}},"snowflake_warehouses":{"version":0,"block":{"attributes":{"id":{"type":"string","description_kind":"plain","optional":true,"computed":true},"like":{"type":"string","description":"Filters the output with **case-insensitive** pattern, with support for SQL wildcard characters (`%` and `_`).","description_kind":"plain","optional":true},"warehouses":{"type":["list",["object",{"describe_output":["list",["object",{"created_on":"string","kind":"string","name":"string"}]],"parameters":["list",["object",{"max_concurrency_level":["list",["object",{"default":"string","description":"string","key":"string","level":"string","value":"string"}]],"statement_queued_timeout_in_seconds":["list",["object",{"default":"string","description":"string","key":"string","level":"string","value":"string"}]],"statement_timeout_in_seconds":["list",["object",{"default":"string","description":"string","key":"string","level":"string","value":"string"}]]}]],"show_output":["list",["object",{"auto_resume":"bool","auto_suspend":"number","available":"number","comment":"string","created_on":"string","enable_query_acceleration":"bool","is_current":"bool","is_default":"bool","max_cluster_count":"number","min_cluster_count":"number","name":"string","other":"number","owner":"string","owner_role_type":"string","provisioning":"number","query_acceleration_max_scale_factor":"number","queued":"number","quiescing":"number","resource_monitor":"string","resumed_on":"string","running":"number","scaling_policy":"string","size":"string","started_clusters":"number","state":"string","type":"string","updated_on":"string"}]]}]],"description":"Holds the aggregated output of all warehouse details queries.","description_kind":"plain","computed":true},"with_describe":{"type":"bool","description":"(Default: `true`) Runs DESC WAREHOUSE for each warehouse returned by SHOW WAREHOUSES. The output of describe is saved to the description field. By default this value is set to true.","description_kind":"plain","optional":true},"with_parameters":{"type":"bool","description":"(Default: `true`) Runs SHOW PARAMETERS FOR WAREHOUSE for each warehouse returned by SHOW WAREHOUSES. The output of describe is saved to the parameters field as a map. By default this value is set to true.","description_kind":"plain","optional":true}},"description":"Data source used to get details of filtered warehouses. Filtering is aligned with the current possibilities for [SHOW WAREHOUSES](https://docs.snowflake.com/en/sql-reference/sql/show-warehouses) query (only `like` is supported). The results of SHOW, DESCRIBE, and SHOW PARAMETERS IN are encapsulated in one output collection.","description_kind":"plain"}}}}}}
